{
  "version": 4,
  "terraform_version": "1.8.0",
  "serial": 2907,
  "lineage": "4973d4c3-5142-03bc-1083-9a38770bd610",
  "outputs": {},
  "resources": [
    {
      "module": "module.acm-route53-cloudfront-waf",
      "mode": "data",
      "type": "aws_route53_zone",
      "name": "zone",
      "provider": "provider[\"registry.terraform.io/hashicorp/aws\"].us-east-1",
      "instances": [
        {
          "schema_version": 0,
          "attributes": {
            "arn": "arn:aws:route53:::hostedzone/Z09337713DH1223XGPI4M",
            "caller_reference": "1cb1aabd-4cdd-467d-beed-0ed332265e0d",
            "comment": "hellowaws.shop",
            "id": "Z09337713DH1223XGPI4M",
            "linked_service_description": null,
            "linked_service_principal": null,
            "name": "hellowaws.shop",
            "name_servers": [
              "ns-1036.awsdns-01.org",
              "ns-1858.awsdns-40.co.uk",
              "ns-221.awsdns-27.com",
              "ns-646.awsdns-16.net"
            ],
            "primary_name_server": "ns-1036.awsdns-01.org",
            "private_zone": false,
            "resource_record_set_count": 2,
            "tags": {},
            "vpc_id": null,
            "zone_id": "Z09337713DH1223XGPI4M"
          },
          "sensitive_attributes": []
        }
      ]
    },
    {
      "module": "module.acm-route53-cloudfront-waf",
      "mode": "managed",
      "type": "aws_acm_certificate",
      "name": "cert",
      "provider": "provider[\"registry.terraform.io/hashicorp/aws\"].us-east-1",
      "instances": [
        {
          "schema_version": 0,
          "attributes": {
            "arn": "arn:aws:acm:us-east-1:891377163278:certificate/b2b0770c-378a-41ca-a439-cac81a639a4a",
            "certificate_authority_arn": "",
            "certificate_body": null,
            "certificate_chain": null,
            "domain_name": "hellowaws.shop",
            "domain_validation_options": [
              {
                "domain_name": "hellowaws.shop",
                "resource_record_name": "_7f19658f7298968af63cd5584d8f500f.hellowaws.shop.",
                "resource_record_type": "CNAME",
                "resource_record_value": "_76dca5cad0fc245e743f1f392cd68536.mhbtsbpdnt.acm-validations.aws."
              },
              {
                "domain_name": "www.hellowaws.shop",
                "resource_record_name": "_a84098457ff3e7498a54e2ecf341e4be.www.hellowaws.shop.",
                "resource_record_type": "CNAME",
                "resource_record_value": "_a1f8bb890f2d7f08d4fd6e0e312257ac.mhbtsbpdnt.acm-validations.aws."
              }
            ],
            "early_renewal_duration": "",
            "id": "arn:aws:acm:us-east-1:891377163278:certificate/b2b0770c-378a-41ca-a439-cac81a639a4a",
            "key_algorithm": "RSA_2048",
            "not_after": "",
            "not_before": "",
            "options": [
              {
                "certificate_transparency_logging_preference": "ENABLED"
              }
            ],
            "pending_renewal": false,
            "private_key": null,
            "renewal_eligibility": "INELIGIBLE",
            "renewal_summary": [],
            "status": "PENDING_VALIDATION",
            "subject_alternative_names": [
              "hellowaws.shop",
              "www.hellowaws.shop"
            ],
            "tags": null,
            "tags_all": {},
            "type": "AMAZON_ISSUED",
            "validation_emails": [],
            "validation_method": "DNS",
            "validation_option": []
          },
          "sensitive_attributes": [
            [
              {
                "type": "get_attr",
                "value": "private_key"
              }
            ]
          ],
          "private": "bnVsbA==",
          "dependencies": [
            "module.alb.aws_lb.App-elb",
            "module.alb.aws_lb.Web-elb",
            "module.alb.aws_lb_listener.app-alb-listener",
            "module.alb.aws_lb_listener.web-alb-listener",
            "module.alb.aws_lb_target_group.app-tg",
            "module.alb.aws_lb_target_group.web-tg",
            "module.alb.data.aws_security_group.web-alb-sg",
            "module.alb.data.aws_subnet.private-subnet1",
            "module.alb.data.aws_subnet.private-subnet2",
            "module.alb.data.aws_subnet.public-subnet1",
            "module.alb.data.aws_subnet.public-subnet2",
            "module.alb.data.aws_vpc.vpc",
            "module.autoscaling.aws_autoscaling_group.App-ASG",
            "module.autoscaling.aws_autoscaling_group.Web-ASG",
            "module.autoscaling.aws_autoscaling_policy.app-custom-cpu-policy",
            "module.autoscaling.aws_autoscaling_policy.app-custom-cpu-policy-scaledown",
            "module.autoscaling.aws_autoscaling_policy.web-custom-cpu-policy",
            "module.autoscaling.aws_autoscaling_policy.web-custom-cpu-policy-scaledown",
            "module.autoscaling.aws_cloudwatch_metric_alarm.app-custom-cpu-alarm",
            "module.autoscaling.aws_cloudwatch_metric_alarm.app-custom-cpu-alarm-scaledown",
            "module.autoscaling.aws_cloudwatch_metric_alarm.web-custom-cpu-alarm",
            "module.autoscaling.aws_cloudwatch_metric_alarm.web-custom-cpu-alarm-scaledown",
            "module.autoscaling.aws_launch_template.App-LC",
            "module.autoscaling.aws_launch_template.Web-LC",
            "module.autoscaling.data.aws_iam_instance_profile.instance-profile",
            "module.autoscaling.data.aws_security_group.app-sg",
            "module.autoscaling.data.aws_security_group.web-sg",
            "module.autoscaling.data.aws_subnet.private-subnet1",
            "module.autoscaling.data.aws_subnet.private-subnet2",
            "module.iam.aws_iam_instance_profile.test_profile",
            "module.iam.aws_iam_role.iam-role",
            "module.iam.aws_iam_role_policy.iam-policy",
            "module.rds.aws_db_subnet_group.db_subnet_group",
            "module.rds.aws_rds_cluster.aurora_cluster",
            "module.rds.aws_rds_cluster_instance.primary_instance",
            "module.rds.aws_rds_cluster_instance.read_replica_instance",
            "module.rds.data.aws_security_group.db-sg",
            "module.rds.data.aws_subnet.db-subnet1",
            "module.rds.data.aws_subnet.db-subnet2",
            "module.security-group.aws_security_group.alb-sg",
            "module.security-group.aws_security_group.app-tier-sg",
            "module.security-group.aws_security_group.database-sg",
            "module.security-group.aws_security_group.web-tier-sg",
            "module.security-group.data.aws_vpc.vpc",
            "module.vpc.aws_eip.eip1",
            "module.vpc.aws_eip.eip2",
            "module.vpc.aws_internet_gateway.igw",
            "module.vpc.aws_nat_gateway.ngw1",
            "module.vpc.aws_nat_gateway.ngw2",
            "module.vpc.aws_route_table.db-rt1",
            "module.vpc.aws_route_table.db-rt2",
            "module.vpc.aws_route_table.private-rt1",
            "module.vpc.aws_route_table.private-rt2",
            "module.vpc.aws_route_table.public-rt",
            "module.vpc.aws_route_table_association.db-rt-association1",
            "module.vpc.aws_route_table_association.db-rt-association2",
            "module.vpc.aws_route_table_association.private-rt-association1",
            "module.vpc.aws_route_table_association.private-rt-association2",
            "module.vpc.aws_route_table_association.public-rt-association1",
            "module.vpc.aws_route_table_association.public-rt-association2",
            "module.vpc.aws_subnet.db-subnet1",
            "module.vpc.aws_subnet.db-subnet2",
            "module.vpc.aws_subnet.private-subnet1",
            "module.vpc.aws_subnet.private-subnet2",
            "module.vpc.aws_subnet.public-subnet1",
            "module.vpc.aws_subnet.public-subnet2",
            "module.vpc.aws_vpc.vpc",
            "module.vpc.data.aws_availability_zones.azs"
          ],
          "create_before_destroy": true
        }
      ]
    },
    {
      "module": "module.acm-route53-cloudfront-waf",
      "mode": "managed",
      "type": "aws_acm_certificate_validation",
      "name": "cert",
      "provider": "provider[\"registry.terraform.io/hashicorp/aws\"].us-east-1",
      "instances": [
        {
          "schema_version": 0,
          "attributes": {
            "certificate_arn": "arn:aws:acm:us-east-1:891377163278:certificate/b2b0770c-378a-41ca-a439-cac81a639a4a",
            "id": "2024-05-02 05:24:27.781 +0000 UTC",
            "timeouts": null,
            "validation_record_fqdns": [
              "_7f19658f7298968af63cd5584d8f500f.hellowaws.shop",
              "_a84098457ff3e7498a54e2ecf341e4be.www.hellowaws.shop"
            ]
          },
          "sensitive_attributes": [],
          "private": "eyJlMmJmYjczMC1lY2FhLTExZTYtOGY4OC0zNDM2M2JjN2M0YzAiOnsiY3JlYXRlIjo0NTAwMDAwMDAwMDAwfX0=",
          "dependencies": [
            "module.acm-route53-cloudfront-waf.aws_acm_certificate.cert",
            "module.acm-route53-cloudfront-waf.aws_route53_record.cert_validation",
            "module.acm-route53-cloudfront-waf.data.aws_route53_zone.zone",
            "module.alb.aws_lb.App-elb",
            "module.alb.aws_lb.Web-elb",
            "module.alb.aws_lb_listener.app-alb-listener",
            "module.alb.aws_lb_listener.web-alb-listener",
            "module.alb.aws_lb_target_group.app-tg",
            "module.alb.aws_lb_target_group.web-tg",
            "module.alb.data.aws_security_group.web-alb-sg",
            "module.alb.data.aws_subnet.private-subnet1",
            "module.alb.data.aws_subnet.private-subnet2",
            "module.alb.data.aws_subnet.public-subnet1",
            "module.alb.data.aws_subnet.public-subnet2",
            "module.alb.data.aws_vpc.vpc",
            "module.autoscaling.aws_autoscaling_group.App-ASG",
            "module.autoscaling.aws_autoscaling_group.Web-ASG",
            "module.autoscaling.aws_autoscaling_policy.app-custom-cpu-policy",
            "module.autoscaling.aws_autoscaling_policy.app-custom-cpu-policy-scaledown",
            "module.autoscaling.aws_autoscaling_policy.web-custom-cpu-policy",
            "module.autoscaling.aws_autoscaling_policy.web-custom-cpu-policy-scaledown",
            "module.autoscaling.aws_cloudwatch_metric_alarm.app-custom-cpu-alarm",
            "module.autoscaling.aws_cloudwatch_metric_alarm.app-custom-cpu-alarm-scaledown",
            "module.autoscaling.aws_cloudwatch_metric_alarm.web-custom-cpu-alarm",
            "module.autoscaling.aws_cloudwatch_metric_alarm.web-custom-cpu-alarm-scaledown",
            "module.autoscaling.aws_launch_template.App-LC",
            "module.autoscaling.aws_launch_template.Web-LC",
            "module.autoscaling.data.aws_iam_instance_profile.instance-profile",
            "module.autoscaling.data.aws_security_group.app-sg",
            "module.autoscaling.data.aws_security_group.web-sg",
            "module.autoscaling.data.aws_subnet.private-subnet1",
            "module.autoscaling.data.aws_subnet.private-subnet2",
            "module.iam.aws_iam_instance_profile.test_profile",
            "module.iam.aws_iam_role.iam-role",
            "module.iam.aws_iam_role_policy.iam-policy",
            "module.rds.aws_db_subnet_group.db_subnet_group",
            "module.rds.aws_rds_cluster.aurora_cluster",
            "module.rds.aws_rds_cluster_instance.primary_instance",
            "module.rds.aws_rds_cluster_instance.read_replica_instance",
            "module.rds.data.aws_security_group.db-sg",
            "module.rds.data.aws_subnet.db-subnet1",
            "module.rds.data.aws_subnet.db-subnet2",
            "module.security-group.aws_security_group.alb-sg",
            "module.security-group.aws_security_group.app-tier-sg",
            "module.security-group.aws_security_group.database-sg",
            "module.security-group.aws_security_group.web-tier-sg",
            "module.security-group.data.aws_vpc.vpc",
            "module.vpc.aws_eip.eip1",
            "module.vpc.aws_eip.eip2",
            "module.vpc.aws_internet_gateway.igw",
            "module.vpc.aws_nat_gateway.ngw1",
            "module.vpc.aws_nat_gateway.ngw2",
            "module.vpc.aws_route_table.db-rt1",
            "module.vpc.aws_route_table.db-rt2",
            "module.vpc.aws_route_table.private-rt1",
            "module.vpc.aws_route_table.private-rt2",
            "module.vpc.aws_route_table.public-rt",
            "module.vpc.aws_route_table_association.db-rt-association1",
            "module.vpc.aws_route_table_association.db-rt-association2",
            "module.vpc.aws_route_table_association.private-rt-association1",
            "module.vpc.aws_route_table_association.private-rt-association2",
            "module.vpc.aws_route_table_association.public-rt-association1",
            "module.vpc.aws_route_table_association.public-rt-association2",
            "module.vpc.aws_subnet.db-subnet1",
            "module.vpc.aws_subnet.db-subnet2",
            "module.vpc.aws_subnet.private-subnet1",
            "module.vpc.aws_subnet.private-subnet2",
            "module.vpc.aws_subnet.public-subnet1",
            "module.vpc.aws_subnet.public-subnet2",
            "module.vpc.aws_vpc.vpc",
            "module.vpc.data.aws_availability_zones.azs"
          ]
        }
      ]
    },
    {
      "module": "module.acm-route53-cloudfront-waf",
      "mode": "managed",
      "type": "aws_cloudfront_distribution",
      "name": "cdn-web-elb-distribution",
      "provider": "provider[\"registry.terraform.io/hashicorp/aws\"].us-east-1",
      "instances": [
        {
          "schema_version": 1,
          "attributes": {
            "aliases": [
              "hellowaws.shop",
              "www.hellowaws.shop"
            ],
            "arn": "arn:aws:cloudfront::891377163278:distribution/E34RIUFHWMQMRH",
            "caller_reference": "terraform-20240502052459061400000002",
            "comment": "CDN ALB Distribution",
            "continuous_deployment_policy_id": "",
            "custom_error_response": [],
            "default_cache_behavior": [
              {
                "allowed_methods": [
                  "GET",
                  "HEAD",
                  "OPTIONS"
                ],
                "cache_policy_id": "",
                "cached_methods": [
                  "GET",
                  "HEAD"
                ],
                "compress": true,
                "default_ttl": 0,
                "field_level_encryption_id": "",
                "forwarded_values": [
                  {
                    "cookies": [
                      {
                        "forward": "none",
                        "whitelisted_names": []
                      }
                    ],
                    "headers": [
                      "*"
                    ],
                    "query_string": false,
                    "query_string_cache_keys": []
                  }
                ],
                "function_association": [],
                "lambda_function_association": [],
                "max_ttl": 0,
                "min_ttl": 0,
                "origin_request_policy_id": "",
                "realtime_log_config_arn": "",
                "response_headers_policy_id": "",
                "smooth_streaming": false,
                "target_origin_id": "my-web-alb",
                "trusted_key_groups": [],
                "trusted_signers": [],
                "viewer_protocol_policy": "redirect-to-https"
              }
            ],
            "default_root_object": "",
            "domain_name": "dkqr4v3l1x4jt.cloudfront.net",
            "enabled": true,
            "etag": "E2G8FGYLQXJVRO",
            "hosted_zone_id": "Z2FDTNDATAQYW2",
            "http_version": "http2",
            "id": "E34RIUFHWMQMRH",
            "in_progress_validation_batches": 0,
            "is_ipv6_enabled": true,
            "last_modified_time": "2024-05-02 05:25:00.023 +0000 UTC",
            "logging_config": [],
            "ordered_cache_behavior": [],
            "origin": [
              {
                "connection_attempts": 3,
                "connection_timeout": 10,
                "custom_header": [],
                "custom_origin_config": [
                  {
                    "http_port": 80,
                    "https_port": 443,
                    "origin_keepalive_timeout": 5,
                    "origin_protocol_policy": "http-only",
                    "origin_read_timeout": 30,
                    "origin_ssl_protocols": [
                      "TLSv1.2"
                    ]
                  }
                ],
                "domain_name": "Web-elb-2047508825.us-east-2.elb.amazonaws.com",
                "origin_access_control_id": "",
                "origin_id": "my-web-alb",
                "origin_path": "",
                "origin_shield": [],
                "s3_origin_config": []
              }
            ],
            "origin_group": [],
            "price_class": "PriceClass_100",
            "restrictions": [
              {
                "geo_restriction": [
                  {
                    "locations": [],
                    "restriction_type": "none"
                  }
                ]
              }
            ],
            "retain_on_delete": false,
            "staging": false,
            "status": "Deployed",
            "tags": {
              "Name": "kdt-CDN-ktd"
            },
            "tags_all": {
              "Name": "kdt-CDN-ktd"
            },
            "trusted_key_groups": [
              {
                "enabled": false,
                "items": []
              }
            ],
            "trusted_signers": [
              {
                "enabled": false,
                "items": []
              }
            ],
            "viewer_certificate": [
              {
                "acm_certificate_arn": "arn:aws:acm:us-east-1:891377163278:certificate/b2b0770c-378a-41ca-a439-cac81a639a4a",
                "cloudfront_default_certificate": false,
                "iam_certificate_id": "",
                "minimum_protocol_version": "TLSv1.2_2021",
                "ssl_support_method": "sni-only"
              }
            ],
            "wait_for_deployment": true,
            "web_acl_id": "arn:aws:wafv2:us-east-1:891377163278:global/webacl/kdt-WAF-ktd/1361392e-7399-45ca-afa1-717cd671f676"
          },
          "sensitive_attributes": [],
          "private": "eyJzY2hlbWFfdmVyc2lvbiI6IjEifQ==",
          "dependencies": [
            "module.acm-route53-cloudfront-waf.aws_acm_certificate.cert",
            "module.acm-route53-cloudfront-waf.aws_acm_certificate_validation.cert",
            "module.acm-route53-cloudfront-waf.aws_route53_record.cert_validation",
            "module.acm-route53-cloudfront-waf.aws_wafv2_web_acl.web_acl",
            "module.acm-route53-cloudfront-waf.data.aws_route53_zone.zone",
            "module.alb.aws_lb.App-elb",
            "module.alb.aws_lb.Web-elb",
            "module.alb.aws_lb_listener.app-alb-listener",
            "module.alb.aws_lb_listener.web-alb-listener",
            "module.alb.aws_lb_target_group.app-tg",
            "module.alb.aws_lb_target_group.web-tg",
            "module.alb.data.aws_security_group.web-alb-sg",
            "module.alb.data.aws_subnet.private-subnet1",
            "module.alb.data.aws_subnet.private-subnet2",
            "module.alb.data.aws_subnet.public-subnet1",
            "module.alb.data.aws_subnet.public-subnet2",
            "module.alb.data.aws_vpc.vpc",
            "module.autoscaling.aws_autoscaling_group.App-ASG",
            "module.autoscaling.aws_autoscaling_group.Web-ASG",
            "module.autoscaling.aws_autoscaling_policy.app-custom-cpu-policy",
            "module.autoscaling.aws_autoscaling_policy.app-custom-cpu-policy-scaledown",
            "module.autoscaling.aws_autoscaling_policy.web-custom-cpu-policy",
            "module.autoscaling.aws_autoscaling_policy.web-custom-cpu-policy-scaledown",
            "module.autoscaling.aws_cloudwatch_metric_alarm.app-custom-cpu-alarm",
            "module.autoscaling.aws_cloudwatch_metric_alarm.app-custom-cpu-alarm-scaledown",
            "module.autoscaling.aws_cloudwatch_metric_alarm.web-custom-cpu-alarm",
            "module.autoscaling.aws_cloudwatch_metric_alarm.web-custom-cpu-alarm-scaledown",
            "module.autoscaling.aws_launch_template.App-LC",
            "module.autoscaling.aws_launch_template.Web-LC",
            "module.autoscaling.data.aws_iam_instance_profile.instance-profile",
            "module.autoscaling.data.aws_security_group.app-sg",
            "module.autoscaling.data.aws_security_group.web-sg",
            "module.autoscaling.data.aws_subnet.private-subnet1",
            "module.autoscaling.data.aws_subnet.private-subnet2",
            "module.iam.aws_iam_instance_profile.test_profile",
            "module.iam.aws_iam_role.iam-role",
            "module.iam.aws_iam_role_policy.iam-policy",
            "module.rds.aws_db_subnet_group.db_subnet_group",
            "module.rds.aws_rds_cluster.aurora_cluster",
            "module.rds.aws_rds_cluster_instance.primary_instance",
            "module.rds.aws_rds_cluster_instance.read_replica_instance",
            "module.rds.data.aws_security_group.db-sg",
            "module.rds.data.aws_subnet.db-subnet1",
            "module.rds.data.aws_subnet.db-subnet2",
            "module.security-group.aws_security_group.alb-sg",
            "module.security-group.aws_security_group.app-tier-sg",
            "module.security-group.aws_security_group.database-sg",
            "module.security-group.aws_security_group.web-tier-sg",
            "module.security-group.data.aws_vpc.vpc",
            "module.vpc.aws_eip.eip1",
            "module.vpc.aws_eip.eip2",
            "module.vpc.aws_internet_gateway.igw",
            "module.vpc.aws_nat_gateway.ngw1",
            "module.vpc.aws_nat_gateway.ngw2",
            "module.vpc.aws_route_table.db-rt1",
            "module.vpc.aws_route_table.db-rt2",
            "module.vpc.aws_route_table.private-rt1",
            "module.vpc.aws_route_table.private-rt2",
            "module.vpc.aws_route_table.public-rt",
            "module.vpc.aws_route_table_association.db-rt-association1",
            "module.vpc.aws_route_table_association.db-rt-association2",
            "module.vpc.aws_route_table_association.private-rt-association1",
            "module.vpc.aws_route_table_association.private-rt-association2",
            "module.vpc.aws_route_table_association.public-rt-association1",
            "module.vpc.aws_route_table_association.public-rt-association2",
            "module.vpc.aws_subnet.db-subnet1",
            "module.vpc.aws_subnet.db-subnet2",
            "module.vpc.aws_subnet.private-subnet1",
            "module.vpc.aws_subnet.private-subnet2",
            "module.vpc.aws_subnet.public-subnet1",
            "module.vpc.aws_subnet.public-subnet2",
            "module.vpc.aws_vpc.vpc",
            "module.vpc.data.aws_availability_zones.azs"
          ]
        }
      ]
    },
    {
      "module": "module.acm-route53-cloudfront-waf",
      "mode": "managed",
      "type": "aws_route53_record",
      "name": "apex",
      "provider": "provider[\"registry.terraform.io/hashicorp/aws\"].us-east-1",
      "instances": [
        {
          "schema_version": 2,
          "attributes": {
            "alias": [
              {
                "evaluate_target_health": false,
                "name": "dkqr4v3l1x4jt.cloudfront.net",
                "zone_id": "Z2FDTNDATAQYW2"
              }
            ],
            "allow_overwrite": null,
            "cidr_routing_policy": [],
            "failover_routing_policy": [],
            "fqdn": "hellowaws.shop",
            "geolocation_routing_policy": [],
            "geoproximity_routing_policy": [],
            "health_check_id": "",
            "id": "Z09337713DH1223XGPI4M_hellowaws.shop_A",
            "latency_routing_policy": [],
            "multivalue_answer_routing_policy": false,
            "name": "hellowaws.shop",
            "records": null,
            "set_identifier": "",
            "ttl": 0,
            "type": "A",
            "weighted_routing_policy": [],
            "zone_id": "Z09337713DH1223XGPI4M"
          },
          "sensitive_attributes": [],
          "private": "eyJzY2hlbWFfdmVyc2lvbiI6IjIifQ==",
          "dependencies": [
            "module.acm-route53-cloudfront-waf.aws_acm_certificate.cert",
            "module.acm-route53-cloudfront-waf.aws_acm_certificate_validation.cert",
            "module.acm-route53-cloudfront-waf.aws_cloudfront_distribution.cdn-web-elb-distribution",
            "module.acm-route53-cloudfront-waf.aws_route53_record.cert_validation",
            "module.acm-route53-cloudfront-waf.aws_wafv2_web_acl.web_acl",
            "module.acm-route53-cloudfront-waf.data.aws_route53_zone.zone",
            "module.alb.aws_lb.App-elb",
            "module.alb.aws_lb.Web-elb",
            "module.alb.aws_lb_listener.app-alb-listener",
            "module.alb.aws_lb_listener.web-alb-listener",
            "module.alb.aws_lb_target_group.app-tg",
            "module.alb.aws_lb_target_group.web-tg",
            "module.alb.data.aws_security_group.web-alb-sg",
            "module.alb.data.aws_subnet.private-subnet1",
            "module.alb.data.aws_subnet.private-subnet2",
            "module.alb.data.aws_subnet.public-subnet1",
            "module.alb.data.aws_subnet.public-subnet2",
            "module.alb.data.aws_vpc.vpc",
            "module.autoscaling.aws_autoscaling_group.App-ASG",
            "module.autoscaling.aws_autoscaling_group.Web-ASG",
            "module.autoscaling.aws_autoscaling_policy.app-custom-cpu-policy",
            "module.autoscaling.aws_autoscaling_policy.app-custom-cpu-policy-scaledown",
            "module.autoscaling.aws_autoscaling_policy.web-custom-cpu-policy",
            "module.autoscaling.aws_autoscaling_policy.web-custom-cpu-policy-scaledown",
            "module.autoscaling.aws_cloudwatch_metric_alarm.app-custom-cpu-alarm",
            "module.autoscaling.aws_cloudwatch_metric_alarm.app-custom-cpu-alarm-scaledown",
            "module.autoscaling.aws_cloudwatch_metric_alarm.web-custom-cpu-alarm",
            "module.autoscaling.aws_cloudwatch_metric_alarm.web-custom-cpu-alarm-scaledown",
            "module.autoscaling.aws_launch_template.App-LC",
            "module.autoscaling.aws_launch_template.Web-LC",
            "module.autoscaling.data.aws_iam_instance_profile.instance-profile",
            "module.autoscaling.data.aws_security_group.app-sg",
            "module.autoscaling.data.aws_security_group.web-sg",
            "module.autoscaling.data.aws_subnet.private-subnet1",
            "module.autoscaling.data.aws_subnet.private-subnet2",
            "module.iam.aws_iam_instance_profile.test_profile",
            "module.iam.aws_iam_role.iam-role",
            "module.iam.aws_iam_role_policy.iam-policy",
            "module.rds.aws_db_subnet_group.db_subnet_group",
            "module.rds.aws_rds_cluster.aurora_cluster",
            "module.rds.aws_rds_cluster_instance.primary_instance",
            "module.rds.aws_rds_cluster_instance.read_replica_instance",
            "module.rds.data.aws_security_group.db-sg",
            "module.rds.data.aws_subnet.db-subnet1",
            "module.rds.data.aws_subnet.db-subnet2",
            "module.security-group.aws_security_group.alb-sg",
            "module.security-group.aws_security_group.app-tier-sg",
            "module.security-group.aws_security_group.database-sg",
            "module.security-group.aws_security_group.web-tier-sg",
            "module.security-group.data.aws_vpc.vpc",
            "module.vpc.aws_eip.eip1",
            "module.vpc.aws_eip.eip2",
            "module.vpc.aws_internet_gateway.igw",
            "module.vpc.aws_nat_gateway.ngw1",
            "module.vpc.aws_nat_gateway.ngw2",
            "module.vpc.aws_route_table.db-rt1",
            "module.vpc.aws_route_table.db-rt2",
            "module.vpc.aws_route_table.private-rt1",
            "module.vpc.aws_route_table.private-rt2",
            "module.vpc.aws_route_table.public-rt",
            "module.vpc.aws_route_table_association.db-rt-association1",
            "module.vpc.aws_route_table_association.db-rt-association2",
            "module.vpc.aws_route_table_association.private-rt-association1",
            "module.vpc.aws_route_table_association.private-rt-association2",
            "module.vpc.aws_route_table_association.public-rt-association1",
            "module.vpc.aws_route_table_association.public-rt-association2",
            "module.vpc.aws_subnet.db-subnet1",
            "module.vpc.aws_subnet.db-subnet2",
            "module.vpc.aws_subnet.private-subnet1",
            "module.vpc.aws_subnet.private-subnet2",
            "module.vpc.aws_subnet.public-subnet1",
            "module.vpc.aws_subnet.public-subnet2",
            "module.vpc.aws_vpc.vpc",
            "module.vpc.data.aws_availability_zones.azs"
          ]
        }
      ]
    },
    {
      "module": "module.acm-route53-cloudfront-waf",
      "mode": "managed",
      "type": "aws_route53_record",
      "name": "cert_validation",
      "provider": "provider[\"registry.terraform.io/hashicorp/aws\"].us-east-1",
      "instances": [
        {
          "index_key": "hellowaws.shop",
          "schema_version": 2,
          "attributes": {
            "alias": [],
            "allow_overwrite": true,
            "cidr_routing_policy": [],
            "failover_routing_policy": [],
            "fqdn": "_7f19658f7298968af63cd5584d8f500f.hellowaws.shop",
            "geolocation_routing_policy": [],
            "geoproximity_routing_policy": [],
            "health_check_id": "",
            "id": "Z09337713DH1223XGPI4M__7f19658f7298968af63cd5584d8f500f.hellowaws.shop._CNAME",
            "latency_routing_policy": [],
            "multivalue_answer_routing_policy": false,
            "name": "_7f19658f7298968af63cd5584d8f500f.hellowaws.shop",
            "records": [
              "_76dca5cad0fc245e743f1f392cd68536.mhbtsbpdnt.acm-validations.aws."
            ],
            "set_identifier": "",
            "ttl": 60,
            "type": "CNAME",
            "weighted_routing_policy": [],
            "zone_id": "Z09337713DH1223XGPI4M"
          },
          "sensitive_attributes": [],
          "private": "eyJzY2hlbWFfdmVyc2lvbiI6IjIifQ==",
          "dependencies": [
            "module.acm-route53-cloudfront-waf.aws_acm_certificate.cert",
            "module.acm-route53-cloudfront-waf.data.aws_route53_zone.zone",
            "module.alb.aws_lb.App-elb",
            "module.alb.aws_lb.Web-elb",
            "module.alb.aws_lb_listener.app-alb-listener",
            "module.alb.aws_lb_listener.web-alb-listener",
            "module.alb.aws_lb_target_group.app-tg",
            "module.alb.aws_lb_target_group.web-tg",
            "module.alb.data.aws_security_group.web-alb-sg",
            "module.alb.data.aws_subnet.private-subnet1",
            "module.alb.data.aws_subnet.private-subnet2",
            "module.alb.data.aws_subnet.public-subnet1",
            "module.alb.data.aws_subnet.public-subnet2",
            "module.alb.data.aws_vpc.vpc",
            "module.autoscaling.aws_autoscaling_group.App-ASG",
            "module.autoscaling.aws_autoscaling_group.Web-ASG",
            "module.autoscaling.aws_autoscaling_policy.app-custom-cpu-policy",
            "module.autoscaling.aws_autoscaling_policy.app-custom-cpu-policy-scaledown",
            "module.autoscaling.aws_autoscaling_policy.web-custom-cpu-policy",
            "module.autoscaling.aws_autoscaling_policy.web-custom-cpu-policy-scaledown",
            "module.autoscaling.aws_cloudwatch_metric_alarm.app-custom-cpu-alarm",
            "module.autoscaling.aws_cloudwatch_metric_alarm.app-custom-cpu-alarm-scaledown",
            "module.autoscaling.aws_cloudwatch_metric_alarm.web-custom-cpu-alarm",
            "module.autoscaling.aws_cloudwatch_metric_alarm.web-custom-cpu-alarm-scaledown",
            "module.autoscaling.aws_launch_template.App-LC",
            "module.autoscaling.aws_launch_template.Web-LC",
            "module.autoscaling.data.aws_iam_instance_profile.instance-profile",
            "module.autoscaling.data.aws_security_group.app-sg",
            "module.autoscaling.data.aws_security_group.web-sg",
            "module.autoscaling.data.aws_subnet.private-subnet1",
            "module.autoscaling.data.aws_subnet.private-subnet2",
            "module.iam.aws_iam_instance_profile.test_profile",
            "module.iam.aws_iam_role.iam-role",
            "module.iam.aws_iam_role_policy.iam-policy",
            "module.rds.aws_db_subnet_group.db_subnet_group",
            "module.rds.aws_rds_cluster.aurora_cluster",
            "module.rds.aws_rds_cluster_instance.primary_instance",
            "module.rds.aws_rds_cluster_instance.read_replica_instance",
            "module.rds.data.aws_security_group.db-sg",
            "module.rds.data.aws_subnet.db-subnet1",
            "module.rds.data.aws_subnet.db-subnet2",
            "module.security-group.aws_security_group.alb-sg",
            "module.security-group.aws_security_group.app-tier-sg",
            "module.security-group.aws_security_group.database-sg",
            "module.security-group.aws_security_group.web-tier-sg",
            "module.security-group.data.aws_vpc.vpc",
            "module.vpc.aws_eip.eip1",
            "module.vpc.aws_eip.eip2",
            "module.vpc.aws_internet_gateway.igw",
            "module.vpc.aws_nat_gateway.ngw1",
            "module.vpc.aws_nat_gateway.ngw2",
            "module.vpc.aws_route_table.db-rt1",
            "module.vpc.aws_route_table.db-rt2",
            "module.vpc.aws_route_table.private-rt1",
            "module.vpc.aws_route_table.private-rt2",
            "module.vpc.aws_route_table.public-rt",
            "module.vpc.aws_route_table_association.db-rt-association1",
            "module.vpc.aws_route_table_association.db-rt-association2",
            "module.vpc.aws_route_table_association.private-rt-association1",
            "module.vpc.aws_route_table_association.private-rt-association2",
            "module.vpc.aws_route_table_association.public-rt-association1",
            "module.vpc.aws_route_table_association.public-rt-association2",
            "module.vpc.aws_subnet.db-subnet1",
            "module.vpc.aws_subnet.db-subnet2",
            "module.vpc.aws_subnet.private-subnet1",
            "module.vpc.aws_subnet.private-subnet2",
            "module.vpc.aws_subnet.public-subnet1",
            "module.vpc.aws_subnet.public-subnet2",
            "module.vpc.aws_vpc.vpc",
            "module.vpc.data.aws_availability_zones.azs"
          ]
        },
        {
          "index_key": "www.hellowaws.shop",
          "schema_version": 2,
          "attributes": {
            "alias": [],
            "allow_overwrite": true,
            "cidr_routing_policy": [],
            "failover_routing_policy": [],
            "fqdn": "_a84098457ff3e7498a54e2ecf341e4be.www.hellowaws.shop",
            "geolocation_routing_policy": [],
            "geoproximity_routing_policy": [],
            "health_check_id": "",
            "id": "Z09337713DH1223XGPI4M__a84098457ff3e7498a54e2ecf341e4be.www.hellowaws.shop._CNAME",
            "latency_routing_policy": [],
            "multivalue_answer_routing_policy": false,
            "name": "_a84098457ff3e7498a54e2ecf341e4be.www.hellowaws.shop",
            "records": [
              "_a1f8bb890f2d7f08d4fd6e0e312257ac.mhbtsbpdnt.acm-validations.aws."
            ],
            "set_identifier": "",
            "ttl": 60,
            "type": "CNAME",
            "weighted_routing_policy": [],
            "zone_id": "Z09337713DH1223XGPI4M"
          },
          "sensitive_attributes": [],
          "private": "eyJzY2hlbWFfdmVyc2lvbiI6IjIifQ==",
          "dependencies": [
            "module.acm-route53-cloudfront-waf.aws_acm_certificate.cert",
            "module.acm-route53-cloudfront-waf.data.aws_route53_zone.zone",
            "module.alb.aws_lb.App-elb",
            "module.alb.aws_lb.Web-elb",
            "module.alb.aws_lb_listener.app-alb-listener",
            "module.alb.aws_lb_listener.web-alb-listener",
            "module.alb.aws_lb_target_group.app-tg",
            "module.alb.aws_lb_target_group.web-tg",
            "module.alb.data.aws_security_group.web-alb-sg",
            "module.alb.data.aws_subnet.private-subnet1",
            "module.alb.data.aws_subnet.private-subnet2",
            "module.alb.data.aws_subnet.public-subnet1",
            "module.alb.data.aws_subnet.public-subnet2",
            "module.alb.data.aws_vpc.vpc",
            "module.autoscaling.aws_autoscaling_group.App-ASG",
            "module.autoscaling.aws_autoscaling_group.Web-ASG",
            "module.autoscaling.aws_autoscaling_policy.app-custom-cpu-policy",
            "module.autoscaling.aws_autoscaling_policy.app-custom-cpu-policy-scaledown",
            "module.autoscaling.aws_autoscaling_policy.web-custom-cpu-policy",
            "module.autoscaling.aws_autoscaling_policy.web-custom-cpu-policy-scaledown",
            "module.autoscaling.aws_cloudwatch_metric_alarm.app-custom-cpu-alarm",
            "module.autoscaling.aws_cloudwatch_metric_alarm.app-custom-cpu-alarm-scaledown",
            "module.autoscaling.aws_cloudwatch_metric_alarm.web-custom-cpu-alarm",
            "module.autoscaling.aws_cloudwatch_metric_alarm.web-custom-cpu-alarm-scaledown",
            "module.autoscaling.aws_launch_template.App-LC",
            "module.autoscaling.aws_launch_template.Web-LC",
            "module.autoscaling.data.aws_iam_instance_profile.instance-profile",
            "module.autoscaling.data.aws_security_group.app-sg",
            "module.autoscaling.data.aws_security_group.web-sg",
            "module.autoscaling.data.aws_subnet.private-subnet1",
            "module.autoscaling.data.aws_subnet.private-subnet2",
            "module.iam.aws_iam_instance_profile.test_profile",
            "module.iam.aws_iam_role.iam-role",
            "module.iam.aws_iam_role_policy.iam-policy",
            "module.rds.aws_db_subnet_group.db_subnet_group",
            "module.rds.aws_rds_cluster.aurora_cluster",
            "module.rds.aws_rds_cluster_instance.primary_instance",
            "module.rds.aws_rds_cluster_instance.read_replica_instance",
            "module.rds.data.aws_security_group.db-sg",
            "module.rds.data.aws_subnet.db-subnet1",
            "module.rds.data.aws_subnet.db-subnet2",
            "module.security-group.aws_security_group.alb-sg",
            "module.security-group.aws_security_group.app-tier-sg",
            "module.security-group.aws_security_group.database-sg",
            "module.security-group.aws_security_group.web-tier-sg",
            "module.security-group.data.aws_vpc.vpc",
            "module.vpc.aws_eip.eip1",
            "module.vpc.aws_eip.eip2",
            "module.vpc.aws_internet_gateway.igw",
            "module.vpc.aws_nat_gateway.ngw1",
            "module.vpc.aws_nat_gateway.ngw2",
            "module.vpc.aws_route_table.db-rt1",
            "module.vpc.aws_route_table.db-rt2",
            "module.vpc.aws_route_table.private-rt1",
            "module.vpc.aws_route_table.private-rt2",
            "module.vpc.aws_route_table.public-rt",
            "module.vpc.aws_route_table_association.db-rt-association1",
            "module.vpc.aws_route_table_association.db-rt-association2",
            "module.vpc.aws_route_table_association.private-rt-association1",
            "module.vpc.aws_route_table_association.private-rt-association2",
            "module.vpc.aws_route_table_association.public-rt-association1",
            "module.vpc.aws_route_table_association.public-rt-association2",
            "module.vpc.aws_subnet.db-subnet1",
            "module.vpc.aws_subnet.db-subnet2",
            "module.vpc.aws_subnet.private-subnet1",
            "module.vpc.aws_subnet.private-subnet2",
            "module.vpc.aws_subnet.public-subnet1",
            "module.vpc.aws_subnet.public-subnet2",
            "module.vpc.aws_vpc.vpc",
            "module.vpc.data.aws_availability_zones.azs"
          ]
        }
      ]
    },
    {
      "module": "module.acm-route53-cloudfront-waf",
      "mode": "managed",
      "type": "aws_route53_record",
      "name": "www",
      "provider": "provider[\"registry.terraform.io/hashicorp/aws\"].us-east-1",
      "instances": [
        {
          "schema_version": 2,
          "attributes": {
            "alias": [
              {
                "evaluate_target_health": false,
                "name": "dkqr4v3l1x4jt.cloudfront.net",
                "zone_id": "Z2FDTNDATAQYW2"
              }
            ],
            "allow_overwrite": null,
            "cidr_routing_policy": [],
            "failover_routing_policy": [],
            "fqdn": "www.hellowaws.shop",
            "geolocation_routing_policy": [],
            "geoproximity_routing_policy": [],
            "health_check_id": "",
            "id": "Z09337713DH1223XGPI4M_www.hellowaws.shop_A",
            "latency_routing_policy": [],
            "multivalue_answer_routing_policy": false,
            "name": "www.hellowaws.shop",
            "records": null,
            "set_identifier": "",
            "ttl": 0,
            "type": "A",
            "weighted_routing_policy": [],
            "zone_id": "Z09337713DH1223XGPI4M"
          },
          "sensitive_attributes": [],
          "private": "eyJzY2hlbWFfdmVyc2lvbiI6IjIifQ==",
          "dependencies": [
            "module.acm-route53-cloudfront-waf.aws_acm_certificate.cert",
            "module.acm-route53-cloudfront-waf.aws_acm_certificate_validation.cert",
            "module.acm-route53-cloudfront-waf.aws_cloudfront_distribution.cdn-web-elb-distribution",
            "module.acm-route53-cloudfront-waf.aws_route53_record.cert_validation",
            "module.acm-route53-cloudfront-waf.aws_wafv2_web_acl.web_acl",
            "module.acm-route53-cloudfront-waf.data.aws_route53_zone.zone",
            "module.alb.aws_lb.App-elb",
            "module.alb.aws_lb.Web-elb",
            "module.alb.aws_lb_listener.app-alb-listener",
            "module.alb.aws_lb_listener.web-alb-listener",
            "module.alb.aws_lb_target_group.app-tg",
            "module.alb.aws_lb_target_group.web-tg",
            "module.alb.data.aws_security_group.web-alb-sg",
            "module.alb.data.aws_subnet.private-subnet1",
            "module.alb.data.aws_subnet.private-subnet2",
            "module.alb.data.aws_subnet.public-subnet1",
            "module.alb.data.aws_subnet.public-subnet2",
            "module.alb.data.aws_vpc.vpc",
            "module.autoscaling.aws_autoscaling_group.App-ASG",
            "module.autoscaling.aws_autoscaling_group.Web-ASG",
            "module.autoscaling.aws_autoscaling_policy.app-custom-cpu-policy",
            "module.autoscaling.aws_autoscaling_policy.app-custom-cpu-policy-scaledown",
            "module.autoscaling.aws_autoscaling_policy.web-custom-cpu-policy",
            "module.autoscaling.aws_autoscaling_policy.web-custom-cpu-policy-scaledown",
            "module.autoscaling.aws_cloudwatch_metric_alarm.app-custom-cpu-alarm",
            "module.autoscaling.aws_cloudwatch_metric_alarm.app-custom-cpu-alarm-scaledown",
            "module.autoscaling.aws_cloudwatch_metric_alarm.web-custom-cpu-alarm",
            "module.autoscaling.aws_cloudwatch_metric_alarm.web-custom-cpu-alarm-scaledown",
            "module.autoscaling.aws_launch_template.App-LC",
            "module.autoscaling.aws_launch_template.Web-LC",
            "module.autoscaling.data.aws_iam_instance_profile.instance-profile",
            "module.autoscaling.data.aws_security_group.app-sg",
            "module.autoscaling.data.aws_security_group.web-sg",
            "module.autoscaling.data.aws_subnet.private-subnet1",
            "module.autoscaling.data.aws_subnet.private-subnet2",
            "module.iam.aws_iam_instance_profile.test_profile",
            "module.iam.aws_iam_role.iam-role",
            "module.iam.aws_iam_role_policy.iam-policy",
            "module.rds.aws_db_subnet_group.db_subnet_group",
            "module.rds.aws_rds_cluster.aurora_cluster",
            "module.rds.aws_rds_cluster_instance.primary_instance",
            "module.rds.aws_rds_cluster_instance.read_replica_instance",
            "module.rds.data.aws_security_group.db-sg",
            "module.rds.data.aws_subnet.db-subnet1",
            "module.rds.data.aws_subnet.db-subnet2",
            "module.security-group.aws_security_group.alb-sg",
            "module.security-group.aws_security_group.app-tier-sg",
            "module.security-group.aws_security_group.database-sg",
            "module.security-group.aws_security_group.web-tier-sg",
            "module.security-group.data.aws_vpc.vpc",
            "module.vpc.aws_eip.eip1",
            "module.vpc.aws_eip.eip2",
            "module.vpc.aws_internet_gateway.igw",
            "module.vpc.aws_nat_gateway.ngw1",
            "module.vpc.aws_nat_gateway.ngw2",
            "module.vpc.aws_route_table.db-rt1",
            "module.vpc.aws_route_table.db-rt2",
            "module.vpc.aws_route_table.private-rt1",
            "module.vpc.aws_route_table.private-rt2",
            "module.vpc.aws_route_table.public-rt",
            "module.vpc.aws_route_table_association.db-rt-association1",
            "module.vpc.aws_route_table_association.db-rt-association2",
            "module.vpc.aws_route_table_association.private-rt-association1",
            "module.vpc.aws_route_table_association.private-rt-association2",
            "module.vpc.aws_route_table_association.public-rt-association1",
            "module.vpc.aws_route_table_association.public-rt-association2",
            "module.vpc.aws_subnet.db-subnet1",
            "module.vpc.aws_subnet.db-subnet2",
            "module.vpc.aws_subnet.private-subnet1",
            "module.vpc.aws_subnet.private-subnet2",
            "module.vpc.aws_subnet.public-subnet1",
            "module.vpc.aws_subnet.public-subnet2",
            "module.vpc.aws_vpc.vpc",
            "module.vpc.data.aws_availability_zones.azs"
          ]
        }
      ]
    },
    {
      "module": "module.acm-route53-cloudfront-waf",
      "mode": "managed",
      "type": "aws_wafv2_web_acl",
      "name": "web_acl",
      "provider": "provider[\"registry.terraform.io/hashicorp/aws\"].us-east-1",
      "instances": [
        {
          "schema_version": 0,
          "attributes": {
            "application_integration_url": "",
            "arn": "arn:aws:wafv2:us-east-1:891377163278:global/webacl/kdt-WAF-ktd/1361392e-7399-45ca-afa1-717cd671f676",
            "association_config": [],
            "capacity": 50,
            "captcha_config": [],
            "challenge_config": [],
            "custom_response_body": [],
            "default_action": [
              {
                "allow": [
                  {
                    "custom_request_handling": []
                  }
                ],
                "block": []
              }
            ],
            "description": "",
            "id": "1361392e-7399-45ca-afa1-717cd671f676",
            "lock_token": "e61bc14a-d4eb-4a15-a6d7-84e31529d932",
            "name": "kdt-WAF-ktd",
            "rule": [
              {
                "action": [],
                "captcha_config": [],
                "name": "AWSManagedRulesAnonymousIpList",
                "override_action": [
                  {
                    "count": [],
                    "none": [
                      {}
                    ]
                  }
                ],
                "priority": 0,
                "rule_label": [],
                "statement": [
                  {
                    "and_statement": [],
                    "byte_match_statement": [],
                    "geo_match_statement": [],
                    "ip_set_reference_statement": [],
                    "label_match_statement": [],
                    "managed_rule_group_statement": [
                      {
                        "managed_rule_group_configs": [],
                        "name": "AWSManagedRulesAnonymousIpList",
                        "rule_action_override": [
                          {
                            "action_to_use": [
                              {
                                "allow": [],
                                "block": [],
                                "captcha": [],
                                "challenge": [],
                                "count": [
                                  {
                                    "custom_request_handling": []
                                  }
                                ]
                              }
                            ],
                            "name": "SizeRestrictions_QUERYSTRING"
                          },
                          {
                            "action_to_use": [
                              {
                                "allow": [],
                                "block": [],
                                "captcha": [],
                                "challenge": [],
                                "count": [
                                  {
                                    "custom_request_handling": []
                                  }
                                ]
                              }
                            ],
                            "name": "NoUserAgent_HEADER"
                          }
                        ],
                        "scope_down_statement": [],
                        "vendor_name": "AWS",
                        "version": ""
                      }
                    ],
                    "not_statement": [],
                    "or_statement": [],
                    "rate_based_statement": [],
                    "regex_match_statement": [],
                    "regex_pattern_set_reference_statement": [],
                    "rule_group_reference_statement": [],
                    "size_constraint_statement": [],
                    "sqli_match_statement": [],
                    "xss_match_statement": []
                  }
                ],
                "visibility_config": [
                  {
                    "cloudwatch_metrics_enabled": false,
                    "metric_name": "BlockIPRuleMetrics",
                    "sampled_requests_enabled": false
                  }
                ]
              }
            ],
            "scope": "CLOUDFRONT",
            "tags": null,
            "tags_all": {},
            "token_domains": null,
            "visibility_config": [
              {
                "cloudwatch_metrics_enabled": false,
                "metric_name": "BlockIPRuleMetrics",
                "sampled_requests_enabled": false
              }
            ]
          },
          "sensitive_attributes": [],
          "private": "bnVsbA==",
          "dependencies": [
            "module.alb.aws_lb.App-elb",
            "module.alb.aws_lb.Web-elb",
            "module.alb.aws_lb_listener.app-alb-listener",
            "module.alb.aws_lb_listener.web-alb-listener",
            "module.alb.aws_lb_target_group.app-tg",
            "module.alb.aws_lb_target_group.web-tg",
            "module.alb.data.aws_security_group.web-alb-sg",
            "module.alb.data.aws_subnet.private-subnet1",
            "module.alb.data.aws_subnet.private-subnet2",
            "module.alb.data.aws_subnet.public-subnet1",
            "module.alb.data.aws_subnet.public-subnet2",
            "module.alb.data.aws_vpc.vpc",
            "module.autoscaling.aws_autoscaling_group.App-ASG",
            "module.autoscaling.aws_autoscaling_group.Web-ASG",
            "module.autoscaling.aws_autoscaling_policy.app-custom-cpu-policy",
            "module.autoscaling.aws_autoscaling_policy.app-custom-cpu-policy-scaledown",
            "module.autoscaling.aws_autoscaling_policy.web-custom-cpu-policy",
            "module.autoscaling.aws_autoscaling_policy.web-custom-cpu-policy-scaledown",
            "module.autoscaling.aws_cloudwatch_metric_alarm.app-custom-cpu-alarm",
            "module.autoscaling.aws_cloudwatch_metric_alarm.app-custom-cpu-alarm-scaledown",
            "module.autoscaling.aws_cloudwatch_metric_alarm.web-custom-cpu-alarm",
            "module.autoscaling.aws_cloudwatch_metric_alarm.web-custom-cpu-alarm-scaledown",
            "module.autoscaling.aws_launch_template.App-LC",
            "module.autoscaling.aws_launch_template.Web-LC",
            "module.autoscaling.data.aws_iam_instance_profile.instance-profile",
            "module.autoscaling.data.aws_security_group.app-sg",
            "module.autoscaling.data.aws_security_group.web-sg",
            "module.autoscaling.data.aws_subnet.private-subnet1",
            "module.autoscaling.data.aws_subnet.private-subnet2",
            "module.iam.aws_iam_instance_profile.test_profile",
            "module.iam.aws_iam_role.iam-role",
            "module.iam.aws_iam_role_policy.iam-policy",
            "module.rds.aws_db_subnet_group.db_subnet_group",
            "module.rds.aws_rds_cluster.aurora_cluster",
            "module.rds.aws_rds_cluster_instance.primary_instance",
            "module.rds.aws_rds_cluster_instance.read_replica_instance",
            "module.rds.data.aws_security_group.db-sg",
            "module.rds.data.aws_subnet.db-subnet1",
            "module.rds.data.aws_subnet.db-subnet2",
            "module.security-group.aws_security_group.alb-sg",
            "module.security-group.aws_security_group.app-tier-sg",
            "module.security-group.aws_security_group.database-sg",
            "module.security-group.aws_security_group.web-tier-sg",
            "module.security-group.data.aws_vpc.vpc",
            "module.vpc.aws_eip.eip1",
            "module.vpc.aws_eip.eip2",
            "module.vpc.aws_internet_gateway.igw",
            "module.vpc.aws_nat_gateway.ngw1",
            "module.vpc.aws_nat_gateway.ngw2",
            "module.vpc.aws_route_table.db-rt1",
            "module.vpc.aws_route_table.db-rt2",
            "module.vpc.aws_route_table.private-rt1",
            "module.vpc.aws_route_table.private-rt2",
            "module.vpc.aws_route_table.public-rt",
            "module.vpc.aws_route_table_association.db-rt-association1",
            "module.vpc.aws_route_table_association.db-rt-association2",
            "module.vpc.aws_route_table_association.private-rt-association1",
            "module.vpc.aws_route_table_association.private-rt-association2",
            "module.vpc.aws_route_table_association.public-rt-association1",
            "module.vpc.aws_route_table_association.public-rt-association2",
            "module.vpc.aws_subnet.db-subnet1",
            "module.vpc.aws_subnet.db-subnet2",
            "module.vpc.aws_subnet.private-subnet1",
            "module.vpc.aws_subnet.private-subnet2",
            "module.vpc.aws_subnet.public-subnet1",
            "module.vpc.aws_subnet.public-subnet2",
            "module.vpc.aws_vpc.vpc",
            "module.vpc.data.aws_availability_zones.azs"
          ]
        }
      ]
    },
    {
      "module": "module.alb",
      "mode": "data",
      "type": "aws_security_group",
      "name": "web-alb-sg",
      "provider": "provider[\"registry.terraform.io/hashicorp/aws\"]",
      "instances": [
        {
          "schema_version": 0,
          "attributes": {
            "arn": "arn:aws:ec2:us-east-2:891377163278:security-group/sg-0ba6b7982de52d5eb",
            "description": "Allow HTTP and HTTPS for World",
            "filter": [
              {
                "name": "group-id",
                "values": [
                  "sg-0ba6b7982de52d5eb"
                ]
              },
              {
                "name": "tag:Name",
                "values": [
                  "kdt-alb-sg"
                ]
              }
            ],
            "id": "sg-0ba6b7982de52d5eb",
            "name": "terraform-20240502052209498400000001",
            "tags": {
              "Name": "kdt-alb-sg"
            },
            "timeouts": null,
            "vpc_id": "vpc-027f492b4c199ea63"
          },
          "sensitive_attributes": []
        }
      ]
    },
    {
      "module": "module.alb",
      "mode": "data",
      "type": "aws_subnet",
      "name": "private-subnet1",
      "provider": "provider[\"registry.terraform.io/hashicorp/aws\"]",
      "instances": [
        {
          "schema_version": 0,
          "attributes": {
            "arn": "arn:aws:ec2:us-east-2:891377163278:subnet/subnet-08a033219ac895069",
            "assign_ipv6_address_on_creation": false,
            "availability_zone": "us-east-2a",
            "availability_zone_id": "use2-az1",
            "available_ip_address_count": 1016,
            "cidr_block": "10.50.4.0/22",
            "customer_owned_ipv4_pool": "",
            "default_for_az": false,
            "enable_dns64": false,
            "enable_lni_at_device_index": 0,
            "enable_resource_name_dns_a_record_on_launch": false,
            "enable_resource_name_dns_aaaa_record_on_launch": false,
            "filter": [
              {
                "name": "tag:Name",
                "values": [
                  "kdt-Private-Subnet1"
                ]
              }
            ],
            "id": "subnet-08a033219ac895069",
            "ipv6_cidr_block": "",
            "ipv6_cidr_block_association_id": "",
            "ipv6_native": false,
            "map_customer_owned_ip_on_launch": false,
            "map_public_ip_on_launch": false,
            "outpost_arn": "",
            "owner_id": "891377163278",
            "private_dns_hostname_type_on_launch": "ip-name",
            "state": "available",
            "tags": {
              "Name": "kdt-Private-Subnet1"
            },
            "timeouts": null,
            "vpc_id": "vpc-027f492b4c199ea63"
          },
          "sensitive_attributes": []
        }
      ]
    },
    {
      "module": "module.alb",
      "mode": "data",
      "type": "aws_subnet",
      "name": "private-subnet2",
      "provider": "provider[\"registry.terraform.io/hashicorp/aws\"]",
      "instances": [
        {
          "schema_version": 0,
          "attributes": {
            "arn": "arn:aws:ec2:us-east-2:891377163278:subnet/subnet-0f0e0a9601305fffd",
            "assign_ipv6_address_on_creation": false,
            "availability_zone": "us-east-2b",
            "availability_zone_id": "use2-az2",
            "available_ip_address_count": 1016,
            "cidr_block": "10.50.8.0/22",
            "customer_owned_ipv4_pool": "",
            "default_for_az": false,
            "enable_dns64": false,
            "enable_lni_at_device_index": 0,
            "enable_resource_name_dns_a_record_on_launch": false,
            "enable_resource_name_dns_aaaa_record_on_launch": false,
            "filter": [
              {
                "name": "tag:Name",
                "values": [
                  "kdt-Private-Subnet2"
                ]
              }
            ],
            "id": "subnet-0f0e0a9601305fffd",
            "ipv6_cidr_block": "",
            "ipv6_cidr_block_association_id": "",
            "ipv6_native": false,
            "map_customer_owned_ip_on_launch": false,
            "map_public_ip_on_launch": false,
            "outpost_arn": "",
            "owner_id": "891377163278",
            "private_dns_hostname_type_on_launch": "ip-name",
            "state": "available",
            "tags": {
              "Name": "kdt-Private-Subnet2"
            },
            "timeouts": null,
            "vpc_id": "vpc-027f492b4c199ea63"
          },
          "sensitive_attributes": []
        }
      ]
    },
    {
      "module": "module.alb",
      "mode": "data",
      "type": "aws_subnet",
      "name": "public-subnet1",
      "provider": "provider[\"registry.terraform.io/hashicorp/aws\"]",
      "instances": [
        {
          "schema_version": 0,
          "attributes": {
            "arn": "arn:aws:ec2:us-east-2:891377163278:subnet/subnet-0adbae9616616cb30",
            "assign_ipv6_address_on_creation": false,
            "availability_zone": "us-east-2a",
            "availability_zone_id": "use2-az1",
            "available_ip_address_count": 249,
            "cidr_block": "10.50.0.0/24",
            "customer_owned_ipv4_pool": "",
            "default_for_az": false,
            "enable_dns64": false,
            "enable_lni_at_device_index": 0,
            "enable_resource_name_dns_a_record_on_launch": false,
            "enable_resource_name_dns_aaaa_record_on_launch": false,
            "filter": [
              {
                "name": "tag:Name",
                "values": [
                  "kdt-Public-Subnet1"
                ]
              }
            ],
            "id": "subnet-0adbae9616616cb30",
            "ipv6_cidr_block": "",
            "ipv6_cidr_block_association_id": "",
            "ipv6_native": false,
            "map_customer_owned_ip_on_launch": false,
            "map_public_ip_on_launch": true,
            "outpost_arn": "",
            "owner_id": "891377163278",
            "private_dns_hostname_type_on_launch": "ip-name",
            "state": "available",
            "tags": {
              "Name": "kdt-Public-Subnet1"
            },
            "timeouts": null,
            "vpc_id": "vpc-027f492b4c199ea63"
          },
          "sensitive_attributes": []
        }
      ]
    },
    {
      "module": "module.alb",
      "mode": "data",
      "type": "aws_subnet",
      "name": "public-subnet2",
      "provider": "provider[\"registry.terraform.io/hashicorp/aws\"]",
      "instances": [
        {
          "schema_version": 0,
          "attributes": {
            "arn": "arn:aws:ec2:us-east-2:891377163278:subnet/subnet-04bb579578028c58e",
            "assign_ipv6_address_on_creation": false,
            "availability_zone": "us-east-2b",
            "availability_zone_id": "use2-az2",
            "available_ip_address_count": 249,
            "cidr_block": "10.50.1.0/24",
            "customer_owned_ipv4_pool": "",
            "default_for_az": false,
            "enable_dns64": false,
            "enable_lni_at_device_index": 0,
            "enable_resource_name_dns_a_record_on_launch": false,
            "enable_resource_name_dns_aaaa_record_on_launch": false,
            "filter": [
              {
                "name": "tag:Name",
                "values": [
                  "kdt-Public-Subnet2"
                ]
              }
            ],
            "id": "subnet-04bb579578028c58e",
            "ipv6_cidr_block": "",
            "ipv6_cidr_block_association_id": "",
            "ipv6_native": false,
            "map_customer_owned_ip_on_launch": false,
            "map_public_ip_on_launch": true,
            "outpost_arn": "",
            "owner_id": "891377163278",
            "private_dns_hostname_type_on_launch": "ip-name",
            "state": "available",
            "tags": {
              "Name": "kdt-Public-Subnet2"
            },
            "timeouts": null,
            "vpc_id": "vpc-027f492b4c199ea63"
          },
          "sensitive_attributes": []
        }
      ]
    },
    {
      "module": "module.alb",
      "mode": "data",
      "type": "aws_vpc",
      "name": "vpc",
      "provider": "provider[\"registry.terraform.io/hashicorp/aws\"]",
      "instances": [
        {
          "schema_version": 0,
          "attributes": {
            "arn": "arn:aws:ec2:us-east-2:891377163278:vpc/vpc-027f492b4c199ea63",
            "cidr_block": "10.50.0.0/16",
            "cidr_block_associations": [
              {
                "association_id": "vpc-cidr-assoc-00916aa39a597aed9",
                "cidr_block": "10.50.0.0/16",
                "state": "associated"
              }
            ],
            "default": false,
            "dhcp_options_id": "dopt-0cab42d5410535950",
            "enable_dns_hostnames": true,
            "enable_dns_support": true,
            "enable_network_address_usage_metrics": false,
            "filter": [
              {
                "name": "tag:Name",
                "values": [
                  "kdt-VPC"
                ]
              }
            ],
            "id": "vpc-027f492b4c199ea63",
            "instance_tenancy": "default",
            "ipv6_association_id": "",
            "ipv6_cidr_block": "",
            "main_route_table_id": "rtb-0f363b586ec9fa210",
            "owner_id": "891377163278",
            "state": null,
            "tags": {
              "Name": "kdt-VPC"
            },
            "timeouts": null
          },
          "sensitive_attributes": []
        }
      ]
    },
    {
      "module": "module.alb",
      "mode": "managed",
      "type": "aws_lb",
      "name": "App-elb",
      "provider": "provider[\"registry.terraform.io/hashicorp/aws\"]",
      "instances": [
        {
          "schema_version": 0,
          "attributes": {
            "access_logs": [
              {
                "bucket": "",
                "enabled": false,
                "prefix": ""
              }
            ],
            "arn": "arn:aws:elasticloadbalancing:us-east-2:891377163278:loadbalancer/app/App-elb/66faaccb7ea4456f",
            "arn_suffix": "app/App-elb/66faaccb7ea4456f",
            "client_keep_alive": 3600,
            "connection_logs": [
              {
                "bucket": "",
                "enabled": false,
                "prefix": ""
              }
            ],
            "customer_owned_ipv4_pool": "",
            "desync_mitigation_mode": "defensive",
            "dns_name": "internal-App-elb-1826679943.us-east-2.elb.amazonaws.com",
            "dns_record_client_routing_policy": null,
            "drop_invalid_header_fields": false,
            "enable_cross_zone_load_balancing": true,
            "enable_deletion_protection": false,
            "enable_http2": true,
            "enable_tls_version_and_cipher_suite_headers": false,
            "enable_waf_fail_open": false,
            "enable_xff_client_port": false,
            "enforce_security_group_inbound_rules_on_private_link_traffic": "",
            "id": "arn:aws:elasticloadbalancing:us-east-2:891377163278:loadbalancer/app/App-elb/66faaccb7ea4456f",
            "idle_timeout": 60,
            "internal": true,
            "ip_address_type": "ipv4",
            "load_balancer_type": "application",
            "name": "App-elb",
            "name_prefix": "",
            "preserve_host_header": false,
            "security_groups": [
              "sg-0ba6b7982de52d5eb"
            ],
            "subnet_mapping": [
              {
                "allocation_id": "",
                "ipv6_address": "",
                "outpost_id": "",
                "private_ipv4_address": "",
                "subnet_id": "subnet-08a033219ac895069"
              },
              {
                "allocation_id": "",
                "ipv6_address": "",
                "outpost_id": "",
                "private_ipv4_address": "",
                "subnet_id": "subnet-0f0e0a9601305fffd"
              }
            ],
            "subnets": [
              "subnet-08a033219ac895069",
              "subnet-0f0e0a9601305fffd"
            ],
            "tags": {
              "Name": "App-elb"
            },
            "tags_all": {
              "Name": "App-elb"
            },
            "timeouts": null,
            "vpc_id": "vpc-027f492b4c199ea63",
            "xff_header_processing_mode": "append",
            "zone_id": "Z3AADJGX6KTTL2"
          },
          "sensitive_attributes": [],
          "private": "eyJlMmJmYjczMC1lY2FhLTExZTYtOGY4OC0zNDM2M2JjN2M0YzAiOnsiY3JlYXRlIjo2MDAwMDAwMDAwMDAsImRlbGV0ZSI6NjAwMDAwMDAwMDAwLCJ1cGRhdGUiOjYwMDAwMDAwMDAwMH19",
          "dependencies": [
            "module.alb.data.aws_security_group.web-alb-sg",
            "module.alb.data.aws_subnet.private-subnet1",
            "module.alb.data.aws_subnet.private-subnet2",
            "module.rds.aws_db_subnet_group.db_subnet_group",
            "module.rds.aws_rds_cluster.aurora_cluster",
            "module.rds.aws_rds_cluster_instance.primary_instance",
            "module.rds.aws_rds_cluster_instance.read_replica_instance",
            "module.rds.data.aws_security_group.db-sg",
            "module.rds.data.aws_subnet.db-subnet1",
            "module.rds.data.aws_subnet.db-subnet2",
            "module.security-group.aws_security_group.alb-sg",
            "module.security-group.aws_security_group.app-tier-sg",
            "module.security-group.aws_security_group.database-sg",
            "module.security-group.aws_security_group.web-tier-sg",
            "module.security-group.data.aws_vpc.vpc",
            "module.vpc.aws_eip.eip1",
            "module.vpc.aws_eip.eip2",
            "module.vpc.aws_internet_gateway.igw",
            "module.vpc.aws_nat_gateway.ngw1",
            "module.vpc.aws_nat_gateway.ngw2",
            "module.vpc.aws_route_table.db-rt1",
            "module.vpc.aws_route_table.db-rt2",
            "module.vpc.aws_route_table.private-rt1",
            "module.vpc.aws_route_table.private-rt2",
            "module.vpc.aws_route_table.public-rt",
            "module.vpc.aws_route_table_association.db-rt-association1",
            "module.vpc.aws_route_table_association.db-rt-association2",
            "module.vpc.aws_route_table_association.private-rt-association1",
            "module.vpc.aws_route_table_association.private-rt-association2",
            "module.vpc.aws_route_table_association.public-rt-association1",
            "module.vpc.aws_route_table_association.public-rt-association2",
            "module.vpc.aws_subnet.db-subnet1",
            "module.vpc.aws_subnet.db-subnet2",
            "module.vpc.aws_subnet.private-subnet1",
            "module.vpc.aws_subnet.private-subnet2",
            "module.vpc.aws_subnet.public-subnet1",
            "module.vpc.aws_subnet.public-subnet2",
            "module.vpc.aws_vpc.vpc",
            "module.vpc.data.aws_availability_zones.azs"
          ],
          "create_before_destroy": true
        }
      ]
    },
    {
      "module": "module.alb",
      "mode": "managed",
      "type": "aws_lb",
      "name": "Web-elb",
      "provider": "provider[\"registry.terraform.io/hashicorp/aws\"]",
      "instances": [
        {
          "schema_version": 0,
          "attributes": {
            "access_logs": [
              {
                "bucket": "",
                "enabled": false,
                "prefix": ""
              }
            ],
            "arn": "arn:aws:elasticloadbalancing:us-east-2:891377163278:loadbalancer/app/Web-elb/5f0d4de5f9eee095",
            "arn_suffix": "app/Web-elb/5f0d4de5f9eee095",
            "client_keep_alive": 3600,
            "connection_logs": [
              {
                "bucket": "",
                "enabled": false,
                "prefix": ""
              }
            ],
            "customer_owned_ipv4_pool": "",
            "desync_mitigation_mode": "defensive",
            "dns_name": "Web-elb-2047508825.us-east-2.elb.amazonaws.com",
            "dns_record_client_routing_policy": null,
            "drop_invalid_header_fields": false,
            "enable_cross_zone_load_balancing": true,
            "enable_deletion_protection": false,
            "enable_http2": true,
            "enable_tls_version_and_cipher_suite_headers": false,
            "enable_waf_fail_open": false,
            "enable_xff_client_port": false,
            "enforce_security_group_inbound_rules_on_private_link_traffic": "",
            "id": "arn:aws:elasticloadbalancing:us-east-2:891377163278:loadbalancer/app/Web-elb/5f0d4de5f9eee095",
            "idle_timeout": 60,
            "internal": false,
            "ip_address_type": "ipv4",
            "load_balancer_type": "application",
            "name": "Web-elb",
            "name_prefix": "",
            "preserve_host_header": false,
            "security_groups": [
              "sg-0ba6b7982de52d5eb"
            ],
            "subnet_mapping": [
              {
                "allocation_id": "",
                "ipv6_address": "",
                "outpost_id": "",
                "private_ipv4_address": "",
                "subnet_id": "subnet-04bb579578028c58e"
              },
              {
                "allocation_id": "",
                "ipv6_address": "",
                "outpost_id": "",
                "private_ipv4_address": "",
                "subnet_id": "subnet-0adbae9616616cb30"
              }
            ],
            "subnets": [
              "subnet-04bb579578028c58e",
              "subnet-0adbae9616616cb30"
            ],
            "tags": {
              "Name": "Web-elb"
            },
            "tags_all": {
              "Name": "Web-elb"
            },
            "timeouts": null,
            "vpc_id": "vpc-027f492b4c199ea63",
            "xff_header_processing_mode": "append",
            "zone_id": "Z3AADJGX6KTTL2"
          },
          "sensitive_attributes": [],
          "private": "eyJlMmJmYjczMC1lY2FhLTExZTYtOGY4OC0zNDM2M2JjN2M0YzAiOnsiY3JlYXRlIjo2MDAwMDAwMDAwMDAsImRlbGV0ZSI6NjAwMDAwMDAwMDAwLCJ1cGRhdGUiOjYwMDAwMDAwMDAwMH19",
          "dependencies": [
            "module.alb.data.aws_security_group.web-alb-sg",
            "module.alb.data.aws_subnet.public-subnet1",
            "module.alb.data.aws_subnet.public-subnet2",
            "module.rds.aws_db_subnet_group.db_subnet_group",
            "module.rds.aws_rds_cluster.aurora_cluster",
            "module.rds.aws_rds_cluster_instance.primary_instance",
            "module.rds.aws_rds_cluster_instance.read_replica_instance",
            "module.rds.data.aws_security_group.db-sg",
            "module.rds.data.aws_subnet.db-subnet1",
            "module.rds.data.aws_subnet.db-subnet2",
            "module.security-group.aws_security_group.alb-sg",
            "module.security-group.aws_security_group.app-tier-sg",
            "module.security-group.aws_security_group.database-sg",
            "module.security-group.aws_security_group.web-tier-sg",
            "module.security-group.data.aws_vpc.vpc",
            "module.vpc.aws_eip.eip1",
            "module.vpc.aws_eip.eip2",
            "module.vpc.aws_internet_gateway.igw",
            "module.vpc.aws_nat_gateway.ngw1",
            "module.vpc.aws_nat_gateway.ngw2",
            "module.vpc.aws_route_table.db-rt1",
            "module.vpc.aws_route_table.db-rt2",
            "module.vpc.aws_route_table.private-rt1",
            "module.vpc.aws_route_table.private-rt2",
            "module.vpc.aws_route_table.public-rt",
            "module.vpc.aws_route_table_association.db-rt-association1",
            "module.vpc.aws_route_table_association.db-rt-association2",
            "module.vpc.aws_route_table_association.private-rt-association1",
            "module.vpc.aws_route_table_association.private-rt-association2",
            "module.vpc.aws_route_table_association.public-rt-association1",
            "module.vpc.aws_route_table_association.public-rt-association2",
            "module.vpc.aws_subnet.db-subnet1",
            "module.vpc.aws_subnet.db-subnet2",
            "module.vpc.aws_subnet.private-subnet1",
            "module.vpc.aws_subnet.private-subnet2",
            "module.vpc.aws_subnet.public-subnet1",
            "module.vpc.aws_subnet.public-subnet2",
            "module.vpc.aws_vpc.vpc",
            "module.vpc.data.aws_availability_zones.azs"
          ],
          "create_before_destroy": true
        }
      ]
    },
    {
      "module": "module.alb",
      "mode": "managed",
      "type": "aws_lb_listener",
      "name": "app-alb-listener",
      "provider": "provider[\"registry.terraform.io/hashicorp/aws\"]",
      "instances": [
        {
          "schema_version": 0,
          "attributes": {
            "alpn_policy": null,
            "arn": "arn:aws:elasticloadbalancing:us-east-2:891377163278:listener/app/App-elb/66faaccb7ea4456f/1cdda98c76414092",
            "certificate_arn": null,
            "default_action": [
              {
                "authenticate_cognito": [],
                "authenticate_oidc": [],
                "fixed_response": [],
                "forward": [],
                "order": 1,
                "redirect": [],
                "target_group_arn": "arn:aws:elasticloadbalancing:us-east-2:891377163278:targetgroup/tf-20240502052325058000000008/12ce3950942b1990",
                "type": "forward"
              }
            ],
            "id": "arn:aws:elasticloadbalancing:us-east-2:891377163278:listener/app/App-elb/66faaccb7ea4456f/1cdda98c76414092",
            "load_balancer_arn": "arn:aws:elasticloadbalancing:us-east-2:891377163278:loadbalancer/app/App-elb/66faaccb7ea4456f",
            "mutual_authentication": [],
            "port": 80,
            "protocol": "HTTP",
            "ssl_policy": "",
            "tags": {},
            "tags_all": {},
            "timeouts": null
          },
          "sensitive_attributes": [],
          "private": "eyJlMmJmYjczMC1lY2FhLTExZTYtOGY4OC0zNDM2M2JjN2M0YzAiOnsiY3JlYXRlIjozMDAwMDAwMDAwMDAsInVwZGF0ZSI6MzAwMDAwMDAwMDAwfX0=",
          "dependencies": [
            "module.alb.aws_lb.App-elb",
            "module.alb.aws_lb_target_group.app-tg",
            "module.alb.data.aws_security_group.web-alb-sg",
            "module.alb.data.aws_subnet.private-subnet1",
            "module.alb.data.aws_subnet.private-subnet2",
            "module.alb.data.aws_vpc.vpc",
            "module.rds.aws_db_subnet_group.db_subnet_group",
            "module.rds.aws_rds_cluster.aurora_cluster",
            "module.rds.aws_rds_cluster_instance.primary_instance",
            "module.rds.aws_rds_cluster_instance.read_replica_instance",
            "module.rds.data.aws_security_group.db-sg",
            "module.rds.data.aws_subnet.db-subnet1",
            "module.rds.data.aws_subnet.db-subnet2",
            "module.security-group.aws_security_group.alb-sg",
            "module.security-group.aws_security_group.app-tier-sg",
            "module.security-group.aws_security_group.database-sg",
            "module.security-group.aws_security_group.web-tier-sg",
            "module.security-group.data.aws_vpc.vpc",
            "module.vpc.aws_eip.eip1",
            "module.vpc.aws_eip.eip2",
            "module.vpc.aws_internet_gateway.igw",
            "module.vpc.aws_nat_gateway.ngw1",
            "module.vpc.aws_nat_gateway.ngw2",
            "module.vpc.aws_route_table.db-rt1",
            "module.vpc.aws_route_table.db-rt2",
            "module.vpc.aws_route_table.private-rt1",
            "module.vpc.aws_route_table.private-rt2",
            "module.vpc.aws_route_table.public-rt",
            "module.vpc.aws_route_table_association.db-rt-association1",
            "module.vpc.aws_route_table_association.db-rt-association2",
            "module.vpc.aws_route_table_association.private-rt-association1",
            "module.vpc.aws_route_table_association.private-rt-association2",
            "module.vpc.aws_route_table_association.public-rt-association1",
            "module.vpc.aws_route_table_association.public-rt-association2",
            "module.vpc.aws_subnet.db-subnet1",
            "module.vpc.aws_subnet.db-subnet2",
            "module.vpc.aws_subnet.private-subnet1",
            "module.vpc.aws_subnet.private-subnet2",
            "module.vpc.aws_subnet.public-subnet1",
            "module.vpc.aws_subnet.public-subnet2",
            "module.vpc.aws_vpc.vpc",
            "module.vpc.data.aws_availability_zones.azs"
          ],
          "create_before_destroy": true
        }
      ]
    },
    {
      "module": "module.alb",
      "mode": "managed",
      "type": "aws_lb_listener",
      "name": "web-alb-listener",
      "provider": "provider[\"registry.terraform.io/hashicorp/aws\"]",
      "instances": [
        {
          "schema_version": 0,
          "attributes": {
            "alpn_policy": null,
            "arn": "arn:aws:elasticloadbalancing:us-east-2:891377163278:listener/app/Web-elb/5f0d4de5f9eee095/892991b2aef10b00",
            "certificate_arn": null,
            "default_action": [
              {
                "authenticate_cognito": [],
                "authenticate_oidc": [],
                "fixed_response": [],
                "forward": [],
                "order": 1,
                "redirect": [],
                "target_group_arn": "arn:aws:elasticloadbalancing:us-east-2:891377163278:targetgroup/tf-20240502052325058000000007/5df3fd01dd17bf72",
                "type": "forward"
              }
            ],
            "id": "arn:aws:elasticloadbalancing:us-east-2:891377163278:listener/app/Web-elb/5f0d4de5f9eee095/892991b2aef10b00",
            "load_balancer_arn": "arn:aws:elasticloadbalancing:us-east-2:891377163278:loadbalancer/app/Web-elb/5f0d4de5f9eee095",
            "mutual_authentication": [],
            "port": 80,
            "protocol": "HTTP",
            "ssl_policy": "",
            "tags": {},
            "tags_all": {},
            "timeouts": null
          },
          "sensitive_attributes": [],
          "private": "eyJlMmJmYjczMC1lY2FhLTExZTYtOGY4OC0zNDM2M2JjN2M0YzAiOnsiY3JlYXRlIjozMDAwMDAwMDAwMDAsInVwZGF0ZSI6MzAwMDAwMDAwMDAwfX0=",
          "dependencies": [
            "module.alb.aws_lb.Web-elb",
            "module.alb.aws_lb_target_group.web-tg",
            "module.alb.data.aws_security_group.web-alb-sg",
            "module.alb.data.aws_subnet.public-subnet1",
            "module.alb.data.aws_subnet.public-subnet2",
            "module.alb.data.aws_vpc.vpc",
            "module.rds.aws_db_subnet_group.db_subnet_group",
            "module.rds.aws_rds_cluster.aurora_cluster",
            "module.rds.aws_rds_cluster_instance.primary_instance",
            "module.rds.aws_rds_cluster_instance.read_replica_instance",
            "module.rds.data.aws_security_group.db-sg",
            "module.rds.data.aws_subnet.db-subnet1",
            "module.rds.data.aws_subnet.db-subnet2",
            "module.security-group.aws_security_group.alb-sg",
            "module.security-group.aws_security_group.app-tier-sg",
            "module.security-group.aws_security_group.database-sg",
            "module.security-group.aws_security_group.web-tier-sg",
            "module.security-group.data.aws_vpc.vpc",
            "module.vpc.aws_eip.eip1",
            "module.vpc.aws_eip.eip2",
            "module.vpc.aws_internet_gateway.igw",
            "module.vpc.aws_nat_gateway.ngw1",
            "module.vpc.aws_nat_gateway.ngw2",
            "module.vpc.aws_route_table.db-rt1",
            "module.vpc.aws_route_table.db-rt2",
            "module.vpc.aws_route_table.private-rt1",
            "module.vpc.aws_route_table.private-rt2",
            "module.vpc.aws_route_table.public-rt",
            "module.vpc.aws_route_table_association.db-rt-association1",
            "module.vpc.aws_route_table_association.db-rt-association2",
            "module.vpc.aws_route_table_association.private-rt-association1",
            "module.vpc.aws_route_table_association.private-rt-association2",
            "module.vpc.aws_route_table_association.public-rt-association1",
            "module.vpc.aws_route_table_association.public-rt-association2",
            "module.vpc.aws_subnet.db-subnet1",
            "module.vpc.aws_subnet.db-subnet2",
            "module.vpc.aws_subnet.private-subnet1",
            "module.vpc.aws_subnet.private-subnet2",
            "module.vpc.aws_subnet.public-subnet1",
            "module.vpc.aws_subnet.public-subnet2",
            "module.vpc.aws_vpc.vpc",
            "module.vpc.data.aws_availability_zones.azs"
          ],
          "create_before_destroy": true
        }
      ]
    },
    {
      "module": "module.alb",
      "mode": "managed",
      "type": "aws_lb_target_group",
      "name": "app-tg",
      "provider": "provider[\"registry.terraform.io/hashicorp/aws\"]",
      "instances": [
        {
          "schema_version": 0,
          "attributes": {
            "arn": "arn:aws:elasticloadbalancing:us-east-2:891377163278:targetgroup/tf-20240502052325058000000008/12ce3950942b1990",
            "arn_suffix": "targetgroup/tf-20240502052325058000000008/12ce3950942b1990",
            "connection_termination": null,
            "deregistration_delay": "300",
            "health_check": [
              {
                "enabled": true,
                "healthy_threshold": 5,
                "interval": 10,
                "matcher": "200",
                "path": "/",
                "port": "traffic-port",
                "protocol": "HTTP",
                "timeout": 5,
                "unhealthy_threshold": 2
              }
            ],
            "id": "arn:aws:elasticloadbalancing:us-east-2:891377163278:targetgroup/tf-20240502052325058000000008/12ce3950942b1990",
            "ip_address_type": "ipv4",
            "lambda_multi_value_headers_enabled": false,
            "load_balancer_arns": [],
            "load_balancing_algorithm_type": "round_robin",
            "load_balancing_anomaly_mitigation": "off",
            "load_balancing_cross_zone_enabled": "use_load_balancer_configuration",
            "name": "tf-20240502052325058000000008",
            "name_prefix": "tf-",
            "port": 80,
            "preserve_client_ip": null,
            "protocol": "HTTP",
            "protocol_version": "HTTP1",
            "proxy_protocol_v2": false,
            "slow_start": 0,
            "stickiness": [
              {
                "cookie_duration": 86400,
                "cookie_name": "",
                "enabled": false,
                "type": "lb_cookie"
              }
            ],
            "tags": {
              "Name": "App-TG"
            },
            "tags_all": {
              "Name": "App-TG"
            },
            "target_failover": [
              {
                "on_deregistration": null,
                "on_unhealthy": null
              }
            ],
            "target_health_state": [
              {
                "enable_unhealthy_connection_termination": null
              }
            ],
            "target_type": "instance",
            "vpc_id": "vpc-027f492b4c199ea63"
          },
          "sensitive_attributes": [],
          "private": "bnVsbA==",
          "dependencies": [
            "module.alb.aws_lb.App-elb",
            "module.alb.data.aws_security_group.web-alb-sg",
            "module.alb.data.aws_subnet.private-subnet1",
            "module.alb.data.aws_subnet.private-subnet2",
            "module.alb.data.aws_vpc.vpc",
            "module.rds.aws_db_subnet_group.db_subnet_group",
            "module.rds.aws_rds_cluster.aurora_cluster",
            "module.rds.aws_rds_cluster_instance.primary_instance",
            "module.rds.aws_rds_cluster_instance.read_replica_instance",
            "module.rds.data.aws_security_group.db-sg",
            "module.rds.data.aws_subnet.db-subnet1",
            "module.rds.data.aws_subnet.db-subnet2",
            "module.security-group.aws_security_group.alb-sg",
            "module.security-group.aws_security_group.app-tier-sg",
            "module.security-group.aws_security_group.database-sg",
            "module.security-group.aws_security_group.web-tier-sg",
            "module.security-group.data.aws_vpc.vpc",
            "module.vpc.aws_eip.eip1",
            "module.vpc.aws_eip.eip2",
            "module.vpc.aws_internet_gateway.igw",
            "module.vpc.aws_nat_gateway.ngw1",
            "module.vpc.aws_nat_gateway.ngw2",
            "module.vpc.aws_route_table.db-rt1",
            "module.vpc.aws_route_table.db-rt2",
            "module.vpc.aws_route_table.private-rt1",
            "module.vpc.aws_route_table.private-rt2",
            "module.vpc.aws_route_table.public-rt",
            "module.vpc.aws_route_table_association.db-rt-association1",
            "module.vpc.aws_route_table_association.db-rt-association2",
            "module.vpc.aws_route_table_association.private-rt-association1",
            "module.vpc.aws_route_table_association.private-rt-association2",
            "module.vpc.aws_route_table_association.public-rt-association1",
            "module.vpc.aws_route_table_association.public-rt-association2",
            "module.vpc.aws_subnet.db-subnet1",
            "module.vpc.aws_subnet.db-subnet2",
            "module.vpc.aws_subnet.private-subnet1",
            "module.vpc.aws_subnet.private-subnet2",
            "module.vpc.aws_subnet.public-subnet1",
            "module.vpc.aws_subnet.public-subnet2",
            "module.vpc.aws_vpc.vpc",
            "module.vpc.data.aws_availability_zones.azs"
          ],
          "create_before_destroy": true
        }
      ]
    },
    {
      "module": "module.alb",
      "mode": "managed",
      "type": "aws_lb_target_group",
      "name": "web-tg",
      "provider": "provider[\"registry.terraform.io/hashicorp/aws\"]",
      "instances": [
        {
          "schema_version": 0,
          "attributes": {
            "arn": "arn:aws:elasticloadbalancing:us-east-2:891377163278:targetgroup/tf-20240502052325058000000007/5df3fd01dd17bf72",
            "arn_suffix": "targetgroup/tf-20240502052325058000000007/5df3fd01dd17bf72",
            "connection_termination": null,
            "deregistration_delay": "300",
            "health_check": [
              {
                "enabled": true,
                "healthy_threshold": 5,
                "interval": 10,
                "matcher": "200",
                "path": "/",
                "port": "traffic-port",
                "protocol": "HTTP",
                "timeout": 5,
                "unhealthy_threshold": 2
              }
            ],
            "id": "arn:aws:elasticloadbalancing:us-east-2:891377163278:targetgroup/tf-20240502052325058000000007/5df3fd01dd17bf72",
            "ip_address_type": "ipv4",
            "lambda_multi_value_headers_enabled": false,
            "load_balancer_arns": [],
            "load_balancing_algorithm_type": "round_robin",
            "load_balancing_anomaly_mitigation": "off",
            "load_balancing_cross_zone_enabled": "use_load_balancer_configuration",
            "name": "tf-20240502052325058000000007",
            "name_prefix": "tf-",
            "port": 80,
            "preserve_client_ip": null,
            "protocol": "HTTP",
            "protocol_version": "HTTP1",
            "proxy_protocol_v2": false,
            "slow_start": 0,
            "stickiness": [
              {
                "cookie_duration": 86400,
                "cookie_name": "",
                "enabled": false,
                "type": "lb_cookie"
              }
            ],
            "tags": {
              "Name": "Web-TG"
            },
            "tags_all": {
              "Name": "Web-TG"
            },
            "target_failover": [
              {
                "on_deregistration": null,
                "on_unhealthy": null
              }
            ],
            "target_health_state": [
              {
                "enable_unhealthy_connection_termination": null
              }
            ],
            "target_type": "instance",
            "vpc_id": "vpc-027f492b4c199ea63"
          },
          "sensitive_attributes": [],
          "private": "bnVsbA==",
          "dependencies": [
            "module.alb.aws_lb.Web-elb",
            "module.alb.data.aws_security_group.web-alb-sg",
            "module.alb.data.aws_subnet.public-subnet1",
            "module.alb.data.aws_subnet.public-subnet2",
            "module.alb.data.aws_vpc.vpc",
            "module.rds.aws_db_subnet_group.db_subnet_group",
            "module.rds.aws_rds_cluster.aurora_cluster",
            "module.rds.aws_rds_cluster_instance.primary_instance",
            "module.rds.aws_rds_cluster_instance.read_replica_instance",
            "module.rds.data.aws_security_group.db-sg",
            "module.rds.data.aws_subnet.db-subnet1",
            "module.rds.data.aws_subnet.db-subnet2",
            "module.security-group.aws_security_group.alb-sg",
            "module.security-group.aws_security_group.app-tier-sg",
            "module.security-group.aws_security_group.database-sg",
            "module.security-group.aws_security_group.web-tier-sg",
            "module.security-group.data.aws_vpc.vpc",
            "module.vpc.aws_eip.eip1",
            "module.vpc.aws_eip.eip2",
            "module.vpc.aws_internet_gateway.igw",
            "module.vpc.aws_nat_gateway.ngw1",
            "module.vpc.aws_nat_gateway.ngw2",
            "module.vpc.aws_route_table.db-rt1",
            "module.vpc.aws_route_table.db-rt2",
            "module.vpc.aws_route_table.private-rt1",
            "module.vpc.aws_route_table.private-rt2",
            "module.vpc.aws_route_table.public-rt",
            "module.vpc.aws_route_table_association.db-rt-association1",
            "module.vpc.aws_route_table_association.db-rt-association2",
            "module.vpc.aws_route_table_association.private-rt-association1",
            "module.vpc.aws_route_table_association.private-rt-association2",
            "module.vpc.aws_route_table_association.public-rt-association1",
            "module.vpc.aws_route_table_association.public-rt-association2",
            "module.vpc.aws_subnet.db-subnet1",
            "module.vpc.aws_subnet.db-subnet2",
            "module.vpc.aws_subnet.private-subnet1",
            "module.vpc.aws_subnet.private-subnet2",
            "module.vpc.aws_subnet.public-subnet1",
            "module.vpc.aws_subnet.public-subnet2",
            "module.vpc.aws_vpc.vpc",
            "module.vpc.data.aws_availability_zones.azs"
          ],
          "create_before_destroy": true
        }
      ]
    },
    {
      "module": "module.autoscaling",
      "mode": "data",
      "type": "aws_iam_instance_profile",
      "name": "instance-profile",
      "provider": "provider[\"registry.terraform.io/hashicorp/aws\"]",
      "instances": [
        {
          "schema_version": 0,
          "attributes": {
            "arn": "arn:aws:iam::891377163278:instance-profile/iam-instance-profile-for-ec2-SSM",
            "create_date": "2024-05-02 03:04:04 +0000 UTC",
            "id": "AIPA47CRYDQHP2TEK3D3V",
            "name": "iam-instance-profile-for-ec2-SSM",
            "path": "/",
            "role_arn": "arn:aws:iam::891377163278:role/iam-role-for-ec2-SSM",
            "role_id": "AROA47CRYDQHMJ4POJH3S",
            "role_name": "iam-role-for-ec2-SSM"
          },
          "sensitive_attributes": []
        }
      ]
    },
    {
      "module": "module.autoscaling",
      "mode": "data",
      "type": "aws_security_group",
      "name": "app-sg",
      "provider": "provider[\"registry.terraform.io/hashicorp/aws\"]",
      "instances": [
        {
          "schema_version": 0,
          "attributes": {
            "arn": "arn:aws:ec2:us-east-2:891377163278:security-group/sg-026451007e56d7f72",
            "description": "Allow HTTP and HTTPS from APP ALB Only",
            "filter": [
              {
                "name": "group-id",
                "values": [
                  "sg-026451007e56d7f72"
                ]
              },
              {
                "name": "tag:Name",
                "values": [
                  "kdt-app-sg"
                ]
              }
            ],
            "id": "sg-026451007e56d7f72",
            "name": "terraform-20240502052212893000000002",
            "tags": {
              "Name": "kdt-app-sg"
            },
            "timeouts": null,
            "vpc_id": "vpc-027f492b4c199ea63"
          },
          "sensitive_attributes": []
        }
      ]
    },
    {
      "module": "module.autoscaling",
      "mode": "data",
      "type": "aws_security_group",
      "name": "web-sg",
      "provider": "provider[\"registry.terraform.io/hashicorp/aws\"]",
      "instances": [
        {
          "schema_version": 0,
          "attributes": {
            "arn": "arn:aws:ec2:us-east-2:891377163278:security-group/sg-0b28bb8621bb754fd",
            "description": "Allow HTTP and HTTPS for WEP ALB Only",
            "filter": [
              {
                "name": "group-id",
                "values": [
                  "sg-0b28bb8621bb754fd"
                ]
              },
              {
                "name": "tag:Name",
                "values": [
                  "kdt-web-sg"
                ]
              }
            ],
            "id": "sg-0b28bb8621bb754fd",
            "name": "terraform-20240502052212893000000003",
            "tags": {
              "Name": "kdt-web-sg"
            },
            "timeouts": null,
            "vpc_id": "vpc-027f492b4c199ea63"
          },
          "sensitive_attributes": []
        }
      ]
    },
    {
      "module": "module.autoscaling",
      "mode": "data",
      "type": "aws_subnet",
      "name": "private-subnet1",
      "provider": "provider[\"registry.terraform.io/hashicorp/aws\"]",
      "instances": [
        {
          "schema_version": 0,
          "attributes": {
            "arn": "arn:aws:ec2:us-east-2:891377163278:subnet/subnet-08a033219ac895069",
            "assign_ipv6_address_on_creation": false,
            "availability_zone": "us-east-2a",
            "availability_zone_id": "use2-az1",
            "available_ip_address_count": 1016,
            "cidr_block": "10.50.4.0/22",
            "customer_owned_ipv4_pool": "",
            "default_for_az": false,
            "enable_dns64": false,
            "enable_lni_at_device_index": 0,
            "enable_resource_name_dns_a_record_on_launch": false,
            "enable_resource_name_dns_aaaa_record_on_launch": false,
            "filter": [
              {
                "name": "tag:Name",
                "values": [
                  "kdt-Private-Subnet1"
                ]
              }
            ],
            "id": "subnet-08a033219ac895069",
            "ipv6_cidr_block": "",
            "ipv6_cidr_block_association_id": "",
            "ipv6_native": false,
            "map_customer_owned_ip_on_launch": false,
            "map_public_ip_on_launch": false,
            "outpost_arn": "",
            "owner_id": "891377163278",
            "private_dns_hostname_type_on_launch": "ip-name",
            "state": "available",
            "tags": {
              "Name": "kdt-Private-Subnet1"
            },
            "timeouts": null,
            "vpc_id": "vpc-027f492b4c199ea63"
          },
          "sensitive_attributes": []
        }
      ]
    },
    {
      "module": "module.autoscaling",
      "mode": "data",
      "type": "aws_subnet",
      "name": "private-subnet2",
      "provider": "provider[\"registry.terraform.io/hashicorp/aws\"]",
      "instances": [
        {
          "schema_version": 0,
          "attributes": {
            "arn": "arn:aws:ec2:us-east-2:891377163278:subnet/subnet-0f0e0a9601305fffd",
            "assign_ipv6_address_on_creation": false,
            "availability_zone": "us-east-2b",
            "availability_zone_id": "use2-az2",
            "available_ip_address_count": 1016,
            "cidr_block": "10.50.8.0/22",
            "customer_owned_ipv4_pool": "",
            "default_for_az": false,
            "enable_dns64": false,
            "enable_lni_at_device_index": 0,
            "enable_resource_name_dns_a_record_on_launch": false,
            "enable_resource_name_dns_aaaa_record_on_launch": false,
            "filter": [
              {
                "name": "tag:Name",
                "values": [
                  "kdt-Private-Subnet2"
                ]
              }
            ],
            "id": "subnet-0f0e0a9601305fffd",
            "ipv6_cidr_block": "",
            "ipv6_cidr_block_association_id": "",
            "ipv6_native": false,
            "map_customer_owned_ip_on_launch": false,
            "map_public_ip_on_launch": false,
            "outpost_arn": "",
            "owner_id": "891377163278",
            "private_dns_hostname_type_on_launch": "ip-name",
            "state": "available",
            "tags": {
              "Name": "kdt-Private-Subnet2"
            },
            "timeouts": null,
            "vpc_id": "vpc-027f492b4c199ea63"
          },
          "sensitive_attributes": []
        }
      ]
    },
    {
      "module": "module.autoscaling",
      "mode": "managed",
      "type": "aws_autoscaling_group",
      "name": "App-ASG",
      "provider": "provider[\"registry.terraform.io/hashicorp/aws\"]",
      "instances": [
        {
          "schema_version": 1,
          "attributes": {
            "arn": "arn:aws:autoscaling:us-east-2:891377163278:autoScalingGroup:01da229c-a884-4e52-af15-0745458702d8:autoScalingGroupName/kdt-APP-ASG",
            "availability_zones": [
              "us-east-2a",
              "us-east-2b"
            ],
            "capacity_rebalance": false,
            "context": "",
            "default_cooldown": 300,
            "default_instance_warmup": 0,
            "desired_capacity": 2,
            "desired_capacity_type": "",
            "enabled_metrics": [],
            "force_delete": true,
            "force_delete_warm_pool": false,
            "health_check_grace_period": 300,
            "health_check_type": "ELB",
            "id": "kdt-APP-ASG",
            "ignore_failed_scaling_activities": false,
            "initial_lifecycle_hook": [],
            "instance_maintenance_policy": [],
            "instance_refresh": [],
            "launch_configuration": "",
            "launch_template": [
              {
                "id": "lt-0c19622eabbe0f3ad",
                "name": "Web-template2",
                "version": "2"
              }
            ],
            "load_balancers": [],
            "max_instance_lifetime": 0,
            "max_size": 4,
            "metrics_granularity": "1Minute",
            "min_elb_capacity": null,
            "min_size": 2,
            "mixed_instances_policy": [],
            "name": "kdt-APP-ASG",
            "name_prefix": "",
            "placement_group": "",
            "predicted_capacity": 0,
            "protect_from_scale_in": false,
            "service_linked_role_arn": "arn:aws:iam::891377163278:role/aws-service-role/autoscaling.amazonaws.com/AWSServiceRoleForAutoScaling",
            "suspended_processes": [],
            "tag": [
              {
                "key": "Name",
                "propagate_at_launch": true,
                "value": "App-ASG"
              }
            ],
            "target_group_arns": [
              "arn:aws:elasticloadbalancing:us-east-2:891377163278:targetgroup/tf-20240502052325058000000007/5df3fd01dd17bf72"
            ],
            "termination_policies": [],
            "timeouts": null,
            "traffic_source": [
              {
                "identifier": "arn:aws:elasticloadbalancing:us-east-2:891377163278:targetgroup/tf-2024050203034860440000000c/08a46405286d2d43",
                "type": "elbv2"
              }
            ],
            "vpc_zone_identifier": [
              "subnet-08a033219ac895069",
              "subnet-0f0e0a9601305fffd"
            ],
            "wait_for_capacity_timeout": "10m",
            "wait_for_elb_capacity": null,
            "warm_pool": [],
            "warm_pool_size": 0
          },
          "sensitive_attributes": [],
          "private": "eyJlMmJmYjczMC1lY2FhLTExZTYtOGY4OC0zNDM2M2JjN2M0YzAiOnsiZGVsZXRlIjo2MDAwMDAwMDAwMDAsInVwZGF0ZSI6NjAwMDAwMDAwMDAwfSwic2NoZW1hX3ZlcnNpb24iOiIxIn0=",
          "dependencies": [
            "module.alb.aws_lb.App-elb",
            "module.alb.aws_lb.Web-elb",
            "module.alb.aws_lb_listener.app-alb-listener",
            "module.alb.aws_lb_listener.web-alb-listener",
            "module.alb.aws_lb_target_group.app-tg",
            "module.alb.aws_lb_target_group.web-tg",
            "module.alb.data.aws_security_group.web-alb-sg",
            "module.alb.data.aws_subnet.private-subnet1",
            "module.alb.data.aws_subnet.private-subnet2",
            "module.alb.data.aws_subnet.public-subnet1",
            "module.alb.data.aws_subnet.public-subnet2",
            "module.alb.data.aws_vpc.vpc",
            "module.autoscaling.aws_launch_template.App-LC",
            "module.autoscaling.data.aws_security_group.app-sg",
            "module.autoscaling.data.aws_subnet.private-subnet1",
            "module.autoscaling.data.aws_subnet.private-subnet2",
            "module.iam.aws_iam_instance_profile.test_profile",
            "module.iam.aws_iam_role.iam-role",
            "module.iam.aws_iam_role_policy.iam-policy",
            "module.rds.aws_db_subnet_group.db_subnet_group",
            "module.rds.aws_rds_cluster.aurora_cluster",
            "module.rds.aws_rds_cluster_instance.primary_instance",
            "module.rds.aws_rds_cluster_instance.read_replica_instance",
            "module.rds.data.aws_security_group.db-sg",
            "module.rds.data.aws_subnet.db-subnet1",
            "module.rds.data.aws_subnet.db-subnet2",
            "module.security-group.aws_security_group.alb-sg",
            "module.security-group.aws_security_group.app-tier-sg",
            "module.security-group.aws_security_group.database-sg",
            "module.security-group.aws_security_group.web-tier-sg",
            "module.security-group.data.aws_vpc.vpc",
            "module.vpc.aws_eip.eip1",
            "module.vpc.aws_eip.eip2",
            "module.vpc.aws_internet_gateway.igw",
            "module.vpc.aws_nat_gateway.ngw1",
            "module.vpc.aws_nat_gateway.ngw2",
            "module.vpc.aws_route_table.db-rt1",
            "module.vpc.aws_route_table.db-rt2",
            "module.vpc.aws_route_table.private-rt1",
            "module.vpc.aws_route_table.private-rt2",
            "module.vpc.aws_route_table.public-rt",
            "module.vpc.aws_route_table_association.db-rt-association1",
            "module.vpc.aws_route_table_association.db-rt-association2",
            "module.vpc.aws_route_table_association.private-rt-association1",
            "module.vpc.aws_route_table_association.private-rt-association2",
            "module.vpc.aws_route_table_association.public-rt-association1",
            "module.vpc.aws_route_table_association.public-rt-association2",
            "module.vpc.aws_subnet.db-subnet1",
            "module.vpc.aws_subnet.db-subnet2",
            "module.vpc.aws_subnet.private-subnet1",
            "module.vpc.aws_subnet.private-subnet2",
            "module.vpc.aws_subnet.public-subnet1",
            "module.vpc.aws_subnet.public-subnet2",
            "module.vpc.aws_vpc.vpc",
            "module.vpc.data.aws_availability_zones.azs"
          ],
          "create_before_destroy": true
        }
      ]
    },
    {
      "module": "module.autoscaling",
      "mode": "managed",
      "type": "aws_autoscaling_group",
      "name": "Web-ASG",
      "provider": "provider[\"registry.terraform.io/hashicorp/aws\"]",
      "instances": [
        {
          "schema_version": 1,
          "attributes": {
            "arn": "arn:aws:autoscaling:us-east-2:891377163278:autoScalingGroup:51eae769-101a-46d7-be9b-57b919148fa8:autoScalingGroupName/kdt-WEB-ASG",
            "availability_zones": [
              "us-east-2a",
              "us-east-2b"
            ],
            "capacity_rebalance": false,
            "context": "",
            "default_cooldown": 300,
            "default_instance_warmup": 0,
            "desired_capacity": 2,
            "desired_capacity_type": "",
            "enabled_metrics": [],
            "force_delete": true,
            "force_delete_warm_pool": false,
            "health_check_grace_period": 300,
            "health_check_type": "ELB",
            "id": "kdt-WEB-ASG",
            "ignore_failed_scaling_activities": false,
            "initial_lifecycle_hook": [],
            "instance_maintenance_policy": [],
            "instance_refresh": [],
            "launch_configuration": "",
            "launch_template": [
              {
                "id": "lt-02a4658e2b4cdf329",
                "name": "Web-template",
                "version": "2"
              }
            ],
            "load_balancers": [],
            "max_instance_lifetime": 0,
            "max_size": 4,
            "metrics_granularity": "1Minute",
            "min_elb_capacity": null,
            "min_size": 2,
            "mixed_instances_policy": [],
            "name": "kdt-WEB-ASG",
            "name_prefix": "",
            "placement_group": "",
            "predicted_capacity": 0,
            "protect_from_scale_in": false,
            "service_linked_role_arn": "arn:aws:iam::891377163278:role/aws-service-role/autoscaling.amazonaws.com/AWSServiceRoleForAutoScaling",
            "suspended_processes": [],
            "tag": [
              {
                "key": "Name",
                "propagate_at_launch": true,
                "value": "Web-ASG"
              }
            ],
            "target_group_arns": [
              "arn:aws:elasticloadbalancing:us-east-2:891377163278:targetgroup/tf-20240502052325058000000008/12ce3950942b1990"
            ],
            "termination_policies": [],
            "timeouts": null,
            "traffic_source": [
              {
                "identifier": "arn:aws:elasticloadbalancing:us-east-2:891377163278:targetgroup/tf-2024050203035870400000000d/c4b7c5a900013d4b",
                "type": "elbv2"
              }
            ],
            "vpc_zone_identifier": [
              "subnet-08a033219ac895069",
              "subnet-0f0e0a9601305fffd"
            ],
            "wait_for_capacity_timeout": "10m",
            "wait_for_elb_capacity": null,
            "warm_pool": [],
            "warm_pool_size": 0
          },
          "sensitive_attributes": [],
          "private": "eyJlMmJmYjczMC1lY2FhLTExZTYtOGY4OC0zNDM2M2JjN2M0YzAiOnsiZGVsZXRlIjo2MDAwMDAwMDAwMDAsInVwZGF0ZSI6NjAwMDAwMDAwMDAwfSwic2NoZW1hX3ZlcnNpb24iOiIxIn0=",
          "dependencies": [
            "module.alb.aws_lb.App-elb",
            "module.alb.aws_lb.Web-elb",
            "module.alb.aws_lb_listener.app-alb-listener",
            "module.alb.aws_lb_listener.web-alb-listener",
            "module.alb.aws_lb_target_group.app-tg",
            "module.alb.aws_lb_target_group.web-tg",
            "module.alb.data.aws_security_group.web-alb-sg",
            "module.alb.data.aws_subnet.private-subnet1",
            "module.alb.data.aws_subnet.private-subnet2",
            "module.alb.data.aws_subnet.public-subnet1",
            "module.alb.data.aws_subnet.public-subnet2",
            "module.alb.data.aws_vpc.vpc",
            "module.autoscaling.aws_launch_template.Web-LC",
            "module.autoscaling.data.aws_security_group.web-sg",
            "module.autoscaling.data.aws_subnet.private-subnet1",
            "module.autoscaling.data.aws_subnet.private-subnet2",
            "module.iam.aws_iam_instance_profile.test_profile",
            "module.iam.aws_iam_role.iam-role",
            "module.iam.aws_iam_role_policy.iam-policy",
            "module.rds.aws_db_subnet_group.db_subnet_group",
            "module.rds.aws_rds_cluster.aurora_cluster",
            "module.rds.aws_rds_cluster_instance.primary_instance",
            "module.rds.aws_rds_cluster_instance.read_replica_instance",
            "module.rds.data.aws_security_group.db-sg",
            "module.rds.data.aws_subnet.db-subnet1",
            "module.rds.data.aws_subnet.db-subnet2",
            "module.security-group.aws_security_group.alb-sg",
            "module.security-group.aws_security_group.app-tier-sg",
            "module.security-group.aws_security_group.database-sg",
            "module.security-group.aws_security_group.web-tier-sg",
            "module.security-group.data.aws_vpc.vpc",
            "module.vpc.aws_eip.eip1",
            "module.vpc.aws_eip.eip2",
            "module.vpc.aws_internet_gateway.igw",
            "module.vpc.aws_nat_gateway.ngw1",
            "module.vpc.aws_nat_gateway.ngw2",
            "module.vpc.aws_route_table.db-rt1",
            "module.vpc.aws_route_table.db-rt2",
            "module.vpc.aws_route_table.private-rt1",
            "module.vpc.aws_route_table.private-rt2",
            "module.vpc.aws_route_table.public-rt",
            "module.vpc.aws_route_table_association.db-rt-association1",
            "module.vpc.aws_route_table_association.db-rt-association2",
            "module.vpc.aws_route_table_association.private-rt-association1",
            "module.vpc.aws_route_table_association.private-rt-association2",
            "module.vpc.aws_route_table_association.public-rt-association1",
            "module.vpc.aws_route_table_association.public-rt-association2",
            "module.vpc.aws_subnet.db-subnet1",
            "module.vpc.aws_subnet.db-subnet2",
            "module.vpc.aws_subnet.private-subnet1",
            "module.vpc.aws_subnet.private-subnet2",
            "module.vpc.aws_subnet.public-subnet1",
            "module.vpc.aws_subnet.public-subnet2",
            "module.vpc.aws_vpc.vpc",
            "module.vpc.data.aws_availability_zones.azs"
          ],
          "create_before_destroy": true
        }
      ]
    },
    {
      "module": "module.autoscaling",
      "mode": "managed",
      "type": "aws_autoscaling_policy",
      "name": "app-custom-cpu-policy",
      "provider": "provider[\"registry.terraform.io/hashicorp/aws\"]",
      "instances": [
        {
          "schema_version": 0,
          "attributes": {
            "adjustment_type": "ChangeInCapacity",
            "arn": "arn:aws:autoscaling:us-east-2:891377163278:scalingPolicy:27c81cf7-fd11-439c-94fe-f48b099cd4e4:autoScalingGroupName/kdt-WEB-ASG:policyName/custom-cpu-policy",
            "autoscaling_group_name": "kdt-WEB-ASG",
            "cooldown": 60,
            "enabled": true,
            "estimated_instance_warmup": 0,
            "id": "custom-cpu-policy",
            "metric_aggregation_type": "",
            "min_adjustment_magnitude": 0,
            "name": "custom-cpu-policy",
            "policy_type": "SimpleScaling",
            "predictive_scaling_configuration": [],
            "scaling_adjustment": 1,
            "step_adjustment": [],
            "target_tracking_configuration": []
          },
          "sensitive_attributes": [],
          "private": "bnVsbA==",
          "dependencies": [
            "module.alb.aws_lb.App-elb",
            "module.alb.aws_lb.Web-elb",
            "module.alb.aws_lb_listener.app-alb-listener",
            "module.alb.aws_lb_listener.web-alb-listener",
            "module.alb.aws_lb_target_group.app-tg",
            "module.alb.aws_lb_target_group.web-tg",
            "module.alb.data.aws_security_group.web-alb-sg",
            "module.alb.data.aws_subnet.private-subnet1",
            "module.alb.data.aws_subnet.private-subnet2",
            "module.alb.data.aws_subnet.public-subnet1",
            "module.alb.data.aws_subnet.public-subnet2",
            "module.alb.data.aws_vpc.vpc",
            "module.autoscaling.aws_autoscaling_group.Web-ASG",
            "module.autoscaling.aws_launch_template.Web-LC",
            "module.autoscaling.data.aws_security_group.web-sg",
            "module.autoscaling.data.aws_subnet.private-subnet1",
            "module.autoscaling.data.aws_subnet.private-subnet2",
            "module.iam.aws_iam_instance_profile.test_profile",
            "module.iam.aws_iam_role.iam-role",
            "module.iam.aws_iam_role_policy.iam-policy",
            "module.rds.aws_db_subnet_group.db_subnet_group",
            "module.rds.aws_rds_cluster.aurora_cluster",
            "module.rds.aws_rds_cluster_instance.primary_instance",
            "module.rds.aws_rds_cluster_instance.read_replica_instance",
            "module.rds.data.aws_security_group.db-sg",
            "module.rds.data.aws_subnet.db-subnet1",
            "module.rds.data.aws_subnet.db-subnet2",
            "module.security-group.aws_security_group.alb-sg",
            "module.security-group.aws_security_group.app-tier-sg",
            "module.security-group.aws_security_group.database-sg",
            "module.security-group.aws_security_group.web-tier-sg",
            "module.security-group.data.aws_vpc.vpc",
            "module.vpc.aws_eip.eip1",
            "module.vpc.aws_eip.eip2",
            "module.vpc.aws_internet_gateway.igw",
            "module.vpc.aws_nat_gateway.ngw1",
            "module.vpc.aws_nat_gateway.ngw2",
            "module.vpc.aws_route_table.db-rt1",
            "module.vpc.aws_route_table.db-rt2",
            "module.vpc.aws_route_table.private-rt1",
            "module.vpc.aws_route_table.private-rt2",
            "module.vpc.aws_route_table.public-rt",
            "module.vpc.aws_route_table_association.db-rt-association1",
            "module.vpc.aws_route_table_association.db-rt-association2",
            "module.vpc.aws_route_table_association.private-rt-association1",
            "module.vpc.aws_route_table_association.private-rt-association2",
            "module.vpc.aws_route_table_association.public-rt-association1",
            "module.vpc.aws_route_table_association.public-rt-association2",
            "module.vpc.aws_subnet.db-subnet1",
            "module.vpc.aws_subnet.db-subnet2",
            "module.vpc.aws_subnet.private-subnet1",
            "module.vpc.aws_subnet.private-subnet2",
            "module.vpc.aws_subnet.public-subnet1",
            "module.vpc.aws_subnet.public-subnet2",
            "module.vpc.aws_vpc.vpc",
            "module.vpc.data.aws_availability_zones.azs"
          ],
          "create_before_destroy": true
        }
      ]
    },
    {
      "module": "module.autoscaling",
      "mode": "managed",
      "type": "aws_autoscaling_policy",
      "name": "app-custom-cpu-policy-scaledown",
      "provider": "provider[\"registry.terraform.io/hashicorp/aws\"]",
      "instances": [
        {
          "schema_version": 0,
          "attributes": {
            "adjustment_type": "ChangeInCapacity",
            "arn": "arn:aws:autoscaling:us-east-2:891377163278:scalingPolicy:60696891-117f-458c-a7fd-235aaa7027bb:autoScalingGroupName/kdt-WEB-ASG:policyName/custom-cpu-policy-scaledown",
            "autoscaling_group_name": "kdt-WEB-ASG",
            "cooldown": 60,
            "enabled": true,
            "estimated_instance_warmup": 0,
            "id": "custom-cpu-policy-scaledown",
            "metric_aggregation_type": "",
            "min_adjustment_magnitude": 0,
            "name": "custom-cpu-policy-scaledown",
            "policy_type": "SimpleScaling",
            "predictive_scaling_configuration": [],
            "scaling_adjustment": -1,
            "step_adjustment": [],
            "target_tracking_configuration": []
          },
          "sensitive_attributes": [],
          "private": "bnVsbA==",
          "dependencies": [
            "module.alb.aws_lb.App-elb",
            "module.alb.aws_lb.Web-elb",
            "module.alb.aws_lb_listener.app-alb-listener",
            "module.alb.aws_lb_listener.web-alb-listener",
            "module.alb.aws_lb_target_group.app-tg",
            "module.alb.aws_lb_target_group.web-tg",
            "module.alb.data.aws_security_group.web-alb-sg",
            "module.alb.data.aws_subnet.private-subnet1",
            "module.alb.data.aws_subnet.private-subnet2",
            "module.alb.data.aws_subnet.public-subnet1",
            "module.alb.data.aws_subnet.public-subnet2",
            "module.alb.data.aws_vpc.vpc",
            "module.autoscaling.aws_autoscaling_group.Web-ASG",
            "module.autoscaling.aws_launch_template.Web-LC",
            "module.autoscaling.data.aws_security_group.web-sg",
            "module.autoscaling.data.aws_subnet.private-subnet1",
            "module.autoscaling.data.aws_subnet.private-subnet2",
            "module.iam.aws_iam_instance_profile.test_profile",
            "module.iam.aws_iam_role.iam-role",
            "module.iam.aws_iam_role_policy.iam-policy",
            "module.rds.aws_db_subnet_group.db_subnet_group",
            "module.rds.aws_rds_cluster.aurora_cluster",
            "module.rds.aws_rds_cluster_instance.primary_instance",
            "module.rds.aws_rds_cluster_instance.read_replica_instance",
            "module.rds.data.aws_security_group.db-sg",
            "module.rds.data.aws_subnet.db-subnet1",
            "module.rds.data.aws_subnet.db-subnet2",
            "module.security-group.aws_security_group.alb-sg",
            "module.security-group.aws_security_group.app-tier-sg",
            "module.security-group.aws_security_group.database-sg",
            "module.security-group.aws_security_group.web-tier-sg",
            "module.security-group.data.aws_vpc.vpc",
            "module.vpc.aws_eip.eip1",
            "module.vpc.aws_eip.eip2",
            "module.vpc.aws_internet_gateway.igw",
            "module.vpc.aws_nat_gateway.ngw1",
            "module.vpc.aws_nat_gateway.ngw2",
            "module.vpc.aws_route_table.db-rt1",
            "module.vpc.aws_route_table.db-rt2",
            "module.vpc.aws_route_table.private-rt1",
            "module.vpc.aws_route_table.private-rt2",
            "module.vpc.aws_route_table.public-rt",
            "module.vpc.aws_route_table_association.db-rt-association1",
            "module.vpc.aws_route_table_association.db-rt-association2",
            "module.vpc.aws_route_table_association.private-rt-association1",
            "module.vpc.aws_route_table_association.private-rt-association2",
            "module.vpc.aws_route_table_association.public-rt-association1",
            "module.vpc.aws_route_table_association.public-rt-association2",
            "module.vpc.aws_subnet.db-subnet1",
            "module.vpc.aws_subnet.db-subnet2",
            "module.vpc.aws_subnet.private-subnet1",
            "module.vpc.aws_subnet.private-subnet2",
            "module.vpc.aws_subnet.public-subnet1",
            "module.vpc.aws_subnet.public-subnet2",
            "module.vpc.aws_vpc.vpc",
            "module.vpc.data.aws_availability_zones.azs"
          ],
          "create_before_destroy": true
        }
      ]
    },
    {
      "module": "module.autoscaling",
      "mode": "managed",
      "type": "aws_autoscaling_policy",
      "name": "web-custom-cpu-policy",
      "provider": "provider[\"registry.terraform.io/hashicorp/aws\"]",
      "instances": [
        {
          "schema_version": 0,
          "attributes": {
            "adjustment_type": "ChangeInCapacity",
            "arn": "arn:aws:autoscaling:us-east-2:891377163278:scalingPolicy:27c81cf7-fd11-439c-94fe-f48b099cd4e4:autoScalingGroupName/kdt-WEB-ASG:policyName/custom-cpu-policy",
            "autoscaling_group_name": "kdt-WEB-ASG",
            "cooldown": 60,
            "enabled": true,
            "estimated_instance_warmup": 0,
            "id": "custom-cpu-policy",
            "metric_aggregation_type": "",
            "min_adjustment_magnitude": 0,
            "name": "custom-cpu-policy",
            "policy_type": "SimpleScaling",
            "predictive_scaling_configuration": [],
            "scaling_adjustment": 1,
            "step_adjustment": [],
            "target_tracking_configuration": []
          },
          "sensitive_attributes": [],
          "private": "bnVsbA==",
          "dependencies": [
            "module.alb.aws_lb.App-elb",
            "module.alb.aws_lb.Web-elb",
            "module.alb.aws_lb_listener.app-alb-listener",
            "module.alb.aws_lb_listener.web-alb-listener",
            "module.alb.aws_lb_target_group.app-tg",
            "module.alb.aws_lb_target_group.web-tg",
            "module.alb.data.aws_security_group.web-alb-sg",
            "module.alb.data.aws_subnet.private-subnet1",
            "module.alb.data.aws_subnet.private-subnet2",
            "module.alb.data.aws_subnet.public-subnet1",
            "module.alb.data.aws_subnet.public-subnet2",
            "module.alb.data.aws_vpc.vpc",
            "module.autoscaling.aws_autoscaling_group.Web-ASG",
            "module.autoscaling.aws_launch_template.Web-LC",
            "module.autoscaling.data.aws_security_group.web-sg",
            "module.autoscaling.data.aws_subnet.private-subnet1",
            "module.autoscaling.data.aws_subnet.private-subnet2",
            "module.iam.aws_iam_instance_profile.test_profile",
            "module.iam.aws_iam_role.iam-role",
            "module.iam.aws_iam_role_policy.iam-policy",
            "module.rds.aws_db_subnet_group.db_subnet_group",
            "module.rds.aws_rds_cluster.aurora_cluster",
            "module.rds.aws_rds_cluster_instance.primary_instance",
            "module.rds.aws_rds_cluster_instance.read_replica_instance",
            "module.rds.data.aws_security_group.db-sg",
            "module.rds.data.aws_subnet.db-subnet1",
            "module.rds.data.aws_subnet.db-subnet2",
            "module.security-group.aws_security_group.alb-sg",
            "module.security-group.aws_security_group.app-tier-sg",
            "module.security-group.aws_security_group.database-sg",
            "module.security-group.aws_security_group.web-tier-sg",
            "module.security-group.data.aws_vpc.vpc",
            "module.vpc.aws_eip.eip1",
            "module.vpc.aws_eip.eip2",
            "module.vpc.aws_internet_gateway.igw",
            "module.vpc.aws_nat_gateway.ngw1",
            "module.vpc.aws_nat_gateway.ngw2",
            "module.vpc.aws_route_table.db-rt1",
            "module.vpc.aws_route_table.db-rt2",
            "module.vpc.aws_route_table.private-rt1",
            "module.vpc.aws_route_table.private-rt2",
            "module.vpc.aws_route_table.public-rt",
            "module.vpc.aws_route_table_association.db-rt-association1",
            "module.vpc.aws_route_table_association.db-rt-association2",
            "module.vpc.aws_route_table_association.private-rt-association1",
            "module.vpc.aws_route_table_association.private-rt-association2",
            "module.vpc.aws_route_table_association.public-rt-association1",
            "module.vpc.aws_route_table_association.public-rt-association2",
            "module.vpc.aws_subnet.db-subnet1",
            "module.vpc.aws_subnet.db-subnet2",
            "module.vpc.aws_subnet.private-subnet1",
            "module.vpc.aws_subnet.private-subnet2",
            "module.vpc.aws_subnet.public-subnet1",
            "module.vpc.aws_subnet.public-subnet2",
            "module.vpc.aws_vpc.vpc",
            "module.vpc.data.aws_availability_zones.azs"
          ],
          "create_before_destroy": true
        }
      ]
    },
    {
      "module": "module.autoscaling",
      "mode": "managed",
      "type": "aws_autoscaling_policy",
      "name": "web-custom-cpu-policy-scaledown",
      "provider": "provider[\"registry.terraform.io/hashicorp/aws\"]",
      "instances": [
        {
          "schema_version": 0,
          "attributes": {
            "adjustment_type": "ChangeInCapacity",
            "arn": "arn:aws:autoscaling:us-east-2:891377163278:scalingPolicy:60696891-117f-458c-a7fd-235aaa7027bb:autoScalingGroupName/kdt-WEB-ASG:policyName/custom-cpu-policy-scaledown",
            "autoscaling_group_name": "kdt-WEB-ASG",
            "cooldown": 60,
            "enabled": true,
            "estimated_instance_warmup": 0,
            "id": "custom-cpu-policy-scaledown",
            "metric_aggregation_type": "",
            "min_adjustment_magnitude": 0,
            "name": "custom-cpu-policy-scaledown",
            "policy_type": "SimpleScaling",
            "predictive_scaling_configuration": [],
            "scaling_adjustment": -1,
            "step_adjustment": [],
            "target_tracking_configuration": []
          },
          "sensitive_attributes": [],
          "private": "bnVsbA==",
          "dependencies": [
            "module.alb.aws_lb.App-elb",
            "module.alb.aws_lb.Web-elb",
            "module.alb.aws_lb_listener.app-alb-listener",
            "module.alb.aws_lb_listener.web-alb-listener",
            "module.alb.aws_lb_target_group.app-tg",
            "module.alb.aws_lb_target_group.web-tg",
            "module.alb.data.aws_security_group.web-alb-sg",
            "module.alb.data.aws_subnet.private-subnet1",
            "module.alb.data.aws_subnet.private-subnet2",
            "module.alb.data.aws_subnet.public-subnet1",
            "module.alb.data.aws_subnet.public-subnet2",
            "module.alb.data.aws_vpc.vpc",
            "module.autoscaling.aws_autoscaling_group.Web-ASG",
            "module.autoscaling.aws_launch_template.Web-LC",
            "module.autoscaling.data.aws_security_group.web-sg",
            "module.autoscaling.data.aws_subnet.private-subnet1",
            "module.autoscaling.data.aws_subnet.private-subnet2",
            "module.iam.aws_iam_instance_profile.test_profile",
            "module.iam.aws_iam_role.iam-role",
            "module.iam.aws_iam_role_policy.iam-policy",
            "module.rds.aws_db_subnet_group.db_subnet_group",
            "module.rds.aws_rds_cluster.aurora_cluster",
            "module.rds.aws_rds_cluster_instance.primary_instance",
            "module.rds.aws_rds_cluster_instance.read_replica_instance",
            "module.rds.data.aws_security_group.db-sg",
            "module.rds.data.aws_subnet.db-subnet1",
            "module.rds.data.aws_subnet.db-subnet2",
            "module.security-group.aws_security_group.alb-sg",
            "module.security-group.aws_security_group.app-tier-sg",
            "module.security-group.aws_security_group.database-sg",
            "module.security-group.aws_security_group.web-tier-sg",
            "module.security-group.data.aws_vpc.vpc",
            "module.vpc.aws_eip.eip1",
            "module.vpc.aws_eip.eip2",
            "module.vpc.aws_internet_gateway.igw",
            "module.vpc.aws_nat_gateway.ngw1",
            "module.vpc.aws_nat_gateway.ngw2",
            "module.vpc.aws_route_table.db-rt1",
            "module.vpc.aws_route_table.db-rt2",
            "module.vpc.aws_route_table.private-rt1",
            "module.vpc.aws_route_table.private-rt2",
            "module.vpc.aws_route_table.public-rt",
            "module.vpc.aws_route_table_association.db-rt-association1",
            "module.vpc.aws_route_table_association.db-rt-association2",
            "module.vpc.aws_route_table_association.private-rt-association1",
            "module.vpc.aws_route_table_association.private-rt-association2",
            "module.vpc.aws_route_table_association.public-rt-association1",
            "module.vpc.aws_route_table_association.public-rt-association2",
            "module.vpc.aws_subnet.db-subnet1",
            "module.vpc.aws_subnet.db-subnet2",
            "module.vpc.aws_subnet.private-subnet1",
            "module.vpc.aws_subnet.private-subnet2",
            "module.vpc.aws_subnet.public-subnet1",
            "module.vpc.aws_subnet.public-subnet2",
            "module.vpc.aws_vpc.vpc",
            "module.vpc.data.aws_availability_zones.azs"
          ],
          "create_before_destroy": true
        }
      ]
    },
    {
      "module": "module.autoscaling",
      "mode": "managed",
      "type": "aws_cloudwatch_metric_alarm",
      "name": "app-custom-cpu-alarm",
      "provider": "provider[\"registry.terraform.io/hashicorp/aws\"]",
      "instances": [
        {
          "schema_version": 1,
          "attributes": {
            "actions_enabled": true,
            "alarm_actions": [
              "arn:aws:autoscaling:us-east-2:891377163278:scalingPolicy:27c81cf7-fd11-439c-94fe-f48b099cd4e4:autoScalingGroupName/kdt-WEB-ASG:policyName/custom-cpu-policy"
            ],
            "alarm_description": "alarm when cpu usage increases",
            "alarm_name": "custom-webserver-cpu-alarm",
            "arn": "arn:aws:cloudwatch:us-east-2:891377163278:alarm:custom-webserver-cpu-alarm",
            "comparison_operator": "GreaterThanOrEqualToThreshold",
            "datapoints_to_alarm": 0,
            "dimensions": {
              "AutoScalingGroupName": "kdt-WEB-ASG"
            },
            "evaluate_low_sample_count_percentiles": "",
            "evaluation_periods": 2,
            "extended_statistic": "",
            "id": "custom-webserver-cpu-alarm",
            "insufficient_data_actions": [],
            "metric_name": "CPUUtilization",
            "metric_query": [],
            "namespace": "AWS/EC2",
            "ok_actions": [],
            "period": 120,
            "statistic": "Average",
            "tags": {},
            "tags_all": {},
            "threshold": 70,
            "threshold_metric_id": "",
            "treat_missing_data": "missing",
            "unit": ""
          },
          "sensitive_attributes": [],
          "private": "eyJzY2hlbWFfdmVyc2lvbiI6IjEifQ==",
          "dependencies": [
            "module.alb.aws_lb.App-elb",
            "module.alb.aws_lb.Web-elb",
            "module.alb.aws_lb_listener.app-alb-listener",
            "module.alb.aws_lb_listener.web-alb-listener",
            "module.alb.aws_lb_target_group.app-tg",
            "module.alb.aws_lb_target_group.web-tg",
            "module.alb.data.aws_security_group.web-alb-sg",
            "module.alb.data.aws_subnet.private-subnet1",
            "module.alb.data.aws_subnet.private-subnet2",
            "module.alb.data.aws_subnet.public-subnet1",
            "module.alb.data.aws_subnet.public-subnet2",
            "module.alb.data.aws_vpc.vpc",
            "module.autoscaling.aws_autoscaling_group.Web-ASG",
            "module.autoscaling.aws_autoscaling_policy.web-custom-cpu-policy",
            "module.autoscaling.aws_launch_template.Web-LC",
            "module.autoscaling.data.aws_security_group.web-sg",
            "module.autoscaling.data.aws_subnet.private-subnet1",
            "module.autoscaling.data.aws_subnet.private-subnet2",
            "module.iam.aws_iam_instance_profile.test_profile",
            "module.iam.aws_iam_role.iam-role",
            "module.iam.aws_iam_role_policy.iam-policy",
            "module.rds.aws_db_subnet_group.db_subnet_group",
            "module.rds.aws_rds_cluster.aurora_cluster",
            "module.rds.aws_rds_cluster_instance.primary_instance",
            "module.rds.aws_rds_cluster_instance.read_replica_instance",
            "module.rds.data.aws_security_group.db-sg",
            "module.rds.data.aws_subnet.db-subnet1",
            "module.rds.data.aws_subnet.db-subnet2",
            "module.security-group.aws_security_group.alb-sg",
            "module.security-group.aws_security_group.app-tier-sg",
            "module.security-group.aws_security_group.database-sg",
            "module.security-group.aws_security_group.web-tier-sg",
            "module.security-group.data.aws_vpc.vpc",
            "module.vpc.aws_eip.eip1",
            "module.vpc.aws_eip.eip2",
            "module.vpc.aws_internet_gateway.igw",
            "module.vpc.aws_nat_gateway.ngw1",
            "module.vpc.aws_nat_gateway.ngw2",
            "module.vpc.aws_route_table.db-rt1",
            "module.vpc.aws_route_table.db-rt2",
            "module.vpc.aws_route_table.private-rt1",
            "module.vpc.aws_route_table.private-rt2",
            "module.vpc.aws_route_table.public-rt",
            "module.vpc.aws_route_table_association.db-rt-association1",
            "module.vpc.aws_route_table_association.db-rt-association2",
            "module.vpc.aws_route_table_association.private-rt-association1",
            "module.vpc.aws_route_table_association.private-rt-association2",
            "module.vpc.aws_route_table_association.public-rt-association1",
            "module.vpc.aws_route_table_association.public-rt-association2",
            "module.vpc.aws_subnet.db-subnet1",
            "module.vpc.aws_subnet.db-subnet2",
            "module.vpc.aws_subnet.private-subnet1",
            "module.vpc.aws_subnet.private-subnet2",
            "module.vpc.aws_subnet.public-subnet1",
            "module.vpc.aws_subnet.public-subnet2",
            "module.vpc.aws_vpc.vpc",
            "module.vpc.data.aws_availability_zones.azs"
          ],
          "create_before_destroy": true
        }
      ]
    },
    {
      "module": "module.autoscaling",
      "mode": "managed",
      "type": "aws_cloudwatch_metric_alarm",
      "name": "app-custom-cpu-alarm-scaledown",
      "provider": "provider[\"registry.terraform.io/hashicorp/aws\"]",
      "instances": [
        {
          "schema_version": 1,
          "attributes": {
            "actions_enabled": true,
            "alarm_actions": [
              "arn:aws:autoscaling:us-east-2:891377163278:scalingPolicy:60696891-117f-458c-a7fd-235aaa7027bb:autoScalingGroupName/kdt-WEB-ASG:policyName/custom-cpu-policy-scaledown"
            ],
            "alarm_description": "alarm when cpu usage decreases",
            "alarm_name": "custom-webserver-cpu-alarm-scaledown",
            "arn": "arn:aws:cloudwatch:us-east-2:891377163278:alarm:custom-webserver-cpu-alarm-scaledown",
            "comparison_operator": "LessThanOrEqualToThreshold",
            "datapoints_to_alarm": 0,
            "dimensions": {
              "AutoScalingGroupName": "kdt-APP-ASG"
            },
            "evaluate_low_sample_count_percentiles": "",
            "evaluation_periods": 2,
            "extended_statistic": "",
            "id": "custom-webserver-cpu-alarm-scaledown",
            "insufficient_data_actions": [],
            "metric_name": "CPUUtilization",
            "metric_query": [],
            "namespace": "AWS/EC2",
            "ok_actions": [],
            "period": 120,
            "statistic": "Average",
            "tags": {},
            "tags_all": {},
            "threshold": 50,
            "threshold_metric_id": "",
            "treat_missing_data": "missing",
            "unit": ""
          },
          "sensitive_attributes": [],
          "private": "eyJzY2hlbWFfdmVyc2lvbiI6IjEifQ==",
          "dependencies": [
            "module.alb.aws_lb.App-elb",
            "module.alb.aws_lb.Web-elb",
            "module.alb.aws_lb_listener.app-alb-listener",
            "module.alb.aws_lb_listener.web-alb-listener",
            "module.alb.aws_lb_target_group.app-tg",
            "module.alb.aws_lb_target_group.web-tg",
            "module.alb.data.aws_security_group.web-alb-sg",
            "module.alb.data.aws_subnet.private-subnet1",
            "module.alb.data.aws_subnet.private-subnet2",
            "module.alb.data.aws_subnet.public-subnet1",
            "module.alb.data.aws_subnet.public-subnet2",
            "module.alb.data.aws_vpc.vpc",
            "module.autoscaling.aws_autoscaling_group.App-ASG",
            "module.autoscaling.aws_autoscaling_group.Web-ASG",
            "module.autoscaling.aws_autoscaling_policy.app-custom-cpu-policy-scaledown",
            "module.autoscaling.aws_launch_template.App-LC",
            "module.autoscaling.aws_launch_template.Web-LC",
            "module.autoscaling.data.aws_security_group.app-sg",
            "module.autoscaling.data.aws_security_group.web-sg",
            "module.autoscaling.data.aws_subnet.private-subnet1",
            "module.autoscaling.data.aws_subnet.private-subnet2",
            "module.iam.aws_iam_instance_profile.test_profile",
            "module.iam.aws_iam_role.iam-role",
            "module.iam.aws_iam_role_policy.iam-policy",
            "module.rds.aws_db_subnet_group.db_subnet_group",
            "module.rds.aws_rds_cluster.aurora_cluster",
            "module.rds.aws_rds_cluster_instance.primary_instance",
            "module.rds.aws_rds_cluster_instance.read_replica_instance",
            "module.rds.data.aws_security_group.db-sg",
            "module.rds.data.aws_subnet.db-subnet1",
            "module.rds.data.aws_subnet.db-subnet2",
            "module.security-group.aws_security_group.alb-sg",
            "module.security-group.aws_security_group.app-tier-sg",
            "module.security-group.aws_security_group.database-sg",
            "module.security-group.aws_security_group.web-tier-sg",
            "module.security-group.data.aws_vpc.vpc",
            "module.vpc.aws_eip.eip1",
            "module.vpc.aws_eip.eip2",
            "module.vpc.aws_internet_gateway.igw",
            "module.vpc.aws_nat_gateway.ngw1",
            "module.vpc.aws_nat_gateway.ngw2",
            "module.vpc.aws_route_table.db-rt1",
            "module.vpc.aws_route_table.db-rt2",
            "module.vpc.aws_route_table.private-rt1",
            "module.vpc.aws_route_table.private-rt2",
            "module.vpc.aws_route_table.public-rt",
            "module.vpc.aws_route_table_association.db-rt-association1",
            "module.vpc.aws_route_table_association.db-rt-association2",
            "module.vpc.aws_route_table_association.private-rt-association1",
            "module.vpc.aws_route_table_association.private-rt-association2",
            "module.vpc.aws_route_table_association.public-rt-association1",
            "module.vpc.aws_route_table_association.public-rt-association2",
            "module.vpc.aws_subnet.db-subnet1",
            "module.vpc.aws_subnet.db-subnet2",
            "module.vpc.aws_subnet.private-subnet1",
            "module.vpc.aws_subnet.private-subnet2",
            "module.vpc.aws_subnet.public-subnet1",
            "module.vpc.aws_subnet.public-subnet2",
            "module.vpc.aws_vpc.vpc",
            "module.vpc.data.aws_availability_zones.azs"
          ],
          "create_before_destroy": true
        }
      ]
    },
    {
      "module": "module.autoscaling",
      "mode": "managed",
      "type": "aws_cloudwatch_metric_alarm",
      "name": "web-custom-cpu-alarm",
      "provider": "provider[\"registry.terraform.io/hashicorp/aws\"]",
      "instances": [
        {
          "schema_version": 1,
          "attributes": {
            "actions_enabled": true,
            "alarm_actions": [
              "arn:aws:autoscaling:us-east-2:891377163278:scalingPolicy:27c81cf7-fd11-439c-94fe-f48b099cd4e4:autoScalingGroupName/kdt-WEB-ASG:policyName/custom-cpu-policy"
            ],
            "alarm_description": "alarm when cpu usage increases",
            "alarm_name": "custom-webserver-cpu-alarm",
            "arn": "arn:aws:cloudwatch:us-east-2:891377163278:alarm:custom-webserver-cpu-alarm",
            "comparison_operator": "GreaterThanOrEqualToThreshold",
            "datapoints_to_alarm": 0,
            "dimensions": {
              "AutoScalingGroupName": "kdt-WEB-ASG"
            },
            "evaluate_low_sample_count_percentiles": "",
            "evaluation_periods": 2,
            "extended_statistic": "",
            "id": "custom-webserver-cpu-alarm",
            "insufficient_data_actions": [],
            "metric_name": "CPUUtilization",
            "metric_query": [],
            "namespace": "AWS/EC2",
            "ok_actions": [],
            "period": 120,
            "statistic": "Average",
            "tags": {},
            "tags_all": {},
            "threshold": 70,
            "threshold_metric_id": "",
            "treat_missing_data": "missing",
            "unit": ""
          },
          "sensitive_attributes": [],
          "private": "eyJzY2hlbWFfdmVyc2lvbiI6IjEifQ==",
          "dependencies": [
            "module.alb.aws_lb.App-elb",
            "module.alb.aws_lb.Web-elb",
            "module.alb.aws_lb_listener.app-alb-listener",
            "module.alb.aws_lb_listener.web-alb-listener",
            "module.alb.aws_lb_target_group.app-tg",
            "module.alb.aws_lb_target_group.web-tg",
            "module.alb.data.aws_security_group.web-alb-sg",
            "module.alb.data.aws_subnet.private-subnet1",
            "module.alb.data.aws_subnet.private-subnet2",
            "module.alb.data.aws_subnet.public-subnet1",
            "module.alb.data.aws_subnet.public-subnet2",
            "module.alb.data.aws_vpc.vpc",
            "module.autoscaling.aws_autoscaling_group.Web-ASG",
            "module.autoscaling.aws_autoscaling_policy.web-custom-cpu-policy",
            "module.autoscaling.aws_launch_template.Web-LC",
            "module.autoscaling.data.aws_security_group.web-sg",
            "module.autoscaling.data.aws_subnet.private-subnet1",
            "module.autoscaling.data.aws_subnet.private-subnet2",
            "module.iam.aws_iam_instance_profile.test_profile",
            "module.iam.aws_iam_role.iam-role",
            "module.iam.aws_iam_role_policy.iam-policy",
            "module.rds.aws_db_subnet_group.db_subnet_group",
            "module.rds.aws_rds_cluster.aurora_cluster",
            "module.rds.aws_rds_cluster_instance.primary_instance",
            "module.rds.aws_rds_cluster_instance.read_replica_instance",
            "module.rds.data.aws_security_group.db-sg",
            "module.rds.data.aws_subnet.db-subnet1",
            "module.rds.data.aws_subnet.db-subnet2",
            "module.security-group.aws_security_group.alb-sg",
            "module.security-group.aws_security_group.app-tier-sg",
            "module.security-group.aws_security_group.database-sg",
            "module.security-group.aws_security_group.web-tier-sg",
            "module.security-group.data.aws_vpc.vpc",
            "module.vpc.aws_eip.eip1",
            "module.vpc.aws_eip.eip2",
            "module.vpc.aws_internet_gateway.igw",
            "module.vpc.aws_nat_gateway.ngw1",
            "module.vpc.aws_nat_gateway.ngw2",
            "module.vpc.aws_route_table.db-rt1",
            "module.vpc.aws_route_table.db-rt2",
            "module.vpc.aws_route_table.private-rt1",
            "module.vpc.aws_route_table.private-rt2",
            "module.vpc.aws_route_table.public-rt",
            "module.vpc.aws_route_table_association.db-rt-association1",
            "module.vpc.aws_route_table_association.db-rt-association2",
            "module.vpc.aws_route_table_association.private-rt-association1",
            "module.vpc.aws_route_table_association.private-rt-association2",
            "module.vpc.aws_route_table_association.public-rt-association1",
            "module.vpc.aws_route_table_association.public-rt-association2",
            "module.vpc.aws_subnet.db-subnet1",
            "module.vpc.aws_subnet.db-subnet2",
            "module.vpc.aws_subnet.private-subnet1",
            "module.vpc.aws_subnet.private-subnet2",
            "module.vpc.aws_subnet.public-subnet1",
            "module.vpc.aws_subnet.public-subnet2",
            "module.vpc.aws_vpc.vpc",
            "module.vpc.data.aws_availability_zones.azs"
          ],
          "create_before_destroy": true
        }
      ]
    },
    {
      "module": "module.autoscaling",
      "mode": "managed",
      "type": "aws_cloudwatch_metric_alarm",
      "name": "web-custom-cpu-alarm-scaledown",
      "provider": "provider[\"registry.terraform.io/hashicorp/aws\"]",
      "instances": [
        {
          "schema_version": 1,
          "attributes": {
            "actions_enabled": true,
            "alarm_actions": [
              "arn:aws:autoscaling:us-east-2:891377163278:scalingPolicy:60696891-117f-458c-a7fd-235aaa7027bb:autoScalingGroupName/kdt-WEB-ASG:policyName/custom-cpu-policy-scaledown"
            ],
            "alarm_description": "alarm when cpu usage decreases",
            "alarm_name": "custom-webserver-cpu-alarm-scaledown",
            "arn": "arn:aws:cloudwatch:us-east-2:891377163278:alarm:custom-webserver-cpu-alarm-scaledown",
            "comparison_operator": "LessThanOrEqualToThreshold",
            "datapoints_to_alarm": 0,
            "dimensions": {
              "AutoScalingGroupName": "kdt-WEB-ASG"
            },
            "evaluate_low_sample_count_percentiles": "",
            "evaluation_periods": 2,
            "extended_statistic": "",
            "id": "custom-webserver-cpu-alarm-scaledown",
            "insufficient_data_actions": [],
            "metric_name": "CPUUtilization",
            "metric_query": [],
            "namespace": "AWS/EC2",
            "ok_actions": [],
            "period": 120,
            "statistic": "Average",
            "tags": {},
            "tags_all": {},
            "threshold": 50,
            "threshold_metric_id": "",
            "treat_missing_data": "missing",
            "unit": ""
          },
          "sensitive_attributes": [],
          "private": "eyJzY2hlbWFfdmVyc2lvbiI6IjEifQ==",
          "dependencies": [
            "module.alb.aws_lb.App-elb",
            "module.alb.aws_lb.Web-elb",
            "module.alb.aws_lb_listener.app-alb-listener",
            "module.alb.aws_lb_listener.web-alb-listener",
            "module.alb.aws_lb_target_group.app-tg",
            "module.alb.aws_lb_target_group.web-tg",
            "module.alb.data.aws_security_group.web-alb-sg",
            "module.alb.data.aws_subnet.private-subnet1",
            "module.alb.data.aws_subnet.private-subnet2",
            "module.alb.data.aws_subnet.public-subnet1",
            "module.alb.data.aws_subnet.public-subnet2",
            "module.alb.data.aws_vpc.vpc",
            "module.autoscaling.aws_autoscaling_group.Web-ASG",
            "module.autoscaling.aws_autoscaling_policy.web-custom-cpu-policy-scaledown",
            "module.autoscaling.aws_launch_template.Web-LC",
            "module.autoscaling.data.aws_security_group.web-sg",
            "module.autoscaling.data.aws_subnet.private-subnet1",
            "module.autoscaling.data.aws_subnet.private-subnet2",
            "module.iam.aws_iam_instance_profile.test_profile",
            "module.iam.aws_iam_role.iam-role",
            "module.iam.aws_iam_role_policy.iam-policy",
            "module.rds.aws_db_subnet_group.db_subnet_group",
            "module.rds.aws_rds_cluster.aurora_cluster",
            "module.rds.aws_rds_cluster_instance.primary_instance",
            "module.rds.aws_rds_cluster_instance.read_replica_instance",
            "module.rds.data.aws_security_group.db-sg",
            "module.rds.data.aws_subnet.db-subnet1",
            "module.rds.data.aws_subnet.db-subnet2",
            "module.security-group.aws_security_group.alb-sg",
            "module.security-group.aws_security_group.app-tier-sg",
            "module.security-group.aws_security_group.database-sg",
            "module.security-group.aws_security_group.web-tier-sg",
            "module.security-group.data.aws_vpc.vpc",
            "module.vpc.aws_eip.eip1",
            "module.vpc.aws_eip.eip2",
            "module.vpc.aws_internet_gateway.igw",
            "module.vpc.aws_nat_gateway.ngw1",
            "module.vpc.aws_nat_gateway.ngw2",
            "module.vpc.aws_route_table.db-rt1",
            "module.vpc.aws_route_table.db-rt2",
            "module.vpc.aws_route_table.private-rt1",
            "module.vpc.aws_route_table.private-rt2",
            "module.vpc.aws_route_table.public-rt",
            "module.vpc.aws_route_table_association.db-rt-association1",
            "module.vpc.aws_route_table_association.db-rt-association2",
            "module.vpc.aws_route_table_association.private-rt-association1",
            "module.vpc.aws_route_table_association.private-rt-association2",
            "module.vpc.aws_route_table_association.public-rt-association1",
            "module.vpc.aws_route_table_association.public-rt-association2",
            "module.vpc.aws_subnet.db-subnet1",
            "module.vpc.aws_subnet.db-subnet2",
            "module.vpc.aws_subnet.private-subnet1",
            "module.vpc.aws_subnet.private-subnet2",
            "module.vpc.aws_subnet.public-subnet1",
            "module.vpc.aws_subnet.public-subnet2",
            "module.vpc.aws_vpc.vpc",
            "module.vpc.data.aws_availability_zones.azs"
          ],
          "create_before_destroy": true
        }
      ]
    },
    {
      "module": "module.autoscaling",
      "mode": "managed",
      "type": "aws_launch_template",
      "name": "App-LC",
      "provider": "provider[\"registry.terraform.io/hashicorp/aws\"]",
      "instances": [
        {
          "schema_version": 0,
          "attributes": {
            "arn": "arn:aws:ec2:us-east-2:891377163278:launch-template/lt-0c19622eabbe0f3ad",
            "block_device_mappings": [],
            "capacity_reservation_specification": [],
            "cpu_options": [],
            "credit_specification": [],
            "default_version": 1,
            "description": "",
            "disable_api_stop": false,
            "disable_api_termination": false,
            "ebs_optimized": "",
            "elastic_gpu_specifications": [],
            "elastic_inference_accelerator": [],
            "enclave_options": [],
            "hibernation_options": [],
            "iam_instance_profile": [
              {
                "arn": "",
                "name": "iam-instance-profile-for-ec2-SSM"
              }
            ],
            "id": "lt-0c19622eabbe0f3ad",
            "image_id": "ami-09b90e09742640522",
            "instance_initiated_shutdown_behavior": "",
            "instance_market_options": [],
            "instance_requirements": [],
            "instance_type": "t3.micro",
            "kernel_id": "",
            "key_name": "",
            "latest_version": 2,
            "license_specification": [],
            "maintenance_options": [],
            "metadata_options": [],
            "monitoring": [],
            "name": "Web-template2",
            "name_prefix": "",
            "network_interfaces": [],
            "placement": [],
            "private_dns_name_options": [],
            "ram_disk_id": "",
            "security_group_names": [],
            "tag_specifications": [],
            "tags": {},
            "tags_all": {},
            "update_default_version": null,
            "user_data": "IyEvYmluL2Jhc2gNCg0KIyMjIyMjIyMjIyMjIyMjIyMjIyMjIyMjIyMjIyMjIyMjIyMjIyMjIw0KIyMjIyMgVVNFIFRISVMgV0lUSCBBTUFaT04gTElOVVggMiAjIyMjIw0KIyMjIyMjIyMjIyMjIyMjIyMjIyMjIyMjIyMjIyMjIyMjIyMjIyMjIw0KDQojIGdldCBhZG1pbiBwcml2aWxlZ2VzDQpzdWRvIHN1DQoNCiMgaW5zdGFsbCBodHRwZCAoTGludXggMiB2ZXJzaW9uKQ0KeXVtIHVwZGF0ZSAteQ0KeXVtIGluc3RhbGwgLXkgaHR0cGQueDg2XzY0DQpzeXN0ZW1jdGwgc3RhcnQgaHR0cGQuc2VydmljZQ0Kc3lzdGVtY3RsIGVuYWJsZSBodHRwZC5zZXJ2aWNlDQplY2hvICJIZWxsbyBXb3JsZCBmcm9tICQoaG9zdG5hbWUgLWYpIiA+IC92YXIvd3d3L2h0bWwvaW5kZXguaHRtbA==",
            "vpc_security_group_ids": [
              "sg-026451007e56d7f72"
            ]
          },
          "sensitive_attributes": [],
          "private": "bnVsbA==",
          "dependencies": [
            "module.alb.aws_lb.App-elb",
            "module.alb.aws_lb.Web-elb",
            "module.alb.aws_lb_listener.app-alb-listener",
            "module.alb.aws_lb_listener.web-alb-listener",
            "module.alb.aws_lb_target_group.app-tg",
            "module.alb.aws_lb_target_group.web-tg",
            "module.alb.data.aws_security_group.web-alb-sg",
            "module.alb.data.aws_subnet.private-subnet1",
            "module.alb.data.aws_subnet.private-subnet2",
            "module.alb.data.aws_subnet.public-subnet1",
            "module.alb.data.aws_subnet.public-subnet2",
            "module.alb.data.aws_vpc.vpc",
            "module.autoscaling.data.aws_security_group.app-sg",
            "module.iam.aws_iam_instance_profile.test_profile",
            "module.iam.aws_iam_role.iam-role",
            "module.iam.aws_iam_role_policy.iam-policy",
            "module.rds.aws_db_subnet_group.db_subnet_group",
            "module.rds.aws_rds_cluster.aurora_cluster",
            "module.rds.aws_rds_cluster_instance.primary_instance",
            "module.rds.aws_rds_cluster_instance.read_replica_instance",
            "module.rds.data.aws_security_group.db-sg",
            "module.rds.data.aws_subnet.db-subnet1",
            "module.rds.data.aws_subnet.db-subnet2",
            "module.security-group.aws_security_group.alb-sg",
            "module.security-group.aws_security_group.app-tier-sg",
            "module.security-group.aws_security_group.database-sg",
            "module.security-group.aws_security_group.web-tier-sg",
            "module.security-group.data.aws_vpc.vpc",
            "module.vpc.aws_eip.eip1",
            "module.vpc.aws_eip.eip2",
            "module.vpc.aws_internet_gateway.igw",
            "module.vpc.aws_nat_gateway.ngw1",
            "module.vpc.aws_nat_gateway.ngw2",
            "module.vpc.aws_route_table.db-rt1",
            "module.vpc.aws_route_table.db-rt2",
            "module.vpc.aws_route_table.private-rt1",
            "module.vpc.aws_route_table.private-rt2",
            "module.vpc.aws_route_table.public-rt",
            "module.vpc.aws_route_table_association.db-rt-association1",
            "module.vpc.aws_route_table_association.db-rt-association2",
            "module.vpc.aws_route_table_association.private-rt-association1",
            "module.vpc.aws_route_table_association.private-rt-association2",
            "module.vpc.aws_route_table_association.public-rt-association1",
            "module.vpc.aws_route_table_association.public-rt-association2",
            "module.vpc.aws_subnet.db-subnet1",
            "module.vpc.aws_subnet.db-subnet2",
            "module.vpc.aws_subnet.private-subnet1",
            "module.vpc.aws_subnet.private-subnet2",
            "module.vpc.aws_subnet.public-subnet1",
            "module.vpc.aws_subnet.public-subnet2",
            "module.vpc.aws_vpc.vpc",
            "module.vpc.data.aws_availability_zones.azs"
          ],
          "create_before_destroy": true
        }
      ]
    },
    {
      "module": "module.autoscaling",
      "mode": "managed",
      "type": "aws_launch_template",
      "name": "Web-LC",
      "provider": "provider[\"registry.terraform.io/hashicorp/aws\"]",
      "instances": [
        {
          "schema_version": 0,
          "attributes": {
            "arn": "arn:aws:ec2:us-east-2:891377163278:launch-template/lt-02a4658e2b4cdf329",
            "block_device_mappings": [],
            "capacity_reservation_specification": [],
            "cpu_options": [],
            "credit_specification": [],
            "default_version": 1,
            "description": "",
            "disable_api_stop": false,
            "disable_api_termination": false,
            "ebs_optimized": "",
            "elastic_gpu_specifications": [],
            "elastic_inference_accelerator": [],
            "enclave_options": [],
            "hibernation_options": [],
            "iam_instance_profile": [
              {
                "arn": "",
                "name": "iam-instance-profile-for-ec2-SSM"
              }
            ],
            "id": "lt-02a4658e2b4cdf329",
            "image_id": "ami-09b90e09742640522",
            "instance_initiated_shutdown_behavior": "",
            "instance_market_options": [],
            "instance_requirements": [],
            "instance_type": "t3.micro",
            "kernel_id": "",
            "key_name": "",
            "latest_version": 2,
            "license_specification": [],
            "maintenance_options": [],
            "metadata_options": [],
            "monitoring": [],
            "name": "Web-template",
            "name_prefix": "",
            "network_interfaces": [],
            "placement": [],
            "private_dns_name_options": [],
            "ram_disk_id": "",
            "security_group_names": [],
            "tag_specifications": [],
            "tags": {},
            "tags_all": {},
            "update_default_version": null,
            "user_data": "IyEvYmluL2Jhc2gNCg0KIyMjIyMjIyMjIyMjIyMjIyMjIyMjIyMjIyMjIyMjIyMjIyMjIyMjIw0KIyMjIyMgVVNFIFRISVMgV0lUSCBBTUFaT04gTElOVVggMiAjIyMjIw0KIyMjIyMjIyMjIyMjIyMjIyMjIyMjIyMjIyMjIyMjIyMjIyMjIyMjIw0KDQojIGdldCBhZG1pbiBwcml2aWxlZ2VzDQpzdWRvIHN1DQoNCiMgaW5zdGFsbCBodHRwZCAoTGludXggMiB2ZXJzaW9uKQ0KeXVtIHVwZGF0ZSAteQ0KeXVtIGluc3RhbGwgLXkgaHR0cGQueDg2XzY0DQpzeXN0ZW1jdGwgc3RhcnQgaHR0cGQuc2VydmljZQ0Kc3lzdGVtY3RsIGVuYWJsZSBodHRwZC5zZXJ2aWNlDQplY2hvICJIZWxsbyBXb3JsZCBmcm9tICQoaG9zdG5hbWUgLWYpIiA+IC92YXIvd3d3L2h0bWwvaW5kZXguaHRtbA==",
            "vpc_security_group_ids": [
              "sg-0b28bb8621bb754fd"
            ]
          },
          "sensitive_attributes": [],
          "private": "bnVsbA==",
          "dependencies": [
            "module.alb.aws_lb.App-elb",
            "module.alb.aws_lb.Web-elb",
            "module.alb.aws_lb_listener.app-alb-listener",
            "module.alb.aws_lb_listener.web-alb-listener",
            "module.alb.aws_lb_target_group.app-tg",
            "module.alb.aws_lb_target_group.web-tg",
            "module.alb.data.aws_security_group.web-alb-sg",
            "module.alb.data.aws_subnet.private-subnet1",
            "module.alb.data.aws_subnet.private-subnet2",
            "module.alb.data.aws_subnet.public-subnet1",
            "module.alb.data.aws_subnet.public-subnet2",
            "module.alb.data.aws_vpc.vpc",
            "module.autoscaling.data.aws_security_group.web-sg",
            "module.iam.aws_iam_instance_profile.test_profile",
            "module.iam.aws_iam_role.iam-role",
            "module.iam.aws_iam_role_policy.iam-policy",
            "module.rds.aws_db_subnet_group.db_subnet_group",
            "module.rds.aws_rds_cluster.aurora_cluster",
            "module.rds.aws_rds_cluster_instance.primary_instance",
            "module.rds.aws_rds_cluster_instance.read_replica_instance",
            "module.rds.data.aws_security_group.db-sg",
            "module.rds.data.aws_subnet.db-subnet1",
            "module.rds.data.aws_subnet.db-subnet2",
            "module.security-group.aws_security_group.alb-sg",
            "module.security-group.aws_security_group.app-tier-sg",
            "module.security-group.aws_security_group.database-sg",
            "module.security-group.aws_security_group.web-tier-sg",
            "module.security-group.data.aws_vpc.vpc",
            "module.vpc.aws_eip.eip1",
            "module.vpc.aws_eip.eip2",
            "module.vpc.aws_internet_gateway.igw",
            "module.vpc.aws_nat_gateway.ngw1",
            "module.vpc.aws_nat_gateway.ngw2",
            "module.vpc.aws_route_table.db-rt1",
            "module.vpc.aws_route_table.db-rt2",
            "module.vpc.aws_route_table.private-rt1",
            "module.vpc.aws_route_table.private-rt2",
            "module.vpc.aws_route_table.public-rt",
            "module.vpc.aws_route_table_association.db-rt-association1",
            "module.vpc.aws_route_table_association.db-rt-association2",
            "module.vpc.aws_route_table_association.private-rt-association1",
            "module.vpc.aws_route_table_association.private-rt-association2",
            "module.vpc.aws_route_table_association.public-rt-association1",
            "module.vpc.aws_route_table_association.public-rt-association2",
            "module.vpc.aws_subnet.db-subnet1",
            "module.vpc.aws_subnet.db-subnet2",
            "module.vpc.aws_subnet.private-subnet1",
            "module.vpc.aws_subnet.private-subnet2",
            "module.vpc.aws_subnet.public-subnet1",
            "module.vpc.aws_subnet.public-subnet2",
            "module.vpc.aws_vpc.vpc",
            "module.vpc.data.aws_availability_zones.azs"
          ],
          "create_before_destroy": true
        }
      ]
    },
    {
      "module": "module.iam",
      "mode": "managed",
      "type": "aws_iam_instance_profile",
      "name": "test_profile",
      "provider": "provider[\"registry.terraform.io/hashicorp/aws\"]",
      "instances": [
        {
          "schema_version": 0,
          "attributes": {
            "arn": "arn:aws:iam::891377163278:instance-profile/iam-instance-profile-for-ec2-SSM",
            "create_date": "2024-05-02T03:04:04Z",
            "id": "iam-instance-profile-for-ec2-SSM",
            "name": "iam-instance-profile-for-ec2-SSM",
            "name_prefix": "",
            "path": "/",
            "role": "iam-role-for-ec2-SSM",
            "tags": {},
            "tags_all": {},
            "unique_id": "AIPA47CRYDQHP2TEK3D3V"
          },
          "sensitive_attributes": [],
          "private": "bnVsbA==",
          "dependencies": [
            "module.alb.aws_lb.App-elb",
            "module.alb.aws_lb.Web-elb",
            "module.alb.aws_lb_listener.app-alb-listener",
            "module.alb.aws_lb_listener.web-alb-listener",
            "module.alb.aws_lb_target_group.app-tg",
            "module.alb.aws_lb_target_group.web-tg",
            "module.alb.data.aws_security_group.web-alb-sg",
            "module.alb.data.aws_subnet.private-subnet1",
            "module.alb.data.aws_subnet.private-subnet2",
            "module.alb.data.aws_subnet.public-subnet1",
            "module.alb.data.aws_subnet.public-subnet2",
            "module.alb.data.aws_vpc.vpc",
            "module.iam.aws_iam_role.iam-role",
            "module.rds.aws_db_subnet_group.db_subnet_group",
            "module.rds.aws_rds_cluster.aurora_cluster",
            "module.rds.aws_rds_cluster_instance.primary_instance",
            "module.rds.aws_rds_cluster_instance.read_replica_instance",
            "module.rds.data.aws_security_group.db-sg",
            "module.rds.data.aws_subnet.db-subnet1",
            "module.rds.data.aws_subnet.db-subnet2",
            "module.security-group.aws_security_group.alb-sg",
            "module.security-group.aws_security_group.app-tier-sg",
            "module.security-group.aws_security_group.database-sg",
            "module.security-group.aws_security_group.web-tier-sg",
            "module.security-group.data.aws_vpc.vpc",
            "module.vpc.aws_eip.eip1",
            "module.vpc.aws_eip.eip2",
            "module.vpc.aws_internet_gateway.igw",
            "module.vpc.aws_nat_gateway.ngw1",
            "module.vpc.aws_nat_gateway.ngw2",
            "module.vpc.aws_route_table.db-rt1",
            "module.vpc.aws_route_table.db-rt2",
            "module.vpc.aws_route_table.private-rt1",
            "module.vpc.aws_route_table.private-rt2",
            "module.vpc.aws_route_table.public-rt",
            "module.vpc.aws_route_table_association.db-rt-association1",
            "module.vpc.aws_route_table_association.db-rt-association2",
            "module.vpc.aws_route_table_association.private-rt-association1",
            "module.vpc.aws_route_table_association.private-rt-association2",
            "module.vpc.aws_route_table_association.public-rt-association1",
            "module.vpc.aws_route_table_association.public-rt-association2",
            "module.vpc.aws_subnet.db-subnet1",
            "module.vpc.aws_subnet.db-subnet2",
            "module.vpc.aws_subnet.private-subnet1",
            "module.vpc.aws_subnet.private-subnet2",
            "module.vpc.aws_subnet.public-subnet1",
            "module.vpc.aws_subnet.public-subnet2",
            "module.vpc.aws_vpc.vpc",
            "module.vpc.data.aws_availability_zones.azs"
          ],
          "create_before_destroy": true
        }
      ]
    },
    {
      "module": "module.iam",
      "mode": "managed",
      "type": "aws_iam_role",
      "name": "iam-role",
      "provider": "provider[\"registry.terraform.io/hashicorp/aws\"]",
      "instances": [
        {
          "schema_version": 0,
          "attributes": {
            "arn": "arn:aws:iam::891377163278:role/iam-role-for-ec2-SSM",
            "assume_role_policy": "{\"Statement\":[{\"Action\":\"sts:AssumeRole\",\"Effect\":\"Allow\",\"Principal\":{\"Service\":\"ec2.amazonaws.com\"}}],\"Version\":\"2012-10-17\"}",
            "create_date": "2024-05-02T03:04:03Z",
            "description": "",
            "force_detach_policies": false,
            "id": "iam-role-for-ec2-SSM",
            "inline_policy": [
              {
                "name": "iam-policy-for-ec2-SSM",
                "policy": "{\"Version\":\"2012-10-17\",\"Statement\":[{\"Action\":[\"s3:Get*\",\"s3:List*\",\"s3:Describe*\",\"s3-object-lambda:Get*\",\"s3-object-lambda:List*\",\"ssm:DescribeAssociation\",\"ssm:GetDeployablePatchSnapshotForInstance\",\"ssm:GetDocument\",\"ssm:DescribeDocument\",\"ssm:GetManifest\",\"ssm:GetParameter\",\"ssm:GetParameters\",\"ssm:ListAssociations\",\"ssm:ListInstanceAssociations\",\"ssm:PutInventory\",\"ssm:PutComplianceItems\",\"ssm:PutConfigurePackageResult\",\"ssm:UpdateAssociationStatus\",\"ssm:UpdateInstanceAssociationStatus\",\"ssm:UpdateInstanceInformation\",\"ssm:DescribeAssociation\",\"ssm:GetDeployablePatchSnapshotForInstance\",\"ssm:GetDocument\",\"ssm:DescribeDocument\",\"ssm:GetManifest\",\"ssm:GetParameter\",\"ssm:GetParameters\",\"ssm:ListAssociations\",\"ssm:ListInstanceAssociations\",\"ssm:PutInventory\",\"ssm:PutComplianceItems\",\"ssm:PutConfigurePackageResult\",\"ssm:UpdateAssociationStatus\",\"ssm:UpdateInstanceAssociationStatus\",\"ssm:UpdateInstanceInformation\",\"ec2messages:AcknowledgeMessage\",\"ec2messages:DeleteMessage\",\"ec2messages:FailMessage\",\"ec2messages:GetEndpoint\",\"ec2messages:GetMessages\",\"ec2messages:SendReply\",\"ssmmessages:CreateControlChannel\",\"ssmmessages:CreateDataChannel\",\"ssmmessages:OpenControlChannel\",\"ssmmessages:OpenDataChannel\"],\"Effect\":\"Allow\",\"Resource\":\"*\"}]}"
              }
            ],
            "managed_policy_arns": [],
            "max_session_duration": 3600,
            "name": "iam-role-for-ec2-SSM",
            "name_prefix": "",
            "path": "/",
            "permissions_boundary": "",
            "tags": {},
            "tags_all": {},
            "unique_id": "AROA47CRYDQHMJ4POJH3S"
          },
          "sensitive_attributes": [],
          "private": "bnVsbA==",
          "dependencies": [
            "module.alb.aws_lb.App-elb",
            "module.alb.aws_lb.Web-elb",
            "module.alb.aws_lb_listener.app-alb-listener",
            "module.alb.aws_lb_listener.web-alb-listener",
            "module.alb.aws_lb_target_group.app-tg",
            "module.alb.aws_lb_target_group.web-tg",
            "module.alb.data.aws_security_group.web-alb-sg",
            "module.alb.data.aws_subnet.private-subnet1",
            "module.alb.data.aws_subnet.private-subnet2",
            "module.alb.data.aws_subnet.public-subnet1",
            "module.alb.data.aws_subnet.public-subnet2",
            "module.alb.data.aws_vpc.vpc",
            "module.rds.aws_db_subnet_group.db_subnet_group",
            "module.rds.aws_rds_cluster.aurora_cluster",
            "module.rds.aws_rds_cluster_instance.primary_instance",
            "module.rds.aws_rds_cluster_instance.read_replica_instance",
            "module.rds.data.aws_security_group.db-sg",
            "module.rds.data.aws_subnet.db-subnet1",
            "module.rds.data.aws_subnet.db-subnet2",
            "module.security-group.aws_security_group.alb-sg",
            "module.security-group.aws_security_group.app-tier-sg",
            "module.security-group.aws_security_group.database-sg",
            "module.security-group.aws_security_group.web-tier-sg",
            "module.security-group.data.aws_vpc.vpc",
            "module.vpc.aws_eip.eip1",
            "module.vpc.aws_eip.eip2",
            "module.vpc.aws_internet_gateway.igw",
            "module.vpc.aws_nat_gateway.ngw1",
            "module.vpc.aws_nat_gateway.ngw2",
            "module.vpc.aws_route_table.db-rt1",
            "module.vpc.aws_route_table.db-rt2",
            "module.vpc.aws_route_table.private-rt1",
            "module.vpc.aws_route_table.private-rt2",
            "module.vpc.aws_route_table.public-rt",
            "module.vpc.aws_route_table_association.db-rt-association1",
            "module.vpc.aws_route_table_association.db-rt-association2",
            "module.vpc.aws_route_table_association.private-rt-association1",
            "module.vpc.aws_route_table_association.private-rt-association2",
            "module.vpc.aws_route_table_association.public-rt-association1",
            "module.vpc.aws_route_table_association.public-rt-association2",
            "module.vpc.aws_subnet.db-subnet1",
            "module.vpc.aws_subnet.db-subnet2",
            "module.vpc.aws_subnet.private-subnet1",
            "module.vpc.aws_subnet.private-subnet2",
            "module.vpc.aws_subnet.public-subnet1",
            "module.vpc.aws_subnet.public-subnet2",
            "module.vpc.aws_vpc.vpc",
            "module.vpc.data.aws_availability_zones.azs"
          ],
          "create_before_destroy": true
        }
      ]
    },
    {
      "module": "module.iam",
      "mode": "managed",
      "type": "aws_iam_role_policy",
      "name": "iam-policy",
      "provider": "provider[\"registry.terraform.io/hashicorp/aws\"]",
      "instances": [
        {
          "schema_version": 0,
          "attributes": {
            "id": "iam-role-for-ec2-SSM:iam-policy-for-ec2-SSM",
            "name": "iam-policy-for-ec2-SSM",
            "name_prefix": "",
            "policy": "{\"Version\":\"2012-10-17\",\"Statement\":[{\"Action\":[\"s3:Get*\",\"s3:List*\",\"s3:Describe*\",\"s3-object-lambda:Get*\",\"s3-object-lambda:List*\",\"ssm:DescribeAssociation\",\"ssm:GetDeployablePatchSnapshotForInstance\",\"ssm:GetDocument\",\"ssm:DescribeDocument\",\"ssm:GetManifest\",\"ssm:GetParameter\",\"ssm:GetParameters\",\"ssm:ListAssociations\",\"ssm:ListInstanceAssociations\",\"ssm:PutInventory\",\"ssm:PutComplianceItems\",\"ssm:PutConfigurePackageResult\",\"ssm:UpdateAssociationStatus\",\"ssm:UpdateInstanceAssociationStatus\",\"ssm:UpdateInstanceInformation\",\"ssm:DescribeAssociation\",\"ssm:GetDeployablePatchSnapshotForInstance\",\"ssm:GetDocument\",\"ssm:DescribeDocument\",\"ssm:GetManifest\",\"ssm:GetParameter\",\"ssm:GetParameters\",\"ssm:ListAssociations\",\"ssm:ListInstanceAssociations\",\"ssm:PutInventory\",\"ssm:PutComplianceItems\",\"ssm:PutConfigurePackageResult\",\"ssm:UpdateAssociationStatus\",\"ssm:UpdateInstanceAssociationStatus\",\"ssm:UpdateInstanceInformation\",\"ec2messages:AcknowledgeMessage\",\"ec2messages:DeleteMessage\",\"ec2messages:FailMessage\",\"ec2messages:GetEndpoint\",\"ec2messages:GetMessages\",\"ec2messages:SendReply\",\"ssmmessages:CreateControlChannel\",\"ssmmessages:CreateDataChannel\",\"ssmmessages:OpenControlChannel\",\"ssmmessages:OpenDataChannel\"],\"Effect\":\"Allow\",\"Resource\":\"*\"}]}",
            "role": "iam-role-for-ec2-SSM"
          },
          "sensitive_attributes": [],
          "private": "bnVsbA==",
          "dependencies": [
            "module.alb.aws_lb.App-elb",
            "module.alb.aws_lb.Web-elb",
            "module.alb.aws_lb_listener.app-alb-listener",
            "module.alb.aws_lb_listener.web-alb-listener",
            "module.alb.aws_lb_target_group.app-tg",
            "module.alb.aws_lb_target_group.web-tg",
            "module.alb.data.aws_security_group.web-alb-sg",
            "module.alb.data.aws_subnet.private-subnet1",
            "module.alb.data.aws_subnet.private-subnet2",
            "module.alb.data.aws_subnet.public-subnet1",
            "module.alb.data.aws_subnet.public-subnet2",
            "module.alb.data.aws_vpc.vpc",
            "module.iam.aws_iam_role.iam-role",
            "module.rds.aws_db_subnet_group.db_subnet_group",
            "module.rds.aws_rds_cluster.aurora_cluster",
            "module.rds.aws_rds_cluster_instance.primary_instance",
            "module.rds.aws_rds_cluster_instance.read_replica_instance",
            "module.rds.data.aws_security_group.db-sg",
            "module.rds.data.aws_subnet.db-subnet1",
            "module.rds.data.aws_subnet.db-subnet2",
            "module.security-group.aws_security_group.alb-sg",
            "module.security-group.aws_security_group.app-tier-sg",
            "module.security-group.aws_security_group.database-sg",
            "module.security-group.aws_security_group.web-tier-sg",
            "module.security-group.data.aws_vpc.vpc",
            "module.vpc.aws_eip.eip1",
            "module.vpc.aws_eip.eip2",
            "module.vpc.aws_internet_gateway.igw",
            "module.vpc.aws_nat_gateway.ngw1",
            "module.vpc.aws_nat_gateway.ngw2",
            "module.vpc.aws_route_table.db-rt1",
            "module.vpc.aws_route_table.db-rt2",
            "module.vpc.aws_route_table.private-rt1",
            "module.vpc.aws_route_table.private-rt2",
            "module.vpc.aws_route_table.public-rt",
            "module.vpc.aws_route_table_association.db-rt-association1",
            "module.vpc.aws_route_table_association.db-rt-association2",
            "module.vpc.aws_route_table_association.private-rt-association1",
            "module.vpc.aws_route_table_association.private-rt-association2",
            "module.vpc.aws_route_table_association.public-rt-association1",
            "module.vpc.aws_route_table_association.public-rt-association2",
            "module.vpc.aws_subnet.db-subnet1",
            "module.vpc.aws_subnet.db-subnet2",
            "module.vpc.aws_subnet.private-subnet1",
            "module.vpc.aws_subnet.private-subnet2",
            "module.vpc.aws_subnet.public-subnet1",
            "module.vpc.aws_subnet.public-subnet2",
            "module.vpc.aws_vpc.vpc",
            "module.vpc.data.aws_availability_zones.azs"
          ],
          "create_before_destroy": true
        }
      ]
    },
    {
      "module": "module.rds",
      "mode": "data",
      "type": "aws_security_group",
      "name": "db-sg",
      "provider": "provider[\"registry.terraform.io/hashicorp/aws\"]",
      "instances": [
        {
          "schema_version": 0,
          "attributes": {
            "arn": "arn:aws:ec2:us-east-2:891377163278:security-group/sg-0c662ba7241e3670e",
            "description": "Protocol Type MySQL/Aurora",
            "filter": [
              {
                "name": "group-id",
                "values": [
                  "sg-0c662ba7241e3670e"
                ]
              },
              {
                "name": "tag:Name",
                "values": [
                  "kdt-db-sg"
                ]
              }
            ],
            "id": "sg-0c662ba7241e3670e",
            "name": "terraform-20240502052216833200000004",
            "tags": {
              "Name": "kdt-db-sg"
            },
            "timeouts": null,
            "vpc_id": "vpc-027f492b4c199ea63"
          },
          "sensitive_attributes": []
        }
      ]
    },
    {
      "module": "module.rds",
      "mode": "data",
      "type": "aws_subnet",
      "name": "db-subnet1",
      "provider": "provider[\"registry.terraform.io/hashicorp/aws\"]",
      "instances": [
        {
          "schema_version": 0,
          "attributes": {
            "arn": "arn:aws:ec2:us-east-2:891377163278:subnet/subnet-05717ae19f9ae43dd",
            "assign_ipv6_address_on_creation": false,
            "availability_zone": "us-east-2a",
            "availability_zone_id": "use2-az1",
            "available_ip_address_count": 250,
            "cidr_block": "10.50.20.0/24",
            "customer_owned_ipv4_pool": "",
            "default_for_az": false,
            "enable_dns64": false,
            "enable_lni_at_device_index": 0,
            "enable_resource_name_dns_a_record_on_launch": false,
            "enable_resource_name_dns_aaaa_record_on_launch": false,
            "filter": [
              {
                "name": "tag:Name",
                "values": [
                  "kdt-DB-Subnet1"
                ]
              }
            ],
            "id": "subnet-05717ae19f9ae43dd",
            "ipv6_cidr_block": "",
            "ipv6_cidr_block_association_id": "",
            "ipv6_native": false,
            "map_customer_owned_ip_on_launch": false,
            "map_public_ip_on_launch": false,
            "outpost_arn": "",
            "owner_id": "891377163278",
            "private_dns_hostname_type_on_launch": "ip-name",
            "state": "available",
            "tags": {
              "Name": "kdt-DB-Subnet1"
            },
            "timeouts": null,
            "vpc_id": "vpc-027f492b4c199ea63"
          },
          "sensitive_attributes": []
        }
      ]
    },
    {
      "module": "module.rds",
      "mode": "data",
      "type": "aws_subnet",
      "name": "db-subnet2",
      "provider": "provider[\"registry.terraform.io/hashicorp/aws\"]",
      "instances": [
        {
          "schema_version": 0,
          "attributes": {
            "arn": "arn:aws:ec2:us-east-2:891377163278:subnet/subnet-0cd11ac3a4e7bd5ee",
            "assign_ipv6_address_on_creation": false,
            "availability_zone": "us-east-2b",
            "availability_zone_id": "use2-az2",
            "available_ip_address_count": 250,
            "cidr_block": "10.50.21.0/24",
            "customer_owned_ipv4_pool": "",
            "default_for_az": false,
            "enable_dns64": false,
            "enable_lni_at_device_index": 0,
            "enable_resource_name_dns_a_record_on_launch": false,
            "enable_resource_name_dns_aaaa_record_on_launch": false,
            "filter": [
              {
                "name": "tag:Name",
                "values": [
                  "kdt-DB-Subnet2"
                ]
              }
            ],
            "id": "subnet-0cd11ac3a4e7bd5ee",
            "ipv6_cidr_block": "",
            "ipv6_cidr_block_association_id": "",
            "ipv6_native": false,
            "map_customer_owned_ip_on_launch": false,
            "map_public_ip_on_launch": false,
            "outpost_arn": "",
            "owner_id": "891377163278",
            "private_dns_hostname_type_on_launch": "ip-name",
            "state": "available",
            "tags": {
              "Name": "kdt-DB-Subnet2"
            },
            "timeouts": null,
            "vpc_id": "vpc-027f492b4c199ea63"
          },
          "sensitive_attributes": []
        }
      ]
    },
    {
      "module": "module.rds",
      "mode": "managed",
      "type": "aws_db_subnet_group",
      "name": "db_subnet_group",
      "provider": "provider[\"registry.terraform.io/hashicorp/aws\"]",
      "instances": [
        {
          "schema_version": 0,
          "attributes": {
            "arn": "arn:aws:rds:us-east-2:891377163278:subgrp:kdt-rds-sg",
            "description": "Managed by Terraform",
            "id": "kdt-rds-sg",
            "name": "kdt-rds-sg",
            "name_prefix": "",
            "subnet_ids": [
              "subnet-05717ae19f9ae43dd",
              "subnet-0cd11ac3a4e7bd5ee"
            ],
            "supported_network_types": [
              "IPV4"
            ],
            "tags": {},
            "tags_all": {},
            "vpc_id": "vpc-027f492b4c199ea63"
          },
          "sensitive_attributes": [],
          "private": "bnVsbA==",
          "dependencies": [
            "module.rds.data.aws_subnet.db-subnet1",
            "module.rds.data.aws_subnet.db-subnet2",
            "module.security-group.aws_security_group.alb-sg",
            "module.security-group.aws_security_group.app-tier-sg",
            "module.security-group.aws_security_group.database-sg",
            "module.security-group.aws_security_group.web-tier-sg",
            "module.security-group.data.aws_vpc.vpc",
            "module.vpc.aws_eip.eip1",
            "module.vpc.aws_eip.eip2",
            "module.vpc.aws_internet_gateway.igw",
            "module.vpc.aws_nat_gateway.ngw1",
            "module.vpc.aws_nat_gateway.ngw2",
            "module.vpc.aws_route_table.db-rt1",
            "module.vpc.aws_route_table.db-rt2",
            "module.vpc.aws_route_table.private-rt1",
            "module.vpc.aws_route_table.private-rt2",
            "module.vpc.aws_route_table.public-rt",
            "module.vpc.aws_route_table_association.db-rt-association1",
            "module.vpc.aws_route_table_association.db-rt-association2",
            "module.vpc.aws_route_table_association.private-rt-association1",
            "module.vpc.aws_route_table_association.private-rt-association2",
            "module.vpc.aws_route_table_association.public-rt-association1",
            "module.vpc.aws_route_table_association.public-rt-association2",
            "module.vpc.aws_subnet.db-subnet1",
            "module.vpc.aws_subnet.db-subnet2",
            "module.vpc.aws_subnet.private-subnet1",
            "module.vpc.aws_subnet.private-subnet2",
            "module.vpc.aws_subnet.public-subnet1",
            "module.vpc.aws_subnet.public-subnet2",
            "module.vpc.aws_vpc.vpc",
            "module.vpc.data.aws_availability_zones.azs"
          ],
          "create_before_destroy": true
        }
      ]
    },
    {
      "module": "module.rds",
      "mode": "managed",
      "type": "aws_rds_cluster",
      "name": "aurora_cluster",
      "provider": "provider[\"registry.terraform.io/hashicorp/aws\"]",
      "instances": [
        {
          "schema_version": 1,
          "attributes": {
            "allocated_storage": 1,
            "allow_major_version_upgrade": null,
            "apply_immediately": null,
            "arn": "arn:aws:rds:us-east-2:891377163278:cluster:aurora-cluster",
            "availability_zones": [
              "us-east-2a",
              "us-east-2b",
              "us-east-2c"
            ],
            "backtrack_window": 0,
            "backup_retention_period": 7,
            "cluster_identifier": "aurora-cluster",
            "cluster_identifier_prefix": "",
            "cluster_members": [
              "primary-instance",
              "read-replica-instance-0"
            ],
            "cluster_resource_id": "cluster-43Y3MCVARQG4R7XMH5NJVIVEFY",
            "copy_tags_to_snapshot": false,
            "database_name": "mydb",
            "db_cluster_instance_class": "",
            "db_cluster_parameter_group_name": "default.aurora-mysql8.0",
            "db_instance_parameter_group_name": null,
            "db_subnet_group_name": "kdt-rds-sg",
            "db_system_id": "",
            "delete_automated_backups": true,
            "deletion_protection": false,
            "domain": "",
            "domain_iam_role_name": "",
            "enable_global_write_forwarding": false,
            "enable_http_endpoint": false,
            "enable_local_write_forwarding": false,
            "enabled_cloudwatch_logs_exports": [],
            "endpoint": "aurora-cluster.cluster-cl6yw0ywwfue.us-east-2.rds.amazonaws.com",
            "engine": "aurora-mysql",
            "engine_mode": "provisioned",
            "engine_version": "8.0.mysql_aurora.3.04.2",
            "engine_version_actual": "8.0.mysql_aurora.3.04.2",
            "final_snapshot_identifier": null,
            "global_cluster_identifier": "",
            "hosted_zone_id": "Z2XHWR1WZ565X2",
            "iam_database_authentication_enabled": false,
            "iam_roles": [],
            "id": "aurora-cluster",
            "iops": 0,
            "kms_key_id": "",
            "manage_master_user_password": null,
            "master_password": "Admin1234",
            "master_user_secret": [],
            "master_user_secret_kms_key_id": null,
            "master_username": "admin",
            "network_type": "IPV4",
            "port": 3306,
            "preferred_backup_window": "07:00-09:00",
            "preferred_maintenance_window": "thu:04:09-thu:04:39",
            "reader_endpoint": "aurora-cluster.cluster-ro-cl6yw0ywwfue.us-east-2.rds.amazonaws.com",
            "replication_source_identifier": "",
            "restore_to_point_in_time": [],
            "s3_import": [],
            "scaling_configuration": [],
            "serverlessv2_scaling_configuration": [],
            "skip_final_snapshot": true,
            "snapshot_identifier": null,
            "source_region": null,
            "storage_encrypted": false,
            "storage_type": "",
            "tags": {
              "Name": "kdt-RDS"
            },
            "tags_all": {
              "Name": "kdt-RDS"
            },
            "timeouts": null,
            "vpc_security_group_ids": [
              "sg-0c662ba7241e3670e"
            ]
          },
          "sensitive_attributes": [
            [
              {
                "type": "get_attr",
                "value": "master_password"
              }
            ]
          ],
          "private": "eyJlMmJmYjczMC1lY2FhLTExZTYtOGY4OC0zNDM2M2JjN2M0YzAiOnsiY3JlYXRlIjo3MjAwMDAwMDAwMDAwLCJkZWxldGUiOjcyMDAwMDAwMDAwMDAsInVwZGF0ZSI6NzIwMDAwMDAwMDAwMH0sInNjaGVtYV92ZXJzaW9uIjoiMSJ9",
          "dependencies": [
            "module.rds.aws_db_subnet_group.db_subnet_group",
            "module.rds.data.aws_security_group.db-sg",
            "module.rds.data.aws_subnet.db-subnet1",
            "module.rds.data.aws_subnet.db-subnet2",
            "module.security-group.aws_security_group.alb-sg",
            "module.security-group.aws_security_group.app-tier-sg",
            "module.security-group.aws_security_group.database-sg",
            "module.security-group.aws_security_group.web-tier-sg",
            "module.security-group.data.aws_vpc.vpc",
            "module.vpc.aws_eip.eip1",
            "module.vpc.aws_eip.eip2",
            "module.vpc.aws_internet_gateway.igw",
            "module.vpc.aws_nat_gateway.ngw1",
            "module.vpc.aws_nat_gateway.ngw2",
            "module.vpc.aws_route_table.db-rt1",
            "module.vpc.aws_route_table.db-rt2",
            "module.vpc.aws_route_table.private-rt1",
            "module.vpc.aws_route_table.private-rt2",
            "module.vpc.aws_route_table.public-rt",
            "module.vpc.aws_route_table_association.db-rt-association1",
            "module.vpc.aws_route_table_association.db-rt-association2",
            "module.vpc.aws_route_table_association.private-rt-association1",
            "module.vpc.aws_route_table_association.private-rt-association2",
            "module.vpc.aws_route_table_association.public-rt-association1",
            "module.vpc.aws_route_table_association.public-rt-association2",
            "module.vpc.aws_subnet.db-subnet1",
            "module.vpc.aws_subnet.db-subnet2",
            "module.vpc.aws_subnet.private-subnet1",
            "module.vpc.aws_subnet.private-subnet2",
            "module.vpc.aws_subnet.public-subnet1",
            "module.vpc.aws_subnet.public-subnet2",
            "module.vpc.aws_vpc.vpc",
            "module.vpc.data.aws_availability_zones.azs"
          ],
          "create_before_destroy": true
        }
      ]
    },
    {
      "module": "module.rds",
      "mode": "managed",
      "type": "aws_rds_cluster_instance",
      "name": "primary_instance",
      "provider": "provider[\"registry.terraform.io/hashicorp/aws\"]",
      "instances": [
        {
          "schema_version": 0,
          "attributes": {
            "apply_immediately": null,
            "arn": "arn:aws:rds:us-east-2:891377163278:db:primary-instance",
            "auto_minor_version_upgrade": true,
            "availability_zone": "us-east-2a",
            "ca_cert_identifier": "rds-ca-rsa2048-g1",
            "cluster_identifier": "aurora-cluster",
            "copy_tags_to_snapshot": false,
            "custom_iam_instance_profile": "",
            "db_parameter_group_name": "default.aurora-mysql8.0",
            "db_subnet_group_name": "kdt-rds-sg",
            "dbi_resource_id": "db-EC5HG3NFXTEDBBJ6ZJLLI5C5OM",
            "endpoint": "primary-instance.cl6yw0ywwfue.us-east-2.rds.amazonaws.com",
            "engine": "aurora-mysql",
            "engine_version": "8.0.mysql_aurora.3.04.2",
            "engine_version_actual": "8.0.mysql_aurora.3.04.2",
            "id": "primary-instance",
            "identifier": "primary-instance",
            "identifier_prefix": "",
            "instance_class": "db.t3.medium",
            "kms_key_id": "",
            "monitoring_interval": 0,
            "monitoring_role_arn": "",
            "network_type": "IPV4",
            "performance_insights_enabled": false,
            "performance_insights_kms_key_id": "",
            "performance_insights_retention_period": 0,
            "port": 3306,
            "preferred_backup_window": "07:00-09:00",
            "preferred_maintenance_window": "mon:09:34-mon:10:04",
            "promotion_tier": 0,
            "publicly_accessible": false,
            "storage_encrypted": false,
            "tags": {},
            "tags_all": {},
            "timeouts": null,
            "writer": true
          },
          "sensitive_attributes": [],
          "private": "eyJlMmJmYjczMC1lY2FhLTExZTYtOGY4OC0zNDM2M2JjN2M0YzAiOnsiY3JlYXRlIjo1NDAwMDAwMDAwMDAwLCJkZWxldGUiOjU0MDAwMDAwMDAwMDAsInVwZGF0ZSI6NTQwMDAwMDAwMDAwMH19",
          "dependencies": [
            "module.rds.aws_db_subnet_group.db_subnet_group",
            "module.rds.aws_rds_cluster.aurora_cluster",
            "module.rds.data.aws_security_group.db-sg",
            "module.rds.data.aws_subnet.db-subnet1",
            "module.rds.data.aws_subnet.db-subnet2",
            "module.security-group.aws_security_group.alb-sg",
            "module.security-group.aws_security_group.app-tier-sg",
            "module.security-group.aws_security_group.database-sg",
            "module.security-group.aws_security_group.web-tier-sg",
            "module.security-group.data.aws_vpc.vpc",
            "module.vpc.aws_eip.eip1",
            "module.vpc.aws_eip.eip2",
            "module.vpc.aws_internet_gateway.igw",
            "module.vpc.aws_nat_gateway.ngw1",
            "module.vpc.aws_nat_gateway.ngw2",
            "module.vpc.aws_route_table.db-rt1",
            "module.vpc.aws_route_table.db-rt2",
            "module.vpc.aws_route_table.private-rt1",
            "module.vpc.aws_route_table.private-rt2",
            "module.vpc.aws_route_table.public-rt",
            "module.vpc.aws_route_table_association.db-rt-association1",
            "module.vpc.aws_route_table_association.db-rt-association2",
            "module.vpc.aws_route_table_association.private-rt-association1",
            "module.vpc.aws_route_table_association.private-rt-association2",
            "module.vpc.aws_route_table_association.public-rt-association1",
            "module.vpc.aws_route_table_association.public-rt-association2",
            "module.vpc.aws_subnet.db-subnet1",
            "module.vpc.aws_subnet.db-subnet2",
            "module.vpc.aws_subnet.private-subnet1",
            "module.vpc.aws_subnet.private-subnet2",
            "module.vpc.aws_subnet.public-subnet1",
            "module.vpc.aws_subnet.public-subnet2",
            "module.vpc.aws_vpc.vpc",
            "module.vpc.data.aws_availability_zones.azs"
          ],
          "create_before_destroy": true
        }
      ]
    },
    {
      "module": "module.rds",
      "mode": "managed",
      "type": "aws_rds_cluster_instance",
      "name": "read_replica_instance",
      "provider": "provider[\"registry.terraform.io/hashicorp/aws\"]",
      "instances": [
        {
          "index_key": 0,
          "schema_version": 0,
          "attributes": {
            "apply_immediately": null,
            "arn": "arn:aws:rds:us-east-2:891377163278:db:read-replica-instance-0",
            "auto_minor_version_upgrade": true,
            "availability_zone": "us-east-2b",
            "ca_cert_identifier": "rds-ca-rsa2048-g1",
            "cluster_identifier": "aurora-cluster",
            "copy_tags_to_snapshot": false,
            "custom_iam_instance_profile": "",
            "db_parameter_group_name": "default.aurora-mysql8.0",
            "db_subnet_group_name": "kdt-rds-sg",
            "dbi_resource_id": "db-NLVLBLTM7ZMFNNLEPRLBOT2RFM",
            "endpoint": "read-replica-instance-0.cl6yw0ywwfue.us-east-2.rds.amazonaws.com",
            "engine": "aurora-mysql",
            "engine_version": "8.0.mysql_aurora.3.04.2",
            "engine_version_actual": "8.0.mysql_aurora.3.04.2",
            "id": "read-replica-instance-0",
            "identifier": "read-replica-instance-0",
            "identifier_prefix": "",
            "instance_class": "db.t3.medium",
            "kms_key_id": "",
            "monitoring_interval": 0,
            "monitoring_role_arn": "",
            "network_type": "IPV4",
            "performance_insights_enabled": false,
            "performance_insights_kms_key_id": "",
            "performance_insights_retention_period": 0,
            "port": 3306,
            "preferred_backup_window": "07:00-09:00",
            "preferred_maintenance_window": "thu:05:34-thu:06:04",
            "promotion_tier": 0,
            "publicly_accessible": false,
            "storage_encrypted": false,
            "tags": {},
            "tags_all": {},
            "timeouts": null,
            "writer": false
          },
          "sensitive_attributes": [],
          "private": "eyJlMmJmYjczMC1lY2FhLTExZTYtOGY4OC0zNDM2M2JjN2M0YzAiOnsiY3JlYXRlIjo1NDAwMDAwMDAwMDAwLCJkZWxldGUiOjU0MDAwMDAwMDAwMDAsInVwZGF0ZSI6NTQwMDAwMDAwMDAwMH19",
          "dependencies": [
            "module.rds.aws_db_subnet_group.db_subnet_group",
            "module.rds.aws_rds_cluster.aurora_cluster",
            "module.rds.aws_rds_cluster_instance.primary_instance",
            "module.rds.data.aws_security_group.db-sg",
            "module.rds.data.aws_subnet.db-subnet1",
            "module.rds.data.aws_subnet.db-subnet2",
            "module.security-group.aws_security_group.alb-sg",
            "module.security-group.aws_security_group.app-tier-sg",
            "module.security-group.aws_security_group.database-sg",
            "module.security-group.aws_security_group.web-tier-sg",
            "module.security-group.data.aws_vpc.vpc",
            "module.vpc.aws_eip.eip1",
            "module.vpc.aws_eip.eip2",
            "module.vpc.aws_internet_gateway.igw",
            "module.vpc.aws_nat_gateway.ngw1",
            "module.vpc.aws_nat_gateway.ngw2",
            "module.vpc.aws_route_table.db-rt1",
            "module.vpc.aws_route_table.db-rt2",
            "module.vpc.aws_route_table.private-rt1",
            "module.vpc.aws_route_table.private-rt2",
            "module.vpc.aws_route_table.public-rt",
            "module.vpc.aws_route_table_association.db-rt-association1",
            "module.vpc.aws_route_table_association.db-rt-association2",
            "module.vpc.aws_route_table_association.private-rt-association1",
            "module.vpc.aws_route_table_association.private-rt-association2",
            "module.vpc.aws_route_table_association.public-rt-association1",
            "module.vpc.aws_route_table_association.public-rt-association2",
            "module.vpc.aws_subnet.db-subnet1",
            "module.vpc.aws_subnet.db-subnet2",
            "module.vpc.aws_subnet.private-subnet1",
            "module.vpc.aws_subnet.private-subnet2",
            "module.vpc.aws_subnet.public-subnet1",
            "module.vpc.aws_subnet.public-subnet2",
            "module.vpc.aws_vpc.vpc",
            "module.vpc.data.aws_availability_zones.azs"
          ],
          "create_before_destroy": true
        }
      ]
    },
    {
      "module": "module.security-group",
      "mode": "data",
      "type": "aws_vpc",
      "name": "vpc",
      "provider": "provider[\"registry.terraform.io/hashicorp/aws\"]",
      "instances": [
        {
          "schema_version": 0,
          "attributes": {
            "arn": "arn:aws:ec2:us-east-2:891377163278:vpc/vpc-027f492b4c199ea63",
            "cidr_block": "10.50.0.0/16",
            "cidr_block_associations": [
              {
                "association_id": "vpc-cidr-assoc-00916aa39a597aed9",
                "cidr_block": "10.50.0.0/16",
                "state": "associated"
              }
            ],
            "default": false,
            "dhcp_options_id": "dopt-0cab42d5410535950",
            "enable_dns_hostnames": true,
            "enable_dns_support": true,
            "enable_network_address_usage_metrics": false,
            "filter": [
              {
                "name": "tag:Name",
                "values": [
                  "kdt-VPC"
                ]
              }
            ],
            "id": "vpc-027f492b4c199ea63",
            "instance_tenancy": "default",
            "ipv6_association_id": "",
            "ipv6_cidr_block": "",
            "main_route_table_id": "rtb-0f363b586ec9fa210",
            "owner_id": "891377163278",
            "state": null,
            "tags": {
              "Name": "kdt-VPC"
            },
            "timeouts": null
          },
          "sensitive_attributes": []
        }
      ]
    },
    {
      "module": "module.security-group",
      "mode": "managed",
      "type": "aws_security_group",
      "name": "alb-sg",
      "provider": "provider[\"registry.terraform.io/hashicorp/aws\"]",
      "instances": [
        {
          "schema_version": 1,
          "attributes": {
            "arn": "arn:aws:ec2:us-east-2:891377163278:security-group/sg-0ba6b7982de52d5eb",
            "description": "Allow HTTP and HTTPS for World",
            "egress": [
              {
                "cidr_blocks": [
                  "0.0.0.0/0"
                ],
                "description": "",
                "from_port": 0,
                "ipv6_cidr_blocks": [],
                "prefix_list_ids": [],
                "protocol": "-1",
                "security_groups": [],
                "self": false,
                "to_port": 0
              }
            ],
            "id": "sg-0ba6b7982de52d5eb",
            "ingress": [
              {
                "cidr_blocks": [
                  "0.0.0.0/0"
                ],
                "description": "",
                "from_port": 443,
                "ipv6_cidr_blocks": [],
                "prefix_list_ids": [],
                "protocol": "tcp",
                "security_groups": [],
                "self": false,
                "to_port": 443
              },
              {
                "cidr_blocks": [
                  "0.0.0.0/0"
                ],
                "description": "",
                "from_port": 80,
                "ipv6_cidr_blocks": [],
                "prefix_list_ids": [],
                "protocol": "tcp",
                "security_groups": [],
                "self": false,
                "to_port": 80
              }
            ],
            "name": "terraform-20240502052209498400000001",
            "name_prefix": "terraform-",
            "owner_id": "891377163278",
            "revoke_rules_on_delete": false,
            "tags": {
              "Name": "kdt-alb-sg"
            },
            "tags_all": {
              "Name": "kdt-alb-sg"
            },
            "timeouts": null,
            "vpc_id": "vpc-027f492b4c199ea63"
          },
          "sensitive_attributes": [],
          "private": "eyJlMmJmYjczMC1lY2FhLTExZTYtOGY4OC0zNDM2M2JjN2M0YzAiOnsiY3JlYXRlIjo2MDAwMDAwMDAwMDAsImRlbGV0ZSI6OTAwMDAwMDAwMDAwfSwic2NoZW1hX3ZlcnNpb24iOiIxIn0=",
          "dependencies": [
            "module.security-group.data.aws_vpc.vpc",
            "module.vpc.aws_eip.eip1",
            "module.vpc.aws_eip.eip2",
            "module.vpc.aws_internet_gateway.igw",
            "module.vpc.aws_nat_gateway.ngw1",
            "module.vpc.aws_nat_gateway.ngw2",
            "module.vpc.aws_route_table.db-rt1",
            "module.vpc.aws_route_table.db-rt2",
            "module.vpc.aws_route_table.private-rt1",
            "module.vpc.aws_route_table.private-rt2",
            "module.vpc.aws_route_table.public-rt",
            "module.vpc.aws_route_table_association.db-rt-association1",
            "module.vpc.aws_route_table_association.db-rt-association2",
            "module.vpc.aws_route_table_association.private-rt-association1",
            "module.vpc.aws_route_table_association.private-rt-association2",
            "module.vpc.aws_route_table_association.public-rt-association1",
            "module.vpc.aws_route_table_association.public-rt-association2",
            "module.vpc.aws_subnet.db-subnet1",
            "module.vpc.aws_subnet.db-subnet2",
            "module.vpc.aws_subnet.private-subnet1",
            "module.vpc.aws_subnet.private-subnet2",
            "module.vpc.aws_subnet.public-subnet1",
            "module.vpc.aws_subnet.public-subnet2",
            "module.vpc.aws_vpc.vpc",
            "module.vpc.data.aws_availability_zones.azs"
          ],
          "create_before_destroy": true
        }
      ]
    },
    {
      "module": "module.security-group",
      "mode": "managed",
      "type": "aws_security_group",
      "name": "app-tier-sg",
      "provider": "provider[\"registry.terraform.io/hashicorp/aws\"]",
      "instances": [
        {
          "schema_version": 1,
          "attributes": {
            "arn": "arn:aws:ec2:us-east-2:891377163278:security-group/sg-026451007e56d7f72",
            "description": "Allow HTTP and HTTPS from APP ALB Only",
            "egress": [
              {
                "cidr_blocks": [
                  "0.0.0.0/0"
                ],
                "description": "",
                "from_port": 0,
                "ipv6_cidr_blocks": [
                  "::/0"
                ],
                "prefix_list_ids": [],
                "protocol": "-1",
                "security_groups": [],
                "self": false,
                "to_port": 0
              }
            ],
            "id": "sg-026451007e56d7f72",
            "ingress": [
              {
                "cidr_blocks": [],
                "description": "",
                "from_port": 443,
                "ipv6_cidr_blocks": [],
                "prefix_list_ids": [],
                "protocol": "tcp",
                "security_groups": [
                  "sg-0ba6b7982de52d5eb"
                ],
                "self": false,
                "to_port": 443
              },
              {
                "cidr_blocks": [],
                "description": "",
                "from_port": 80,
                "ipv6_cidr_blocks": [],
                "prefix_list_ids": [],
                "protocol": "tcp",
                "security_groups": [
                  "sg-0ba6b7982de52d5eb"
                ],
                "self": false,
                "to_port": 80
              }
            ],
            "name": "terraform-20240502052212893000000002",
            "name_prefix": "terraform-",
            "owner_id": "891377163278",
            "revoke_rules_on_delete": false,
            "tags": {
              "Name": "kdt-app-sg"
            },
            "tags_all": {
              "Name": "kdt-app-sg"
            },
            "timeouts": null,
            "vpc_id": "vpc-027f492b4c199ea63"
          },
          "sensitive_attributes": [],
          "private": "eyJlMmJmYjczMC1lY2FhLTExZTYtOGY4OC0zNDM2M2JjN2M0YzAiOnsiY3JlYXRlIjo2MDAwMDAwMDAwMDAsImRlbGV0ZSI6OTAwMDAwMDAwMDAwfSwic2NoZW1hX3ZlcnNpb24iOiIxIn0=",
          "dependencies": [
            "module.security-group.aws_security_group.alb-sg",
            "module.security-group.data.aws_vpc.vpc",
            "module.vpc.aws_eip.eip1",
            "module.vpc.aws_eip.eip2",
            "module.vpc.aws_internet_gateway.igw",
            "module.vpc.aws_nat_gateway.ngw1",
            "module.vpc.aws_nat_gateway.ngw2",
            "module.vpc.aws_route_table.db-rt1",
            "module.vpc.aws_route_table.db-rt2",
            "module.vpc.aws_route_table.private-rt1",
            "module.vpc.aws_route_table.private-rt2",
            "module.vpc.aws_route_table.public-rt",
            "module.vpc.aws_route_table_association.db-rt-association1",
            "module.vpc.aws_route_table_association.db-rt-association2",
            "module.vpc.aws_route_table_association.private-rt-association1",
            "module.vpc.aws_route_table_association.private-rt-association2",
            "module.vpc.aws_route_table_association.public-rt-association1",
            "module.vpc.aws_route_table_association.public-rt-association2",
            "module.vpc.aws_subnet.db-subnet1",
            "module.vpc.aws_subnet.db-subnet2",
            "module.vpc.aws_subnet.private-subnet1",
            "module.vpc.aws_subnet.private-subnet2",
            "module.vpc.aws_subnet.public-subnet1",
            "module.vpc.aws_subnet.public-subnet2",
            "module.vpc.aws_vpc.vpc",
            "module.vpc.data.aws_availability_zones.azs"
          ],
          "create_before_destroy": true
        }
      ]
    },
    {
      "module": "module.security-group",
      "mode": "managed",
      "type": "aws_security_group",
      "name": "database-sg",
      "provider": "provider[\"registry.terraform.io/hashicorp/aws\"]",
      "instances": [
        {
          "schema_version": 1,
          "attributes": {
            "arn": "arn:aws:ec2:us-east-2:891377163278:security-group/sg-0c662ba7241e3670e",
            "description": "Protocol Type MySQL/Aurora",
            "egress": [
              {
                "cidr_blocks": [
                  "0.0.0.0/0"
                ],
                "description": "",
                "from_port": 0,
                "ipv6_cidr_blocks": [],
                "prefix_list_ids": [],
                "protocol": "-1",
                "security_groups": [],
                "self": false,
                "to_port": 0
              }
            ],
            "id": "sg-0c662ba7241e3670e",
            "ingress": [
              {
                "cidr_blocks": [],
                "description": "",
                "from_port": 3306,
                "ipv6_cidr_blocks": [],
                "prefix_list_ids": [],
                "protocol": "tcp",
                "security_groups": [
                  "sg-0b28bb8621bb754fd"
                ],
                "self": false,
                "to_port": 3306
              }
            ],
            "name": "terraform-20240502052216833200000004",
            "name_prefix": "terraform-",
            "owner_id": "891377163278",
            "revoke_rules_on_delete": false,
            "tags": {
              "Name": "kdt-db-sg"
            },
            "tags_all": {
              "Name": "kdt-db-sg"
            },
            "timeouts": null,
            "vpc_id": "vpc-027f492b4c199ea63"
          },
          "sensitive_attributes": [],
          "private": "eyJlMmJmYjczMC1lY2FhLTExZTYtOGY4OC0zNDM2M2JjN2M0YzAiOnsiY3JlYXRlIjo2MDAwMDAwMDAwMDAsImRlbGV0ZSI6OTAwMDAwMDAwMDAwfSwic2NoZW1hX3ZlcnNpb24iOiIxIn0=",
          "dependencies": [
            "module.security-group.aws_security_group.alb-sg",
            "module.security-group.aws_security_group.web-tier-sg",
            "module.security-group.data.aws_vpc.vpc",
            "module.vpc.aws_eip.eip1",
            "module.vpc.aws_eip.eip2",
            "module.vpc.aws_internet_gateway.igw",
            "module.vpc.aws_nat_gateway.ngw1",
            "module.vpc.aws_nat_gateway.ngw2",
            "module.vpc.aws_route_table.db-rt1",
            "module.vpc.aws_route_table.db-rt2",
            "module.vpc.aws_route_table.private-rt1",
            "module.vpc.aws_route_table.private-rt2",
            "module.vpc.aws_route_table.public-rt",
            "module.vpc.aws_route_table_association.db-rt-association1",
            "module.vpc.aws_route_table_association.db-rt-association2",
            "module.vpc.aws_route_table_association.private-rt-association1",
            "module.vpc.aws_route_table_association.private-rt-association2",
            "module.vpc.aws_route_table_association.public-rt-association1",
            "module.vpc.aws_route_table_association.public-rt-association2",
            "module.vpc.aws_subnet.db-subnet1",
            "module.vpc.aws_subnet.db-subnet2",
            "module.vpc.aws_subnet.private-subnet1",
            "module.vpc.aws_subnet.private-subnet2",
            "module.vpc.aws_subnet.public-subnet1",
            "module.vpc.aws_subnet.public-subnet2",
            "module.vpc.aws_vpc.vpc",
            "module.vpc.data.aws_availability_zones.azs"
          ],
          "create_before_destroy": true
        }
      ]
    },
    {
      "module": "module.security-group",
      "mode": "managed",
      "type": "aws_security_group",
      "name": "web-tier-sg",
      "provider": "provider[\"registry.terraform.io/hashicorp/aws\"]",
      "instances": [
        {
          "schema_version": 1,
          "attributes": {
            "arn": "arn:aws:ec2:us-east-2:891377163278:security-group/sg-0b28bb8621bb754fd",
            "description": "Allow HTTP and HTTPS for WEP ALB Only",
            "egress": [
              {
                "cidr_blocks": [
                  "0.0.0.0/0"
                ],
                "description": "",
                "from_port": 0,
                "ipv6_cidr_blocks": [],
                "prefix_list_ids": [],
                "protocol": "-1",
                "security_groups": [],
                "self": false,
                "to_port": 0
              }
            ],
            "id": "sg-0b28bb8621bb754fd",
            "ingress": [
              {
                "cidr_blocks": [],
                "description": "",
                "from_port": 443,
                "ipv6_cidr_blocks": [],
                "prefix_list_ids": [],
                "protocol": "tcp",
                "security_groups": [
                  "sg-0ba6b7982de52d5eb"
                ],
                "self": false,
                "to_port": 443
              },
              {
                "cidr_blocks": [],
                "description": "",
                "from_port": 80,
                "ipv6_cidr_blocks": [],
                "prefix_list_ids": [],
                "protocol": "tcp",
                "security_groups": [
                  "sg-0ba6b7982de52d5eb"
                ],
                "self": false,
                "to_port": 80
              }
            ],
            "name": "terraform-20240502052212893000000003",
            "name_prefix": "terraform-",
            "owner_id": "891377163278",
            "revoke_rules_on_delete": false,
            "tags": {
              "Name": "kdt-web-sg"
            },
            "tags_all": {
              "Name": "kdt-web-sg"
            },
            "timeouts": null,
            "vpc_id": "vpc-027f492b4c199ea63"
          },
          "sensitive_attributes": [],
          "private": "eyJlMmJmYjczMC1lY2FhLTExZTYtOGY4OC0zNDM2M2JjN2M0YzAiOnsiY3JlYXRlIjo2MDAwMDAwMDAwMDAsImRlbGV0ZSI6OTAwMDAwMDAwMDAwfSwic2NoZW1hX3ZlcnNpb24iOiIxIn0=",
          "dependencies": [
            "module.security-group.aws_security_group.alb-sg",
            "module.security-group.data.aws_vpc.vpc",
            "module.vpc.aws_eip.eip1",
            "module.vpc.aws_eip.eip2",
            "module.vpc.aws_internet_gateway.igw",
            "module.vpc.aws_nat_gateway.ngw1",
            "module.vpc.aws_nat_gateway.ngw2",
            "module.vpc.aws_route_table.db-rt1",
            "module.vpc.aws_route_table.db-rt2",
            "module.vpc.aws_route_table.private-rt1",
            "module.vpc.aws_route_table.private-rt2",
            "module.vpc.aws_route_table.public-rt",
            "module.vpc.aws_route_table_association.db-rt-association1",
            "module.vpc.aws_route_table_association.db-rt-association2",
            "module.vpc.aws_route_table_association.private-rt-association1",
            "module.vpc.aws_route_table_association.private-rt-association2",
            "module.vpc.aws_route_table_association.public-rt-association1",
            "module.vpc.aws_route_table_association.public-rt-association2",
            "module.vpc.aws_subnet.db-subnet1",
            "module.vpc.aws_subnet.db-subnet2",
            "module.vpc.aws_subnet.private-subnet1",
            "module.vpc.aws_subnet.private-subnet2",
            "module.vpc.aws_subnet.public-subnet1",
            "module.vpc.aws_subnet.public-subnet2",
            "module.vpc.aws_vpc.vpc",
            "module.vpc.data.aws_availability_zones.azs"
          ],
          "create_before_destroy": true
        }
      ]
    },
    {
      "module": "module.vpc",
      "mode": "data",
      "type": "aws_availability_zones",
      "name": "azs",
      "provider": "provider[\"registry.terraform.io/hashicorp/aws\"]",
      "instances": [
        {
          "schema_version": 0,
          "attributes": {
            "all_availability_zones": null,
            "exclude_names": null,
            "exclude_zone_ids": null,
            "filter": [
              {
                "name": "opt-in-status",
                "values": [
                  "opt-in-not-required"
                ]
              }
            ],
            "group_names": [
              "us-east-2"
            ],
            "id": "us-east-2",
            "names": [
              "us-east-2a",
              "us-east-2b",
              "us-east-2c"
            ],
            "state": null,
            "timeouts": null,
            "zone_ids": [
              "use2-az1",
              "use2-az2",
              "use2-az3"
            ]
          },
          "sensitive_attributes": []
        }
      ]
    },
    {
      "module": "module.vpc",
      "mode": "managed",
      "type": "aws_eip",
      "name": "eip1",
      "provider": "provider[\"registry.terraform.io/hashicorp/aws\"]",
      "instances": [
        {
          "schema_version": 0,
          "attributes": {
            "address": null,
            "allocation_id": "eipalloc-0f612d9754b2180e0",
            "associate_with_private_ip": null,
            "association_id": "eipassoc-05f22a3baa89536af",
            "carrier_ip": "",
            "customer_owned_ip": "",
            "customer_owned_ipv4_pool": "",
            "domain": "vpc",
            "id": "eipalloc-0f612d9754b2180e0",
            "instance": "",
            "network_border_group": "us-east-2",
            "network_interface": "eni-04071de1468fefb06",
            "private_dns": "ip-10-50-0-48.us-east-2.compute.internal",
            "private_ip": "10.50.0.48",
            "ptr_record": "",
            "public_dns": "ec2-18-219-8-129.us-east-2.compute.amazonaws.com",
            "public_ip": "18.219.8.129",
            "public_ipv4_pool": "amazon",
            "tags": {
              "Name": "kdt-Elastic-IP1"
            },
            "tags_all": {
              "Name": "kdt-Elastic-IP1"
            },
            "timeouts": null,
            "vpc": true
          },
          "sensitive_attributes": [],
          "private": "eyJlMmJmYjczMC1lY2FhLTExZTYtOGY4OC0zNDM2M2JjN2M0YzAiOnsiZGVsZXRlIjoxODAwMDAwMDAwMDAsInJlYWQiOjkwMDAwMDAwMDAwMCwidXBkYXRlIjozMDAwMDAwMDAwMDB9fQ==",
          "dependencies": [
            "module.vpc.aws_internet_gateway.igw",
            "module.vpc.aws_subnet.db-subnet1",
            "module.vpc.aws_subnet.db-subnet2",
            "module.vpc.aws_subnet.private-subnet1",
            "module.vpc.aws_subnet.private-subnet2",
            "module.vpc.aws_subnet.public-subnet1",
            "module.vpc.aws_subnet.public-subnet2",
            "module.vpc.aws_vpc.vpc",
            "module.vpc.data.aws_availability_zones.azs"
          ],
          "create_before_destroy": true
        }
      ]
    },
    {
      "module": "module.vpc",
      "mode": "managed",
      "type": "aws_eip",
      "name": "eip2",
      "provider": "provider[\"registry.terraform.io/hashicorp/aws\"]",
      "instances": [
        {
          "schema_version": 0,
          "attributes": {
            "address": null,
            "allocation_id": "eipalloc-0fe06455a855c1c8a",
            "associate_with_private_ip": null,
            "association_id": "eipassoc-09ca860115a614f9f",
            "carrier_ip": "",
            "customer_owned_ip": "",
            "customer_owned_ipv4_pool": "",
            "domain": "vpc",
            "id": "eipalloc-0fe06455a855c1c8a",
            "instance": "",
            "network_border_group": "us-east-2",
            "network_interface": "eni-00235b0ed062bd534",
            "private_dns": "ip-10-50-1-159.us-east-2.compute.internal",
            "private_ip": "10.50.1.159",
            "ptr_record": "",
            "public_dns": "ec2-3-129-85-58.us-east-2.compute.amazonaws.com",
            "public_ip": "3.129.85.58",
            "public_ipv4_pool": "amazon",
            "tags": {
              "Name": "kdt-Elastic-IP2"
            },
            "tags_all": {
              "Name": "kdt-Elastic-IP2"
            },
            "timeouts": null,
            "vpc": true
          },
          "sensitive_attributes": [],
          "private": "eyJlMmJmYjczMC1lY2FhLTExZTYtOGY4OC0zNDM2M2JjN2M0YzAiOnsiZGVsZXRlIjoxODAwMDAwMDAwMDAsInJlYWQiOjkwMDAwMDAwMDAwMCwidXBkYXRlIjozMDAwMDAwMDAwMDB9fQ==",
          "dependencies": [
            "module.vpc.aws_eip.eip1",
            "module.vpc.aws_internet_gateway.igw",
            "module.vpc.aws_subnet.db-subnet1",
            "module.vpc.aws_subnet.db-subnet2",
            "module.vpc.aws_subnet.private-subnet1",
            "module.vpc.aws_subnet.private-subnet2",
            "module.vpc.aws_subnet.public-subnet1",
            "module.vpc.aws_subnet.public-subnet2",
            "module.vpc.aws_vpc.vpc",
            "module.vpc.data.aws_availability_zones.azs"
          ],
          "create_before_destroy": true
        }
      ]
    },
    {
      "module": "module.vpc",
      "mode": "managed",
      "type": "aws_internet_gateway",
      "name": "igw",
      "provider": "provider[\"registry.terraform.io/hashicorp/aws\"]",
      "instances": [
        {
          "schema_version": 0,
          "attributes": {
            "arn": "arn:aws:ec2:us-east-2:891377163278:internet-gateway/igw-07fee83d932e051fa",
            "id": "igw-07fee83d932e051fa",
            "owner_id": "891377163278",
            "tags": {
              "Name": "kdt-Interet-Gateway"
            },
            "tags_all": {
              "Name": "kdt-Interet-Gateway"
            },
            "timeouts": null,
            "vpc_id": "vpc-027f492b4c199ea63"
          },
          "sensitive_attributes": [],
          "private": "eyJlMmJmYjczMC1lY2FhLTExZTYtOGY4OC0zNDM2M2JjN2M0YzAiOnsiY3JlYXRlIjoxMjAwMDAwMDAwMDAwLCJkZWxldGUiOjEyMDAwMDAwMDAwMDAsInVwZGF0ZSI6MTIwMDAwMDAwMDAwMH19",
          "dependencies": [
            "module.vpc.aws_vpc.vpc"
          ],
          "create_before_destroy": true
        }
      ]
    },
    {
      "module": "module.vpc",
      "mode": "managed",
      "type": "aws_nat_gateway",
      "name": "ngw1",
      "provider": "provider[\"registry.terraform.io/hashicorp/aws\"]",
      "instances": [
        {
          "schema_version": 0,
          "attributes": {
            "allocation_id": "eipalloc-0f612d9754b2180e0",
            "association_id": "eipassoc-05f22a3baa89536af",
            "connectivity_type": "public",
            "id": "nat-06c96f60749d00fcc",
            "network_interface_id": "eni-04071de1468fefb06",
            "private_ip": "10.50.0.48",
            "public_ip": "18.219.8.129",
            "secondary_allocation_ids": [],
            "secondary_private_ip_address_count": 0,
            "secondary_private_ip_addresses": [],
            "subnet_id": "subnet-0adbae9616616cb30",
            "tags": {
              "Name": "kdt-NAT1"
            },
            "tags_all": {
              "Name": "kdt-NAT1"
            },
            "timeouts": null
          },
          "sensitive_attributes": [],
          "private": "eyJlMmJmYjczMC1lY2FhLTExZTYtOGY4OC0zNDM2M2JjN2M0YzAiOnsiY3JlYXRlIjo2MDAwMDAwMDAwMDAsImRlbGV0ZSI6MTgwMDAwMDAwMDAwMCwidXBkYXRlIjo2MDAwMDAwMDAwMDB9fQ==",
          "dependencies": [
            "module.vpc.aws_eip.eip1",
            "module.vpc.aws_eip.eip2",
            "module.vpc.aws_internet_gateway.igw",
            "module.vpc.aws_subnet.db-subnet1",
            "module.vpc.aws_subnet.db-subnet2",
            "module.vpc.aws_subnet.private-subnet1",
            "module.vpc.aws_subnet.private-subnet2",
            "module.vpc.aws_subnet.public-subnet1",
            "module.vpc.aws_subnet.public-subnet2",
            "module.vpc.aws_vpc.vpc",
            "module.vpc.data.aws_availability_zones.azs"
          ],
          "create_before_destroy": true
        }
      ]
    },
    {
      "module": "module.vpc",
      "mode": "managed",
      "type": "aws_nat_gateway",
      "name": "ngw2",
      "provider": "provider[\"registry.terraform.io/hashicorp/aws\"]",
      "instances": [
        {
          "schema_version": 0,
          "attributes": {
            "allocation_id": "eipalloc-0fe06455a855c1c8a",
            "association_id": "eipassoc-09ca860115a614f9f",
            "connectivity_type": "public",
            "id": "nat-04c1e9f28b209cb0c",
            "network_interface_id": "eni-00235b0ed062bd534",
            "private_ip": "10.50.1.159",
            "public_ip": "3.129.85.58",
            "secondary_allocation_ids": [],
            "secondary_private_ip_address_count": 0,
            "secondary_private_ip_addresses": [],
            "subnet_id": "subnet-04bb579578028c58e",
            "tags": {
              "Name": "kdt-NAT2"
            },
            "tags_all": {
              "Name": "kdt-NAT2"
            },
            "timeouts": null
          },
          "sensitive_attributes": [],
          "private": "eyJlMmJmYjczMC1lY2FhLTExZTYtOGY4OC0zNDM2M2JjN2M0YzAiOnsiY3JlYXRlIjo2MDAwMDAwMDAwMDAsImRlbGV0ZSI6MTgwMDAwMDAwMDAwMCwidXBkYXRlIjo2MDAwMDAwMDAwMDB9fQ==",
          "dependencies": [
            "module.vpc.aws_eip.eip1",
            "module.vpc.aws_eip.eip2",
            "module.vpc.aws_internet_gateway.igw",
            "module.vpc.aws_nat_gateway.ngw1",
            "module.vpc.aws_subnet.db-subnet1",
            "module.vpc.aws_subnet.db-subnet2",
            "module.vpc.aws_subnet.private-subnet1",
            "module.vpc.aws_subnet.private-subnet2",
            "module.vpc.aws_subnet.public-subnet1",
            "module.vpc.aws_subnet.public-subnet2",
            "module.vpc.aws_vpc.vpc",
            "module.vpc.data.aws_availability_zones.azs"
          ],
          "create_before_destroy": true
        }
      ]
    },
    {
      "module": "module.vpc",
      "mode": "managed",
      "type": "aws_route_table",
      "name": "db-rt1",
      "provider": "provider[\"registry.terraform.io/hashicorp/aws\"]",
      "instances": [
        {
          "schema_version": 0,
          "attributes": {
            "arn": "arn:aws:ec2:us-east-2:891377163278:route-table/rtb-04e370e87655dd3bf",
            "id": "rtb-04e370e87655dd3bf",
            "owner_id": "891377163278",
            "propagating_vgws": [],
            "route": [],
            "tags": {
              "Name": "kdt-DB-Route-table1"
            },
            "tags_all": {
              "Name": "kdt-DB-Route-table1"
            },
            "timeouts": null,
            "vpc_id": "vpc-027f492b4c199ea63"
          },
          "sensitive_attributes": [],
          "private": "eyJlMmJmYjczMC1lY2FhLTExZTYtOGY4OC0zNDM2M2JjN2M0YzAiOnsiY3JlYXRlIjozMDAwMDAwMDAwMDAsImRlbGV0ZSI6MzAwMDAwMDAwMDAwLCJ1cGRhdGUiOjEyMDAwMDAwMDAwMH19",
          "dependencies": [
            "module.vpc.aws_eip.eip1",
            "module.vpc.aws_eip.eip2",
            "module.vpc.aws_internet_gateway.igw",
            "module.vpc.aws_nat_gateway.ngw1",
            "module.vpc.aws_nat_gateway.ngw2",
            "module.vpc.aws_route_table.private-rt1",
            "module.vpc.aws_route_table.private-rt2",
            "module.vpc.aws_route_table.public-rt",
            "module.vpc.aws_route_table_association.private-rt-association1",
            "module.vpc.aws_route_table_association.private-rt-association2",
            "module.vpc.aws_route_table_association.public-rt-association2",
            "module.vpc.aws_subnet.db-subnet1",
            "module.vpc.aws_subnet.db-subnet2",
            "module.vpc.aws_subnet.private-subnet1",
            "module.vpc.aws_subnet.private-subnet2",
            "module.vpc.aws_subnet.public-subnet1",
            "module.vpc.aws_subnet.public-subnet2",
            "module.vpc.aws_vpc.vpc",
            "module.vpc.data.aws_availability_zones.azs"
          ],
          "create_before_destroy": true
        }
      ]
    },
    {
      "module": "module.vpc",
      "mode": "managed",
      "type": "aws_route_table",
      "name": "db-rt2",
      "provider": "provider[\"registry.terraform.io/hashicorp/aws\"]",
      "instances": [
        {
          "schema_version": 0,
          "attributes": {
            "arn": "arn:aws:ec2:us-east-2:891377163278:route-table/rtb-0506e94121306b69e",
            "id": "rtb-0506e94121306b69e",
            "owner_id": "891377163278",
            "propagating_vgws": [],
            "route": [],
            "tags": {
              "Name": "kdt-DB-Route-table2"
            },
            "tags_all": {
              "Name": "kdt-DB-Route-table2"
            },
            "timeouts": null,
            "vpc_id": "vpc-027f492b4c199ea63"
          },
          "sensitive_attributes": [],
          "private": "eyJlMmJmYjczMC1lY2FhLTExZTYtOGY4OC0zNDM2M2JjN2M0YzAiOnsiY3JlYXRlIjozMDAwMDAwMDAwMDAsImRlbGV0ZSI6MzAwMDAwMDAwMDAwLCJ1cGRhdGUiOjEyMDAwMDAwMDAwMH19",
          "dependencies": [
            "module.vpc.aws_eip.eip1",
            "module.vpc.aws_eip.eip2",
            "module.vpc.aws_internet_gateway.igw",
            "module.vpc.aws_nat_gateway.ngw1",
            "module.vpc.aws_nat_gateway.ngw2",
            "module.vpc.aws_route_table.private-rt1",
            "module.vpc.aws_route_table.public-rt",
            "module.vpc.aws_route_table_association.private-rt-association1",
            "module.vpc.aws_route_table_association.public-rt-association2",
            "module.vpc.aws_subnet.db-subnet1",
            "module.vpc.aws_subnet.db-subnet2",
            "module.vpc.aws_subnet.private-subnet1",
            "module.vpc.aws_subnet.private-subnet2",
            "module.vpc.aws_subnet.public-subnet1",
            "module.vpc.aws_subnet.public-subnet2",
            "module.vpc.aws_vpc.vpc",
            "module.vpc.data.aws_availability_zones.azs"
          ],
          "create_before_destroy": true
        }
      ]
    },
    {
      "module": "module.vpc",
      "mode": "managed",
      "type": "aws_route_table",
      "name": "private-rt1",
      "provider": "provider[\"registry.terraform.io/hashicorp/aws\"]",
      "instances": [
        {
          "schema_version": 0,
          "attributes": {
            "arn": "arn:aws:ec2:us-east-2:891377163278:route-table/rtb-04901dcc74f87824e",
            "id": "rtb-04901dcc74f87824e",
            "owner_id": "891377163278",
            "propagating_vgws": [],
            "route": [
              {
                "carrier_gateway_id": "",
                "cidr_block": "0.0.0.0/0",
                "core_network_arn": "",
                "destination_prefix_list_id": "",
                "egress_only_gateway_id": "",
                "gateway_id": "nat-06c96f60749d00fcc",
                "ipv6_cidr_block": "",
                "local_gateway_id": "",
                "nat_gateway_id": "",
                "network_interface_id": "",
                "transit_gateway_id": "",
                "vpc_endpoint_id": "",
                "vpc_peering_connection_id": ""
              }
            ],
            "tags": {
              "Name": "kdt-Private-Route-table1"
            },
            "tags_all": {
              "Name": "kdt-Private-Route-table1"
            },
            "timeouts": null,
            "vpc_id": "vpc-027f492b4c199ea63"
          },
          "sensitive_attributes": [],
          "private": "eyJlMmJmYjczMC1lY2FhLTExZTYtOGY4OC0zNDM2M2JjN2M0YzAiOnsiY3JlYXRlIjozMDAwMDAwMDAwMDAsImRlbGV0ZSI6MzAwMDAwMDAwMDAwLCJ1cGRhdGUiOjEyMDAwMDAwMDAwMH19",
          "dependencies": [
            "module.vpc.aws_eip.eip1",
            "module.vpc.aws_eip.eip2",
            "module.vpc.aws_internet_gateway.igw",
            "module.vpc.aws_nat_gateway.ngw1",
            "module.vpc.aws_nat_gateway.ngw2",
            "module.vpc.aws_route_table.public-rt",
            "module.vpc.aws_route_table_association.public-rt-association2",
            "module.vpc.aws_subnet.db-subnet1",
            "module.vpc.aws_subnet.db-subnet2",
            "module.vpc.aws_subnet.private-subnet1",
            "module.vpc.aws_subnet.private-subnet2",
            "module.vpc.aws_subnet.public-subnet1",
            "module.vpc.aws_subnet.public-subnet2",
            "module.vpc.aws_vpc.vpc",
            "module.vpc.data.aws_availability_zones.azs"
          ],
          "create_before_destroy": true
        }
      ]
    },
    {
      "module": "module.vpc",
      "mode": "managed",
      "type": "aws_route_table",
      "name": "private-rt2",
      "provider": "provider[\"registry.terraform.io/hashicorp/aws\"]",
      "instances": [
        {
          "schema_version": 0,
          "attributes": {
            "arn": "arn:aws:ec2:us-east-2:891377163278:route-table/rtb-07329dca8fbef46d2",
            "id": "rtb-07329dca8fbef46d2",
            "owner_id": "891377163278",
            "propagating_vgws": [],
            "route": [
              {
                "carrier_gateway_id": "",
                "cidr_block": "0.0.0.0/0",
                "core_network_arn": "",
                "destination_prefix_list_id": "",
                "egress_only_gateway_id": "",
                "gateway_id": "nat-04c1e9f28b209cb0c",
                "ipv6_cidr_block": "",
                "local_gateway_id": "",
                "nat_gateway_id": "",
                "network_interface_id": "",
                "transit_gateway_id": "",
                "vpc_endpoint_id": "",
                "vpc_peering_connection_id": ""
              }
            ],
            "tags": {
              "Name": "kdt-Private-Route-table2"
            },
            "tags_all": {
              "Name": "kdt-Private-Route-table2"
            },
            "timeouts": null,
            "vpc_id": "vpc-027f492b4c199ea63"
          },
          "sensitive_attributes": [],
          "private": "eyJlMmJmYjczMC1lY2FhLTExZTYtOGY4OC0zNDM2M2JjN2M0YzAiOnsiY3JlYXRlIjozMDAwMDAwMDAwMDAsImRlbGV0ZSI6MzAwMDAwMDAwMDAwLCJ1cGRhdGUiOjEyMDAwMDAwMDAwMH19",
          "dependencies": [
            "module.vpc.aws_eip.eip1",
            "module.vpc.aws_eip.eip2",
            "module.vpc.aws_internet_gateway.igw",
            "module.vpc.aws_nat_gateway.ngw1",
            "module.vpc.aws_nat_gateway.ngw2",
            "module.vpc.aws_route_table.private-rt1",
            "module.vpc.aws_route_table.public-rt",
            "module.vpc.aws_route_table_association.private-rt-association1",
            "module.vpc.aws_route_table_association.public-rt-association2",
            "module.vpc.aws_subnet.db-subnet1",
            "module.vpc.aws_subnet.db-subnet2",
            "module.vpc.aws_subnet.private-subnet1",
            "module.vpc.aws_subnet.private-subnet2",
            "module.vpc.aws_subnet.public-subnet1",
            "module.vpc.aws_subnet.public-subnet2",
            "module.vpc.aws_vpc.vpc",
            "module.vpc.data.aws_availability_zones.azs"
          ],
          "create_before_destroy": true
        }
      ]
    },
    {
      "module": "module.vpc",
      "mode": "managed",
      "type": "aws_route_table",
      "name": "public-rt",
      "provider": "provider[\"registry.terraform.io/hashicorp/aws\"]",
      "instances": [
        {
          "schema_version": 0,
          "attributes": {
            "arn": "arn:aws:ec2:us-east-2:891377163278:route-table/rtb-085debceffaa501de",
            "id": "rtb-085debceffaa501de",
            "owner_id": "891377163278",
            "propagating_vgws": [],
            "route": [
              {
                "carrier_gateway_id": "",
                "cidr_block": "0.0.0.0/0",
                "core_network_arn": "",
                "destination_prefix_list_id": "",
                "egress_only_gateway_id": "",
                "gateway_id": "igw-07fee83d932e051fa",
                "ipv6_cidr_block": "",
                "local_gateway_id": "",
                "nat_gateway_id": "",
                "network_interface_id": "",
                "transit_gateway_id": "",
                "vpc_endpoint_id": "",
                "vpc_peering_connection_id": ""
              }
            ],
            "tags": {
              "Name": "kdt-Public-Route-table"
            },
            "tags_all": {
              "Name": "kdt-Public-Route-table"
            },
            "timeouts": null,
            "vpc_id": "vpc-027f492b4c199ea63"
          },
          "sensitive_attributes": [],
          "private": "eyJlMmJmYjczMC1lY2FhLTExZTYtOGY4OC0zNDM2M2JjN2M0YzAiOnsiY3JlYXRlIjozMDAwMDAwMDAwMDAsImRlbGV0ZSI6MzAwMDAwMDAwMDAwLCJ1cGRhdGUiOjEyMDAwMDAwMDAwMH19",
          "dependencies": [
            "module.vpc.aws_eip.eip1",
            "module.vpc.aws_eip.eip2",
            "module.vpc.aws_internet_gateway.igw",
            "module.vpc.aws_nat_gateway.ngw1",
            "module.vpc.aws_nat_gateway.ngw2",
            "module.vpc.aws_subnet.db-subnet1",
            "module.vpc.aws_subnet.db-subnet2",
            "module.vpc.aws_subnet.private-subnet1",
            "module.vpc.aws_subnet.private-subnet2",
            "module.vpc.aws_subnet.public-subnet1",
            "module.vpc.aws_subnet.public-subnet2",
            "module.vpc.aws_vpc.vpc",
            "module.vpc.data.aws_availability_zones.azs"
          ],
          "create_before_destroy": true
        }
      ]
    },
    {
      "module": "module.vpc",
      "mode": "managed",
      "type": "aws_route_table_association",
      "name": "db-rt-association1",
      "provider": "provider[\"registry.terraform.io/hashicorp/aws\"]",
      "instances": [
        {
          "schema_version": 0,
          "attributes": {
            "gateway_id": "",
            "id": "rtbassoc-04421875b338e5eef",
            "route_table_id": "rtb-04e370e87655dd3bf",
            "subnet_id": "subnet-05717ae19f9ae43dd",
            "timeouts": null
          },
          "sensitive_attributes": [],
          "private": "eyJlMmJmYjczMC1lY2FhLTExZTYtOGY4OC0zNDM2M2JjN2M0YzAiOnsiY3JlYXRlIjozMDAwMDAwMDAwMDAsImRlbGV0ZSI6MzAwMDAwMDAwMDAwLCJ1cGRhdGUiOjEyMDAwMDAwMDAwMH19",
          "dependencies": [
            "module.vpc.aws_eip.eip1",
            "module.vpc.aws_eip.eip2",
            "module.vpc.aws_internet_gateway.igw",
            "module.vpc.aws_nat_gateway.ngw1",
            "module.vpc.aws_nat_gateway.ngw2",
            "module.vpc.aws_route_table.db-rt1",
            "module.vpc.aws_route_table.private-rt1",
            "module.vpc.aws_route_table.private-rt2",
            "module.vpc.aws_route_table.public-rt",
            "module.vpc.aws_route_table_association.private-rt-association1",
            "module.vpc.aws_route_table_association.private-rt-association2",
            "module.vpc.aws_route_table_association.public-rt-association2",
            "module.vpc.aws_subnet.db-subnet1",
            "module.vpc.aws_subnet.db-subnet2",
            "module.vpc.aws_subnet.private-subnet1",
            "module.vpc.aws_subnet.private-subnet2",
            "module.vpc.aws_subnet.public-subnet1",
            "module.vpc.aws_subnet.public-subnet2",
            "module.vpc.aws_vpc.vpc",
            "module.vpc.data.aws_availability_zones.azs"
          ],
          "create_before_destroy": true
        }
      ]
    },
    {
      "module": "module.vpc",
      "mode": "managed",
      "type": "aws_route_table_association",
      "name": "db-rt-association2",
      "provider": "provider[\"registry.terraform.io/hashicorp/aws\"]",
      "instances": [
        {
          "schema_version": 0,
          "attributes": {
            "gateway_id": "",
            "id": "rtbassoc-0965efff8f6f3d35a",
            "route_table_id": "rtb-0506e94121306b69e",
            "subnet_id": "subnet-0cd11ac3a4e7bd5ee",
            "timeouts": null
          },
          "sensitive_attributes": [],
          "private": "eyJlMmJmYjczMC1lY2FhLTExZTYtOGY4OC0zNDM2M2JjN2M0YzAiOnsiY3JlYXRlIjozMDAwMDAwMDAwMDAsImRlbGV0ZSI6MzAwMDAwMDAwMDAwLCJ1cGRhdGUiOjEyMDAwMDAwMDAwMH19",
          "dependencies": [
            "module.vpc.aws_eip.eip1",
            "module.vpc.aws_eip.eip2",
            "module.vpc.aws_internet_gateway.igw",
            "module.vpc.aws_nat_gateway.ngw1",
            "module.vpc.aws_nat_gateway.ngw2",
            "module.vpc.aws_route_table.db-rt2",
            "module.vpc.aws_route_table.private-rt1",
            "module.vpc.aws_route_table.public-rt",
            "module.vpc.aws_route_table_association.private-rt-association1",
            "module.vpc.aws_route_table_association.public-rt-association2",
            "module.vpc.aws_subnet.db-subnet1",
            "module.vpc.aws_subnet.db-subnet2",
            "module.vpc.aws_subnet.private-subnet1",
            "module.vpc.aws_subnet.private-subnet2",
            "module.vpc.aws_subnet.public-subnet1",
            "module.vpc.aws_subnet.public-subnet2",
            "module.vpc.aws_vpc.vpc",
            "module.vpc.data.aws_availability_zones.azs"
          ],
          "create_before_destroy": true
        }
      ]
    },
    {
      "module": "module.vpc",
      "mode": "managed",
      "type": "aws_route_table_association",
      "name": "private-rt-association1",
      "provider": "provider[\"registry.terraform.io/hashicorp/aws\"]",
      "instances": [
        {
          "schema_version": 0,
          "attributes": {
            "gateway_id": "",
            "id": "rtbassoc-0a3076d559364973e",
            "route_table_id": "rtb-04901dcc74f87824e",
            "subnet_id": "subnet-08a033219ac895069",
            "timeouts": null
          },
          "sensitive_attributes": [],
          "private": "eyJlMmJmYjczMC1lY2FhLTExZTYtOGY4OC0zNDM2M2JjN2M0YzAiOnsiY3JlYXRlIjozMDAwMDAwMDAwMDAsImRlbGV0ZSI6MzAwMDAwMDAwMDAwLCJ1cGRhdGUiOjEyMDAwMDAwMDAwMH19",
          "dependencies": [
            "module.vpc.aws_eip.eip1",
            "module.vpc.aws_eip.eip2",
            "module.vpc.aws_internet_gateway.igw",
            "module.vpc.aws_nat_gateway.ngw1",
            "module.vpc.aws_nat_gateway.ngw2",
            "module.vpc.aws_route_table.private-rt1",
            "module.vpc.aws_route_table.public-rt",
            "module.vpc.aws_route_table_association.public-rt-association2",
            "module.vpc.aws_subnet.db-subnet1",
            "module.vpc.aws_subnet.db-subnet2",
            "module.vpc.aws_subnet.private-subnet1",
            "module.vpc.aws_subnet.private-subnet2",
            "module.vpc.aws_subnet.public-subnet1",
            "module.vpc.aws_subnet.public-subnet2",
            "module.vpc.aws_vpc.vpc",
            "module.vpc.data.aws_availability_zones.azs"
          ],
          "create_before_destroy": true
        }
      ]
    },
    {
      "module": "module.vpc",
      "mode": "managed",
      "type": "aws_route_table_association",
      "name": "private-rt-association2",
      "provider": "provider[\"registry.terraform.io/hashicorp/aws\"]",
      "instances": [
        {
          "schema_version": 0,
          "attributes": {
            "gateway_id": "",
            "id": "rtbassoc-0b74c245ef2ad7230",
            "route_table_id": "rtb-07329dca8fbef46d2",
            "subnet_id": "subnet-0f0e0a9601305fffd",
            "timeouts": null
          },
          "sensitive_attributes": [],
          "private": "eyJlMmJmYjczMC1lY2FhLTExZTYtOGY4OC0zNDM2M2JjN2M0YzAiOnsiY3JlYXRlIjozMDAwMDAwMDAwMDAsImRlbGV0ZSI6MzAwMDAwMDAwMDAwLCJ1cGRhdGUiOjEyMDAwMDAwMDAwMH19",
          "dependencies": [
            "module.vpc.aws_eip.eip1",
            "module.vpc.aws_eip.eip2",
            "module.vpc.aws_internet_gateway.igw",
            "module.vpc.aws_nat_gateway.ngw1",
            "module.vpc.aws_nat_gateway.ngw2",
            "module.vpc.aws_route_table.private-rt1",
            "module.vpc.aws_route_table.private-rt2",
            "module.vpc.aws_route_table.public-rt",
            "module.vpc.aws_route_table_association.private-rt-association1",
            "module.vpc.aws_route_table_association.public-rt-association2",
            "module.vpc.aws_subnet.db-subnet1",
            "module.vpc.aws_subnet.db-subnet2",
            "module.vpc.aws_subnet.private-subnet1",
            "module.vpc.aws_subnet.private-subnet2",
            "module.vpc.aws_subnet.public-subnet1",
            "module.vpc.aws_subnet.public-subnet2",
            "module.vpc.aws_vpc.vpc",
            "module.vpc.data.aws_availability_zones.azs"
          ],
          "create_before_destroy": true
        }
      ]
    },
    {
      "module": "module.vpc",
      "mode": "managed",
      "type": "aws_route_table_association",
      "name": "public-rt-association1",
      "provider": "provider[\"registry.terraform.io/hashicorp/aws\"]",
      "instances": [
        {
          "schema_version": 0,
          "attributes": {
            "gateway_id": "",
            "id": "rtbassoc-0790980962db08568",
            "route_table_id": "rtb-085debceffaa501de",
            "subnet_id": "subnet-0adbae9616616cb30",
            "timeouts": null
          },
          "sensitive_attributes": [],
          "private": "eyJlMmJmYjczMC1lY2FhLTExZTYtOGY4OC0zNDM2M2JjN2M0YzAiOnsiY3JlYXRlIjozMDAwMDAwMDAwMDAsImRlbGV0ZSI6MzAwMDAwMDAwMDAwLCJ1cGRhdGUiOjEyMDAwMDAwMDAwMH19",
          "dependencies": [
            "module.vpc.aws_eip.eip1",
            "module.vpc.aws_eip.eip2",
            "module.vpc.aws_internet_gateway.igw",
            "module.vpc.aws_nat_gateway.ngw1",
            "module.vpc.aws_nat_gateway.ngw2",
            "module.vpc.aws_route_table.public-rt",
            "module.vpc.aws_subnet.db-subnet1",
            "module.vpc.aws_subnet.db-subnet2",
            "module.vpc.aws_subnet.private-subnet1",
            "module.vpc.aws_subnet.private-subnet2",
            "module.vpc.aws_subnet.public-subnet1",
            "module.vpc.aws_subnet.public-subnet2",
            "module.vpc.aws_vpc.vpc",
            "module.vpc.data.aws_availability_zones.azs"
          ],
          "create_before_destroy": true
        }
      ]
    },
    {
      "module": "module.vpc",
      "mode": "managed",
      "type": "aws_route_table_association",
      "name": "public-rt-association2",
      "provider": "provider[\"registry.terraform.io/hashicorp/aws\"]",
      "instances": [
        {
          "schema_version": 0,
          "attributes": {
            "gateway_id": "",
            "id": "rtbassoc-0fb0191045eacda12",
            "route_table_id": "rtb-085debceffaa501de",
            "subnet_id": "subnet-04bb579578028c58e",
            "timeouts": null
          },
          "sensitive_attributes": [],
          "private": "eyJlMmJmYjczMC1lY2FhLTExZTYtOGY4OC0zNDM2M2JjN2M0YzAiOnsiY3JlYXRlIjozMDAwMDAwMDAwMDAsImRlbGV0ZSI6MzAwMDAwMDAwMDAwLCJ1cGRhdGUiOjEyMDAwMDAwMDAwMH19",
          "dependencies": [
            "module.vpc.aws_eip.eip1",
            "module.vpc.aws_eip.eip2",
            "module.vpc.aws_internet_gateway.igw",
            "module.vpc.aws_nat_gateway.ngw1",
            "module.vpc.aws_nat_gateway.ngw2",
            "module.vpc.aws_route_table.public-rt",
            "module.vpc.aws_subnet.db-subnet1",
            "module.vpc.aws_subnet.db-subnet2",
            "module.vpc.aws_subnet.private-subnet1",
            "module.vpc.aws_subnet.private-subnet2",
            "module.vpc.aws_subnet.public-subnet1",
            "module.vpc.aws_subnet.public-subnet2",
            "module.vpc.aws_vpc.vpc",
            "module.vpc.data.aws_availability_zones.azs"
          ],
          "create_before_destroy": true
        }
      ]
    },
    {
      "module": "module.vpc",
      "mode": "managed",
      "type": "aws_subnet",
      "name": "db-subnet1",
      "provider": "provider[\"registry.terraform.io/hashicorp/aws\"]",
      "instances": [
        {
          "schema_version": 1,
          "attributes": {
            "arn": "arn:aws:ec2:us-east-2:891377163278:subnet/subnet-05717ae19f9ae43dd",
            "assign_ipv6_address_on_creation": false,
            "availability_zone": "us-east-2a",
            "availability_zone_id": "use2-az1",
            "cidr_block": "10.50.20.0/24",
            "customer_owned_ipv4_pool": "",
            "enable_dns64": false,
            "enable_lni_at_device_index": 0,
            "enable_resource_name_dns_a_record_on_launch": false,
            "enable_resource_name_dns_aaaa_record_on_launch": false,
            "id": "subnet-05717ae19f9ae43dd",
            "ipv6_cidr_block": "",
            "ipv6_cidr_block_association_id": "",
            "ipv6_native": false,
            "map_customer_owned_ip_on_launch": false,
            "map_public_ip_on_launch": false,
            "outpost_arn": "",
            "owner_id": "891377163278",
            "private_dns_hostname_type_on_launch": "ip-name",
            "tags": {
              "Name": "kdt-DB-Subnet1"
            },
            "tags_all": {
              "Name": "kdt-DB-Subnet1"
            },
            "timeouts": null,
            "vpc_id": "vpc-027f492b4c199ea63"
          },
          "sensitive_attributes": [],
          "private": "eyJlMmJmYjczMC1lY2FhLTExZTYtOGY4OC0zNDM2M2JjN2M0YzAiOnsiY3JlYXRlIjo2MDAwMDAwMDAwMDAsImRlbGV0ZSI6MTIwMDAwMDAwMDAwMH0sInNjaGVtYV92ZXJzaW9uIjoiMSJ9",
          "dependencies": [
            "module.vpc.aws_internet_gateway.igw",
            "module.vpc.aws_subnet.private-subnet1",
            "module.vpc.aws_subnet.private-subnet2",
            "module.vpc.aws_subnet.public-subnet1",
            "module.vpc.aws_subnet.public-subnet2",
            "module.vpc.aws_vpc.vpc",
            "module.vpc.data.aws_availability_zones.azs"
          ],
          "create_before_destroy": true
        }
      ]
    },
    {
      "module": "module.vpc",
      "mode": "managed",
      "type": "aws_subnet",
      "name": "db-subnet2",
      "provider": "provider[\"registry.terraform.io/hashicorp/aws\"]",
      "instances": [
        {
          "schema_version": 1,
          "attributes": {
            "arn": "arn:aws:ec2:us-east-2:891377163278:subnet/subnet-0cd11ac3a4e7bd5ee",
            "assign_ipv6_address_on_creation": false,
            "availability_zone": "us-east-2b",
            "availability_zone_id": "use2-az2",
            "cidr_block": "10.50.21.0/24",
            "customer_owned_ipv4_pool": "",
            "enable_dns64": false,
            "enable_lni_at_device_index": 0,
            "enable_resource_name_dns_a_record_on_launch": false,
            "enable_resource_name_dns_aaaa_record_on_launch": false,
            "id": "subnet-0cd11ac3a4e7bd5ee",
            "ipv6_cidr_block": "",
            "ipv6_cidr_block_association_id": "",
            "ipv6_native": false,
            "map_customer_owned_ip_on_launch": false,
            "map_public_ip_on_launch": false,
            "outpost_arn": "",
            "owner_id": "891377163278",
            "private_dns_hostname_type_on_launch": "ip-name",
            "tags": {
              "Name": "kdt-DB-Subnet2"
            },
            "tags_all": {
              "Name": "kdt-DB-Subnet2"
            },
            "timeouts": null,
            "vpc_id": "vpc-027f492b4c199ea63"
          },
          "sensitive_attributes": [],
          "private": "eyJlMmJmYjczMC1lY2FhLTExZTYtOGY4OC0zNDM2M2JjN2M0YzAiOnsiY3JlYXRlIjo2MDAwMDAwMDAwMDAsImRlbGV0ZSI6MTIwMDAwMDAwMDAwMH0sInNjaGVtYV92ZXJzaW9uIjoiMSJ9",
          "dependencies": [
            "module.vpc.aws_internet_gateway.igw",
            "module.vpc.aws_subnet.db-subnet1",
            "module.vpc.aws_subnet.private-subnet1",
            "module.vpc.aws_subnet.private-subnet2",
            "module.vpc.aws_subnet.public-subnet1",
            "module.vpc.aws_subnet.public-subnet2",
            "module.vpc.aws_vpc.vpc",
            "module.vpc.data.aws_availability_zones.azs"
          ],
          "create_before_destroy": true
        }
      ]
    },
    {
      "module": "module.vpc",
      "mode": "managed",
      "type": "aws_subnet",
      "name": "private-subnet1",
      "provider": "provider[\"registry.terraform.io/hashicorp/aws\"]",
      "instances": [
        {
          "schema_version": 1,
          "attributes": {
            "arn": "arn:aws:ec2:us-east-2:891377163278:subnet/subnet-08a033219ac895069",
            "assign_ipv6_address_on_creation": false,
            "availability_zone": "us-east-2a",
            "availability_zone_id": "use2-az1",
            "cidr_block": "10.50.4.0/22",
            "customer_owned_ipv4_pool": "",
            "enable_dns64": false,
            "enable_lni_at_device_index": 0,
            "enable_resource_name_dns_a_record_on_launch": false,
            "enable_resource_name_dns_aaaa_record_on_launch": false,
            "id": "subnet-08a033219ac895069",
            "ipv6_cidr_block": "",
            "ipv6_cidr_block_association_id": "",
            "ipv6_native": false,
            "map_customer_owned_ip_on_launch": false,
            "map_public_ip_on_launch": false,
            "outpost_arn": "",
            "owner_id": "891377163278",
            "private_dns_hostname_type_on_launch": "ip-name",
            "tags": {
              "Name": "kdt-Private-Subnet1"
            },
            "tags_all": {
              "Name": "kdt-Private-Subnet1"
            },
            "timeouts": null,
            "vpc_id": "vpc-027f492b4c199ea63"
          },
          "sensitive_attributes": [],
          "private": "eyJlMmJmYjczMC1lY2FhLTExZTYtOGY4OC0zNDM2M2JjN2M0YzAiOnsiY3JlYXRlIjo2MDAwMDAwMDAwMDAsImRlbGV0ZSI6MTIwMDAwMDAwMDAwMH0sInNjaGVtYV92ZXJzaW9uIjoiMSJ9",
          "dependencies": [
            "module.vpc.aws_internet_gateway.igw",
            "module.vpc.aws_subnet.public-subnet1",
            "module.vpc.aws_subnet.public-subnet2",
            "module.vpc.aws_vpc.vpc",
            "module.vpc.data.aws_availability_zones.azs"
          ],
          "create_before_destroy": true
        }
      ]
    },
    {
      "module": "module.vpc",
      "mode": "managed",
      "type": "aws_subnet",
      "name": "private-subnet2",
      "provider": "provider[\"registry.terraform.io/hashicorp/aws\"]",
      "instances": [
        {
          "schema_version": 1,
          "attributes": {
            "arn": "arn:aws:ec2:us-east-2:891377163278:subnet/subnet-0f0e0a9601305fffd",
            "assign_ipv6_address_on_creation": false,
            "availability_zone": "us-east-2b",
            "availability_zone_id": "use2-az2",
            "cidr_block": "10.50.8.0/22",
            "customer_owned_ipv4_pool": "",
            "enable_dns64": false,
            "enable_lni_at_device_index": 0,
            "enable_resource_name_dns_a_record_on_launch": false,
            "enable_resource_name_dns_aaaa_record_on_launch": false,
            "id": "subnet-0f0e0a9601305fffd",
            "ipv6_cidr_block": "",
            "ipv6_cidr_block_association_id": "",
            "ipv6_native": false,
            "map_customer_owned_ip_on_launch": false,
            "map_public_ip_on_launch": false,
            "outpost_arn": "",
            "owner_id": "891377163278",
            "private_dns_hostname_type_on_launch": "ip-name",
            "tags": {
              "Name": "kdt-Private-Subnet2"
            },
            "tags_all": {
              "Name": "kdt-Private-Subnet2"
            },
            "timeouts": null,
            "vpc_id": "vpc-027f492b4c199ea63"
          },
          "sensitive_attributes": [],
          "private": "eyJlMmJmYjczMC1lY2FhLTExZTYtOGY4OC0zNDM2M2JjN2M0YzAiOnsiY3JlYXRlIjo2MDAwMDAwMDAwMDAsImRlbGV0ZSI6MTIwMDAwMDAwMDAwMH0sInNjaGVtYV92ZXJzaW9uIjoiMSJ9",
          "dependencies": [
            "module.vpc.aws_internet_gateway.igw",
            "module.vpc.aws_subnet.private-subnet1",
            "module.vpc.aws_subnet.public-subnet1",
            "module.vpc.aws_subnet.public-subnet2",
            "module.vpc.aws_vpc.vpc",
            "module.vpc.data.aws_availability_zones.azs"
          ],
          "create_before_destroy": true
        }
      ]
    },
    {
      "module": "module.vpc",
      "mode": "managed",
      "type": "aws_subnet",
      "name": "public-subnet1",
      "provider": "provider[\"registry.terraform.io/hashicorp/aws\"]",
      "instances": [
        {
          "schema_version": 1,
          "attributes": {
            "arn": "arn:aws:ec2:us-east-2:891377163278:subnet/subnet-0adbae9616616cb30",
            "assign_ipv6_address_on_creation": false,
            "availability_zone": "us-east-2a",
            "availability_zone_id": "use2-az1",
            "cidr_block": "10.50.0.0/24",
            "customer_owned_ipv4_pool": "",
            "enable_dns64": false,
            "enable_lni_at_device_index": 0,
            "enable_resource_name_dns_a_record_on_launch": false,
            "enable_resource_name_dns_aaaa_record_on_launch": false,
            "id": "subnet-0adbae9616616cb30",
            "ipv6_cidr_block": "",
            "ipv6_cidr_block_association_id": "",
            "ipv6_native": false,
            "map_customer_owned_ip_on_launch": false,
            "map_public_ip_on_launch": true,
            "outpost_arn": "",
            "owner_id": "891377163278",
            "private_dns_hostname_type_on_launch": "ip-name",
            "tags": {
              "Name": "kdt-Public-Subnet1"
            },
            "tags_all": {
              "Name": "kdt-Public-Subnet1"
            },
            "timeouts": null,
            "vpc_id": "vpc-027f492b4c199ea63"
          },
          "sensitive_attributes": [],
          "private": "eyJlMmJmYjczMC1lY2FhLTExZTYtOGY4OC0zNDM2M2JjN2M0YzAiOnsiY3JlYXRlIjo2MDAwMDAwMDAwMDAsImRlbGV0ZSI6MTIwMDAwMDAwMDAwMH0sInNjaGVtYV92ZXJzaW9uIjoiMSJ9",
          "dependencies": [
            "module.vpc.aws_internet_gateway.igw",
            "module.vpc.aws_vpc.vpc",
            "module.vpc.data.aws_availability_zones.azs"
          ],
          "create_before_destroy": true
        }
      ]
    },
    {
      "module": "module.vpc",
      "mode": "managed",
      "type": "aws_subnet",
      "name": "public-subnet2",
      "provider": "provider[\"registry.terraform.io/hashicorp/aws\"]",
      "instances": [
        {
          "schema_version": 1,
          "attributes": {
            "arn": "arn:aws:ec2:us-east-2:891377163278:subnet/subnet-04bb579578028c58e",
            "assign_ipv6_address_on_creation": false,
            "availability_zone": "us-east-2b",
            "availability_zone_id": "use2-az2",
            "cidr_block": "10.50.1.0/24",
            "customer_owned_ipv4_pool": "",
            "enable_dns64": false,
            "enable_lni_at_device_index": 0,
            "enable_resource_name_dns_a_record_on_launch": false,
            "enable_resource_name_dns_aaaa_record_on_launch": false,
            "id": "subnet-04bb579578028c58e",
            "ipv6_cidr_block": "",
            "ipv6_cidr_block_association_id": "",
            "ipv6_native": false,
            "map_customer_owned_ip_on_launch": false,
            "map_public_ip_on_launch": true,
            "outpost_arn": "",
            "owner_id": "891377163278",
            "private_dns_hostname_type_on_launch": "ip-name",
            "tags": {
              "Name": "kdt-Public-Subnet2"
            },
            "tags_all": {
              "Name": "kdt-Public-Subnet2"
            },
            "timeouts": null,
            "vpc_id": "vpc-027f492b4c199ea63"
          },
          "sensitive_attributes": [],
          "private": "eyJlMmJmYjczMC1lY2FhLTExZTYtOGY4OC0zNDM2M2JjN2M0YzAiOnsiY3JlYXRlIjo2MDAwMDAwMDAwMDAsImRlbGV0ZSI6MTIwMDAwMDAwMDAwMH0sInNjaGVtYV92ZXJzaW9uIjoiMSJ9",
          "dependencies": [
            "module.vpc.aws_internet_gateway.igw",
            "module.vpc.aws_subnet.public-subnet1",
            "module.vpc.aws_vpc.vpc",
            "module.vpc.data.aws_availability_zones.azs"
          ],
          "create_before_destroy": true
        }
      ]
    },
    {
      "module": "module.vpc",
      "mode": "managed",
      "type": "aws_vpc",
      "name": "vpc",
      "provider": "provider[\"registry.terraform.io/hashicorp/aws\"]",
      "instances": [
        {
          "schema_version": 1,
          "attributes": {
            "arn": "arn:aws:ec2:us-east-2:891377163278:vpc/vpc-027f492b4c199ea63",
            "assign_generated_ipv6_cidr_block": false,
            "cidr_block": "10.50.0.0/16",
            "default_network_acl_id": "acl-0274e1ade2ee52215",
            "default_route_table_id": "rtb-0f363b586ec9fa210",
            "default_security_group_id": "sg-01df27185e5f733aa",
            "dhcp_options_id": "dopt-0cab42d5410535950",
            "enable_dns_hostnames": true,
            "enable_dns_support": true,
            "enable_network_address_usage_metrics": false,
            "id": "vpc-027f492b4c199ea63",
            "instance_tenancy": "default",
            "ipv4_ipam_pool_id": null,
            "ipv4_netmask_length": null,
            "ipv6_association_id": "",
            "ipv6_cidr_block": "",
            "ipv6_cidr_block_network_border_group": "",
            "ipv6_ipam_pool_id": "",
            "ipv6_netmask_length": 0,
            "main_route_table_id": "rtb-0f363b586ec9fa210",
            "owner_id": "891377163278",
            "tags": {
              "Name": "kdt-VPC"
            },
            "tags_all": {
              "Name": "kdt-VPC"
            }
          },
          "sensitive_attributes": [],
          "private": "eyJzY2hlbWFfdmVyc2lvbiI6IjEifQ==",
          "create_before_destroy": true
        }
      ]
    }
  ],
  "check_results": null
}
