{
  "version": 4,
  "terraform_version": "1.8.0",
  "serial": 15283,
  "lineage": "4973d4c3-5142-03bc-1083-9a38770bd610",
  "outputs": {},
  "resources": [
    {
      "module": "module.acm-route53-cloudfront-waf",
      "mode": "managed",
      "type": "aws_acm_certificate",
      "name": "cert",
      "provider": "provider[\"registry.terraform.io/hashicorp/aws\"].us-east-1",
      "instances": [
        {
          "schema_version": 0,
          "attributes": {
            "arn": "arn:aws:acm:us-east-1:891377163278:certificate/ee08f668-0c54-4f3c-9c84-1930dfac560a",
            "certificate_authority_arn": "",
            "certificate_body": null,
            "certificate_chain": null,
            "domain_name": "hellowaws.shop",
            "domain_validation_options": [
              {
                "domain_name": "hellowaws.shop",
                "resource_record_name": "_7f19658f7298968af63cd5584d8f500f.hellowaws.shop.",
                "resource_record_type": "CNAME",
                "resource_record_value": "_76dca5cad0fc245e743f1f392cd68536.mhbtsbpdnt.acm-validations.aws."
              },
              {
                "domain_name": "www.hellowaws.shop",
                "resource_record_name": "_a84098457ff3e7498a54e2ecf341e4be.www.hellowaws.shop.",
                "resource_record_type": "CNAME",
                "resource_record_value": "_a1f8bb890f2d7f08d4fd6e0e312257ac.mhbtsbpdnt.acm-validations.aws."
              }
            ],
            "early_renewal_duration": "",
            "id": "arn:aws:acm:us-east-1:891377163278:certificate/ee08f668-0c54-4f3c-9c84-1930dfac560a",
            "key_algorithm": "RSA_2048",
            "not_after": "2025-07-10T23:59:59Z",
            "not_before": "2024-06-11T00:00:00Z",
            "options": [
              {
                "certificate_transparency_logging_preference": "ENABLED"
              }
            ],
            "pending_renewal": false,
            "private_key": null,
            "renewal_eligibility": "ELIGIBLE",
            "renewal_summary": [],
            "status": "ISSUED",
            "subject_alternative_names": [
              "hellowaws.shop",
              "www.hellowaws.shop"
            ],
            "tags": {
              "Name": "aws_acm_certificate/cert",
              "createDate": "20240611",
              "owner": "ktd-admin"
            },
            "tags_all": {
              "Name": "aws_acm_certificate/cert",
              "createDate": "20240611",
              "owner": "ktd-admin"
            },
            "type": "AMAZON_ISSUED",
            "validation_emails": [],
            "validation_method": "DNS",
            "validation_option": []
          },
          "sensitive_attributes": [
            [
              {
                "type": "get_attr",
                "value": "private_key"
              }
            ]
          ],
          "private": "bnVsbA==",
          "dependencies": [
            "module.ami.aws_ami_from_instance.hellowaws-ami",
            "module.ami.aws_instance.bastion",
            "module.ami.data.aws_subnet.db-subnet1",
            "module.autoscaling.aws_autoscaling_group.App-ASG",
            "module.autoscaling.aws_autoscaling_group.Web-ASG",
            "module.autoscaling.aws_autoscaling_policy.app-custom-cpu-policy-scaleIn",
            "module.autoscaling.aws_autoscaling_policy.app-custom-cpu-policy-scaleOut",
            "module.autoscaling.aws_autoscaling_policy.web-custom-cpu-policy-scaleIn",
            "module.autoscaling.aws_autoscaling_policy.web-custom-cpu-policy-scaleOut",
            "module.autoscaling.aws_cloudwatch_metric_alarm.app-custom-cpu-alarm-scaleIn",
            "module.autoscaling.aws_cloudwatch_metric_alarm.app-custom-cpu-alarm-scaleOut",
            "module.autoscaling.aws_cloudwatch_metric_alarm.web-custom-cpu-alarm-scaleIn",
            "module.autoscaling.aws_cloudwatch_metric_alarm.web-custom-cpu-alarm-scaleOut",
            "module.autoscaling.aws_launch_template.App-LC",
            "module.autoscaling.aws_launch_template.Web-LC",
            "module.autoscaling.data.aws_subnet.private-subnet1",
            "module.autoscaling.data.aws_subnet.private-subnet2",
            "module.elb.aws_lb.App-elb",
            "module.elb.aws_lb_target_group.app-tg",
            "module.elb.aws_lb_target_group.web-tg",
            "module.elb.data.aws_security_group.app-elb-sg",
            "module.elb.data.aws_subnet.private-subnet1",
            "module.elb.data.aws_subnet.private-subnet2",
            "module.elb.data.aws_vpc.hellowaws-vpc",
            "module.iam.aws_iam_instance_profile.instance-profile",
            "module.iam.aws_iam_role.codebuild-role",
            "module.iam.aws_iam_role.iam-role",
            "module.iam.aws_iam_role_policy.iam-policy",
            "module.repository.aws_codecommit_repository.sourcecode-repository",
            "module.security-group.aws_security_group.app-elb-sg",
            "module.security-group.aws_security_group.app-tier-sg",
            "module.security-group.aws_security_group.bastion-sg",
            "module.security-group.aws_security_group.database-sg",
            "module.security-group.aws_security_group.redis-sg",
            "module.security-group.aws_security_group.web-elb-sg",
            "module.security-group.aws_security_group.web-tier-sg",
            "module.security-group.data.aws_vpc.hellowaws-vpc",
            "module.vpc.aws_eip.eip1",
            "module.vpc.aws_eip.eip2",
            "module.vpc.aws_internet_gateway.igw",
            "module.vpc.aws_nat_gateway.ngw1",
            "module.vpc.aws_nat_gateway.ngw2",
            "module.vpc.aws_route_table.db-rt1",
            "module.vpc.aws_route_table.db-rt2",
            "module.vpc.aws_route_table.private-rt1",
            "module.vpc.aws_route_table.private-rt2",
            "module.vpc.aws_route_table.public-rt",
            "module.vpc.aws_route_table_association.db-rt-association1",
            "module.vpc.aws_route_table_association.db-rt-association2",
            "module.vpc.aws_route_table_association.private-rt-association1",
            "module.vpc.aws_route_table_association.private-rt-association2",
            "module.vpc.aws_route_table_association.public-rt-association1",
            "module.vpc.aws_route_table_association.public-rt-association2",
            "module.vpc.aws_subnet.db-subnet1",
            "module.vpc.aws_subnet.db-subnet2",
            "module.vpc.aws_subnet.private-subnet1",
            "module.vpc.aws_subnet.private-subnet2",
            "module.vpc.aws_subnet.public-subnet1",
            "module.vpc.aws_subnet.public-subnet2",
            "module.vpc.aws_vpc.hellowaws-vpc",
            "module.vpc.aws_vpc_endpoint.s3-gateway",
            "module.vpc.data.aws_availability_zones.azs"
          ],
          "create_before_destroy": true
        }
      ]
    },
    {
      "module": "module.acm-route53-cloudfront-waf",
      "mode": "managed",
      "type": "aws_acm_certificate_validation",
      "name": "cert",
      "provider": "provider[\"registry.terraform.io/hashicorp/aws\"].us-east-1",
      "instances": [
        {
          "schema_version": 0,
          "attributes": {
            "certificate_arn": "arn:aws:acm:us-east-1:891377163278:certificate/ee08f668-0c54-4f3c-9c84-1930dfac560a",
            "id": "2024-06-11 06:32:33.507 +0000 UTC",
            "timeouts": null,
            "validation_record_fqdns": [
              "_7f19658f7298968af63cd5584d8f500f.hellowaws.shop",
              "_a84098457ff3e7498a54e2ecf341e4be.www.hellowaws.shop"
            ]
          },
          "sensitive_attributes": [],
          "private": "eyJlMmJmYjczMC1lY2FhLTExZTYtOGY4OC0zNDM2M2JjN2M0YzAiOnsiY3JlYXRlIjo0NTAwMDAwMDAwMDAwfX0=",
          "dependencies": [
            "module.acm-route53-cloudfront-waf.aws_acm_certificate.cert",
            "module.acm-route53-cloudfront-waf.aws_route53_record.cert-validation",
            "module.acm-route53-cloudfront-waf.data.aws_route53_zone.zone",
            "module.ami.aws_ami_from_instance.hellowaws-ami",
            "module.ami.aws_instance.bastion",
            "module.ami.data.aws_subnet.db-subnet1",
            "module.autoscaling.aws_autoscaling_group.App-ASG",
            "module.autoscaling.aws_autoscaling_group.Web-ASG",
            "module.autoscaling.aws_autoscaling_policy.app-custom-cpu-policy-scaleIn",
            "module.autoscaling.aws_autoscaling_policy.app-custom-cpu-policy-scaleOut",
            "module.autoscaling.aws_autoscaling_policy.web-custom-cpu-policy-scaleIn",
            "module.autoscaling.aws_autoscaling_policy.web-custom-cpu-policy-scaleOut",
            "module.autoscaling.aws_cloudwatch_metric_alarm.app-custom-cpu-alarm-scaleIn",
            "module.autoscaling.aws_cloudwatch_metric_alarm.app-custom-cpu-alarm-scaleOut",
            "module.autoscaling.aws_cloudwatch_metric_alarm.web-custom-cpu-alarm-scaleIn",
            "module.autoscaling.aws_cloudwatch_metric_alarm.web-custom-cpu-alarm-scaleOut",
            "module.autoscaling.aws_launch_template.App-LC",
            "module.autoscaling.aws_launch_template.Web-LC",
            "module.autoscaling.data.aws_subnet.private-subnet1",
            "module.autoscaling.data.aws_subnet.private-subnet2",
            "module.elb.aws_lb.App-elb",
            "module.elb.aws_lb_target_group.app-tg",
            "module.elb.aws_lb_target_group.web-tg",
            "module.elb.data.aws_security_group.app-elb-sg",
            "module.elb.data.aws_subnet.private-subnet1",
            "module.elb.data.aws_subnet.private-subnet2",
            "module.elb.data.aws_vpc.hellowaws-vpc",
            "module.iam.aws_iam_instance_profile.instance-profile",
            "module.iam.aws_iam_role.codebuild-role",
            "module.iam.aws_iam_role.iam-role",
            "module.iam.aws_iam_role_policy.iam-policy",
            "module.repository.aws_codecommit_repository.sourcecode-repository",
            "module.security-group.aws_security_group.app-elb-sg",
            "module.security-group.aws_security_group.app-tier-sg",
            "module.security-group.aws_security_group.bastion-sg",
            "module.security-group.aws_security_group.database-sg",
            "module.security-group.aws_security_group.redis-sg",
            "module.security-group.aws_security_group.web-elb-sg",
            "module.security-group.aws_security_group.web-tier-sg",
            "module.security-group.data.aws_vpc.hellowaws-vpc",
            "module.vpc.aws_eip.eip1",
            "module.vpc.aws_eip.eip2",
            "module.vpc.aws_internet_gateway.igw",
            "module.vpc.aws_nat_gateway.ngw1",
            "module.vpc.aws_nat_gateway.ngw2",
            "module.vpc.aws_route_table.db-rt1",
            "module.vpc.aws_route_table.db-rt2",
            "module.vpc.aws_route_table.private-rt1",
            "module.vpc.aws_route_table.private-rt2",
            "module.vpc.aws_route_table.public-rt",
            "module.vpc.aws_route_table_association.db-rt-association1",
            "module.vpc.aws_route_table_association.db-rt-association2",
            "module.vpc.aws_route_table_association.private-rt-association1",
            "module.vpc.aws_route_table_association.private-rt-association2",
            "module.vpc.aws_route_table_association.public-rt-association1",
            "module.vpc.aws_route_table_association.public-rt-association2",
            "module.vpc.aws_subnet.db-subnet1",
            "module.vpc.aws_subnet.db-subnet2",
            "module.vpc.aws_subnet.private-subnet1",
            "module.vpc.aws_subnet.private-subnet2",
            "module.vpc.aws_subnet.public-subnet1",
            "module.vpc.aws_subnet.public-subnet2",
            "module.vpc.aws_vpc.hellowaws-vpc",
            "module.vpc.aws_vpc_endpoint.s3-gateway",
            "module.vpc.data.aws_availability_zones.azs"
          ]
        }
      ]
    },
    {
      "module": "module.acm-route53-cloudfront-waf",
      "mode": "managed",
      "type": "aws_cloudfront_distribution",
      "name": "cloudfront-web-elb-distribution",
      "provider": "provider[\"registry.terraform.io/hashicorp/aws\"].us-east-1",
      "instances": [
        {
          "schema_version": 1,
          "attributes": {
            "aliases": [
              "hellowaws.shop",
              "www.hellowaws.shop"
            ],
            "arn": "arn:aws:cloudfront::891377163278:distribution/EKKZSTJK1RWV8",
            "caller_reference": "terraform-20240611065656180500000001",
            "comment": null,
            "continuous_deployment_policy_id": "",
            "custom_error_response": [],
            "default_cache_behavior": [
              {
                "allowed_methods": [
                  "GET",
                  "HEAD",
                  "OPTIONS"
                ],
                "cache_policy_id": "",
                "cached_methods": [
                  "GET",
                  "HEAD"
                ],
                "compress": true,
                "default_ttl": 300,
                "field_level_encryption_id": "",
                "forwarded_values": [
                  {
                    "cookies": [
                      {
                        "forward": "none",
                        "whitelisted_names": []
                      }
                    ],
                    "headers": [],
                    "query_string": false,
                    "query_string_cache_keys": []
                  }
                ],
                "function_association": [],
                "lambda_function_association": [],
                "max_ttl": 3600,
                "min_ttl": 0,
                "origin_request_policy_id": "",
                "realtime_log_config_arn": "",
                "response_headers_policy_id": "",
                "smooth_streaming": false,
                "target_origin_id": "arn:aws:elasticloadbalancing:ca-central-1:891377163278:loadbalancer/app/Web-elb/e926b178c7237e7b",
                "trusted_key_groups": [],
                "trusted_signers": [],
                "viewer_protocol_policy": "redirect-to-https"
              }
            ],
            "default_root_object": "",
            "domain_name": "dgaqyke2mqv8v.cloudfront.net",
            "enabled": true,
            "etag": "E1C5XSCO8UHPTV",
            "hosted_zone_id": "Z2FDTNDATAQYW2",
            "http_version": "http2",
            "id": "EKKZSTJK1RWV8",
            "in_progress_validation_batches": 0,
            "is_ipv6_enabled": true,
            "last_modified_time": "2024-06-11 06:56:57.865 +0000 UTC",
            "logging_config": [],
            "ordered_cache_behavior": [
              {
                "allowed_methods": [
                  "DELETE",
                  "GET",
                  "HEAD",
                  "OPTIONS",
                  "PATCH",
                  "POST",
                  "PUT"
                ],
                "cache_policy_id": "",
                "cached_methods": [
                  "GET",
                  "HEAD"
                ],
                "compress": true,
                "default_ttl": 0,
                "field_level_encryption_id": "",
                "forwarded_values": [
                  {
                    "cookies": [
                      {
                        "forward": "all",
                        "whitelisted_names": []
                      }
                    ],
                    "headers": [],
                    "query_string": true,
                    "query_string_cache_keys": []
                  }
                ],
                "function_association": [],
                "lambda_function_association": [],
                "max_ttl": 0,
                "min_ttl": 0,
                "origin_request_policy_id": "",
                "path_pattern": "/attendance",
                "realtime_log_config_arn": "",
                "response_headers_policy_id": "",
                "smooth_streaming": false,
                "target_origin_id": "arn:aws:elasticloadbalancing:ca-central-1:891377163278:loadbalancer/app/Web-elb/e926b178c7237e7b",
                "trusted_key_groups": [],
                "trusted_signers": [],
                "viewer_protocol_policy": "redirect-to-https"
              }
            ],
            "origin": [
              {
                "connection_attempts": 3,
                "connection_timeout": 10,
                "custom_header": [
                  {
                    "name": "my-header",
                    "value": "hellowaws"
                  }
                ],
                "custom_origin_config": [
                  {
                    "http_port": 80,
                    "https_port": 443,
                    "origin_keepalive_timeout": 5,
                    "origin_protocol_policy": "http-only",
                    "origin_read_timeout": 30,
                    "origin_ssl_protocols": [
                      "TLSv1.2"
                    ]
                  }
                ],
                "domain_name": "Web-elb-811664364.ca-central-1.elb.amazonaws.com",
                "origin_access_control_id": "",
                "origin_id": "arn:aws:elasticloadbalancing:ca-central-1:891377163278:loadbalancer/app/Web-elb/e926b178c7237e7b",
                "origin_path": "",
                "origin_shield": [],
                "s3_origin_config": []
              }
            ],
            "origin_group": [],
            "price_class": "PriceClass_100",
            "restrictions": [
              {
                "geo_restriction": [
                  {
                    "locations": [],
                    "restriction_type": "none"
                  }
                ]
              }
            ],
            "retain_on_delete": false,
            "staging": false,
            "status": "Deployed",
            "tags": {
              "Name": "aws_cloudfront_distribution/cloudfront-web-elb-distribution",
              "createDate": "20240611",
              "owner": "ktd-admin"
            },
            "tags_all": {
              "Name": "aws_cloudfront_distribution/cloudfront-web-elb-distribution",
              "createDate": "20240611",
              "owner": "ktd-admin"
            },
            "trusted_key_groups": [
              {
                "enabled": false,
                "items": []
              }
            ],
            "trusted_signers": [
              {
                "enabled": false,
                "items": []
              }
            ],
            "viewer_certificate": [
              {
                "acm_certificate_arn": "arn:aws:acm:us-east-1:891377163278:certificate/ee08f668-0c54-4f3c-9c84-1930dfac560a",
                "cloudfront_default_certificate": false,
                "iam_certificate_id": "",
                "minimum_protocol_version": "TLSv1.2_2021",
                "ssl_support_method": "sni-only"
              }
            ],
            "wait_for_deployment": true,
            "web_acl_id": "arn:aws:wafv2:us-east-1:891377163278:global/webacl/hellowaws_WAF/6445de3f-62bb-4fd1-afeb-3f1bbc0e1002"
          },
          "sensitive_attributes": [],
          "private": "eyJzY2hlbWFfdmVyc2lvbiI6IjEifQ==",
          "dependencies": [
            "module.acm-route53-cloudfront-waf.aws_acm_certificate.cert",
            "module.acm-route53-cloudfront-waf.aws_acm_certificate_validation.cert",
            "module.acm-route53-cloudfront-waf.aws_route53_record.cert-validation",
            "module.acm-route53-cloudfront-waf.aws_wafv2_web_acl.waf",
            "module.acm-route53-cloudfront-waf.data.aws_route53_zone.zone",
            "module.ami.aws_ami_from_instance.hellowaws-ami",
            "module.ami.aws_instance.bastion",
            "module.ami.data.aws_subnet.db-subnet1",
            "module.autoscaling.aws_autoscaling_group.App-ASG",
            "module.autoscaling.aws_autoscaling_group.Web-ASG",
            "module.autoscaling.aws_autoscaling_policy.app-custom-cpu-policy-scaleIn",
            "module.autoscaling.aws_autoscaling_policy.app-custom-cpu-policy-scaleOut",
            "module.autoscaling.aws_autoscaling_policy.web-custom-cpu-policy-scaleIn",
            "module.autoscaling.aws_autoscaling_policy.web-custom-cpu-policy-scaleOut",
            "module.autoscaling.aws_cloudwatch_metric_alarm.app-custom-cpu-alarm-scaleIn",
            "module.autoscaling.aws_cloudwatch_metric_alarm.app-custom-cpu-alarm-scaleOut",
            "module.autoscaling.aws_cloudwatch_metric_alarm.web-custom-cpu-alarm-scaleIn",
            "module.autoscaling.aws_cloudwatch_metric_alarm.web-custom-cpu-alarm-scaleOut",
            "module.autoscaling.aws_launch_template.App-LC",
            "module.autoscaling.aws_launch_template.Web-LC",
            "module.autoscaling.data.aws_subnet.private-subnet1",
            "module.autoscaling.data.aws_subnet.private-subnet2",
            "module.elb.aws_lb.App-elb",
            "module.elb.aws_lb.Web-elb",
            "module.elb.aws_lb_target_group.app-tg",
            "module.elb.aws_lb_target_group.web-tg",
            "module.elb.data.aws_security_group.app-elb-sg",
            "module.elb.data.aws_security_group.web-elb-sg",
            "module.elb.data.aws_subnet.private-subnet1",
            "module.elb.data.aws_subnet.private-subnet2",
            "module.elb.data.aws_subnet.public-subnet1",
            "module.elb.data.aws_subnet.public-subnet2",
            "module.elb.data.aws_vpc.hellowaws-vpc",
            "module.iam.aws_iam_instance_profile.instance-profile",
            "module.iam.aws_iam_role.codebuild-role",
            "module.iam.aws_iam_role.iam-role",
            "module.iam.aws_iam_role_policy.iam-policy",
            "module.repository.aws_codecommit_repository.sourcecode-repository",
            "module.security-group.aws_security_group.app-elb-sg",
            "module.security-group.aws_security_group.app-tier-sg",
            "module.security-group.aws_security_group.bastion-sg",
            "module.security-group.aws_security_group.database-sg",
            "module.security-group.aws_security_group.redis-sg",
            "module.security-group.aws_security_group.web-elb-sg",
            "module.security-group.aws_security_group.web-tier-sg",
            "module.security-group.data.aws_vpc.hellowaws-vpc",
            "module.vpc.aws_eip.eip1",
            "module.vpc.aws_eip.eip2",
            "module.vpc.aws_internet_gateway.igw",
            "module.vpc.aws_nat_gateway.ngw1",
            "module.vpc.aws_nat_gateway.ngw2",
            "module.vpc.aws_route_table.db-rt1",
            "module.vpc.aws_route_table.db-rt2",
            "module.vpc.aws_route_table.private-rt1",
            "module.vpc.aws_route_table.private-rt2",
            "module.vpc.aws_route_table.public-rt",
            "module.vpc.aws_route_table_association.db-rt-association1",
            "module.vpc.aws_route_table_association.db-rt-association2",
            "module.vpc.aws_route_table_association.private-rt-association1",
            "module.vpc.aws_route_table_association.private-rt-association2",
            "module.vpc.aws_route_table_association.public-rt-association1",
            "module.vpc.aws_route_table_association.public-rt-association2",
            "module.vpc.aws_subnet.db-subnet1",
            "module.vpc.aws_subnet.db-subnet2",
            "module.vpc.aws_subnet.private-subnet1",
            "module.vpc.aws_subnet.private-subnet2",
            "module.vpc.aws_subnet.public-subnet1",
            "module.vpc.aws_subnet.public-subnet2",
            "module.vpc.aws_vpc.hellowaws-vpc",
            "module.vpc.aws_vpc_endpoint.s3-gateway",
            "module.vpc.data.aws_availability_zones.azs"
          ]
        }
      ]
    },
    {
      "module": "module.acm-route53-cloudfront-waf",
      "mode": "managed",
      "type": "aws_route53_record",
      "name": "cert-validation",
      "provider": "provider[\"registry.terraform.io/hashicorp/aws\"].us-east-1",
      "instances": [
        {
          "index_key": "hellowaws.shop",
          "schema_version": 2,
          "attributes": {
            "alias": [],
            "allow_overwrite": true,
            "cidr_routing_policy": [],
            "failover_routing_policy": [],
            "fqdn": "_7f19658f7298968af63cd5584d8f500f.hellowaws.shop",
            "geolocation_routing_policy": [],
            "geoproximity_routing_policy": [],
            "health_check_id": "",
            "id": "Z09337713DH1223XGPI4M__7f19658f7298968af63cd5584d8f500f.hellowaws.shop._CNAME",
            "latency_routing_policy": [],
            "multivalue_answer_routing_policy": false,
            "name": "_7f19658f7298968af63cd5584d8f500f.hellowaws.shop",
            "records": [
              "_76dca5cad0fc245e743f1f392cd68536.mhbtsbpdnt.acm-validations.aws."
            ],
            "set_identifier": "",
            "ttl": 60,
            "type": "CNAME",
            "weighted_routing_policy": [],
            "zone_id": "Z09337713DH1223XGPI4M"
          },
          "sensitive_attributes": [],
          "private": "eyJzY2hlbWFfdmVyc2lvbiI6IjIifQ==",
          "dependencies": [
            "module.acm-route53-cloudfront-waf.aws_acm_certificate.cert",
            "module.acm-route53-cloudfront-waf.data.aws_route53_zone.zone",
            "module.ami.aws_ami_from_instance.hellowaws-ami",
            "module.ami.aws_instance.bastion",
            "module.ami.data.aws_subnet.db-subnet1",
            "module.autoscaling.aws_autoscaling_group.App-ASG",
            "module.autoscaling.aws_autoscaling_group.Web-ASG",
            "module.autoscaling.aws_autoscaling_policy.app-custom-cpu-policy-scaleIn",
            "module.autoscaling.aws_autoscaling_policy.app-custom-cpu-policy-scaleOut",
            "module.autoscaling.aws_autoscaling_policy.web-custom-cpu-policy-scaleIn",
            "module.autoscaling.aws_autoscaling_policy.web-custom-cpu-policy-scaleOut",
            "module.autoscaling.aws_cloudwatch_metric_alarm.app-custom-cpu-alarm-scaleIn",
            "module.autoscaling.aws_cloudwatch_metric_alarm.app-custom-cpu-alarm-scaleOut",
            "module.autoscaling.aws_cloudwatch_metric_alarm.web-custom-cpu-alarm-scaleIn",
            "module.autoscaling.aws_cloudwatch_metric_alarm.web-custom-cpu-alarm-scaleOut",
            "module.autoscaling.aws_launch_template.App-LC",
            "module.autoscaling.aws_launch_template.Web-LC",
            "module.autoscaling.data.aws_subnet.private-subnet1",
            "module.autoscaling.data.aws_subnet.private-subnet2",
            "module.elb.aws_lb.App-elb",
            "module.elb.aws_lb_target_group.app-tg",
            "module.elb.aws_lb_target_group.web-tg",
            "module.elb.data.aws_security_group.app-elb-sg",
            "module.elb.data.aws_subnet.private-subnet1",
            "module.elb.data.aws_subnet.private-subnet2",
            "module.elb.data.aws_vpc.hellowaws-vpc",
            "module.iam.aws_iam_instance_profile.instance-profile",
            "module.iam.aws_iam_role.codebuild-role",
            "module.iam.aws_iam_role.iam-role",
            "module.iam.aws_iam_role_policy.iam-policy",
            "module.repository.aws_codecommit_repository.sourcecode-repository",
            "module.security-group.aws_security_group.app-elb-sg",
            "module.security-group.aws_security_group.app-tier-sg",
            "module.security-group.aws_security_group.bastion-sg",
            "module.security-group.aws_security_group.database-sg",
            "module.security-group.aws_security_group.redis-sg",
            "module.security-group.aws_security_group.web-elb-sg",
            "module.security-group.aws_security_group.web-tier-sg",
            "module.security-group.data.aws_vpc.hellowaws-vpc",
            "module.vpc.aws_eip.eip1",
            "module.vpc.aws_eip.eip2",
            "module.vpc.aws_internet_gateway.igw",
            "module.vpc.aws_nat_gateway.ngw1",
            "module.vpc.aws_nat_gateway.ngw2",
            "module.vpc.aws_route_table.db-rt1",
            "module.vpc.aws_route_table.db-rt2",
            "module.vpc.aws_route_table.private-rt1",
            "module.vpc.aws_route_table.private-rt2",
            "module.vpc.aws_route_table.public-rt",
            "module.vpc.aws_route_table_association.db-rt-association1",
            "module.vpc.aws_route_table_association.db-rt-association2",
            "module.vpc.aws_route_table_association.private-rt-association1",
            "module.vpc.aws_route_table_association.private-rt-association2",
            "module.vpc.aws_route_table_association.public-rt-association1",
            "module.vpc.aws_route_table_association.public-rt-association2",
            "module.vpc.aws_subnet.db-subnet1",
            "module.vpc.aws_subnet.db-subnet2",
            "module.vpc.aws_subnet.private-subnet1",
            "module.vpc.aws_subnet.private-subnet2",
            "module.vpc.aws_subnet.public-subnet1",
            "module.vpc.aws_subnet.public-subnet2",
            "module.vpc.aws_vpc.hellowaws-vpc",
            "module.vpc.aws_vpc_endpoint.s3-gateway",
            "module.vpc.data.aws_availability_zones.azs"
          ]
        },
        {
          "index_key": "www.hellowaws.shop",
          "schema_version": 2,
          "attributes": {
            "alias": [],
            "allow_overwrite": true,
            "cidr_routing_policy": [],
            "failover_routing_policy": [],
            "fqdn": "_a84098457ff3e7498a54e2ecf341e4be.www.hellowaws.shop",
            "geolocation_routing_policy": [],
            "geoproximity_routing_policy": [],
            "health_check_id": "",
            "id": "Z09337713DH1223XGPI4M__a84098457ff3e7498a54e2ecf341e4be.www.hellowaws.shop._CNAME",
            "latency_routing_policy": [],
            "multivalue_answer_routing_policy": false,
            "name": "_a84098457ff3e7498a54e2ecf341e4be.www.hellowaws.shop",
            "records": [
              "_a1f8bb890f2d7f08d4fd6e0e312257ac.mhbtsbpdnt.acm-validations.aws."
            ],
            "set_identifier": "",
            "ttl": 60,
            "type": "CNAME",
            "weighted_routing_policy": [],
            "zone_id": "Z09337713DH1223XGPI4M"
          },
          "sensitive_attributes": [],
          "private": "eyJzY2hlbWFfdmVyc2lvbiI6IjIifQ==",
          "dependencies": [
            "module.acm-route53-cloudfront-waf.aws_acm_certificate.cert",
            "module.acm-route53-cloudfront-waf.data.aws_route53_zone.zone",
            "module.ami.aws_ami_from_instance.hellowaws-ami",
            "module.ami.aws_instance.bastion",
            "module.ami.data.aws_subnet.db-subnet1",
            "module.autoscaling.aws_autoscaling_group.App-ASG",
            "module.autoscaling.aws_autoscaling_group.Web-ASG",
            "module.autoscaling.aws_autoscaling_policy.app-custom-cpu-policy-scaleIn",
            "module.autoscaling.aws_autoscaling_policy.app-custom-cpu-policy-scaleOut",
            "module.autoscaling.aws_autoscaling_policy.web-custom-cpu-policy-scaleIn",
            "module.autoscaling.aws_autoscaling_policy.web-custom-cpu-policy-scaleOut",
            "module.autoscaling.aws_cloudwatch_metric_alarm.app-custom-cpu-alarm-scaleIn",
            "module.autoscaling.aws_cloudwatch_metric_alarm.app-custom-cpu-alarm-scaleOut",
            "module.autoscaling.aws_cloudwatch_metric_alarm.web-custom-cpu-alarm-scaleIn",
            "module.autoscaling.aws_cloudwatch_metric_alarm.web-custom-cpu-alarm-scaleOut",
            "module.autoscaling.aws_launch_template.App-LC",
            "module.autoscaling.aws_launch_template.Web-LC",
            "module.autoscaling.data.aws_subnet.private-subnet1",
            "module.autoscaling.data.aws_subnet.private-subnet2",
            "module.elb.aws_lb.App-elb",
            "module.elb.aws_lb_target_group.app-tg",
            "module.elb.aws_lb_target_group.web-tg",
            "module.elb.data.aws_security_group.app-elb-sg",
            "module.elb.data.aws_subnet.private-subnet1",
            "module.elb.data.aws_subnet.private-subnet2",
            "module.elb.data.aws_vpc.hellowaws-vpc",
            "module.iam.aws_iam_instance_profile.instance-profile",
            "module.iam.aws_iam_role.codebuild-role",
            "module.iam.aws_iam_role.iam-role",
            "module.iam.aws_iam_role_policy.iam-policy",
            "module.repository.aws_codecommit_repository.sourcecode-repository",
            "module.security-group.aws_security_group.app-elb-sg",
            "module.security-group.aws_security_group.app-tier-sg",
            "module.security-group.aws_security_group.bastion-sg",
            "module.security-group.aws_security_group.database-sg",
            "module.security-group.aws_security_group.redis-sg",
            "module.security-group.aws_security_group.web-elb-sg",
            "module.security-group.aws_security_group.web-tier-sg",
            "module.security-group.data.aws_vpc.hellowaws-vpc",
            "module.vpc.aws_eip.eip1",
            "module.vpc.aws_eip.eip2",
            "module.vpc.aws_internet_gateway.igw",
            "module.vpc.aws_nat_gateway.ngw1",
            "module.vpc.aws_nat_gateway.ngw2",
            "module.vpc.aws_route_table.db-rt1",
            "module.vpc.aws_route_table.db-rt2",
            "module.vpc.aws_route_table.private-rt1",
            "module.vpc.aws_route_table.private-rt2",
            "module.vpc.aws_route_table.public-rt",
            "module.vpc.aws_route_table_association.db-rt-association1",
            "module.vpc.aws_route_table_association.db-rt-association2",
            "module.vpc.aws_route_table_association.private-rt-association1",
            "module.vpc.aws_route_table_association.private-rt-association2",
            "module.vpc.aws_route_table_association.public-rt-association1",
            "module.vpc.aws_route_table_association.public-rt-association2",
            "module.vpc.aws_subnet.db-subnet1",
            "module.vpc.aws_subnet.db-subnet2",
            "module.vpc.aws_subnet.private-subnet1",
            "module.vpc.aws_subnet.private-subnet2",
            "module.vpc.aws_subnet.public-subnet1",
            "module.vpc.aws_subnet.public-subnet2",
            "module.vpc.aws_vpc.hellowaws-vpc",
            "module.vpc.aws_vpc_endpoint.s3-gateway",
            "module.vpc.data.aws_availability_zones.azs"
          ]
        }
      ]
    },
    {
      "module": "module.acm-route53-cloudfront-waf",
      "mode": "managed",
      "type": "aws_wafv2_web_acl",
      "name": "waf",
      "provider": "provider[\"registry.terraform.io/hashicorp/aws\"].us-east-1",
      "instances": [
        {
          "schema_version": 0,
          "attributes": {
            "application_integration_url": "",
            "arn": "arn:aws:wafv2:us-east-1:891377163278:global/webacl/hellowaws_WAF/6445de3f-62bb-4fd1-afeb-3f1bbc0e1002",
            "association_config": [],
            "capacity": 0,
            "captcha_config": [],
            "challenge_config": [],
            "custom_response_body": [],
            "default_action": [
              {
                "allow": [
                  {
                    "custom_request_handling": []
                  }
                ],
                "block": []
              }
            ],
            "description": "There are no rules in the initial state",
            "id": "6445de3f-62bb-4fd1-afeb-3f1bbc0e1002",
            "lock_token": "35988039-372f-40e2-bf2b-64ab594a92a8",
            "name": "hellowaws_WAF",
            "rule": [],
            "scope": "CLOUDFRONT",
            "tags": {
              "Name": "aws_wafv2_web_acl/waf",
              "createDate": "20240611",
              "owner": "ktd-admin"
            },
            "tags_all": {
              "Name": "aws_wafv2_web_acl/waf",
              "createDate": "20240611",
              "owner": "ktd-admin"
            },
            "token_domains": [],
            "visibility_config": [
              {
                "cloudwatch_metrics_enabled": true,
                "metric_name": "BlockIPRuleMetrics",
                "sampled_requests_enabled": true
              }
            ]
          },
          "sensitive_attributes": [],
          "private": "bnVsbA==",
          "dependencies": [
            "module.ami.aws_ami_from_instance.hellowaws-ami",
            "module.ami.aws_instance.bastion",
            "module.ami.data.aws_subnet.db-subnet1",
            "module.autoscaling.aws_autoscaling_group.App-ASG",
            "module.autoscaling.aws_autoscaling_group.Web-ASG",
            "module.autoscaling.aws_autoscaling_policy.app-custom-cpu-policy-scaleIn",
            "module.autoscaling.aws_autoscaling_policy.app-custom-cpu-policy-scaleOut",
            "module.autoscaling.aws_autoscaling_policy.web-custom-cpu-policy-scaleIn",
            "module.autoscaling.aws_autoscaling_policy.web-custom-cpu-policy-scaleOut",
            "module.autoscaling.aws_cloudwatch_metric_alarm.app-custom-cpu-alarm-scaleIn",
            "module.autoscaling.aws_cloudwatch_metric_alarm.app-custom-cpu-alarm-scaleOut",
            "module.autoscaling.aws_cloudwatch_metric_alarm.web-custom-cpu-alarm-scaleIn",
            "module.autoscaling.aws_cloudwatch_metric_alarm.web-custom-cpu-alarm-scaleOut",
            "module.autoscaling.aws_launch_template.App-LC",
            "module.autoscaling.aws_launch_template.Web-LC",
            "module.autoscaling.data.aws_subnet.private-subnet1",
            "module.autoscaling.data.aws_subnet.private-subnet2",
            "module.elb.aws_lb.App-elb",
            "module.elb.aws_lb_target_group.app-tg",
            "module.elb.aws_lb_target_group.web-tg",
            "module.elb.data.aws_security_group.app-elb-sg",
            "module.elb.data.aws_subnet.private-subnet1",
            "module.elb.data.aws_subnet.private-subnet2",
            "module.elb.data.aws_vpc.hellowaws-vpc",
            "module.iam.aws_iam_instance_profile.instance-profile",
            "module.iam.aws_iam_role.codebuild-role",
            "module.iam.aws_iam_role.iam-role",
            "module.iam.aws_iam_role_policy.iam-policy",
            "module.repository.aws_codecommit_repository.sourcecode-repository",
            "module.security-group.aws_security_group.app-elb-sg",
            "module.security-group.aws_security_group.app-tier-sg",
            "module.security-group.aws_security_group.bastion-sg",
            "module.security-group.aws_security_group.database-sg",
            "module.security-group.aws_security_group.redis-sg",
            "module.security-group.aws_security_group.web-elb-sg",
            "module.security-group.aws_security_group.web-tier-sg",
            "module.security-group.data.aws_vpc.hellowaws-vpc",
            "module.vpc.aws_eip.eip1",
            "module.vpc.aws_eip.eip2",
            "module.vpc.aws_internet_gateway.igw",
            "module.vpc.aws_nat_gateway.ngw1",
            "module.vpc.aws_nat_gateway.ngw2",
            "module.vpc.aws_route_table.db-rt1",
            "module.vpc.aws_route_table.db-rt2",
            "module.vpc.aws_route_table.private-rt1",
            "module.vpc.aws_route_table.private-rt2",
            "module.vpc.aws_route_table.public-rt",
            "module.vpc.aws_route_table_association.db-rt-association1",
            "module.vpc.aws_route_table_association.db-rt-association2",
            "module.vpc.aws_route_table_association.private-rt-association1",
            "module.vpc.aws_route_table_association.private-rt-association2",
            "module.vpc.aws_route_table_association.public-rt-association1",
            "module.vpc.aws_route_table_association.public-rt-association2",
            "module.vpc.aws_subnet.db-subnet1",
            "module.vpc.aws_subnet.db-subnet2",
            "module.vpc.aws_subnet.private-subnet1",
            "module.vpc.aws_subnet.private-subnet2",
            "module.vpc.aws_subnet.public-subnet1",
            "module.vpc.aws_subnet.public-subnet2",
            "module.vpc.aws_vpc.hellowaws-vpc",
            "module.vpc.aws_vpc_endpoint.s3-gateway",
            "module.vpc.data.aws_availability_zones.azs"
          ]
        }
      ]
    },
    {
      "module": "module.ami",
      "mode": "managed",
      "type": "aws_ami_from_instance",
      "name": "hellowaws-ami",
      "provider": "provider[\"registry.terraform.io/hashicorp/aws\"]",
      "instances": [
        {
          "schema_version": 0,
          "attributes": {
            "architecture": "x86_64",
            "arn": "arn:aws:ec2:ca-central-1::image/ami-06b7d3f3ce64f607d",
            "boot_mode": "",
            "deprecation_time": "",
            "description": "A instance created for a short time to create an AMI",
            "ebs_block_device": [
              {
                "delete_on_termination": true,
                "device_name": "/dev/xvda",
                "encrypted": false,
                "iops": 0,
                "outpost_arn": "",
                "snapshot_id": "snap-06136d64cbe02e476",
                "throughput": 0,
                "volume_size": 8,
                "volume_type": "gp2"
              }
            ],
            "ena_support": true,
            "ephemeral_block_device": [],
            "hypervisor": "xen",
            "id": "ami-06b7d3f3ce64f607d",
            "image_location": "891377163278/amz-nginx-20240611-0651",
            "image_owner_alias": "",
            "image_type": "machine",
            "imds_support": "",
            "kernel_id": "",
            "manage_ebs_snapshots": true,
            "name": "amz-nginx-20240611-0651",
            "owner_id": "891377163278",
            "platform": "",
            "platform_details": "Linux/UNIX",
            "public": false,
            "ramdisk_id": "",
            "root_device_name": "/dev/xvda",
            "root_snapshot_id": "snap-06136d64cbe02e476",
            "snapshot_without_reboot": null,
            "source_instance_id": "i-0ac23fd6ca294e816",
            "sriov_net_support": "simple",
            "tags": {
              "Name": "aws_ami_from_instance/hellowaws-ami",
              "createDate": "20240611",
              "owner": "ktd-admin"
            },
            "tags_all": {
              "Name": "aws_ami_from_instance/hellowaws-ami",
              "createDate": "20240611",
              "owner": "ktd-admin"
            },
            "timeouts": null,
            "tpm_support": "",
            "usage_operation": "RunInstances",
            "virtualization_type": "hvm"
          },
          "sensitive_attributes": [],
          "private": "eyJlMmJmYjczMC1lY2FhLTExZTYtOGY4OC0zNDM2M2JjN2M0YzAiOnsiY3JlYXRlIjoyNDAwMDAwMDAwMDAwLCJkZWxldGUiOjU0MDAwMDAwMDAwMDAsInVwZGF0ZSI6MjQwMDAwMDAwMDAwMH19",
          "dependencies": [
            "module.ami.aws_instance.bastion",
            "module.ami.data.aws_subnet.db-subnet1",
            "module.iam.aws_iam_instance_profile.instance-profile",
            "module.iam.aws_iam_role.codebuild-role",
            "module.iam.aws_iam_role.iam-role",
            "module.iam.aws_iam_role_policy.iam-policy",
            "module.security-group.aws_security_group.app-elb-sg",
            "module.security-group.aws_security_group.app-tier-sg",
            "module.security-group.aws_security_group.bastion-sg",
            "module.security-group.aws_security_group.database-sg",
            "module.security-group.aws_security_group.redis-sg",
            "module.security-group.aws_security_group.web-elb-sg",
            "module.security-group.aws_security_group.web-tier-sg",
            "module.security-group.data.aws_vpc.hellowaws-vpc",
            "module.vpc.aws_eip.eip1",
            "module.vpc.aws_eip.eip2",
            "module.vpc.aws_internet_gateway.igw",
            "module.vpc.aws_nat_gateway.ngw1",
            "module.vpc.aws_nat_gateway.ngw2",
            "module.vpc.aws_route_table.db-rt1",
            "module.vpc.aws_route_table.db-rt2",
            "module.vpc.aws_route_table.private-rt1",
            "module.vpc.aws_route_table.private-rt2",
            "module.vpc.aws_route_table.public-rt",
            "module.vpc.aws_route_table_association.db-rt-association1",
            "module.vpc.aws_route_table_association.db-rt-association2",
            "module.vpc.aws_route_table_association.private-rt-association1",
            "module.vpc.aws_route_table_association.private-rt-association2",
            "module.vpc.aws_route_table_association.public-rt-association1",
            "module.vpc.aws_route_table_association.public-rt-association2",
            "module.vpc.aws_subnet.db-subnet1",
            "module.vpc.aws_subnet.db-subnet2",
            "module.vpc.aws_subnet.private-subnet1",
            "module.vpc.aws_subnet.private-subnet2",
            "module.vpc.aws_subnet.public-subnet1",
            "module.vpc.aws_subnet.public-subnet2",
            "module.vpc.aws_vpc.hellowaws-vpc",
            "module.vpc.aws_vpc_endpoint.s3-gateway",
            "module.vpc.data.aws_availability_zones.azs"
          ],
          "create_before_destroy": true
        }
      ]
    },
    {
      "module": "module.ami",
      "mode": "managed",
      "type": "aws_instance",
      "name": "bastion",
      "provider": "provider[\"registry.terraform.io/hashicorp/aws\"]",
      "instances": [
        {
          "schema_version": 1,
          "attributes": {
            "ami": "ami-0f682fb0d11c2ae31",
            "arn": "arn:aws:ec2:ca-central-1:891377163278:instance/i-0ac23fd6ca294e816",
            "associate_public_ip_address": false,
            "availability_zone": "ca-central-1a",
            "capacity_reservation_specification": [
              {
                "capacity_reservation_preference": "open",
                "capacity_reservation_target": []
              }
            ],
            "cpu_core_count": 1,
            "cpu_options": [
              {
                "amd_sev_snp": "",
                "core_count": 1,
                "threads_per_core": 2
              }
            ],
            "cpu_threads_per_core": 2,
            "credit_specification": [
              {
                "cpu_credits": "unlimited"
              }
            ],
            "disable_api_stop": false,
            "disable_api_termination": false,
            "ebs_block_device": [],
            "ebs_optimized": false,
            "enclave_options": [
              {
                "enabled": false
              }
            ],
            "ephemeral_block_device": [],
            "get_password_data": false,
            "hibernation": false,
            "host_id": "",
            "host_resource_group_arn": null,
            "iam_instance_profile": "instance-profile-for-ec2-SSM,S3CICD",
            "id": "i-0ac23fd6ca294e816",
            "instance_initiated_shutdown_behavior": "stop",
            "instance_lifecycle": "",
            "instance_market_options": [],
            "instance_state": "running",
            "instance_type": "t3.micro",
            "ipv6_address_count": 0,
            "ipv6_addresses": [],
            "key_name": "",
            "launch_template": [],
            "maintenance_options": [
              {
                "auto_recovery": "default"
              }
            ],
            "metadata_options": [
              {
                "http_endpoint": "enabled",
                "http_protocol_ipv6": "disabled",
                "http_put_response_hop_limit": 1,
                "http_tokens": "optional",
                "instance_metadata_tags": "disabled"
              }
            ],
            "monitoring": false,
            "network_interface": [],
            "outpost_arn": "",
            "password_data": "",
            "placement_group": "",
            "placement_partition_number": 0,
            "primary_network_interface_id": "eni-06c3507252fc3f140",
            "private_dns": "ip-10-60-20-192.ca-central-1.compute.internal",
            "private_dns_name_options": [
              {
                "enable_resource_name_dns_a_record": false,
                "enable_resource_name_dns_aaaa_record": false,
                "hostname_type": "ip-name"
              }
            ],
            "private_ip": "10.60.20.192",
            "public_dns": "",
            "public_ip": "",
            "root_block_device": [
              {
                "delete_on_termination": true,
                "device_name": "/dev/xvda",
                "encrypted": false,
                "iops": 100,
                "kms_key_id": "",
                "tags": {},
                "tags_all": {},
                "throughput": 0,
                "volume_id": "vol-0cf0c92584549ebf4",
                "volume_size": 8,
                "volume_type": "gp2"
              }
            ],
            "secondary_private_ips": [],
            "security_groups": [],
            "source_dest_check": true,
            "spot_instance_request_id": "",
            "subnet_id": "subnet-09a50f0fbe56cfc9c",
            "tags": {
              "Name": "bastion",
              "createDate": "20240611",
              "owner": "ktd-admin"
            },
            "tags_all": {
              "Name": "bastion",
              "createDate": "20240611",
              "owner": "ktd-admin"
            },
            "tenancy": "default",
            "timeouts": null,
            "user_data": "478807cda69eeeceee1a3e771c295528650bf361",
            "user_data_base64": null,
            "user_data_replace_on_change": false,
            "volume_tags": null,
            "vpc_security_group_ids": [
              "sg-0998475813daaa71b"
            ]
          },
          "sensitive_attributes": [],
          "private": "eyJlMmJmYjczMC1lY2FhLTExZTYtOGY4OC0zNDM2M2JjN2M0YzAiOnsiY3JlYXRlIjo2MDAwMDAwMDAwMDAsImRlbGV0ZSI6MTIwMDAwMDAwMDAwMCwicmVhZCI6OTAwMDAwMDAwMDAwLCJ1cGRhdGUiOjYwMDAwMDAwMDAwMH0sInNjaGVtYV92ZXJzaW9uIjoiMSJ9",
          "dependencies": [
            "module.ami.data.aws_subnet.db-subnet1",
            "module.iam.aws_iam_instance_profile.instance-profile",
            "module.iam.aws_iam_role.codebuild-role",
            "module.iam.aws_iam_role.iam-role",
            "module.iam.aws_iam_role_policy.iam-policy",
            "module.security-group.aws_security_group.app-elb-sg",
            "module.security-group.aws_security_group.app-tier-sg",
            "module.security-group.aws_security_group.bastion-sg",
            "module.security-group.aws_security_group.database-sg",
            "module.security-group.aws_security_group.redis-sg",
            "module.security-group.aws_security_group.web-elb-sg",
            "module.security-group.aws_security_group.web-tier-sg",
            "module.security-group.data.aws_vpc.hellowaws-vpc",
            "module.vpc.aws_eip.eip1",
            "module.vpc.aws_eip.eip2",
            "module.vpc.aws_internet_gateway.igw",
            "module.vpc.aws_nat_gateway.ngw1",
            "module.vpc.aws_nat_gateway.ngw2",
            "module.vpc.aws_route_table.db-rt1",
            "module.vpc.aws_route_table.db-rt2",
            "module.vpc.aws_route_table.private-rt1",
            "module.vpc.aws_route_table.private-rt2",
            "module.vpc.aws_route_table.public-rt",
            "module.vpc.aws_route_table_association.db-rt-association1",
            "module.vpc.aws_route_table_association.db-rt-association2",
            "module.vpc.aws_route_table_association.private-rt-association1",
            "module.vpc.aws_route_table_association.private-rt-association2",
            "module.vpc.aws_route_table_association.public-rt-association1",
            "module.vpc.aws_route_table_association.public-rt-association2",
            "module.vpc.aws_subnet.db-subnet1",
            "module.vpc.aws_subnet.db-subnet2",
            "module.vpc.aws_subnet.private-subnet1",
            "module.vpc.aws_subnet.private-subnet2",
            "module.vpc.aws_subnet.public-subnet1",
            "module.vpc.aws_subnet.public-subnet2",
            "module.vpc.aws_vpc.hellowaws-vpc",
            "module.vpc.aws_vpc_endpoint.s3-gateway",
            "module.vpc.data.aws_availability_zones.azs"
          ],
          "create_before_destroy": true
        }
      ]
    },
    {
      "module": "module.autoscaling",
      "mode": "managed",
      "type": "aws_autoscaling_group",
      "name": "Web-ASG",
      "provider": "provider[\"registry.terraform.io/hashicorp/aws\"]",
      "instances": [
        {
          "schema_version": 1,
          "attributes": {
            "arn": "arn:aws:autoscaling:ca-central-1:891377163278:autoScalingGroup:62871ec0-aa4a-40da-8e75-efde69d50011:autoScalingGroupName/hellowaws_WEB-ASG",
            "availability_zones": [
              "ca-central-1a",
              "ca-central-1b"
            ],
            "capacity_rebalance": false,
            "context": "",
            "default_cooldown": 300,
            "default_instance_warmup": 0,
            "desired_capacity": 2,
            "desired_capacity_type": "",
            "enabled_metrics": [
              "GroupDesiredCapacity",
              "GroupInServiceInstances",
              "GroupMaxSize",
              "GroupMinSize",
              "GroupPendingInstances",
              "GroupStandbyInstances",
              "GroupTerminatingInstances",
              "GroupTotalInstances"
            ],
            "force_delete": true,
            "force_delete_warm_pool": false,
            "health_check_grace_period": 300,
            "health_check_type": "ELB",
            "id": "hellowaws_WEB-ASG",
            "ignore_failed_scaling_activities": false,
            "initial_lifecycle_hook": [],
            "instance_maintenance_policy": [],
            "instance_refresh": [
              {
                "preferences": [
                  {
                    "alarm_specification": [],
                    "auto_rollback": false,
                    "checkpoint_delay": "",
                    "checkpoint_percentages": [],
                    "instance_warmup": "180",
                    "max_healthy_percentage": 200,
                    "min_healthy_percentage": 100,
                    "scale_in_protected_instances": "Ignore",
                    "skip_matching": false,
                    "standby_instances": "Ignore"
                  }
                ],
                "strategy": "Rolling",
                "triggers": []
              }
            ],
            "launch_configuration": "",
            "launch_template": [
              {
                "id": "lt-0e7aa4746f16bba05",
                "name": "Web-template",
                "version": "2"
              }
            ],
            "load_balancers": [],
            "max_instance_lifetime": 0,
            "max_size": 4,
            "metrics_granularity": "1Minute",
            "min_elb_capacity": null,
            "min_size": 2,
            "mixed_instances_policy": [],
            "name": "hellowaws_WEB-ASG",
            "name_prefix": "",
            "placement_group": "",
            "predicted_capacity": 0,
            "protect_from_scale_in": false,
            "service_linked_role_arn": "arn:aws:iam::891377163278:role/aws-service-role/autoscaling.amazonaws.com/AWSServiceRoleForAutoScaling",
            "suspended_processes": [],
            "tag": [
              {
                "key": "Name",
                "propagate_at_launch": true,
                "value": "hellowaws_WEB-ASG"
              }
            ],
            "target_group_arns": [
              "arn:aws:elasticloadbalancing:ca-central-1:891377163278:targetgroup/Web-TG20240611-0651/f21c6ceeaaca5cf6"
            ],
            "termination_policies": [],
            "timeouts": null,
            "traffic_source": [
              {
                "identifier": "arn:aws:elasticloadbalancing:ca-central-1:891377163278:targetgroup/Web-TG20240611-0651/f21c6ceeaaca5cf6",
                "type": "elbv2"
              }
            ],
            "vpc_zone_identifier": [
              "subnet-078fc78ce58d5ca70",
              "subnet-0c6bb3bb4d6dbaa7b"
            ],
            "wait_for_capacity_timeout": "10m",
            "wait_for_elb_capacity": null,
            "warm_pool": [
              {
                "instance_reuse_policy": [],
                "max_group_prepared_capacity": 3,
                "min_size": 1,
                "pool_state": "Stopped"
              }
            ],
            "warm_pool_size": 1
          },
          "sensitive_attributes": [],
          "private": "eyJlMmJmYjczMC1lY2FhLTExZTYtOGY4OC0zNDM2M2JjN2M0YzAiOnsiZGVsZXRlIjo2MDAwMDAwMDAwMDAsInVwZGF0ZSI6NjAwMDAwMDAwMDAwfSwic2NoZW1hX3ZlcnNpb24iOiIxIn0=",
          "dependencies": [
            "module.ami.aws_ami_from_instance.hellowaws-ami",
            "module.ami.aws_instance.bastion",
            "module.ami.data.aws_subnet.db-subnet1",
            "module.autoscaling.aws_autoscaling_group.App-ASG",
            "module.autoscaling.aws_launch_template.App-LC",
            "module.autoscaling.aws_launch_template.Web-LC",
            "module.autoscaling.data.aws_subnet.private-subnet1",
            "module.autoscaling.data.aws_subnet.private-subnet2",
            "module.elb.aws_lb.App-elb",
            "module.elb.aws_lb_target_group.app-tg",
            "module.elb.aws_lb_target_group.web-tg",
            "module.elb.data.aws_security_group.app-elb-sg",
            "module.elb.data.aws_subnet.private-subnet1",
            "module.elb.data.aws_subnet.private-subnet2",
            "module.elb.data.aws_vpc.hellowaws-vpc",
            "module.iam.aws_iam_instance_profile.instance-profile",
            "module.iam.aws_iam_role.codebuild-role",
            "module.iam.aws_iam_role.iam-role",
            "module.iam.aws_iam_role_policy.iam-policy",
            "module.repository.aws_codecommit_repository.sourcecode-repository",
            "module.security-group.aws_security_group.app-elb-sg",
            "module.security-group.aws_security_group.app-tier-sg",
            "module.security-group.aws_security_group.bastion-sg",
            "module.security-group.aws_security_group.database-sg",
            "module.security-group.aws_security_group.redis-sg",
            "module.security-group.aws_security_group.web-elb-sg",
            "module.security-group.aws_security_group.web-tier-sg",
            "module.security-group.data.aws_vpc.hellowaws-vpc",
            "module.vpc.aws_eip.eip1",
            "module.vpc.aws_eip.eip2",
            "module.vpc.aws_internet_gateway.igw",
            "module.vpc.aws_nat_gateway.ngw1",
            "module.vpc.aws_nat_gateway.ngw2",
            "module.vpc.aws_route_table.db-rt1",
            "module.vpc.aws_route_table.db-rt2",
            "module.vpc.aws_route_table.private-rt1",
            "module.vpc.aws_route_table.private-rt2",
            "module.vpc.aws_route_table.public-rt",
            "module.vpc.aws_route_table_association.db-rt-association1",
            "module.vpc.aws_route_table_association.db-rt-association2",
            "module.vpc.aws_route_table_association.private-rt-association1",
            "module.vpc.aws_route_table_association.private-rt-association2",
            "module.vpc.aws_route_table_association.public-rt-association1",
            "module.vpc.aws_route_table_association.public-rt-association2",
            "module.vpc.aws_subnet.db-subnet1",
            "module.vpc.aws_subnet.db-subnet2",
            "module.vpc.aws_subnet.private-subnet1",
            "module.vpc.aws_subnet.private-subnet2",
            "module.vpc.aws_subnet.public-subnet1",
            "module.vpc.aws_subnet.public-subnet2",
            "module.vpc.aws_vpc.hellowaws-vpc",
            "module.vpc.aws_vpc_endpoint.s3-gateway",
            "module.vpc.data.aws_availability_zones.azs"
          ],
          "create_before_destroy": true
        }
      ]
    },
    {
      "module": "module.autoscaling",
      "mode": "managed",
      "type": "aws_autoscaling_policy",
      "name": "web-custom-cpu-policy-scaleIn",
      "provider": "provider[\"registry.terraform.io/hashicorp/aws\"]",
      "instances": [
        {
          "schema_version": 0,
          "attributes": {
            "adjustment_type": "ChangeInCapacity",
            "arn": "arn:aws:autoscaling:ca-central-1:891377163278:scalingPolicy:2177d520-df42-4032-8191-b9f0cf497e83:autoScalingGroupName/hellowaws_WEB-ASG:policyName/custom-webserver-cpu-policy-scaleIn",
            "autoscaling_group_name": "hellowaws_WEB-ASG",
            "cooldown": 60,
            "enabled": true,
            "estimated_instance_warmup": 0,
            "id": "custom-webserver-cpu-policy-scaleIn",
            "metric_aggregation_type": "",
            "min_adjustment_magnitude": 0,
            "name": "custom-webserver-cpu-policy-scaleIn",
            "policy_type": "SimpleScaling",
            "predictive_scaling_configuration": [],
            "scaling_adjustment": -1,
            "step_adjustment": [],
            "target_tracking_configuration": []
          },
          "sensitive_attributes": [],
          "private": "bnVsbA==",
          "dependencies": [
            "module.ami.aws_ami_from_instance.hellowaws-ami",
            "module.ami.aws_instance.bastion",
            "module.ami.data.aws_subnet.db-subnet1",
            "module.autoscaling.aws_autoscaling_group.App-ASG",
            "module.autoscaling.aws_autoscaling_group.Web-ASG",
            "module.autoscaling.aws_launch_template.App-LC",
            "module.autoscaling.aws_launch_template.Web-LC",
            "module.autoscaling.data.aws_subnet.private-subnet1",
            "module.autoscaling.data.aws_subnet.private-subnet2",
            "module.elb.aws_lb.App-elb",
            "module.elb.aws_lb_target_group.app-tg",
            "module.elb.aws_lb_target_group.web-tg",
            "module.elb.data.aws_security_group.app-elb-sg",
            "module.elb.data.aws_subnet.private-subnet1",
            "module.elb.data.aws_subnet.private-subnet2",
            "module.elb.data.aws_vpc.hellowaws-vpc",
            "module.iam.aws_iam_instance_profile.instance-profile",
            "module.iam.aws_iam_role.codebuild-role",
            "module.iam.aws_iam_role.iam-role",
            "module.iam.aws_iam_role_policy.iam-policy",
            "module.repository.aws_codecommit_repository.sourcecode-repository",
            "module.security-group.aws_security_group.app-elb-sg",
            "module.security-group.aws_security_group.app-tier-sg",
            "module.security-group.aws_security_group.bastion-sg",
            "module.security-group.aws_security_group.database-sg",
            "module.security-group.aws_security_group.redis-sg",
            "module.security-group.aws_security_group.web-elb-sg",
            "module.security-group.aws_security_group.web-tier-sg",
            "module.security-group.data.aws_vpc.hellowaws-vpc",
            "module.vpc.aws_eip.eip1",
            "module.vpc.aws_eip.eip2",
            "module.vpc.aws_internet_gateway.igw",
            "module.vpc.aws_nat_gateway.ngw1",
            "module.vpc.aws_nat_gateway.ngw2",
            "module.vpc.aws_route_table.db-rt1",
            "module.vpc.aws_route_table.db-rt2",
            "module.vpc.aws_route_table.private-rt1",
            "module.vpc.aws_route_table.private-rt2",
            "module.vpc.aws_route_table.public-rt",
            "module.vpc.aws_route_table_association.db-rt-association1",
            "module.vpc.aws_route_table_association.db-rt-association2",
            "module.vpc.aws_route_table_association.private-rt-association1",
            "module.vpc.aws_route_table_association.private-rt-association2",
            "module.vpc.aws_route_table_association.public-rt-association1",
            "module.vpc.aws_route_table_association.public-rt-association2",
            "module.vpc.aws_subnet.db-subnet1",
            "module.vpc.aws_subnet.db-subnet2",
            "module.vpc.aws_subnet.private-subnet1",
            "module.vpc.aws_subnet.private-subnet2",
            "module.vpc.aws_subnet.public-subnet1",
            "module.vpc.aws_subnet.public-subnet2",
            "module.vpc.aws_vpc.hellowaws-vpc",
            "module.vpc.aws_vpc_endpoint.s3-gateway",
            "module.vpc.data.aws_availability_zones.azs"
          ],
          "create_before_destroy": true
        }
      ]
    },
    {
      "module": "module.autoscaling",
      "mode": "managed",
      "type": "aws_autoscaling_policy",
      "name": "web-custom-cpu-policy-scaleOut",
      "provider": "provider[\"registry.terraform.io/hashicorp/aws\"]",
      "instances": [
        {
          "schema_version": 0,
          "attributes": {
            "adjustment_type": "ChangeInCapacity",
            "arn": "arn:aws:autoscaling:ca-central-1:891377163278:scalingPolicy:07c9f91e-c275-4bae-88b5-5e48415bbed2:autoScalingGroupName/hellowaws_WEB-ASG:policyName/custom-webserver-cpu-policy-scaleOut",
            "autoscaling_group_name": "hellowaws_WEB-ASG",
            "cooldown": 60,
            "enabled": true,
            "estimated_instance_warmup": 0,
            "id": "custom-webserver-cpu-policy-scaleOut",
            "metric_aggregation_type": "",
            "min_adjustment_magnitude": 0,
            "name": "custom-webserver-cpu-policy-scaleOut",
            "policy_type": "SimpleScaling",
            "predictive_scaling_configuration": [],
            "scaling_adjustment": 1,
            "step_adjustment": [],
            "target_tracking_configuration": []
          },
          "sensitive_attributes": [],
          "private": "bnVsbA==",
          "dependencies": [
            "module.ami.aws_ami_from_instance.hellowaws-ami",
            "module.ami.aws_instance.bastion",
            "module.ami.data.aws_subnet.db-subnet1",
            "module.autoscaling.aws_autoscaling_group.App-ASG",
            "module.autoscaling.aws_autoscaling_group.Web-ASG",
            "module.autoscaling.aws_launch_template.App-LC",
            "module.autoscaling.aws_launch_template.Web-LC",
            "module.autoscaling.data.aws_subnet.private-subnet1",
            "module.autoscaling.data.aws_subnet.private-subnet2",
            "module.elb.aws_lb.App-elb",
            "module.elb.aws_lb_target_group.app-tg",
            "module.elb.aws_lb_target_group.web-tg",
            "module.elb.data.aws_security_group.app-elb-sg",
            "module.elb.data.aws_subnet.private-subnet1",
            "module.elb.data.aws_subnet.private-subnet2",
            "module.elb.data.aws_vpc.hellowaws-vpc",
            "module.iam.aws_iam_instance_profile.instance-profile",
            "module.iam.aws_iam_role.codebuild-role",
            "module.iam.aws_iam_role.iam-role",
            "module.iam.aws_iam_role_policy.iam-policy",
            "module.repository.aws_codecommit_repository.sourcecode-repository",
            "module.security-group.aws_security_group.app-elb-sg",
            "module.security-group.aws_security_group.app-tier-sg",
            "module.security-group.aws_security_group.bastion-sg",
            "module.security-group.aws_security_group.database-sg",
            "module.security-group.aws_security_group.redis-sg",
            "module.security-group.aws_security_group.web-elb-sg",
            "module.security-group.aws_security_group.web-tier-sg",
            "module.security-group.data.aws_vpc.hellowaws-vpc",
            "module.vpc.aws_eip.eip1",
            "module.vpc.aws_eip.eip2",
            "module.vpc.aws_internet_gateway.igw",
            "module.vpc.aws_nat_gateway.ngw1",
            "module.vpc.aws_nat_gateway.ngw2",
            "module.vpc.aws_route_table.db-rt1",
            "module.vpc.aws_route_table.db-rt2",
            "module.vpc.aws_route_table.private-rt1",
            "module.vpc.aws_route_table.private-rt2",
            "module.vpc.aws_route_table.public-rt",
            "module.vpc.aws_route_table_association.db-rt-association1",
            "module.vpc.aws_route_table_association.db-rt-association2",
            "module.vpc.aws_route_table_association.private-rt-association1",
            "module.vpc.aws_route_table_association.private-rt-association2",
            "module.vpc.aws_route_table_association.public-rt-association1",
            "module.vpc.aws_route_table_association.public-rt-association2",
            "module.vpc.aws_subnet.db-subnet1",
            "module.vpc.aws_subnet.db-subnet2",
            "module.vpc.aws_subnet.private-subnet1",
            "module.vpc.aws_subnet.private-subnet2",
            "module.vpc.aws_subnet.public-subnet1",
            "module.vpc.aws_subnet.public-subnet2",
            "module.vpc.aws_vpc.hellowaws-vpc",
            "module.vpc.aws_vpc_endpoint.s3-gateway",
            "module.vpc.data.aws_availability_zones.azs"
          ],
          "create_before_destroy": true
        }
      ]
    },
    {
      "module": "module.autoscaling",
      "mode": "managed",
      "type": "aws_cloudwatch_metric_alarm",
      "name": "app-custom-cpu-alarm-scaleIn",
      "provider": "provider[\"registry.terraform.io/hashicorp/aws\"]",
      "instances": [
        {
          "schema_version": 1,
          "attributes": {
            "actions_enabled": true,
            "alarm_actions": [
              "arn:aws:autoscaling:ca-central-1:891377163278:scalingPolicy:ec4b6c5a-3d38-4c21-9999-894a5ba3e29f:autoScalingGroupName/CodeDeploy_first_app_deploy_group_d-X3AW3SNY4:policyName/custom-appserver-cpu-policy-scaleIn"
            ],
            "alarm_description": "alarm when cpu usage decreases",
            "alarm_name": "custom-appserver-cpu-alarm-scaleIn",
            "arn": "arn:aws:cloudwatch:ca-central-1:891377163278:alarm:custom-appserver-cpu-alarm-scaleIn",
            "comparison_operator": "LessThanOrEqualToThreshold",
            "datapoints_to_alarm": 0,
            "dimensions": {
              "AutoScalingGroupName": "CodeDeploy_first_app_deploy_group_d-X3AW3SNY4"
            },
            "evaluate_low_sample_count_percentiles": "",
            "evaluation_periods": 2,
            "extended_statistic": "",
            "id": "custom-appserver-cpu-alarm-scaleIn",
            "insufficient_data_actions": [],
            "metric_name": "CPUUtilization",
            "metric_query": [],
            "namespace": "AWS/EC2",
            "ok_actions": [],
            "period": 120,
            "statistic": "Average",
            "tags": {},
            "tags_all": {},
            "threshold": 20,
            "threshold_metric_id": "",
            "treat_missing_data": "missing",
            "unit": ""
          },
          "sensitive_attributes": [],
          "private": "eyJzY2hlbWFfdmVyc2lvbiI6IjEifQ==",
          "dependencies": [
            "module.ami.aws_ami_from_instance.hellowaws-ami",
            "module.ami.aws_instance.bastion",
            "module.ami.data.aws_subnet.db-subnet1",
            "module.autoscaling.aws_autoscaling_group.App-ASG",
            "module.autoscaling.aws_autoscaling_policy.app-custom-cpu-policy-scaleIn",
            "module.autoscaling.aws_launch_template.App-LC",
            "module.autoscaling.data.aws_subnet.private-subnet1",
            "module.autoscaling.data.aws_subnet.private-subnet2",
            "module.elb.aws_lb.App-elb",
            "module.elb.aws_lb_target_group.app-tg",
            "module.elb.data.aws_security_group.app-elb-sg",
            "module.elb.data.aws_subnet.private-subnet1",
            "module.elb.data.aws_subnet.private-subnet2",
            "module.elb.data.aws_vpc.hellowaws-vpc",
            "module.iam.aws_iam_instance_profile.instance-profile",
            "module.iam.aws_iam_role.codebuild-role",
            "module.iam.aws_iam_role.iam-role",
            "module.iam.aws_iam_role_policy.iam-policy",
            "module.repository.aws_codecommit_repository.sourcecode-repository",
            "module.security-group.aws_security_group.app-elb-sg",
            "module.security-group.aws_security_group.app-tier-sg",
            "module.security-group.aws_security_group.bastion-sg",
            "module.security-group.aws_security_group.database-sg",
            "module.security-group.aws_security_group.redis-sg",
            "module.security-group.aws_security_group.web-elb-sg",
            "module.security-group.aws_security_group.web-tier-sg",
            "module.security-group.data.aws_vpc.hellowaws-vpc",
            "module.vpc.aws_eip.eip1",
            "module.vpc.aws_eip.eip2",
            "module.vpc.aws_internet_gateway.igw",
            "module.vpc.aws_nat_gateway.ngw1",
            "module.vpc.aws_nat_gateway.ngw2",
            "module.vpc.aws_route_table.db-rt1",
            "module.vpc.aws_route_table.db-rt2",
            "module.vpc.aws_route_table.private-rt1",
            "module.vpc.aws_route_table.private-rt2",
            "module.vpc.aws_route_table.public-rt",
            "module.vpc.aws_route_table_association.db-rt-association1",
            "module.vpc.aws_route_table_association.db-rt-association2",
            "module.vpc.aws_route_table_association.private-rt-association1",
            "module.vpc.aws_route_table_association.private-rt-association2",
            "module.vpc.aws_route_table_association.public-rt-association1",
            "module.vpc.aws_route_table_association.public-rt-association2",
            "module.vpc.aws_subnet.db-subnet1",
            "module.vpc.aws_subnet.db-subnet2",
            "module.vpc.aws_subnet.private-subnet1",
            "module.vpc.aws_subnet.private-subnet2",
            "module.vpc.aws_subnet.public-subnet1",
            "module.vpc.aws_subnet.public-subnet2",
            "module.vpc.aws_vpc.hellowaws-vpc",
            "module.vpc.aws_vpc_endpoint.s3-gateway",
            "module.vpc.data.aws_availability_zones.azs"
          ],
          "create_before_destroy": true
        }
      ]
    },
    {
      "module": "module.autoscaling",
      "mode": "managed",
      "type": "aws_cloudwatch_metric_alarm",
      "name": "app-custom-cpu-alarm-scaleOut",
      "provider": "provider[\"registry.terraform.io/hashicorp/aws\"]",
      "instances": [
        {
          "schema_version": 1,
          "attributes": {
            "actions_enabled": true,
            "alarm_actions": [
              "arn:aws:autoscaling:ca-central-1:891377163278:scalingPolicy:b9a3e808-e98e-4c8e-9dc3-939b93e631ff:autoScalingGroupName/CodeDeploy_first_app_deploy_group_d-X3AW3SNY4:policyName/custom-appserver-cpu-policy-scaleOut"
            ],
            "alarm_description": "alarm when cpu usage increases",
            "alarm_name": "custom-appserver-cpu-alarm-scaleOut",
            "arn": "arn:aws:cloudwatch:ca-central-1:891377163278:alarm:custom-appserver-cpu-alarm-scaleOut",
            "comparison_operator": "GreaterThanOrEqualToThreshold",
            "datapoints_to_alarm": 0,
            "dimensions": {
              "AutoScalingGroupName": "CodeDeploy_first_app_deploy_group_d-X3AW3SNY4"
            },
            "evaluate_low_sample_count_percentiles": "",
            "evaluation_periods": 2,
            "extended_statistic": "",
            "id": "custom-appserver-cpu-alarm-scaleOut",
            "insufficient_data_actions": [],
            "metric_name": "CPUUtilization",
            "metric_query": [],
            "namespace": "AWS/EC2",
            "ok_actions": [],
            "period": 120,
            "statistic": "Average",
            "tags": {},
            "tags_all": {},
            "threshold": 85,
            "threshold_metric_id": "",
            "treat_missing_data": "missing",
            "unit": ""
          },
          "sensitive_attributes": [],
          "private": "eyJzY2hlbWFfdmVyc2lvbiI6IjEifQ==",
          "dependencies": [
            "module.ami.aws_ami_from_instance.hellowaws-ami",
            "module.ami.aws_instance.bastion",
            "module.ami.data.aws_subnet.db-subnet1",
            "module.autoscaling.aws_autoscaling_group.App-ASG",
            "module.autoscaling.aws_autoscaling_policy.app-custom-cpu-policy-scaleOut",
            "module.autoscaling.aws_launch_template.App-LC",
            "module.autoscaling.data.aws_subnet.private-subnet1",
            "module.autoscaling.data.aws_subnet.private-subnet2",
            "module.elb.aws_lb.App-elb",
            "module.elb.aws_lb_target_group.app-tg",
            "module.elb.data.aws_security_group.app-elb-sg",
            "module.elb.data.aws_subnet.private-subnet1",
            "module.elb.data.aws_subnet.private-subnet2",
            "module.elb.data.aws_vpc.hellowaws-vpc",
            "module.iam.aws_iam_instance_profile.instance-profile",
            "module.iam.aws_iam_role.codebuild-role",
            "module.iam.aws_iam_role.iam-role",
            "module.iam.aws_iam_role_policy.iam-policy",
            "module.repository.aws_codecommit_repository.sourcecode-repository",
            "module.security-group.aws_security_group.app-elb-sg",
            "module.security-group.aws_security_group.app-tier-sg",
            "module.security-group.aws_security_group.bastion-sg",
            "module.security-group.aws_security_group.database-sg",
            "module.security-group.aws_security_group.redis-sg",
            "module.security-group.aws_security_group.web-elb-sg",
            "module.security-group.aws_security_group.web-tier-sg",
            "module.security-group.data.aws_vpc.hellowaws-vpc",
            "module.vpc.aws_eip.eip1",
            "module.vpc.aws_eip.eip2",
            "module.vpc.aws_internet_gateway.igw",
            "module.vpc.aws_nat_gateway.ngw1",
            "module.vpc.aws_nat_gateway.ngw2",
            "module.vpc.aws_route_table.db-rt1",
            "module.vpc.aws_route_table.db-rt2",
            "module.vpc.aws_route_table.private-rt1",
            "module.vpc.aws_route_table.private-rt2",
            "module.vpc.aws_route_table.public-rt",
            "module.vpc.aws_route_table_association.db-rt-association1",
            "module.vpc.aws_route_table_association.db-rt-association2",
            "module.vpc.aws_route_table_association.private-rt-association1",
            "module.vpc.aws_route_table_association.private-rt-association2",
            "module.vpc.aws_route_table_association.public-rt-association1",
            "module.vpc.aws_route_table_association.public-rt-association2",
            "module.vpc.aws_subnet.db-subnet1",
            "module.vpc.aws_subnet.db-subnet2",
            "module.vpc.aws_subnet.private-subnet1",
            "module.vpc.aws_subnet.private-subnet2",
            "module.vpc.aws_subnet.public-subnet1",
            "module.vpc.aws_subnet.public-subnet2",
            "module.vpc.aws_vpc.hellowaws-vpc",
            "module.vpc.aws_vpc_endpoint.s3-gateway",
            "module.vpc.data.aws_availability_zones.azs"
          ],
          "create_before_destroy": true
        }
      ]
    },
    {
      "module": "module.autoscaling",
      "mode": "managed",
      "type": "aws_cloudwatch_metric_alarm",
      "name": "web-custom-cpu-alarm-scaleIn",
      "provider": "provider[\"registry.terraform.io/hashicorp/aws\"]",
      "instances": [
        {
          "schema_version": 1,
          "attributes": {
            "actions_enabled": true,
            "alarm_actions": [
              "arn:aws:autoscaling:ca-central-1:891377163278:scalingPolicy:2177d520-df42-4032-8191-b9f0cf497e83:autoScalingGroupName/hellowaws_WEB-ASG:policyName/custom-webserver-cpu-policy-scaleIn"
            ],
            "alarm_description": "alarm when cpu usage decreases",
            "alarm_name": "custom-webserver-cpu-alarm-scaleIn",
            "arn": "arn:aws:cloudwatch:ca-central-1:891377163278:alarm:custom-webserver-cpu-alarm-scaleIn",
            "comparison_operator": "LessThanOrEqualToThreshold",
            "datapoints_to_alarm": 0,
            "dimensions": {
              "AutoScalingGroupName": "hellowaws_WEB-ASG"
            },
            "evaluate_low_sample_count_percentiles": "",
            "evaluation_periods": 2,
            "extended_statistic": "",
            "id": "custom-webserver-cpu-alarm-scaleIn",
            "insufficient_data_actions": [],
            "metric_name": "CPUUtilization",
            "metric_query": [],
            "namespace": "AWS/EC2",
            "ok_actions": [],
            "period": 120,
            "statistic": "Average",
            "tags": {},
            "tags_all": {},
            "threshold": 20,
            "threshold_metric_id": "",
            "treat_missing_data": "missing",
            "unit": ""
          },
          "sensitive_attributes": [],
          "private": "eyJzY2hlbWFfdmVyc2lvbiI6IjEifQ==",
          "dependencies": [
            "module.ami.aws_ami_from_instance.hellowaws-ami",
            "module.ami.aws_instance.bastion",
            "module.ami.data.aws_subnet.db-subnet1",
            "module.autoscaling.aws_autoscaling_group.App-ASG",
            "module.autoscaling.aws_autoscaling_group.Web-ASG",
            "module.autoscaling.aws_autoscaling_policy.web-custom-cpu-policy-scaleIn",
            "module.autoscaling.aws_launch_template.App-LC",
            "module.autoscaling.aws_launch_template.Web-LC",
            "module.autoscaling.data.aws_subnet.private-subnet1",
            "module.autoscaling.data.aws_subnet.private-subnet2",
            "module.elb.aws_lb.App-elb",
            "module.elb.aws_lb_target_group.app-tg",
            "module.elb.aws_lb_target_group.web-tg",
            "module.elb.data.aws_security_group.app-elb-sg",
            "module.elb.data.aws_subnet.private-subnet1",
            "module.elb.data.aws_subnet.private-subnet2",
            "module.elb.data.aws_vpc.hellowaws-vpc",
            "module.iam.aws_iam_instance_profile.instance-profile",
            "module.iam.aws_iam_role.codebuild-role",
            "module.iam.aws_iam_role.iam-role",
            "module.iam.aws_iam_role_policy.iam-policy",
            "module.repository.aws_codecommit_repository.sourcecode-repository",
            "module.security-group.aws_security_group.app-elb-sg",
            "module.security-group.aws_security_group.app-tier-sg",
            "module.security-group.aws_security_group.bastion-sg",
            "module.security-group.aws_security_group.database-sg",
            "module.security-group.aws_security_group.redis-sg",
            "module.security-group.aws_security_group.web-elb-sg",
            "module.security-group.aws_security_group.web-tier-sg",
            "module.security-group.data.aws_vpc.hellowaws-vpc",
            "module.vpc.aws_eip.eip1",
            "module.vpc.aws_eip.eip2",
            "module.vpc.aws_internet_gateway.igw",
            "module.vpc.aws_nat_gateway.ngw1",
            "module.vpc.aws_nat_gateway.ngw2",
            "module.vpc.aws_route_table.db-rt1",
            "module.vpc.aws_route_table.db-rt2",
            "module.vpc.aws_route_table.private-rt1",
            "module.vpc.aws_route_table.private-rt2",
            "module.vpc.aws_route_table.public-rt",
            "module.vpc.aws_route_table_association.db-rt-association1",
            "module.vpc.aws_route_table_association.db-rt-association2",
            "module.vpc.aws_route_table_association.private-rt-association1",
            "module.vpc.aws_route_table_association.private-rt-association2",
            "module.vpc.aws_route_table_association.public-rt-association1",
            "module.vpc.aws_route_table_association.public-rt-association2",
            "module.vpc.aws_subnet.db-subnet1",
            "module.vpc.aws_subnet.db-subnet2",
            "module.vpc.aws_subnet.private-subnet1",
            "module.vpc.aws_subnet.private-subnet2",
            "module.vpc.aws_subnet.public-subnet1",
            "module.vpc.aws_subnet.public-subnet2",
            "module.vpc.aws_vpc.hellowaws-vpc",
            "module.vpc.aws_vpc_endpoint.s3-gateway",
            "module.vpc.data.aws_availability_zones.azs"
          ],
          "create_before_destroy": true
        }
      ]
    },
    {
      "module": "module.autoscaling",
      "mode": "managed",
      "type": "aws_cloudwatch_metric_alarm",
      "name": "web-custom-cpu-alarm-scaleOut",
      "provider": "provider[\"registry.terraform.io/hashicorp/aws\"]",
      "instances": [
        {
          "schema_version": 1,
          "attributes": {
            "actions_enabled": true,
            "alarm_actions": [
              "arn:aws:autoscaling:ca-central-1:891377163278:scalingPolicy:b9a3e808-e98e-4c8e-9dc3-939b93e631ff:autoScalingGroupName/CodeDeploy_first_app_deploy_group_d-X3AW3SNY4:policyName/custom-appserver-cpu-policy-scaleOut"
            ],
            "alarm_description": "alarm when cpu usage increases",
            "alarm_name": "custom-webserver-cpu-alarm-scaleOut",
            "arn": "arn:aws:cloudwatch:ca-central-1:891377163278:alarm:custom-webserver-cpu-alarm-scaleOut",
            "comparison_operator": "GreaterThanOrEqualToThreshold",
            "datapoints_to_alarm": 0,
            "dimensions": {
              "AutoScalingGroupName": "hellowaws_WEB-ASG"
            },
            "evaluate_low_sample_count_percentiles": "",
            "evaluation_periods": 2,
            "extended_statistic": "",
            "id": "custom-webserver-cpu-alarm-scaleOut",
            "insufficient_data_actions": [],
            "metric_name": "CPUUtilization",
            "metric_query": [],
            "namespace": "AWS/EC2",
            "ok_actions": [],
            "period": 120,
            "statistic": "Average",
            "tags": {},
            "tags_all": {},
            "threshold": 85,
            "threshold_metric_id": "",
            "treat_missing_data": "missing",
            "unit": ""
          },
          "sensitive_attributes": [],
          "private": "eyJzY2hlbWFfdmVyc2lvbiI6IjEifQ==",
          "dependencies": [
            "module.ami.aws_ami_from_instance.hellowaws-ami",
            "module.ami.aws_instance.bastion",
            "module.ami.data.aws_subnet.db-subnet1",
            "module.autoscaling.aws_autoscaling_group.App-ASG",
            "module.autoscaling.aws_autoscaling_group.Web-ASG",
            "module.autoscaling.aws_autoscaling_policy.app-custom-cpu-policy-scaleOut",
            "module.autoscaling.aws_launch_template.App-LC",
            "module.autoscaling.aws_launch_template.Web-LC",
            "module.autoscaling.data.aws_subnet.private-subnet1",
            "module.autoscaling.data.aws_subnet.private-subnet2",
            "module.elb.aws_lb.App-elb",
            "module.elb.aws_lb_target_group.app-tg",
            "module.elb.aws_lb_target_group.web-tg",
            "module.elb.data.aws_security_group.app-elb-sg",
            "module.elb.data.aws_subnet.private-subnet1",
            "module.elb.data.aws_subnet.private-subnet2",
            "module.elb.data.aws_vpc.hellowaws-vpc",
            "module.iam.aws_iam_instance_profile.instance-profile",
            "module.iam.aws_iam_role.codebuild-role",
            "module.iam.aws_iam_role.iam-role",
            "module.iam.aws_iam_role_policy.iam-policy",
            "module.repository.aws_codecommit_repository.sourcecode-repository",
            "module.security-group.aws_security_group.app-elb-sg",
            "module.security-group.aws_security_group.app-tier-sg",
            "module.security-group.aws_security_group.bastion-sg",
            "module.security-group.aws_security_group.database-sg",
            "module.security-group.aws_security_group.redis-sg",
            "module.security-group.aws_security_group.web-elb-sg",
            "module.security-group.aws_security_group.web-tier-sg",
            "module.security-group.data.aws_vpc.hellowaws-vpc",
            "module.vpc.aws_eip.eip1",
            "module.vpc.aws_eip.eip2",
            "module.vpc.aws_internet_gateway.igw",
            "module.vpc.aws_nat_gateway.ngw1",
            "module.vpc.aws_nat_gateway.ngw2",
            "module.vpc.aws_route_table.db-rt1",
            "module.vpc.aws_route_table.db-rt2",
            "module.vpc.aws_route_table.private-rt1",
            "module.vpc.aws_route_table.private-rt2",
            "module.vpc.aws_route_table.public-rt",
            "module.vpc.aws_route_table_association.db-rt-association1",
            "module.vpc.aws_route_table_association.db-rt-association2",
            "module.vpc.aws_route_table_association.private-rt-association1",
            "module.vpc.aws_route_table_association.private-rt-association2",
            "module.vpc.aws_route_table_association.public-rt-association1",
            "module.vpc.aws_route_table_association.public-rt-association2",
            "module.vpc.aws_subnet.db-subnet1",
            "module.vpc.aws_subnet.db-subnet2",
            "module.vpc.aws_subnet.private-subnet1",
            "module.vpc.aws_subnet.private-subnet2",
            "module.vpc.aws_subnet.public-subnet1",
            "module.vpc.aws_subnet.public-subnet2",
            "module.vpc.aws_vpc.hellowaws-vpc",
            "module.vpc.aws_vpc_endpoint.s3-gateway",
            "module.vpc.data.aws_availability_zones.azs"
          ],
          "create_before_destroy": true
        }
      ]
    },
    {
      "module": "module.autoscaling",
      "mode": "managed",
      "type": "aws_launch_template",
      "name": "App-LC",
      "provider": "provider[\"registry.terraform.io/hashicorp/aws\"]",
      "instances": [
        {
          "schema_version": 0,
          "attributes": {
            "arn": "arn:aws:ec2:ca-central-1:891377163278:launch-template/lt-0a99170600d190948",
            "block_device_mappings": [],
            "capacity_reservation_specification": [],
            "cpu_options": [],
            "credit_specification": [],
            "default_version": 1,
            "description": "",
            "disable_api_stop": false,
            "disable_api_termination": false,
            "ebs_optimized": "",
            "elastic_gpu_specifications": [],
            "elastic_inference_accelerator": [],
            "enclave_options": [],
            "hibernation_options": [],
            "iam_instance_profile": [
              {
                "arn": "",
                "name": "instance-profile-for-ec2-SSM,S3CICD"
              }
            ],
            "id": "lt-0a99170600d190948",
            "image_id": "ami-06b7d3f3ce64f607d",
            "instance_initiated_shutdown_behavior": "",
            "instance_market_options": [],
            "instance_requirements": [],
            "instance_type": "t3.micro",
            "kernel_id": "",
            "key_name": "",
            "latest_version": 2,
            "license_specification": [],
            "maintenance_options": [],
            "metadata_options": [],
            "monitoring": [],
            "name": "App-template",
            "name_prefix": "",
            "network_interfaces": [],
            "placement": [],
            "private_dns_name_options": [],
            "ram_disk_id": "",
            "security_group_names": [],
            "tag_specifications": [],
            "tags": {
              "Name": "aws_launch_template/App-LC",
              "createDate": "20240611",
              "owner": "ktd-admin"
            },
            "tags_all": {
              "Name": "aws_launch_template/App-LC",
              "createDate": "20240611",
              "owner": "ktd-admin"
            },
            "update_default_version": null,
            "user_data": "IyEvYmluL2Jhc2gNCg0Kc3VkbyBzdQ0KDQpjYXQgPiAvZXRjL25naW54L25naW54LmNvbmYgPDwgJ0VPRicNCnVzZXIgbmdpbng7DQp3b3JrZXJfcHJvY2Vzc2VzIGF1dG87DQplcnJvcl9sb2cgL3Zhci9sb2cvbmdpbngvZXJyb3IubG9nOw0KcGlkIC9ydW4vbmdpbngucGlkOw0KDQpldmVudHMgew0KICAgIHdvcmtlcl9jb25uZWN0aW9ucyAxMDI0Ow0KfQ0KDQpodHRwIHsNCiAgICBsb2dfZm9ybWF0ICBtYWluICAnJHJlbW90ZV9hZGRyIC0gJHJlbW90ZV91c2VyIFskdGltZV9sb2NhbF0gIiRyZXF1ZXN0IiAnDQogICAgICAgICAgICAgICAgICAgICAgJyRzdGF0dXMgJGJvZHlfYnl0ZXNfc2VudCAiJGh0dHBfcmVmZXJlciIgJw0KICAgICAgICAgICAgICAgICAgICAgICciJGh0dHBfdXNlcl9hZ2VudCIgIiRodHRwX3hfZm9yd2FyZGVkX2ZvciInOw0KDQogICAgYWNjZXNzX2xvZyAgL3Zhci9sb2cvbmdpbngvYWNjZXNzLmxvZyAgbWFpbjsNCg0KICAgIHNlbmRmaWxlICAgICAgICAgICAgb247DQogICAgdGNwX25vcHVzaCAgICAgICAgICBvbjsNCiAgICB0Y3Bfbm9kZWxheSAgICAgICAgIG9uOw0KICAgIGtlZXBhbGl2ZV90aW1lb3V0ICAgNjU7DQogICAgdHlwZXNfaGFzaF9tYXhfc2l6ZSAyMDQ4Ow0KDQogICAgaW5jbHVkZSAgICAgICAgICAgICAvZXRjL25naW54L21pbWUudHlwZXM7DQogICAgZGVmYXVsdF90eXBlICAgICAgICBhcHBsaWNhdGlvbi9vY3RldC1zdHJlYW07DQoNCiAgICAjIOq4sOuzuCDshJzrsoQg7ISk7KCVDQogICAgc2VydmVyIHsNCiAgICAgICAgbGlzdGVuICAgICAgIDgwODAgZGVmYXVsdF9zZXJ2ZXI7DQogICAgICAgIGxpc3RlbiAgICAgICBbOjpdOjgwODAgZGVmYXVsdF9zZXJ2ZXI7DQogICAgICAgIHNlcnZlcl9uYW1lICBfOw0KICAgICAgICByb290ICAgICAgICAgL3Vzci9zaGFyZS9uZ2lueC9odG1sOw0KDQogICAgICAgIGxvY2F0aW9uIC8gew0KICAgICAgICAgICAgdHJ5X2ZpbGVzICR1cmkgJHVyaS8gPTQwNDsNCiAgICAgICAgfQ0KDQogICAgICAgICMg7Jik66WYIO2OmOydtOyngCDshKTsoJUNCiAgICAgICAgZXJyb3JfcGFnZSA0MDQgLzQwNC5odG1sOw0KICAgICAgICBsb2NhdGlvbiA9IC80MHguaHRtbCB7DQogICAgICAgIH0NCg0KICAgICAgICBlcnJvcl9wYWdlIDUwMCA1MDIgNTAzIDUwNCAvNTB4Lmh0bWw7DQogICAgICAgIGxvY2F0aW9uID0gLzUweC5odG1sIHsNCiAgICAgICAgfQ0KICAgIH0NCn0NCkVPRg0KDQojIE5naW54IOyerOyLnOyekQ0Kc3lzdGVtY3RsIHJlc3RhcnQgbmdpbng=",
            "vpc_security_group_ids": [
              "sg-0fecedad5784c6f8a"
            ]
          },
          "sensitive_attributes": [],
          "private": "bnVsbA==",
          "dependencies": [
            "module.ami.aws_ami_from_instance.hellowaws-ami",
            "module.ami.aws_instance.bastion",
            "module.ami.data.aws_subnet.db-subnet1",
            "module.elb.aws_lb.App-elb",
            "module.elb.data.aws_security_group.app-elb-sg",
            "module.elb.data.aws_subnet.private-subnet1",
            "module.elb.data.aws_subnet.private-subnet2",
            "module.iam.aws_iam_instance_profile.instance-profile",
            "module.iam.aws_iam_role.codebuild-role",
            "module.iam.aws_iam_role.iam-role",
            "module.iam.aws_iam_role_policy.iam-policy",
            "module.repository.aws_codecommit_repository.sourcecode-repository",
            "module.security-group.aws_security_group.app-elb-sg",
            "module.security-group.aws_security_group.app-tier-sg",
            "module.security-group.aws_security_group.bastion-sg",
            "module.security-group.aws_security_group.database-sg",
            "module.security-group.aws_security_group.redis-sg",
            "module.security-group.aws_security_group.web-elb-sg",
            "module.security-group.aws_security_group.web-tier-sg",
            "module.security-group.data.aws_vpc.hellowaws-vpc",
            "module.vpc.aws_eip.eip1",
            "module.vpc.aws_eip.eip2",
            "module.vpc.aws_internet_gateway.igw",
            "module.vpc.aws_nat_gateway.ngw1",
            "module.vpc.aws_nat_gateway.ngw2",
            "module.vpc.aws_route_table.db-rt1",
            "module.vpc.aws_route_table.db-rt2",
            "module.vpc.aws_route_table.private-rt1",
            "module.vpc.aws_route_table.private-rt2",
            "module.vpc.aws_route_table.public-rt",
            "module.vpc.aws_route_table_association.db-rt-association1",
            "module.vpc.aws_route_table_association.db-rt-association2",
            "module.vpc.aws_route_table_association.private-rt-association1",
            "module.vpc.aws_route_table_association.private-rt-association2",
            "module.vpc.aws_route_table_association.public-rt-association1",
            "module.vpc.aws_route_table_association.public-rt-association2",
            "module.vpc.aws_subnet.db-subnet1",
            "module.vpc.aws_subnet.db-subnet2",
            "module.vpc.aws_subnet.private-subnet1",
            "module.vpc.aws_subnet.private-subnet2",
            "module.vpc.aws_subnet.public-subnet1",
            "module.vpc.aws_subnet.public-subnet2",
            "module.vpc.aws_vpc.hellowaws-vpc",
            "module.vpc.aws_vpc_endpoint.s3-gateway",
            "module.vpc.data.aws_availability_zones.azs"
          ],
          "create_before_destroy": true
        }
      ]
    },
    {
      "module": "module.autoscaling",
      "mode": "managed",
      "type": "aws_launch_template",
      "name": "Web-LC",
      "provider": "provider[\"registry.terraform.io/hashicorp/aws\"]",
      "instances": [
        {
          "schema_version": 0,
          "attributes": {
            "arn": "arn:aws:ec2:ca-central-1:891377163278:launch-template/lt-0e7aa4746f16bba05",
            "block_device_mappings": [],
            "capacity_reservation_specification": [],
            "cpu_options": [],
            "credit_specification": [],
            "default_version": 1,
            "description": "",
            "disable_api_stop": false,
            "disable_api_termination": false,
            "ebs_optimized": "",
            "elastic_gpu_specifications": [],
            "elastic_inference_accelerator": [],
            "enclave_options": [],
            "hibernation_options": [],
            "iam_instance_profile": [
              {
                "arn": "",
                "name": "instance-profile-for-ec2-SSM,S3CICD"
              }
            ],
            "id": "lt-0e7aa4746f16bba05",
            "image_id": "ami-06b7d3f3ce64f607d",
            "instance_initiated_shutdown_behavior": "",
            "instance_market_options": [],
            "instance_requirements": [],
            "instance_type": "t3.micro",
            "kernel_id": "",
            "key_name": "",
            "latest_version": 2,
            "license_specification": [],
            "maintenance_options": [],
            "metadata_options": [],
            "monitoring": [],
            "name": "Web-template",
            "name_prefix": "",
            "network_interfaces": [],
            "placement": [],
            "private_dns_name_options": [],
            "ram_disk_id": "",
            "security_group_names": [],
            "tag_specifications": [],
            "tags": {},
            "tags_all": {},
            "update_default_version": null,
            "user_data": "IyEvYmluL2Jhc2gNCiMgQW1hem9uIExpbnV4IDLsl5AgTmdpbngg7ISk7LmYDQoNCnN1ZG8gc3UNCg0KYXdzIHMzIGNwIHMzOi8va3RkLTA0MjYvZGphbmdvLWNvbW11bml0eS1ib2FyZC1tYWluL3RlbXBsYXRlcy9kZWZhdWx0LmNvbmYudGVtcGxhdGUgL2V0Yy9uZ2lueC9jb25mLmQvDQphcHBfbGJfZG5zPSQoYXdzIHNzbSBnZXQtcGFyYW1ldGVyIC0tbmFtZSAiL2NvbmZpZy9zeXN0ZW0vZWxiX2Ruc19uYW1lIiAtLXdpdGgtZGVjcnlwdGlvbiAtLXF1ZXJ5ICJQYXJhbWV0ZXIuVmFsdWUiIC0tb3V0cHV0IHRleHQgIC0tcmVnaW9uICJjYS1jZW50cmFsLTEiKQ0KZXhwb3J0IGFwcF9sYl9kbnMNCg0KZW52c3Vic3QgPCAvZXRjL25naW54L2NvbmYuZC9kZWZhdWx0LmNvbmYudGVtcGxhdGUgPiAvZXRjL25naW54L2NvbmYuZC9kZWZhdWx0LmNvbmYNCmF3cyBzMyBjcCBzMzovL2t0ZC0wNDI2L2RqYW5nby1jb21tdW5pdHktYm9hcmQtbWFpbi9zdGF0aWMgL3Vzci9zaGFyZS9uZ2lueC9odG1sL3N0YXRpYyAtLXJlY3Vyc2l2ZQ0Kc3lzdGVtY3RsIHJlc3RhcnQgbmdpbng=",
            "vpc_security_group_ids": [
              "sg-01650731c6e97b716"
            ]
          },
          "sensitive_attributes": [],
          "private": "bnVsbA==",
          "dependencies": [
            "module.ami.aws_ami_from_instance.hellowaws-ami",
            "module.ami.aws_instance.bastion",
            "module.ami.data.aws_subnet.db-subnet1",
            "module.autoscaling.aws_autoscaling_group.App-ASG",
            "module.autoscaling.aws_launch_template.App-LC",
            "module.autoscaling.data.aws_subnet.private-subnet1",
            "module.autoscaling.data.aws_subnet.private-subnet2",
            "module.elb.aws_lb.App-elb",
            "module.elb.aws_lb_target_group.app-tg",
            "module.elb.data.aws_security_group.app-elb-sg",
            "module.elb.data.aws_subnet.private-subnet1",
            "module.elb.data.aws_subnet.private-subnet2",
            "module.elb.data.aws_vpc.hellowaws-vpc",
            "module.iam.aws_iam_instance_profile.instance-profile",
            "module.iam.aws_iam_role.codebuild-role",
            "module.iam.aws_iam_role.iam-role",
            "module.iam.aws_iam_role_policy.iam-policy",
            "module.repository.aws_codecommit_repository.sourcecode-repository",
            "module.security-group.aws_security_group.app-elb-sg",
            "module.security-group.aws_security_group.app-tier-sg",
            "module.security-group.aws_security_group.bastion-sg",
            "module.security-group.aws_security_group.database-sg",
            "module.security-group.aws_security_group.redis-sg",
            "module.security-group.aws_security_group.web-elb-sg",
            "module.security-group.aws_security_group.web-tier-sg",
            "module.security-group.data.aws_vpc.hellowaws-vpc",
            "module.vpc.aws_eip.eip1",
            "module.vpc.aws_eip.eip2",
            "module.vpc.aws_internet_gateway.igw",
            "module.vpc.aws_nat_gateway.ngw1",
            "module.vpc.aws_nat_gateway.ngw2",
            "module.vpc.aws_route_table.db-rt1",
            "module.vpc.aws_route_table.db-rt2",
            "module.vpc.aws_route_table.private-rt1",
            "module.vpc.aws_route_table.private-rt2",
            "module.vpc.aws_route_table.public-rt",
            "module.vpc.aws_route_table_association.db-rt-association1",
            "module.vpc.aws_route_table_association.db-rt-association2",
            "module.vpc.aws_route_table_association.private-rt-association1",
            "module.vpc.aws_route_table_association.private-rt-association2",
            "module.vpc.aws_route_table_association.public-rt-association1",
            "module.vpc.aws_route_table_association.public-rt-association2",
            "module.vpc.aws_subnet.db-subnet1",
            "module.vpc.aws_subnet.db-subnet2",
            "module.vpc.aws_subnet.private-subnet1",
            "module.vpc.aws_subnet.private-subnet2",
            "module.vpc.aws_subnet.public-subnet1",
            "module.vpc.aws_subnet.public-subnet2",
            "module.vpc.aws_vpc.hellowaws-vpc",
            "module.vpc.aws_vpc_endpoint.s3-gateway",
            "module.vpc.data.aws_availability_zones.azs"
          ],
          "create_before_destroy": true
        }
      ]
    },
    {
      "module": "module.db-cache",
      "mode": "managed",
      "type": "aws_elasticache_serverless_cache",
      "name": "redis-cluster",
      "provider": "provider[\"registry.terraform.io/hashicorp/aws\"]",
      "instances": [
        {
          "schema_version": 0,
          "attributes": {
            "arn": "arn:aws:elasticache:ca-central-1:891377163278:serverlesscache:redis",
            "cache_usage_limits": [
              {
                "data_storage": [
                  {
                    "maximum": 2,
                    "minimum": 1,
                    "unit": "GB"
                  }
                ],
                "ecpu_per_second": [
                  {
                    "maximum": 2000,
                    "minimum": 1000
                  }
                ]
              }
            ],
            "create_time": "2024-06-11T06:51:26Z",
            "daily_snapshot_time": "05:00",
            "description": "aurora db caching",
            "endpoint": [
              {
                "address": "redis-cbffuv.serverless.cac1.cache.amazonaws.com",
                "port": 6379
              }
            ],
            "engine": "redis",
            "full_engine_version": "7.1",
            "id": "redis",
            "kms_key_id": null,
            "major_engine_version": "7",
            "name": "redis",
            "reader_endpoint": [
              {
                "address": "redis-cbffuv.serverless.cac1.cache.amazonaws.com",
                "port": 6380
              }
            ],
            "security_group_ids": [
              "sg-0aacf504cd8e8e50c"
            ],
            "snapshot_arns_to_restore": null,
            "snapshot_retention_limit": 0,
            "status": "available",
            "subnet_ids": [
              "subnet-031b68c0284c077eb",
              "subnet-09a50f0fbe56cfc9c"
            ],
            "tags": {
              "Name": "aws_elasticache_serverless_cache/redis-cluster",
              "createDate": "20240611",
              "owner": "ktd-admin"
            },
            "tags_all": {
              "Name": "aws_elasticache_serverless_cache/redis-cluster",
              "createDate": "20240611",
              "owner": "ktd-admin"
            },
            "timeouts": null,
            "user_group_id": null
          },
          "sensitive_attributes": [],
          "dependencies": [
            "module.db-cache.data.aws_subnet.db-subnet1",
            "module.db-cache.data.aws_subnet.db-subnet2",
            "module.security-group.aws_security_group.app-elb-sg",
            "module.security-group.aws_security_group.app-tier-sg",
            "module.security-group.aws_security_group.bastion-sg",
            "module.security-group.aws_security_group.database-sg",
            "module.security-group.aws_security_group.redis-sg",
            "module.security-group.aws_security_group.web-elb-sg",
            "module.security-group.aws_security_group.web-tier-sg",
            "module.security-group.data.aws_vpc.hellowaws-vpc",
            "module.vpc.aws_eip.eip1",
            "module.vpc.aws_eip.eip2",
            "module.vpc.aws_internet_gateway.igw",
            "module.vpc.aws_nat_gateway.ngw1",
            "module.vpc.aws_nat_gateway.ngw2",
            "module.vpc.aws_route_table.db-rt1",
            "module.vpc.aws_route_table.db-rt2",
            "module.vpc.aws_route_table.private-rt1",
            "module.vpc.aws_route_table.private-rt2",
            "module.vpc.aws_route_table.public-rt",
            "module.vpc.aws_route_table_association.db-rt-association1",
            "module.vpc.aws_route_table_association.db-rt-association2",
            "module.vpc.aws_route_table_association.private-rt-association1",
            "module.vpc.aws_route_table_association.private-rt-association2",
            "module.vpc.aws_route_table_association.public-rt-association1",
            "module.vpc.aws_route_table_association.public-rt-association2",
            "module.vpc.aws_subnet.db-subnet1",
            "module.vpc.aws_subnet.db-subnet2",
            "module.vpc.aws_subnet.private-subnet1",
            "module.vpc.aws_subnet.private-subnet2",
            "module.vpc.aws_subnet.public-subnet1",
            "module.vpc.aws_subnet.public-subnet2",
            "module.vpc.aws_vpc.hellowaws-vpc",
            "module.vpc.aws_vpc_endpoint.s3-gateway",
            "module.vpc.data.aws_availability_zones.azs"
          ]
        }
      ]
    },
    {
      "module": "module.elb",
      "mode": "managed",
      "type": "aws_lb",
      "name": "App-elb",
      "provider": "provider[\"registry.terraform.io/hashicorp/aws\"]",
      "instances": [
        {
          "schema_version": 0,
          "attributes": {
            "access_logs": [
              {
                "bucket": "",
                "enabled": false,
                "prefix": ""
              }
            ],
            "arn": "arn:aws:elasticloadbalancing:ca-central-1:891377163278:loadbalancer/app/App-elb/b9871264dd21753e",
            "arn_suffix": "app/App-elb/b9871264dd21753e",
            "client_keep_alive": 3600,
            "connection_logs": [
              {
                "bucket": "",
                "enabled": false,
                "prefix": ""
              }
            ],
            "customer_owned_ipv4_pool": "",
            "desync_mitigation_mode": "defensive",
            "dns_name": "internal-App-elb-577522133.ca-central-1.elb.amazonaws.com",
            "dns_record_client_routing_policy": null,
            "drop_invalid_header_fields": false,
            "enable_cross_zone_load_balancing": true,
            "enable_deletion_protection": false,
            "enable_http2": true,
            "enable_tls_version_and_cipher_suite_headers": false,
            "enable_waf_fail_open": false,
            "enable_xff_client_port": false,
            "enforce_security_group_inbound_rules_on_private_link_traffic": "",
            "id": "arn:aws:elasticloadbalancing:ca-central-1:891377163278:loadbalancer/app/App-elb/b9871264dd21753e",
            "idle_timeout": 60,
            "internal": true,
            "ip_address_type": "ipv4",
            "load_balancer_type": "application",
            "name": "App-elb",
            "name_prefix": "",
            "preserve_host_header": false,
            "security_groups": [
              "sg-0773d263a129ba122"
            ],
            "subnet_mapping": [
              {
                "allocation_id": "",
                "ipv6_address": "",
                "outpost_id": "",
                "private_ipv4_address": "",
                "subnet_id": "subnet-078fc78ce58d5ca70"
              },
              {
                "allocation_id": "",
                "ipv6_address": "",
                "outpost_id": "",
                "private_ipv4_address": "",
                "subnet_id": "subnet-0c6bb3bb4d6dbaa7b"
              }
            ],
            "subnets": [
              "subnet-078fc78ce58d5ca70",
              "subnet-0c6bb3bb4d6dbaa7b"
            ],
            "tags": {
              "Name": "aws_lb/App-elb",
              "createDate": "20240611",
              "owner": "ktd-admin"
            },
            "tags_all": {
              "Name": "aws_lb/App-elb",
              "createDate": "20240611",
              "owner": "ktd-admin"
            },
            "timeouts": null,
            "vpc_id": "vpc-0ab7821c4add51a60",
            "xff_header_processing_mode": "append",
            "zone_id": "ZQSVJUPU6J1EY"
          },
          "sensitive_attributes": [],
          "private": "eyJlMmJmYjczMC1lY2FhLTExZTYtOGY4OC0zNDM2M2JjN2M0YzAiOnsiY3JlYXRlIjo2MDAwMDAwMDAwMDAsImRlbGV0ZSI6NjAwMDAwMDAwMDAwLCJ1cGRhdGUiOjYwMDAwMDAwMDAwMH19",
          "dependencies": [
            "module.elb.data.aws_security_group.app-elb-sg",
            "module.elb.data.aws_subnet.private-subnet1",
            "module.elb.data.aws_subnet.private-subnet2",
            "module.security-group.aws_security_group.app-elb-sg",
            "module.security-group.aws_security_group.app-tier-sg",
            "module.security-group.aws_security_group.bastion-sg",
            "module.security-group.aws_security_group.database-sg",
            "module.security-group.aws_security_group.redis-sg",
            "module.security-group.aws_security_group.web-elb-sg",
            "module.security-group.aws_security_group.web-tier-sg",
            "module.security-group.data.aws_vpc.hellowaws-vpc",
            "module.vpc.aws_eip.eip1",
            "module.vpc.aws_eip.eip2",
            "module.vpc.aws_internet_gateway.igw",
            "module.vpc.aws_nat_gateway.ngw1",
            "module.vpc.aws_nat_gateway.ngw2",
            "module.vpc.aws_route_table.db-rt1",
            "module.vpc.aws_route_table.db-rt2",
            "module.vpc.aws_route_table.private-rt1",
            "module.vpc.aws_route_table.private-rt2",
            "module.vpc.aws_route_table.public-rt",
            "module.vpc.aws_route_table_association.db-rt-association1",
            "module.vpc.aws_route_table_association.db-rt-association2",
            "module.vpc.aws_route_table_association.private-rt-association1",
            "module.vpc.aws_route_table_association.private-rt-association2",
            "module.vpc.aws_route_table_association.public-rt-association1",
            "module.vpc.aws_route_table_association.public-rt-association2",
            "module.vpc.aws_subnet.db-subnet1",
            "module.vpc.aws_subnet.db-subnet2",
            "module.vpc.aws_subnet.private-subnet1",
            "module.vpc.aws_subnet.private-subnet2",
            "module.vpc.aws_subnet.public-subnet1",
            "module.vpc.aws_subnet.public-subnet2",
            "module.vpc.aws_vpc.hellowaws-vpc",
            "module.vpc.aws_vpc_endpoint.s3-gateway",
            "module.vpc.data.aws_availability_zones.azs"
          ],
          "create_before_destroy": true
        }
      ]
    },
    {
      "module": "module.elb",
      "mode": "managed",
      "type": "aws_lb",
      "name": "Web-elb",
      "provider": "provider[\"registry.terraform.io/hashicorp/aws\"]",
      "instances": [
        {
          "schema_version": 0,
          "attributes": {
            "access_logs": [
              {
                "bucket": "",
                "enabled": false,
                "prefix": ""
              }
            ],
            "arn": "arn:aws:elasticloadbalancing:ca-central-1:891377163278:loadbalancer/app/Web-elb/e926b178c7237e7b",
            "arn_suffix": "app/Web-elb/e926b178c7237e7b",
            "client_keep_alive": 3600,
            "connection_logs": [
              {
                "bucket": "",
                "enabled": false,
                "prefix": ""
              }
            ],
            "customer_owned_ipv4_pool": "",
            "desync_mitigation_mode": "defensive",
            "dns_name": "Web-elb-811664364.ca-central-1.elb.amazonaws.com",
            "dns_record_client_routing_policy": null,
            "drop_invalid_header_fields": false,
            "enable_cross_zone_load_balancing": true,
            "enable_deletion_protection": false,
            "enable_http2": true,
            "enable_tls_version_and_cipher_suite_headers": false,
            "enable_waf_fail_open": false,
            "enable_xff_client_port": false,
            "enforce_security_group_inbound_rules_on_private_link_traffic": "",
            "id": "arn:aws:elasticloadbalancing:ca-central-1:891377163278:loadbalancer/app/Web-elb/e926b178c7237e7b",
            "idle_timeout": 60,
            "internal": false,
            "ip_address_type": "ipv4",
            "load_balancer_type": "application",
            "name": "Web-elb",
            "name_prefix": "",
            "preserve_host_header": false,
            "security_groups": [
              "sg-026b84a5096cb4861"
            ],
            "subnet_mapping": [
              {
                "allocation_id": "",
                "ipv6_address": "",
                "outpost_id": "",
                "private_ipv4_address": "",
                "subnet_id": "subnet-059382f34ec6150b3"
              },
              {
                "allocation_id": "",
                "ipv6_address": "",
                "outpost_id": "",
                "private_ipv4_address": "",
                "subnet_id": "subnet-0cd737cd7ba1f4933"
              }
            ],
            "subnets": [
              "subnet-059382f34ec6150b3",
              "subnet-0cd737cd7ba1f4933"
            ],
            "tags": {
              "Name": "aws_lb/Web-elb",
              "createDate": "20240611",
              "owner": "ktd-admin"
            },
            "tags_all": {
              "Name": "aws_lb/Web-elb",
              "createDate": "20240611",
              "owner": "ktd-admin"
            },
            "timeouts": null,
            "vpc_id": "vpc-0ab7821c4add51a60",
            "xff_header_processing_mode": "append",
            "zone_id": "ZQSVJUPU6J1EY"
          },
          "sensitive_attributes": [],
          "private": "eyJlMmJmYjczMC1lY2FhLTExZTYtOGY4OC0zNDM2M2JjN2M0YzAiOnsiY3JlYXRlIjo2MDAwMDAwMDAwMDAsImRlbGV0ZSI6NjAwMDAwMDAwMDAwLCJ1cGRhdGUiOjYwMDAwMDAwMDAwMH19",
          "dependencies": [
            "module.elb.data.aws_security_group.web-elb-sg",
            "module.elb.data.aws_subnet.public-subnet1",
            "module.elb.data.aws_subnet.public-subnet2",
            "module.security-group.aws_security_group.app-elb-sg",
            "module.security-group.aws_security_group.app-tier-sg",
            "module.security-group.aws_security_group.bastion-sg",
            "module.security-group.aws_security_group.database-sg",
            "module.security-group.aws_security_group.redis-sg",
            "module.security-group.aws_security_group.web-elb-sg",
            "module.security-group.aws_security_group.web-tier-sg",
            "module.security-group.data.aws_vpc.hellowaws-vpc",
            "module.vpc.aws_eip.eip1",
            "module.vpc.aws_eip.eip2",
            "module.vpc.aws_internet_gateway.igw",
            "module.vpc.aws_nat_gateway.ngw1",
            "module.vpc.aws_nat_gateway.ngw2",
            "module.vpc.aws_route_table.db-rt1",
            "module.vpc.aws_route_table.db-rt2",
            "module.vpc.aws_route_table.private-rt1",
            "module.vpc.aws_route_table.private-rt2",
            "module.vpc.aws_route_table.public-rt",
            "module.vpc.aws_route_table_association.db-rt-association1",
            "module.vpc.aws_route_table_association.db-rt-association2",
            "module.vpc.aws_route_table_association.private-rt-association1",
            "module.vpc.aws_route_table_association.private-rt-association2",
            "module.vpc.aws_route_table_association.public-rt-association1",
            "module.vpc.aws_route_table_association.public-rt-association2",
            "module.vpc.aws_subnet.db-subnet1",
            "module.vpc.aws_subnet.db-subnet2",
            "module.vpc.aws_subnet.private-subnet1",
            "module.vpc.aws_subnet.private-subnet2",
            "module.vpc.aws_subnet.public-subnet1",
            "module.vpc.aws_subnet.public-subnet2",
            "module.vpc.aws_vpc.hellowaws-vpc",
            "module.vpc.aws_vpc_endpoint.s3-gateway",
            "module.vpc.data.aws_availability_zones.azs"
          ]
        }
      ]
    },
    {
      "module": "module.elb",
      "mode": "managed",
      "type": "aws_lb_target_group",
      "name": "app-tg",
      "provider": "provider[\"registry.terraform.io/hashicorp/aws\"]",
      "instances": [
        {
          "schema_version": 0,
          "attributes": {
            "arn": "arn:aws:elasticloadbalancing:ca-central-1:891377163278:targetgroup/App-TG20240611-0651/122cef558c1caddd",
            "arn_suffix": "targetgroup/App-TG20240611-0651/122cef558c1caddd",
            "connection_termination": null,
            "deregistration_delay": "60",
            "health_check": [
              {
                "enabled": true,
                "healthy_threshold": 5,
                "interval": 10,
                "matcher": "200",
                "path": "/",
                "port": "traffic-port",
                "protocol": "HTTP",
                "timeout": 5,
                "unhealthy_threshold": 2
              }
            ],
            "id": "arn:aws:elasticloadbalancing:ca-central-1:891377163278:targetgroup/App-TG20240611-0651/122cef558c1caddd",
            "ip_address_type": "ipv4",
            "lambda_multi_value_headers_enabled": false,
            "load_balancer_arns": [
              "arn:aws:elasticloadbalancing:ca-central-1:891377163278:loadbalancer/app/App-elb/b9871264dd21753e"
            ],
            "load_balancing_algorithm_type": "round_robin",
            "load_balancing_anomaly_mitigation": "off",
            "load_balancing_cross_zone_enabled": "use_load_balancer_configuration",
            "name": "App-TG20240611-0651",
            "name_prefix": "",
            "port": 8080,
            "preserve_client_ip": null,
            "protocol": "HTTP",
            "protocol_version": "HTTP1",
            "proxy_protocol_v2": false,
            "slow_start": 0,
            "stickiness": [
              {
                "cookie_duration": 86400,
                "cookie_name": "",
                "enabled": false,
                "type": "lb_cookie"
              }
            ],
            "tags": {
              "Name": "aws_lb_target_group/app-tg",
              "createDate": "20240611",
              "owner": "ktd-admin"
            },
            "tags_all": {
              "Name": "aws_lb_target_group/app-tg",
              "createDate": "20240611",
              "owner": "ktd-admin"
            },
            "target_failover": [
              {
                "on_deregistration": null,
                "on_unhealthy": null
              }
            ],
            "target_health_state": [
              {
                "enable_unhealthy_connection_termination": null
              }
            ],
            "target_type": "instance",
            "vpc_id": "vpc-0ab7821c4add51a60"
          },
          "sensitive_attributes": [],
          "private": "bnVsbA==",
          "dependencies": [
            "module.elb.data.aws_vpc.hellowaws-vpc",
            "module.security-group.aws_security_group.app-elb-sg",
            "module.security-group.aws_security_group.app-tier-sg",
            "module.security-group.aws_security_group.bastion-sg",
            "module.security-group.aws_security_group.database-sg",
            "module.security-group.aws_security_group.redis-sg",
            "module.security-group.aws_security_group.web-elb-sg",
            "module.security-group.aws_security_group.web-tier-sg",
            "module.security-group.data.aws_vpc.hellowaws-vpc",
            "module.vpc.aws_eip.eip1",
            "module.vpc.aws_eip.eip2",
            "module.vpc.aws_internet_gateway.igw",
            "module.vpc.aws_nat_gateway.ngw1",
            "module.vpc.aws_nat_gateway.ngw2",
            "module.vpc.aws_route_table.db-rt1",
            "module.vpc.aws_route_table.db-rt2",
            "module.vpc.aws_route_table.private-rt1",
            "module.vpc.aws_route_table.private-rt2",
            "module.vpc.aws_route_table.public-rt",
            "module.vpc.aws_route_table_association.db-rt-association1",
            "module.vpc.aws_route_table_association.db-rt-association2",
            "module.vpc.aws_route_table_association.private-rt-association1",
            "module.vpc.aws_route_table_association.private-rt-association2",
            "module.vpc.aws_route_table_association.public-rt-association1",
            "module.vpc.aws_route_table_association.public-rt-association2",
            "module.vpc.aws_subnet.db-subnet1",
            "module.vpc.aws_subnet.db-subnet2",
            "module.vpc.aws_subnet.private-subnet1",
            "module.vpc.aws_subnet.private-subnet2",
            "module.vpc.aws_subnet.public-subnet1",
            "module.vpc.aws_subnet.public-subnet2",
            "module.vpc.aws_vpc.hellowaws-vpc",
            "module.vpc.aws_vpc_endpoint.s3-gateway",
            "module.vpc.data.aws_availability_zones.azs"
          ],
          "create_before_destroy": true
        }
      ]
    },
    {
      "module": "module.elb",
      "mode": "managed",
      "type": "aws_lb_target_group",
      "name": "web-tg",
      "provider": "provider[\"registry.terraform.io/hashicorp/aws\"]",
      "instances": [
        {
          "schema_version": 0,
          "attributes": {
            "arn": "arn:aws:elasticloadbalancing:ca-central-1:891377163278:targetgroup/Web-TG20240611-0651/f21c6ceeaaca5cf6",
            "arn_suffix": "targetgroup/Web-TG20240611-0651/f21c6ceeaaca5cf6",
            "connection_termination": null,
            "deregistration_delay": "300",
            "health_check": [
              {
                "enabled": true,
                "healthy_threshold": 5,
                "interval": 10,
                "matcher": "200",
                "path": "/",
                "port": "traffic-port",
                "protocol": "HTTP",
                "timeout": 5,
                "unhealthy_threshold": 2
              }
            ],
            "id": "arn:aws:elasticloadbalancing:ca-central-1:891377163278:targetgroup/Web-TG20240611-0651/f21c6ceeaaca5cf6",
            "ip_address_type": "ipv4",
            "lambda_multi_value_headers_enabled": false,
            "load_balancer_arns": [
              "arn:aws:elasticloadbalancing:ca-central-1:891377163278:loadbalancer/app/Web-elb/e926b178c7237e7b"
            ],
            "load_balancing_algorithm_type": "round_robin",
            "load_balancing_anomaly_mitigation": "off",
            "load_balancing_cross_zone_enabled": "use_load_balancer_configuration",
            "name": "Web-TG20240611-0651",
            "name_prefix": "",
            "port": 80,
            "preserve_client_ip": null,
            "protocol": "HTTP",
            "protocol_version": "HTTP1",
            "proxy_protocol_v2": false,
            "slow_start": 0,
            "stickiness": [
              {
                "cookie_duration": 86400,
                "cookie_name": "",
                "enabled": false,
                "type": "lb_cookie"
              }
            ],
            "tags": {
              "Name": "aws_lb_target_group/web-tg",
              "createDate": "20240611",
              "owner": "ktd-admin"
            },
            "tags_all": {
              "Name": "aws_lb_target_group/web-tg",
              "createDate": "20240611",
              "owner": "ktd-admin"
            },
            "target_failover": [
              {
                "on_deregistration": null,
                "on_unhealthy": null
              }
            ],
            "target_health_state": [
              {
                "enable_unhealthy_connection_termination": null
              }
            ],
            "target_type": "instance",
            "vpc_id": "vpc-0ab7821c4add51a60"
          },
          "sensitive_attributes": [],
          "private": "bnVsbA==",
          "dependencies": [
            "module.elb.data.aws_vpc.hellowaws-vpc",
            "module.security-group.aws_security_group.app-elb-sg",
            "module.security-group.aws_security_group.app-tier-sg",
            "module.security-group.aws_security_group.bastion-sg",
            "module.security-group.aws_security_group.database-sg",
            "module.security-group.aws_security_group.redis-sg",
            "module.security-group.aws_security_group.web-elb-sg",
            "module.security-group.aws_security_group.web-tier-sg",
            "module.security-group.data.aws_vpc.hellowaws-vpc",
            "module.vpc.aws_eip.eip1",
            "module.vpc.aws_eip.eip2",
            "module.vpc.aws_internet_gateway.igw",
            "module.vpc.aws_nat_gateway.ngw1",
            "module.vpc.aws_nat_gateway.ngw2",
            "module.vpc.aws_route_table.db-rt1",
            "module.vpc.aws_route_table.db-rt2",
            "module.vpc.aws_route_table.private-rt1",
            "module.vpc.aws_route_table.private-rt2",
            "module.vpc.aws_route_table.public-rt",
            "module.vpc.aws_route_table_association.db-rt-association1",
            "module.vpc.aws_route_table_association.db-rt-association2",
            "module.vpc.aws_route_table_association.private-rt-association1",
            "module.vpc.aws_route_table_association.private-rt-association2",
            "module.vpc.aws_route_table_association.public-rt-association1",
            "module.vpc.aws_route_table_association.public-rt-association2",
            "module.vpc.aws_subnet.db-subnet1",
            "module.vpc.aws_subnet.db-subnet2",
            "module.vpc.aws_subnet.private-subnet1",
            "module.vpc.aws_subnet.private-subnet2",
            "module.vpc.aws_subnet.public-subnet1",
            "module.vpc.aws_subnet.public-subnet2",
            "module.vpc.aws_vpc.hellowaws-vpc",
            "module.vpc.aws_vpc_endpoint.s3-gateway",
            "module.vpc.data.aws_availability_zones.azs"
          ],
          "create_before_destroy": true
        }
      ]
    },
    {
      "module": "module.iam",
      "mode": "managed",
      "type": "aws_iam_instance_profile",
      "name": "instance-profile",
      "provider": "provider[\"registry.terraform.io/hashicorp/aws\"]",
      "instances": [
        {
          "schema_version": 0,
          "attributes": {
            "arn": "arn:aws:iam::891377163278:instance-profile/instance-profile-for-ec2-SSM,S3CICD",
            "create_date": "2024-06-11T06:24:47Z",
            "id": "instance-profile-for-ec2-SSM,S3CICD",
            "name": "instance-profile-for-ec2-SSM,S3CICD",
            "name_prefix": "",
            "path": "/",
            "role": "role-for-ec2-SSM,S3,CICD",
            "tags": {},
            "tags_all": {},
            "unique_id": "AIPA47CRYDQHL7DFDDBKG"
          },
          "sensitive_attributes": [],
          "private": "bnVsbA==",
          "dependencies": [
            "module.iam.aws_iam_role.iam-role"
          ],
          "create_before_destroy": true
        }
      ]
    },
    {
      "module": "module.iam",
      "mode": "managed",
      "type": "aws_iam_role",
      "name": "codebuild-role",
      "provider": "provider[\"registry.terraform.io/hashicorp/aws\"]",
      "instances": [
        {
          "schema_version": 0,
          "attributes": {
            "arn": "arn:aws:iam::891377163278:role/codebuild-hellowaws_3teir_buildProject-service-role",
            "assume_role_policy": "{\"Statement\":[{\"Action\":\"sts:AssumeRole\",\"Effect\":\"Allow\",\"Principal\":{\"Service\":\"codebuild.amazonaws.com\"}}],\"Version\":\"2012-10-17\"}",
            "create_date": "2024-06-11T06:24:46Z",
            "description": "",
            "force_detach_policies": false,
            "id": "codebuild-hellowaws_3teir_buildProject-service-role",
            "inline_policy": [],
            "managed_policy_arns": [],
            "max_session_duration": 3600,
            "name": "codebuild-hellowaws_3teir_buildProject-service-role",
            "name_prefix": "",
            "path": "/",
            "permissions_boundary": "",
            "tags": {},
            "tags_all": {},
            "unique_id": "AROA47CRYDQHKBL6YWLXD"
          },
          "sensitive_attributes": [],
          "private": "bnVsbA==",
          "create_before_destroy": true
        }
      ]
    },
    {
      "module": "module.iam",
      "mode": "managed",
      "type": "aws_iam_role",
      "name": "iam-role",
      "provider": "provider[\"registry.terraform.io/hashicorp/aws\"]",
      "instances": [
        {
          "schema_version": 0,
          "attributes": {
            "arn": "arn:aws:iam::891377163278:role/role-for-ec2-SSM,S3,CICD",
            "assume_role_policy": "{\"Statement\":[{\"Action\":\"sts:AssumeRole\",\"Effect\":\"Allow\",\"Principal\":{\"Service\":\"ec2.amazonaws.com\"}}],\"Version\":\"2012-10-17\"}",
            "create_date": "2024-06-11T06:24:46Z",
            "description": "",
            "force_detach_policies": false,
            "id": "role-for-ec2-SSM,S3,CICD",
            "inline_policy": [
              {
                "name": "policy-for-ec2-SSM,S3CICD",
                "policy": "{\"Version\":\"2012-10-17\",\"Statement\":[{\"Action\":[\"s3:*\",\"s3-object-lambda:*\",\"ssm:*\",\"ec2messages:*\",\"ssmmessages:*\",\"ec2:StopInstances\",\"codecommit:GitPull\",\"codecommit:GitPush\",\"codedeploy:*\",\"cloudwatch:*\"],\"Effect\":\"Allow\",\"Resource\":\"*\"}]}"
              }
            ],
            "managed_policy_arns": [],
            "max_session_duration": 3600,
            "name": "role-for-ec2-SSM,S3,CICD",
            "name_prefix": "",
            "path": "/",
            "permissions_boundary": "",
            "tags": {},
            "tags_all": {},
            "unique_id": "AROA47CRYDQHACMGTI6VZ"
          },
          "sensitive_attributes": [],
          "private": "bnVsbA==",
          "create_before_destroy": true
        }
      ]
    },
    {
      "module": "module.iam",
      "mode": "managed",
      "type": "aws_iam_role_policy",
      "name": "iam-policy",
      "provider": "provider[\"registry.terraform.io/hashicorp/aws\"]",
      "instances": [
        {
          "schema_version": 0,
          "attributes": {
            "id": "role-for-ec2-SSM,S3,CICD:policy-for-ec2-SSM,S3CICD",
            "name": "policy-for-ec2-SSM,S3CICD",
            "name_prefix": "",
            "policy": "{\"Version\":\"2012-10-17\",\"Statement\":[{\"Action\":[\"s3:*\",\"s3-object-lambda:*\",\"ssm:*\",\"ec2messages:*\",\"ssmmessages:*\",\"ec2:StopInstances\",\"codecommit:GitPull\",\"codecommit:GitPush\",\"codedeploy:*\",\"cloudwatch:*\"],\"Effect\":\"Allow\",\"Resource\":\"*\"}]}",
            "role": "role-for-ec2-SSM,S3,CICD"
          },
          "sensitive_attributes": [],
          "private": "bnVsbA==",
          "dependencies": [
            "module.iam.aws_iam_role.iam-role"
          ],
          "create_before_destroy": true
        }
      ]
    },
    {
      "module": "module.rds",
      "mode": "managed",
      "type": "aws_db_subnet_group",
      "name": "db-subnet-group",
      "provider": "provider[\"registry.terraform.io/hashicorp/aws\"]",
      "instances": [
        {
          "schema_version": 0,
          "attributes": {
            "arn": "arn:aws:rds:ca-central-1:891377163278:subgrp:hellowaws-rds-sg",
            "description": "Managed by Terraform",
            "id": "hellowaws-rds-sg",
            "name": "hellowaws-rds-sg",
            "name_prefix": "",
            "subnet_ids": [
              "subnet-031b68c0284c077eb",
              "subnet-09a50f0fbe56cfc9c"
            ],
            "supported_network_types": [
              "IPV4"
            ],
            "tags": {
              "Name": "aws_db_subnet_group/db-subnet-group",
              "createDate": "20240611",
              "owner": "ktd-admin"
            },
            "tags_all": {
              "Name": "aws_db_subnet_group/db-subnet-group",
              "createDate": "20240611",
              "owner": "ktd-admin"
            },
            "vpc_id": "vpc-0ab7821c4add51a60"
          },
          "sensitive_attributes": [],
          "private": "bnVsbA==",
          "dependencies": [
            "module.rds.data.aws_subnet.db-subnet1",
            "module.rds.data.aws_subnet.db-subnet2",
            "module.security-group.aws_security_group.app-elb-sg",
            "module.security-group.aws_security_group.app-tier-sg",
            "module.security-group.aws_security_group.bastion-sg",
            "module.security-group.aws_security_group.database-sg",
            "module.security-group.aws_security_group.redis-sg",
            "module.security-group.aws_security_group.web-elb-sg",
            "module.security-group.aws_security_group.web-tier-sg",
            "module.security-group.data.aws_vpc.hellowaws-vpc",
            "module.vpc.aws_eip.eip1",
            "module.vpc.aws_eip.eip2",
            "module.vpc.aws_internet_gateway.igw",
            "module.vpc.aws_nat_gateway.ngw1",
            "module.vpc.aws_nat_gateway.ngw2",
            "module.vpc.aws_route_table.db-rt1",
            "module.vpc.aws_route_table.db-rt2",
            "module.vpc.aws_route_table.private-rt1",
            "module.vpc.aws_route_table.private-rt2",
            "module.vpc.aws_route_table.public-rt",
            "module.vpc.aws_route_table_association.db-rt-association1",
            "module.vpc.aws_route_table_association.db-rt-association2",
            "module.vpc.aws_route_table_association.private-rt-association1",
            "module.vpc.aws_route_table_association.private-rt-association2",
            "module.vpc.aws_route_table_association.public-rt-association1",
            "module.vpc.aws_route_table_association.public-rt-association2",
            "module.vpc.aws_subnet.db-subnet1",
            "module.vpc.aws_subnet.db-subnet2",
            "module.vpc.aws_subnet.private-subnet1",
            "module.vpc.aws_subnet.private-subnet2",
            "module.vpc.aws_subnet.public-subnet1",
            "module.vpc.aws_subnet.public-subnet2",
            "module.vpc.aws_vpc.hellowaws-vpc",
            "module.vpc.aws_vpc_endpoint.s3-gateway",
            "module.vpc.data.aws_availability_zones.azs"
          ]
        }
      ]
    },
    {
      "module": "module.rds",
      "mode": "managed",
      "type": "aws_rds_cluster",
      "name": "aurora-cluster",
      "provider": "provider[\"registry.terraform.io/hashicorp/aws\"]",
      "instances": [
        {
          "schema_version": 1,
          "attributes": {
            "allocated_storage": 1,
            "allow_major_version_upgrade": false,
            "apply_immediately": null,
            "arn": "arn:aws:rds:ca-central-1:891377163278:cluster:aurora-cluster",
            "availability_zones": [
              "ca-central-1a",
              "ca-central-1b",
              "ca-central-1d"
            ],
            "backtrack_window": 0,
            "backup_retention_period": 3,
            "cluster_identifier": "aurora-cluster",
            "cluster_identifier_prefix": "",
            "cluster_members": [
              "primary-instance"
            ],
            "cluster_resource_id": "cluster-ZUAOEEHXCS2QLWE5QZ6PGHFZ7E",
            "copy_tags_to_snapshot": false,
            "database_name": "sampletable",
            "db_cluster_instance_class": "",
            "db_cluster_parameter_group_name": "default.aurora-mysql8.0",
            "db_instance_parameter_group_name": null,
            "db_subnet_group_name": "hellowaws-rds-sg",
            "db_system_id": "",
            "delete_automated_backups": true,
            "deletion_protection": false,
            "domain": "",
            "domain_iam_role_name": "",
            "enable_global_write_forwarding": false,
            "enable_http_endpoint": false,
            "enable_local_write_forwarding": false,
            "enabled_cloudwatch_logs_exports": [],
            "endpoint": "aurora-cluster.cluster-cfqueiwmgrjr.ca-central-1.rds.amazonaws.com",
            "engine": "aurora-mysql",
            "engine_mode": "provisioned",
            "engine_version": "8.0.mysql_aurora.3.04.2",
            "engine_version_actual": "8.0.mysql_aurora.3.04.2",
            "final_snapshot_identifier": "aurora-cluster-final-20240611-0651",
            "global_cluster_identifier": "",
            "hosted_zone_id": "Z1JG78A3UK1DU3",
            "iam_database_authentication_enabled": false,
            "iam_roles": [],
            "id": "aurora-cluster",
            "iops": 0,
            "kms_key_id": "arn:aws:kms:ca-central-1:891377163278:key/381b6eca-897d-4a22-80c1-4b91a872c7e6",
            "manage_master_user_password": null,
            "master_password": "1q2w3e4r",
            "master_user_secret": [],
            "master_user_secret_kms_key_id": null,
            "master_username": "admin",
            "network_type": "IPV4",
            "port": 3306,
            "preferred_backup_window": "19:00-21:00",
            "preferred_maintenance_window": "fri:05:25-fri:05:55",
            "reader_endpoint": "aurora-cluster.cluster-ro-cfqueiwmgrjr.ca-central-1.rds.amazonaws.com",
            "replication_source_identifier": "",
            "restore_to_point_in_time": [],
            "s3_import": [],
            "scaling_configuration": [],
            "serverlessv2_scaling_configuration": [
              {
                "max_capacity": 2,
                "min_capacity": 1
              }
            ],
            "skip_final_snapshot": true,
            "snapshot_identifier": null,
            "source_region": null,
            "storage_encrypted": true,
            "storage_type": "",
            "tags": {
              "Name": "aws_rds_cluster/aurora-cluster",
              "createDate": "20240611",
              "owner": "ktd-admin"
            },
            "tags_all": {
              "Name": "aws_rds_cluster/aurora-cluster",
              "createDate": "20240611",
              "owner": "ktd-admin"
            },
            "timeouts": null,
            "vpc_security_group_ids": [
              "sg-0254a292161a5e50a"
            ]
          },
          "sensitive_attributes": [
            [
              {
                "type": "get_attr",
                "value": "master_password"
              }
            ],
            [
              {
                "type": "get_attr",
                "value": "master_username"
              }
            ]
          ],
          "private": "eyJlMmJmYjczMC1lY2FhLTExZTYtOGY4OC0zNDM2M2JjN2M0YzAiOnsiY3JlYXRlIjo3MjAwMDAwMDAwMDAwLCJkZWxldGUiOjcyMDAwMDAwMDAwMDAsInVwZGF0ZSI6NzIwMDAwMDAwMDAwMH0sInNjaGVtYV92ZXJzaW9uIjoiMSJ9",
          "dependencies": [
            "module.rds.aws_db_subnet_group.db-subnet-group",
            "module.rds.aws_ssm_parameter.db-id",
            "module.rds.aws_ssm_parameter.db-pwd",
            "module.rds.data.aws_security_group.db-sg",
            "module.rds.data.aws_subnet.db-subnet1",
            "module.rds.data.aws_subnet.db-subnet2",
            "module.security-group.aws_security_group.app-elb-sg",
            "module.security-group.aws_security_group.app-tier-sg",
            "module.security-group.aws_security_group.bastion-sg",
            "module.security-group.aws_security_group.database-sg",
            "module.security-group.aws_security_group.redis-sg",
            "module.security-group.aws_security_group.web-elb-sg",
            "module.security-group.aws_security_group.web-tier-sg",
            "module.security-group.data.aws_vpc.hellowaws-vpc",
            "module.vpc.aws_eip.eip1",
            "module.vpc.aws_eip.eip2",
            "module.vpc.aws_internet_gateway.igw",
            "module.vpc.aws_nat_gateway.ngw1",
            "module.vpc.aws_nat_gateway.ngw2",
            "module.vpc.aws_route_table.db-rt1",
            "module.vpc.aws_route_table.db-rt2",
            "module.vpc.aws_route_table.private-rt1",
            "module.vpc.aws_route_table.private-rt2",
            "module.vpc.aws_route_table.public-rt",
            "module.vpc.aws_route_table_association.db-rt-association1",
            "module.vpc.aws_route_table_association.db-rt-association2",
            "module.vpc.aws_route_table_association.private-rt-association1",
            "module.vpc.aws_route_table_association.private-rt-association2",
            "module.vpc.aws_route_table_association.public-rt-association1",
            "module.vpc.aws_route_table_association.public-rt-association2",
            "module.vpc.aws_subnet.db-subnet1",
            "module.vpc.aws_subnet.db-subnet2",
            "module.vpc.aws_subnet.private-subnet1",
            "module.vpc.aws_subnet.private-subnet2",
            "module.vpc.aws_subnet.public-subnet1",
            "module.vpc.aws_subnet.public-subnet2",
            "module.vpc.aws_vpc.hellowaws-vpc",
            "module.vpc.aws_vpc_endpoint.s3-gateway",
            "module.vpc.data.aws_availability_zones.azs"
          ]
        }
      ]
    },
    {
      "module": "module.rds",
      "mode": "managed",
      "type": "aws_rds_cluster_instance",
      "name": "primary-instance",
      "provider": "provider[\"registry.terraform.io/hashicorp/aws\"]",
      "instances": [
        {
          "schema_version": 0,
          "attributes": {
            "apply_immediately": null,
            "arn": "arn:aws:rds:ca-central-1:891377163278:db:primary-instance",
            "auto_minor_version_upgrade": true,
            "availability_zone": "ca-central-1b",
            "ca_cert_identifier": "rds-ca-rsa2048-g1",
            "cluster_identifier": "aurora-cluster",
            "copy_tags_to_snapshot": false,
            "custom_iam_instance_profile": "",
            "db_parameter_group_name": "default.aurora-mysql8.0",
            "db_subnet_group_name": "hellowaws-rds-sg",
            "dbi_resource_id": "db-QL3TW4STDSL7PH3BWKZXXVXCAY",
            "endpoint": "primary-instance.cfqueiwmgrjr.ca-central-1.rds.amazonaws.com",
            "engine": "aurora-mysql",
            "engine_version": "8.0.mysql_aurora.3.04.2",
            "engine_version_actual": "8.0.mysql_aurora.3.04.2",
            "id": "primary-instance",
            "identifier": "primary-instance",
            "identifier_prefix": "",
            "instance_class": "db.serverless",
            "kms_key_id": "arn:aws:kms:ca-central-1:891377163278:key/381b6eca-897d-4a22-80c1-4b91a872c7e6",
            "monitoring_interval": 0,
            "monitoring_role_arn": "",
            "network_type": "IPV4",
            "performance_insights_enabled": false,
            "performance_insights_kms_key_id": "",
            "performance_insights_retention_period": 0,
            "port": 3306,
            "preferred_backup_window": "19:00-21:00",
            "preferred_maintenance_window": "mon:05:22-mon:05:52",
            "promotion_tier": 0,
            "publicly_accessible": false,
            "storage_encrypted": true,
            "tags": {
              "Name": "aws_rds_cluster_instance/primary-instance",
              "createDate": "20240611",
              "owner": "ktd-admin"
            },
            "tags_all": {
              "Name": "aws_rds_cluster_instance/primary-instance",
              "createDate": "20240611",
              "owner": "ktd-admin"
            },
            "timeouts": null,
            "writer": true
          },
          "sensitive_attributes": [],
          "private": "eyJlMmJmYjczMC1lY2FhLTExZTYtOGY4OC0zNDM2M2JjN2M0YzAiOnsiY3JlYXRlIjo1NDAwMDAwMDAwMDAwLCJkZWxldGUiOjU0MDAwMDAwMDAwMDAsInVwZGF0ZSI6NTQwMDAwMDAwMDAwMH19",
          "dependencies": [
            "module.rds.aws_db_subnet_group.db-subnet-group",
            "module.rds.aws_rds_cluster.aurora-cluster",
            "module.rds.aws_ssm_parameter.db-id",
            "module.rds.aws_ssm_parameter.db-pwd",
            "module.rds.data.aws_security_group.db-sg",
            "module.rds.data.aws_subnet.db-subnet1",
            "module.rds.data.aws_subnet.db-subnet2",
            "module.security-group.aws_security_group.app-elb-sg",
            "module.security-group.aws_security_group.app-tier-sg",
            "module.security-group.aws_security_group.bastion-sg",
            "module.security-group.aws_security_group.database-sg",
            "module.security-group.aws_security_group.redis-sg",
            "module.security-group.aws_security_group.web-elb-sg",
            "module.security-group.aws_security_group.web-tier-sg",
            "module.security-group.data.aws_vpc.hellowaws-vpc",
            "module.vpc.aws_eip.eip1",
            "module.vpc.aws_eip.eip2",
            "module.vpc.aws_internet_gateway.igw",
            "module.vpc.aws_nat_gateway.ngw1",
            "module.vpc.aws_nat_gateway.ngw2",
            "module.vpc.aws_route_table.db-rt1",
            "module.vpc.aws_route_table.db-rt2",
            "module.vpc.aws_route_table.private-rt1",
            "module.vpc.aws_route_table.private-rt2",
            "module.vpc.aws_route_table.public-rt",
            "module.vpc.aws_route_table_association.db-rt-association1",
            "module.vpc.aws_route_table_association.db-rt-association2",
            "module.vpc.aws_route_table_association.private-rt-association1",
            "module.vpc.aws_route_table_association.private-rt-association2",
            "module.vpc.aws_route_table_association.public-rt-association1",
            "module.vpc.aws_route_table_association.public-rt-association2",
            "module.vpc.aws_subnet.db-subnet1",
            "module.vpc.aws_subnet.db-subnet2",
            "module.vpc.aws_subnet.private-subnet1",
            "module.vpc.aws_subnet.private-subnet2",
            "module.vpc.aws_subnet.public-subnet1",
            "module.vpc.aws_subnet.public-subnet2",
            "module.vpc.aws_vpc.hellowaws-vpc",
            "module.vpc.aws_vpc_endpoint.s3-gateway",
            "module.vpc.data.aws_availability_zones.azs"
          ]
        }
      ]
    },
    {
      "module": "module.rds",
      "mode": "managed",
      "type": "aws_ssm_parameter",
      "name": "db-id",
      "provider": "provider[\"registry.terraform.io/hashicorp/aws\"]",
      "instances": [
        {
          "schema_version": 0,
          "attributes": {
            "allowed_pattern": "",
            "arn": "arn:aws:ssm:ca-central-1:891377163278:parameter/config/account/admin/ID",
            "data_type": "text",
            "description": "input db admin ID",
            "id": "/config/account/admin/ID",
            "insecure_value": null,
            "key_id": "alias/aws/ssm",
            "name": "/config/account/admin/ID",
            "overwrite": true,
            "tags": {
              "Name": "aws_ssm_parameter/db-id",
              "createDate": "20240611",
              "owner": "ktd-admin"
            },
            "tags_all": {
              "Name": "aws_ssm_parameter/db-id",
              "createDate": "20240611",
              "owner": "ktd-admin"
            },
            "tier": "Standard",
            "type": "SecureString",
            "value": "admin",
            "version": 1
          },
          "sensitive_attributes": [
            [
              {
                "type": "get_attr",
                "value": "value"
              }
            ]
          ],
          "private": "bnVsbA==",
          "dependencies": [
            "module.security-group.aws_security_group.app-elb-sg",
            "module.security-group.aws_security_group.app-tier-sg",
            "module.security-group.aws_security_group.bastion-sg",
            "module.security-group.aws_security_group.database-sg",
            "module.security-group.aws_security_group.redis-sg",
            "module.security-group.aws_security_group.web-elb-sg",
            "module.security-group.aws_security_group.web-tier-sg",
            "module.security-group.data.aws_vpc.hellowaws-vpc",
            "module.vpc.aws_eip.eip1",
            "module.vpc.aws_eip.eip2",
            "module.vpc.aws_internet_gateway.igw",
            "module.vpc.aws_nat_gateway.ngw1",
            "module.vpc.aws_nat_gateway.ngw2",
            "module.vpc.aws_route_table.db-rt1",
            "module.vpc.aws_route_table.db-rt2",
            "module.vpc.aws_route_table.private-rt1",
            "module.vpc.aws_route_table.private-rt2",
            "module.vpc.aws_route_table.public-rt",
            "module.vpc.aws_route_table_association.db-rt-association1",
            "module.vpc.aws_route_table_association.db-rt-association2",
            "module.vpc.aws_route_table_association.private-rt-association1",
            "module.vpc.aws_route_table_association.private-rt-association2",
            "module.vpc.aws_route_table_association.public-rt-association1",
            "module.vpc.aws_route_table_association.public-rt-association2",
            "module.vpc.aws_subnet.db-subnet1",
            "module.vpc.aws_subnet.db-subnet2",
            "module.vpc.aws_subnet.private-subnet1",
            "module.vpc.aws_subnet.private-subnet2",
            "module.vpc.aws_subnet.public-subnet1",
            "module.vpc.aws_subnet.public-subnet2",
            "module.vpc.aws_vpc.hellowaws-vpc",
            "module.vpc.aws_vpc_endpoint.s3-gateway",
            "module.vpc.data.aws_availability_zones.azs"
          ]
        }
      ]
    },
    {
      "module": "module.rds",
      "mode": "managed",
      "type": "aws_ssm_parameter",
      "name": "db-pwd",
      "provider": "provider[\"registry.terraform.io/hashicorp/aws\"]",
      "instances": [
        {
          "schema_version": 0,
          "attributes": {
            "allowed_pattern": "",
            "arn": "arn:aws:ssm:ca-central-1:891377163278:parameter/config/account/admin/PWD",
            "data_type": "text",
            "description": "input db admin PWD",
            "id": "/config/account/admin/PWD",
            "insecure_value": null,
            "key_id": "alias/aws/ssm",
            "name": "/config/account/admin/PWD",
            "overwrite": true,
            "tags": {
              "Name": "aws_ssm_parameter/db-pwd",
              "createDate": "20240611",
              "owner": "ktd-admin"
            },
            "tags_all": {
              "Name": "aws_ssm_parameter/db-pwd",
              "createDate": "20240611",
              "owner": "ktd-admin"
            },
            "tier": "Standard",
            "type": "SecureString",
            "value": "1q2w3e4r",
            "version": 1
          },
          "sensitive_attributes": [
            [
              {
                "type": "get_attr",
                "value": "value"
              }
            ]
          ],
          "private": "bnVsbA==",
          "dependencies": [
            "module.security-group.aws_security_group.app-elb-sg",
            "module.security-group.aws_security_group.app-tier-sg",
            "module.security-group.aws_security_group.bastion-sg",
            "module.security-group.aws_security_group.database-sg",
            "module.security-group.aws_security_group.redis-sg",
            "module.security-group.aws_security_group.web-elb-sg",
            "module.security-group.aws_security_group.web-tier-sg",
            "module.security-group.data.aws_vpc.hellowaws-vpc",
            "module.vpc.aws_eip.eip1",
            "module.vpc.aws_eip.eip2",
            "module.vpc.aws_internet_gateway.igw",
            "module.vpc.aws_nat_gateway.ngw1",
            "module.vpc.aws_nat_gateway.ngw2",
            "module.vpc.aws_route_table.db-rt1",
            "module.vpc.aws_route_table.db-rt2",
            "module.vpc.aws_route_table.private-rt1",
            "module.vpc.aws_route_table.private-rt2",
            "module.vpc.aws_route_table.public-rt",
            "module.vpc.aws_route_table_association.db-rt-association1",
            "module.vpc.aws_route_table_association.db-rt-association2",
            "module.vpc.aws_route_table_association.private-rt-association1",
            "module.vpc.aws_route_table_association.private-rt-association2",
            "module.vpc.aws_route_table_association.public-rt-association1",
            "module.vpc.aws_route_table_association.public-rt-association2",
            "module.vpc.aws_subnet.db-subnet1",
            "module.vpc.aws_subnet.db-subnet2",
            "module.vpc.aws_subnet.private-subnet1",
            "module.vpc.aws_subnet.private-subnet2",
            "module.vpc.aws_subnet.public-subnet1",
            "module.vpc.aws_subnet.public-subnet2",
            "module.vpc.aws_vpc.hellowaws-vpc",
            "module.vpc.aws_vpc_endpoint.s3-gateway",
            "module.vpc.data.aws_availability_zones.azs"
          ]
        }
      ]
    },
    {
      "module": "module.repository",
      "mode": "managed",
      "type": "aws_codecommit_repository",
      "name": "sourcecode-repository",
      "provider": "provider[\"registry.terraform.io/hashicorp/aws\"]",
      "instances": [
        {
          "schema_version": 0,
          "attributes": {
            "arn": "arn:aws:codecommit:ca-central-1:891377163278:hellowaws-application-sourcecode",
            "clone_url_http": "https://git-codecommit.ca-central-1.amazonaws.com/v1/repos/hellowaws-application-sourcecode",
            "clone_url_ssh": "ssh://git-codecommit.ca-central-1.amazonaws.com/v1/repos/hellowaws-application-sourcecode",
            "default_branch": null,
            "description": "My example CodeCommit repository",
            "id": "hellowaws-application-sourcecode",
            "kms_key_id": "arn:aws:kms:ca-central-1:891377163278:key/907b90db-42db-4c79-ad43-939f3952867f",
            "repository_id": "a2e7a067-c42d-4c27-aa32-68f822d36069",
            "repository_name": "hellowaws-application-sourcecode",
            "tags": {
              "Name": "aws_codecommit_repository/sourcecode-repository",
              "createDate": "20240611",
              "owner": "ktd-admin"
            },
            "tags_all": {
              "Name": "aws_codecommit_repository/sourcecode-repository",
              "createDate": "20240611",
              "owner": "ktd-admin"
            }
          },
          "sensitive_attributes": [],
          "private": "bnVsbA==",
          "create_before_destroy": true
        }
      ]
    },
    {
      "module": "module.security-group",
      "mode": "managed",
      "type": "aws_security_group",
      "name": "app-elb-sg",
      "provider": "provider[\"registry.terraform.io/hashicorp/aws\"]",
      "instances": [
        {
          "schema_version": 1,
          "attributes": {
            "arn": "arn:aws:ec2:ca-central-1:891377163278:security-group/sg-0773d263a129ba122",
            "description": "Allow HTTP and HTTPS for World",
            "egress": [
              {
                "cidr_blocks": [
                  "0.0.0.0/0"
                ],
                "description": "",
                "from_port": 0,
                "ipv6_cidr_blocks": [],
                "prefix_list_ids": [],
                "protocol": "-1",
                "security_groups": [],
                "self": false,
                "to_port": 0
              }
            ],
            "id": "sg-0773d263a129ba122",
            "ingress": [
              {
                "cidr_blocks": [],
                "description": "",
                "from_port": 443,
                "ipv6_cidr_blocks": [],
                "prefix_list_ids": [],
                "protocol": "tcp",
                "security_groups": [
                  "sg-01650731c6e97b716"
                ],
                "self": false,
                "to_port": 443
              },
              {
                "cidr_blocks": [],
                "description": "",
                "from_port": 8080,
                "ipv6_cidr_blocks": [],
                "prefix_list_ids": [],
                "protocol": "tcp",
                "security_groups": [
                  "sg-01650731c6e97b716"
                ],
                "self": false,
                "to_port": 8080
              }
            ],
            "name": "app-elb-sg:20240611-0651",
            "name_prefix": "",
            "owner_id": "891377163278",
            "revoke_rules_on_delete": false,
            "tags": {
              "Name": "aws_security_group/app-elb-sg",
              "createDate": "20240611-0651",
              "owner": "ktd-admin"
            },
            "tags_all": {
              "Name": "aws_security_group/app-elb-sg",
              "createDate": "20240611-0651",
              "owner": "ktd-admin"
            },
            "timeouts": null,
            "vpc_id": "vpc-0ab7821c4add51a60"
          },
          "sensitive_attributes": [],
          "private": "eyJlMmJmYjczMC1lY2FhLTExZTYtOGY4OC0zNDM2M2JjN2M0YzAiOnsiY3JlYXRlIjo2MDAwMDAwMDAwMDAsImRlbGV0ZSI6OTAwMDAwMDAwMDAwfSwic2NoZW1hX3ZlcnNpb24iOiIxIn0=",
          "dependencies": [
            "module.security-group.aws_security_group.web-elb-sg",
            "module.security-group.aws_security_group.web-tier-sg",
            "module.security-group.data.aws_vpc.hellowaws-vpc",
            "module.vpc.aws_eip.eip1",
            "module.vpc.aws_eip.eip2",
            "module.vpc.aws_internet_gateway.igw",
            "module.vpc.aws_nat_gateway.ngw1",
            "module.vpc.aws_nat_gateway.ngw2",
            "module.vpc.aws_route_table.db-rt1",
            "module.vpc.aws_route_table.db-rt2",
            "module.vpc.aws_route_table.private-rt1",
            "module.vpc.aws_route_table.private-rt2",
            "module.vpc.aws_route_table.public-rt",
            "module.vpc.aws_route_table_association.db-rt-association1",
            "module.vpc.aws_route_table_association.db-rt-association2",
            "module.vpc.aws_route_table_association.private-rt-association1",
            "module.vpc.aws_route_table_association.private-rt-association2",
            "module.vpc.aws_route_table_association.public-rt-association1",
            "module.vpc.aws_route_table_association.public-rt-association2",
            "module.vpc.aws_subnet.db-subnet1",
            "module.vpc.aws_subnet.db-subnet2",
            "module.vpc.aws_subnet.private-subnet1",
            "module.vpc.aws_subnet.private-subnet2",
            "module.vpc.aws_subnet.public-subnet1",
            "module.vpc.aws_subnet.public-subnet2",
            "module.vpc.aws_vpc.hellowaws-vpc",
            "module.vpc.aws_vpc_endpoint.s3-gateway",
            "module.vpc.data.aws_availability_zones.azs"
          ],
          "create_before_destroy": true
        }
      ]
    },
    {
      "module": "module.security-group",
      "mode": "managed",
      "type": "aws_security_group",
      "name": "app-tier-sg",
      "provider": "provider[\"registry.terraform.io/hashicorp/aws\"]",
      "instances": [
        {
          "schema_version": 1,
          "attributes": {
            "arn": "arn:aws:ec2:ca-central-1:891377163278:security-group/sg-0fecedad5784c6f8a",
            "description": "Allow HTTP and HTTPS from APP elb Only",
            "egress": [
              {
                "cidr_blocks": [
                  "0.0.0.0/0"
                ],
                "description": "",
                "from_port": 0,
                "ipv6_cidr_blocks": [
                  "::/0"
                ],
                "prefix_list_ids": [],
                "protocol": "-1",
                "security_groups": [],
                "self": false,
                "to_port": 0
              }
            ],
            "id": "sg-0fecedad5784c6f8a",
            "ingress": [
              {
                "cidr_blocks": [],
                "description": "",
                "from_port": 443,
                "ipv6_cidr_blocks": [],
                "prefix_list_ids": [],
                "protocol": "tcp",
                "security_groups": [
                  "sg-0773d263a129ba122"
                ],
                "self": false,
                "to_port": 443
              },
              {
                "cidr_blocks": [],
                "description": "",
                "from_port": 8080,
                "ipv6_cidr_blocks": [],
                "prefix_list_ids": [],
                "protocol": "tcp",
                "security_groups": [
                  "sg-0773d263a129ba122"
                ],
                "self": false,
                "to_port": 8080
              }
            ],
            "name": "app-tier-sg:20240611-0651",
            "name_prefix": "",
            "owner_id": "891377163278",
            "revoke_rules_on_delete": false,
            "tags": {
              "Name": "aws_security_group/app-tier-sg",
              "createDate": "20240611-0651",
              "owner": "ktd-admin"
            },
            "tags_all": {
              "Name": "aws_security_group/app-tier-sg",
              "createDate": "20240611-0651",
              "owner": "ktd-admin"
            },
            "timeouts": null,
            "vpc_id": "vpc-0ab7821c4add51a60"
          },
          "sensitive_attributes": [],
          "private": "eyJlMmJmYjczMC1lY2FhLTExZTYtOGY4OC0zNDM2M2JjN2M0YzAiOnsiY3JlYXRlIjo2MDAwMDAwMDAwMDAsImRlbGV0ZSI6OTAwMDAwMDAwMDAwfSwic2NoZW1hX3ZlcnNpb24iOiIxIn0=",
          "dependencies": [
            "module.security-group.aws_security_group.app-elb-sg",
            "module.security-group.aws_security_group.web-elb-sg",
            "module.security-group.aws_security_group.web-tier-sg",
            "module.security-group.data.aws_vpc.hellowaws-vpc",
            "module.vpc.aws_eip.eip1",
            "module.vpc.aws_eip.eip2",
            "module.vpc.aws_internet_gateway.igw",
            "module.vpc.aws_nat_gateway.ngw1",
            "module.vpc.aws_nat_gateway.ngw2",
            "module.vpc.aws_route_table.db-rt1",
            "module.vpc.aws_route_table.db-rt2",
            "module.vpc.aws_route_table.private-rt1",
            "module.vpc.aws_route_table.private-rt2",
            "module.vpc.aws_route_table.public-rt",
            "module.vpc.aws_route_table_association.db-rt-association1",
            "module.vpc.aws_route_table_association.db-rt-association2",
            "module.vpc.aws_route_table_association.private-rt-association1",
            "module.vpc.aws_route_table_association.private-rt-association2",
            "module.vpc.aws_route_table_association.public-rt-association1",
            "module.vpc.aws_route_table_association.public-rt-association2",
            "module.vpc.aws_subnet.db-subnet1",
            "module.vpc.aws_subnet.db-subnet2",
            "module.vpc.aws_subnet.private-subnet1",
            "module.vpc.aws_subnet.private-subnet2",
            "module.vpc.aws_subnet.public-subnet1",
            "module.vpc.aws_subnet.public-subnet2",
            "module.vpc.aws_vpc.hellowaws-vpc",
            "module.vpc.aws_vpc_endpoint.s3-gateway",
            "module.vpc.data.aws_availability_zones.azs"
          ],
          "create_before_destroy": true
        }
      ]
    },
    {
      "module": "module.security-group",
      "mode": "managed",
      "type": "aws_security_group",
      "name": "bastion-sg",
      "provider": "provider[\"registry.terraform.io/hashicorp/aws\"]",
      "instances": [
        {
          "schema_version": 1,
          "attributes": {
            "arn": "arn:aws:ec2:ca-central-1:891377163278:security-group/sg-0998475813daaa71b",
            "description": "Allow SSH, HTTP and HTTPS",
            "egress": [
              {
                "cidr_blocks": [
                  "0.0.0.0/0"
                ],
                "description": "",
                "from_port": 0,
                "ipv6_cidr_blocks": [],
                "prefix_list_ids": [],
                "protocol": "-1",
                "security_groups": [],
                "self": false,
                "to_port": 0
              }
            ],
            "id": "sg-0998475813daaa71b",
            "ingress": [
              {
                "cidr_blocks": [
                  "0.0.0.0/0"
                ],
                "description": "",
                "from_port": 443,
                "ipv6_cidr_blocks": [],
                "prefix_list_ids": [],
                "protocol": "tcp",
                "security_groups": [],
                "self": false,
                "to_port": 443
              }
            ],
            "name": "bastion-sg:20240611-0651",
            "name_prefix": "",
            "owner_id": "891377163278",
            "revoke_rules_on_delete": false,
            "tags": {
              "Name": "aws_security_group/bastion-sg",
              "createDate": "20240611",
              "owner": "ktd-admin"
            },
            "tags_all": {
              "Name": "aws_security_group/bastion-sg",
              "createDate": "20240611",
              "owner": "ktd-admin"
            },
            "timeouts": null,
            "vpc_id": "vpc-0ab7821c4add51a60"
          },
          "sensitive_attributes": [],
          "private": "eyJlMmJmYjczMC1lY2FhLTExZTYtOGY4OC0zNDM2M2JjN2M0YzAiOnsiY3JlYXRlIjo2MDAwMDAwMDAwMDAsImRlbGV0ZSI6OTAwMDAwMDAwMDAwfSwic2NoZW1hX3ZlcnNpb24iOiIxIn0=",
          "dependencies": [
            "module.security-group.data.aws_vpc.hellowaws-vpc",
            "module.vpc.aws_eip.eip1",
            "module.vpc.aws_eip.eip2",
            "module.vpc.aws_internet_gateway.igw",
            "module.vpc.aws_nat_gateway.ngw1",
            "module.vpc.aws_nat_gateway.ngw2",
            "module.vpc.aws_route_table.db-rt1",
            "module.vpc.aws_route_table.db-rt2",
            "module.vpc.aws_route_table.private-rt1",
            "module.vpc.aws_route_table.private-rt2",
            "module.vpc.aws_route_table.public-rt",
            "module.vpc.aws_route_table_association.db-rt-association1",
            "module.vpc.aws_route_table_association.db-rt-association2",
            "module.vpc.aws_route_table_association.private-rt-association1",
            "module.vpc.aws_route_table_association.private-rt-association2",
            "module.vpc.aws_route_table_association.public-rt-association1",
            "module.vpc.aws_route_table_association.public-rt-association2",
            "module.vpc.aws_subnet.db-subnet1",
            "module.vpc.aws_subnet.db-subnet2",
            "module.vpc.aws_subnet.private-subnet1",
            "module.vpc.aws_subnet.private-subnet2",
            "module.vpc.aws_subnet.public-subnet1",
            "module.vpc.aws_subnet.public-subnet2",
            "module.vpc.aws_vpc.hellowaws-vpc",
            "module.vpc.aws_vpc_endpoint.s3-gateway",
            "module.vpc.data.aws_availability_zones.azs"
          ],
          "create_before_destroy": true
        }
      ]
    },
    {
      "module": "module.security-group",
      "mode": "managed",
      "type": "aws_security_group",
      "name": "database-sg",
      "provider": "provider[\"registry.terraform.io/hashicorp/aws\"]",
      "instances": [
        {
          "schema_version": 1,
          "attributes": {
            "arn": "arn:aws:ec2:ca-central-1:891377163278:security-group/sg-0254a292161a5e50a",
            "description": "Protocol Type MySQL/Aurora",
            "egress": [
              {
                "cidr_blocks": [
                  "0.0.0.0/0"
                ],
                "description": "",
                "from_port": 0,
                "ipv6_cidr_blocks": [],
                "prefix_list_ids": [],
                "protocol": "-1",
                "security_groups": [],
                "self": false,
                "to_port": 0
              }
            ],
            "id": "sg-0254a292161a5e50a",
            "ingress": [
              {
                "cidr_blocks": [],
                "description": "",
                "from_port": 3306,
                "ipv6_cidr_blocks": [],
                "prefix_list_ids": [],
                "protocol": "tcp",
                "security_groups": [
                  "sg-0998475813daaa71b"
                ],
                "self": false,
                "to_port": 3306
              },
              {
                "cidr_blocks": [],
                "description": "",
                "from_port": 3306,
                "ipv6_cidr_blocks": [],
                "prefix_list_ids": [],
                "protocol": "tcp",
                "security_groups": [
                  "sg-0fecedad5784c6f8a"
                ],
                "self": false,
                "to_port": 3306
              }
            ],
            "name": "database-sg:20240611-0651",
            "name_prefix": "",
            "owner_id": "891377163278",
            "revoke_rules_on_delete": false,
            "tags": {
              "Name": "aws_security_group/database-sg",
              "createDate": "20240611-0651",
              "owner": "ktd-admin"
            },
            "tags_all": {
              "Name": "aws_security_group/database-sg",
              "createDate": "20240611-0651",
              "owner": "ktd-admin"
            },
            "timeouts": null,
            "vpc_id": "vpc-0ab7821c4add51a60"
          },
          "sensitive_attributes": [],
          "private": "eyJlMmJmYjczMC1lY2FhLTExZTYtOGY4OC0zNDM2M2JjN2M0YzAiOnsiY3JlYXRlIjo2MDAwMDAwMDAwMDAsImRlbGV0ZSI6OTAwMDAwMDAwMDAwfSwic2NoZW1hX3ZlcnNpb24iOiIxIn0=",
          "dependencies": [
            "module.security-group.aws_security_group.app-elb-sg",
            "module.security-group.aws_security_group.app-tier-sg",
            "module.security-group.aws_security_group.bastion-sg",
            "module.security-group.aws_security_group.web-elb-sg",
            "module.security-group.aws_security_group.web-tier-sg",
            "module.security-group.data.aws_vpc.hellowaws-vpc",
            "module.vpc.aws_eip.eip1",
            "module.vpc.aws_eip.eip2",
            "module.vpc.aws_internet_gateway.igw",
            "module.vpc.aws_nat_gateway.ngw1",
            "module.vpc.aws_nat_gateway.ngw2",
            "module.vpc.aws_route_table.db-rt1",
            "module.vpc.aws_route_table.db-rt2",
            "module.vpc.aws_route_table.private-rt1",
            "module.vpc.aws_route_table.private-rt2",
            "module.vpc.aws_route_table.public-rt",
            "module.vpc.aws_route_table_association.db-rt-association1",
            "module.vpc.aws_route_table_association.db-rt-association2",
            "module.vpc.aws_route_table_association.private-rt-association1",
            "module.vpc.aws_route_table_association.private-rt-association2",
            "module.vpc.aws_route_table_association.public-rt-association1",
            "module.vpc.aws_route_table_association.public-rt-association2",
            "module.vpc.aws_subnet.db-subnet1",
            "module.vpc.aws_subnet.db-subnet2",
            "module.vpc.aws_subnet.private-subnet1",
            "module.vpc.aws_subnet.private-subnet2",
            "module.vpc.aws_subnet.public-subnet1",
            "module.vpc.aws_subnet.public-subnet2",
            "module.vpc.aws_vpc.hellowaws-vpc",
            "module.vpc.aws_vpc_endpoint.s3-gateway",
            "module.vpc.data.aws_availability_zones.azs"
          ],
          "create_before_destroy": true
        }
      ]
    },
    {
      "module": "module.security-group",
      "mode": "managed",
      "type": "aws_security_group",
      "name": "redis-sg",
      "provider": "provider[\"registry.terraform.io/hashicorp/aws\"]",
      "instances": [
        {
          "schema_version": 1,
          "attributes": {
            "arn": "arn:aws:ec2:ca-central-1:891377163278:security-group/sg-0aacf504cd8e8e50c",
            "description": "Security group for Redis Serverless",
            "egress": [
              {
                "cidr_blocks": [
                  "0.0.0.0/0"
                ],
                "description": "",
                "from_port": 0,
                "ipv6_cidr_blocks": [],
                "prefix_list_ids": [],
                "protocol": "-1",
                "security_groups": [],
                "self": false,
                "to_port": 0
              }
            ],
            "id": "sg-0aacf504cd8e8e50c",
            "ingress": [
              {
                "cidr_blocks": [],
                "description": "",
                "from_port": 6379,
                "ipv6_cidr_blocks": [],
                "prefix_list_ids": [],
                "protocol": "tcp",
                "security_groups": [
                  "sg-0fecedad5784c6f8a"
                ],
                "self": false,
                "to_port": 6379
              }
            ],
            "name": "redis-sg:20240611-0651",
            "name_prefix": "",
            "owner_id": "891377163278",
            "revoke_rules_on_delete": false,
            "tags": {
              "Name": "aws_security_group/redis-sg",
              "createDate": "20240611",
              "owner": "ktd-admin"
            },
            "tags_all": {
              "Name": "aws_security_group/redis-sg",
              "createDate": "20240611",
              "owner": "ktd-admin"
            },
            "timeouts": null,
            "vpc_id": "vpc-0ab7821c4add51a60"
          },
          "sensitive_attributes": [],
          "private": "eyJlMmJmYjczMC1lY2FhLTExZTYtOGY4OC0zNDM2M2JjN2M0YzAiOnsiY3JlYXRlIjo2MDAwMDAwMDAwMDAsImRlbGV0ZSI6OTAwMDAwMDAwMDAwfSwic2NoZW1hX3ZlcnNpb24iOiIxIn0=",
          "dependencies": [
            "module.security-group.aws_security_group.app-elb-sg",
            "module.security-group.aws_security_group.app-tier-sg",
            "module.security-group.aws_security_group.web-elb-sg",
            "module.security-group.aws_security_group.web-tier-sg",
            "module.security-group.data.aws_vpc.hellowaws-vpc",
            "module.vpc.aws_eip.eip1",
            "module.vpc.aws_eip.eip2",
            "module.vpc.aws_internet_gateway.igw",
            "module.vpc.aws_nat_gateway.ngw1",
            "module.vpc.aws_nat_gateway.ngw2",
            "module.vpc.aws_route_table.db-rt1",
            "module.vpc.aws_route_table.db-rt2",
            "module.vpc.aws_route_table.private-rt1",
            "module.vpc.aws_route_table.private-rt2",
            "module.vpc.aws_route_table.public-rt",
            "module.vpc.aws_route_table_association.db-rt-association1",
            "module.vpc.aws_route_table_association.db-rt-association2",
            "module.vpc.aws_route_table_association.private-rt-association1",
            "module.vpc.aws_route_table_association.private-rt-association2",
            "module.vpc.aws_route_table_association.public-rt-association1",
            "module.vpc.aws_route_table_association.public-rt-association2",
            "module.vpc.aws_subnet.db-subnet1",
            "module.vpc.aws_subnet.db-subnet2",
            "module.vpc.aws_subnet.private-subnet1",
            "module.vpc.aws_subnet.private-subnet2",
            "module.vpc.aws_subnet.public-subnet1",
            "module.vpc.aws_subnet.public-subnet2",
            "module.vpc.aws_vpc.hellowaws-vpc",
            "module.vpc.aws_vpc_endpoint.s3-gateway",
            "module.vpc.data.aws_availability_zones.azs"
          ],
          "create_before_destroy": true
        }
      ]
    },
    {
      "module": "module.security-group",
      "mode": "managed",
      "type": "aws_security_group",
      "name": "web-elb-sg",
      "provider": "provider[\"registry.terraform.io/hashicorp/aws\"]",
      "instances": [
        {
          "schema_version": 1,
          "attributes": {
            "arn": "arn:aws:ec2:ca-central-1:891377163278:security-group/sg-026b84a5096cb4861",
            "description": "Allow HTTP and HTTPS for World",
            "egress": [
              {
                "cidr_blocks": [
                  "0.0.0.0/0"
                ],
                "description": "",
                "from_port": 0,
                "ipv6_cidr_blocks": [],
                "prefix_list_ids": [],
                "protocol": "-1",
                "security_groups": [],
                "self": false,
                "to_port": 0
              }
            ],
            "id": "sg-026b84a5096cb4861",
            "ingress": [
              {
                "cidr_blocks": [
                  "0.0.0.0/0"
                ],
                "description": "",
                "from_port": 443,
                "ipv6_cidr_blocks": [],
                "prefix_list_ids": [],
                "protocol": "tcp",
                "security_groups": [],
                "self": false,
                "to_port": 443
              },
              {
                "cidr_blocks": [
                  "0.0.0.0/0"
                ],
                "description": "",
                "from_port": 80,
                "ipv6_cidr_blocks": [],
                "prefix_list_ids": [],
                "protocol": "tcp",
                "security_groups": [],
                "self": false,
                "to_port": 80
              }
            ],
            "name": "web-elb-sg:20240611-0651",
            "name_prefix": "",
            "owner_id": "891377163278",
            "revoke_rules_on_delete": false,
            "tags": {
              "Name": "aws_security_group/web-elb-sg",
              "createDate": "20240611-0651",
              "owner": "ktd-admin"
            },
            "tags_all": {
              "Name": "aws_security_group/web-elb-sg",
              "createDate": "20240611-0651",
              "owner": "ktd-admin"
            },
            "timeouts": null,
            "vpc_id": "vpc-0ab7821c4add51a60"
          },
          "sensitive_attributes": [],
          "private": "eyJlMmJmYjczMC1lY2FhLTExZTYtOGY4OC0zNDM2M2JjN2M0YzAiOnsiY3JlYXRlIjo2MDAwMDAwMDAwMDAsImRlbGV0ZSI6OTAwMDAwMDAwMDAwfSwic2NoZW1hX3ZlcnNpb24iOiIxIn0=",
          "dependencies": [
            "module.security-group.data.aws_vpc.hellowaws-vpc",
            "module.vpc.aws_eip.eip1",
            "module.vpc.aws_eip.eip2",
            "module.vpc.aws_internet_gateway.igw",
            "module.vpc.aws_nat_gateway.ngw1",
            "module.vpc.aws_nat_gateway.ngw2",
            "module.vpc.aws_route_table.db-rt1",
            "module.vpc.aws_route_table.db-rt2",
            "module.vpc.aws_route_table.private-rt1",
            "module.vpc.aws_route_table.private-rt2",
            "module.vpc.aws_route_table.public-rt",
            "module.vpc.aws_route_table_association.db-rt-association1",
            "module.vpc.aws_route_table_association.db-rt-association2",
            "module.vpc.aws_route_table_association.private-rt-association1",
            "module.vpc.aws_route_table_association.private-rt-association2",
            "module.vpc.aws_route_table_association.public-rt-association1",
            "module.vpc.aws_route_table_association.public-rt-association2",
            "module.vpc.aws_subnet.db-subnet1",
            "module.vpc.aws_subnet.db-subnet2",
            "module.vpc.aws_subnet.private-subnet1",
            "module.vpc.aws_subnet.private-subnet2",
            "module.vpc.aws_subnet.public-subnet1",
            "module.vpc.aws_subnet.public-subnet2",
            "module.vpc.aws_vpc.hellowaws-vpc",
            "module.vpc.aws_vpc_endpoint.s3-gateway",
            "module.vpc.data.aws_availability_zones.azs"
          ],
          "create_before_destroy": true
        }
      ]
    },
    {
      "module": "module.security-group",
      "mode": "managed",
      "type": "aws_security_group",
      "name": "web-tier-sg",
      "provider": "provider[\"registry.terraform.io/hashicorp/aws\"]",
      "instances": [
        {
          "schema_version": 1,
          "attributes": {
            "arn": "arn:aws:ec2:ca-central-1:891377163278:security-group/sg-01650731c6e97b716",
            "description": "Allow HTTP and HTTPS for WEP elb Only",
            "egress": [
              {
                "cidr_blocks": [
                  "0.0.0.0/0"
                ],
                "description": "",
                "from_port": 0,
                "ipv6_cidr_blocks": [],
                "prefix_list_ids": [],
                "protocol": "-1",
                "security_groups": [],
                "self": false,
                "to_port": 0
              }
            ],
            "id": "sg-01650731c6e97b716",
            "ingress": [
              {
                "cidr_blocks": [],
                "description": "",
                "from_port": 443,
                "ipv6_cidr_blocks": [],
                "prefix_list_ids": [],
                "protocol": "tcp",
                "security_groups": [
                  "sg-026b84a5096cb4861"
                ],
                "self": false,
                "to_port": 443
              },
              {
                "cidr_blocks": [],
                "description": "",
                "from_port": 80,
                "ipv6_cidr_blocks": [],
                "prefix_list_ids": [],
                "protocol": "tcp",
                "security_groups": [
                  "sg-026b84a5096cb4861"
                ],
                "self": false,
                "to_port": 80
              }
            ],
            "name": "web-tier-sg:20240611-0651",
            "name_prefix": "",
            "owner_id": "891377163278",
            "revoke_rules_on_delete": false,
            "tags": {
              "Name": "aws_security_group/web-tier-sg",
              "createDate": "20240611-0651",
              "owner": "ktd-admin"
            },
            "tags_all": {
              "Name": "aws_security_group/web-tier-sg",
              "createDate": "20240611-0651",
              "owner": "ktd-admin"
            },
            "timeouts": null,
            "vpc_id": "vpc-0ab7821c4add51a60"
          },
          "sensitive_attributes": [],
          "private": "eyJlMmJmYjczMC1lY2FhLTExZTYtOGY4OC0zNDM2M2JjN2M0YzAiOnsiY3JlYXRlIjo2MDAwMDAwMDAwMDAsImRlbGV0ZSI6OTAwMDAwMDAwMDAwfSwic2NoZW1hX3ZlcnNpb24iOiIxIn0=",
          "dependencies": [
            "module.security-group.aws_security_group.web-elb-sg",
            "module.security-group.data.aws_vpc.hellowaws-vpc",
            "module.vpc.aws_eip.eip1",
            "module.vpc.aws_eip.eip2",
            "module.vpc.aws_internet_gateway.igw",
            "module.vpc.aws_nat_gateway.ngw1",
            "module.vpc.aws_nat_gateway.ngw2",
            "module.vpc.aws_route_table.db-rt1",
            "module.vpc.aws_route_table.db-rt2",
            "module.vpc.aws_route_table.private-rt1",
            "module.vpc.aws_route_table.private-rt2",
            "module.vpc.aws_route_table.public-rt",
            "module.vpc.aws_route_table_association.db-rt-association1",
            "module.vpc.aws_route_table_association.db-rt-association2",
            "module.vpc.aws_route_table_association.private-rt-association1",
            "module.vpc.aws_route_table_association.private-rt-association2",
            "module.vpc.aws_route_table_association.public-rt-association1",
            "module.vpc.aws_route_table_association.public-rt-association2",
            "module.vpc.aws_subnet.db-subnet1",
            "module.vpc.aws_subnet.db-subnet2",
            "module.vpc.aws_subnet.private-subnet1",
            "module.vpc.aws_subnet.private-subnet2",
            "module.vpc.aws_subnet.public-subnet1",
            "module.vpc.aws_subnet.public-subnet2",
            "module.vpc.aws_vpc.hellowaws-vpc",
            "module.vpc.aws_vpc_endpoint.s3-gateway",
            "module.vpc.data.aws_availability_zones.azs"
          ],
          "create_before_destroy": true
        }
      ]
    },
    {
      "module": "module.vpc",
      "mode": "data",
      "type": "aws_availability_zones",
      "name": "azs",
      "provider": "provider[\"registry.terraform.io/hashicorp/aws\"]",
      "instances": [
        {
          "schema_version": 0,
          "attributes": {
            "all_availability_zones": null,
            "exclude_names": null,
            "exclude_zone_ids": null,
            "filter": [
              {
                "name": "opt-in-status",
                "values": [
                  "opt-in-not-required"
                ]
              }
            ],
            "group_names": [
              "ca-central-1"
            ],
            "id": "ca-central-1",
            "names": [
              "ca-central-1a",
              "ca-central-1b",
              "ca-central-1d"
            ],
            "state": null,
            "timeouts": null,
            "zone_ids": [
              "cac1-az1",
              "cac1-az2",
              "cac1-az4"
            ]
          },
          "sensitive_attributes": []
        }
      ]
    },
    {
      "module": "module.vpc",
      "mode": "managed",
      "type": "aws_eip",
      "name": "eip1",
      "provider": "provider[\"registry.terraform.io/hashicorp/aws\"]",
      "instances": [
        {
          "schema_version": 0,
          "attributes": {
            "address": null,
            "allocation_id": "eipalloc-06e91c48912150fa2",
            "associate_with_private_ip": null,
            "association_id": "eipassoc-0e66c9648bcd7e557",
            "carrier_ip": "",
            "customer_owned_ip": "",
            "customer_owned_ipv4_pool": "",
            "domain": "vpc",
            "id": "eipalloc-06e91c48912150fa2",
            "instance": "",
            "network_border_group": "ca-central-1",
            "network_interface": "eni-0f1cc284e7ac5d985",
            "private_dns": "ip-10-60-0-194.ca-central-1.compute.internal",
            "private_ip": "10.60.0.194",
            "ptr_record": "",
            "public_dns": "ec2-15-157-97-86.ca-central-1.compute.amazonaws.com",
            "public_ip": "15.157.97.86",
            "public_ipv4_pool": "amazon",
            "tags": {
              "Name": "aws_eip/eip1",
              "createDate": "20240611",
              "owner": "ktd-admin"
            },
            "tags_all": {
              "Name": "aws_eip/eip1",
              "createDate": "20240611",
              "owner": "ktd-admin"
            },
            "timeouts": null,
            "vpc": true
          },
          "sensitive_attributes": [],
          "private": "eyJlMmJmYjczMC1lY2FhLTExZTYtOGY4OC0zNDM2M2JjN2M0YzAiOnsiZGVsZXRlIjoxODAwMDAwMDAwMDAsInJlYWQiOjkwMDAwMDAwMDAwMCwidXBkYXRlIjozMDAwMDAwMDAwMDB9fQ==",
          "create_before_destroy": true
        }
      ]
    },
    {
      "module": "module.vpc",
      "mode": "managed",
      "type": "aws_eip",
      "name": "eip2",
      "provider": "provider[\"registry.terraform.io/hashicorp/aws\"]",
      "instances": [
        {
          "schema_version": 0,
          "attributes": {
            "address": null,
            "allocation_id": "eipalloc-078cd3061881ff33b",
            "associate_with_private_ip": null,
            "association_id": "eipassoc-0b4508bedd7ed62fb",
            "carrier_ip": "",
            "customer_owned_ip": "",
            "customer_owned_ipv4_pool": "",
            "domain": "vpc",
            "id": "eipalloc-078cd3061881ff33b",
            "instance": "",
            "network_border_group": "ca-central-1",
            "network_interface": "eni-0693b85c176cf2836",
            "private_dns": "ip-10-60-1-128.ca-central-1.compute.internal",
            "private_ip": "10.60.1.128",
            "ptr_record": "",
            "public_dns": "ec2-35-183-250-161.ca-central-1.compute.amazonaws.com",
            "public_ip": "35.183.250.161",
            "public_ipv4_pool": "amazon",
            "tags": {
              "Name": "aws_eip/eip2",
              "createDate": "20240611",
              "owner": "ktd-admin"
            },
            "tags_all": {
              "Name": "aws_eip/eip2",
              "createDate": "20240611",
              "owner": "ktd-admin"
            },
            "timeouts": null,
            "vpc": true
          },
          "sensitive_attributes": [],
          "private": "eyJlMmJmYjczMC1lY2FhLTExZTYtOGY4OC0zNDM2M2JjN2M0YzAiOnsiZGVsZXRlIjoxODAwMDAwMDAwMDAsInJlYWQiOjkwMDAwMDAwMDAwMCwidXBkYXRlIjozMDAwMDAwMDAwMDB9fQ==",
          "create_before_destroy": true
        }
      ]
    },
    {
      "module": "module.vpc",
      "mode": "managed",
      "type": "aws_internet_gateway",
      "name": "igw",
      "provider": "provider[\"registry.terraform.io/hashicorp/aws\"]",
      "instances": [
        {
          "schema_version": 0,
          "attributes": {
            "arn": "arn:aws:ec2:ca-central-1:891377163278:internet-gateway/igw-05213e6ea11e31c2f",
            "id": "igw-05213e6ea11e31c2f",
            "owner_id": "891377163278",
            "tags": {
              "Name": "aws_internet_gateway/igw",
              "createDate": "20240611",
              "owner": "ktd-admin"
            },
            "tags_all": {
              "Name": "aws_internet_gateway/igw",
              "createDate": "20240611",
              "owner": "ktd-admin"
            },
            "timeouts": null,
            "vpc_id": "vpc-0ab7821c4add51a60"
          },
          "sensitive_attributes": [],
          "private": "eyJlMmJmYjczMC1lY2FhLTExZTYtOGY4OC0zNDM2M2JjN2M0YzAiOnsiY3JlYXRlIjoxMjAwMDAwMDAwMDAwLCJkZWxldGUiOjEyMDAwMDAwMDAwMDAsInVwZGF0ZSI6MTIwMDAwMDAwMDAwMH19",
          "dependencies": [
            "module.vpc.aws_vpc.hellowaws-vpc"
          ],
          "create_before_destroy": true
        }
      ]
    },
    {
      "module": "module.vpc",
      "mode": "managed",
      "type": "aws_nat_gateway",
      "name": "ngw1",
      "provider": "provider[\"registry.terraform.io/hashicorp/aws\"]",
      "instances": [
        {
          "schema_version": 0,
          "attributes": {
            "allocation_id": "eipalloc-06e91c48912150fa2",
            "association_id": "eipassoc-0e66c9648bcd7e557",
            "connectivity_type": "public",
            "id": "nat-02bc8db36e59ba95a",
            "network_interface_id": "eni-0f1cc284e7ac5d985",
            "private_ip": "10.60.0.194",
            "public_ip": "15.157.97.86",
            "secondary_allocation_ids": [],
            "secondary_private_ip_address_count": 0,
            "secondary_private_ip_addresses": [],
            "subnet_id": "subnet-0cd737cd7ba1f4933",
            "tags": {
              "Name": "aws_nat_gateway/ngw1",
              "createDate": "20240611",
              "owner": "ktd-admin"
            },
            "tags_all": {
              "Name": "aws_nat_gateway/ngw1",
              "createDate": "20240611",
              "owner": "ktd-admin"
            },
            "timeouts": null
          },
          "sensitive_attributes": [],
          "private": "eyJlMmJmYjczMC1lY2FhLTExZTYtOGY4OC0zNDM2M2JjN2M0YzAiOnsiY3JlYXRlIjo2MDAwMDAwMDAwMDAsImRlbGV0ZSI6MTgwMDAwMDAwMDAwMCwidXBkYXRlIjo2MDAwMDAwMDAwMDB9fQ==",
          "dependencies": [
            "module.vpc.aws_eip.eip1",
            "module.vpc.aws_subnet.public-subnet1",
            "module.vpc.aws_vpc.hellowaws-vpc",
            "module.vpc.data.aws_availability_zones.azs"
          ],
          "create_before_destroy": true
        }
      ]
    },
    {
      "module": "module.vpc",
      "mode": "managed",
      "type": "aws_nat_gateway",
      "name": "ngw2",
      "provider": "provider[\"registry.terraform.io/hashicorp/aws\"]",
      "instances": [
        {
          "schema_version": 0,
          "attributes": {
            "allocation_id": "eipalloc-078cd3061881ff33b",
            "association_id": "eipassoc-0b4508bedd7ed62fb",
            "connectivity_type": "public",
            "id": "nat-051160cb44366c3f1",
            "network_interface_id": "eni-0693b85c176cf2836",
            "private_ip": "10.60.1.128",
            "public_ip": "35.183.250.161",
            "secondary_allocation_ids": [],
            "secondary_private_ip_address_count": 0,
            "secondary_private_ip_addresses": [],
            "subnet_id": "subnet-059382f34ec6150b3",
            "tags": {
              "Name": "aws_nat_gateway/ngw2",
              "createDate": "20240611",
              "owner": "ktd-admin"
            },
            "tags_all": {
              "Name": "aws_nat_gateway/ngw2",
              "createDate": "20240611",
              "owner": "ktd-admin"
            },
            "timeouts": null
          },
          "sensitive_attributes": [],
          "private": "eyJlMmJmYjczMC1lY2FhLTExZTYtOGY4OC0zNDM2M2JjN2M0YzAiOnsiY3JlYXRlIjo2MDAwMDAwMDAwMDAsImRlbGV0ZSI6MTgwMDAwMDAwMDAwMCwidXBkYXRlIjo2MDAwMDAwMDAwMDB9fQ==",
          "dependencies": [
            "module.vpc.aws_eip.eip2",
            "module.vpc.aws_subnet.public-subnet2",
            "module.vpc.aws_vpc.hellowaws-vpc",
            "module.vpc.data.aws_availability_zones.azs"
          ],
          "create_before_destroy": true
        }
      ]
    },
    {
      "module": "module.vpc",
      "mode": "managed",
      "type": "aws_route_table",
      "name": "db-rt1",
      "provider": "provider[\"registry.terraform.io/hashicorp/aws\"]",
      "instances": [
        {
          "schema_version": 0,
          "attributes": {
            "arn": "arn:aws:ec2:ca-central-1:891377163278:route-table/rtb-06a4c28daaf34954f",
            "id": "rtb-06a4c28daaf34954f",
            "owner_id": "891377163278",
            "propagating_vgws": [],
            "route": [
              {
                "carrier_gateway_id": "",
                "cidr_block": "0.0.0.0/0",
                "core_network_arn": "",
                "destination_prefix_list_id": "",
                "egress_only_gateway_id": "",
                "gateway_id": "",
                "ipv6_cidr_block": "",
                "local_gateway_id": "",
                "nat_gateway_id": "nat-051160cb44366c3f1",
                "network_interface_id": "",
                "transit_gateway_id": "",
                "vpc_endpoint_id": "",
                "vpc_peering_connection_id": ""
              }
            ],
            "tags": {
              "Name": "aws_route_table/db-rt1",
              "createDate": "20240611",
              "owner": "ktd-admin"
            },
            "tags_all": {
              "Name": "aws_route_table/db-rt1",
              "createDate": "20240611",
              "owner": "ktd-admin"
            },
            "timeouts": null,
            "vpc_id": "vpc-0ab7821c4add51a60"
          },
          "sensitive_attributes": [],
          "private": "eyJlMmJmYjczMC1lY2FhLTExZTYtOGY4OC0zNDM2M2JjN2M0YzAiOnsiY3JlYXRlIjozMDAwMDAwMDAwMDAsImRlbGV0ZSI6MzAwMDAwMDAwMDAwLCJ1cGRhdGUiOjEyMDAwMDAwMDAwMH19",
          "dependencies": [
            "module.vpc.aws_eip.eip1",
            "module.vpc.aws_eip.eip2",
            "module.vpc.aws_internet_gateway.igw",
            "module.vpc.aws_nat_gateway.ngw1",
            "module.vpc.aws_nat_gateway.ngw2",
            "module.vpc.aws_route_table.private-rt1",
            "module.vpc.aws_route_table.private-rt2",
            "module.vpc.aws_route_table.public-rt",
            "module.vpc.aws_route_table_association.private-rt-association1",
            "module.vpc.aws_route_table_association.private-rt-association2",
            "module.vpc.aws_route_table_association.public-rt-association2",
            "module.vpc.aws_subnet.private-subnet1",
            "module.vpc.aws_subnet.private-subnet2",
            "module.vpc.aws_subnet.public-subnet1",
            "module.vpc.aws_subnet.public-subnet2",
            "module.vpc.aws_vpc.hellowaws-vpc",
            "module.vpc.data.aws_availability_zones.azs"
          ],
          "create_before_destroy": true
        }
      ]
    },
    {
      "module": "module.vpc",
      "mode": "managed",
      "type": "aws_route_table",
      "name": "db-rt2",
      "provider": "provider[\"registry.terraform.io/hashicorp/aws\"]",
      "instances": [
        {
          "schema_version": 0,
          "attributes": {
            "arn": "arn:aws:ec2:ca-central-1:891377163278:route-table/rtb-06a8cdeb738682b7f",
            "id": "rtb-06a8cdeb738682b7f",
            "owner_id": "891377163278",
            "propagating_vgws": [],
            "route": [
              {
                "carrier_gateway_id": "",
                "cidr_block": "0.0.0.0/0",
                "core_network_arn": "",
                "destination_prefix_list_id": "",
                "egress_only_gateway_id": "",
                "gateway_id": "",
                "ipv6_cidr_block": "",
                "local_gateway_id": "",
                "nat_gateway_id": "nat-051160cb44366c3f1",
                "network_interface_id": "",
                "transit_gateway_id": "",
                "vpc_endpoint_id": "",
                "vpc_peering_connection_id": ""
              }
            ],
            "tags": {
              "Name": "aws_route_table/db-rt2",
              "createDate": "20240611",
              "owner": "ktd-admin"
            },
            "tags_all": {
              "Name": "aws_route_table/db-rt2",
              "createDate": "20240611",
              "owner": "ktd-admin"
            },
            "timeouts": null,
            "vpc_id": "vpc-0ab7821c4add51a60"
          },
          "sensitive_attributes": [],
          "private": "eyJlMmJmYjczMC1lY2FhLTExZTYtOGY4OC0zNDM2M2JjN2M0YzAiOnsiY3JlYXRlIjozMDAwMDAwMDAwMDAsImRlbGV0ZSI6MzAwMDAwMDAwMDAwLCJ1cGRhdGUiOjEyMDAwMDAwMDAwMH19",
          "dependencies": [
            "module.vpc.aws_eip.eip1",
            "module.vpc.aws_eip.eip2",
            "module.vpc.aws_internet_gateway.igw",
            "module.vpc.aws_nat_gateway.ngw1",
            "module.vpc.aws_nat_gateway.ngw2",
            "module.vpc.aws_route_table.private-rt1",
            "module.vpc.aws_route_table.public-rt",
            "module.vpc.aws_route_table_association.private-rt-association1",
            "module.vpc.aws_route_table_association.public-rt-association2",
            "module.vpc.aws_subnet.private-subnet1",
            "module.vpc.aws_subnet.public-subnet1",
            "module.vpc.aws_subnet.public-subnet2",
            "module.vpc.aws_vpc.hellowaws-vpc",
            "module.vpc.data.aws_availability_zones.azs"
          ],
          "create_before_destroy": true
        }
      ]
    },
    {
      "module": "module.vpc",
      "mode": "managed",
      "type": "aws_route_table",
      "name": "private-rt1",
      "provider": "provider[\"registry.terraform.io/hashicorp/aws\"]",
      "instances": [
        {
          "schema_version": 0,
          "attributes": {
            "arn": "arn:aws:ec2:ca-central-1:891377163278:route-table/rtb-0f5dd8ac261ca041f",
            "id": "rtb-0f5dd8ac261ca041f",
            "owner_id": "891377163278",
            "propagating_vgws": [],
            "route": [
              {
                "carrier_gateway_id": "",
                "cidr_block": "0.0.0.0/0",
                "core_network_arn": "",
                "destination_prefix_list_id": "",
                "egress_only_gateway_id": "",
                "gateway_id": "",
                "ipv6_cidr_block": "",
                "local_gateway_id": "",
                "nat_gateway_id": "nat-02bc8db36e59ba95a",
                "network_interface_id": "",
                "transit_gateway_id": "",
                "vpc_endpoint_id": "",
                "vpc_peering_connection_id": ""
              }
            ],
            "tags": {
              "Name": "aws_route_table/private-rt1",
              "createDate": "20240611",
              "owner": "ktd-admin"
            },
            "tags_all": {
              "Name": "aws_route_table/private-rt1",
              "createDate": "20240611",
              "owner": "ktd-admin"
            },
            "timeouts": null,
            "vpc_id": "vpc-0ab7821c4add51a60"
          },
          "sensitive_attributes": [],
          "private": "eyJlMmJmYjczMC1lY2FhLTExZTYtOGY4OC0zNDM2M2JjN2M0YzAiOnsiY3JlYXRlIjozMDAwMDAwMDAwMDAsImRlbGV0ZSI6MzAwMDAwMDAwMDAwLCJ1cGRhdGUiOjEyMDAwMDAwMDAwMH19",
          "dependencies": [
            "module.vpc.aws_eip.eip1",
            "module.vpc.aws_eip.eip2",
            "module.vpc.aws_internet_gateway.igw",
            "module.vpc.aws_nat_gateway.ngw1",
            "module.vpc.aws_nat_gateway.ngw2",
            "module.vpc.aws_route_table.public-rt",
            "module.vpc.aws_route_table_association.public-rt-association2",
            "module.vpc.aws_subnet.public-subnet1",
            "module.vpc.aws_subnet.public-subnet2",
            "module.vpc.aws_vpc.hellowaws-vpc",
            "module.vpc.data.aws_availability_zones.azs"
          ],
          "create_before_destroy": true
        }
      ]
    },
    {
      "module": "module.vpc",
      "mode": "managed",
      "type": "aws_route_table",
      "name": "private-rt2",
      "provider": "provider[\"registry.terraform.io/hashicorp/aws\"]",
      "instances": [
        {
          "schema_version": 0,
          "attributes": {
            "arn": "arn:aws:ec2:ca-central-1:891377163278:route-table/rtb-05462284886e5b0fe",
            "id": "rtb-05462284886e5b0fe",
            "owner_id": "891377163278",
            "propagating_vgws": [],
            "route": [
              {
                "carrier_gateway_id": "",
                "cidr_block": "0.0.0.0/0",
                "core_network_arn": "",
                "destination_prefix_list_id": "",
                "egress_only_gateway_id": "",
                "gateway_id": "",
                "ipv6_cidr_block": "",
                "local_gateway_id": "",
                "nat_gateway_id": "nat-051160cb44366c3f1",
                "network_interface_id": "",
                "transit_gateway_id": "",
                "vpc_endpoint_id": "",
                "vpc_peering_connection_id": ""
              }
            ],
            "tags": {
              "Name": "aws_route_table/private-rt2",
              "createDate": "20240611",
              "owner": "ktd-admin"
            },
            "tags_all": {
              "Name": "aws_route_table/private-rt2",
              "createDate": "20240611",
              "owner": "ktd-admin"
            },
            "timeouts": null,
            "vpc_id": "vpc-0ab7821c4add51a60"
          },
          "sensitive_attributes": [],
          "private": "eyJlMmJmYjczMC1lY2FhLTExZTYtOGY4OC0zNDM2M2JjN2M0YzAiOnsiY3JlYXRlIjozMDAwMDAwMDAwMDAsImRlbGV0ZSI6MzAwMDAwMDAwMDAwLCJ1cGRhdGUiOjEyMDAwMDAwMDAwMH19",
          "dependencies": [
            "module.vpc.aws_eip.eip1",
            "module.vpc.aws_eip.eip2",
            "module.vpc.aws_internet_gateway.igw",
            "module.vpc.aws_nat_gateway.ngw1",
            "module.vpc.aws_nat_gateway.ngw2",
            "module.vpc.aws_route_table.private-rt1",
            "module.vpc.aws_route_table.public-rt",
            "module.vpc.aws_route_table_association.private-rt-association1",
            "module.vpc.aws_route_table_association.public-rt-association2",
            "module.vpc.aws_subnet.private-subnet1",
            "module.vpc.aws_subnet.public-subnet1",
            "module.vpc.aws_subnet.public-subnet2",
            "module.vpc.aws_vpc.hellowaws-vpc",
            "module.vpc.data.aws_availability_zones.azs"
          ],
          "create_before_destroy": true
        }
      ]
    },
    {
      "module": "module.vpc",
      "mode": "managed",
      "type": "aws_route_table",
      "name": "public-rt",
      "provider": "provider[\"registry.terraform.io/hashicorp/aws\"]",
      "instances": [
        {
          "schema_version": 0,
          "attributes": {
            "arn": "arn:aws:ec2:ca-central-1:891377163278:route-table/rtb-0f85fdc98a2dea111",
            "id": "rtb-0f85fdc98a2dea111",
            "owner_id": "891377163278",
            "propagating_vgws": [],
            "route": [
              {
                "carrier_gateway_id": "",
                "cidr_block": "0.0.0.0/0",
                "core_network_arn": "",
                "destination_prefix_list_id": "",
                "egress_only_gateway_id": "",
                "gateway_id": "igw-05213e6ea11e31c2f",
                "ipv6_cidr_block": "",
                "local_gateway_id": "",
                "nat_gateway_id": "",
                "network_interface_id": "",
                "transit_gateway_id": "",
                "vpc_endpoint_id": "",
                "vpc_peering_connection_id": ""
              }
            ],
            "tags": {
              "Name": "aws_route_table/public-rt",
              "createDate": "20240611",
              "owner": "ktd-admin"
            },
            "tags_all": {
              "Name": "aws_route_table/public-rt",
              "createDate": "20240611",
              "owner": "ktd-admin"
            },
            "timeouts": null,
            "vpc_id": "vpc-0ab7821c4add51a60"
          },
          "sensitive_attributes": [],
          "private": "eyJlMmJmYjczMC1lY2FhLTExZTYtOGY4OC0zNDM2M2JjN2M0YzAiOnsiY3JlYXRlIjozMDAwMDAwMDAwMDAsImRlbGV0ZSI6MzAwMDAwMDAwMDAwLCJ1cGRhdGUiOjEyMDAwMDAwMDAwMH19",
          "dependencies": [
            "module.vpc.aws_eip.eip2",
            "module.vpc.aws_internet_gateway.igw",
            "module.vpc.aws_nat_gateway.ngw2",
            "module.vpc.aws_subnet.public-subnet2",
            "module.vpc.aws_vpc.hellowaws-vpc",
            "module.vpc.data.aws_availability_zones.azs"
          ],
          "create_before_destroy": true
        }
      ]
    },
    {
      "module": "module.vpc",
      "mode": "managed",
      "type": "aws_route_table_association",
      "name": "db-rt-association1",
      "provider": "provider[\"registry.terraform.io/hashicorp/aws\"]",
      "instances": [
        {
          "schema_version": 0,
          "attributes": {
            "gateway_id": "",
            "id": "rtbassoc-0ff79bece83b9a5b7",
            "route_table_id": "rtb-06a4c28daaf34954f",
            "subnet_id": "subnet-09a50f0fbe56cfc9c",
            "timeouts": null
          },
          "sensitive_attributes": [],
          "private": "eyJlMmJmYjczMC1lY2FhLTExZTYtOGY4OC0zNDM2M2JjN2M0YzAiOnsiY3JlYXRlIjozMDAwMDAwMDAwMDAsImRlbGV0ZSI6MzAwMDAwMDAwMDAwLCJ1cGRhdGUiOjEyMDAwMDAwMDAwMH19",
          "dependencies": [
            "module.vpc.aws_eip.eip1",
            "module.vpc.aws_eip.eip2",
            "module.vpc.aws_internet_gateway.igw",
            "module.vpc.aws_nat_gateway.ngw1",
            "module.vpc.aws_nat_gateway.ngw2",
            "module.vpc.aws_route_table.db-rt1",
            "module.vpc.aws_route_table.private-rt1",
            "module.vpc.aws_route_table.private-rt2",
            "module.vpc.aws_route_table.public-rt",
            "module.vpc.aws_route_table_association.private-rt-association1",
            "module.vpc.aws_route_table_association.private-rt-association2",
            "module.vpc.aws_route_table_association.public-rt-association2",
            "module.vpc.aws_subnet.db-subnet1",
            "module.vpc.aws_subnet.private-subnet1",
            "module.vpc.aws_subnet.private-subnet2",
            "module.vpc.aws_subnet.public-subnet1",
            "module.vpc.aws_subnet.public-subnet2",
            "module.vpc.aws_vpc.hellowaws-vpc",
            "module.vpc.data.aws_availability_zones.azs"
          ],
          "create_before_destroy": true
        }
      ]
    },
    {
      "module": "module.vpc",
      "mode": "managed",
      "type": "aws_route_table_association",
      "name": "db-rt-association2",
      "provider": "provider[\"registry.terraform.io/hashicorp/aws\"]",
      "instances": [
        {
          "schema_version": 0,
          "attributes": {
            "gateway_id": "",
            "id": "rtbassoc-0bb0beeb29c6aea9f",
            "route_table_id": "rtb-06a8cdeb738682b7f",
            "subnet_id": "subnet-031b68c0284c077eb",
            "timeouts": null
          },
          "sensitive_attributes": [],
          "private": "eyJlMmJmYjczMC1lY2FhLTExZTYtOGY4OC0zNDM2M2JjN2M0YzAiOnsiY3JlYXRlIjozMDAwMDAwMDAwMDAsImRlbGV0ZSI6MzAwMDAwMDAwMDAwLCJ1cGRhdGUiOjEyMDAwMDAwMDAwMH19",
          "dependencies": [
            "module.vpc.aws_eip.eip1",
            "module.vpc.aws_eip.eip2",
            "module.vpc.aws_internet_gateway.igw",
            "module.vpc.aws_nat_gateway.ngw1",
            "module.vpc.aws_nat_gateway.ngw2",
            "module.vpc.aws_route_table.db-rt2",
            "module.vpc.aws_route_table.private-rt1",
            "module.vpc.aws_route_table.public-rt",
            "module.vpc.aws_route_table_association.private-rt-association1",
            "module.vpc.aws_route_table_association.public-rt-association2",
            "module.vpc.aws_subnet.db-subnet2",
            "module.vpc.aws_subnet.private-subnet1",
            "module.vpc.aws_subnet.public-subnet1",
            "module.vpc.aws_subnet.public-subnet2",
            "module.vpc.aws_vpc.hellowaws-vpc",
            "module.vpc.data.aws_availability_zones.azs"
          ],
          "create_before_destroy": true
        }
      ]
    },
    {
      "module": "module.vpc",
      "mode": "managed",
      "type": "aws_route_table_association",
      "name": "private-rt-association1",
      "provider": "provider[\"registry.terraform.io/hashicorp/aws\"]",
      "instances": [
        {
          "schema_version": 0,
          "attributes": {
            "gateway_id": "",
            "id": "rtbassoc-0c64869b5c4765308",
            "route_table_id": "rtb-0f5dd8ac261ca041f",
            "subnet_id": "subnet-0c6bb3bb4d6dbaa7b",
            "timeouts": null
          },
          "sensitive_attributes": [],
          "private": "eyJlMmJmYjczMC1lY2FhLTExZTYtOGY4OC0zNDM2M2JjN2M0YzAiOnsiY3JlYXRlIjozMDAwMDAwMDAwMDAsImRlbGV0ZSI6MzAwMDAwMDAwMDAwLCJ1cGRhdGUiOjEyMDAwMDAwMDAwMH19",
          "dependencies": [
            "module.vpc.aws_eip.eip1",
            "module.vpc.aws_eip.eip2",
            "module.vpc.aws_internet_gateway.igw",
            "module.vpc.aws_nat_gateway.ngw1",
            "module.vpc.aws_nat_gateway.ngw2",
            "module.vpc.aws_route_table.private-rt1",
            "module.vpc.aws_route_table.public-rt",
            "module.vpc.aws_route_table_association.public-rt-association2",
            "module.vpc.aws_subnet.private-subnet1",
            "module.vpc.aws_subnet.public-subnet1",
            "module.vpc.aws_subnet.public-subnet2",
            "module.vpc.aws_vpc.hellowaws-vpc",
            "module.vpc.data.aws_availability_zones.azs"
          ],
          "create_before_destroy": true
        }
      ]
    },
    {
      "module": "module.vpc",
      "mode": "managed",
      "type": "aws_route_table_association",
      "name": "private-rt-association2",
      "provider": "provider[\"registry.terraform.io/hashicorp/aws\"]",
      "instances": [
        {
          "schema_version": 0,
          "attributes": {
            "gateway_id": "",
            "id": "rtbassoc-005393a7b1b5f060c",
            "route_table_id": "rtb-05462284886e5b0fe",
            "subnet_id": "subnet-078fc78ce58d5ca70",
            "timeouts": null
          },
          "sensitive_attributes": [],
          "private": "eyJlMmJmYjczMC1lY2FhLTExZTYtOGY4OC0zNDM2M2JjN2M0YzAiOnsiY3JlYXRlIjozMDAwMDAwMDAwMDAsImRlbGV0ZSI6MzAwMDAwMDAwMDAwLCJ1cGRhdGUiOjEyMDAwMDAwMDAwMH19",
          "dependencies": [
            "module.vpc.aws_eip.eip1",
            "module.vpc.aws_eip.eip2",
            "module.vpc.aws_internet_gateway.igw",
            "module.vpc.aws_nat_gateway.ngw1",
            "module.vpc.aws_nat_gateway.ngw2",
            "module.vpc.aws_route_table.private-rt1",
            "module.vpc.aws_route_table.private-rt2",
            "module.vpc.aws_route_table.public-rt",
            "module.vpc.aws_route_table_association.private-rt-association1",
            "module.vpc.aws_route_table_association.public-rt-association2",
            "module.vpc.aws_subnet.private-subnet1",
            "module.vpc.aws_subnet.private-subnet2",
            "module.vpc.aws_subnet.public-subnet1",
            "module.vpc.aws_subnet.public-subnet2",
            "module.vpc.aws_vpc.hellowaws-vpc",
            "module.vpc.data.aws_availability_zones.azs"
          ],
          "create_before_destroy": true
        }
      ]
    },
    {
      "module": "module.vpc",
      "mode": "managed",
      "type": "aws_route_table_association",
      "name": "public-rt-association1",
      "provider": "provider[\"registry.terraform.io/hashicorp/aws\"]",
      "instances": [
        {
          "schema_version": 0,
          "attributes": {
            "gateway_id": "",
            "id": "rtbassoc-078c2c21348365839",
            "route_table_id": "rtb-0f85fdc98a2dea111",
            "subnet_id": "subnet-0cd737cd7ba1f4933",
            "timeouts": null
          },
          "sensitive_attributes": [],
          "private": "eyJlMmJmYjczMC1lY2FhLTExZTYtOGY4OC0zNDM2M2JjN2M0YzAiOnsiY3JlYXRlIjozMDAwMDAwMDAwMDAsImRlbGV0ZSI6MzAwMDAwMDAwMDAwLCJ1cGRhdGUiOjEyMDAwMDAwMDAwMH19",
          "dependencies": [
            "module.vpc.aws_eip.eip2",
            "module.vpc.aws_internet_gateway.igw",
            "module.vpc.aws_nat_gateway.ngw2",
            "module.vpc.aws_route_table.public-rt",
            "module.vpc.aws_subnet.public-subnet1",
            "module.vpc.aws_subnet.public-subnet2",
            "module.vpc.aws_vpc.hellowaws-vpc",
            "module.vpc.data.aws_availability_zones.azs"
          ],
          "create_before_destroy": true
        }
      ]
    },
    {
      "module": "module.vpc",
      "mode": "managed",
      "type": "aws_route_table_association",
      "name": "public-rt-association2",
      "provider": "provider[\"registry.terraform.io/hashicorp/aws\"]",
      "instances": [
        {
          "schema_version": 0,
          "attributes": {
            "gateway_id": "",
            "id": "rtbassoc-05df19c5b833580e1",
            "route_table_id": "rtb-0f85fdc98a2dea111",
            "subnet_id": "subnet-059382f34ec6150b3",
            "timeouts": null
          },
          "sensitive_attributes": [],
          "private": "eyJlMmJmYjczMC1lY2FhLTExZTYtOGY4OC0zNDM2M2JjN2M0YzAiOnsiY3JlYXRlIjozMDAwMDAwMDAwMDAsImRlbGV0ZSI6MzAwMDAwMDAwMDAwLCJ1cGRhdGUiOjEyMDAwMDAwMDAwMH19",
          "dependencies": [
            "module.vpc.aws_eip.eip2",
            "module.vpc.aws_internet_gateway.igw",
            "module.vpc.aws_nat_gateway.ngw2",
            "module.vpc.aws_route_table.public-rt",
            "module.vpc.aws_subnet.public-subnet2",
            "module.vpc.aws_vpc.hellowaws-vpc",
            "module.vpc.data.aws_availability_zones.azs"
          ],
          "create_before_destroy": true
        }
      ]
    },
    {
      "module": "module.vpc",
      "mode": "managed",
      "type": "aws_subnet",
      "name": "db-subnet1",
      "provider": "provider[\"registry.terraform.io/hashicorp/aws\"]",
      "instances": [
        {
          "schema_version": 1,
          "attributes": {
            "arn": "arn:aws:ec2:ca-central-1:891377163278:subnet/subnet-09a50f0fbe56cfc9c",
            "assign_ipv6_address_on_creation": false,
            "availability_zone": "ca-central-1a",
            "availability_zone_id": "cac1-az1",
            "cidr_block": "10.60.20.0/24",
            "customer_owned_ipv4_pool": "",
            "enable_dns64": false,
            "enable_lni_at_device_index": 0,
            "enable_resource_name_dns_a_record_on_launch": false,
            "enable_resource_name_dns_aaaa_record_on_launch": false,
            "id": "subnet-09a50f0fbe56cfc9c",
            "ipv6_cidr_block": "",
            "ipv6_cidr_block_association_id": "",
            "ipv6_native": false,
            "map_customer_owned_ip_on_launch": false,
            "map_public_ip_on_launch": false,
            "outpost_arn": "",
            "owner_id": "891377163278",
            "private_dns_hostname_type_on_launch": "ip-name",
            "tags": {
              "Name": "aws_subnet/db-subnet1",
              "createDate": "20240611",
              "owner": "ktd-admin"
            },
            "tags_all": {
              "Name": "aws_subnet/db-subnet1",
              "createDate": "20240611",
              "owner": "ktd-admin"
            },
            "timeouts": null,
            "vpc_id": "vpc-0ab7821c4add51a60"
          },
          "sensitive_attributes": [],
          "private": "eyJlMmJmYjczMC1lY2FhLTExZTYtOGY4OC0zNDM2M2JjN2M0YzAiOnsiY3JlYXRlIjo2MDAwMDAwMDAwMDAsImRlbGV0ZSI6MTIwMDAwMDAwMDAwMH0sInNjaGVtYV92ZXJzaW9uIjoiMSJ9",
          "dependencies": [
            "module.vpc.aws_vpc.hellowaws-vpc",
            "module.vpc.data.aws_availability_zones.azs"
          ],
          "create_before_destroy": true
        }
      ]
    },
    {
      "module": "module.vpc",
      "mode": "managed",
      "type": "aws_subnet",
      "name": "db-subnet2",
      "provider": "provider[\"registry.terraform.io/hashicorp/aws\"]",
      "instances": [
        {
          "schema_version": 1,
          "attributes": {
            "arn": "arn:aws:ec2:ca-central-1:891377163278:subnet/subnet-031b68c0284c077eb",
            "assign_ipv6_address_on_creation": false,
            "availability_zone": "ca-central-1b",
            "availability_zone_id": "cac1-az2",
            "cidr_block": "10.60.21.0/24",
            "customer_owned_ipv4_pool": "",
            "enable_dns64": false,
            "enable_lni_at_device_index": 0,
            "enable_resource_name_dns_a_record_on_launch": false,
            "enable_resource_name_dns_aaaa_record_on_launch": false,
            "id": "subnet-031b68c0284c077eb",
            "ipv6_cidr_block": "",
            "ipv6_cidr_block_association_id": "",
            "ipv6_native": false,
            "map_customer_owned_ip_on_launch": false,
            "map_public_ip_on_launch": false,
            "outpost_arn": "",
            "owner_id": "891377163278",
            "private_dns_hostname_type_on_launch": "ip-name",
            "tags": {
              "Name": "aws_subnet/db-subnet2",
              "createDate": "20240611",
              "owner": "ktd-admin"
            },
            "tags_all": {
              "Name": "aws_subnet/db-subnet2",
              "createDate": "20240611",
              "owner": "ktd-admin"
            },
            "timeouts": null,
            "vpc_id": "vpc-0ab7821c4add51a60"
          },
          "sensitive_attributes": [],
          "private": "eyJlMmJmYjczMC1lY2FhLTExZTYtOGY4OC0zNDM2M2JjN2M0YzAiOnsiY3JlYXRlIjo2MDAwMDAwMDAwMDAsImRlbGV0ZSI6MTIwMDAwMDAwMDAwMH0sInNjaGVtYV92ZXJzaW9uIjoiMSJ9",
          "dependencies": [
            "module.vpc.aws_vpc.hellowaws-vpc",
            "module.vpc.data.aws_availability_zones.azs"
          ],
          "create_before_destroy": true
        }
      ]
    },
    {
      "module": "module.vpc",
      "mode": "managed",
      "type": "aws_subnet",
      "name": "private-subnet1",
      "provider": "provider[\"registry.terraform.io/hashicorp/aws\"]",
      "instances": [
        {
          "schema_version": 1,
          "attributes": {
            "arn": "arn:aws:ec2:ca-central-1:891377163278:subnet/subnet-0c6bb3bb4d6dbaa7b",
            "assign_ipv6_address_on_creation": false,
            "availability_zone": "ca-central-1a",
            "availability_zone_id": "cac1-az1",
            "cidr_block": "10.60.4.0/22",
            "customer_owned_ipv4_pool": "",
            "enable_dns64": false,
            "enable_lni_at_device_index": 0,
            "enable_resource_name_dns_a_record_on_launch": false,
            "enable_resource_name_dns_aaaa_record_on_launch": false,
            "id": "subnet-0c6bb3bb4d6dbaa7b",
            "ipv6_cidr_block": "",
            "ipv6_cidr_block_association_id": "",
            "ipv6_native": false,
            "map_customer_owned_ip_on_launch": false,
            "map_public_ip_on_launch": false,
            "outpost_arn": "",
            "owner_id": "891377163278",
            "private_dns_hostname_type_on_launch": "ip-name",
            "tags": {
              "Name": "aws_subnet/private-subnet1",
              "createDate": "20240611",
              "owner": "ktd-admin"
            },
            "tags_all": {
              "Name": "aws_subnet/private-subnet1",
              "createDate": "20240611",
              "owner": "ktd-admin"
            },
            "timeouts": null,
            "vpc_id": "vpc-0ab7821c4add51a60"
          },
          "sensitive_attributes": [],
          "private": "eyJlMmJmYjczMC1lY2FhLTExZTYtOGY4OC0zNDM2M2JjN2M0YzAiOnsiY3JlYXRlIjo2MDAwMDAwMDAwMDAsImRlbGV0ZSI6MTIwMDAwMDAwMDAwMH0sInNjaGVtYV92ZXJzaW9uIjoiMSJ9",
          "dependencies": [
            "module.vpc.aws_vpc.hellowaws-vpc",
            "module.vpc.data.aws_availability_zones.azs"
          ],
          "create_before_destroy": true
        }
      ]
    },
    {
      "module": "module.vpc",
      "mode": "managed",
      "type": "aws_subnet",
      "name": "private-subnet2",
      "provider": "provider[\"registry.terraform.io/hashicorp/aws\"]",
      "instances": [
        {
          "schema_version": 1,
          "attributes": {
            "arn": "arn:aws:ec2:ca-central-1:891377163278:subnet/subnet-078fc78ce58d5ca70",
            "assign_ipv6_address_on_creation": false,
            "availability_zone": "ca-central-1b",
            "availability_zone_id": "cac1-az2",
            "cidr_block": "10.60.8.0/22",
            "customer_owned_ipv4_pool": "",
            "enable_dns64": false,
            "enable_lni_at_device_index": 0,
            "enable_resource_name_dns_a_record_on_launch": false,
            "enable_resource_name_dns_aaaa_record_on_launch": false,
            "id": "subnet-078fc78ce58d5ca70",
            "ipv6_cidr_block": "",
            "ipv6_cidr_block_association_id": "",
            "ipv6_native": false,
            "map_customer_owned_ip_on_launch": false,
            "map_public_ip_on_launch": false,
            "outpost_arn": "",
            "owner_id": "891377163278",
            "private_dns_hostname_type_on_launch": "ip-name",
            "tags": {
              "Name": "aws_subnet/private-subnet2",
              "createDate": "20240611",
              "owner": "ktd-admin"
            },
            "tags_all": {
              "Name": "aws_subnet/private-subnet2",
              "createDate": "20240611",
              "owner": "ktd-admin"
            },
            "timeouts": null,
            "vpc_id": "vpc-0ab7821c4add51a60"
          },
          "sensitive_attributes": [],
          "private": "eyJlMmJmYjczMC1lY2FhLTExZTYtOGY4OC0zNDM2M2JjN2M0YzAiOnsiY3JlYXRlIjo2MDAwMDAwMDAwMDAsImRlbGV0ZSI6MTIwMDAwMDAwMDAwMH0sInNjaGVtYV92ZXJzaW9uIjoiMSJ9",
          "dependencies": [
            "module.vpc.aws_vpc.hellowaws-vpc",
            "module.vpc.data.aws_availability_zones.azs"
          ],
          "create_before_destroy": true
        }
      ]
    },
    {
      "module": "module.vpc",
      "mode": "managed",
      "type": "aws_subnet",
      "name": "public-subnet1",
      "provider": "provider[\"registry.terraform.io/hashicorp/aws\"]",
      "instances": [
        {
          "schema_version": 1,
          "attributes": {
            "arn": "arn:aws:ec2:ca-central-1:891377163278:subnet/subnet-0cd737cd7ba1f4933",
            "assign_ipv6_address_on_creation": false,
            "availability_zone": "ca-central-1a",
            "availability_zone_id": "cac1-az1",
            "cidr_block": "10.60.0.0/24",
            "customer_owned_ipv4_pool": "",
            "enable_dns64": false,
            "enable_lni_at_device_index": 0,
            "enable_resource_name_dns_a_record_on_launch": false,
            "enable_resource_name_dns_aaaa_record_on_launch": false,
            "id": "subnet-0cd737cd7ba1f4933",
            "ipv6_cidr_block": "",
            "ipv6_cidr_block_association_id": "",
            "ipv6_native": false,
            "map_customer_owned_ip_on_launch": false,
            "map_public_ip_on_launch": true,
            "outpost_arn": "",
            "owner_id": "891377163278",
            "private_dns_hostname_type_on_launch": "ip-name",
            "tags": {
              "Name": "aws_subnet/public-subnet1",
              "createDate": "20240611",
              "owner": "ktd-admin"
            },
            "tags_all": {
              "Name": "aws_subnet/public-subnet1",
              "createDate": "20240611",
              "owner": "ktd-admin"
            },
            "timeouts": null,
            "vpc_id": "vpc-0ab7821c4add51a60"
          },
          "sensitive_attributes": [],
          "private": "eyJlMmJmYjczMC1lY2FhLTExZTYtOGY4OC0zNDM2M2JjN2M0YzAiOnsiY3JlYXRlIjo2MDAwMDAwMDAwMDAsImRlbGV0ZSI6MTIwMDAwMDAwMDAwMH0sInNjaGVtYV92ZXJzaW9uIjoiMSJ9",
          "dependencies": [
            "module.vpc.aws_vpc.hellowaws-vpc",
            "module.vpc.data.aws_availability_zones.azs"
          ],
          "create_before_destroy": true
        }
      ]
    },
    {
      "module": "module.vpc",
      "mode": "managed",
      "type": "aws_subnet",
      "name": "public-subnet2",
      "provider": "provider[\"registry.terraform.io/hashicorp/aws\"]",
      "instances": [
        {
          "schema_version": 1,
          "attributes": {
            "arn": "arn:aws:ec2:ca-central-1:891377163278:subnet/subnet-059382f34ec6150b3",
            "assign_ipv6_address_on_creation": false,
            "availability_zone": "ca-central-1b",
            "availability_zone_id": "cac1-az2",
            "cidr_block": "10.60.1.0/24",
            "customer_owned_ipv4_pool": "",
            "enable_dns64": false,
            "enable_lni_at_device_index": 0,
            "enable_resource_name_dns_a_record_on_launch": false,
            "enable_resource_name_dns_aaaa_record_on_launch": false,
            "id": "subnet-059382f34ec6150b3",
            "ipv6_cidr_block": "",
            "ipv6_cidr_block_association_id": "",
            "ipv6_native": false,
            "map_customer_owned_ip_on_launch": false,
            "map_public_ip_on_launch": true,
            "outpost_arn": "",
            "owner_id": "891377163278",
            "private_dns_hostname_type_on_launch": "ip-name",
            "tags": {
              "Name": "aws_subnet/public-subnet2",
              "createDate": "20240611",
              "owner": "ktd-admin"
            },
            "tags_all": {
              "Name": "aws_subnet/public-subnet2",
              "createDate": "20240611",
              "owner": "ktd-admin"
            },
            "timeouts": null,
            "vpc_id": "vpc-0ab7821c4add51a60"
          },
          "sensitive_attributes": [],
          "private": "eyJlMmJmYjczMC1lY2FhLTExZTYtOGY4OC0zNDM2M2JjN2M0YzAiOnsiY3JlYXRlIjo2MDAwMDAwMDAwMDAsImRlbGV0ZSI6MTIwMDAwMDAwMDAwMH0sInNjaGVtYV92ZXJzaW9uIjoiMSJ9",
          "dependencies": [
            "module.vpc.aws_vpc.hellowaws-vpc",
            "module.vpc.data.aws_availability_zones.azs"
          ],
          "create_before_destroy": true
        }
      ]
    },
    {
      "module": "module.vpc",
      "mode": "managed",
      "type": "aws_vpc",
      "name": "hellowaws-vpc",
      "provider": "provider[\"registry.terraform.io/hashicorp/aws\"]",
      "instances": [
        {
          "schema_version": 1,
          "attributes": {
            "arn": "arn:aws:ec2:ca-central-1:891377163278:vpc/vpc-0ab7821c4add51a60",
            "assign_generated_ipv6_cidr_block": false,
            "cidr_block": "10.60.0.0/16",
            "default_network_acl_id": "acl-04f2e79ea5f05506f",
            "default_route_table_id": "rtb-046f8bd9a47f10bce",
            "default_security_group_id": "sg-0caad4aa22eb691c5",
            "dhcp_options_id": "dopt-07144a5022c83121e",
            "enable_dns_hostnames": true,
            "enable_dns_support": true,
            "enable_network_address_usage_metrics": false,
            "id": "vpc-0ab7821c4add51a60",
            "instance_tenancy": "default",
            "ipv4_ipam_pool_id": null,
            "ipv4_netmask_length": null,
            "ipv6_association_id": "",
            "ipv6_cidr_block": "",
            "ipv6_cidr_block_network_border_group": "",
            "ipv6_ipam_pool_id": "",
            "ipv6_netmask_length": 0,
            "main_route_table_id": "rtb-046f8bd9a47f10bce",
            "owner_id": "891377163278",
            "tags": {
              "Name": "aws_vpc/hellowaws-vpc",
              "createDate": "20240611",
              "owner": "ktd-admin"
            },
            "tags_all": {
              "Name": "aws_vpc/hellowaws-vpc",
              "createDate": "20240611",
              "owner": "ktd-admin"
            }
          },
          "sensitive_attributes": [],
          "private": "eyJzY2hlbWFfdmVyc2lvbiI6IjEifQ==",
          "create_before_destroy": true
        }
      ]
    },
    {
      "module": "module.vpc",
      "mode": "managed",
      "type": "aws_vpc_endpoint",
      "name": "s3-gateway",
      "provider": "provider[\"registry.terraform.io/hashicorp/aws\"]",
      "instances": [
        {
          "schema_version": 0,
          "attributes": {
            "arn": "arn:aws:ec2:ca-central-1:891377163278:vpc-endpoint/vpce-05f67573f2ea93a82",
            "auto_accept": null,
            "cidr_blocks": [
              "16.12.4.0/23",
              "3.5.252.0/22",
              "52.95.190.0/24",
              "52.95.146.0/23",
              "52.95.145.0/24"
            ],
            "dns_entry": [],
            "dns_options": [],
            "id": "vpce-05f67573f2ea93a82",
            "ip_address_type": "",
            "network_interface_ids": [],
            "owner_id": "891377163278",
            "policy": "{\"Statement\":[{\"Action\":\"*\",\"Effect\":\"Allow\",\"Principal\":\"*\",\"Resource\":\"*\"}],\"Version\":\"2008-10-17\"}",
            "prefix_list_id": "pl-7da54014",
            "private_dns_enabled": false,
            "requester_managed": false,
            "route_table_ids": [
              "rtb-05462284886e5b0fe",
              "rtb-06a4c28daaf34954f",
              "rtb-06a8cdeb738682b7f",
              "rtb-0f5dd8ac261ca041f"
            ],
            "security_group_ids": [],
            "service_name": "com.amazonaws.ca-central-1.s3",
            "state": "available",
            "subnet_ids": [],
            "tags": {},
            "tags_all": {},
            "timeouts": null,
            "vpc_endpoint_type": "Gateway",
            "vpc_id": "vpc-0ab7821c4add51a60"
          },
          "sensitive_attributes": [],
          "private": "eyJlMmJmYjczMC1lY2FhLTExZTYtOGY4OC0zNDM2M2JjN2M0YzAiOnsiY3JlYXRlIjo2MDAwMDAwMDAwMDAsImRlbGV0ZSI6NjAwMDAwMDAwMDAwLCJ1cGRhdGUiOjYwMDAwMDAwMDAwMH19",
          "dependencies": [
            "module.vpc.aws_eip.eip1",
            "module.vpc.aws_eip.eip2",
            "module.vpc.aws_internet_gateway.igw",
            "module.vpc.aws_nat_gateway.ngw1",
            "module.vpc.aws_nat_gateway.ngw2",
            "module.vpc.aws_route_table.db-rt1",
            "module.vpc.aws_route_table.db-rt2",
            "module.vpc.aws_route_table.private-rt1",
            "module.vpc.aws_route_table.private-rt2",
            "module.vpc.aws_route_table.public-rt",
            "module.vpc.aws_route_table_association.private-rt-association1",
            "module.vpc.aws_route_table_association.private-rt-association2",
            "module.vpc.aws_route_table_association.public-rt-association2",
            "module.vpc.aws_subnet.private-subnet1",
            "module.vpc.aws_subnet.private-subnet2",
            "module.vpc.aws_subnet.public-subnet1",
            "module.vpc.aws_subnet.public-subnet2",
            "module.vpc.aws_vpc.hellowaws-vpc",
            "module.vpc.data.aws_availability_zones.azs"
          ],
          "create_before_destroy": true
        }
      ]
    }
  ],
  "check_results": null
}
