{
  "version": 4,
  "terraform_version": "1.8.0",
  "serial": 1645,
  "lineage": "4973d4c3-5142-03bc-1083-9a38770bd610",
  "outputs": {},
  "resources": [
    {
      "module": "module.alb",
      "mode": "data",
      "type": "aws_security_group",
      "name": "default-sg",
      "provider": "provider[\"registry.terraform.io/hashicorp/aws\"]",
      "instances": []
    },
    {
      "module": "module.alb",
      "mode": "data",
      "type": "aws_security_group",
      "name": "web-alb-sg",
      "provider": "provider[\"registry.terraform.io/hashicorp/aws\"]",
      "instances": [
        {
          "schema_version": 0,
          "attributes": {
            "arn": "arn:aws:ec2:us-east-2:891377163278:security-group/sg-0463fe13a50ed4c3d",
            "description": "Allow HTTP and HTTPS for World",
            "filter": [
              {
                "name": "group-id",
                "values": [
                  "sg-0463fe13a50ed4c3d"
                ]
              },
              {
                "name": "tag:Name",
                "values": [
                  "kdt-alb-sg"
                ]
              }
            ],
            "id": "sg-0463fe13a50ed4c3d",
            "name": "terraform-20240429003528660700000007",
            "tags": {
              "Name": "kdt-alb-sg"
            },
            "timeouts": null,
            "vpc_id": "vpc-04d0105626a303aea"
          },
          "sensitive_attributes": []
        }
      ]
    },
    {
      "module": "module.alb",
      "mode": "data",
      "type": "aws_subnet",
      "name": "public-subnet1",
      "provider": "provider[\"registry.terraform.io/hashicorp/aws\"]",
      "instances": [
        {
          "schema_version": 0,
          "attributes": {
            "arn": "arn:aws:ec2:us-east-2:891377163278:subnet/subnet-0703112b938e8a8e5",
            "assign_ipv6_address_on_creation": false,
            "availability_zone": "us-east-2a",
            "availability_zone_id": "use2-az1",
            "available_ip_address_count": 250,
            "cidr_block": "10.50.0.0/24",
            "customer_owned_ipv4_pool": "",
            "default_for_az": false,
            "enable_dns64": false,
            "enable_lni_at_device_index": 0,
            "enable_resource_name_dns_a_record_on_launch": false,
            "enable_resource_name_dns_aaaa_record_on_launch": false,
            "filter": [
              {
                "name": "tag:Name",
                "values": [
                  "kdt-Public-Subnet1"
                ]
              }
            ],
            "id": "subnet-0703112b938e8a8e5",
            "ipv6_cidr_block": "",
            "ipv6_cidr_block_association_id": "",
            "ipv6_native": false,
            "map_customer_owned_ip_on_launch": false,
            "map_public_ip_on_launch": true,
            "outpost_arn": "",
            "owner_id": "891377163278",
            "private_dns_hostname_type_on_launch": "ip-name",
            "state": "available",
            "tags": {
              "Name": "kdt-Public-Subnet1"
            },
            "timeouts": null,
            "vpc_id": "vpc-04d0105626a303aea"
          },
          "sensitive_attributes": []
        }
      ]
    },
    {
      "module": "module.alb",
      "mode": "data",
      "type": "aws_subnet",
      "name": "public-subnet2",
      "provider": "provider[\"registry.terraform.io/hashicorp/aws\"]",
      "instances": [
        {
          "schema_version": 0,
          "attributes": {
            "arn": "arn:aws:ec2:us-east-2:891377163278:subnet/subnet-0e0a2d3d083905f8f",
            "assign_ipv6_address_on_creation": false,
            "availability_zone": "us-east-2b",
            "availability_zone_id": "use2-az2",
            "available_ip_address_count": 250,
            "cidr_block": "10.50.1.0/24",
            "customer_owned_ipv4_pool": "",
            "default_for_az": false,
            "enable_dns64": false,
            "enable_lni_at_device_index": 0,
            "enable_resource_name_dns_a_record_on_launch": false,
            "enable_resource_name_dns_aaaa_record_on_launch": false,
            "filter": [
              {
                "name": "tag:Name",
                "values": [
                  "kdt-Public-Subnet2"
                ]
              }
            ],
            "id": "subnet-0e0a2d3d083905f8f",
            "ipv6_cidr_block": "",
            "ipv6_cidr_block_association_id": "",
            "ipv6_native": false,
            "map_customer_owned_ip_on_launch": false,
            "map_public_ip_on_launch": true,
            "outpost_arn": "",
            "owner_id": "891377163278",
            "private_dns_hostname_type_on_launch": "ip-name",
            "state": "available",
            "tags": {
              "Name": "kdt-Public-Subnet2"
            },
            "timeouts": null,
            "vpc_id": "vpc-04d0105626a303aea"
          },
          "sensitive_attributes": []
        }
      ]
    },
    {
      "module": "module.alb",
      "mode": "data",
      "type": "aws_vpc",
      "name": "vpc",
      "provider": "provider[\"registry.terraform.io/hashicorp/aws\"]",
      "instances": [
        {
          "schema_version": 0,
          "attributes": {
            "arn": "arn:aws:ec2:us-east-2:891377163278:vpc/vpc-04d0105626a303aea",
            "cidr_block": "10.50.0.0/16",
            "cidr_block_associations": [
              {
                "association_id": "vpc-cidr-assoc-05105735af5ac7f53",
                "cidr_block": "10.50.0.0/16",
                "state": "associated"
              }
            ],
            "default": false,
            "dhcp_options_id": "dopt-0cab42d5410535950",
            "enable_dns_hostnames": true,
            "enable_dns_support": true,
            "enable_network_address_usage_metrics": false,
            "filter": [
              {
                "name": "tag:Name",
                "values": [
                  "kdt-VPC"
                ]
              }
            ],
            "id": "vpc-04d0105626a303aea",
            "instance_tenancy": "default",
            "ipv6_association_id": "",
            "ipv6_cidr_block": "",
            "main_route_table_id": "rtb-096a3918eceb01b99",
            "owner_id": "891377163278",
            "state": null,
            "tags": {
              "Name": "kdt-VPC"
            },
            "timeouts": null
          },
          "sensitive_attributes": []
        }
      ]
    },
    {
      "module": "module.alb",
      "mode": "managed",
      "type": "aws_lb",
      "name": "Web-elb",
      "provider": "provider[\"registry.terraform.io/hashicorp/aws\"]",
      "instances": [
        {
          "schema_version": 0,
          "attributes": {
            "access_logs": [
              {
                "bucket": "",
                "enabled": false,
                "prefix": ""
              }
            ],
            "arn": "arn:aws:elasticloadbalancing:us-east-2:891377163278:loadbalancer/app/Web-elb/4d0255eeb52c7437",
            "arn_suffix": "app/Web-elb/4d0255eeb52c7437",
            "client_keep_alive": 3600,
            "connection_logs": [
              {
                "bucket": "",
                "enabled": false,
                "prefix": ""
              }
            ],
            "customer_owned_ipv4_pool": "",
            "desync_mitigation_mode": "defensive",
            "dns_name": "Web-elb-1449194164.us-east-2.elb.amazonaws.com",
            "dns_record_client_routing_policy": null,
            "drop_invalid_header_fields": false,
            "enable_cross_zone_load_balancing": true,
            "enable_deletion_protection": false,
            "enable_http2": true,
            "enable_tls_version_and_cipher_suite_headers": false,
            "enable_waf_fail_open": false,
            "enable_xff_client_port": false,
            "enforce_security_group_inbound_rules_on_private_link_traffic": "",
            "id": "arn:aws:elasticloadbalancing:us-east-2:891377163278:loadbalancer/app/Web-elb/4d0255eeb52c7437",
            "idle_timeout": 60,
            "internal": false,
            "ip_address_type": "ipv4",
            "load_balancer_type": "application",
            "name": "Web-elb",
            "name_prefix": "",
            "preserve_host_header": false,
            "security_groups": [
              "sg-0463fe13a50ed4c3d"
            ],
            "subnet_mapping": [
              {
                "allocation_id": "",
                "ipv6_address": "",
                "outpost_id": "",
                "private_ipv4_address": "",
                "subnet_id": "subnet-0703112b938e8a8e5"
              },
              {
                "allocation_id": "",
                "ipv6_address": "",
                "outpost_id": "",
                "private_ipv4_address": "",
                "subnet_id": "subnet-0e0a2d3d083905f8f"
              }
            ],
            "subnets": [
              "subnet-0703112b938e8a8e5",
              "subnet-0e0a2d3d083905f8f"
            ],
            "tags": {
              "Name": "Web-elb"
            },
            "tags_all": {
              "Name": "Web-elb"
            },
            "timeouts": null,
            "vpc_id": "vpc-04d0105626a303aea",
            "xff_header_processing_mode": "append",
            "zone_id": "Z3AADJGX6KTTL2"
          },
          "sensitive_attributes": [],
          "private": "eyJlMmJmYjczMC1lY2FhLTExZTYtOGY4OC0zNDM2M2JjN2M0YzAiOnsiY3JlYXRlIjo2MDAwMDAwMDAwMDAsImRlbGV0ZSI6NjAwMDAwMDAwMDAwLCJ1cGRhdGUiOjYwMDAwMDAwMDAwMH19",
          "dependencies": [
            "module.alb.data.aws_security_group.web-alb-sg",
            "module.alb.data.aws_subnet.public-subnet1",
            "module.alb.data.aws_subnet.public-subnet2",
            "module.rds.aws_db_subnet_group.db_subnet_group",
            "module.rds.aws_rds_cluster.aurora_cluster",
            "module.rds.aws_rds_cluster_instance.primary_instance",
            "module.rds.aws_rds_cluster_instance.read_replica_instance",
            "module.rds.data.aws_security_group.db-sg",
            "module.rds.data.aws_subnet.db-subnet1",
            "module.rds.data.aws_subnet.db-subnet2",
            "module.security-group.aws_security_group.alb-sg",
            "module.security-group.aws_security_group.database-sg",
            "module.security-group.aws_security_group.web-tier-sg",
            "module.security-group.data.aws_vpc.vpc",
            "module.vpc.aws_eip.eip1",
            "module.vpc.aws_eip.eip2",
            "module.vpc.aws_internet_gateway.igw",
            "module.vpc.aws_nat_gateway.ngw1",
            "module.vpc.aws_nat_gateway.ngw2",
            "module.vpc.aws_route_table.private-rt1",
            "module.vpc.aws_route_table.private-rt2",
            "module.vpc.aws_route_table.public-rt1",
            "module.vpc.aws_route_table.public-rt2",
            "module.vpc.aws_route_table_association.private-rt-association1",
            "module.vpc.aws_route_table_association.private-rt-association2",
            "module.vpc.aws_route_table_association.public-rt-association1",
            "module.vpc.aws_route_table_association.public-rt-association2",
            "module.vpc.aws_subnet.db-subnet1",
            "module.vpc.aws_subnet.db-subnet2",
            "module.vpc.aws_subnet.private-subnet1",
            "module.vpc.aws_subnet.private-subnet2",
            "module.vpc.aws_subnet.public-subnet1",
            "module.vpc.aws_subnet.public-subnet2",
            "module.vpc.aws_vpc.vpc",
            "module.vpc.data.aws_availability_zones.azs"
          ],
          "create_before_destroy": true
        }
      ]
    },
    {
      "module": "module.alb",
      "mode": "managed",
      "type": "aws_lb_listener",
      "name": "web-alb-listener",
      "provider": "provider[\"registry.terraform.io/hashicorp/aws\"]",
      "instances": [
        {
          "schema_version": 0,
          "attributes": {
            "alpn_policy": null,
            "arn": "arn:aws:elasticloadbalancing:us-east-2:891377163278:listener/app/Web-elb/4d0255eeb52c7437/56dbee8361c90d43",
            "certificate_arn": null,
            "default_action": [
              {
                "authenticate_cognito": [],
                "authenticate_oidc": [],
                "fixed_response": [],
                "forward": [],
                "order": 1,
                "redirect": [],
                "target_group_arn": "arn:aws:elasticloadbalancing:us-east-2:891377163278:targetgroup/tf-2024042900541615190000000a/1c3647a650781f02",
                "type": "forward"
              }
            ],
            "id": "arn:aws:elasticloadbalancing:us-east-2:891377163278:listener/app/Web-elb/4d0255eeb52c7437/56dbee8361c90d43",
            "load_balancer_arn": "arn:aws:elasticloadbalancing:us-east-2:891377163278:loadbalancer/app/Web-elb/4d0255eeb52c7437",
            "mutual_authentication": [],
            "port": 80,
            "protocol": "HTTP",
            "ssl_policy": "",
            "tags": null,
            "tags_all": {},
            "timeouts": null
          },
          "sensitive_attributes": [],
          "private": "eyJlMmJmYjczMC1lY2FhLTExZTYtOGY4OC0zNDM2M2JjN2M0YzAiOnsiY3JlYXRlIjozMDAwMDAwMDAwMDAsInVwZGF0ZSI6MzAwMDAwMDAwMDAwfX0=",
          "dependencies": [
            "module.alb.aws_lb.Web-elb",
            "module.alb.aws_lb_target_group.web-tg",
            "module.alb.data.aws_security_group.web-alb-sg",
            "module.alb.data.aws_subnet.public-subnet1",
            "module.alb.data.aws_subnet.public-subnet2",
            "module.alb.data.aws_vpc.vpc",
            "module.rds.aws_db_subnet_group.db_subnet_group",
            "module.rds.aws_rds_cluster.aurora_cluster",
            "module.rds.aws_rds_cluster_instance.primary_instance",
            "module.rds.aws_rds_cluster_instance.read_replica_instance",
            "module.rds.data.aws_security_group.db-sg",
            "module.rds.data.aws_subnet.db-subnet1",
            "module.rds.data.aws_subnet.db-subnet2",
            "module.security-group.aws_security_group.alb-sg",
            "module.security-group.aws_security_group.database-sg",
            "module.security-group.aws_security_group.web-tier-sg",
            "module.security-group.data.aws_vpc.vpc",
            "module.vpc.aws_eip.eip1",
            "module.vpc.aws_eip.eip2",
            "module.vpc.aws_internet_gateway.igw",
            "module.vpc.aws_nat_gateway.ngw1",
            "module.vpc.aws_nat_gateway.ngw2",
            "module.vpc.aws_route_table.private-rt1",
            "module.vpc.aws_route_table.private-rt2",
            "module.vpc.aws_route_table.public-rt1",
            "module.vpc.aws_route_table.public-rt2",
            "module.vpc.aws_route_table_association.private-rt-association1",
            "module.vpc.aws_route_table_association.private-rt-association2",
            "module.vpc.aws_route_table_association.public-rt-association1",
            "module.vpc.aws_route_table_association.public-rt-association2",
            "module.vpc.aws_subnet.db-subnet1",
            "module.vpc.aws_subnet.db-subnet2",
            "module.vpc.aws_subnet.private-subnet1",
            "module.vpc.aws_subnet.private-subnet2",
            "module.vpc.aws_subnet.public-subnet1",
            "module.vpc.aws_subnet.public-subnet2",
            "module.vpc.aws_vpc.vpc",
            "module.vpc.data.aws_availability_zones.azs"
          ],
          "create_before_destroy": true
        }
      ]
    },
    {
      "module": "module.alb",
      "mode": "managed",
      "type": "aws_lb_target_group",
      "name": "web-tg",
      "provider": "provider[\"registry.terraform.io/hashicorp/aws\"]",
      "instances": [
        {
          "schema_version": 0,
          "attributes": {
            "arn": "arn:aws:elasticloadbalancing:us-east-2:891377163278:targetgroup/tf-2024042900541615190000000a/1c3647a650781f02",
            "arn_suffix": "targetgroup/tf-2024042900541615190000000a/1c3647a650781f02",
            "connection_termination": null,
            "deregistration_delay": "300",
            "health_check": [
              {
                "enabled": true,
                "healthy_threshold": 5,
                "interval": 10,
                "matcher": "200",
                "path": "/",
                "port": "traffic-port",
                "protocol": "HTTP",
                "timeout": 5,
                "unhealthy_threshold": 2
              }
            ],
            "id": "arn:aws:elasticloadbalancing:us-east-2:891377163278:targetgroup/tf-2024042900541615190000000a/1c3647a650781f02",
            "ip_address_type": "ipv4",
            "lambda_multi_value_headers_enabled": false,
            "load_balancer_arns": [],
            "load_balancing_algorithm_type": "round_robin",
            "load_balancing_anomaly_mitigation": "off",
            "load_balancing_cross_zone_enabled": "use_load_balancer_configuration",
            "name": "tf-2024042900541615190000000a",
            "name_prefix": "tf-",
            "port": 80,
            "preserve_client_ip": null,
            "protocol": "HTTP",
            "protocol_version": "HTTP1",
            "proxy_protocol_v2": false,
            "slow_start": 0,
            "stickiness": [
              {
                "cookie_duration": 86400,
                "cookie_name": "",
                "enabled": false,
                "type": "lb_cookie"
              }
            ],
            "tags": {
              "Name": "Web-TG"
            },
            "tags_all": {
              "Name": "Web-TG"
            },
            "target_failover": [
              {
                "on_deregistration": null,
                "on_unhealthy": null
              }
            ],
            "target_health_state": [
              {
                "enable_unhealthy_connection_termination": null
              }
            ],
            "target_type": "instance",
            "vpc_id": "vpc-04d0105626a303aea"
          },
          "sensitive_attributes": [],
          "private": "bnVsbA==",
          "dependencies": [
            "module.alb.aws_lb.Web-elb",
            "module.alb.data.aws_security_group.web-alb-sg",
            "module.alb.data.aws_subnet.public-subnet1",
            "module.alb.data.aws_subnet.public-subnet2",
            "module.alb.data.aws_vpc.vpc",
            "module.rds.aws_db_subnet_group.db_subnet_group",
            "module.rds.aws_rds_cluster.aurora_cluster",
            "module.rds.aws_rds_cluster_instance.primary_instance",
            "module.rds.aws_rds_cluster_instance.read_replica_instance",
            "module.rds.data.aws_security_group.db-sg",
            "module.rds.data.aws_subnet.db-subnet1",
            "module.rds.data.aws_subnet.db-subnet2",
            "module.security-group.aws_security_group.alb-sg",
            "module.security-group.aws_security_group.database-sg",
            "module.security-group.aws_security_group.web-tier-sg",
            "module.security-group.data.aws_vpc.vpc",
            "module.vpc.aws_eip.eip1",
            "module.vpc.aws_eip.eip2",
            "module.vpc.aws_internet_gateway.igw",
            "module.vpc.aws_nat_gateway.ngw1",
            "module.vpc.aws_nat_gateway.ngw2",
            "module.vpc.aws_route_table.private-rt1",
            "module.vpc.aws_route_table.private-rt2",
            "module.vpc.aws_route_table.public-rt1",
            "module.vpc.aws_route_table.public-rt2",
            "module.vpc.aws_route_table_association.private-rt-association1",
            "module.vpc.aws_route_table_association.private-rt-association2",
            "module.vpc.aws_route_table_association.public-rt-association1",
            "module.vpc.aws_route_table_association.public-rt-association2",
            "module.vpc.aws_subnet.db-subnet1",
            "module.vpc.aws_subnet.db-subnet2",
            "module.vpc.aws_subnet.private-subnet1",
            "module.vpc.aws_subnet.private-subnet2",
            "module.vpc.aws_subnet.public-subnet1",
            "module.vpc.aws_subnet.public-subnet2",
            "module.vpc.aws_vpc.vpc",
            "module.vpc.data.aws_availability_zones.azs"
          ],
          "create_before_destroy": true
        }
      ]
    },
    {
      "module": "module.rds",
      "mode": "data",
      "type": "aws_security_group",
      "name": "db-sg",
      "provider": "provider[\"registry.terraform.io/hashicorp/aws\"]",
      "instances": [
        {
          "schema_version": 0,
          "attributes": {
            "arn": "arn:aws:ec2:us-east-2:891377163278:security-group/sg-0d6e9010010336b67",
            "description": "Protocol Type MySQL/Aurora",
            "filter": [
              {
                "name": "group-id",
                "values": [
                  "sg-0d6e9010010336b67"
                ]
              },
              {
                "name": "tag:Name",
                "values": [
                  "kdt-db-sg"
                ]
              }
            ],
            "id": "sg-0d6e9010010336b67",
            "name": "terraform-20240429003537507300000009",
            "tags": {
              "Name": "kdt-db-sg"
            },
            "timeouts": null,
            "vpc_id": "vpc-04d0105626a303aea"
          },
          "sensitive_attributes": []
        }
      ]
    },
    {
      "module": "module.rds",
      "mode": "data",
      "type": "aws_subnet",
      "name": "db-subnet1",
      "provider": "provider[\"registry.terraform.io/hashicorp/aws\"]",
      "instances": [
        {
          "schema_version": 0,
          "attributes": {
            "arn": "arn:aws:ec2:us-east-2:891377163278:subnet/subnet-0b606706ddb0d097b",
            "assign_ipv6_address_on_creation": false,
            "availability_zone": "us-east-2a",
            "availability_zone_id": "use2-az1",
            "available_ip_address_count": 251,
            "cidr_block": "10.50.20.0/24",
            "customer_owned_ipv4_pool": "",
            "default_for_az": false,
            "enable_dns64": false,
            "enable_lni_at_device_index": 0,
            "enable_resource_name_dns_a_record_on_launch": false,
            "enable_resource_name_dns_aaaa_record_on_launch": false,
            "filter": [
              {
                "name": "tag:Name",
                "values": [
                  "kdt-DB-Subnet1"
                ]
              }
            ],
            "id": "subnet-0b606706ddb0d097b",
            "ipv6_cidr_block": "",
            "ipv6_cidr_block_association_id": "",
            "ipv6_native": false,
            "map_customer_owned_ip_on_launch": false,
            "map_public_ip_on_launch": false,
            "outpost_arn": "",
            "owner_id": "891377163278",
            "private_dns_hostname_type_on_launch": "ip-name",
            "state": "available",
            "tags": {
              "Name": "kdt-DB-Subnet1"
            },
            "timeouts": null,
            "vpc_id": "vpc-04d0105626a303aea"
          },
          "sensitive_attributes": []
        }
      ]
    },
    {
      "module": "module.rds",
      "mode": "data",
      "type": "aws_subnet",
      "name": "db-subnet2",
      "provider": "provider[\"registry.terraform.io/hashicorp/aws\"]",
      "instances": [
        {
          "schema_version": 0,
          "attributes": {
            "arn": "arn:aws:ec2:us-east-2:891377163278:subnet/subnet-056e9182847d4e030",
            "assign_ipv6_address_on_creation": false,
            "availability_zone": "us-east-2b",
            "availability_zone_id": "use2-az2",
            "available_ip_address_count": 251,
            "cidr_block": "10.50.21.0/24",
            "customer_owned_ipv4_pool": "",
            "default_for_az": false,
            "enable_dns64": false,
            "enable_lni_at_device_index": 0,
            "enable_resource_name_dns_a_record_on_launch": false,
            "enable_resource_name_dns_aaaa_record_on_launch": false,
            "filter": [
              {
                "name": "tag:Name",
                "values": [
                  "kdt-DB-Subnet2"
                ]
              }
            ],
            "id": "subnet-056e9182847d4e030",
            "ipv6_cidr_block": "",
            "ipv6_cidr_block_association_id": "",
            "ipv6_native": false,
            "map_customer_owned_ip_on_launch": false,
            "map_public_ip_on_launch": false,
            "outpost_arn": "",
            "owner_id": "891377163278",
            "private_dns_hostname_type_on_launch": "ip-name",
            "state": "available",
            "tags": {
              "Name": "kdt-DB-Subnet2"
            },
            "timeouts": null,
            "vpc_id": "vpc-04d0105626a303aea"
          },
          "sensitive_attributes": []
        }
      ]
    },
    {
      "module": "module.rds",
      "mode": "managed",
      "type": "aws_db_subnet_group",
      "name": "db_subnet_group",
      "provider": "provider[\"registry.terraform.io/hashicorp/aws\"]",
      "instances": [
        {
          "schema_version": 0,
          "attributes": {
            "arn": "arn:aws:rds:us-east-2:891377163278:subgrp:kdt-rds-sg",
            "description": "Managed by Terraform",
            "id": "kdt-rds-sg",
            "name": "kdt-rds-sg",
            "name_prefix": "",
            "subnet_ids": [
              "subnet-056e9182847d4e030",
              "subnet-0b606706ddb0d097b"
            ],
            "supported_network_types": [
              "IPV4"
            ],
            "tags": null,
            "tags_all": {},
            "vpc_id": "vpc-04d0105626a303aea"
          },
          "sensitive_attributes": [],
          "private": "bnVsbA==",
          "dependencies": [
            "module.rds.data.aws_subnet.db-subnet1",
            "module.rds.data.aws_subnet.db-subnet2",
            "module.security-group.aws_security_group.alb-sg",
            "module.security-group.aws_security_group.database-sg",
            "module.security-group.aws_security_group.web-tier-sg",
            "module.security-group.data.aws_vpc.vpc",
            "module.vpc.aws_eip.eip1",
            "module.vpc.aws_eip.eip2",
            "module.vpc.aws_internet_gateway.igw",
            "module.vpc.aws_nat_gateway.ngw1",
            "module.vpc.aws_nat_gateway.ngw2",
            "module.vpc.aws_route_table.private-rt1",
            "module.vpc.aws_route_table.private-rt2",
            "module.vpc.aws_route_table.public-rt1",
            "module.vpc.aws_route_table.public-rt2",
            "module.vpc.aws_route_table_association.private-rt-association1",
            "module.vpc.aws_route_table_association.private-rt-association2",
            "module.vpc.aws_route_table_association.public-rt-association1",
            "module.vpc.aws_route_table_association.public-rt-association2",
            "module.vpc.aws_subnet.db-subnet1",
            "module.vpc.aws_subnet.db-subnet2",
            "module.vpc.aws_subnet.private-subnet1",
            "module.vpc.aws_subnet.private-subnet2",
            "module.vpc.aws_subnet.public-subnet1",
            "module.vpc.aws_subnet.public-subnet2",
            "module.vpc.aws_vpc.vpc",
            "module.vpc.data.aws_availability_zones.azs"
          ],
          "create_before_destroy": true
        }
      ]
    },
    {
      "module": "module.rds",
      "mode": "managed",
      "type": "aws_rds_cluster",
      "name": "aurora_cluster",
      "provider": "provider[\"registry.terraform.io/hashicorp/aws\"]",
      "instances": [
        {
          "schema_version": 1,
          "attributes": {
            "allocated_storage": 1,
            "allow_major_version_upgrade": null,
            "apply_immediately": null,
            "arn": "arn:aws:rds:us-east-2:891377163278:cluster:aurora-cluster",
            "availability_zones": [
              "us-east-2a",
              "us-east-2b",
              "us-east-2c"
            ],
            "backtrack_window": 0,
            "backup_retention_period": 7,
            "cluster_identifier": "aurora-cluster",
            "cluster_identifier_prefix": "",
            "cluster_members": [],
            "cluster_resource_id": "cluster-WKMEC73JADHPADN5HWZUXQ45F4",
            "copy_tags_to_snapshot": false,
            "database_name": "mydb",
            "db_cluster_instance_class": "",
            "db_cluster_parameter_group_name": "default.aurora-mysql8.0",
            "db_instance_parameter_group_name": null,
            "db_subnet_group_name": "kdt-rds-sg",
            "db_system_id": "",
            "delete_automated_backups": true,
            "deletion_protection": false,
            "domain": "",
            "domain_iam_role_name": "",
            "enable_global_write_forwarding": false,
            "enable_http_endpoint": false,
            "enable_local_write_forwarding": false,
            "enabled_cloudwatch_logs_exports": null,
            "endpoint": "aurora-cluster.cluster-cl6yw0ywwfue.us-east-2.rds.amazonaws.com",
            "engine": "aurora-mysql",
            "engine_mode": "provisioned",
            "engine_version": "8.0.mysql_aurora.3.04.2",
            "engine_version_actual": "8.0.mysql_aurora.3.04.2",
            "final_snapshot_identifier": null,
            "global_cluster_identifier": "",
            "hosted_zone_id": "Z2XHWR1WZ565X2",
            "iam_database_authentication_enabled": false,
            "iam_roles": [],
            "id": "aurora-cluster",
            "iops": 0,
            "kms_key_id": "",
            "manage_master_user_password": null,
            "master_password": "Admin1234",
            "master_user_secret": [],
            "master_user_secret_kms_key_id": null,
            "master_username": "admin",
            "network_type": "IPV4",
            "port": 3306,
            "preferred_backup_window": "07:00-09:00",
            "preferred_maintenance_window": "wed:03:56-wed:04:26",
            "reader_endpoint": "aurora-cluster.cluster-ro-cl6yw0ywwfue.us-east-2.rds.amazonaws.com",
            "replication_source_identifier": "",
            "restore_to_point_in_time": [],
            "s3_import": [],
            "scaling_configuration": [],
            "serverlessv2_scaling_configuration": [],
            "skip_final_snapshot": true,
            "snapshot_identifier": null,
            "source_region": null,
            "storage_encrypted": false,
            "storage_type": "",
            "tags": {
              "Name": "kdt-RDS"
            },
            "tags_all": {
              "Name": "kdt-RDS"
            },
            "timeouts": null,
            "vpc_security_group_ids": [
              "sg-0d6e9010010336b67"
            ]
          },
          "sensitive_attributes": [
            [
              {
                "type": "get_attr",
                "value": "master_password"
              }
            ]
          ],
          "private": "eyJlMmJmYjczMC1lY2FhLTExZTYtOGY4OC0zNDM2M2JjN2M0YzAiOnsiY3JlYXRlIjo3MjAwMDAwMDAwMDAwLCJkZWxldGUiOjcyMDAwMDAwMDAwMDAsInVwZGF0ZSI6NzIwMDAwMDAwMDAwMH0sInNjaGVtYV92ZXJzaW9uIjoiMSJ9",
          "dependencies": [
            "module.rds.aws_db_subnet_group.db_subnet_group",
            "module.rds.data.aws_security_group.db-sg",
            "module.rds.data.aws_subnet.db-subnet1",
            "module.rds.data.aws_subnet.db-subnet2",
            "module.security-group.aws_security_group.alb-sg",
            "module.security-group.aws_security_group.database-sg",
            "module.security-group.aws_security_group.web-tier-sg",
            "module.security-group.data.aws_vpc.vpc",
            "module.vpc.aws_eip.eip1",
            "module.vpc.aws_eip.eip2",
            "module.vpc.aws_internet_gateway.igw",
            "module.vpc.aws_nat_gateway.ngw1",
            "module.vpc.aws_nat_gateway.ngw2",
            "module.vpc.aws_route_table.private-rt1",
            "module.vpc.aws_route_table.private-rt2",
            "module.vpc.aws_route_table.public-rt1",
            "module.vpc.aws_route_table.public-rt2",
            "module.vpc.aws_route_table_association.private-rt-association1",
            "module.vpc.aws_route_table_association.private-rt-association2",
            "module.vpc.aws_route_table_association.public-rt-association1",
            "module.vpc.aws_route_table_association.public-rt-association2",
            "module.vpc.aws_subnet.db-subnet1",
            "module.vpc.aws_subnet.db-subnet2",
            "module.vpc.aws_subnet.private-subnet1",
            "module.vpc.aws_subnet.private-subnet2",
            "module.vpc.aws_subnet.public-subnet1",
            "module.vpc.aws_subnet.public-subnet2",
            "module.vpc.aws_vpc.vpc",
            "module.vpc.data.aws_availability_zones.azs"
          ],
          "create_before_destroy": true
        }
      ]
    },
    {
      "module": "module.rds",
      "mode": "managed",
      "type": "aws_rds_cluster_instance",
      "name": "primary_instance",
      "provider": "provider[\"registry.terraform.io/hashicorp/aws\"]",
      "instances": [
        {
          "schema_version": 0,
          "attributes": {
            "apply_immediately": null,
            "arn": "arn:aws:rds:us-east-2:891377163278:db:primary-instance",
            "auto_minor_version_upgrade": true,
            "availability_zone": "us-east-2a",
            "ca_cert_identifier": "rds-ca-rsa2048-g1",
            "cluster_identifier": "aurora-cluster",
            "copy_tags_to_snapshot": false,
            "custom_iam_instance_profile": "",
            "db_parameter_group_name": "default.aurora-mysql8.0",
            "db_subnet_group_name": "kdt-rds-sg",
            "dbi_resource_id": "db-Y5B2CCYGTX2XI4LGMG5ISWRPY4",
            "endpoint": "primary-instance.cl6yw0ywwfue.us-east-2.rds.amazonaws.com",
            "engine": "aurora-mysql",
            "engine_version": "8.0.mysql_aurora.3.04.2",
            "engine_version_actual": "8.0.mysql_aurora.3.04.2",
            "id": "primary-instance",
            "identifier": "primary-instance",
            "identifier_prefix": "",
            "instance_class": "db.t3.medium",
            "kms_key_id": "",
            "monitoring_interval": 0,
            "monitoring_role_arn": "",
            "network_type": "IPV4",
            "performance_insights_enabled": false,
            "performance_insights_kms_key_id": "",
            "performance_insights_retention_period": 0,
            "port": 3306,
            "preferred_backup_window": "07:00-09:00",
            "preferred_maintenance_window": "tue:06:32-tue:07:02",
            "promotion_tier": 0,
            "publicly_accessible": false,
            "storage_encrypted": false,
            "tags": null,
            "tags_all": {},
            "timeouts": null,
            "writer": true
          },
          "sensitive_attributes": [],
          "private": "eyJlMmJmYjczMC1lY2FhLTExZTYtOGY4OC0zNDM2M2JjN2M0YzAiOnsiY3JlYXRlIjo1NDAwMDAwMDAwMDAwLCJkZWxldGUiOjU0MDAwMDAwMDAwMDAsInVwZGF0ZSI6NTQwMDAwMDAwMDAwMH19",
          "dependencies": [
            "module.rds.aws_db_subnet_group.db_subnet_group",
            "module.rds.aws_rds_cluster.aurora_cluster",
            "module.rds.data.aws_security_group.db-sg",
            "module.rds.data.aws_subnet.db-subnet1",
            "module.rds.data.aws_subnet.db-subnet2",
            "module.security-group.aws_security_group.alb-sg",
            "module.security-group.aws_security_group.database-sg",
            "module.security-group.aws_security_group.web-tier-sg",
            "module.security-group.data.aws_vpc.vpc",
            "module.vpc.aws_eip.eip1",
            "module.vpc.aws_eip.eip2",
            "module.vpc.aws_internet_gateway.igw",
            "module.vpc.aws_nat_gateway.ngw1",
            "module.vpc.aws_nat_gateway.ngw2",
            "module.vpc.aws_route_table.private-rt1",
            "module.vpc.aws_route_table.private-rt2",
            "module.vpc.aws_route_table.public-rt1",
            "module.vpc.aws_route_table.public-rt2",
            "module.vpc.aws_route_table_association.private-rt-association1",
            "module.vpc.aws_route_table_association.private-rt-association2",
            "module.vpc.aws_route_table_association.public-rt-association1",
            "module.vpc.aws_route_table_association.public-rt-association2",
            "module.vpc.aws_subnet.db-subnet1",
            "module.vpc.aws_subnet.db-subnet2",
            "module.vpc.aws_subnet.private-subnet1",
            "module.vpc.aws_subnet.private-subnet2",
            "module.vpc.aws_subnet.public-subnet1",
            "module.vpc.aws_subnet.public-subnet2",
            "module.vpc.aws_vpc.vpc",
            "module.vpc.data.aws_availability_zones.azs"
          ],
          "create_before_destroy": true
        }
      ]
    },
    {
      "module": "module.rds",
      "mode": "managed",
      "type": "aws_rds_cluster_instance",
      "name": "read_replica_instance",
      "provider": "provider[\"registry.terraform.io/hashicorp/aws\"]",
      "instances": [
        {
          "index_key": 0,
          "schema_version": 0,
          "attributes": {
            "apply_immediately": null,
            "arn": "arn:aws:rds:us-east-2:891377163278:db:read-replica-instance-0",
            "auto_minor_version_upgrade": true,
            "availability_zone": "us-east-2b",
            "ca_cert_identifier": "rds-ca-rsa2048-g1",
            "cluster_identifier": "aurora-cluster",
            "copy_tags_to_snapshot": false,
            "custom_iam_instance_profile": "",
            "db_parameter_group_name": "default.aurora-mysql8.0",
            "db_subnet_group_name": "kdt-rds-sg",
            "dbi_resource_id": "db-YZ63URGQVKQECHCTNPJJHLIZNA",
            "endpoint": "read-replica-instance-0.cl6yw0ywwfue.us-east-2.rds.amazonaws.com",
            "engine": "aurora-mysql",
            "engine_version": "8.0.mysql_aurora.3.04.2",
            "engine_version_actual": "8.0.mysql_aurora.3.04.2",
            "id": "read-replica-instance-0",
            "identifier": "read-replica-instance-0",
            "identifier_prefix": "",
            "instance_class": "db.t3.medium",
            "kms_key_id": "",
            "monitoring_interval": 0,
            "monitoring_role_arn": "",
            "network_type": "IPV4",
            "performance_insights_enabled": false,
            "performance_insights_kms_key_id": "",
            "performance_insights_retention_period": 0,
            "port": 3306,
            "preferred_backup_window": "07:00-09:00",
            "preferred_maintenance_window": "sat:08:39-sat:09:09",
            "promotion_tier": 0,
            "publicly_accessible": false,
            "storage_encrypted": false,
            "tags": null,
            "tags_all": {},
            "timeouts": null,
            "writer": false
          },
          "sensitive_attributes": [],
          "private": "eyJlMmJmYjczMC1lY2FhLTExZTYtOGY4OC0zNDM2M2JjN2M0YzAiOnsiY3JlYXRlIjo1NDAwMDAwMDAwMDAwLCJkZWxldGUiOjU0MDAwMDAwMDAwMDAsInVwZGF0ZSI6NTQwMDAwMDAwMDAwMH19",
          "dependencies": [
            "module.rds.aws_db_subnet_group.db_subnet_group",
            "module.rds.aws_rds_cluster.aurora_cluster",
            "module.rds.aws_rds_cluster_instance.primary_instance",
            "module.rds.data.aws_security_group.db-sg",
            "module.rds.data.aws_subnet.db-subnet1",
            "module.rds.data.aws_subnet.db-subnet2",
            "module.security-group.aws_security_group.alb-sg",
            "module.security-group.aws_security_group.database-sg",
            "module.security-group.aws_security_group.web-tier-sg",
            "module.security-group.data.aws_vpc.vpc",
            "module.vpc.aws_eip.eip1",
            "module.vpc.aws_eip.eip2",
            "module.vpc.aws_internet_gateway.igw",
            "module.vpc.aws_nat_gateway.ngw1",
            "module.vpc.aws_nat_gateway.ngw2",
            "module.vpc.aws_route_table.private-rt1",
            "module.vpc.aws_route_table.private-rt2",
            "module.vpc.aws_route_table.public-rt1",
            "module.vpc.aws_route_table.public-rt2",
            "module.vpc.aws_route_table_association.private-rt-association1",
            "module.vpc.aws_route_table_association.private-rt-association2",
            "module.vpc.aws_route_table_association.public-rt-association1",
            "module.vpc.aws_route_table_association.public-rt-association2",
            "module.vpc.aws_subnet.db-subnet1",
            "module.vpc.aws_subnet.db-subnet2",
            "module.vpc.aws_subnet.private-subnet1",
            "module.vpc.aws_subnet.private-subnet2",
            "module.vpc.aws_subnet.public-subnet1",
            "module.vpc.aws_subnet.public-subnet2",
            "module.vpc.aws_vpc.vpc",
            "module.vpc.data.aws_availability_zones.azs"
          ],
          "create_before_destroy": true
        }
      ]
    },
    {
      "module": "module.security-group",
      "mode": "data",
      "type": "aws_vpc",
      "name": "vpc",
      "provider": "provider[\"registry.terraform.io/hashicorp/aws\"]",
      "instances": [
        {
          "schema_version": 0,
          "attributes": {
            "arn": "arn:aws:ec2:us-east-2:891377163278:vpc/vpc-04d0105626a303aea",
            "cidr_block": "10.50.0.0/16",
            "cidr_block_associations": [
              {
                "association_id": "vpc-cidr-assoc-05105735af5ac7f53",
                "cidr_block": "10.50.0.0/16",
                "state": "associated"
              }
            ],
            "default": false,
            "dhcp_options_id": "dopt-0cab42d5410535950",
            "enable_dns_hostnames": true,
            "enable_dns_support": true,
            "enable_network_address_usage_metrics": false,
            "filter": [
              {
                "name": "tag:Name",
                "values": [
                  "kdt-VPC"
                ]
              }
            ],
            "id": "vpc-04d0105626a303aea",
            "instance_tenancy": "default",
            "ipv6_association_id": "",
            "ipv6_cidr_block": "",
            "main_route_table_id": "rtb-096a3918eceb01b99",
            "owner_id": "891377163278",
            "state": null,
            "tags": {
              "Name": "kdt-VPC"
            },
            "timeouts": null
          },
          "sensitive_attributes": []
        }
      ]
    },
    {
      "module": "module.security-group",
      "mode": "managed",
      "type": "aws_security_group",
      "name": "alb-sg",
      "provider": "provider[\"registry.terraform.io/hashicorp/aws\"]",
      "instances": [
        {
          "schema_version": 1,
          "attributes": {
            "arn": "arn:aws:ec2:us-east-2:891377163278:security-group/sg-0463fe13a50ed4c3d",
            "description": "Allow HTTP and HTTPS for World",
            "egress": [
              {
                "cidr_blocks": [
                  "0.0.0.0/0"
                ],
                "description": "",
                "from_port": 0,
                "ipv6_cidr_blocks": [
                  "::/0"
                ],
                "prefix_list_ids": [],
                "protocol": "-1",
                "security_groups": [],
                "self": false,
                "to_port": 0
              }
            ],
            "id": "sg-0463fe13a50ed4c3d",
            "ingress": [
              {
                "cidr_blocks": [
                  "0.0.0.0/0"
                ],
                "description": "",
                "from_port": 443,
                "ipv6_cidr_blocks": [],
                "prefix_list_ids": [],
                "protocol": "tcp",
                "security_groups": [],
                "self": false,
                "to_port": 443
              },
              {
                "cidr_blocks": [
                  "0.0.0.0/0"
                ],
                "description": "",
                "from_port": 80,
                "ipv6_cidr_blocks": [],
                "prefix_list_ids": [],
                "protocol": "tcp",
                "security_groups": [],
                "self": false,
                "to_port": 80
              }
            ],
            "name": "terraform-20240429003528660700000007",
            "name_prefix": "terraform-",
            "owner_id": "891377163278",
            "revoke_rules_on_delete": false,
            "tags": {
              "Name": "kdt-alb-sg"
            },
            "tags_all": {
              "Name": "kdt-alb-sg"
            },
            "timeouts": null,
            "vpc_id": "vpc-04d0105626a303aea"
          },
          "sensitive_attributes": [],
          "private": "eyJlMmJmYjczMC1lY2FhLTExZTYtOGY4OC0zNDM2M2JjN2M0YzAiOnsiY3JlYXRlIjo2MDAwMDAwMDAwMDAsImRlbGV0ZSI6OTAwMDAwMDAwMDAwfSwic2NoZW1hX3ZlcnNpb24iOiIxIn0=",
          "dependencies": [
            "module.security-group.data.aws_vpc.vpc",
            "module.vpc.aws_eip.eip1",
            "module.vpc.aws_eip.eip2",
            "module.vpc.aws_internet_gateway.igw",
            "module.vpc.aws_nat_gateway.ngw1",
            "module.vpc.aws_nat_gateway.ngw2",
            "module.vpc.aws_route_table.private-rt1",
            "module.vpc.aws_route_table.private-rt2",
            "module.vpc.aws_route_table.public-rt1",
            "module.vpc.aws_route_table.public-rt2",
            "module.vpc.aws_route_table_association.private-rt-association1",
            "module.vpc.aws_route_table_association.private-rt-association2",
            "module.vpc.aws_route_table_association.public-rt-association1",
            "module.vpc.aws_route_table_association.public-rt-association2",
            "module.vpc.aws_subnet.db-subnet1",
            "module.vpc.aws_subnet.db-subnet2",
            "module.vpc.aws_subnet.private-subnet1",
            "module.vpc.aws_subnet.private-subnet2",
            "module.vpc.aws_subnet.public-subnet1",
            "module.vpc.aws_subnet.public-subnet2",
            "module.vpc.aws_vpc.vpc",
            "module.vpc.data.aws_availability_zones.azs"
          ],
          "create_before_destroy": true
        }
      ]
    },
    {
      "module": "module.security-group",
      "mode": "managed",
      "type": "aws_security_group",
      "name": "database-sg",
      "provider": "provider[\"registry.terraform.io/hashicorp/aws\"]",
      "instances": [
        {
          "schema_version": 1,
          "attributes": {
            "arn": "arn:aws:ec2:us-east-2:891377163278:security-group/sg-0d6e9010010336b67",
            "description": "Protocol Type MySQL/Aurora",
            "egress": [
              {
                "cidr_blocks": [
                  "0.0.0.0/0"
                ],
                "description": "",
                "from_port": 0,
                "ipv6_cidr_blocks": [
                  "::/0"
                ],
                "prefix_list_ids": [],
                "protocol": "-1",
                "security_groups": [],
                "self": false,
                "to_port": 0
              }
            ],
            "id": "sg-0d6e9010010336b67",
            "ingress": [
              {
                "cidr_blocks": [],
                "description": "",
                "from_port": 3306,
                "ipv6_cidr_blocks": [],
                "prefix_list_ids": [],
                "protocol": "tcp",
                "security_groups": [
                  "sg-05ebff8934f59e7df"
                ],
                "self": false,
                "to_port": 3306
              }
            ],
            "name": "terraform-20240429003537507300000009",
            "name_prefix": "terraform-",
            "owner_id": "891377163278",
            "revoke_rules_on_delete": false,
            "tags": {
              "Name": "kdt-db-sg"
            },
            "tags_all": {
              "Name": "kdt-db-sg"
            },
            "timeouts": null,
            "vpc_id": "vpc-04d0105626a303aea"
          },
          "sensitive_attributes": [],
          "private": "eyJlMmJmYjczMC1lY2FhLTExZTYtOGY4OC0zNDM2M2JjN2M0YzAiOnsiY3JlYXRlIjo2MDAwMDAwMDAwMDAsImRlbGV0ZSI6OTAwMDAwMDAwMDAwfSwic2NoZW1hX3ZlcnNpb24iOiIxIn0=",
          "dependencies": [
            "module.security-group.aws_security_group.alb-sg",
            "module.security-group.aws_security_group.web-tier-sg",
            "module.security-group.data.aws_vpc.vpc",
            "module.vpc.aws_eip.eip1",
            "module.vpc.aws_eip.eip2",
            "module.vpc.aws_internet_gateway.igw",
            "module.vpc.aws_nat_gateway.ngw1",
            "module.vpc.aws_nat_gateway.ngw2",
            "module.vpc.aws_route_table.private-rt1",
            "module.vpc.aws_route_table.private-rt2",
            "module.vpc.aws_route_table.public-rt1",
            "module.vpc.aws_route_table.public-rt2",
            "module.vpc.aws_route_table_association.private-rt-association1",
            "module.vpc.aws_route_table_association.private-rt-association2",
            "module.vpc.aws_route_table_association.public-rt-association1",
            "module.vpc.aws_route_table_association.public-rt-association2",
            "module.vpc.aws_subnet.db-subnet1",
            "module.vpc.aws_subnet.db-subnet2",
            "module.vpc.aws_subnet.private-subnet1",
            "module.vpc.aws_subnet.private-subnet2",
            "module.vpc.aws_subnet.public-subnet1",
            "module.vpc.aws_subnet.public-subnet2",
            "module.vpc.aws_vpc.vpc",
            "module.vpc.data.aws_availability_zones.azs"
          ],
          "create_before_destroy": true
        }
      ]
    },
    {
      "module": "module.security-group",
      "mode": "managed",
      "type": "aws_security_group",
      "name": "web-tier-sg",
      "provider": "provider[\"registry.terraform.io/hashicorp/aws\"]",
      "instances": [
        {
          "schema_version": 1,
          "attributes": {
            "arn": "arn:aws:ec2:us-east-2:891377163278:security-group/sg-05ebff8934f59e7df",
            "description": "Allow HTTP and HTTPS for ALB Only",
            "egress": [
              {
                "cidr_blocks": [
                  "0.0.0.0/0"
                ],
                "description": "",
                "from_port": 0,
                "ipv6_cidr_blocks": [
                  "::/0"
                ],
                "prefix_list_ids": [],
                "protocol": "-1",
                "security_groups": [],
                "self": false,
                "to_port": 0
              }
            ],
            "id": "sg-05ebff8934f59e7df",
            "ingress": [
              {
                "cidr_blocks": [],
                "description": "",
                "from_port": 443,
                "ipv6_cidr_blocks": [],
                "prefix_list_ids": [],
                "protocol": "tcp",
                "security_groups": [
                  "sg-0463fe13a50ed4c3d"
                ],
                "self": false,
                "to_port": 443
              },
              {
                "cidr_blocks": [],
                "description": "",
                "from_port": 80,
                "ipv6_cidr_blocks": [],
                "prefix_list_ids": [],
                "protocol": "tcp",
                "security_groups": [
                  "sg-0463fe13a50ed4c3d"
                ],
                "self": false,
                "to_port": 80
              }
            ],
            "name": "terraform-20240429003533096800000008",
            "name_prefix": "terraform-",
            "owner_id": "891377163278",
            "revoke_rules_on_delete": false,
            "tags": {
              "Name": "kdt-web-sg"
            },
            "tags_all": {
              "Name": "kdt-web-sg"
            },
            "timeouts": null,
            "vpc_id": "vpc-04d0105626a303aea"
          },
          "sensitive_attributes": [],
          "private": "eyJlMmJmYjczMC1lY2FhLTExZTYtOGY4OC0zNDM2M2JjN2M0YzAiOnsiY3JlYXRlIjo2MDAwMDAwMDAwMDAsImRlbGV0ZSI6OTAwMDAwMDAwMDAwfSwic2NoZW1hX3ZlcnNpb24iOiIxIn0=",
          "dependencies": [
            "module.security-group.aws_security_group.alb-sg",
            "module.security-group.data.aws_vpc.vpc",
            "module.vpc.aws_eip.eip1",
            "module.vpc.aws_eip.eip2",
            "module.vpc.aws_internet_gateway.igw",
            "module.vpc.aws_nat_gateway.ngw1",
            "module.vpc.aws_nat_gateway.ngw2",
            "module.vpc.aws_route_table.private-rt1",
            "module.vpc.aws_route_table.private-rt2",
            "module.vpc.aws_route_table.public-rt1",
            "module.vpc.aws_route_table.public-rt2",
            "module.vpc.aws_route_table_association.private-rt-association1",
            "module.vpc.aws_route_table_association.private-rt-association2",
            "module.vpc.aws_route_table_association.public-rt-association1",
            "module.vpc.aws_route_table_association.public-rt-association2",
            "module.vpc.aws_subnet.db-subnet1",
            "module.vpc.aws_subnet.db-subnet2",
            "module.vpc.aws_subnet.private-subnet1",
            "module.vpc.aws_subnet.private-subnet2",
            "module.vpc.aws_subnet.public-subnet1",
            "module.vpc.aws_subnet.public-subnet2",
            "module.vpc.aws_vpc.vpc",
            "module.vpc.data.aws_availability_zones.azs"
          ],
          "create_before_destroy": true
        }
      ]
    },
    {
      "module": "module.vpc",
      "mode": "data",
      "type": "aws_availability_zones",
      "name": "azs",
      "provider": "provider[\"registry.terraform.io/hashicorp/aws\"]",
      "instances": [
        {
          "schema_version": 0,
          "attributes": {
            "all_availability_zones": null,
            "exclude_names": null,
            "exclude_zone_ids": null,
            "filter": [
              {
                "name": "opt-in-status",
                "values": [
                  "opt-in-not-required"
                ]
              }
            ],
            "group_names": [
              "us-east-2"
            ],
            "id": "us-east-2",
            "names": [
              "us-east-2a",
              "us-east-2b",
              "us-east-2c"
            ],
            "state": null,
            "timeouts": null,
            "zone_ids": [
              "use2-az1",
              "use2-az2",
              "use2-az3"
            ]
          },
          "sensitive_attributes": []
        }
      ]
    },
    {
      "module": "module.vpc",
      "mode": "managed",
      "type": "aws_eip",
      "name": "eip1",
      "provider": "provider[\"registry.terraform.io/hashicorp/aws\"]",
      "instances": [
        {
          "schema_version": 0,
          "attributes": {
            "address": null,
            "allocation_id": "eipalloc-04bcbe7668988043c",
            "associate_with_private_ip": null,
            "association_id": "",
            "carrier_ip": "",
            "customer_owned_ip": "",
            "customer_owned_ipv4_pool": "",
            "domain": "vpc",
            "id": "eipalloc-04bcbe7668988043c",
            "instance": "",
            "network_border_group": "us-east-2",
            "network_interface": "",
            "private_dns": null,
            "private_ip": "",
            "ptr_record": "",
            "public_dns": "ec2-18-116-186-250.us-east-2.compute.amazonaws.com",
            "public_ip": "18.116.186.250",
            "public_ipv4_pool": "amazon",
            "tags": {
              "Name": "kdt-Elastic-IP1"
            },
            "tags_all": {
              "Name": "kdt-Elastic-IP1"
            },
            "timeouts": null,
            "vpc": true
          },
          "sensitive_attributes": [],
          "private": "eyJlMmJmYjczMC1lY2FhLTExZTYtOGY4OC0zNDM2M2JjN2M0YzAiOnsiZGVsZXRlIjoxODAwMDAwMDAwMDAsInJlYWQiOjkwMDAwMDAwMDAwMCwidXBkYXRlIjozMDAwMDAwMDAwMDB9fQ==",
          "dependencies": [
            "module.vpc.aws_internet_gateway.igw",
            "module.vpc.aws_subnet.private-subnet1",
            "module.vpc.aws_subnet.private-subnet2",
            "module.vpc.aws_subnet.public-subnet1",
            "module.vpc.aws_subnet.public-subnet2",
            "module.vpc.aws_vpc.vpc",
            "module.vpc.data.aws_availability_zones.azs"
          ],
          "create_before_destroy": true
        }
      ]
    },
    {
      "module": "module.vpc",
      "mode": "managed",
      "type": "aws_eip",
      "name": "eip2",
      "provider": "provider[\"registry.terraform.io/hashicorp/aws\"]",
      "instances": [
        {
          "schema_version": 0,
          "attributes": {
            "address": null,
            "allocation_id": "eipalloc-00f2ae1a8975dcee0",
            "associate_with_private_ip": null,
            "association_id": "",
            "carrier_ip": "",
            "customer_owned_ip": "",
            "customer_owned_ipv4_pool": "",
            "domain": "vpc",
            "id": "eipalloc-00f2ae1a8975dcee0",
            "instance": "",
            "network_border_group": "us-east-2",
            "network_interface": "",
            "private_dns": null,
            "private_ip": "",
            "ptr_record": "",
            "public_dns": "ec2-13-58-213-182.us-east-2.compute.amazonaws.com",
            "public_ip": "13.58.213.182",
            "public_ipv4_pool": "amazon",
            "tags": {
              "Name": "kdt-Elastic-IP2"
            },
            "tags_all": {
              "Name": "kdt-Elastic-IP2"
            },
            "timeouts": null,
            "vpc": true
          },
          "sensitive_attributes": [],
          "private": "eyJlMmJmYjczMC1lY2FhLTExZTYtOGY4OC0zNDM2M2JjN2M0YzAiOnsiZGVsZXRlIjoxODAwMDAwMDAwMDAsInJlYWQiOjkwMDAwMDAwMDAwMCwidXBkYXRlIjozMDAwMDAwMDAwMDB9fQ==",
          "dependencies": [
            "module.vpc.aws_eip.eip1",
            "module.vpc.aws_internet_gateway.igw",
            "module.vpc.aws_subnet.private-subnet1",
            "module.vpc.aws_subnet.private-subnet2",
            "module.vpc.aws_subnet.public-subnet1",
            "module.vpc.aws_subnet.public-subnet2",
            "module.vpc.aws_vpc.vpc",
            "module.vpc.data.aws_availability_zones.azs"
          ],
          "create_before_destroy": true
        }
      ]
    },
    {
      "module": "module.vpc",
      "mode": "managed",
      "type": "aws_internet_gateway",
      "name": "igw",
      "provider": "provider[\"registry.terraform.io/hashicorp/aws\"]",
      "instances": [
        {
          "schema_version": 0,
          "attributes": {
            "arn": "arn:aws:ec2:us-east-2:891377163278:internet-gateway/igw-0a94e98ee1d833f25",
            "id": "igw-0a94e98ee1d833f25",
            "owner_id": "891377163278",
            "tags": {
              "Name": "kdt-Interet-Gateway"
            },
            "tags_all": {
              "Name": "kdt-Interet-Gateway"
            },
            "timeouts": null,
            "vpc_id": "vpc-04d0105626a303aea"
          },
          "sensitive_attributes": [],
          "private": "eyJlMmJmYjczMC1lY2FhLTExZTYtOGY4OC0zNDM2M2JjN2M0YzAiOnsiY3JlYXRlIjoxMjAwMDAwMDAwMDAwLCJkZWxldGUiOjEyMDAwMDAwMDAwMDAsInVwZGF0ZSI6MTIwMDAwMDAwMDAwMH19",
          "dependencies": [
            "module.vpc.aws_vpc.vpc"
          ],
          "create_before_destroy": true
        }
      ]
    },
    {
      "module": "module.vpc",
      "mode": "managed",
      "type": "aws_nat_gateway",
      "name": "ngw1",
      "provider": "provider[\"registry.terraform.io/hashicorp/aws\"]",
      "instances": [
        {
          "schema_version": 0,
          "attributes": {
            "allocation_id": "eipalloc-04bcbe7668988043c",
            "association_id": "eipassoc-0db84debf27bdbba0",
            "connectivity_type": "public",
            "id": "nat-0669f0503d125317d",
            "network_interface_id": "eni-0b7c741c235ca2dd1",
            "private_ip": "10.50.0.227",
            "public_ip": "18.116.186.250",
            "secondary_allocation_ids": null,
            "secondary_private_ip_address_count": 0,
            "secondary_private_ip_addresses": [],
            "subnet_id": "subnet-0703112b938e8a8e5",
            "tags": {
              "Name": "kdt-NAT1"
            },
            "tags_all": {
              "Name": "kdt-NAT1"
            },
            "timeouts": null
          },
          "sensitive_attributes": [],
          "private": "eyJlMmJmYjczMC1lY2FhLTExZTYtOGY4OC0zNDM2M2JjN2M0YzAiOnsiY3JlYXRlIjo2MDAwMDAwMDAwMDAsImRlbGV0ZSI6MTgwMDAwMDAwMDAwMCwidXBkYXRlIjo2MDAwMDAwMDAwMDB9fQ==",
          "dependencies": [
            "module.vpc.aws_eip.eip1",
            "module.vpc.aws_eip.eip2",
            "module.vpc.aws_internet_gateway.igw",
            "module.vpc.aws_subnet.private-subnet1",
            "module.vpc.aws_subnet.private-subnet2",
            "module.vpc.aws_subnet.public-subnet1",
            "module.vpc.aws_subnet.public-subnet2",
            "module.vpc.aws_vpc.vpc",
            "module.vpc.data.aws_availability_zones.azs"
          ],
          "create_before_destroy": true
        }
      ]
    },
    {
      "module": "module.vpc",
      "mode": "managed",
      "type": "aws_nat_gateway",
      "name": "ngw2",
      "provider": "provider[\"registry.terraform.io/hashicorp/aws\"]",
      "instances": [
        {
          "schema_version": 0,
          "attributes": {
            "allocation_id": "eipalloc-00f2ae1a8975dcee0",
            "association_id": "eipassoc-0ef5c2af346a6e638",
            "connectivity_type": "public",
            "id": "nat-03ab2edb2db809c6a",
            "network_interface_id": "eni-04163b016c9dc4669",
            "private_ip": "10.50.1.119",
            "public_ip": "13.58.213.182",
            "secondary_allocation_ids": null,
            "secondary_private_ip_address_count": 0,
            "secondary_private_ip_addresses": [],
            "subnet_id": "subnet-0e0a2d3d083905f8f",
            "tags": {
              "Name": "kdt-NAT2"
            },
            "tags_all": {
              "Name": "kdt-NAT2"
            },
            "timeouts": null
          },
          "sensitive_attributes": [],
          "private": "eyJlMmJmYjczMC1lY2FhLTExZTYtOGY4OC0zNDM2M2JjN2M0YzAiOnsiY3JlYXRlIjo2MDAwMDAwMDAwMDAsImRlbGV0ZSI6MTgwMDAwMDAwMDAwMCwidXBkYXRlIjo2MDAwMDAwMDAwMDB9fQ==",
          "dependencies": [
            "module.vpc.aws_eip.eip1",
            "module.vpc.aws_eip.eip2",
            "module.vpc.aws_internet_gateway.igw",
            "module.vpc.aws_nat_gateway.ngw1",
            "module.vpc.aws_subnet.private-subnet1",
            "module.vpc.aws_subnet.private-subnet2",
            "module.vpc.aws_subnet.public-subnet1",
            "module.vpc.aws_subnet.public-subnet2",
            "module.vpc.aws_vpc.vpc",
            "module.vpc.data.aws_availability_zones.azs"
          ],
          "create_before_destroy": true
        }
      ]
    },
    {
      "module": "module.vpc",
      "mode": "managed",
      "type": "aws_route_table",
      "name": "private-rt1",
      "provider": "provider[\"registry.terraform.io/hashicorp/aws\"]",
      "instances": [
        {
          "schema_version": 0,
          "attributes": {
            "arn": "arn:aws:ec2:us-east-2:891377163278:route-table/rtb-004c26de9c069ad58",
            "id": "rtb-004c26de9c069ad58",
            "owner_id": "891377163278",
            "propagating_vgws": [],
            "route": [
              {
                "carrier_gateway_id": "",
                "cidr_block": "0.0.0.0/0",
                "core_network_arn": "",
                "destination_prefix_list_id": "",
                "egress_only_gateway_id": "",
                "gateway_id": "nat-0669f0503d125317d",
                "ipv6_cidr_block": "",
                "local_gateway_id": "",
                "nat_gateway_id": "",
                "network_interface_id": "",
                "transit_gateway_id": "",
                "vpc_endpoint_id": "",
                "vpc_peering_connection_id": ""
              }
            ],
            "tags": {
              "Name": "kdt-Private-Route-table1"
            },
            "tags_all": {
              "Name": "kdt-Private-Route-table1"
            },
            "timeouts": null,
            "vpc_id": "vpc-04d0105626a303aea"
          },
          "sensitive_attributes": [],
          "private": "eyJlMmJmYjczMC1lY2FhLTExZTYtOGY4OC0zNDM2M2JjN2M0YzAiOnsiY3JlYXRlIjozMDAwMDAwMDAwMDAsImRlbGV0ZSI6MzAwMDAwMDAwMDAwLCJ1cGRhdGUiOjEyMDAwMDAwMDAwMH19",
          "dependencies": [
            "module.vpc.aws_eip.eip1",
            "module.vpc.aws_eip.eip2",
            "module.vpc.aws_internet_gateway.igw",
            "module.vpc.aws_nat_gateway.ngw1",
            "module.vpc.aws_nat_gateway.ngw2",
            "module.vpc.aws_route_table.public-rt1",
            "module.vpc.aws_route_table.public-rt2",
            "module.vpc.aws_route_table_association.public-rt-association1",
            "module.vpc.aws_route_table_association.public-rt-association2",
            "module.vpc.aws_subnet.private-subnet1",
            "module.vpc.aws_subnet.private-subnet2",
            "module.vpc.aws_subnet.public-subnet1",
            "module.vpc.aws_subnet.public-subnet2",
            "module.vpc.aws_vpc.vpc",
            "module.vpc.data.aws_availability_zones.azs"
          ],
          "create_before_destroy": true
        }
      ]
    },
    {
      "module": "module.vpc",
      "mode": "managed",
      "type": "aws_route_table",
      "name": "private-rt2",
      "provider": "provider[\"registry.terraform.io/hashicorp/aws\"]",
      "instances": [
        {
          "schema_version": 0,
          "attributes": {
            "arn": "arn:aws:ec2:us-east-2:891377163278:route-table/rtb-090a76457ef00e5a5",
            "id": "rtb-090a76457ef00e5a5",
            "owner_id": "891377163278",
            "propagating_vgws": [],
            "route": [
              {
                "carrier_gateway_id": "",
                "cidr_block": "0.0.0.0/0",
                "core_network_arn": "",
                "destination_prefix_list_id": "",
                "egress_only_gateway_id": "",
                "gateway_id": "nat-0669f0503d125317d",
                "ipv6_cidr_block": "",
                "local_gateway_id": "",
                "nat_gateway_id": "",
                "network_interface_id": "",
                "transit_gateway_id": "",
                "vpc_endpoint_id": "",
                "vpc_peering_connection_id": ""
              }
            ],
            "tags": {
              "Name": "kdt-Private-Route-table2"
            },
            "tags_all": {
              "Name": "kdt-Private-Route-table2"
            },
            "timeouts": null,
            "vpc_id": "vpc-04d0105626a303aea"
          },
          "sensitive_attributes": [],
          "private": "eyJlMmJmYjczMC1lY2FhLTExZTYtOGY4OC0zNDM2M2JjN2M0YzAiOnsiY3JlYXRlIjozMDAwMDAwMDAwMDAsImRlbGV0ZSI6MzAwMDAwMDAwMDAwLCJ1cGRhdGUiOjEyMDAwMDAwMDAwMH19",
          "dependencies": [
            "module.vpc.aws_eip.eip1",
            "module.vpc.aws_eip.eip2",
            "module.vpc.aws_internet_gateway.igw",
            "module.vpc.aws_nat_gateway.ngw1",
            "module.vpc.aws_nat_gateway.ngw2",
            "module.vpc.aws_route_table.private-rt1",
            "module.vpc.aws_route_table.public-rt1",
            "module.vpc.aws_route_table.public-rt2",
            "module.vpc.aws_route_table_association.private-rt-association1",
            "module.vpc.aws_route_table_association.public-rt-association1",
            "module.vpc.aws_route_table_association.public-rt-association2",
            "module.vpc.aws_subnet.private-subnet1",
            "module.vpc.aws_subnet.private-subnet2",
            "module.vpc.aws_subnet.public-subnet1",
            "module.vpc.aws_subnet.public-subnet2",
            "module.vpc.aws_vpc.vpc",
            "module.vpc.data.aws_availability_zones.azs"
          ],
          "create_before_destroy": true
        }
      ]
    },
    {
      "module": "module.vpc",
      "mode": "managed",
      "type": "aws_route_table",
      "name": "public-rt1",
      "provider": "provider[\"registry.terraform.io/hashicorp/aws\"]",
      "instances": [
        {
          "schema_version": 0,
          "attributes": {
            "arn": "arn:aws:ec2:us-east-2:891377163278:route-table/rtb-018870118b6a8386d",
            "id": "rtb-018870118b6a8386d",
            "owner_id": "891377163278",
            "propagating_vgws": [],
            "route": [
              {
                "carrier_gateway_id": "",
                "cidr_block": "0.0.0.0/0",
                "core_network_arn": "",
                "destination_prefix_list_id": "",
                "egress_only_gateway_id": "",
                "gateway_id": "igw-0a94e98ee1d833f25",
                "ipv6_cidr_block": "",
                "local_gateway_id": "",
                "nat_gateway_id": "",
                "network_interface_id": "",
                "transit_gateway_id": "",
                "vpc_endpoint_id": "",
                "vpc_peering_connection_id": ""
              }
            ],
            "tags": {
              "Name": "kdt-Public-Route-table1"
            },
            "tags_all": {
              "Name": "kdt-Public-Route-table1"
            },
            "timeouts": null,
            "vpc_id": "vpc-04d0105626a303aea"
          },
          "sensitive_attributes": [],
          "private": "eyJlMmJmYjczMC1lY2FhLTExZTYtOGY4OC0zNDM2M2JjN2M0YzAiOnsiY3JlYXRlIjozMDAwMDAwMDAwMDAsImRlbGV0ZSI6MzAwMDAwMDAwMDAwLCJ1cGRhdGUiOjEyMDAwMDAwMDAwMH19",
          "dependencies": [
            "module.vpc.aws_eip.eip1",
            "module.vpc.aws_eip.eip2",
            "module.vpc.aws_internet_gateway.igw",
            "module.vpc.aws_nat_gateway.ngw1",
            "module.vpc.aws_nat_gateway.ngw2",
            "module.vpc.aws_subnet.private-subnet1",
            "module.vpc.aws_subnet.private-subnet2",
            "module.vpc.aws_subnet.public-subnet1",
            "module.vpc.aws_subnet.public-subnet2",
            "module.vpc.aws_vpc.vpc",
            "module.vpc.data.aws_availability_zones.azs"
          ],
          "create_before_destroy": true
        }
      ]
    },
    {
      "module": "module.vpc",
      "mode": "managed",
      "type": "aws_route_table",
      "name": "public-rt2",
      "provider": "provider[\"registry.terraform.io/hashicorp/aws\"]",
      "instances": [
        {
          "schema_version": 0,
          "attributes": {
            "arn": "arn:aws:ec2:us-east-2:891377163278:route-table/rtb-09eecdd5a3d7a5755",
            "id": "rtb-09eecdd5a3d7a5755",
            "owner_id": "891377163278",
            "propagating_vgws": [],
            "route": [
              {
                "carrier_gateway_id": "",
                "cidr_block": "0.0.0.0/0",
                "core_network_arn": "",
                "destination_prefix_list_id": "",
                "egress_only_gateway_id": "",
                "gateway_id": "igw-0a94e98ee1d833f25",
                "ipv6_cidr_block": "",
                "local_gateway_id": "",
                "nat_gateway_id": "",
                "network_interface_id": "",
                "transit_gateway_id": "",
                "vpc_endpoint_id": "",
                "vpc_peering_connection_id": ""
              }
            ],
            "tags": {
              "Name": "kdt-Public-Route-table2"
            },
            "tags_all": {
              "Name": "kdt-Public-Route-table2"
            },
            "timeouts": null,
            "vpc_id": "vpc-04d0105626a303aea"
          },
          "sensitive_attributes": [],
          "private": "eyJlMmJmYjczMC1lY2FhLTExZTYtOGY4OC0zNDM2M2JjN2M0YzAiOnsiY3JlYXRlIjozMDAwMDAwMDAwMDAsImRlbGV0ZSI6MzAwMDAwMDAwMDAwLCJ1cGRhdGUiOjEyMDAwMDAwMDAwMH19",
          "dependencies": [
            "module.vpc.aws_eip.eip1",
            "module.vpc.aws_eip.eip2",
            "module.vpc.aws_internet_gateway.igw",
            "module.vpc.aws_nat_gateway.ngw1",
            "module.vpc.aws_nat_gateway.ngw2",
            "module.vpc.aws_route_table.public-rt1",
            "module.vpc.aws_route_table_association.public-rt-association1",
            "module.vpc.aws_subnet.private-subnet1",
            "module.vpc.aws_subnet.private-subnet2",
            "module.vpc.aws_subnet.public-subnet1",
            "module.vpc.aws_subnet.public-subnet2",
            "module.vpc.aws_vpc.vpc",
            "module.vpc.data.aws_availability_zones.azs"
          ],
          "create_before_destroy": true
        }
      ]
    },
    {
      "module": "module.vpc",
      "mode": "managed",
      "type": "aws_route_table_association",
      "name": "private-rt-association1",
      "provider": "provider[\"registry.terraform.io/hashicorp/aws\"]",
      "instances": [
        {
          "schema_version": 0,
          "attributes": {
            "gateway_id": "",
            "id": "rtbassoc-0f1ea17071ecf20e7",
            "route_table_id": "rtb-004c26de9c069ad58",
            "subnet_id": "subnet-0430267a787296d49",
            "timeouts": null
          },
          "sensitive_attributes": [],
          "private": "eyJlMmJmYjczMC1lY2FhLTExZTYtOGY4OC0zNDM2M2JjN2M0YzAiOnsiY3JlYXRlIjozMDAwMDAwMDAwMDAsImRlbGV0ZSI6MzAwMDAwMDAwMDAwLCJ1cGRhdGUiOjEyMDAwMDAwMDAwMH19",
          "dependencies": [
            "module.vpc.aws_eip.eip1",
            "module.vpc.aws_eip.eip2",
            "module.vpc.aws_internet_gateway.igw",
            "module.vpc.aws_nat_gateway.ngw1",
            "module.vpc.aws_nat_gateway.ngw2",
            "module.vpc.aws_route_table.private-rt1",
            "module.vpc.aws_route_table.public-rt1",
            "module.vpc.aws_route_table.public-rt2",
            "module.vpc.aws_route_table_association.public-rt-association1",
            "module.vpc.aws_route_table_association.public-rt-association2",
            "module.vpc.aws_subnet.private-subnet1",
            "module.vpc.aws_subnet.private-subnet2",
            "module.vpc.aws_subnet.public-subnet1",
            "module.vpc.aws_subnet.public-subnet2",
            "module.vpc.aws_vpc.vpc",
            "module.vpc.data.aws_availability_zones.azs"
          ],
          "create_before_destroy": true
        }
      ]
    },
    {
      "module": "module.vpc",
      "mode": "managed",
      "type": "aws_route_table_association",
      "name": "private-rt-association2",
      "provider": "provider[\"registry.terraform.io/hashicorp/aws\"]",
      "instances": [
        {
          "schema_version": 0,
          "attributes": {
            "gateway_id": "",
            "id": "rtbassoc-07a0ce7c417b88770",
            "route_table_id": "rtb-090a76457ef00e5a5",
            "subnet_id": "subnet-08ba04f73392811ba",
            "timeouts": null
          },
          "sensitive_attributes": [],
          "private": "eyJlMmJmYjczMC1lY2FhLTExZTYtOGY4OC0zNDM2M2JjN2M0YzAiOnsiY3JlYXRlIjozMDAwMDAwMDAwMDAsImRlbGV0ZSI6MzAwMDAwMDAwMDAwLCJ1cGRhdGUiOjEyMDAwMDAwMDAwMH19",
          "dependencies": [
            "module.vpc.aws_eip.eip1",
            "module.vpc.aws_eip.eip2",
            "module.vpc.aws_internet_gateway.igw",
            "module.vpc.aws_nat_gateway.ngw1",
            "module.vpc.aws_nat_gateway.ngw2",
            "module.vpc.aws_route_table.private-rt1",
            "module.vpc.aws_route_table.private-rt2",
            "module.vpc.aws_route_table.public-rt1",
            "module.vpc.aws_route_table.public-rt2",
            "module.vpc.aws_route_table_association.private-rt-association1",
            "module.vpc.aws_route_table_association.public-rt-association1",
            "module.vpc.aws_route_table_association.public-rt-association2",
            "module.vpc.aws_subnet.private-subnet1",
            "module.vpc.aws_subnet.private-subnet2",
            "module.vpc.aws_subnet.public-subnet1",
            "module.vpc.aws_subnet.public-subnet2",
            "module.vpc.aws_vpc.vpc",
            "module.vpc.data.aws_availability_zones.azs"
          ],
          "create_before_destroy": true
        }
      ]
    },
    {
      "module": "module.vpc",
      "mode": "managed",
      "type": "aws_route_table_association",
      "name": "public-rt-association1",
      "provider": "provider[\"registry.terraform.io/hashicorp/aws\"]",
      "instances": [
        {
          "schema_version": 0,
          "attributes": {
            "gateway_id": "",
            "id": "rtbassoc-0d0037e89f3c0698f",
            "route_table_id": "rtb-018870118b6a8386d",
            "subnet_id": "subnet-0703112b938e8a8e5",
            "timeouts": null
          },
          "sensitive_attributes": [],
          "private": "eyJlMmJmYjczMC1lY2FhLTExZTYtOGY4OC0zNDM2M2JjN2M0YzAiOnsiY3JlYXRlIjozMDAwMDAwMDAwMDAsImRlbGV0ZSI6MzAwMDAwMDAwMDAwLCJ1cGRhdGUiOjEyMDAwMDAwMDAwMH19",
          "dependencies": [
            "module.vpc.aws_eip.eip1",
            "module.vpc.aws_eip.eip2",
            "module.vpc.aws_internet_gateway.igw",
            "module.vpc.aws_nat_gateway.ngw1",
            "module.vpc.aws_nat_gateway.ngw2",
            "module.vpc.aws_route_table.public-rt1",
            "module.vpc.aws_subnet.private-subnet1",
            "module.vpc.aws_subnet.private-subnet2",
            "module.vpc.aws_subnet.public-subnet1",
            "module.vpc.aws_subnet.public-subnet2",
            "module.vpc.aws_vpc.vpc",
            "module.vpc.data.aws_availability_zones.azs"
          ],
          "create_before_destroy": true
        }
      ]
    },
    {
      "module": "module.vpc",
      "mode": "managed",
      "type": "aws_route_table_association",
      "name": "public-rt-association2",
      "provider": "provider[\"registry.terraform.io/hashicorp/aws\"]",
      "instances": [
        {
          "schema_version": 0,
          "attributes": {
            "gateway_id": "",
            "id": "rtbassoc-0fbba1feb9680c658",
            "route_table_id": "rtb-09eecdd5a3d7a5755",
            "subnet_id": "subnet-0e0a2d3d083905f8f",
            "timeouts": null
          },
          "sensitive_attributes": [],
          "private": "eyJlMmJmYjczMC1lY2FhLTExZTYtOGY4OC0zNDM2M2JjN2M0YzAiOnsiY3JlYXRlIjozMDAwMDAwMDAwMDAsImRlbGV0ZSI6MzAwMDAwMDAwMDAwLCJ1cGRhdGUiOjEyMDAwMDAwMDAwMH19",
          "dependencies": [
            "module.vpc.aws_eip.eip1",
            "module.vpc.aws_eip.eip2",
            "module.vpc.aws_internet_gateway.igw",
            "module.vpc.aws_nat_gateway.ngw1",
            "module.vpc.aws_nat_gateway.ngw2",
            "module.vpc.aws_route_table.public-rt1",
            "module.vpc.aws_route_table.public-rt2",
            "module.vpc.aws_route_table_association.public-rt-association1",
            "module.vpc.aws_subnet.private-subnet1",
            "module.vpc.aws_subnet.private-subnet2",
            "module.vpc.aws_subnet.public-subnet1",
            "module.vpc.aws_subnet.public-subnet2",
            "module.vpc.aws_vpc.vpc",
            "module.vpc.data.aws_availability_zones.azs"
          ],
          "create_before_destroy": true
        }
      ]
    },
    {
      "module": "module.vpc",
      "mode": "managed",
      "type": "aws_subnet",
      "name": "db-subnet1",
      "provider": "provider[\"registry.terraform.io/hashicorp/aws\"]",
      "instances": [
        {
          "schema_version": 1,
          "attributes": {
            "arn": "arn:aws:ec2:us-east-2:891377163278:subnet/subnet-0b606706ddb0d097b",
            "assign_ipv6_address_on_creation": false,
            "availability_zone": "us-east-2a",
            "availability_zone_id": "use2-az1",
            "cidr_block": "10.50.20.0/24",
            "customer_owned_ipv4_pool": "",
            "enable_dns64": false,
            "enable_lni_at_device_index": 0,
            "enable_resource_name_dns_a_record_on_launch": false,
            "enable_resource_name_dns_aaaa_record_on_launch": false,
            "id": "subnet-0b606706ddb0d097b",
            "ipv6_cidr_block": "",
            "ipv6_cidr_block_association_id": "",
            "ipv6_native": false,
            "map_customer_owned_ip_on_launch": false,
            "map_public_ip_on_launch": false,
            "outpost_arn": "",
            "owner_id": "891377163278",
            "private_dns_hostname_type_on_launch": "ip-name",
            "tags": {
              "Name": "kdt-DB-Subnet1"
            },
            "tags_all": {
              "Name": "kdt-DB-Subnet1"
            },
            "timeouts": null,
            "vpc_id": "vpc-04d0105626a303aea"
          },
          "sensitive_attributes": [],
          "private": "eyJlMmJmYjczMC1lY2FhLTExZTYtOGY4OC0zNDM2M2JjN2M0YzAiOnsiY3JlYXRlIjo2MDAwMDAwMDAwMDAsImRlbGV0ZSI6MTIwMDAwMDAwMDAwMH0sInNjaGVtYV92ZXJzaW9uIjoiMSJ9",
          "dependencies": [
            "module.vpc.aws_vpc.vpc",
            "module.vpc.data.aws_availability_zones.azs"
          ],
          "create_before_destroy": true
        }
      ]
    },
    {
      "module": "module.vpc",
      "mode": "managed",
      "type": "aws_subnet",
      "name": "db-subnet2",
      "provider": "provider[\"registry.terraform.io/hashicorp/aws\"]",
      "instances": [
        {
          "schema_version": 1,
          "attributes": {
            "arn": "arn:aws:ec2:us-east-2:891377163278:subnet/subnet-056e9182847d4e030",
            "assign_ipv6_address_on_creation": false,
            "availability_zone": "us-east-2b",
            "availability_zone_id": "use2-az2",
            "cidr_block": "10.50.21.0/24",
            "customer_owned_ipv4_pool": "",
            "enable_dns64": false,
            "enable_lni_at_device_index": 0,
            "enable_resource_name_dns_a_record_on_launch": false,
            "enable_resource_name_dns_aaaa_record_on_launch": false,
            "id": "subnet-056e9182847d4e030",
            "ipv6_cidr_block": "",
            "ipv6_cidr_block_association_id": "",
            "ipv6_native": false,
            "map_customer_owned_ip_on_launch": false,
            "map_public_ip_on_launch": false,
            "outpost_arn": "",
            "owner_id": "891377163278",
            "private_dns_hostname_type_on_launch": "ip-name",
            "tags": {
              "Name": "kdt-DB-Subnet2"
            },
            "tags_all": {
              "Name": "kdt-DB-Subnet2"
            },
            "timeouts": null,
            "vpc_id": "vpc-04d0105626a303aea"
          },
          "sensitive_attributes": [],
          "private": "eyJlMmJmYjczMC1lY2FhLTExZTYtOGY4OC0zNDM2M2JjN2M0YzAiOnsiY3JlYXRlIjo2MDAwMDAwMDAwMDAsImRlbGV0ZSI6MTIwMDAwMDAwMDAwMH0sInNjaGVtYV92ZXJzaW9uIjoiMSJ9",
          "dependencies": [
            "module.vpc.aws_vpc.vpc",
            "module.vpc.data.aws_availability_zones.azs"
          ],
          "create_before_destroy": true
        }
      ]
    },
    {
      "module": "module.vpc",
      "mode": "managed",
      "type": "aws_subnet",
      "name": "private-subnet1",
      "provider": "provider[\"registry.terraform.io/hashicorp/aws\"]",
      "instances": [
        {
          "schema_version": 1,
          "attributes": {
            "arn": "arn:aws:ec2:us-east-2:891377163278:subnet/subnet-0430267a787296d49",
            "assign_ipv6_address_on_creation": false,
            "availability_zone": "us-east-2a",
            "availability_zone_id": "use2-az1",
            "cidr_block": "10.50.4.0/24",
            "customer_owned_ipv4_pool": "",
            "enable_dns64": false,
            "enable_lni_at_device_index": 0,
            "enable_resource_name_dns_a_record_on_launch": false,
            "enable_resource_name_dns_aaaa_record_on_launch": false,
            "id": "subnet-0430267a787296d49",
            "ipv6_cidr_block": "",
            "ipv6_cidr_block_association_id": "",
            "ipv6_native": false,
            "map_customer_owned_ip_on_launch": false,
            "map_public_ip_on_launch": false,
            "outpost_arn": "",
            "owner_id": "891377163278",
            "private_dns_hostname_type_on_launch": "ip-name",
            "tags": {
              "Name": "kdt-Private-Subnet1"
            },
            "tags_all": {
              "Name": "kdt-Private-Subnet1"
            },
            "timeouts": null,
            "vpc_id": "vpc-04d0105626a303aea"
          },
          "sensitive_attributes": [],
          "private": "eyJlMmJmYjczMC1lY2FhLTExZTYtOGY4OC0zNDM2M2JjN2M0YzAiOnsiY3JlYXRlIjo2MDAwMDAwMDAwMDAsImRlbGV0ZSI6MTIwMDAwMDAwMDAwMH0sInNjaGVtYV92ZXJzaW9uIjoiMSJ9",
          "dependencies": [
            "module.vpc.aws_internet_gateway.igw",
            "module.vpc.aws_subnet.public-subnet1",
            "module.vpc.aws_subnet.public-subnet2",
            "module.vpc.aws_vpc.vpc",
            "module.vpc.data.aws_availability_zones.azs"
          ],
          "create_before_destroy": true
        }
      ]
    },
    {
      "module": "module.vpc",
      "mode": "managed",
      "type": "aws_subnet",
      "name": "private-subnet2",
      "provider": "provider[\"registry.terraform.io/hashicorp/aws\"]",
      "instances": [
        {
          "schema_version": 1,
          "attributes": {
            "arn": "arn:aws:ec2:us-east-2:891377163278:subnet/subnet-08ba04f73392811ba",
            "assign_ipv6_address_on_creation": false,
            "availability_zone": "us-east-2b",
            "availability_zone_id": "use2-az2",
            "cidr_block": "10.50.8.0/24",
            "customer_owned_ipv4_pool": "",
            "enable_dns64": false,
            "enable_lni_at_device_index": 0,
            "enable_resource_name_dns_a_record_on_launch": false,
            "enable_resource_name_dns_aaaa_record_on_launch": false,
            "id": "subnet-08ba04f73392811ba",
            "ipv6_cidr_block": "",
            "ipv6_cidr_block_association_id": "",
            "ipv6_native": false,
            "map_customer_owned_ip_on_launch": false,
            "map_public_ip_on_launch": false,
            "outpost_arn": "",
            "owner_id": "891377163278",
            "private_dns_hostname_type_on_launch": "ip-name",
            "tags": {
              "Name": "kdt-Private-Subnet2"
            },
            "tags_all": {
              "Name": "kdt-Private-Subnet2"
            },
            "timeouts": null,
            "vpc_id": "vpc-04d0105626a303aea"
          },
          "sensitive_attributes": [],
          "private": "eyJlMmJmYjczMC1lY2FhLTExZTYtOGY4OC0zNDM2M2JjN2M0YzAiOnsiY3JlYXRlIjo2MDAwMDAwMDAwMDAsImRlbGV0ZSI6MTIwMDAwMDAwMDAwMH0sInNjaGVtYV92ZXJzaW9uIjoiMSJ9",
          "dependencies": [
            "module.vpc.aws_internet_gateway.igw",
            "module.vpc.aws_subnet.private-subnet1",
            "module.vpc.aws_subnet.public-subnet1",
            "module.vpc.aws_subnet.public-subnet2",
            "module.vpc.aws_vpc.vpc",
            "module.vpc.data.aws_availability_zones.azs"
          ],
          "create_before_destroy": true
        }
      ]
    },
    {
      "module": "module.vpc",
      "mode": "managed",
      "type": "aws_subnet",
      "name": "public-subnet1",
      "provider": "provider[\"registry.terraform.io/hashicorp/aws\"]",
      "instances": [
        {
          "schema_version": 1,
          "attributes": {
            "arn": "arn:aws:ec2:us-east-2:891377163278:subnet/subnet-0703112b938e8a8e5",
            "assign_ipv6_address_on_creation": false,
            "availability_zone": "us-east-2a",
            "availability_zone_id": "use2-az1",
            "cidr_block": "10.50.0.0/24",
            "customer_owned_ipv4_pool": "",
            "enable_dns64": false,
            "enable_lni_at_device_index": 0,
            "enable_resource_name_dns_a_record_on_launch": false,
            "enable_resource_name_dns_aaaa_record_on_launch": false,
            "id": "subnet-0703112b938e8a8e5",
            "ipv6_cidr_block": "",
            "ipv6_cidr_block_association_id": "",
            "ipv6_native": false,
            "map_customer_owned_ip_on_launch": false,
            "map_public_ip_on_launch": true,
            "outpost_arn": "",
            "owner_id": "891377163278",
            "private_dns_hostname_type_on_launch": "ip-name",
            "tags": {
              "Name": "kdt-Public-Subnet1"
            },
            "tags_all": {
              "Name": "kdt-Public-Subnet1"
            },
            "timeouts": null,
            "vpc_id": "vpc-04d0105626a303aea"
          },
          "sensitive_attributes": [],
          "private": "eyJlMmJmYjczMC1lY2FhLTExZTYtOGY4OC0zNDM2M2JjN2M0YzAiOnsiY3JlYXRlIjo2MDAwMDAwMDAwMDAsImRlbGV0ZSI6MTIwMDAwMDAwMDAwMH0sInNjaGVtYV92ZXJzaW9uIjoiMSJ9",
          "dependencies": [
            "module.vpc.aws_internet_gateway.igw",
            "module.vpc.aws_vpc.vpc",
            "module.vpc.data.aws_availability_zones.azs"
          ],
          "create_before_destroy": true
        }
      ]
    },
    {
      "module": "module.vpc",
      "mode": "managed",
      "type": "aws_subnet",
      "name": "public-subnet2",
      "provider": "provider[\"registry.terraform.io/hashicorp/aws\"]",
      "instances": [
        {
          "schema_version": 1,
          "attributes": {
            "arn": "arn:aws:ec2:us-east-2:891377163278:subnet/subnet-0e0a2d3d083905f8f",
            "assign_ipv6_address_on_creation": false,
            "availability_zone": "us-east-2b",
            "availability_zone_id": "use2-az2",
            "cidr_block": "10.50.1.0/24",
            "customer_owned_ipv4_pool": "",
            "enable_dns64": false,
            "enable_lni_at_device_index": 0,
            "enable_resource_name_dns_a_record_on_launch": false,
            "enable_resource_name_dns_aaaa_record_on_launch": false,
            "id": "subnet-0e0a2d3d083905f8f",
            "ipv6_cidr_block": "",
            "ipv6_cidr_block_association_id": "",
            "ipv6_native": false,
            "map_customer_owned_ip_on_launch": false,
            "map_public_ip_on_launch": true,
            "outpost_arn": "",
            "owner_id": "891377163278",
            "private_dns_hostname_type_on_launch": "ip-name",
            "tags": {
              "Name": "kdt-Public-Subnet2"
            },
            "tags_all": {
              "Name": "kdt-Public-Subnet2"
            },
            "timeouts": null,
            "vpc_id": "vpc-04d0105626a303aea"
          },
          "sensitive_attributes": [],
          "private": "eyJlMmJmYjczMC1lY2FhLTExZTYtOGY4OC0zNDM2M2JjN2M0YzAiOnsiY3JlYXRlIjo2MDAwMDAwMDAwMDAsImRlbGV0ZSI6MTIwMDAwMDAwMDAwMH0sInNjaGVtYV92ZXJzaW9uIjoiMSJ9",
          "dependencies": [
            "module.vpc.aws_internet_gateway.igw",
            "module.vpc.aws_subnet.public-subnet1",
            "module.vpc.aws_vpc.vpc",
            "module.vpc.data.aws_availability_zones.azs"
          ],
          "create_before_destroy": true
        }
      ]
    },
    {
      "module": "module.vpc",
      "mode": "managed",
      "type": "aws_vpc",
      "name": "vpc",
      "provider": "provider[\"registry.terraform.io/hashicorp/aws\"]",
      "instances": [
        {
          "schema_version": 1,
          "attributes": {
            "arn": "arn:aws:ec2:us-east-2:891377163278:vpc/vpc-04d0105626a303aea",
            "assign_generated_ipv6_cidr_block": false,
            "cidr_block": "10.50.0.0/16",
            "default_network_acl_id": "acl-0a966760882131205",
            "default_route_table_id": "rtb-096a3918eceb01b99",
            "default_security_group_id": "sg-0616209906251a259",
            "dhcp_options_id": "dopt-0cab42d5410535950",
            "enable_dns_hostnames": true,
            "enable_dns_support": true,
            "enable_network_address_usage_metrics": false,
            "id": "vpc-04d0105626a303aea",
            "instance_tenancy": "default",
            "ipv4_ipam_pool_id": null,
            "ipv4_netmask_length": null,
            "ipv6_association_id": "",
            "ipv6_cidr_block": "",
            "ipv6_cidr_block_network_border_group": "",
            "ipv6_ipam_pool_id": "",
            "ipv6_netmask_length": 0,
            "main_route_table_id": "rtb-096a3918eceb01b99",
            "owner_id": "891377163278",
            "tags": {
              "Name": "kdt-VPC"
            },
            "tags_all": {
              "Name": "kdt-VPC"
            }
          },
          "sensitive_attributes": [],
          "private": "eyJzY2hlbWFfdmVyc2lvbiI6IjEifQ==",
          "create_before_destroy": true
        }
      ]
    }
  ],
  "check_results": null
}
