{
  "version": 4,
  "terraform_version": "1.8.0",
  "serial": 8888,
  "lineage": "4973d4c3-5142-03bc-1083-9a38770bd610",
  "outputs": {},
  "resources": [
    {
      "module": "module.acm-route53-cloudfront-waf",
      "mode": "data",
      "type": "aws_route53_zone",
      "name": "zone",
      "provider": "provider[\"registry.terraform.io/hashicorp/aws\"].us-east-1",
      "instances": [
        {
          "schema_version": 0,
          "attributes": {
            "arn": "arn:aws:route53:::hostedzone/Z09337713DH1223XGPI4M",
            "caller_reference": "1cb1aabd-4cdd-467d-beed-0ed332265e0d",
            "comment": "hellowaws.shop",
            "id": "Z09337713DH1223XGPI4M",
            "linked_service_description": null,
            "linked_service_principal": null,
            "name": "hellowaws.shop",
            "name_servers": [
              "ns-1036.awsdns-01.org",
              "ns-1858.awsdns-40.co.uk",
              "ns-221.awsdns-27.com",
              "ns-646.awsdns-16.net"
            ],
            "primary_name_server": "ns-1036.awsdns-01.org",
            "private_zone": false,
            "resource_record_set_count": 2,
            "tags": {},
            "vpc_id": null,
            "zone_id": "Z09337713DH1223XGPI4M"
          },
          "sensitive_attributes": []
        }
      ]
    },
    {
      "module": "module.acm-route53-cloudfront-waf",
      "mode": "managed",
      "type": "aws_acm_certificate",
      "name": "cert",
      "provider": "provider[\"registry.terraform.io/hashicorp/aws\"].us-east-1",
      "instances": [
        {
          "schema_version": 0,
          "attributes": {
            "arn": "arn:aws:acm:us-east-1:891377163278:certificate/b5735b56-ca84-493d-86f6-e4780fd032c1",
            "certificate_authority_arn": "",
            "certificate_body": null,
            "certificate_chain": null,
            "domain_name": "hellowaws.shop",
            "domain_validation_options": [
              {
                "domain_name": "hellowaws.shop",
                "resource_record_name": "_7f19658f7298968af63cd5584d8f500f.hellowaws.shop.",
                "resource_record_type": "CNAME",
                "resource_record_value": "_76dca5cad0fc245e743f1f392cd68536.mhbtsbpdnt.acm-validations.aws."
              },
              {
                "domain_name": "www.hellowaws.shop",
                "resource_record_name": "_a84098457ff3e7498a54e2ecf341e4be.www.hellowaws.shop.",
                "resource_record_type": "CNAME",
                "resource_record_value": "_a1f8bb890f2d7f08d4fd6e0e312257ac.mhbtsbpdnt.acm-validations.aws."
              }
            ],
            "early_renewal_duration": "",
            "id": "arn:aws:acm:us-east-1:891377163278:certificate/b5735b56-ca84-493d-86f6-e4780fd032c1",
            "key_algorithm": "RSA_2048",
            "not_after": "2025-06-19T23:59:59Z",
            "not_before": "2024-05-21T00:00:00Z",
            "options": [
              {
                "certificate_transparency_logging_preference": "ENABLED"
              }
            ],
            "pending_renewal": false,
            "private_key": null,
            "renewal_eligibility": "ELIGIBLE",
            "renewal_summary": [],
            "status": "ISSUED",
            "subject_alternative_names": [
              "hellowaws.shop",
              "www.hellowaws.shop"
            ],
            "tags": {},
            "tags_all": {},
            "type": "AMAZON_ISSUED",
            "validation_emails": [],
            "validation_method": "DNS",
            "validation_option": []
          },
          "sensitive_attributes": [
            [
              {
                "type": "get_attr",
                "value": "private_key"
              }
            ]
          ],
          "private": "bnVsbA==",
          "dependencies": [
            "module.alb.aws_lb.App-elb",
            "module.alb.aws_lb_target_group.app-tg",
            "module.alb.aws_lb_target_group.web-tg",
            "module.alb.data.aws_security_group.app-alb-sg",
            "module.alb.data.aws_subnet.private_subnet1",
            "module.alb.data.aws_subnet.private_subnet2",
            "module.alb.data.aws_vpc.vpc",
            "module.ami.aws_ami_from_instance.my_ami",
            "module.ami.aws_instance.bastion",
            "module.ami.data.aws_subnet.subnet",
            "module.ami.data.aws_vpc.vpc",
            "module.ami.null_resource.terminate_instance",
            "module.autoscaling.aws_autoscaling_group.App-ASG",
            "module.autoscaling.aws_autoscaling_group.Web-ASG",
            "module.autoscaling.aws_autoscaling_policy.app-custom-cpu-policy",
            "module.autoscaling.aws_autoscaling_policy.app-custom-cpu-policy-scaledown",
            "module.autoscaling.aws_autoscaling_policy.web-custom-cpu-policy",
            "module.autoscaling.aws_autoscaling_policy.web-custom-cpu-policy-scaledown",
            "module.autoscaling.aws_cloudwatch_metric_alarm.app-custom-cpu-alarm",
            "module.autoscaling.aws_cloudwatch_metric_alarm.app-custom-cpu-alarm-scaledown",
            "module.autoscaling.aws_cloudwatch_metric_alarm.web-custom-cpu-alarm",
            "module.autoscaling.aws_cloudwatch_metric_alarm.web-custom-cpu-alarm-scaledown",
            "module.autoscaling.aws_launch_template.App-LC",
            "module.autoscaling.aws_launch_template.Web-LC",
            "module.autoscaling.data.aws_security_group.app-sg",
            "module.autoscaling.data.aws_security_group.web-sg",
            "module.autoscaling.data.aws_ssm_parameter.db_id",
            "module.autoscaling.data.aws_ssm_parameter.db_pwd",
            "module.autoscaling.data.aws_subnet.private_subnet1",
            "module.autoscaling.data.aws_subnet.private_subnet2",
            "module.iam.aws_iam_instance_profile.instance-profile",
            "module.iam.aws_iam_role.iam_role",
            "module.iam.aws_iam_role_policy.iam-policy",
            "module.security-group.aws_security_group.app-alb-sg",
            "module.security-group.aws_security_group.app-tier-sg",
            "module.security-group.aws_security_group.bastion-sg",
            "module.security-group.aws_security_group.database-sg",
            "module.security-group.aws_security_group.redis-sg",
            "module.security-group.aws_security_group.web-alb-sg",
            "module.security-group.aws_security_group.web-tier-sg",
            "module.security-group.data.aws_vpc.vpc",
            "module.vpc.aws_eip.eip1",
            "module.vpc.aws_eip.eip2",
            "module.vpc.aws_internet_gateway.igw",
            "module.vpc.aws_nat_gateway.ngw1",
            "module.vpc.aws_nat_gateway.ngw2",
            "module.vpc.aws_route_table.db-rt1",
            "module.vpc.aws_route_table.db-rt2",
            "module.vpc.aws_route_table.private-rt1",
            "module.vpc.aws_route_table.private-rt2",
            "module.vpc.aws_route_table.public-rt",
            "module.vpc.aws_route_table_association.db-rt-association1",
            "module.vpc.aws_route_table_association.db-rt-association2",
            "module.vpc.aws_route_table_association.private-rt-association1",
            "module.vpc.aws_route_table_association.private-rt-association2",
            "module.vpc.aws_route_table_association.public-rt-association1",
            "module.vpc.aws_route_table_association.public-rt-association2",
            "module.vpc.aws_subnet.db_subnet1",
            "module.vpc.aws_subnet.db_subnet2",
            "module.vpc.aws_subnet.private_subnet1",
            "module.vpc.aws_subnet.private_subnet2",
            "module.vpc.aws_subnet.public_subnet1",
            "module.vpc.aws_subnet.public_subnet2",
            "module.vpc.aws_vpc.vpc",
            "module.vpc.aws_vpc_endpoint.s3_gateway",
            "module.vpc.data.aws_availability_zones.azs"
          ],
          "create_before_destroy": true
        }
      ]
    },
    {
      "module": "module.acm-route53-cloudfront-waf",
      "mode": "managed",
      "type": "aws_acm_certificate_validation",
      "name": "cert",
      "provider": "provider[\"registry.terraform.io/hashicorp/aws\"].us-east-1",
      "instances": [
        {
          "schema_version": 0,
          "attributes": {
            "certificate_arn": "arn:aws:acm:us-east-1:891377163278:certificate/b5735b56-ca84-493d-86f6-e4780fd032c1",
            "id": "2024-05-21 06:33:08.922 +0000 UTC",
            "timeouts": null,
            "validation_record_fqdns": [
              "_7f19658f7298968af63cd5584d8f500f.hellowaws.shop",
              "_a84098457ff3e7498a54e2ecf341e4be.www.hellowaws.shop"
            ]
          },
          "sensitive_attributes": [],
          "private": "eyJlMmJmYjczMC1lY2FhLTExZTYtOGY4OC0zNDM2M2JjN2M0YzAiOnsiY3JlYXRlIjo0NTAwMDAwMDAwMDAwfX0=",
          "dependencies": [
            "module.acm-route53-cloudfront-waf.aws_acm_certificate.cert",
            "module.acm-route53-cloudfront-waf.aws_route53_record.cert_validation",
            "module.acm-route53-cloudfront-waf.data.aws_route53_zone.zone",
            "module.alb.aws_lb.App-elb",
            "module.alb.aws_lb_target_group.app-tg",
            "module.alb.aws_lb_target_group.web-tg",
            "module.alb.data.aws_security_group.app-alb-sg",
            "module.alb.data.aws_subnet.private_subnet1",
            "module.alb.data.aws_subnet.private_subnet2",
            "module.alb.data.aws_vpc.vpc",
            "module.ami.aws_ami_from_instance.my_ami",
            "module.ami.aws_instance.bastion",
            "module.ami.data.aws_subnet.subnet",
            "module.ami.data.aws_vpc.vpc",
            "module.ami.null_resource.terminate_instance",
            "module.autoscaling.aws_autoscaling_group.App-ASG",
            "module.autoscaling.aws_autoscaling_group.Web-ASG",
            "module.autoscaling.aws_autoscaling_policy.app-custom-cpu-policy",
            "module.autoscaling.aws_autoscaling_policy.app-custom-cpu-policy-scaledown",
            "module.autoscaling.aws_autoscaling_policy.web-custom-cpu-policy",
            "module.autoscaling.aws_autoscaling_policy.web-custom-cpu-policy-scaledown",
            "module.autoscaling.aws_cloudwatch_metric_alarm.app-custom-cpu-alarm",
            "module.autoscaling.aws_cloudwatch_metric_alarm.app-custom-cpu-alarm-scaledown",
            "module.autoscaling.aws_cloudwatch_metric_alarm.web-custom-cpu-alarm",
            "module.autoscaling.aws_cloudwatch_metric_alarm.web-custom-cpu-alarm-scaledown",
            "module.autoscaling.aws_launch_template.App-LC",
            "module.autoscaling.aws_launch_template.Web-LC",
            "module.autoscaling.data.aws_ssm_parameter.db_id",
            "module.autoscaling.data.aws_ssm_parameter.db_pwd",
            "module.autoscaling.data.aws_subnet.private_subnet1",
            "module.autoscaling.data.aws_subnet.private_subnet2",
            "module.iam.aws_iam_instance_profile.instance-profile",
            "module.iam.aws_iam_role.iam_role",
            "module.iam.aws_iam_role_policy.iam-policy",
            "module.security-group.aws_security_group.app-alb-sg",
            "module.security-group.aws_security_group.app-tier-sg",
            "module.security-group.aws_security_group.bastion-sg",
            "module.security-group.aws_security_group.database-sg",
            "module.security-group.aws_security_group.redis-sg",
            "module.security-group.aws_security_group.web-alb-sg",
            "module.security-group.aws_security_group.web-tier-sg",
            "module.security-group.data.aws_vpc.vpc",
            "module.vpc.aws_eip.eip1",
            "module.vpc.aws_eip.eip2",
            "module.vpc.aws_internet_gateway.igw",
            "module.vpc.aws_nat_gateway.ngw1",
            "module.vpc.aws_nat_gateway.ngw2",
            "module.vpc.aws_route_table.db-rt1",
            "module.vpc.aws_route_table.db-rt2",
            "module.vpc.aws_route_table.private-rt1",
            "module.vpc.aws_route_table.private-rt2",
            "module.vpc.aws_route_table.public-rt",
            "module.vpc.aws_route_table_association.db-rt-association1",
            "module.vpc.aws_route_table_association.db-rt-association2",
            "module.vpc.aws_route_table_association.private-rt-association1",
            "module.vpc.aws_route_table_association.private-rt-association2",
            "module.vpc.aws_route_table_association.public-rt-association1",
            "module.vpc.aws_route_table_association.public-rt-association2",
            "module.vpc.aws_subnet.db_subnet1",
            "module.vpc.aws_subnet.db_subnet2",
            "module.vpc.aws_subnet.private_subnet1",
            "module.vpc.aws_subnet.private_subnet2",
            "module.vpc.aws_subnet.public_subnet1",
            "module.vpc.aws_subnet.public_subnet2",
            "module.vpc.aws_vpc.vpc",
            "module.vpc.aws_vpc_endpoint.s3_gateway",
            "module.vpc.data.aws_availability_zones.azs"
          ]
        }
      ]
    },
    {
      "module": "module.acm-route53-cloudfront-waf",
      "mode": "managed",
      "type": "aws_cloudfront_distribution",
      "name": "cloudfront-web-elb-distribution",
      "provider": "provider[\"registry.terraform.io/hashicorp/aws\"].us-east-1",
      "instances": [
        {
          "schema_version": 1,
          "attributes": {
            "aliases": [
              "hellowaws.shop",
              "www.hellowaws.shop"
            ],
            "arn": "arn:aws:cloudfront::891377163278:distribution/E1P0NVMC9MKAXL",
            "caller_reference": "terraform-20240521063357775600000002",
            "comment": "CLOUDFRONT ALB Distribution",
            "continuous_deployment_policy_id": "",
            "custom_error_response": [],
            "default_cache_behavior": [
              {
                "allowed_methods": [
                  "GET",
                  "HEAD",
                  "OPTIONS"
                ],
                "cache_policy_id": "",
                "cached_methods": [
                  "GET",
                  "HEAD"
                ],
                "compress": true,
                "default_ttl": 0,
                "field_level_encryption_id": "",
                "forwarded_values": [
                  {
                    "cookies": [
                      {
                        "forward": "none",
                        "whitelisted_names": []
                      }
                    ],
                    "headers": [],
                    "query_string": false,
                    "query_string_cache_keys": []
                  }
                ],
                "function_association": [],
                "lambda_function_association": [],
                "max_ttl": 0,
                "min_ttl": 0,
                "origin_request_policy_id": "",
                "realtime_log_config_arn": "",
                "response_headers_policy_id": "",
                "smooth_streaming": false,
                "target_origin_id": "my-web-alb",
                "trusted_key_groups": [],
                "trusted_signers": [],
                "viewer_protocol_policy": "redirect-to-https"
              }
            ],
            "default_root_object": "",
            "domain_name": "d2lv9xqwgmxj01.cloudfront.net",
            "enabled": true,
            "etag": "E3IEFIBQQFMROI",
            "hosted_zone_id": "Z2FDTNDATAQYW2",
            "http_version": "http2",
            "id": "E1P0NVMC9MKAXL",
            "in_progress_validation_batches": 0,
            "is_ipv6_enabled": true,
            "last_modified_time": "2024-05-21 06:33:58.804 +0000 UTC",
            "logging_config": [],
            "ordered_cache_behavior": [
              {
                "allowed_methods": [
                  "DELETE",
                  "GET",
                  "HEAD",
                  "OPTIONS",
                  "PATCH",
                  "POST",
                  "PUT"
                ],
                "cache_policy_id": "",
                "cached_methods": [
                  "GET",
                  "HEAD"
                ],
                "compress": true,
                "default_ttl": 0,
                "field_level_encryption_id": "",
                "forwarded_values": [
                  {
                    "cookies": [
                      {
                        "forward": "all",
                        "whitelisted_names": []
                      }
                    ],
                    "headers": [],
                    "query_string": true,
                    "query_string_cache_keys": []
                  }
                ],
                "function_association": [],
                "lambda_function_association": [],
                "max_ttl": 0,
                "min_ttl": 0,
                "origin_request_policy_id": "",
                "path_pattern": "/attendance",
                "realtime_log_config_arn": "",
                "response_headers_policy_id": "",
                "smooth_streaming": false,
                "target_origin_id": "my-web-alb",
                "trusted_key_groups": [],
                "trusted_signers": [],
                "viewer_protocol_policy": "redirect-to-https"
              }
            ],
            "origin": [
              {
                "connection_attempts": 3,
                "connection_timeout": 10,
                "custom_header": [
                  {
                    "name": "my-header",
                    "value": "kdt"
                  }
                ],
                "custom_origin_config": [
                  {
                    "http_port": 80,
                    "https_port": 443,
                    "origin_keepalive_timeout": 5,
                    "origin_protocol_policy": "http-only",
                    "origin_read_timeout": 30,
                    "origin_ssl_protocols": [
                      "TLSv1.2"
                    ]
                  }
                ],
                "domain_name": "Web-elb-1993001452.us-east-2.elb.amazonaws.com",
                "origin_access_control_id": "",
                "origin_id": "my-web-alb",
                "origin_path": "",
                "origin_shield": [],
                "s3_origin_config": []
              }
            ],
            "origin_group": [],
            "price_class": "PriceClass_100",
            "restrictions": [
              {
                "geo_restriction": [
                  {
                    "locations": [],
                    "restriction_type": "none"
                  }
                ]
              }
            ],
            "retain_on_delete": false,
            "staging": false,
            "status": "Deployed",
            "tags": {
              "Name": "kdt_CLOUDFRONT-ktd"
            },
            "tags_all": {
              "Name": "kdt_CLOUDFRONT-ktd"
            },
            "trusted_key_groups": [
              {
                "enabled": false,
                "items": []
              }
            ],
            "trusted_signers": [
              {
                "enabled": false,
                "items": []
              }
            ],
            "viewer_certificate": [
              {
                "acm_certificate_arn": "arn:aws:acm:us-east-1:891377163278:certificate/b5735b56-ca84-493d-86f6-e4780fd032c1",
                "cloudfront_default_certificate": false,
                "iam_certificate_id": "",
                "minimum_protocol_version": "TLSv1.2_2021",
                "ssl_support_method": "sni-only"
              }
            ],
            "wait_for_deployment": true,
            "web_acl_id": "arn:aws:wafv2:us-east-1:891377163278:global/webacl/kdt_WAF-ktd/d25ab96a-389f-411e-8cfa-7fdba59b4171"
          },
          "sensitive_attributes": [],
          "private": "eyJzY2hlbWFfdmVyc2lvbiI6IjEifQ==",
          "dependencies": [
            "module.acm-route53-cloudfront-waf.aws_acm_certificate.cert",
            "module.acm-route53-cloudfront-waf.aws_acm_certificate_validation.cert",
            "module.acm-route53-cloudfront-waf.aws_route53_record.cert_validation",
            "module.acm-route53-cloudfront-waf.aws_wafv2_web_acl.web_acl",
            "module.acm-route53-cloudfront-waf.data.aws_route53_zone.zone",
            "module.alb.aws_lb.App-elb",
            "module.alb.aws_lb.Web-elb",
            "module.alb.aws_lb_target_group.app-tg",
            "module.alb.aws_lb_target_group.web-tg",
            "module.alb.data.aws_security_group.app-alb-sg",
            "module.alb.data.aws_security_group.web-alb-sg",
            "module.alb.data.aws_subnet.private_subnet1",
            "module.alb.data.aws_subnet.private_subnet2",
            "module.alb.data.aws_subnet.public_subnet1",
            "module.alb.data.aws_subnet.public_subnet2",
            "module.alb.data.aws_vpc.vpc",
            "module.ami.aws_ami_from_instance.my_ami",
            "module.ami.aws_instance.bastion",
            "module.ami.data.aws_subnet.subnet",
            "module.ami.data.aws_vpc.vpc",
            "module.ami.null_resource.terminate_instance",
            "module.autoscaling.aws_autoscaling_group.App-ASG",
            "module.autoscaling.aws_autoscaling_group.Web-ASG",
            "module.autoscaling.aws_autoscaling_policy.app-custom-cpu-policy",
            "module.autoscaling.aws_autoscaling_policy.app-custom-cpu-policy-scaledown",
            "module.autoscaling.aws_autoscaling_policy.web-custom-cpu-policy",
            "module.autoscaling.aws_autoscaling_policy.web-custom-cpu-policy-scaledown",
            "module.autoscaling.aws_cloudwatch_metric_alarm.app-custom-cpu-alarm",
            "module.autoscaling.aws_cloudwatch_metric_alarm.app-custom-cpu-alarm-scaledown",
            "module.autoscaling.aws_cloudwatch_metric_alarm.web-custom-cpu-alarm",
            "module.autoscaling.aws_cloudwatch_metric_alarm.web-custom-cpu-alarm-scaledown",
            "module.autoscaling.aws_launch_template.App-LC",
            "module.autoscaling.aws_launch_template.Web-LC",
            "module.autoscaling.data.aws_security_group.app-sg",
            "module.autoscaling.data.aws_security_group.web-sg",
            "module.autoscaling.data.aws_ssm_parameter.db_id",
            "module.autoscaling.data.aws_ssm_parameter.db_pwd",
            "module.autoscaling.data.aws_subnet.private_subnet1",
            "module.autoscaling.data.aws_subnet.private_subnet2",
            "module.iam.aws_iam_instance_profile.instance-profile",
            "module.iam.aws_iam_role.iam_role",
            "module.iam.aws_iam_role_policy.iam-policy",
            "module.security-group.aws_security_group.app-alb-sg",
            "module.security-group.aws_security_group.app-tier-sg",
            "module.security-group.aws_security_group.bastion-sg",
            "module.security-group.aws_security_group.database-sg",
            "module.security-group.aws_security_group.redis-sg",
            "module.security-group.aws_security_group.web-alb-sg",
            "module.security-group.aws_security_group.web-tier-sg",
            "module.security-group.data.aws_vpc.vpc",
            "module.vpc.aws_eip.eip1",
            "module.vpc.aws_eip.eip2",
            "module.vpc.aws_internet_gateway.igw",
            "module.vpc.aws_nat_gateway.ngw1",
            "module.vpc.aws_nat_gateway.ngw2",
            "module.vpc.aws_route_table.db-rt1",
            "module.vpc.aws_route_table.db-rt2",
            "module.vpc.aws_route_table.private-rt1",
            "module.vpc.aws_route_table.private-rt2",
            "module.vpc.aws_route_table.public-rt",
            "module.vpc.aws_route_table_association.db-rt-association1",
            "module.vpc.aws_route_table_association.db-rt-association2",
            "module.vpc.aws_route_table_association.private-rt-association1",
            "module.vpc.aws_route_table_association.private-rt-association2",
            "module.vpc.aws_route_table_association.public-rt-association1",
            "module.vpc.aws_route_table_association.public-rt-association2",
            "module.vpc.aws_subnet.db_subnet1",
            "module.vpc.aws_subnet.db_subnet2",
            "module.vpc.aws_subnet.private_subnet1",
            "module.vpc.aws_subnet.private_subnet2",
            "module.vpc.aws_subnet.public_subnet1",
            "module.vpc.aws_subnet.public_subnet2",
            "module.vpc.aws_vpc.vpc",
            "module.vpc.aws_vpc_endpoint.s3_gateway",
            "module.vpc.data.aws_availability_zones.azs"
          ]
        }
      ]
    },
    {
      "module": "module.acm-route53-cloudfront-waf",
      "mode": "managed",
      "type": "aws_route53_record",
      "name": "apex",
      "provider": "provider[\"registry.terraform.io/hashicorp/aws\"].us-east-1",
      "instances": [
        {
          "schema_version": 2,
          "attributes": {
            "alias": [
              {
                "evaluate_target_health": false,
                "name": "d2lv9xqwgmxj01.cloudfront.net",
                "zone_id": "Z2FDTNDATAQYW2"
              }
            ],
            "allow_overwrite": null,
            "cidr_routing_policy": [],
            "failover_routing_policy": [],
            "fqdn": "hellowaws.shop",
            "geolocation_routing_policy": [],
            "geoproximity_routing_policy": [],
            "health_check_id": "",
            "id": "Z09337713DH1223XGPI4M_hellowaws.shop_A",
            "latency_routing_policy": [],
            "multivalue_answer_routing_policy": false,
            "name": "hellowaws.shop",
            "records": null,
            "set_identifier": "",
            "ttl": 0,
            "type": "A",
            "weighted_routing_policy": [],
            "zone_id": "Z09337713DH1223XGPI4M"
          },
          "sensitive_attributes": [],
          "private": "eyJzY2hlbWFfdmVyc2lvbiI6IjIifQ==",
          "dependencies": [
            "module.acm-route53-cloudfront-waf.aws_acm_certificate.cert",
            "module.acm-route53-cloudfront-waf.aws_acm_certificate_validation.cert",
            "module.acm-route53-cloudfront-waf.aws_cloudfront_distribution.cloudfront-web-elb-distribution",
            "module.acm-route53-cloudfront-waf.aws_route53_record.cert_validation",
            "module.acm-route53-cloudfront-waf.aws_wafv2_web_acl.web_acl",
            "module.acm-route53-cloudfront-waf.data.aws_route53_zone.zone",
            "module.alb.aws_lb.App-elb",
            "module.alb.aws_lb.Web-elb",
            "module.alb.aws_lb_target_group.app-tg",
            "module.alb.aws_lb_target_group.web-tg",
            "module.alb.data.aws_security_group.app-alb-sg",
            "module.alb.data.aws_security_group.web-alb-sg",
            "module.alb.data.aws_subnet.private_subnet1",
            "module.alb.data.aws_subnet.private_subnet2",
            "module.alb.data.aws_subnet.public_subnet1",
            "module.alb.data.aws_subnet.public_subnet2",
            "module.alb.data.aws_vpc.vpc",
            "module.ami.aws_ami_from_instance.my_ami",
            "module.ami.aws_instance.bastion",
            "module.ami.data.aws_subnet.subnet",
            "module.ami.data.aws_vpc.vpc",
            "module.ami.null_resource.terminate_instance",
            "module.autoscaling.aws_autoscaling_group.App-ASG",
            "module.autoscaling.aws_autoscaling_group.Web-ASG",
            "module.autoscaling.aws_autoscaling_policy.app-custom-cpu-policy",
            "module.autoscaling.aws_autoscaling_policy.app-custom-cpu-policy-scaledown",
            "module.autoscaling.aws_autoscaling_policy.web-custom-cpu-policy",
            "module.autoscaling.aws_autoscaling_policy.web-custom-cpu-policy-scaledown",
            "module.autoscaling.aws_cloudwatch_metric_alarm.app-custom-cpu-alarm",
            "module.autoscaling.aws_cloudwatch_metric_alarm.app-custom-cpu-alarm-scaledown",
            "module.autoscaling.aws_cloudwatch_metric_alarm.web-custom-cpu-alarm",
            "module.autoscaling.aws_cloudwatch_metric_alarm.web-custom-cpu-alarm-scaledown",
            "module.autoscaling.aws_launch_template.App-LC",
            "module.autoscaling.aws_launch_template.Web-LC",
            "module.autoscaling.data.aws_ssm_parameter.db_id",
            "module.autoscaling.data.aws_ssm_parameter.db_pwd",
            "module.autoscaling.data.aws_subnet.private_subnet1",
            "module.autoscaling.data.aws_subnet.private_subnet2",
            "module.iam.aws_iam_instance_profile.instance-profile",
            "module.iam.aws_iam_role.iam_role",
            "module.iam.aws_iam_role_policy.iam-policy",
            "module.security-group.aws_security_group.app-alb-sg",
            "module.security-group.aws_security_group.app-tier-sg",
            "module.security-group.aws_security_group.bastion-sg",
            "module.security-group.aws_security_group.database-sg",
            "module.security-group.aws_security_group.redis-sg",
            "module.security-group.aws_security_group.web-alb-sg",
            "module.security-group.aws_security_group.web-tier-sg",
            "module.security-group.data.aws_vpc.vpc",
            "module.vpc.aws_eip.eip1",
            "module.vpc.aws_eip.eip2",
            "module.vpc.aws_internet_gateway.igw",
            "module.vpc.aws_nat_gateway.ngw1",
            "module.vpc.aws_nat_gateway.ngw2",
            "module.vpc.aws_route_table.db-rt1",
            "module.vpc.aws_route_table.db-rt2",
            "module.vpc.aws_route_table.private-rt1",
            "module.vpc.aws_route_table.private-rt2",
            "module.vpc.aws_route_table.public-rt",
            "module.vpc.aws_route_table_association.db-rt-association1",
            "module.vpc.aws_route_table_association.db-rt-association2",
            "module.vpc.aws_route_table_association.private-rt-association1",
            "module.vpc.aws_route_table_association.private-rt-association2",
            "module.vpc.aws_route_table_association.public-rt-association1",
            "module.vpc.aws_route_table_association.public-rt-association2",
            "module.vpc.aws_subnet.db_subnet1",
            "module.vpc.aws_subnet.db_subnet2",
            "module.vpc.aws_subnet.private_subnet1",
            "module.vpc.aws_subnet.private_subnet2",
            "module.vpc.aws_subnet.public_subnet1",
            "module.vpc.aws_subnet.public_subnet2",
            "module.vpc.aws_vpc.vpc",
            "module.vpc.aws_vpc_endpoint.s3_gateway",
            "module.vpc.data.aws_availability_zones.azs"
          ]
        }
      ]
    },
    {
      "module": "module.acm-route53-cloudfront-waf",
      "mode": "managed",
      "type": "aws_route53_record",
      "name": "cert_validation",
      "provider": "provider[\"registry.terraform.io/hashicorp/aws\"].us-east-1",
      "instances": [
        {
          "index_key": "hellowaws.shop",
          "schema_version": 2,
          "attributes": {
            "alias": [],
            "allow_overwrite": true,
            "cidr_routing_policy": [],
            "failover_routing_policy": [],
            "fqdn": "_7f19658f7298968af63cd5584d8f500f.hellowaws.shop",
            "geolocation_routing_policy": [],
            "geoproximity_routing_policy": [],
            "health_check_id": "",
            "id": "Z09337713DH1223XGPI4M__7f19658f7298968af63cd5584d8f500f.hellowaws.shop._CNAME",
            "latency_routing_policy": [],
            "multivalue_answer_routing_policy": false,
            "name": "_7f19658f7298968af63cd5584d8f500f.hellowaws.shop",
            "records": [
              "_76dca5cad0fc245e743f1f392cd68536.mhbtsbpdnt.acm-validations.aws."
            ],
            "set_identifier": "",
            "ttl": 60,
            "type": "CNAME",
            "weighted_routing_policy": [],
            "zone_id": "Z09337713DH1223XGPI4M"
          },
          "sensitive_attributes": [],
          "private": "eyJzY2hlbWFfdmVyc2lvbiI6IjIifQ==",
          "dependencies": [
            "module.acm-route53-cloudfront-waf.aws_acm_certificate.cert",
            "module.acm-route53-cloudfront-waf.data.aws_route53_zone.zone",
            "module.alb.aws_lb.App-elb",
            "module.alb.aws_lb_target_group.app-tg",
            "module.alb.aws_lb_target_group.web-tg",
            "module.alb.data.aws_security_group.app-alb-sg",
            "module.alb.data.aws_subnet.private_subnet1",
            "module.alb.data.aws_subnet.private_subnet2",
            "module.alb.data.aws_vpc.vpc",
            "module.ami.aws_ami_from_instance.my_ami",
            "module.ami.aws_instance.bastion",
            "module.ami.data.aws_subnet.subnet",
            "module.ami.data.aws_vpc.vpc",
            "module.ami.null_resource.terminate_instance",
            "module.autoscaling.aws_autoscaling_group.App-ASG",
            "module.autoscaling.aws_autoscaling_group.Web-ASG",
            "module.autoscaling.aws_autoscaling_policy.app-custom-cpu-policy",
            "module.autoscaling.aws_autoscaling_policy.app-custom-cpu-policy-scaledown",
            "module.autoscaling.aws_autoscaling_policy.web-custom-cpu-policy",
            "module.autoscaling.aws_autoscaling_policy.web-custom-cpu-policy-scaledown",
            "module.autoscaling.aws_cloudwatch_metric_alarm.app-custom-cpu-alarm",
            "module.autoscaling.aws_cloudwatch_metric_alarm.app-custom-cpu-alarm-scaledown",
            "module.autoscaling.aws_cloudwatch_metric_alarm.web-custom-cpu-alarm",
            "module.autoscaling.aws_cloudwatch_metric_alarm.web-custom-cpu-alarm-scaledown",
            "module.autoscaling.aws_launch_template.App-LC",
            "module.autoscaling.aws_launch_template.Web-LC",
            "module.autoscaling.data.aws_ssm_parameter.db_id",
            "module.autoscaling.data.aws_ssm_parameter.db_pwd",
            "module.autoscaling.data.aws_subnet.private_subnet1",
            "module.autoscaling.data.aws_subnet.private_subnet2",
            "module.iam.aws_iam_instance_profile.instance-profile",
            "module.iam.aws_iam_role.iam_role",
            "module.iam.aws_iam_role_policy.iam-policy",
            "module.security-group.aws_security_group.app-alb-sg",
            "module.security-group.aws_security_group.app-tier-sg",
            "module.security-group.aws_security_group.bastion-sg",
            "module.security-group.aws_security_group.database-sg",
            "module.security-group.aws_security_group.redis-sg",
            "module.security-group.aws_security_group.web-alb-sg",
            "module.security-group.aws_security_group.web-tier-sg",
            "module.security-group.data.aws_vpc.vpc",
            "module.vpc.aws_eip.eip1",
            "module.vpc.aws_eip.eip2",
            "module.vpc.aws_internet_gateway.igw",
            "module.vpc.aws_nat_gateway.ngw1",
            "module.vpc.aws_nat_gateway.ngw2",
            "module.vpc.aws_route_table.db-rt1",
            "module.vpc.aws_route_table.db-rt2",
            "module.vpc.aws_route_table.private-rt1",
            "module.vpc.aws_route_table.private-rt2",
            "module.vpc.aws_route_table.public-rt",
            "module.vpc.aws_route_table_association.db-rt-association1",
            "module.vpc.aws_route_table_association.db-rt-association2",
            "module.vpc.aws_route_table_association.private-rt-association1",
            "module.vpc.aws_route_table_association.private-rt-association2",
            "module.vpc.aws_route_table_association.public-rt-association1",
            "module.vpc.aws_route_table_association.public-rt-association2",
            "module.vpc.aws_subnet.db_subnet1",
            "module.vpc.aws_subnet.db_subnet2",
            "module.vpc.aws_subnet.private_subnet1",
            "module.vpc.aws_subnet.private_subnet2",
            "module.vpc.aws_subnet.public_subnet1",
            "module.vpc.aws_subnet.public_subnet2",
            "module.vpc.aws_vpc.vpc",
            "module.vpc.aws_vpc_endpoint.s3_gateway",
            "module.vpc.data.aws_availability_zones.azs"
          ]
        },
        {
          "index_key": "www.hellowaws.shop",
          "schema_version": 2,
          "attributes": {
            "alias": [],
            "allow_overwrite": true,
            "cidr_routing_policy": [],
            "failover_routing_policy": [],
            "fqdn": "_a84098457ff3e7498a54e2ecf341e4be.www.hellowaws.shop",
            "geolocation_routing_policy": [],
            "geoproximity_routing_policy": [],
            "health_check_id": "",
            "id": "Z09337713DH1223XGPI4M__a84098457ff3e7498a54e2ecf341e4be.www.hellowaws.shop._CNAME",
            "latency_routing_policy": [],
            "multivalue_answer_routing_policy": false,
            "name": "_a84098457ff3e7498a54e2ecf341e4be.www.hellowaws.shop",
            "records": [
              "_a1f8bb890f2d7f08d4fd6e0e312257ac.mhbtsbpdnt.acm-validations.aws."
            ],
            "set_identifier": "",
            "ttl": 60,
            "type": "CNAME",
            "weighted_routing_policy": [],
            "zone_id": "Z09337713DH1223XGPI4M"
          },
          "sensitive_attributes": [],
          "private": "eyJzY2hlbWFfdmVyc2lvbiI6IjIifQ==",
          "dependencies": [
            "module.acm-route53-cloudfront-waf.aws_acm_certificate.cert",
            "module.acm-route53-cloudfront-waf.data.aws_route53_zone.zone",
            "module.alb.aws_lb.App-elb",
            "module.alb.aws_lb_target_group.app-tg",
            "module.alb.aws_lb_target_group.web-tg",
            "module.alb.data.aws_security_group.app-alb-sg",
            "module.alb.data.aws_subnet.private_subnet1",
            "module.alb.data.aws_subnet.private_subnet2",
            "module.alb.data.aws_vpc.vpc",
            "module.ami.aws_ami_from_instance.my_ami",
            "module.ami.aws_instance.bastion",
            "module.ami.data.aws_subnet.subnet",
            "module.ami.data.aws_vpc.vpc",
            "module.ami.null_resource.terminate_instance",
            "module.autoscaling.aws_autoscaling_group.App-ASG",
            "module.autoscaling.aws_autoscaling_group.Web-ASG",
            "module.autoscaling.aws_autoscaling_policy.app-custom-cpu-policy",
            "module.autoscaling.aws_autoscaling_policy.app-custom-cpu-policy-scaledown",
            "module.autoscaling.aws_autoscaling_policy.web-custom-cpu-policy",
            "module.autoscaling.aws_autoscaling_policy.web-custom-cpu-policy-scaledown",
            "module.autoscaling.aws_cloudwatch_metric_alarm.app-custom-cpu-alarm",
            "module.autoscaling.aws_cloudwatch_metric_alarm.app-custom-cpu-alarm-scaledown",
            "module.autoscaling.aws_cloudwatch_metric_alarm.web-custom-cpu-alarm",
            "module.autoscaling.aws_cloudwatch_metric_alarm.web-custom-cpu-alarm-scaledown",
            "module.autoscaling.aws_launch_template.App-LC",
            "module.autoscaling.aws_launch_template.Web-LC",
            "module.autoscaling.data.aws_ssm_parameter.db_id",
            "module.autoscaling.data.aws_ssm_parameter.db_pwd",
            "module.autoscaling.data.aws_subnet.private_subnet1",
            "module.autoscaling.data.aws_subnet.private_subnet2",
            "module.iam.aws_iam_instance_profile.instance-profile",
            "module.iam.aws_iam_role.iam_role",
            "module.iam.aws_iam_role_policy.iam-policy",
            "module.security-group.aws_security_group.app-alb-sg",
            "module.security-group.aws_security_group.app-tier-sg",
            "module.security-group.aws_security_group.bastion-sg",
            "module.security-group.aws_security_group.database-sg",
            "module.security-group.aws_security_group.redis-sg",
            "module.security-group.aws_security_group.web-alb-sg",
            "module.security-group.aws_security_group.web-tier-sg",
            "module.security-group.data.aws_vpc.vpc",
            "module.vpc.aws_eip.eip1",
            "module.vpc.aws_eip.eip2",
            "module.vpc.aws_internet_gateway.igw",
            "module.vpc.aws_nat_gateway.ngw1",
            "module.vpc.aws_nat_gateway.ngw2",
            "module.vpc.aws_route_table.db-rt1",
            "module.vpc.aws_route_table.db-rt2",
            "module.vpc.aws_route_table.private-rt1",
            "module.vpc.aws_route_table.private-rt2",
            "module.vpc.aws_route_table.public-rt",
            "module.vpc.aws_route_table_association.db-rt-association1",
            "module.vpc.aws_route_table_association.db-rt-association2",
            "module.vpc.aws_route_table_association.private-rt-association1",
            "module.vpc.aws_route_table_association.private-rt-association2",
            "module.vpc.aws_route_table_association.public-rt-association1",
            "module.vpc.aws_route_table_association.public-rt-association2",
            "module.vpc.aws_subnet.db_subnet1",
            "module.vpc.aws_subnet.db_subnet2",
            "module.vpc.aws_subnet.private_subnet1",
            "module.vpc.aws_subnet.private_subnet2",
            "module.vpc.aws_subnet.public_subnet1",
            "module.vpc.aws_subnet.public_subnet2",
            "module.vpc.aws_vpc.vpc",
            "module.vpc.aws_vpc_endpoint.s3_gateway",
            "module.vpc.data.aws_availability_zones.azs"
          ]
        }
      ]
    },
    {
      "module": "module.acm-route53-cloudfront-waf",
      "mode": "managed",
      "type": "aws_route53_record",
      "name": "www",
      "provider": "provider[\"registry.terraform.io/hashicorp/aws\"].us-east-1",
      "instances": [
        {
          "schema_version": 2,
          "attributes": {
            "alias": [
              {
                "evaluate_target_health": false,
                "name": "d2lv9xqwgmxj01.cloudfront.net",
                "zone_id": "Z2FDTNDATAQYW2"
              }
            ],
            "allow_overwrite": null,
            "cidr_routing_policy": [],
            "failover_routing_policy": [],
            "fqdn": "www.hellowaws.shop",
            "geolocation_routing_policy": [],
            "geoproximity_routing_policy": [],
            "health_check_id": "",
            "id": "Z09337713DH1223XGPI4M_www.hellowaws.shop_A",
            "latency_routing_policy": [],
            "multivalue_answer_routing_policy": false,
            "name": "www.hellowaws.shop",
            "records": null,
            "set_identifier": "",
            "ttl": 0,
            "type": "A",
            "weighted_routing_policy": [],
            "zone_id": "Z09337713DH1223XGPI4M"
          },
          "sensitive_attributes": [],
          "private": "eyJzY2hlbWFfdmVyc2lvbiI6IjIifQ==",
          "dependencies": [
            "module.acm-route53-cloudfront-waf.aws_acm_certificate.cert",
            "module.acm-route53-cloudfront-waf.aws_acm_certificate_validation.cert",
            "module.acm-route53-cloudfront-waf.aws_cloudfront_distribution.cloudfront-web-elb-distribution",
            "module.acm-route53-cloudfront-waf.aws_route53_record.cert_validation",
            "module.acm-route53-cloudfront-waf.aws_wafv2_web_acl.web_acl",
            "module.acm-route53-cloudfront-waf.data.aws_route53_zone.zone",
            "module.alb.aws_lb.App-elb",
            "module.alb.aws_lb.Web-elb",
            "module.alb.aws_lb_target_group.app-tg",
            "module.alb.aws_lb_target_group.web-tg",
            "module.alb.data.aws_security_group.app-alb-sg",
            "module.alb.data.aws_security_group.web-alb-sg",
            "module.alb.data.aws_subnet.private_subnet1",
            "module.alb.data.aws_subnet.private_subnet2",
            "module.alb.data.aws_subnet.public_subnet1",
            "module.alb.data.aws_subnet.public_subnet2",
            "module.alb.data.aws_vpc.vpc",
            "module.ami.aws_ami_from_instance.my_ami",
            "module.ami.aws_instance.bastion",
            "module.ami.data.aws_subnet.subnet",
            "module.ami.data.aws_vpc.vpc",
            "module.ami.null_resource.terminate_instance",
            "module.autoscaling.aws_autoscaling_group.App-ASG",
            "module.autoscaling.aws_autoscaling_group.Web-ASG",
            "module.autoscaling.aws_autoscaling_policy.app-custom-cpu-policy",
            "module.autoscaling.aws_autoscaling_policy.app-custom-cpu-policy-scaledown",
            "module.autoscaling.aws_autoscaling_policy.web-custom-cpu-policy",
            "module.autoscaling.aws_autoscaling_policy.web-custom-cpu-policy-scaledown",
            "module.autoscaling.aws_cloudwatch_metric_alarm.app-custom-cpu-alarm",
            "module.autoscaling.aws_cloudwatch_metric_alarm.app-custom-cpu-alarm-scaledown",
            "module.autoscaling.aws_cloudwatch_metric_alarm.web-custom-cpu-alarm",
            "module.autoscaling.aws_cloudwatch_metric_alarm.web-custom-cpu-alarm-scaledown",
            "module.autoscaling.aws_launch_template.App-LC",
            "module.autoscaling.aws_launch_template.Web-LC",
            "module.autoscaling.data.aws_ssm_parameter.db_id",
            "module.autoscaling.data.aws_ssm_parameter.db_pwd",
            "module.autoscaling.data.aws_subnet.private_subnet1",
            "module.autoscaling.data.aws_subnet.private_subnet2",
            "module.iam.aws_iam_instance_profile.instance-profile",
            "module.iam.aws_iam_role.iam_role",
            "module.iam.aws_iam_role_policy.iam-policy",
            "module.security-group.aws_security_group.app-alb-sg",
            "module.security-group.aws_security_group.app-tier-sg",
            "module.security-group.aws_security_group.bastion-sg",
            "module.security-group.aws_security_group.database-sg",
            "module.security-group.aws_security_group.redis-sg",
            "module.security-group.aws_security_group.web-alb-sg",
            "module.security-group.aws_security_group.web-tier-sg",
            "module.security-group.data.aws_vpc.vpc",
            "module.vpc.aws_eip.eip1",
            "module.vpc.aws_eip.eip2",
            "module.vpc.aws_internet_gateway.igw",
            "module.vpc.aws_nat_gateway.ngw1",
            "module.vpc.aws_nat_gateway.ngw2",
            "module.vpc.aws_route_table.db-rt1",
            "module.vpc.aws_route_table.db-rt2",
            "module.vpc.aws_route_table.private-rt1",
            "module.vpc.aws_route_table.private-rt2",
            "module.vpc.aws_route_table.public-rt",
            "module.vpc.aws_route_table_association.db-rt-association1",
            "module.vpc.aws_route_table_association.db-rt-association2",
            "module.vpc.aws_route_table_association.private-rt-association1",
            "module.vpc.aws_route_table_association.private-rt-association2",
            "module.vpc.aws_route_table_association.public-rt-association1",
            "module.vpc.aws_route_table_association.public-rt-association2",
            "module.vpc.aws_subnet.db_subnet1",
            "module.vpc.aws_subnet.db_subnet2",
            "module.vpc.aws_subnet.private_subnet1",
            "module.vpc.aws_subnet.private_subnet2",
            "module.vpc.aws_subnet.public_subnet1",
            "module.vpc.aws_subnet.public_subnet2",
            "module.vpc.aws_vpc.vpc",
            "module.vpc.aws_vpc_endpoint.s3_gateway",
            "module.vpc.data.aws_availability_zones.azs"
          ]
        }
      ]
    },
    {
      "module": "module.acm-route53-cloudfront-waf",
      "mode": "managed",
      "type": "aws_wafv2_web_acl",
      "name": "web_acl",
      "provider": "provider[\"registry.terraform.io/hashicorp/aws\"].us-east-1",
      "instances": [
        {
          "schema_version": 0,
          "attributes": {
            "application_integration_url": "",
            "arn": "arn:aws:wafv2:us-east-1:891377163278:global/webacl/kdt_WAF-ktd/d25ab96a-389f-411e-8cfa-7fdba59b4171",
            "association_config": [],
            "capacity": 50,
            "captcha_config": [],
            "challenge_config": [],
            "custom_response_body": [],
            "default_action": [
              {
                "allow": [
                  {
                    "custom_request_handling": []
                  }
                ],
                "block": []
              }
            ],
            "description": "",
            "id": "d25ab96a-389f-411e-8cfa-7fdba59b4171",
            "lock_token": "118eace3-b52d-4f5d-ada0-e198fcdb95bd",
            "name": "kdt_WAF-ktd",
            "rule": [
              {
                "action": [],
                "captcha_config": [],
                "name": "AWSManagedRulesAnonymousIpList",
                "override_action": [
                  {
                    "count": [],
                    "none": [
                      {}
                    ]
                  }
                ],
                "priority": 0,
                "rule_label": [],
                "statement": [
                  {
                    "and_statement": [],
                    "byte_match_statement": [],
                    "geo_match_statement": [],
                    "ip_set_reference_statement": [],
                    "label_match_statement": [],
                    "managed_rule_group_statement": [
                      {
                        "managed_rule_group_configs": [],
                        "name": "AWSManagedRulesAnonymousIpList",
                        "rule_action_override": [
                          {
                            "action_to_use": [
                              {
                                "allow": [],
                                "block": [],
                                "captcha": [],
                                "challenge": [],
                                "count": [
                                  {
                                    "custom_request_handling": []
                                  }
                                ]
                              }
                            ],
                            "name": "SizeRestrictions_QUERYSTRING"
                          },
                          {
                            "action_to_use": [
                              {
                                "allow": [],
                                "block": [],
                                "captcha": [],
                                "challenge": [],
                                "count": [
                                  {
                                    "custom_request_handling": []
                                  }
                                ]
                              }
                            ],
                            "name": "NoUserAgent_HEADER"
                          }
                        ],
                        "scope_down_statement": [],
                        "vendor_name": "AWS",
                        "version": ""
                      }
                    ],
                    "not_statement": [],
                    "or_statement": [],
                    "rate_based_statement": [],
                    "regex_match_statement": [],
                    "regex_pattern_set_reference_statement": [],
                    "rule_group_reference_statement": [],
                    "size_constraint_statement": [],
                    "sqli_match_statement": [],
                    "xss_match_statement": []
                  }
                ],
                "visibility_config": [
                  {
                    "cloudwatch_metrics_enabled": false,
                    "metric_name": "BlockIPRuleMetrics",
                    "sampled_requests_enabled": false
                  }
                ]
              }
            ],
            "scope": "CLOUDFRONT",
            "tags": {},
            "tags_all": {},
            "token_domains": [],
            "visibility_config": [
              {
                "cloudwatch_metrics_enabled": false,
                "metric_name": "BlockIPRuleMetrics",
                "sampled_requests_enabled": false
              }
            ]
          },
          "sensitive_attributes": [],
          "private": "bnVsbA==",
          "dependencies": [
            "module.alb.aws_lb.App-elb",
            "module.alb.aws_lb_target_group.app-tg",
            "module.alb.aws_lb_target_group.web-tg",
            "module.alb.data.aws_security_group.app-alb-sg",
            "module.alb.data.aws_subnet.private_subnet1",
            "module.alb.data.aws_subnet.private_subnet2",
            "module.alb.data.aws_vpc.vpc",
            "module.ami.aws_ami_from_instance.my_ami",
            "module.ami.aws_instance.bastion",
            "module.ami.data.aws_subnet.subnet",
            "module.ami.data.aws_vpc.vpc",
            "module.ami.null_resource.terminate_instance",
            "module.autoscaling.aws_autoscaling_group.App-ASG",
            "module.autoscaling.aws_autoscaling_group.Web-ASG",
            "module.autoscaling.aws_autoscaling_policy.app-custom-cpu-policy",
            "module.autoscaling.aws_autoscaling_policy.app-custom-cpu-policy-scaledown",
            "module.autoscaling.aws_autoscaling_policy.web-custom-cpu-policy",
            "module.autoscaling.aws_autoscaling_policy.web-custom-cpu-policy-scaledown",
            "module.autoscaling.aws_cloudwatch_metric_alarm.app-custom-cpu-alarm",
            "module.autoscaling.aws_cloudwatch_metric_alarm.app-custom-cpu-alarm-scaledown",
            "module.autoscaling.aws_cloudwatch_metric_alarm.web-custom-cpu-alarm",
            "module.autoscaling.aws_cloudwatch_metric_alarm.web-custom-cpu-alarm-scaledown",
            "module.autoscaling.aws_launch_template.App-LC",
            "module.autoscaling.aws_launch_template.Web-LC",
            "module.autoscaling.data.aws_security_group.app-sg",
            "module.autoscaling.data.aws_security_group.web-sg",
            "module.autoscaling.data.aws_ssm_parameter.db_id",
            "module.autoscaling.data.aws_ssm_parameter.db_pwd",
            "module.autoscaling.data.aws_subnet.private_subnet1",
            "module.autoscaling.data.aws_subnet.private_subnet2",
            "module.iam.aws_iam_instance_profile.instance-profile",
            "module.iam.aws_iam_role.iam_role",
            "module.iam.aws_iam_role_policy.iam-policy",
            "module.security-group.aws_security_group.app-alb-sg",
            "module.security-group.aws_security_group.app-tier-sg",
            "module.security-group.aws_security_group.bastion-sg",
            "module.security-group.aws_security_group.database-sg",
            "module.security-group.aws_security_group.redis-sg",
            "module.security-group.aws_security_group.web-alb-sg",
            "module.security-group.aws_security_group.web-tier-sg",
            "module.security-group.data.aws_vpc.vpc",
            "module.vpc.aws_eip.eip1",
            "module.vpc.aws_eip.eip2",
            "module.vpc.aws_internet_gateway.igw",
            "module.vpc.aws_nat_gateway.ngw1",
            "module.vpc.aws_nat_gateway.ngw2",
            "module.vpc.aws_route_table.db-rt1",
            "module.vpc.aws_route_table.db-rt2",
            "module.vpc.aws_route_table.private-rt1",
            "module.vpc.aws_route_table.private-rt2",
            "module.vpc.aws_route_table.public-rt",
            "module.vpc.aws_route_table_association.db-rt-association1",
            "module.vpc.aws_route_table_association.db-rt-association2",
            "module.vpc.aws_route_table_association.private-rt-association1",
            "module.vpc.aws_route_table_association.private-rt-association2",
            "module.vpc.aws_route_table_association.public-rt-association1",
            "module.vpc.aws_route_table_association.public-rt-association2",
            "module.vpc.aws_subnet.db_subnet1",
            "module.vpc.aws_subnet.db_subnet2",
            "module.vpc.aws_subnet.private_subnet1",
            "module.vpc.aws_subnet.private_subnet2",
            "module.vpc.aws_subnet.public_subnet1",
            "module.vpc.aws_subnet.public_subnet2",
            "module.vpc.aws_vpc.vpc",
            "module.vpc.aws_vpc_endpoint.s3_gateway",
            "module.vpc.data.aws_availability_zones.azs"
          ]
        }
      ]
    },
    {
      "module": "module.alb",
      "mode": "data",
      "type": "aws_security_group",
      "name": "app-alb-sg",
      "provider": "provider[\"registry.terraform.io/hashicorp/aws\"]",
      "instances": [
        {
          "schema_version": 0,
          "attributes": {
            "arn": "arn:aws:ec2:us-east-2:891377163278:security-group/sg-02752e2c2324d1d3a",
            "description": "Allow HTTP and HTTPS for World",
            "filter": [
              {
                "name": "group-id",
                "values": [
                  "sg-02752e2c2324d1d3a"
                ]
              },
              {
                "name": "tag:Name",
                "values": [
                  "kdt_app-alb-sg"
                ]
              }
            ],
            "id": "sg-02752e2c2324d1d3a",
            "name": "terraform-20240521073737938200000004",
            "tags": {
              "Name": "kdt_app-alb-sg"
            },
            "timeouts": null,
            "vpc_id": "vpc-0770e7c4579e1c841"
          },
          "sensitive_attributes": []
        }
      ]
    },
    {
      "module": "module.alb",
      "mode": "data",
      "type": "aws_security_group",
      "name": "web-alb-sg",
      "provider": "provider[\"registry.terraform.io/hashicorp/aws\"]",
      "instances": [
        {
          "schema_version": 0,
          "attributes": {
            "arn": "arn:aws:ec2:us-east-2:891377163278:security-group/sg-00c5688b8178e0480",
            "description": "Allow HTTP and HTTPS for World",
            "filter": [
              {
                "name": "group-id",
                "values": [
                  "sg-00c5688b8178e0480"
                ]
              },
              {
                "name": "tag:Name",
                "values": [
                  "kdt_web-alb-sg"
                ]
              }
            ],
            "id": "sg-00c5688b8178e0480",
            "name": "terraform-20240521073730893600000002",
            "tags": {
              "Name": "kdt_web-alb-sg"
            },
            "timeouts": null,
            "vpc_id": "vpc-0770e7c4579e1c841"
          },
          "sensitive_attributes": []
        }
      ]
    },
    {
      "module": "module.alb",
      "mode": "data",
      "type": "aws_subnet",
      "name": "private_subnet1",
      "provider": "provider[\"registry.terraform.io/hashicorp/aws\"]",
      "instances": [
        {
          "schema_version": 0,
          "attributes": {
            "arn": "arn:aws:ec2:us-east-2:891377163278:subnet/subnet-014e3ba156c419276",
            "assign_ipv6_address_on_creation": false,
            "availability_zone": "us-east-2a",
            "availability_zone_id": "use2-az1",
            "available_ip_address_count": 1016,
            "cidr_block": "10.50.4.0/22",
            "customer_owned_ipv4_pool": "",
            "default_for_az": false,
            "enable_dns64": false,
            "enable_lni_at_device_index": 0,
            "enable_resource_name_dns_a_record_on_launch": false,
            "enable_resource_name_dns_aaaa_record_on_launch": false,
            "filter": [
              {
                "name": "tag:Name",
                "values": [
                  "kdt_private_subnet1"
                ]
              }
            ],
            "id": "subnet-014e3ba156c419276",
            "ipv6_cidr_block": "",
            "ipv6_cidr_block_association_id": "",
            "ipv6_native": false,
            "map_customer_owned_ip_on_launch": false,
            "map_public_ip_on_launch": false,
            "outpost_arn": "",
            "owner_id": "891377163278",
            "private_dns_hostname_type_on_launch": "ip-name",
            "state": "available",
            "tags": {
              "Name": "kdt_private_subnet1"
            },
            "timeouts": null,
            "vpc_id": "vpc-0770e7c4579e1c841"
          },
          "sensitive_attributes": []
        }
      ]
    },
    {
      "module": "module.alb",
      "mode": "data",
      "type": "aws_subnet",
      "name": "private_subnet2",
      "provider": "provider[\"registry.terraform.io/hashicorp/aws\"]",
      "instances": [
        {
          "schema_version": 0,
          "attributes": {
            "arn": "arn:aws:ec2:us-east-2:891377163278:subnet/subnet-0063477f678e724f1",
            "assign_ipv6_address_on_creation": false,
            "availability_zone": "us-east-2b",
            "availability_zone_id": "use2-az2",
            "available_ip_address_count": 1016,
            "cidr_block": "10.50.8.0/22",
            "customer_owned_ipv4_pool": "",
            "default_for_az": false,
            "enable_dns64": false,
            "enable_lni_at_device_index": 0,
            "enable_resource_name_dns_a_record_on_launch": false,
            "enable_resource_name_dns_aaaa_record_on_launch": false,
            "filter": [
              {
                "name": "tag:Name",
                "values": [
                  "kdt_private_subnet2"
                ]
              }
            ],
            "id": "subnet-0063477f678e724f1",
            "ipv6_cidr_block": "",
            "ipv6_cidr_block_association_id": "",
            "ipv6_native": false,
            "map_customer_owned_ip_on_launch": false,
            "map_public_ip_on_launch": false,
            "outpost_arn": "",
            "owner_id": "891377163278",
            "private_dns_hostname_type_on_launch": "ip-name",
            "state": "available",
            "tags": {
              "Name": "kdt_private_subnet2"
            },
            "timeouts": null,
            "vpc_id": "vpc-0770e7c4579e1c841"
          },
          "sensitive_attributes": []
        }
      ]
    },
    {
      "module": "module.alb",
      "mode": "data",
      "type": "aws_subnet",
      "name": "public_subnet1",
      "provider": "provider[\"registry.terraform.io/hashicorp/aws\"]",
      "instances": [
        {
          "schema_version": 0,
          "attributes": {
            "arn": "arn:aws:ec2:us-east-2:891377163278:subnet/subnet-0699e587d5b330ea8",
            "assign_ipv6_address_on_creation": false,
            "availability_zone": "us-east-2a",
            "availability_zone_id": "use2-az1",
            "available_ip_address_count": 249,
            "cidr_block": "10.50.0.0/24",
            "customer_owned_ipv4_pool": "",
            "default_for_az": false,
            "enable_dns64": false,
            "enable_lni_at_device_index": 0,
            "enable_resource_name_dns_a_record_on_launch": false,
            "enable_resource_name_dns_aaaa_record_on_launch": false,
            "filter": [
              {
                "name": "tag:Name",
                "values": [
                  "kdt_public_subnet1"
                ]
              }
            ],
            "id": "subnet-0699e587d5b330ea8",
            "ipv6_cidr_block": "",
            "ipv6_cidr_block_association_id": "",
            "ipv6_native": false,
            "map_customer_owned_ip_on_launch": false,
            "map_public_ip_on_launch": true,
            "outpost_arn": "",
            "owner_id": "891377163278",
            "private_dns_hostname_type_on_launch": "ip-name",
            "state": "available",
            "tags": {
              "Name": "kdt_public_subnet1"
            },
            "timeouts": null,
            "vpc_id": "vpc-0770e7c4579e1c841"
          },
          "sensitive_attributes": []
        }
      ]
    },
    {
      "module": "module.alb",
      "mode": "data",
      "type": "aws_subnet",
      "name": "public_subnet2",
      "provider": "provider[\"registry.terraform.io/hashicorp/aws\"]",
      "instances": [
        {
          "schema_version": 0,
          "attributes": {
            "arn": "arn:aws:ec2:us-east-2:891377163278:subnet/subnet-0471f9a85fbcbc2e9",
            "assign_ipv6_address_on_creation": false,
            "availability_zone": "us-east-2b",
            "availability_zone_id": "use2-az2",
            "available_ip_address_count": 249,
            "cidr_block": "10.50.1.0/24",
            "customer_owned_ipv4_pool": "",
            "default_for_az": false,
            "enable_dns64": false,
            "enable_lni_at_device_index": 0,
            "enable_resource_name_dns_a_record_on_launch": false,
            "enable_resource_name_dns_aaaa_record_on_launch": false,
            "filter": [
              {
                "name": "tag:Name",
                "values": [
                  "kdt_public_subnet2"
                ]
              }
            ],
            "id": "subnet-0471f9a85fbcbc2e9",
            "ipv6_cidr_block": "",
            "ipv6_cidr_block_association_id": "",
            "ipv6_native": false,
            "map_customer_owned_ip_on_launch": false,
            "map_public_ip_on_launch": true,
            "outpost_arn": "",
            "owner_id": "891377163278",
            "private_dns_hostname_type_on_launch": "ip-name",
            "state": "available",
            "tags": {
              "Name": "kdt_public_subnet2"
            },
            "timeouts": null,
            "vpc_id": "vpc-0770e7c4579e1c841"
          },
          "sensitive_attributes": []
        }
      ]
    },
    {
      "module": "module.alb",
      "mode": "data",
      "type": "aws_vpc",
      "name": "vpc",
      "provider": "provider[\"registry.terraform.io/hashicorp/aws\"]",
      "instances": [
        {
          "schema_version": 0,
          "attributes": {
            "arn": "arn:aws:ec2:us-east-2:891377163278:vpc/vpc-0770e7c4579e1c841",
            "cidr_block": "10.50.0.0/16",
            "cidr_block_associations": [
              {
                "association_id": "vpc-cidr-assoc-065016da7022293d9",
                "cidr_block": "10.50.0.0/16",
                "state": "associated"
              }
            ],
            "default": false,
            "dhcp_options_id": "dopt-0cab42d5410535950",
            "enable_dns_hostnames": true,
            "enable_dns_support": true,
            "enable_network_address_usage_metrics": false,
            "filter": [
              {
                "name": "tag:Name",
                "values": [
                  "kdt_VPC"
                ]
              }
            ],
            "id": "vpc-0770e7c4579e1c841",
            "instance_tenancy": "default",
            "ipv6_association_id": "",
            "ipv6_cidr_block": "",
            "main_route_table_id": "rtb-01ac4a544b6253a28",
            "owner_id": "891377163278",
            "state": null,
            "tags": {
              "Name": "kdt_VPC"
            },
            "timeouts": null
          },
          "sensitive_attributes": []
        }
      ]
    },
    {
      "module": "module.alb",
      "mode": "managed",
      "type": "aws_lb",
      "name": "App-elb",
      "provider": "provider[\"registry.terraform.io/hashicorp/aws\"]",
      "instances": [
        {
          "schema_version": 0,
          "attributes": {
            "access_logs": [
              {
                "bucket": "",
                "enabled": false,
                "prefix": ""
              }
            ],
            "arn": "arn:aws:elasticloadbalancing:us-east-2:891377163278:loadbalancer/app/App-elb/d892ba34bab11744",
            "arn_suffix": "app/App-elb/d892ba34bab11744",
            "client_keep_alive": 3600,
            "connection_logs": [
              {
                "bucket": "",
                "enabled": false,
                "prefix": ""
              }
            ],
            "customer_owned_ipv4_pool": "",
            "desync_mitigation_mode": "defensive",
            "dns_name": "internal-App-elb-1722317065.us-east-2.elb.amazonaws.com",
            "dns_record_client_routing_policy": null,
            "drop_invalid_header_fields": false,
            "enable_cross_zone_load_balancing": true,
            "enable_deletion_protection": false,
            "enable_http2": true,
            "enable_tls_version_and_cipher_suite_headers": false,
            "enable_waf_fail_open": false,
            "enable_xff_client_port": false,
            "enforce_security_group_inbound_rules_on_private_link_traffic": "",
            "id": "arn:aws:elasticloadbalancing:us-east-2:891377163278:loadbalancer/app/App-elb/d892ba34bab11744",
            "idle_timeout": 60,
            "internal": true,
            "ip_address_type": "ipv4",
            "load_balancer_type": "application",
            "name": "App-elb",
            "name_prefix": "",
            "preserve_host_header": false,
            "security_groups": [
              "sg-02752e2c2324d1d3a"
            ],
            "subnet_mapping": [
              {
                "allocation_id": "",
                "ipv6_address": "",
                "outpost_id": "",
                "private_ipv4_address": "",
                "subnet_id": "subnet-0063477f678e724f1"
              },
              {
                "allocation_id": "",
                "ipv6_address": "",
                "outpost_id": "",
                "private_ipv4_address": "",
                "subnet_id": "subnet-014e3ba156c419276"
              }
            ],
            "subnets": [
              "subnet-0063477f678e724f1",
              "subnet-014e3ba156c419276"
            ],
            "tags": {
              "Name": "App-elb"
            },
            "tags_all": {
              "Name": "App-elb"
            },
            "timeouts": null,
            "vpc_id": "vpc-0770e7c4579e1c841",
            "xff_header_processing_mode": "append",
            "zone_id": "Z3AADJGX6KTTL2"
          },
          "sensitive_attributes": [],
          "private": "eyJlMmJmYjczMC1lY2FhLTExZTYtOGY4OC0zNDM2M2JjN2M0YzAiOnsiY3JlYXRlIjo2MDAwMDAwMDAwMDAsImRlbGV0ZSI6NjAwMDAwMDAwMDAwLCJ1cGRhdGUiOjYwMDAwMDAwMDAwMH19",
          "dependencies": [
            "module.alb.data.aws_security_group.app-alb-sg",
            "module.alb.data.aws_subnet.private_subnet1",
            "module.alb.data.aws_subnet.private_subnet2",
            "module.security-group.aws_security_group.app-alb-sg",
            "module.security-group.aws_security_group.app-tier-sg",
            "module.security-group.aws_security_group.bastion-sg",
            "module.security-group.aws_security_group.database-sg",
            "module.security-group.aws_security_group.redis-sg",
            "module.security-group.aws_security_group.web-alb-sg",
            "module.security-group.aws_security_group.web-tier-sg",
            "module.security-group.data.aws_vpc.vpc",
            "module.vpc.aws_eip.eip1",
            "module.vpc.aws_eip.eip2",
            "module.vpc.aws_internet_gateway.igw",
            "module.vpc.aws_nat_gateway.ngw1",
            "module.vpc.aws_nat_gateway.ngw2",
            "module.vpc.aws_route_table.db-rt1",
            "module.vpc.aws_route_table.db-rt2",
            "module.vpc.aws_route_table.private-rt1",
            "module.vpc.aws_route_table.private-rt2",
            "module.vpc.aws_route_table.public-rt",
            "module.vpc.aws_route_table_association.db-rt-association1",
            "module.vpc.aws_route_table_association.db-rt-association2",
            "module.vpc.aws_route_table_association.private-rt-association1",
            "module.vpc.aws_route_table_association.private-rt-association2",
            "module.vpc.aws_route_table_association.public-rt-association1",
            "module.vpc.aws_route_table_association.public-rt-association2",
            "module.vpc.aws_subnet.db_subnet1",
            "module.vpc.aws_subnet.db_subnet2",
            "module.vpc.aws_subnet.private_subnet1",
            "module.vpc.aws_subnet.private_subnet2",
            "module.vpc.aws_subnet.public_subnet1",
            "module.vpc.aws_subnet.public_subnet2",
            "module.vpc.aws_vpc.vpc",
            "module.vpc.aws_vpc_endpoint.s3_gateway",
            "module.vpc.data.aws_availability_zones.azs"
          ]
        }
      ]
    },
    {
      "module": "module.alb",
      "mode": "managed",
      "type": "aws_lb",
      "name": "Web-elb",
      "provider": "provider[\"registry.terraform.io/hashicorp/aws\"]",
      "instances": [
        {
          "schema_version": 0,
          "attributes": {
            "access_logs": [
              {
                "bucket": "",
                "enabled": false,
                "prefix": ""
              }
            ],
            "arn": "arn:aws:elasticloadbalancing:us-east-2:891377163278:loadbalancer/app/Web-elb/737b5ec2bb17e335",
            "arn_suffix": "app/Web-elb/737b5ec2bb17e335",
            "client_keep_alive": 3600,
            "connection_logs": [
              {
                "bucket": "",
                "enabled": false,
                "prefix": ""
              }
            ],
            "customer_owned_ipv4_pool": "",
            "desync_mitigation_mode": "defensive",
            "dns_name": "Web-elb-1993001452.us-east-2.elb.amazonaws.com",
            "dns_record_client_routing_policy": null,
            "drop_invalid_header_fields": false,
            "enable_cross_zone_load_balancing": true,
            "enable_deletion_protection": false,
            "enable_http2": true,
            "enable_tls_version_and_cipher_suite_headers": false,
            "enable_waf_fail_open": false,
            "enable_xff_client_port": false,
            "enforce_security_group_inbound_rules_on_private_link_traffic": "",
            "id": "arn:aws:elasticloadbalancing:us-east-2:891377163278:loadbalancer/app/Web-elb/737b5ec2bb17e335",
            "idle_timeout": 60,
            "internal": false,
            "ip_address_type": "ipv4",
            "load_balancer_type": "application",
            "name": "Web-elb",
            "name_prefix": "",
            "preserve_host_header": false,
            "security_groups": [
              "sg-00c5688b8178e0480"
            ],
            "subnet_mapping": [
              {
                "allocation_id": "",
                "ipv6_address": "",
                "outpost_id": "",
                "private_ipv4_address": "",
                "subnet_id": "subnet-0471f9a85fbcbc2e9"
              },
              {
                "allocation_id": "",
                "ipv6_address": "",
                "outpost_id": "",
                "private_ipv4_address": "",
                "subnet_id": "subnet-0699e587d5b330ea8"
              }
            ],
            "subnets": [
              "subnet-0471f9a85fbcbc2e9",
              "subnet-0699e587d5b330ea8"
            ],
            "tags": {
              "Name": "Web-elb"
            },
            "tags_all": {
              "Name": "Web-elb"
            },
            "timeouts": null,
            "vpc_id": "vpc-0770e7c4579e1c841",
            "xff_header_processing_mode": "append",
            "zone_id": "Z3AADJGX6KTTL2"
          },
          "sensitive_attributes": [],
          "private": "eyJlMmJmYjczMC1lY2FhLTExZTYtOGY4OC0zNDM2M2JjN2M0YzAiOnsiY3JlYXRlIjo2MDAwMDAwMDAwMDAsImRlbGV0ZSI6NjAwMDAwMDAwMDAwLCJ1cGRhdGUiOjYwMDAwMDAwMDAwMH19",
          "dependencies": [
            "module.alb.data.aws_security_group.web-alb-sg",
            "module.alb.data.aws_subnet.public_subnet1",
            "module.alb.data.aws_subnet.public_subnet2",
            "module.security-group.aws_security_group.app-alb-sg",
            "module.security-group.aws_security_group.app-tier-sg",
            "module.security-group.aws_security_group.bastion-sg",
            "module.security-group.aws_security_group.database-sg",
            "module.security-group.aws_security_group.redis-sg",
            "module.security-group.aws_security_group.web-alb-sg",
            "module.security-group.aws_security_group.web-tier-sg",
            "module.security-group.data.aws_vpc.vpc",
            "module.vpc.aws_eip.eip1",
            "module.vpc.aws_eip.eip2",
            "module.vpc.aws_internet_gateway.igw",
            "module.vpc.aws_nat_gateway.ngw1",
            "module.vpc.aws_nat_gateway.ngw2",
            "module.vpc.aws_route_table.db-rt1",
            "module.vpc.aws_route_table.db-rt2",
            "module.vpc.aws_route_table.private-rt1",
            "module.vpc.aws_route_table.private-rt2",
            "module.vpc.aws_route_table.public-rt",
            "module.vpc.aws_route_table_association.db-rt-association1",
            "module.vpc.aws_route_table_association.db-rt-association2",
            "module.vpc.aws_route_table_association.private-rt-association1",
            "module.vpc.aws_route_table_association.private-rt-association2",
            "module.vpc.aws_route_table_association.public-rt-association1",
            "module.vpc.aws_route_table_association.public-rt-association2",
            "module.vpc.aws_subnet.db_subnet1",
            "module.vpc.aws_subnet.db_subnet2",
            "module.vpc.aws_subnet.private_subnet1",
            "module.vpc.aws_subnet.private_subnet2",
            "module.vpc.aws_subnet.public_subnet1",
            "module.vpc.aws_subnet.public_subnet2",
            "module.vpc.aws_vpc.vpc",
            "module.vpc.aws_vpc_endpoint.s3_gateway",
            "module.vpc.data.aws_availability_zones.azs"
          ]
        }
      ]
    },
    {
      "module": "module.alb",
      "mode": "managed",
      "type": "aws_lb_listener",
      "name": "app-alb-listener",
      "provider": "provider[\"registry.terraform.io/hashicorp/aws\"]",
      "instances": [
        {
          "schema_version": 0,
          "attributes": {
            "alpn_policy": null,
            "arn": "arn:aws:elasticloadbalancing:us-east-2:891377163278:listener/app/App-elb/d892ba34bab11744/810f7b003efc38b4",
            "certificate_arn": null,
            "default_action": [
              {
                "authenticate_cognito": [],
                "authenticate_oidc": [],
                "fixed_response": [],
                "forward": [],
                "order": 1,
                "redirect": [],
                "target_group_arn": "arn:aws:elasticloadbalancing:us-east-2:891377163278:targetgroup/tf-20240521073750004800000009/f771656c20a50c5d",
                "type": "forward"
              }
            ],
            "id": "arn:aws:elasticloadbalancing:us-east-2:891377163278:listener/app/App-elb/d892ba34bab11744/810f7b003efc38b4",
            "load_balancer_arn": "arn:aws:elasticloadbalancing:us-east-2:891377163278:loadbalancer/app/App-elb/d892ba34bab11744",
            "mutual_authentication": [],
            "port": 8080,
            "protocol": "HTTP",
            "ssl_policy": "",
            "tags": {},
            "tags_all": {},
            "timeouts": null
          },
          "sensitive_attributes": [],
          "private": "eyJlMmJmYjczMC1lY2FhLTExZTYtOGY4OC0zNDM2M2JjN2M0YzAiOnsiY3JlYXRlIjozMDAwMDAwMDAwMDAsInVwZGF0ZSI6MzAwMDAwMDAwMDAwfX0=",
          "dependencies": [
            "module.alb.aws_lb.App-elb",
            "module.alb.aws_lb_target_group.app-tg",
            "module.alb.data.aws_security_group.app-alb-sg",
            "module.alb.data.aws_subnet.private_subnet1",
            "module.alb.data.aws_subnet.private_subnet2",
            "module.alb.data.aws_vpc.vpc",
            "module.security-group.aws_security_group.app-alb-sg",
            "module.security-group.aws_security_group.app-tier-sg",
            "module.security-group.aws_security_group.bastion-sg",
            "module.security-group.aws_security_group.database-sg",
            "module.security-group.aws_security_group.redis-sg",
            "module.security-group.aws_security_group.web-alb-sg",
            "module.security-group.aws_security_group.web-tier-sg",
            "module.security-group.data.aws_vpc.vpc",
            "module.vpc.aws_eip.eip1",
            "module.vpc.aws_eip.eip2",
            "module.vpc.aws_internet_gateway.igw",
            "module.vpc.aws_nat_gateway.ngw1",
            "module.vpc.aws_nat_gateway.ngw2",
            "module.vpc.aws_route_table.db-rt1",
            "module.vpc.aws_route_table.db-rt2",
            "module.vpc.aws_route_table.private-rt1",
            "module.vpc.aws_route_table.private-rt2",
            "module.vpc.aws_route_table.public-rt",
            "module.vpc.aws_route_table_association.db-rt-association1",
            "module.vpc.aws_route_table_association.db-rt-association2",
            "module.vpc.aws_route_table_association.private-rt-association1",
            "module.vpc.aws_route_table_association.private-rt-association2",
            "module.vpc.aws_route_table_association.public-rt-association1",
            "module.vpc.aws_route_table_association.public-rt-association2",
            "module.vpc.aws_subnet.db_subnet1",
            "module.vpc.aws_subnet.db_subnet2",
            "module.vpc.aws_subnet.private_subnet1",
            "module.vpc.aws_subnet.private_subnet2",
            "module.vpc.aws_subnet.public_subnet1",
            "module.vpc.aws_subnet.public_subnet2",
            "module.vpc.aws_vpc.vpc",
            "module.vpc.aws_vpc_endpoint.s3_gateway",
            "module.vpc.data.aws_availability_zones.azs"
          ]
        }
      ]
    },
    {
      "module": "module.alb",
      "mode": "managed",
      "type": "aws_lb_listener",
      "name": "web-alb-listener",
      "provider": "provider[\"registry.terraform.io/hashicorp/aws\"]",
      "instances": [
        {
          "schema_version": 0,
          "attributes": {
            "alpn_policy": null,
            "arn": "arn:aws:elasticloadbalancing:us-east-2:891377163278:listener/app/Web-elb/737b5ec2bb17e335/8f4ceb9b0015ef17",
            "certificate_arn": null,
            "default_action": [
              {
                "authenticate_cognito": [],
                "authenticate_oidc": [],
                "fixed_response": [
                  {
                    "content_type": "text/plain",
                    "message_body": "Forbidden. Only accessible through the cloud front",
                    "status_code": "403"
                  }
                ],
                "forward": [],
                "order": 1,
                "redirect": [],
                "target_group_arn": "",
                "type": "fixed-response"
              }
            ],
            "id": "arn:aws:elasticloadbalancing:us-east-2:891377163278:listener/app/Web-elb/737b5ec2bb17e335/8f4ceb9b0015ef17",
            "load_balancer_arn": "arn:aws:elasticloadbalancing:us-east-2:891377163278:loadbalancer/app/Web-elb/737b5ec2bb17e335",
            "mutual_authentication": [],
            "port": 80,
            "protocol": "HTTP",
            "ssl_policy": "",
            "tags": {},
            "tags_all": {},
            "timeouts": null
          },
          "sensitive_attributes": [],
          "private": "eyJlMmJmYjczMC1lY2FhLTExZTYtOGY4OC0zNDM2M2JjN2M0YzAiOnsiY3JlYXRlIjozMDAwMDAwMDAwMDAsInVwZGF0ZSI6MzAwMDAwMDAwMDAwfX0=",
          "dependencies": [
            "module.alb.aws_lb.Web-elb",
            "module.alb.data.aws_security_group.web-alb-sg",
            "module.alb.data.aws_subnet.public_subnet1",
            "module.alb.data.aws_subnet.public_subnet2",
            "module.security-group.aws_security_group.app-alb-sg",
            "module.security-group.aws_security_group.app-tier-sg",
            "module.security-group.aws_security_group.bastion-sg",
            "module.security-group.aws_security_group.database-sg",
            "module.security-group.aws_security_group.redis-sg",
            "module.security-group.aws_security_group.web-alb-sg",
            "module.security-group.aws_security_group.web-tier-sg",
            "module.security-group.data.aws_vpc.vpc",
            "module.vpc.aws_eip.eip1",
            "module.vpc.aws_eip.eip2",
            "module.vpc.aws_internet_gateway.igw",
            "module.vpc.aws_nat_gateway.ngw1",
            "module.vpc.aws_nat_gateway.ngw2",
            "module.vpc.aws_route_table.db-rt1",
            "module.vpc.aws_route_table.db-rt2",
            "module.vpc.aws_route_table.private-rt1",
            "module.vpc.aws_route_table.private-rt2",
            "module.vpc.aws_route_table.public-rt",
            "module.vpc.aws_route_table_association.db-rt-association1",
            "module.vpc.aws_route_table_association.db-rt-association2",
            "module.vpc.aws_route_table_association.private-rt-association1",
            "module.vpc.aws_route_table_association.private-rt-association2",
            "module.vpc.aws_route_table_association.public-rt-association1",
            "module.vpc.aws_route_table_association.public-rt-association2",
            "module.vpc.aws_subnet.db_subnet1",
            "module.vpc.aws_subnet.db_subnet2",
            "module.vpc.aws_subnet.private_subnet1",
            "module.vpc.aws_subnet.private_subnet2",
            "module.vpc.aws_subnet.public_subnet1",
            "module.vpc.aws_subnet.public_subnet2",
            "module.vpc.aws_vpc.vpc",
            "module.vpc.aws_vpc_endpoint.s3_gateway",
            "module.vpc.data.aws_availability_zones.azs"
          ]
        }
      ]
    },
    {
      "module": "module.alb",
      "mode": "managed",
      "type": "aws_lb_listener_rule",
      "name": "web-listener-rule",
      "provider": "provider[\"registry.terraform.io/hashicorp/aws\"]",
      "instances": [
        {
          "schema_version": 0,
          "attributes": {
            "action": [
              {
                "authenticate_cognito": [],
                "authenticate_oidc": [],
                "fixed_response": [],
                "forward": [],
                "order": 1,
                "redirect": [],
                "target_group_arn": "arn:aws:elasticloadbalancing:us-east-2:891377163278:targetgroup/tf-2024052107375000480000000a/9a0b17280e877e08",
                "type": "forward"
              }
            ],
            "arn": "arn:aws:elasticloadbalancing:us-east-2:891377163278:listener-rule/app/Web-elb/737b5ec2bb17e335/8f4ceb9b0015ef17/9062a7cc8eaf91f1",
            "condition": [
              {
                "host_header": [],
                "http_header": [
                  {
                    "http_header_name": "my-header",
                    "values": [
                      "kdt"
                    ]
                  }
                ],
                "http_request_method": [],
                "path_pattern": [],
                "query_string": [],
                "source_ip": []
              }
            ],
            "id": "arn:aws:elasticloadbalancing:us-east-2:891377163278:listener-rule/app/Web-elb/737b5ec2bb17e335/8f4ceb9b0015ef17/9062a7cc8eaf91f1",
            "listener_arn": "arn:aws:elasticloadbalancing:us-east-2:891377163278:listener/app/Web-elb/737b5ec2bb17e335/8f4ceb9b0015ef17",
            "priority": 1,
            "tags": {},
            "tags_all": {}
          },
          "sensitive_attributes": [],
          "private": "bnVsbA==",
          "dependencies": [
            "module.alb.aws_lb.Web-elb",
            "module.alb.aws_lb_listener.web-alb-listener",
            "module.alb.aws_lb_target_group.web-tg",
            "module.alb.data.aws_security_group.web-alb-sg",
            "module.alb.data.aws_subnet.public_subnet1",
            "module.alb.data.aws_subnet.public_subnet2",
            "module.alb.data.aws_vpc.vpc",
            "module.security-group.aws_security_group.app-alb-sg",
            "module.security-group.aws_security_group.app-tier-sg",
            "module.security-group.aws_security_group.bastion-sg",
            "module.security-group.aws_security_group.database-sg",
            "module.security-group.aws_security_group.redis-sg",
            "module.security-group.aws_security_group.web-alb-sg",
            "module.security-group.aws_security_group.web-tier-sg",
            "module.security-group.data.aws_vpc.vpc",
            "module.vpc.aws_eip.eip1",
            "module.vpc.aws_eip.eip2",
            "module.vpc.aws_internet_gateway.igw",
            "module.vpc.aws_nat_gateway.ngw1",
            "module.vpc.aws_nat_gateway.ngw2",
            "module.vpc.aws_route_table.db-rt1",
            "module.vpc.aws_route_table.db-rt2",
            "module.vpc.aws_route_table.private-rt1",
            "module.vpc.aws_route_table.private-rt2",
            "module.vpc.aws_route_table.public-rt",
            "module.vpc.aws_route_table_association.db-rt-association1",
            "module.vpc.aws_route_table_association.db-rt-association2",
            "module.vpc.aws_route_table_association.private-rt-association1",
            "module.vpc.aws_route_table_association.private-rt-association2",
            "module.vpc.aws_route_table_association.public-rt-association1",
            "module.vpc.aws_route_table_association.public-rt-association2",
            "module.vpc.aws_subnet.db_subnet1",
            "module.vpc.aws_subnet.db_subnet2",
            "module.vpc.aws_subnet.private_subnet1",
            "module.vpc.aws_subnet.private_subnet2",
            "module.vpc.aws_subnet.public_subnet1",
            "module.vpc.aws_subnet.public_subnet2",
            "module.vpc.aws_vpc.vpc",
            "module.vpc.aws_vpc_endpoint.s3_gateway",
            "module.vpc.data.aws_availability_zones.azs"
          ]
        }
      ]
    },
    {
      "module": "module.alb",
      "mode": "managed",
      "type": "aws_lb_target_group",
      "name": "app-tg",
      "provider": "provider[\"registry.terraform.io/hashicorp/aws\"]",
      "instances": [
        {
          "schema_version": 0,
          "attributes": {
            "arn": "arn:aws:elasticloadbalancing:us-east-2:891377163278:targetgroup/tf-20240521073750004800000009/f771656c20a50c5d",
            "arn_suffix": "targetgroup/tf-20240521073750004800000009/f771656c20a50c5d",
            "connection_termination": null,
            "deregistration_delay": "300",
            "health_check": [
              {
                "enabled": true,
                "healthy_threshold": 5,
                "interval": 10,
                "matcher": "200",
                "path": "/",
                "port": "traffic-port",
                "protocol": "HTTP",
                "timeout": 5,
                "unhealthy_threshold": 2
              }
            ],
            "id": "arn:aws:elasticloadbalancing:us-east-2:891377163278:targetgroup/tf-20240521073750004800000009/f771656c20a50c5d",
            "ip_address_type": "ipv4",
            "lambda_multi_value_headers_enabled": false,
            "load_balancer_arns": [],
            "load_balancing_algorithm_type": "round_robin",
            "load_balancing_anomaly_mitigation": "off",
            "load_balancing_cross_zone_enabled": "use_load_balancer_configuration",
            "name": "tf-20240521073750004800000009",
            "name_prefix": "tf-",
            "port": 8080,
            "preserve_client_ip": null,
            "protocol": "HTTP",
            "protocol_version": "HTTP1",
            "proxy_protocol_v2": false,
            "slow_start": 0,
            "stickiness": [
              {
                "cookie_duration": 86400,
                "cookie_name": "",
                "enabled": false,
                "type": "lb_cookie"
              }
            ],
            "tags": {
              "Name": "App-TG"
            },
            "tags_all": {
              "Name": "App-TG"
            },
            "target_failover": [
              {
                "on_deregistration": null,
                "on_unhealthy": null
              }
            ],
            "target_health_state": [
              {
                "enable_unhealthy_connection_termination": null
              }
            ],
            "target_type": "instance",
            "vpc_id": "vpc-0770e7c4579e1c841"
          },
          "sensitive_attributes": [],
          "private": "bnVsbA==",
          "dependencies": [
            "module.alb.data.aws_vpc.vpc",
            "module.security-group.aws_security_group.app-alb-sg",
            "module.security-group.aws_security_group.app-tier-sg",
            "module.security-group.aws_security_group.bastion-sg",
            "module.security-group.aws_security_group.database-sg",
            "module.security-group.aws_security_group.redis-sg",
            "module.security-group.aws_security_group.web-alb-sg",
            "module.security-group.aws_security_group.web-tier-sg",
            "module.security-group.data.aws_vpc.vpc",
            "module.vpc.aws_eip.eip1",
            "module.vpc.aws_eip.eip2",
            "module.vpc.aws_internet_gateway.igw",
            "module.vpc.aws_nat_gateway.ngw1",
            "module.vpc.aws_nat_gateway.ngw2",
            "module.vpc.aws_route_table.db-rt1",
            "module.vpc.aws_route_table.db-rt2",
            "module.vpc.aws_route_table.private-rt1",
            "module.vpc.aws_route_table.private-rt2",
            "module.vpc.aws_route_table.public-rt",
            "module.vpc.aws_route_table_association.db-rt-association1",
            "module.vpc.aws_route_table_association.db-rt-association2",
            "module.vpc.aws_route_table_association.private-rt-association1",
            "module.vpc.aws_route_table_association.private-rt-association2",
            "module.vpc.aws_route_table_association.public-rt-association1",
            "module.vpc.aws_route_table_association.public-rt-association2",
            "module.vpc.aws_subnet.db_subnet1",
            "module.vpc.aws_subnet.db_subnet2",
            "module.vpc.aws_subnet.private_subnet1",
            "module.vpc.aws_subnet.private_subnet2",
            "module.vpc.aws_subnet.public_subnet1",
            "module.vpc.aws_subnet.public_subnet2",
            "module.vpc.aws_vpc.vpc",
            "module.vpc.aws_vpc_endpoint.s3_gateway",
            "module.vpc.data.aws_availability_zones.azs"
          ]
        }
      ]
    },
    {
      "module": "module.alb",
      "mode": "managed",
      "type": "aws_lb_target_group",
      "name": "web-tg",
      "provider": "provider[\"registry.terraform.io/hashicorp/aws\"]",
      "instances": [
        {
          "schema_version": 0,
          "attributes": {
            "arn": "arn:aws:elasticloadbalancing:us-east-2:891377163278:targetgroup/tf-2024052107375000480000000a/9a0b17280e877e08",
            "arn_suffix": "targetgroup/tf-2024052107375000480000000a/9a0b17280e877e08",
            "connection_termination": null,
            "deregistration_delay": "300",
            "health_check": [
              {
                "enabled": true,
                "healthy_threshold": 5,
                "interval": 10,
                "matcher": "200",
                "path": "/",
                "port": "traffic-port",
                "protocol": "HTTP",
                "timeout": 5,
                "unhealthy_threshold": 2
              }
            ],
            "id": "arn:aws:elasticloadbalancing:us-east-2:891377163278:targetgroup/tf-2024052107375000480000000a/9a0b17280e877e08",
            "ip_address_type": "ipv4",
            "lambda_multi_value_headers_enabled": false,
            "load_balancer_arns": [],
            "load_balancing_algorithm_type": "round_robin",
            "load_balancing_anomaly_mitigation": "off",
            "load_balancing_cross_zone_enabled": "use_load_balancer_configuration",
            "name": "tf-2024052107375000480000000a",
            "name_prefix": "tf-",
            "port": 80,
            "preserve_client_ip": null,
            "protocol": "HTTP",
            "protocol_version": "HTTP1",
            "proxy_protocol_v2": false,
            "slow_start": 0,
            "stickiness": [
              {
                "cookie_duration": 86400,
                "cookie_name": "",
                "enabled": false,
                "type": "lb_cookie"
              }
            ],
            "tags": {
              "Name": "Web-TG"
            },
            "tags_all": {
              "Name": "Web-TG"
            },
            "target_failover": [
              {
                "on_deregistration": null,
                "on_unhealthy": null
              }
            ],
            "target_health_state": [
              {
                "enable_unhealthy_connection_termination": null
              }
            ],
            "target_type": "instance",
            "vpc_id": "vpc-0770e7c4579e1c841"
          },
          "sensitive_attributes": [],
          "private": "bnVsbA==",
          "dependencies": [
            "module.alb.data.aws_vpc.vpc",
            "module.security-group.aws_security_group.app-alb-sg",
            "module.security-group.aws_security_group.app-tier-sg",
            "module.security-group.aws_security_group.bastion-sg",
            "module.security-group.aws_security_group.database-sg",
            "module.security-group.aws_security_group.redis-sg",
            "module.security-group.aws_security_group.web-alb-sg",
            "module.security-group.aws_security_group.web-tier-sg",
            "module.security-group.data.aws_vpc.vpc",
            "module.vpc.aws_eip.eip1",
            "module.vpc.aws_eip.eip2",
            "module.vpc.aws_internet_gateway.igw",
            "module.vpc.aws_nat_gateway.ngw1",
            "module.vpc.aws_nat_gateway.ngw2",
            "module.vpc.aws_route_table.db-rt1",
            "module.vpc.aws_route_table.db-rt2",
            "module.vpc.aws_route_table.private-rt1",
            "module.vpc.aws_route_table.private-rt2",
            "module.vpc.aws_route_table.public-rt",
            "module.vpc.aws_route_table_association.db-rt-association1",
            "module.vpc.aws_route_table_association.db-rt-association2",
            "module.vpc.aws_route_table_association.private-rt-association1",
            "module.vpc.aws_route_table_association.private-rt-association2",
            "module.vpc.aws_route_table_association.public-rt-association1",
            "module.vpc.aws_route_table_association.public-rt-association2",
            "module.vpc.aws_subnet.db_subnet1",
            "module.vpc.aws_subnet.db_subnet2",
            "module.vpc.aws_subnet.private_subnet1",
            "module.vpc.aws_subnet.private_subnet2",
            "module.vpc.aws_subnet.public_subnet1",
            "module.vpc.aws_subnet.public_subnet2",
            "module.vpc.aws_vpc.vpc",
            "module.vpc.aws_vpc_endpoint.s3_gateway",
            "module.vpc.data.aws_availability_zones.azs"
          ]
        }
      ]
    },
    {
      "module": "module.alb",
      "mode": "managed",
      "type": "aws_ssm_parameter",
      "name": "app-alb-dns",
      "provider": "provider[\"registry.terraform.io/hashicorp/aws\"]",
      "instances": [
        {
          "schema_version": 0,
          "attributes": {
            "allowed_pattern": "",
            "arn": "arn:aws:ssm:us-east-2:891377163278:parameter/config/system/alb_dns_name",
            "data_type": "text",
            "description": "",
            "id": "/config/system/alb_dns_name",
            "insecure_value": null,
            "key_id": "",
            "name": "/config/system/alb_dns_name",
            "overwrite": null,
            "tags": {
              "Name": "AppALBDNS"
            },
            "tags_all": {
              "Name": "AppALBDNS"
            },
            "tier": "Standard",
            "type": "String",
            "value": "internal-App-elb-1722317065.us-east-2.elb.amazonaws.com",
            "version": 1
          },
          "sensitive_attributes": [
            [
              {
                "type": "get_attr",
                "value": "value"
              }
            ]
          ],
          "private": "bnVsbA==",
          "dependencies": [
            "module.alb.aws_lb.App-elb",
            "module.alb.data.aws_security_group.app-alb-sg",
            "module.alb.data.aws_subnet.private_subnet1",
            "module.alb.data.aws_subnet.private_subnet2",
            "module.security-group.aws_security_group.app-alb-sg",
            "module.security-group.aws_security_group.app-tier-sg",
            "module.security-group.aws_security_group.bastion-sg",
            "module.security-group.aws_security_group.database-sg",
            "module.security-group.aws_security_group.redis-sg",
            "module.security-group.aws_security_group.web-alb-sg",
            "module.security-group.aws_security_group.web-tier-sg",
            "module.security-group.data.aws_vpc.vpc",
            "module.vpc.aws_eip.eip1",
            "module.vpc.aws_eip.eip2",
            "module.vpc.aws_internet_gateway.igw",
            "module.vpc.aws_nat_gateway.ngw1",
            "module.vpc.aws_nat_gateway.ngw2",
            "module.vpc.aws_route_table.db-rt1",
            "module.vpc.aws_route_table.db-rt2",
            "module.vpc.aws_route_table.private-rt1",
            "module.vpc.aws_route_table.private-rt2",
            "module.vpc.aws_route_table.public-rt",
            "module.vpc.aws_route_table_association.db-rt-association1",
            "module.vpc.aws_route_table_association.db-rt-association2",
            "module.vpc.aws_route_table_association.private-rt-association1",
            "module.vpc.aws_route_table_association.private-rt-association2",
            "module.vpc.aws_route_table_association.public-rt-association1",
            "module.vpc.aws_route_table_association.public-rt-association2",
            "module.vpc.aws_subnet.db_subnet1",
            "module.vpc.aws_subnet.db_subnet2",
            "module.vpc.aws_subnet.private_subnet1",
            "module.vpc.aws_subnet.private_subnet2",
            "module.vpc.aws_subnet.public_subnet1",
            "module.vpc.aws_subnet.public_subnet2",
            "module.vpc.aws_vpc.vpc",
            "module.vpc.aws_vpc_endpoint.s3_gateway",
            "module.vpc.data.aws_availability_zones.azs"
          ]
        }
      ]
    },
    {
      "module": "module.ami",
      "mode": "data",
      "type": "aws_subnet",
      "name": "subnet",
      "provider": "provider[\"registry.terraform.io/hashicorp/aws\"]",
      "instances": [
        {
          "schema_version": 0,
          "attributes": {
            "arn": "arn:aws:ec2:us-east-2:891377163278:subnet/subnet-0eadf0ae3e1cd1eeb",
            "assign_ipv6_address_on_creation": false,
            "availability_zone": "us-east-2a",
            "availability_zone_id": "use2-az1",
            "available_ip_address_count": 249,
            "cidr_block": "10.50.20.0/24",
            "customer_owned_ipv4_pool": "",
            "default_for_az": false,
            "enable_dns64": false,
            "enable_lni_at_device_index": 0,
            "enable_resource_name_dns_a_record_on_launch": false,
            "enable_resource_name_dns_aaaa_record_on_launch": false,
            "filter": [
              {
                "name": "tag:Name",
                "values": [
                  "kdt_db_subnet1"
                ]
              }
            ],
            "id": "subnet-0eadf0ae3e1cd1eeb",
            "ipv6_cidr_block": "",
            "ipv6_cidr_block_association_id": "",
            "ipv6_native": false,
            "map_customer_owned_ip_on_launch": false,
            "map_public_ip_on_launch": false,
            "outpost_arn": "",
            "owner_id": "891377163278",
            "private_dns_hostname_type_on_launch": "ip-name",
            "state": "available",
            "tags": {
              "Name": "kdt_db_subnet1"
            },
            "timeouts": null,
            "vpc_id": "vpc-0770e7c4579e1c841"
          },
          "sensitive_attributes": []
        }
      ]
    },
    {
      "module": "module.ami",
      "mode": "data",
      "type": "aws_vpc",
      "name": "vpc",
      "provider": "provider[\"registry.terraform.io/hashicorp/aws\"]",
      "instances": [
        {
          "schema_version": 0,
          "attributes": {
            "arn": "arn:aws:ec2:us-east-2:891377163278:vpc/vpc-0770e7c4579e1c841",
            "cidr_block": "10.50.0.0/16",
            "cidr_block_associations": [
              {
                "association_id": "vpc-cidr-assoc-065016da7022293d9",
                "cidr_block": "10.50.0.0/16",
                "state": "associated"
              }
            ],
            "default": false,
            "dhcp_options_id": "dopt-0cab42d5410535950",
            "enable_dns_hostnames": true,
            "enable_dns_support": true,
            "enable_network_address_usage_metrics": false,
            "filter": [
              {
                "name": "tag:Name",
                "values": [
                  "kdt_VPC"
                ]
              }
            ],
            "id": "vpc-0770e7c4579e1c841",
            "instance_tenancy": "default",
            "ipv6_association_id": "",
            "ipv6_cidr_block": "",
            "main_route_table_id": "rtb-01ac4a544b6253a28",
            "owner_id": "891377163278",
            "state": null,
            "tags": {
              "Name": "kdt_VPC"
            },
            "timeouts": null
          },
          "sensitive_attributes": []
        }
      ]
    },
    {
      "module": "module.ami",
      "mode": "managed",
      "type": "aws_ami_from_instance",
      "name": "my_ami",
      "provider": "provider[\"registry.terraform.io/hashicorp/aws\"]",
      "instances": [
        {
          "schema_version": 0,
          "attributes": {
            "architecture": "x86_64",
            "arn": "arn:aws:ec2:us-east-2::image/ami-073b0c0ad5ead6c76",
            "boot_mode": "uefi-preferred",
            "deprecation_time": "",
            "description": "A instance created for a short time to create an AMI",
            "ebs_block_device": [
              {
                "delete_on_termination": true,
                "device_name": "/dev/xvda",
                "encrypted": false,
                "iops": 3000,
                "outpost_arn": "",
                "snapshot_id": "snap-0ca56026fccb73ea2",
                "throughput": 125,
                "volume_size": 8,
                "volume_type": "gp3"
              }
            ],
            "ena_support": true,
            "ephemeral_block_device": [],
            "hypervisor": "xen",
            "id": "ami-073b0c0ad5ead6c76",
            "image_location": "891377163278/amz-nginx-20240521-0737",
            "image_owner_alias": "",
            "image_type": "machine",
            "imds_support": "v2.0",
            "kernel_id": "",
            "manage_ebs_snapshots": true,
            "name": "amz-nginx-20240521-0737",
            "owner_id": "891377163278",
            "platform": "",
            "platform_details": "Linux/UNIX",
            "public": false,
            "ramdisk_id": "",
            "root_device_name": "/dev/xvda",
            "root_snapshot_id": "snap-0ca56026fccb73ea2",
            "snapshot_without_reboot": null,
            "source_instance_id": "i-069049a1ef0cefe01",
            "sriov_net_support": "simple",
            "tags": {
              "Name": "my-ami"
            },
            "tags_all": {
              "Name": "my-ami"
            },
            "timeouts": null,
            "tpm_support": "",
            "usage_operation": "RunInstances",
            "virtualization_type": "hvm"
          },
          "sensitive_attributes": [],
          "private": "eyJlMmJmYjczMC1lY2FhLTExZTYtOGY4OC0zNDM2M2JjN2M0YzAiOnsiY3JlYXRlIjoyNDAwMDAwMDAwMDAwLCJkZWxldGUiOjU0MDAwMDAwMDAwMDAsInVwZGF0ZSI6MjQwMDAwMDAwMDAwMH19",
          "dependencies": [
            "module.ami.aws_instance.bastion",
            "module.ami.data.aws_subnet.subnet",
            "module.iam.aws_iam_instance_profile.instance-profile",
            "module.iam.aws_iam_role.iam_role",
            "module.iam.aws_iam_role_policy.iam-policy",
            "module.security-group.aws_security_group.app-alb-sg",
            "module.security-group.aws_security_group.app-tier-sg",
            "module.security-group.aws_security_group.bastion-sg",
            "module.security-group.aws_security_group.database-sg",
            "module.security-group.aws_security_group.redis-sg",
            "module.security-group.aws_security_group.web-alb-sg",
            "module.security-group.aws_security_group.web-tier-sg",
            "module.security-group.data.aws_vpc.vpc",
            "module.vpc.aws_eip.eip1",
            "module.vpc.aws_eip.eip2",
            "module.vpc.aws_internet_gateway.igw",
            "module.vpc.aws_nat_gateway.ngw1",
            "module.vpc.aws_nat_gateway.ngw2",
            "module.vpc.aws_route_table.db-rt1",
            "module.vpc.aws_route_table.db-rt2",
            "module.vpc.aws_route_table.private-rt1",
            "module.vpc.aws_route_table.private-rt2",
            "module.vpc.aws_route_table.public-rt",
            "module.vpc.aws_route_table_association.db-rt-association1",
            "module.vpc.aws_route_table_association.db-rt-association2",
            "module.vpc.aws_route_table_association.private-rt-association1",
            "module.vpc.aws_route_table_association.private-rt-association2",
            "module.vpc.aws_route_table_association.public-rt-association1",
            "module.vpc.aws_route_table_association.public-rt-association2",
            "module.vpc.aws_subnet.db_subnet1",
            "module.vpc.aws_subnet.db_subnet2",
            "module.vpc.aws_subnet.private_subnet1",
            "module.vpc.aws_subnet.private_subnet2",
            "module.vpc.aws_subnet.public_subnet1",
            "module.vpc.aws_subnet.public_subnet2",
            "module.vpc.aws_vpc.vpc",
            "module.vpc.aws_vpc_endpoint.s3_gateway",
            "module.vpc.data.aws_availability_zones.azs"
          ]
        }
      ]
    },
    {
      "module": "module.ami",
      "mode": "managed",
      "type": "aws_instance",
      "name": "bastion",
      "provider": "provider[\"registry.terraform.io/hashicorp/aws\"]",
      "instances": [
        {
          "schema_version": 1,
          "attributes": {
            "ami": "ami-0ddda618e961f2270",
            "arn": "arn:aws:ec2:us-east-2:891377163278:instance/i-069049a1ef0cefe01",
            "associate_public_ip_address": false,
            "availability_zone": "us-east-2a",
            "capacity_reservation_specification": [
              {
                "capacity_reservation_preference": "open",
                "capacity_reservation_target": []
              }
            ],
            "cpu_core_count": 1,
            "cpu_options": [
              {
                "amd_sev_snp": "",
                "core_count": 1,
                "threads_per_core": 2
              }
            ],
            "cpu_threads_per_core": 2,
            "credit_specification": [
              {
                "cpu_credits": "unlimited"
              }
            ],
            "disable_api_stop": false,
            "disable_api_termination": false,
            "ebs_block_device": [],
            "ebs_optimized": false,
            "enclave_options": [
              {
                "enabled": false
              }
            ],
            "ephemeral_block_device": [],
            "get_password_data": false,
            "hibernation": false,
            "host_id": "",
            "host_resource_group_arn": null,
            "iam_instance_profile": "instance-profile-for-ec2-SSM,S3",
            "id": "i-069049a1ef0cefe01",
            "instance_initiated_shutdown_behavior": "stop",
            "instance_lifecycle": "",
            "instance_market_options": [],
            "instance_state": "running",
            "instance_type": "t3.micro",
            "ipv6_address_count": 0,
            "ipv6_addresses": [],
            "key_name": "",
            "launch_template": [],
            "maintenance_options": [
              {
                "auto_recovery": "default"
              }
            ],
            "metadata_options": [
              {
                "http_endpoint": "enabled",
                "http_protocol_ipv6": "disabled",
                "http_put_response_hop_limit": 2,
                "http_tokens": "required",
                "instance_metadata_tags": "disabled"
              }
            ],
            "monitoring": false,
            "network_interface": [],
            "outpost_arn": "",
            "password_data": "",
            "placement_group": "",
            "placement_partition_number": 0,
            "primary_network_interface_id": "eni-094cd43aa1661d87a",
            "private_dns": "ip-10-50-20-103.us-east-2.compute.internal",
            "private_dns_name_options": [
              {
                "enable_resource_name_dns_a_record": false,
                "enable_resource_name_dns_aaaa_record": false,
                "hostname_type": "ip-name"
              }
            ],
            "private_ip": "10.50.20.103",
            "public_dns": "",
            "public_ip": "",
            "root_block_device": [
              {
                "delete_on_termination": true,
                "device_name": "/dev/xvda",
                "encrypted": false,
                "iops": 3000,
                "kms_key_id": "",
                "tags": {},
                "tags_all": {},
                "throughput": 125,
                "volume_id": "vol-0e107a7280ad46b34",
                "volume_size": 8,
                "volume_type": "gp3"
              }
            ],
            "secondary_private_ips": [],
            "security_groups": [],
            "source_dest_check": true,
            "spot_instance_request_id": "",
            "subnet_id": "subnet-0eadf0ae3e1cd1eeb",
            "tags": {
              "Name": "bastion"
            },
            "tags_all": {
              "Name": "bastion"
            },
            "tenancy": "default",
            "timeouts": null,
            "user_data": "3315d40ecd4ca11953c08c925c7170a087a9c013",
            "user_data_base64": null,
            "user_data_replace_on_change": false,
            "volume_tags": null,
            "vpc_security_group_ids": [
              "sg-032c060f8c541b9ed"
            ]
          },
          "sensitive_attributes": [],
          "private": "eyJlMmJmYjczMC1lY2FhLTExZTYtOGY4OC0zNDM2M2JjN2M0YzAiOnsiY3JlYXRlIjo2MDAwMDAwMDAwMDAsImRlbGV0ZSI6MTIwMDAwMDAwMDAwMCwicmVhZCI6OTAwMDAwMDAwMDAwLCJ1cGRhdGUiOjYwMDAwMDAwMDAwMH0sInNjaGVtYV92ZXJzaW9uIjoiMSJ9",
          "dependencies": [
            "module.ami.data.aws_subnet.subnet",
            "module.iam.aws_iam_instance_profile.instance-profile",
            "module.iam.aws_iam_role.iam_role",
            "module.iam.aws_iam_role_policy.iam-policy",
            "module.security-group.aws_security_group.app-alb-sg",
            "module.security-group.aws_security_group.app-tier-sg",
            "module.security-group.aws_security_group.bastion-sg",
            "module.security-group.aws_security_group.database-sg",
            "module.security-group.aws_security_group.redis-sg",
            "module.security-group.aws_security_group.web-alb-sg",
            "module.security-group.aws_security_group.web-tier-sg",
            "module.security-group.data.aws_vpc.vpc",
            "module.vpc.aws_eip.eip1",
            "module.vpc.aws_eip.eip2",
            "module.vpc.aws_internet_gateway.igw",
            "module.vpc.aws_nat_gateway.ngw1",
            "module.vpc.aws_nat_gateway.ngw2",
            "module.vpc.aws_route_table.db-rt1",
            "module.vpc.aws_route_table.db-rt2",
            "module.vpc.aws_route_table.private-rt1",
            "module.vpc.aws_route_table.private-rt2",
            "module.vpc.aws_route_table.public-rt",
            "module.vpc.aws_route_table_association.db-rt-association1",
            "module.vpc.aws_route_table_association.db-rt-association2",
            "module.vpc.aws_route_table_association.private-rt-association1",
            "module.vpc.aws_route_table_association.private-rt-association2",
            "module.vpc.aws_route_table_association.public-rt-association1",
            "module.vpc.aws_route_table_association.public-rt-association2",
            "module.vpc.aws_subnet.db_subnet1",
            "module.vpc.aws_subnet.db_subnet2",
            "module.vpc.aws_subnet.private_subnet1",
            "module.vpc.aws_subnet.private_subnet2",
            "module.vpc.aws_subnet.public_subnet1",
            "module.vpc.aws_subnet.public_subnet2",
            "module.vpc.aws_vpc.vpc",
            "module.vpc.aws_vpc_endpoint.s3_gateway",
            "module.vpc.data.aws_availability_zones.azs"
          ]
        }
      ]
    },
    {
      "module": "module.ami",
      "mode": "managed",
      "type": "null_resource",
      "name": "terminate_instance",
      "provider": "provider[\"registry.terraform.io/hashicorp/null\"]",
      "instances": [
        {
          "schema_version": 0,
          "attributes": {
            "id": "3146840951066780681",
            "triggers": null
          },
          "sensitive_attributes": [],
          "dependencies": [
            "module.ami.aws_ami_from_instance.my_ami",
            "module.ami.aws_instance.bastion",
            "module.ami.data.aws_subnet.subnet",
            "module.iam.aws_iam_instance_profile.instance-profile",
            "module.iam.aws_iam_role.iam_role",
            "module.iam.aws_iam_role_policy.iam-policy",
            "module.security-group.aws_security_group.app-alb-sg",
            "module.security-group.aws_security_group.app-tier-sg",
            "module.security-group.aws_security_group.bastion-sg",
            "module.security-group.aws_security_group.database-sg",
            "module.security-group.aws_security_group.redis-sg",
            "module.security-group.aws_security_group.web-alb-sg",
            "module.security-group.aws_security_group.web-tier-sg",
            "module.security-group.data.aws_vpc.vpc",
            "module.vpc.aws_eip.eip1",
            "module.vpc.aws_eip.eip2",
            "module.vpc.aws_internet_gateway.igw",
            "module.vpc.aws_nat_gateway.ngw1",
            "module.vpc.aws_nat_gateway.ngw2",
            "module.vpc.aws_route_table.db-rt1",
            "module.vpc.aws_route_table.db-rt2",
            "module.vpc.aws_route_table.private-rt1",
            "module.vpc.aws_route_table.private-rt2",
            "module.vpc.aws_route_table.public-rt",
            "module.vpc.aws_route_table_association.db-rt-association1",
            "module.vpc.aws_route_table_association.db-rt-association2",
            "module.vpc.aws_route_table_association.private-rt-association1",
            "module.vpc.aws_route_table_association.private-rt-association2",
            "module.vpc.aws_route_table_association.public-rt-association1",
            "module.vpc.aws_route_table_association.public-rt-association2",
            "module.vpc.aws_subnet.db_subnet1",
            "module.vpc.aws_subnet.db_subnet2",
            "module.vpc.aws_subnet.private_subnet1",
            "module.vpc.aws_subnet.private_subnet2",
            "module.vpc.aws_subnet.public_subnet1",
            "module.vpc.aws_subnet.public_subnet2",
            "module.vpc.aws_vpc.vpc",
            "module.vpc.aws_vpc_endpoint.s3_gateway",
            "module.vpc.data.aws_availability_zones.azs"
          ],
          "create_before_destroy": true
        }
      ]
    },
    {
      "module": "module.autoscaling",
      "mode": "data",
      "type": "aws_ssm_parameter",
      "name": "db_id",
      "provider": "provider[\"registry.terraform.io/hashicorp/aws\"]",
      "instances": [
        {
          "schema_version": 0,
          "attributes": {
            "arn": "arn:aws:ssm:us-east-2:891377163278:parameter/config/account/admin/ID",
            "id": "/config/account/admin/ID",
            "insecure_value": "",
            "name": "/config/account/admin/ID",
            "type": "SecureString",
            "value": "admin",
            "version": 1,
            "with_decryption": true
          },
          "sensitive_attributes": [
            [
              {
                "type": "get_attr",
                "value": "value"
              }
            ]
          ]
        }
      ]
    },
    {
      "module": "module.autoscaling",
      "mode": "data",
      "type": "aws_ssm_parameter",
      "name": "db_pwd",
      "provider": "provider[\"registry.terraform.io/hashicorp/aws\"]",
      "instances": [
        {
          "schema_version": 0,
          "attributes": {
            "arn": "arn:aws:ssm:us-east-2:891377163278:parameter/config/account/admin/PWD",
            "id": "/config/account/admin/PWD",
            "insecure_value": "",
            "name": "/config/account/admin/PWD",
            "type": "SecureString",
            "value": "1q2w3e4r",
            "version": 1,
            "with_decryption": true
          },
          "sensitive_attributes": [
            [
              {
                "type": "get_attr",
                "value": "value"
              }
            ]
          ]
        }
      ]
    },
    {
      "module": "module.autoscaling",
      "mode": "data",
      "type": "aws_subnet",
      "name": "private_subnet1",
      "provider": "provider[\"registry.terraform.io/hashicorp/aws\"]",
      "instances": [
        {
          "schema_version": 0,
          "attributes": {
            "arn": "arn:aws:ec2:us-east-2:891377163278:subnet/subnet-014e3ba156c419276",
            "assign_ipv6_address_on_creation": false,
            "availability_zone": "us-east-2a",
            "availability_zone_id": "use2-az1",
            "available_ip_address_count": 1016,
            "cidr_block": "10.50.4.0/22",
            "customer_owned_ipv4_pool": "",
            "default_for_az": false,
            "enable_dns64": false,
            "enable_lni_at_device_index": 0,
            "enable_resource_name_dns_a_record_on_launch": false,
            "enable_resource_name_dns_aaaa_record_on_launch": false,
            "filter": [
              {
                "name": "tag:Name",
                "values": [
                  "kdt_private_subnet1"
                ]
              }
            ],
            "id": "subnet-014e3ba156c419276",
            "ipv6_cidr_block": "",
            "ipv6_cidr_block_association_id": "",
            "ipv6_native": false,
            "map_customer_owned_ip_on_launch": false,
            "map_public_ip_on_launch": false,
            "outpost_arn": "",
            "owner_id": "891377163278",
            "private_dns_hostname_type_on_launch": "ip-name",
            "state": "available",
            "tags": {
              "Name": "kdt_private_subnet1"
            },
            "timeouts": null,
            "vpc_id": "vpc-0770e7c4579e1c841"
          },
          "sensitive_attributes": []
        }
      ]
    },
    {
      "module": "module.autoscaling",
      "mode": "data",
      "type": "aws_subnet",
      "name": "private_subnet2",
      "provider": "provider[\"registry.terraform.io/hashicorp/aws\"]",
      "instances": [
        {
          "schema_version": 0,
          "attributes": {
            "arn": "arn:aws:ec2:us-east-2:891377163278:subnet/subnet-0063477f678e724f1",
            "assign_ipv6_address_on_creation": false,
            "availability_zone": "us-east-2b",
            "availability_zone_id": "use2-az2",
            "available_ip_address_count": 1016,
            "cidr_block": "10.50.8.0/22",
            "customer_owned_ipv4_pool": "",
            "default_for_az": false,
            "enable_dns64": false,
            "enable_lni_at_device_index": 0,
            "enable_resource_name_dns_a_record_on_launch": false,
            "enable_resource_name_dns_aaaa_record_on_launch": false,
            "filter": [
              {
                "name": "tag:Name",
                "values": [
                  "kdt_private_subnet2"
                ]
              }
            ],
            "id": "subnet-0063477f678e724f1",
            "ipv6_cidr_block": "",
            "ipv6_cidr_block_association_id": "",
            "ipv6_native": false,
            "map_customer_owned_ip_on_launch": false,
            "map_public_ip_on_launch": false,
            "outpost_arn": "",
            "owner_id": "891377163278",
            "private_dns_hostname_type_on_launch": "ip-name",
            "state": "available",
            "tags": {
              "Name": "kdt_private_subnet2"
            },
            "timeouts": null,
            "vpc_id": "vpc-0770e7c4579e1c841"
          },
          "sensitive_attributes": []
        }
      ]
    },
    {
      "module": "module.autoscaling",
      "mode": "managed",
      "type": "aws_autoscaling_group",
      "name": "App-ASG",
      "provider": "provider[\"registry.terraform.io/hashicorp/aws\"]",
      "instances": [
        {
          "schema_version": 1,
          "attributes": {
            "arn": "arn:aws:autoscaling:us-east-2:891377163278:autoScalingGroup:267425fc-626e-44b1-8273-bdaa15aa9dda:autoScalingGroupName/kdt_APP-ASG",
            "availability_zones": [
              "us-east-2a",
              "us-east-2b"
            ],
            "capacity_rebalance": false,
            "context": "",
            "default_cooldown": 300,
            "default_instance_warmup": 0,
            "desired_capacity": 2,
            "desired_capacity_type": "",
            "enabled_metrics": [],
            "force_delete": true,
            "force_delete_warm_pool": false,
            "health_check_grace_period": 300,
            "health_check_type": "ELB",
            "id": "kdt_APP-ASG",
            "ignore_failed_scaling_activities": false,
            "initial_lifecycle_hook": [],
            "instance_maintenance_policy": [],
            "instance_refresh": [],
            "launch_configuration": "",
            "launch_template": [
              {
                "id": "lt-07f4abe4a19ab2478",
                "name": "App-template",
                "version": "3"
              }
            ],
            "load_balancers": [],
            "max_instance_lifetime": 0,
            "max_size": 4,
            "metrics_granularity": "1Minute",
            "min_elb_capacity": null,
            "min_size": 2,
            "mixed_instances_policy": [],
            "name": "kdt_APP-ASG",
            "name_prefix": "",
            "placement_group": "",
            "predicted_capacity": 0,
            "protect_from_scale_in": false,
            "service_linked_role_arn": "arn:aws:iam::891377163278:role/aws-service-role/autoscaling.amazonaws.com/AWSServiceRoleForAutoScaling",
            "suspended_processes": [],
            "tag": [
              {
                "key": "Name",
                "propagate_at_launch": true,
                "value": "App-ASG"
              }
            ],
            "target_group_arns": [
              "arn:aws:elasticloadbalancing:us-east-2:891377163278:targetgroup/tf-20240521073750004800000009/f771656c20a50c5d"
            ],
            "termination_policies": [],
            "timeouts": null,
            "traffic_source": [
              {
                "identifier": "arn:aws:elasticloadbalancing:us-east-2:891377163278:targetgroup/tf-2024052107011195810000000a/da33868c048e445a",
                "type": "elbv2"
              }
            ],
            "vpc_zone_identifier": [
              "subnet-0063477f678e724f1",
              "subnet-014e3ba156c419276"
            ],
            "wait_for_capacity_timeout": "10m",
            "wait_for_elb_capacity": null,
            "warm_pool": [],
            "warm_pool_size": 0
          },
          "sensitive_attributes": [],
          "private": "eyJlMmJmYjczMC1lY2FhLTExZTYtOGY4OC0zNDM2M2JjN2M0YzAiOnsiZGVsZXRlIjo2MDAwMDAwMDAwMDAsInVwZGF0ZSI6NjAwMDAwMDAwMDAwfSwic2NoZW1hX3ZlcnNpb24iOiIxIn0=",
          "dependencies": [
            "module.alb.aws_lb.App-elb",
            "module.alb.aws_lb_target_group.app-tg",
            "module.alb.data.aws_security_group.app-alb-sg",
            "module.alb.data.aws_subnet.private_subnet1",
            "module.alb.data.aws_subnet.private_subnet2",
            "module.alb.data.aws_vpc.vpc",
            "module.ami.aws_ami_from_instance.my_ami",
            "module.ami.aws_instance.bastion",
            "module.ami.data.aws_subnet.subnet",
            "module.ami.data.aws_vpc.vpc",
            "module.ami.null_resource.terminate_instance",
            "module.autoscaling.aws_launch_template.App-LC",
            "module.autoscaling.data.aws_subnet.private_subnet1",
            "module.autoscaling.data.aws_subnet.private_subnet2",
            "module.iam.aws_iam_instance_profile.instance-profile",
            "module.iam.aws_iam_role.iam_role",
            "module.iam.aws_iam_role_policy.iam-policy",
            "module.security-group.aws_security_group.app-alb-sg",
            "module.security-group.aws_security_group.app-tier-sg",
            "module.security-group.aws_security_group.bastion-sg",
            "module.security-group.aws_security_group.database-sg",
            "module.security-group.aws_security_group.redis-sg",
            "module.security-group.aws_security_group.web-alb-sg",
            "module.security-group.aws_security_group.web-tier-sg",
            "module.security-group.data.aws_vpc.vpc",
            "module.vpc.aws_eip.eip1",
            "module.vpc.aws_eip.eip2",
            "module.vpc.aws_internet_gateway.igw",
            "module.vpc.aws_nat_gateway.ngw1",
            "module.vpc.aws_nat_gateway.ngw2",
            "module.vpc.aws_route_table.db-rt1",
            "module.vpc.aws_route_table.db-rt2",
            "module.vpc.aws_route_table.private-rt1",
            "module.vpc.aws_route_table.private-rt2",
            "module.vpc.aws_route_table.public-rt",
            "module.vpc.aws_route_table_association.db-rt-association1",
            "module.vpc.aws_route_table_association.db-rt-association2",
            "module.vpc.aws_route_table_association.private-rt-association1",
            "module.vpc.aws_route_table_association.private-rt-association2",
            "module.vpc.aws_route_table_association.public-rt-association1",
            "module.vpc.aws_route_table_association.public-rt-association2",
            "module.vpc.aws_subnet.db_subnet1",
            "module.vpc.aws_subnet.db_subnet2",
            "module.vpc.aws_subnet.private_subnet1",
            "module.vpc.aws_subnet.private_subnet2",
            "module.vpc.aws_subnet.public_subnet1",
            "module.vpc.aws_subnet.public_subnet2",
            "module.vpc.aws_vpc.vpc",
            "module.vpc.aws_vpc_endpoint.s3_gateway",
            "module.vpc.data.aws_availability_zones.azs"
          ]
        }
      ]
    },
    {
      "module": "module.autoscaling",
      "mode": "managed",
      "type": "aws_autoscaling_group",
      "name": "Web-ASG",
      "provider": "provider[\"registry.terraform.io/hashicorp/aws\"]",
      "instances": [
        {
          "schema_version": 1,
          "attributes": {
            "arn": "arn:aws:autoscaling:us-east-2:891377163278:autoScalingGroup:cfae796f-3fa5-436a-a3cb-7530bd09f2e5:autoScalingGroupName/kdt_WEB-ASG",
            "availability_zones": [
              "us-east-2a",
              "us-east-2b"
            ],
            "capacity_rebalance": false,
            "context": "",
            "default_cooldown": 300,
            "default_instance_warmup": 0,
            "desired_capacity": 2,
            "desired_capacity_type": "",
            "enabled_metrics": [],
            "force_delete": true,
            "force_delete_warm_pool": false,
            "health_check_grace_period": 300,
            "health_check_type": "ELB",
            "id": "kdt_WEB-ASG",
            "ignore_failed_scaling_activities": false,
            "initial_lifecycle_hook": [],
            "instance_maintenance_policy": [],
            "instance_refresh": [],
            "launch_configuration": "",
            "launch_template": [
              {
                "id": "lt-0a006930dd74e74d4",
                "name": "Web-template",
                "version": "3"
              }
            ],
            "load_balancers": [],
            "max_instance_lifetime": 0,
            "max_size": 4,
            "metrics_granularity": "1Minute",
            "min_elb_capacity": null,
            "min_size": 2,
            "mixed_instances_policy": [],
            "name": "kdt_WEB-ASG",
            "name_prefix": "",
            "placement_group": "",
            "predicted_capacity": 0,
            "protect_from_scale_in": false,
            "service_linked_role_arn": "arn:aws:iam::891377163278:role/aws-service-role/autoscaling.amazonaws.com/AWSServiceRoleForAutoScaling",
            "suspended_processes": [],
            "tag": [
              {
                "key": "Name",
                "propagate_at_launch": true,
                "value": "Web-ASG"
              }
            ],
            "target_group_arns": [
              "arn:aws:elasticloadbalancing:us-east-2:891377163278:targetgroup/tf-2024052107375000480000000a/9a0b17280e877e08"
            ],
            "termination_policies": [],
            "timeouts": null,
            "traffic_source": [
              {
                "identifier": "arn:aws:elasticloadbalancing:us-east-2:891377163278:targetgroup/tf-20240521070111958100000009/2b318173a8ae323a",
                "type": "elbv2"
              }
            ],
            "vpc_zone_identifier": [
              "subnet-0063477f678e724f1",
              "subnet-014e3ba156c419276"
            ],
            "wait_for_capacity_timeout": "10m",
            "wait_for_elb_capacity": null,
            "warm_pool": [],
            "warm_pool_size": 0
          },
          "sensitive_attributes": [],
          "private": "eyJlMmJmYjczMC1lY2FhLTExZTYtOGY4OC0zNDM2M2JjN2M0YzAiOnsiZGVsZXRlIjo2MDAwMDAwMDAwMDAsInVwZGF0ZSI6NjAwMDAwMDAwMDAwfSwic2NoZW1hX3ZlcnNpb24iOiIxIn0=",
          "dependencies": [
            "module.alb.aws_lb.App-elb",
            "module.alb.aws_lb_target_group.app-tg",
            "module.alb.aws_lb_target_group.web-tg",
            "module.alb.data.aws_security_group.app-alb-sg",
            "module.alb.data.aws_subnet.private_subnet1",
            "module.alb.data.aws_subnet.private_subnet2",
            "module.alb.data.aws_vpc.vpc",
            "module.ami.aws_ami_from_instance.my_ami",
            "module.ami.aws_instance.bastion",
            "module.ami.data.aws_subnet.subnet",
            "module.ami.data.aws_vpc.vpc",
            "module.ami.null_resource.terminate_instance",
            "module.autoscaling.aws_autoscaling_group.App-ASG",
            "module.autoscaling.aws_launch_template.App-LC",
            "module.autoscaling.aws_launch_template.Web-LC",
            "module.autoscaling.data.aws_subnet.private_subnet1",
            "module.autoscaling.data.aws_subnet.private_subnet2",
            "module.iam.aws_iam_instance_profile.instance-profile",
            "module.iam.aws_iam_role.iam_role",
            "module.iam.aws_iam_role_policy.iam-policy",
            "module.security-group.aws_security_group.app-alb-sg",
            "module.security-group.aws_security_group.app-tier-sg",
            "module.security-group.aws_security_group.bastion-sg",
            "module.security-group.aws_security_group.database-sg",
            "module.security-group.aws_security_group.redis-sg",
            "module.security-group.aws_security_group.web-alb-sg",
            "module.security-group.aws_security_group.web-tier-sg",
            "module.security-group.data.aws_vpc.vpc",
            "module.vpc.aws_eip.eip1",
            "module.vpc.aws_eip.eip2",
            "module.vpc.aws_internet_gateway.igw",
            "module.vpc.aws_nat_gateway.ngw1",
            "module.vpc.aws_nat_gateway.ngw2",
            "module.vpc.aws_route_table.db-rt1",
            "module.vpc.aws_route_table.db-rt2",
            "module.vpc.aws_route_table.private-rt1",
            "module.vpc.aws_route_table.private-rt2",
            "module.vpc.aws_route_table.public-rt",
            "module.vpc.aws_route_table_association.db-rt-association1",
            "module.vpc.aws_route_table_association.db-rt-association2",
            "module.vpc.aws_route_table_association.private-rt-association1",
            "module.vpc.aws_route_table_association.private-rt-association2",
            "module.vpc.aws_route_table_association.public-rt-association1",
            "module.vpc.aws_route_table_association.public-rt-association2",
            "module.vpc.aws_subnet.db_subnet1",
            "module.vpc.aws_subnet.db_subnet2",
            "module.vpc.aws_subnet.private_subnet1",
            "module.vpc.aws_subnet.private_subnet2",
            "module.vpc.aws_subnet.public_subnet1",
            "module.vpc.aws_subnet.public_subnet2",
            "module.vpc.aws_vpc.vpc",
            "module.vpc.aws_vpc_endpoint.s3_gateway",
            "module.vpc.data.aws_availability_zones.azs"
          ]
        }
      ]
    },
    {
      "module": "module.autoscaling",
      "mode": "managed",
      "type": "aws_autoscaling_policy",
      "name": "app-custom-cpu-policy",
      "provider": "provider[\"registry.terraform.io/hashicorp/aws\"]",
      "instances": [
        {
          "schema_version": 0,
          "attributes": {
            "adjustment_type": "ChangeInCapacity",
            "arn": "arn:aws:autoscaling:us-east-2:891377163278:scalingPolicy:f1e63b95-8925-484d-bdf0-81fff39390b1:autoScalingGroupName/kdt_WEB-ASG:policyName/custom-cpu-policy",
            "autoscaling_group_name": "kdt_WEB-ASG",
            "cooldown": 60,
            "enabled": true,
            "estimated_instance_warmup": 0,
            "id": "custom-cpu-policy",
            "metric_aggregation_type": "",
            "min_adjustment_magnitude": 0,
            "name": "custom-cpu-policy",
            "policy_type": "SimpleScaling",
            "predictive_scaling_configuration": [],
            "scaling_adjustment": 1,
            "step_adjustment": [],
            "target_tracking_configuration": []
          },
          "sensitive_attributes": [],
          "private": "bnVsbA==",
          "dependencies": [
            "module.alb.aws_lb.App-elb",
            "module.alb.aws_lb_target_group.app-tg",
            "module.alb.aws_lb_target_group.web-tg",
            "module.alb.data.aws_security_group.app-alb-sg",
            "module.alb.data.aws_subnet.private_subnet1",
            "module.alb.data.aws_subnet.private_subnet2",
            "module.alb.data.aws_vpc.vpc",
            "module.ami.aws_ami_from_instance.my_ami",
            "module.ami.aws_instance.bastion",
            "module.ami.data.aws_subnet.subnet",
            "module.ami.data.aws_vpc.vpc",
            "module.ami.null_resource.terminate_instance",
            "module.autoscaling.aws_autoscaling_group.App-ASG",
            "module.autoscaling.aws_autoscaling_group.Web-ASG",
            "module.autoscaling.aws_launch_template.App-LC",
            "module.autoscaling.aws_launch_template.Web-LC",
            "module.autoscaling.data.aws_subnet.private_subnet1",
            "module.autoscaling.data.aws_subnet.private_subnet2",
            "module.iam.aws_iam_instance_profile.instance-profile",
            "module.iam.aws_iam_role.iam_role",
            "module.iam.aws_iam_role_policy.iam-policy",
            "module.security-group.aws_security_group.app-alb-sg",
            "module.security-group.aws_security_group.app-tier-sg",
            "module.security-group.aws_security_group.bastion-sg",
            "module.security-group.aws_security_group.database-sg",
            "module.security-group.aws_security_group.redis-sg",
            "module.security-group.aws_security_group.web-alb-sg",
            "module.security-group.aws_security_group.web-tier-sg",
            "module.security-group.data.aws_vpc.vpc",
            "module.vpc.aws_eip.eip1",
            "module.vpc.aws_eip.eip2",
            "module.vpc.aws_internet_gateway.igw",
            "module.vpc.aws_nat_gateway.ngw1",
            "module.vpc.aws_nat_gateway.ngw2",
            "module.vpc.aws_route_table.db-rt1",
            "module.vpc.aws_route_table.db-rt2",
            "module.vpc.aws_route_table.private-rt1",
            "module.vpc.aws_route_table.private-rt2",
            "module.vpc.aws_route_table.public-rt",
            "module.vpc.aws_route_table_association.db-rt-association1",
            "module.vpc.aws_route_table_association.db-rt-association2",
            "module.vpc.aws_route_table_association.private-rt-association1",
            "module.vpc.aws_route_table_association.private-rt-association2",
            "module.vpc.aws_route_table_association.public-rt-association1",
            "module.vpc.aws_route_table_association.public-rt-association2",
            "module.vpc.aws_subnet.db_subnet1",
            "module.vpc.aws_subnet.db_subnet2",
            "module.vpc.aws_subnet.private_subnet1",
            "module.vpc.aws_subnet.private_subnet2",
            "module.vpc.aws_subnet.public_subnet1",
            "module.vpc.aws_subnet.public_subnet2",
            "module.vpc.aws_vpc.vpc",
            "module.vpc.aws_vpc_endpoint.s3_gateway",
            "module.vpc.data.aws_availability_zones.azs"
          ],
          "create_before_destroy": true
        }
      ]
    },
    {
      "module": "module.autoscaling",
      "mode": "managed",
      "type": "aws_autoscaling_policy",
      "name": "app-custom-cpu-policy-scaledown",
      "provider": "provider[\"registry.terraform.io/hashicorp/aws\"]",
      "instances": [
        {
          "schema_version": 0,
          "attributes": {
            "adjustment_type": "ChangeInCapacity",
            "arn": "arn:aws:autoscaling:us-east-2:891377163278:scalingPolicy:bee81698-4261-45e2-812a-5d98b4861802:autoScalingGroupName/kdt_WEB-ASG:policyName/custom-cpu-policy-scaledown",
            "autoscaling_group_name": "kdt_WEB-ASG",
            "cooldown": 60,
            "enabled": true,
            "estimated_instance_warmup": 0,
            "id": "custom-cpu-policy-scaledown",
            "metric_aggregation_type": "",
            "min_adjustment_magnitude": 0,
            "name": "custom-cpu-policy-scaledown",
            "policy_type": "SimpleScaling",
            "predictive_scaling_configuration": [],
            "scaling_adjustment": -1,
            "step_adjustment": [],
            "target_tracking_configuration": []
          },
          "sensitive_attributes": [],
          "private": "bnVsbA==",
          "dependencies": [
            "module.alb.aws_lb.App-elb",
            "module.alb.aws_lb_target_group.app-tg",
            "module.alb.aws_lb_target_group.web-tg",
            "module.alb.data.aws_security_group.app-alb-sg",
            "module.alb.data.aws_subnet.private_subnet1",
            "module.alb.data.aws_subnet.private_subnet2",
            "module.alb.data.aws_vpc.vpc",
            "module.ami.aws_ami_from_instance.my_ami",
            "module.ami.aws_instance.bastion",
            "module.ami.data.aws_subnet.subnet",
            "module.ami.data.aws_vpc.vpc",
            "module.ami.null_resource.terminate_instance",
            "module.autoscaling.aws_autoscaling_group.App-ASG",
            "module.autoscaling.aws_autoscaling_group.Web-ASG",
            "module.autoscaling.aws_launch_template.App-LC",
            "module.autoscaling.aws_launch_template.Web-LC",
            "module.autoscaling.data.aws_subnet.private_subnet1",
            "module.autoscaling.data.aws_subnet.private_subnet2",
            "module.iam.aws_iam_instance_profile.instance-profile",
            "module.iam.aws_iam_role.iam_role",
            "module.iam.aws_iam_role_policy.iam-policy",
            "module.security-group.aws_security_group.app-alb-sg",
            "module.security-group.aws_security_group.app-tier-sg",
            "module.security-group.aws_security_group.bastion-sg",
            "module.security-group.aws_security_group.database-sg",
            "module.security-group.aws_security_group.redis-sg",
            "module.security-group.aws_security_group.web-alb-sg",
            "module.security-group.aws_security_group.web-tier-sg",
            "module.security-group.data.aws_vpc.vpc",
            "module.vpc.aws_eip.eip1",
            "module.vpc.aws_eip.eip2",
            "module.vpc.aws_internet_gateway.igw",
            "module.vpc.aws_nat_gateway.ngw1",
            "module.vpc.aws_nat_gateway.ngw2",
            "module.vpc.aws_route_table.db-rt1",
            "module.vpc.aws_route_table.db-rt2",
            "module.vpc.aws_route_table.private-rt1",
            "module.vpc.aws_route_table.private-rt2",
            "module.vpc.aws_route_table.public-rt",
            "module.vpc.aws_route_table_association.db-rt-association1",
            "module.vpc.aws_route_table_association.db-rt-association2",
            "module.vpc.aws_route_table_association.private-rt-association1",
            "module.vpc.aws_route_table_association.private-rt-association2",
            "module.vpc.aws_route_table_association.public-rt-association1",
            "module.vpc.aws_route_table_association.public-rt-association2",
            "module.vpc.aws_subnet.db_subnet1",
            "module.vpc.aws_subnet.db_subnet2",
            "module.vpc.aws_subnet.private_subnet1",
            "module.vpc.aws_subnet.private_subnet2",
            "module.vpc.aws_subnet.public_subnet1",
            "module.vpc.aws_subnet.public_subnet2",
            "module.vpc.aws_vpc.vpc",
            "module.vpc.aws_vpc_endpoint.s3_gateway",
            "module.vpc.data.aws_availability_zones.azs"
          ],
          "create_before_destroy": true
        }
      ]
    },
    {
      "module": "module.autoscaling",
      "mode": "managed",
      "type": "aws_autoscaling_policy",
      "name": "web-custom-cpu-policy",
      "provider": "provider[\"registry.terraform.io/hashicorp/aws\"]",
      "instances": [
        {
          "schema_version": 0,
          "attributes": {
            "adjustment_type": "ChangeInCapacity",
            "arn": "arn:aws:autoscaling:us-east-2:891377163278:scalingPolicy:f1e63b95-8925-484d-bdf0-81fff39390b1:autoScalingGroupName/kdt_WEB-ASG:policyName/custom-cpu-policy",
            "autoscaling_group_name": "kdt_WEB-ASG",
            "cooldown": 60,
            "enabled": true,
            "estimated_instance_warmup": 0,
            "id": "custom-cpu-policy",
            "metric_aggregation_type": "",
            "min_adjustment_magnitude": 0,
            "name": "custom-cpu-policy",
            "policy_type": "SimpleScaling",
            "predictive_scaling_configuration": [],
            "scaling_adjustment": 1,
            "step_adjustment": [],
            "target_tracking_configuration": []
          },
          "sensitive_attributes": [],
          "private": "bnVsbA==",
          "dependencies": [
            "module.alb.aws_lb.App-elb",
            "module.alb.aws_lb_target_group.app-tg",
            "module.alb.aws_lb_target_group.web-tg",
            "module.alb.data.aws_security_group.app-alb-sg",
            "module.alb.data.aws_subnet.private_subnet1",
            "module.alb.data.aws_subnet.private_subnet2",
            "module.alb.data.aws_vpc.vpc",
            "module.ami.aws_ami_from_instance.my_ami",
            "module.ami.aws_instance.bastion",
            "module.ami.data.aws_subnet.subnet",
            "module.ami.data.aws_vpc.vpc",
            "module.ami.null_resource.terminate_instance",
            "module.autoscaling.aws_autoscaling_group.App-ASG",
            "module.autoscaling.aws_autoscaling_group.Web-ASG",
            "module.autoscaling.aws_launch_template.App-LC",
            "module.autoscaling.aws_launch_template.Web-LC",
            "module.autoscaling.data.aws_subnet.private_subnet1",
            "module.autoscaling.data.aws_subnet.private_subnet2",
            "module.iam.aws_iam_instance_profile.instance-profile",
            "module.iam.aws_iam_role.iam_role",
            "module.iam.aws_iam_role_policy.iam-policy",
            "module.security-group.aws_security_group.app-alb-sg",
            "module.security-group.aws_security_group.app-tier-sg",
            "module.security-group.aws_security_group.bastion-sg",
            "module.security-group.aws_security_group.database-sg",
            "module.security-group.aws_security_group.redis-sg",
            "module.security-group.aws_security_group.web-alb-sg",
            "module.security-group.aws_security_group.web-tier-sg",
            "module.security-group.data.aws_vpc.vpc",
            "module.vpc.aws_eip.eip1",
            "module.vpc.aws_eip.eip2",
            "module.vpc.aws_internet_gateway.igw",
            "module.vpc.aws_nat_gateway.ngw1",
            "module.vpc.aws_nat_gateway.ngw2",
            "module.vpc.aws_route_table.db-rt1",
            "module.vpc.aws_route_table.db-rt2",
            "module.vpc.aws_route_table.private-rt1",
            "module.vpc.aws_route_table.private-rt2",
            "module.vpc.aws_route_table.public-rt",
            "module.vpc.aws_route_table_association.db-rt-association1",
            "module.vpc.aws_route_table_association.db-rt-association2",
            "module.vpc.aws_route_table_association.private-rt-association1",
            "module.vpc.aws_route_table_association.private-rt-association2",
            "module.vpc.aws_route_table_association.public-rt-association1",
            "module.vpc.aws_route_table_association.public-rt-association2",
            "module.vpc.aws_subnet.db_subnet1",
            "module.vpc.aws_subnet.db_subnet2",
            "module.vpc.aws_subnet.private_subnet1",
            "module.vpc.aws_subnet.private_subnet2",
            "module.vpc.aws_subnet.public_subnet1",
            "module.vpc.aws_subnet.public_subnet2",
            "module.vpc.aws_vpc.vpc",
            "module.vpc.aws_vpc_endpoint.s3_gateway",
            "module.vpc.data.aws_availability_zones.azs"
          ],
          "create_before_destroy": true
        }
      ]
    },
    {
      "module": "module.autoscaling",
      "mode": "managed",
      "type": "aws_autoscaling_policy",
      "name": "web-custom-cpu-policy-scaledown",
      "provider": "provider[\"registry.terraform.io/hashicorp/aws\"]",
      "instances": [
        {
          "schema_version": 0,
          "attributes": {
            "adjustment_type": "ChangeInCapacity",
            "arn": "arn:aws:autoscaling:us-east-2:891377163278:scalingPolicy:bee81698-4261-45e2-812a-5d98b4861802:autoScalingGroupName/kdt_WEB-ASG:policyName/custom-cpu-policy-scaledown",
            "autoscaling_group_name": "kdt_WEB-ASG",
            "cooldown": 60,
            "enabled": true,
            "estimated_instance_warmup": 0,
            "id": "custom-cpu-policy-scaledown",
            "metric_aggregation_type": "",
            "min_adjustment_magnitude": 0,
            "name": "custom-cpu-policy-scaledown",
            "policy_type": "SimpleScaling",
            "predictive_scaling_configuration": [],
            "scaling_adjustment": -1,
            "step_adjustment": [],
            "target_tracking_configuration": []
          },
          "sensitive_attributes": [],
          "private": "bnVsbA==",
          "dependencies": [
            "module.alb.aws_lb.App-elb",
            "module.alb.aws_lb_target_group.app-tg",
            "module.alb.aws_lb_target_group.web-tg",
            "module.alb.data.aws_security_group.app-alb-sg",
            "module.alb.data.aws_subnet.private_subnet1",
            "module.alb.data.aws_subnet.private_subnet2",
            "module.alb.data.aws_vpc.vpc",
            "module.ami.aws_ami_from_instance.my_ami",
            "module.ami.aws_instance.bastion",
            "module.ami.data.aws_subnet.subnet",
            "module.ami.data.aws_vpc.vpc",
            "module.ami.null_resource.terminate_instance",
            "module.autoscaling.aws_autoscaling_group.App-ASG",
            "module.autoscaling.aws_autoscaling_group.Web-ASG",
            "module.autoscaling.aws_launch_template.App-LC",
            "module.autoscaling.aws_launch_template.Web-LC",
            "module.autoscaling.data.aws_subnet.private_subnet1",
            "module.autoscaling.data.aws_subnet.private_subnet2",
            "module.iam.aws_iam_instance_profile.instance-profile",
            "module.iam.aws_iam_role.iam_role",
            "module.iam.aws_iam_role_policy.iam-policy",
            "module.security-group.aws_security_group.app-alb-sg",
            "module.security-group.aws_security_group.app-tier-sg",
            "module.security-group.aws_security_group.bastion-sg",
            "module.security-group.aws_security_group.database-sg",
            "module.security-group.aws_security_group.redis-sg",
            "module.security-group.aws_security_group.web-alb-sg",
            "module.security-group.aws_security_group.web-tier-sg",
            "module.security-group.data.aws_vpc.vpc",
            "module.vpc.aws_eip.eip1",
            "module.vpc.aws_eip.eip2",
            "module.vpc.aws_internet_gateway.igw",
            "module.vpc.aws_nat_gateway.ngw1",
            "module.vpc.aws_nat_gateway.ngw2",
            "module.vpc.aws_route_table.db-rt1",
            "module.vpc.aws_route_table.db-rt2",
            "module.vpc.aws_route_table.private-rt1",
            "module.vpc.aws_route_table.private-rt2",
            "module.vpc.aws_route_table.public-rt",
            "module.vpc.aws_route_table_association.db-rt-association1",
            "module.vpc.aws_route_table_association.db-rt-association2",
            "module.vpc.aws_route_table_association.private-rt-association1",
            "module.vpc.aws_route_table_association.private-rt-association2",
            "module.vpc.aws_route_table_association.public-rt-association1",
            "module.vpc.aws_route_table_association.public-rt-association2",
            "module.vpc.aws_subnet.db_subnet1",
            "module.vpc.aws_subnet.db_subnet2",
            "module.vpc.aws_subnet.private_subnet1",
            "module.vpc.aws_subnet.private_subnet2",
            "module.vpc.aws_subnet.public_subnet1",
            "module.vpc.aws_subnet.public_subnet2",
            "module.vpc.aws_vpc.vpc",
            "module.vpc.aws_vpc_endpoint.s3_gateway",
            "module.vpc.data.aws_availability_zones.azs"
          ],
          "create_before_destroy": true
        }
      ]
    },
    {
      "module": "module.autoscaling",
      "mode": "managed",
      "type": "aws_cloudwatch_metric_alarm",
      "name": "app-custom-cpu-alarm",
      "provider": "provider[\"registry.terraform.io/hashicorp/aws\"]",
      "instances": [
        {
          "schema_version": 1,
          "attributes": {
            "actions_enabled": true,
            "alarm_actions": [
              "arn:aws:autoscaling:us-east-2:891377163278:scalingPolicy:f1e63b95-8925-484d-bdf0-81fff39390b1:autoScalingGroupName/kdt_WEB-ASG:policyName/custom-cpu-policy"
            ],
            "alarm_description": "alarm when cpu usage increases",
            "alarm_name": "custom-webserver-cpu-alarm",
            "arn": "arn:aws:cloudwatch:us-east-2:891377163278:alarm:custom-webserver-cpu-alarm",
            "comparison_operator": "GreaterThanOrEqualToThreshold",
            "datapoints_to_alarm": 0,
            "dimensions": {
              "AutoScalingGroupName": "kdt_WEB-ASG"
            },
            "evaluate_low_sample_count_percentiles": "",
            "evaluation_periods": 2,
            "extended_statistic": "",
            "id": "custom-webserver-cpu-alarm",
            "insufficient_data_actions": [],
            "metric_name": "CPUUtilization",
            "metric_query": [],
            "namespace": "AWS/EC2",
            "ok_actions": [],
            "period": 120,
            "statistic": "Average",
            "tags": {},
            "tags_all": {},
            "threshold": 70,
            "threshold_metric_id": "",
            "treat_missing_data": "missing",
            "unit": ""
          },
          "sensitive_attributes": [],
          "private": "eyJzY2hlbWFfdmVyc2lvbiI6IjEifQ==",
          "dependencies": [
            "module.alb.aws_lb.App-elb",
            "module.alb.aws_lb_target_group.app-tg",
            "module.alb.aws_lb_target_group.web-tg",
            "module.alb.data.aws_security_group.app-alb-sg",
            "module.alb.data.aws_subnet.private_subnet1",
            "module.alb.data.aws_subnet.private_subnet2",
            "module.alb.data.aws_vpc.vpc",
            "module.ami.aws_ami_from_instance.my_ami",
            "module.ami.aws_instance.bastion",
            "module.ami.data.aws_subnet.subnet",
            "module.ami.data.aws_vpc.vpc",
            "module.ami.null_resource.terminate_instance",
            "module.autoscaling.aws_autoscaling_group.App-ASG",
            "module.autoscaling.aws_autoscaling_group.Web-ASG",
            "module.autoscaling.aws_autoscaling_policy.web-custom-cpu-policy",
            "module.autoscaling.aws_launch_template.App-LC",
            "module.autoscaling.aws_launch_template.Web-LC",
            "module.autoscaling.data.aws_subnet.private_subnet1",
            "module.autoscaling.data.aws_subnet.private_subnet2",
            "module.iam.aws_iam_instance_profile.instance-profile",
            "module.iam.aws_iam_role.iam_role",
            "module.iam.aws_iam_role_policy.iam-policy",
            "module.security-group.aws_security_group.app-alb-sg",
            "module.security-group.aws_security_group.app-tier-sg",
            "module.security-group.aws_security_group.bastion-sg",
            "module.security-group.aws_security_group.database-sg",
            "module.security-group.aws_security_group.redis-sg",
            "module.security-group.aws_security_group.web-alb-sg",
            "module.security-group.aws_security_group.web-tier-sg",
            "module.security-group.data.aws_vpc.vpc",
            "module.vpc.aws_eip.eip1",
            "module.vpc.aws_eip.eip2",
            "module.vpc.aws_internet_gateway.igw",
            "module.vpc.aws_nat_gateway.ngw1",
            "module.vpc.aws_nat_gateway.ngw2",
            "module.vpc.aws_route_table.db-rt1",
            "module.vpc.aws_route_table.db-rt2",
            "module.vpc.aws_route_table.private-rt1",
            "module.vpc.aws_route_table.private-rt2",
            "module.vpc.aws_route_table.public-rt",
            "module.vpc.aws_route_table_association.db-rt-association1",
            "module.vpc.aws_route_table_association.db-rt-association2",
            "module.vpc.aws_route_table_association.private-rt-association1",
            "module.vpc.aws_route_table_association.private-rt-association2",
            "module.vpc.aws_route_table_association.public-rt-association1",
            "module.vpc.aws_route_table_association.public-rt-association2",
            "module.vpc.aws_subnet.db_subnet1",
            "module.vpc.aws_subnet.db_subnet2",
            "module.vpc.aws_subnet.private_subnet1",
            "module.vpc.aws_subnet.private_subnet2",
            "module.vpc.aws_subnet.public_subnet1",
            "module.vpc.aws_subnet.public_subnet2",
            "module.vpc.aws_vpc.vpc",
            "module.vpc.aws_vpc_endpoint.s3_gateway",
            "module.vpc.data.aws_availability_zones.azs"
          ],
          "create_before_destroy": true
        }
      ]
    },
    {
      "module": "module.autoscaling",
      "mode": "managed",
      "type": "aws_cloudwatch_metric_alarm",
      "name": "app-custom-cpu-alarm-scaledown",
      "provider": "provider[\"registry.terraform.io/hashicorp/aws\"]",
      "instances": [
        {
          "schema_version": 1,
          "attributes": {
            "actions_enabled": true,
            "alarm_actions": [
              "arn:aws:autoscaling:us-east-2:891377163278:scalingPolicy:bee81698-4261-45e2-812a-5d98b4861802:autoScalingGroupName/kdt_WEB-ASG:policyName/custom-cpu-policy-scaledown"
            ],
            "alarm_description": "alarm when cpu usage decreases",
            "alarm_name": "custom-webserver-cpu-alarm-scaledown",
            "arn": "arn:aws:cloudwatch:us-east-2:891377163278:alarm:custom-webserver-cpu-alarm-scaledown",
            "comparison_operator": "LessThanOrEqualToThreshold",
            "datapoints_to_alarm": 0,
            "dimensions": {
              "AutoScalingGroupName": "kdt_APP-ASG"
            },
            "evaluate_low_sample_count_percentiles": "",
            "evaluation_periods": 2,
            "extended_statistic": "",
            "id": "custom-webserver-cpu-alarm-scaledown",
            "insufficient_data_actions": [],
            "metric_name": "CPUUtilization",
            "metric_query": [],
            "namespace": "AWS/EC2",
            "ok_actions": [],
            "period": 120,
            "statistic": "Average",
            "tags": {},
            "tags_all": {},
            "threshold": 50,
            "threshold_metric_id": "",
            "treat_missing_data": "missing",
            "unit": ""
          },
          "sensitive_attributes": [],
          "private": "eyJzY2hlbWFfdmVyc2lvbiI6IjEifQ==",
          "dependencies": [
            "module.alb.aws_lb.App-elb",
            "module.alb.aws_lb_target_group.app-tg",
            "module.alb.aws_lb_target_group.web-tg",
            "module.alb.data.aws_security_group.app-alb-sg",
            "module.alb.data.aws_subnet.private_subnet1",
            "module.alb.data.aws_subnet.private_subnet2",
            "module.alb.data.aws_vpc.vpc",
            "module.ami.aws_ami_from_instance.my_ami",
            "module.ami.aws_instance.bastion",
            "module.ami.data.aws_subnet.subnet",
            "module.ami.data.aws_vpc.vpc",
            "module.ami.null_resource.terminate_instance",
            "module.autoscaling.aws_autoscaling_group.App-ASG",
            "module.autoscaling.aws_autoscaling_group.Web-ASG",
            "module.autoscaling.aws_autoscaling_policy.app-custom-cpu-policy-scaledown",
            "module.autoscaling.aws_launch_template.App-LC",
            "module.autoscaling.aws_launch_template.Web-LC",
            "module.autoscaling.data.aws_subnet.private_subnet1",
            "module.autoscaling.data.aws_subnet.private_subnet2",
            "module.iam.aws_iam_instance_profile.instance-profile",
            "module.iam.aws_iam_role.iam_role",
            "module.iam.aws_iam_role_policy.iam-policy",
            "module.security-group.aws_security_group.app-alb-sg",
            "module.security-group.aws_security_group.app-tier-sg",
            "module.security-group.aws_security_group.bastion-sg",
            "module.security-group.aws_security_group.database-sg",
            "module.security-group.aws_security_group.redis-sg",
            "module.security-group.aws_security_group.web-alb-sg",
            "module.security-group.aws_security_group.web-tier-sg",
            "module.security-group.data.aws_vpc.vpc",
            "module.vpc.aws_eip.eip1",
            "module.vpc.aws_eip.eip2",
            "module.vpc.aws_internet_gateway.igw",
            "module.vpc.aws_nat_gateway.ngw1",
            "module.vpc.aws_nat_gateway.ngw2",
            "module.vpc.aws_route_table.db-rt1",
            "module.vpc.aws_route_table.db-rt2",
            "module.vpc.aws_route_table.private-rt1",
            "module.vpc.aws_route_table.private-rt2",
            "module.vpc.aws_route_table.public-rt",
            "module.vpc.aws_route_table_association.db-rt-association1",
            "module.vpc.aws_route_table_association.db-rt-association2",
            "module.vpc.aws_route_table_association.private-rt-association1",
            "module.vpc.aws_route_table_association.private-rt-association2",
            "module.vpc.aws_route_table_association.public-rt-association1",
            "module.vpc.aws_route_table_association.public-rt-association2",
            "module.vpc.aws_subnet.db_subnet1",
            "module.vpc.aws_subnet.db_subnet2",
            "module.vpc.aws_subnet.private_subnet1",
            "module.vpc.aws_subnet.private_subnet2",
            "module.vpc.aws_subnet.public_subnet1",
            "module.vpc.aws_subnet.public_subnet2",
            "module.vpc.aws_vpc.vpc",
            "module.vpc.aws_vpc_endpoint.s3_gateway",
            "module.vpc.data.aws_availability_zones.azs"
          ],
          "create_before_destroy": true
        }
      ]
    },
    {
      "module": "module.autoscaling",
      "mode": "managed",
      "type": "aws_cloudwatch_metric_alarm",
      "name": "web-custom-cpu-alarm",
      "provider": "provider[\"registry.terraform.io/hashicorp/aws\"]",
      "instances": [
        {
          "schema_version": 1,
          "attributes": {
            "actions_enabled": true,
            "alarm_actions": [
              "arn:aws:autoscaling:us-east-2:891377163278:scalingPolicy:f1e63b95-8925-484d-bdf0-81fff39390b1:autoScalingGroupName/kdt_WEB-ASG:policyName/custom-cpu-policy"
            ],
            "alarm_description": "alarm when cpu usage increases",
            "alarm_name": "custom-webserver-cpu-alarm",
            "arn": "arn:aws:cloudwatch:us-east-2:891377163278:alarm:custom-webserver-cpu-alarm",
            "comparison_operator": "GreaterThanOrEqualToThreshold",
            "datapoints_to_alarm": 0,
            "dimensions": {
              "AutoScalingGroupName": "kdt_WEB-ASG"
            },
            "evaluate_low_sample_count_percentiles": "",
            "evaluation_periods": 2,
            "extended_statistic": "",
            "id": "custom-webserver-cpu-alarm",
            "insufficient_data_actions": [],
            "metric_name": "CPUUtilization",
            "metric_query": [],
            "namespace": "AWS/EC2",
            "ok_actions": [],
            "period": 120,
            "statistic": "Average",
            "tags": {},
            "tags_all": {},
            "threshold": 70,
            "threshold_metric_id": "",
            "treat_missing_data": "missing",
            "unit": ""
          },
          "sensitive_attributes": [],
          "private": "eyJzY2hlbWFfdmVyc2lvbiI6IjEifQ==",
          "dependencies": [
            "module.alb.aws_lb.App-elb",
            "module.alb.aws_lb_target_group.app-tg",
            "module.alb.aws_lb_target_group.web-tg",
            "module.alb.data.aws_security_group.app-alb-sg",
            "module.alb.data.aws_subnet.private_subnet1",
            "module.alb.data.aws_subnet.private_subnet2",
            "module.alb.data.aws_vpc.vpc",
            "module.ami.aws_ami_from_instance.my_ami",
            "module.ami.aws_instance.bastion",
            "module.ami.data.aws_subnet.subnet",
            "module.ami.data.aws_vpc.vpc",
            "module.ami.null_resource.terminate_instance",
            "module.autoscaling.aws_autoscaling_group.App-ASG",
            "module.autoscaling.aws_autoscaling_group.Web-ASG",
            "module.autoscaling.aws_autoscaling_policy.web-custom-cpu-policy",
            "module.autoscaling.aws_launch_template.App-LC",
            "module.autoscaling.aws_launch_template.Web-LC",
            "module.autoscaling.data.aws_subnet.private_subnet1",
            "module.autoscaling.data.aws_subnet.private_subnet2",
            "module.iam.aws_iam_instance_profile.instance-profile",
            "module.iam.aws_iam_role.iam_role",
            "module.iam.aws_iam_role_policy.iam-policy",
            "module.security-group.aws_security_group.app-alb-sg",
            "module.security-group.aws_security_group.app-tier-sg",
            "module.security-group.aws_security_group.bastion-sg",
            "module.security-group.aws_security_group.database-sg",
            "module.security-group.aws_security_group.redis-sg",
            "module.security-group.aws_security_group.web-alb-sg",
            "module.security-group.aws_security_group.web-tier-sg",
            "module.security-group.data.aws_vpc.vpc",
            "module.vpc.aws_eip.eip1",
            "module.vpc.aws_eip.eip2",
            "module.vpc.aws_internet_gateway.igw",
            "module.vpc.aws_nat_gateway.ngw1",
            "module.vpc.aws_nat_gateway.ngw2",
            "module.vpc.aws_route_table.db-rt1",
            "module.vpc.aws_route_table.db-rt2",
            "module.vpc.aws_route_table.private-rt1",
            "module.vpc.aws_route_table.private-rt2",
            "module.vpc.aws_route_table.public-rt",
            "module.vpc.aws_route_table_association.db-rt-association1",
            "module.vpc.aws_route_table_association.db-rt-association2",
            "module.vpc.aws_route_table_association.private-rt-association1",
            "module.vpc.aws_route_table_association.private-rt-association2",
            "module.vpc.aws_route_table_association.public-rt-association1",
            "module.vpc.aws_route_table_association.public-rt-association2",
            "module.vpc.aws_subnet.db_subnet1",
            "module.vpc.aws_subnet.db_subnet2",
            "module.vpc.aws_subnet.private_subnet1",
            "module.vpc.aws_subnet.private_subnet2",
            "module.vpc.aws_subnet.public_subnet1",
            "module.vpc.aws_subnet.public_subnet2",
            "module.vpc.aws_vpc.vpc",
            "module.vpc.aws_vpc_endpoint.s3_gateway",
            "module.vpc.data.aws_availability_zones.azs"
          ],
          "create_before_destroy": true
        }
      ]
    },
    {
      "module": "module.autoscaling",
      "mode": "managed",
      "type": "aws_cloudwatch_metric_alarm",
      "name": "web-custom-cpu-alarm-scaledown",
      "provider": "provider[\"registry.terraform.io/hashicorp/aws\"]",
      "instances": [
        {
          "schema_version": 1,
          "attributes": {
            "actions_enabled": true,
            "alarm_actions": [
              "arn:aws:autoscaling:us-east-2:891377163278:scalingPolicy:bee81698-4261-45e2-812a-5d98b4861802:autoScalingGroupName/kdt_WEB-ASG:policyName/custom-cpu-policy-scaledown"
            ],
            "alarm_description": "alarm when cpu usage decreases",
            "alarm_name": "custom-webserver-cpu-alarm-scaledown",
            "arn": "arn:aws:cloudwatch:us-east-2:891377163278:alarm:custom-webserver-cpu-alarm-scaledown",
            "comparison_operator": "LessThanOrEqualToThreshold",
            "datapoints_to_alarm": 0,
            "dimensions": {
              "AutoScalingGroupName": "kdt_WEB-ASG"
            },
            "evaluate_low_sample_count_percentiles": "",
            "evaluation_periods": 2,
            "extended_statistic": "",
            "id": "custom-webserver-cpu-alarm-scaledown",
            "insufficient_data_actions": [],
            "metric_name": "CPUUtilization",
            "metric_query": [],
            "namespace": "AWS/EC2",
            "ok_actions": [],
            "period": 120,
            "statistic": "Average",
            "tags": {},
            "tags_all": {},
            "threshold": 50,
            "threshold_metric_id": "",
            "treat_missing_data": "missing",
            "unit": ""
          },
          "sensitive_attributes": [],
          "private": "eyJzY2hlbWFfdmVyc2lvbiI6IjEifQ==",
          "dependencies": [
            "module.alb.aws_lb.App-elb",
            "module.alb.aws_lb_target_group.app-tg",
            "module.alb.aws_lb_target_group.web-tg",
            "module.alb.data.aws_security_group.app-alb-sg",
            "module.alb.data.aws_subnet.private_subnet1",
            "module.alb.data.aws_subnet.private_subnet2",
            "module.alb.data.aws_vpc.vpc",
            "module.ami.aws_ami_from_instance.my_ami",
            "module.ami.aws_instance.bastion",
            "module.ami.data.aws_subnet.subnet",
            "module.ami.data.aws_vpc.vpc",
            "module.ami.null_resource.terminate_instance",
            "module.autoscaling.aws_autoscaling_group.App-ASG",
            "module.autoscaling.aws_autoscaling_group.Web-ASG",
            "module.autoscaling.aws_autoscaling_policy.web-custom-cpu-policy-scaledown",
            "module.autoscaling.aws_launch_template.App-LC",
            "module.autoscaling.aws_launch_template.Web-LC",
            "module.autoscaling.data.aws_subnet.private_subnet1",
            "module.autoscaling.data.aws_subnet.private_subnet2",
            "module.iam.aws_iam_instance_profile.instance-profile",
            "module.iam.aws_iam_role.iam_role",
            "module.iam.aws_iam_role_policy.iam-policy",
            "module.security-group.aws_security_group.app-alb-sg",
            "module.security-group.aws_security_group.app-tier-sg",
            "module.security-group.aws_security_group.bastion-sg",
            "module.security-group.aws_security_group.database-sg",
            "module.security-group.aws_security_group.redis-sg",
            "module.security-group.aws_security_group.web-alb-sg",
            "module.security-group.aws_security_group.web-tier-sg",
            "module.security-group.data.aws_vpc.vpc",
            "module.vpc.aws_eip.eip1",
            "module.vpc.aws_eip.eip2",
            "module.vpc.aws_internet_gateway.igw",
            "module.vpc.aws_nat_gateway.ngw1",
            "module.vpc.aws_nat_gateway.ngw2",
            "module.vpc.aws_route_table.db-rt1",
            "module.vpc.aws_route_table.db-rt2",
            "module.vpc.aws_route_table.private-rt1",
            "module.vpc.aws_route_table.private-rt2",
            "module.vpc.aws_route_table.public-rt",
            "module.vpc.aws_route_table_association.db-rt-association1",
            "module.vpc.aws_route_table_association.db-rt-association2",
            "module.vpc.aws_route_table_association.private-rt-association1",
            "module.vpc.aws_route_table_association.private-rt-association2",
            "module.vpc.aws_route_table_association.public-rt-association1",
            "module.vpc.aws_route_table_association.public-rt-association2",
            "module.vpc.aws_subnet.db_subnet1",
            "module.vpc.aws_subnet.db_subnet2",
            "module.vpc.aws_subnet.private_subnet1",
            "module.vpc.aws_subnet.private_subnet2",
            "module.vpc.aws_subnet.public_subnet1",
            "module.vpc.aws_subnet.public_subnet2",
            "module.vpc.aws_vpc.vpc",
            "module.vpc.aws_vpc_endpoint.s3_gateway",
            "module.vpc.data.aws_availability_zones.azs"
          ]
        }
      ]
    },
    {
      "module": "module.autoscaling",
      "mode": "managed",
      "type": "aws_launch_template",
      "name": "App-LC",
      "provider": "provider[\"registry.terraform.io/hashicorp/aws\"]",
      "instances": [
        {
          "schema_version": 0,
          "attributes": {
            "arn": "arn:aws:ec2:us-east-2:891377163278:launch-template/lt-07f4abe4a19ab2478",
            "block_device_mappings": [],
            "capacity_reservation_specification": [],
            "cpu_options": [],
            "credit_specification": [],
            "default_version": 1,
            "description": "",
            "disable_api_stop": false,
            "disable_api_termination": false,
            "ebs_optimized": "",
            "elastic_gpu_specifications": [],
            "elastic_inference_accelerator": [],
            "enclave_options": [],
            "hibernation_options": [],
            "iam_instance_profile": [
              {
                "arn": "",
                "name": "instance-profile-for-ec2-SSM,S3"
              }
            ],
            "id": "lt-07f4abe4a19ab2478",
            "image_id": "ami-073b0c0ad5ead6c76",
            "instance_initiated_shutdown_behavior": "",
            "instance_market_options": [],
            "instance_requirements": [],
            "instance_type": "t3.micro",
            "kernel_id": "",
            "key_name": "",
            "latest_version": 3,
            "license_specification": [],
            "maintenance_options": [],
            "metadata_options": [],
            "monitoring": [],
            "name": "App-template",
            "name_prefix": "",
            "network_interfaces": [],
            "placement": [],
            "private_dns_name_options": [],
            "ram_disk_id": "",
            "security_group_names": [],
            "tag_specifications": [],
            "tags": {},
            "tags_all": {},
            "update_default_version": null,
            "user_data": "IyEvYmluL2Jhc2gKIyBBbWF6b24gTGludXggMuyXkCBOZ2lueCDshKTsuZgKCnN1ZG8gc3UKCmRuZiBpbnN0YWxsIC15IHB5dGhvbjMtcGlwIGdjYyBweXRob24zLWRldmVsIG1hcmlhZGIxMDUtZGV2ZWwKZG5mIGdyb3VwaW5zdGFsbCAiRGV2ZWxvcG1lbnQgVG9vbHMiIC15CmRuZiBpbnN0YWxsIGJ6aXAyLWRldmVsIGxpYmZmaS1kZXZlbCAteQphd3MgczMgY3AgczM6Ly9rdGQtMDQyNi9kamFuZ28tY29tbXVuaXR5LWJvYXJkLW1haW4vIC4vIC0tcmVjdXJzaXZlCmV4cG9ydCBob3N0bmFtZT0kKGhvc3RuYW1lKQplbnZzdWJzdCA8IC90ZW1wbGF0ZXMvaW5kZXguaHRtbC50ZW1wbGF0ZSA+IC90ZW1wbGF0ZXMvaW5kZXguaHRtbApwaXAgaW5zdGFsbCAtLW5vLWNhY2hlLWRpciAtciAuL3JlcXVpcmVtZW50cy50eHQKcGlwIGluc3RhbGwgZGphbmdvCnBpcCBpbnN0YWxsIGRqYW5nby1yZWRpcwoKZGJfdXNlcl9pZD0kKGF3cyBzc20gZ2V0LXBhcmFtZXRlciAtLW5hbWUgIi9jb25maWcvYWNjb3VudC9hZG1pbi9JRCIgLS13aXRoLWRlY3J5cHRpb24gLS1xdWVyeSAiUGFyYW1ldGVyLlZhbHVlIiAtLW91dHB1dCB0ZXh0KQpkYl91c2VyX3B3ZD0kKGF3cyBzc20gZ2V0LXBhcmFtZXRlciAtLW5hbWUgIi9jb25maWcvYWNjb3VudC9hZG1pbi9QV0QiIC0td2l0aC1kZWNyeXB0aW9uIC0tcXVlcnkgIlBhcmFtZXRlci5WYWx1ZSIgLS1vdXRwdXQgdGV4dCkKYXVyb3JhX2VuZHBvaW50PSQoYXdzIHNzbSBnZXQtcGFyYW1ldGVyIC0tbmFtZSAiL2NvbmZpZy9zeXN0ZW0vZGItY2x1c3Rlci1lbmRwb2ludCIgLS13aXRoLWRlY3J5cHRpb24gLS1xdWVyeSAiUGFyYW1ldGVyLlZhbHVlIiAtLW91dHB1dCB0ZXh0KQpyZWRpc19lbmRwb2ludD0kKGF3cyBzc20gZ2V0LXBhcmFtZXRlciAtLW5hbWUgIi9jb25maWcvc3lzdGVtL3JlZGlzLWNsdXN0ZXItZW5kcG9pbnQiIC0td2l0aC1kZWNyeXB0aW9uIC0tcXVlcnkgIlBhcmFtZXRlci5WYWx1ZSIgLS1vdXRwdXQgdGV4dCkKZXhwb3J0IGRiX3VzZXJfaWQKZXhwb3J0IGRiX3VzZXJfcHdkCmV4cG9ydCBhdXJvcmFfZW5kcG9pbnQKZXhwb3J0IHJlZGlzX2VuZHBvaW50CmF3cyBzMyBjcCBzMzovL2t0ZC0wNDI2L2RqYW5nby1jb21tdW5pdHktYm9hcmQtbWFpbi90ZW1wbGF0ZXMvc2V0dGluZ3MucHkudGVtcGxhdGUgL2NvbW11bml0eV9ib2FyZF9wcm9qZWN0LwplbnZzdWJzdCA8IC9jb21tdW5pdHlfYm9hcmRfcHJvamVjdC9zZXR0aW5ncy5weS50ZW1wbGF0ZSA+IC9jb21tdW5pdHlfYm9hcmRfcHJvamVjdC9zZXR0aW5ncy5weQpzeXN0ZW1jdGwgcmVzdGFydCBuZ2lueApweXRob24zIG1hbmFnZS5weSBtYWtlbWlncmF0aW9ucwpweXRob24zIG1hbmFnZS5weSBtaWdyYXRlCnB5dGhvbjMgbWFuYWdlLnB5IHJ1bnNlcnZlciAwLjAuMC4wOjgwODAK",
            "vpc_security_group_ids": [
              "sg-07c00d3daebadcd91"
            ]
          },
          "sensitive_attributes": [],
          "private": "bnVsbA==",
          "dependencies": [
            "module.alb.aws_lb.App-elb",
            "module.alb.data.aws_security_group.app-alb-sg",
            "module.alb.data.aws_subnet.private_subnet1",
            "module.alb.data.aws_subnet.private_subnet2",
            "module.ami.aws_ami_from_instance.my_ami",
            "module.ami.aws_instance.bastion",
            "module.ami.data.aws_subnet.subnet",
            "module.ami.data.aws_vpc.vpc",
            "module.ami.null_resource.terminate_instance",
            "module.iam.aws_iam_instance_profile.instance-profile",
            "module.iam.aws_iam_role.iam_role",
            "module.iam.aws_iam_role_policy.iam-policy",
            "module.security-group.aws_security_group.app-alb-sg",
            "module.security-group.aws_security_group.app-tier-sg",
            "module.security-group.aws_security_group.bastion-sg",
            "module.security-group.aws_security_group.database-sg",
            "module.security-group.aws_security_group.redis-sg",
            "module.security-group.aws_security_group.web-alb-sg",
            "module.security-group.aws_security_group.web-tier-sg",
            "module.security-group.data.aws_vpc.vpc",
            "module.vpc.aws_eip.eip1",
            "module.vpc.aws_eip.eip2",
            "module.vpc.aws_internet_gateway.igw",
            "module.vpc.aws_nat_gateway.ngw1",
            "module.vpc.aws_nat_gateway.ngw2",
            "module.vpc.aws_route_table.db-rt1",
            "module.vpc.aws_route_table.db-rt2",
            "module.vpc.aws_route_table.private-rt1",
            "module.vpc.aws_route_table.private-rt2",
            "module.vpc.aws_route_table.public-rt",
            "module.vpc.aws_route_table_association.db-rt-association1",
            "module.vpc.aws_route_table_association.db-rt-association2",
            "module.vpc.aws_route_table_association.private-rt-association1",
            "module.vpc.aws_route_table_association.private-rt-association2",
            "module.vpc.aws_route_table_association.public-rt-association1",
            "module.vpc.aws_route_table_association.public-rt-association2",
            "module.vpc.aws_subnet.db_subnet1",
            "module.vpc.aws_subnet.db_subnet2",
            "module.vpc.aws_subnet.private_subnet1",
            "module.vpc.aws_subnet.private_subnet2",
            "module.vpc.aws_subnet.public_subnet1",
            "module.vpc.aws_subnet.public_subnet2",
            "module.vpc.aws_vpc.vpc",
            "module.vpc.aws_vpc_endpoint.s3_gateway",
            "module.vpc.data.aws_availability_zones.azs"
          ]
        }
      ]
    },
    {
      "module": "module.autoscaling",
      "mode": "managed",
      "type": "aws_launch_template",
      "name": "Web-LC",
      "provider": "provider[\"registry.terraform.io/hashicorp/aws\"]",
      "instances": [
        {
          "schema_version": 0,
          "attributes": {
            "arn": "arn:aws:ec2:us-east-2:891377163278:launch-template/lt-0a006930dd74e74d4",
            "block_device_mappings": [],
            "capacity_reservation_specification": [],
            "cpu_options": [],
            "credit_specification": [],
            "default_version": 1,
            "description": "",
            "disable_api_stop": false,
            "disable_api_termination": false,
            "ebs_optimized": "",
            "elastic_gpu_specifications": [],
            "elastic_inference_accelerator": [],
            "enclave_options": [],
            "hibernation_options": [],
            "iam_instance_profile": [
              {
                "arn": "",
                "name": "instance-profile-for-ec2-SSM,S3"
              }
            ],
            "id": "lt-0a006930dd74e74d4",
            "image_id": "ami-073b0c0ad5ead6c76",
            "instance_initiated_shutdown_behavior": "",
            "instance_market_options": [],
            "instance_requirements": [],
            "instance_type": "t3.micro",
            "kernel_id": "",
            "key_name": "",
            "latest_version": 3,
            "license_specification": [],
            "maintenance_options": [],
            "metadata_options": [],
            "monitoring": [],
            "name": "Web-template",
            "name_prefix": "",
            "network_interfaces": [],
            "placement": [],
            "private_dns_name_options": [],
            "ram_disk_id": "",
            "security_group_names": [],
            "tag_specifications": [],
            "tags": {},
            "tags_all": {},
            "update_default_version": null,
            "user_data": "IyEvYmluL2Jhc2gNCiMgQW1hem9uIExpbnV4IDLsl5AgTmdpbngg7ISk7LmYDQoNCnN1ZG8gc3UNCg0KYXdzIHMzIGNwIHMzOi8va3RkLTA0MjYvZGphbmdvLWNvbW11bml0eS1ib2FyZC1tYWluL3RlbXBsYXRlcy9kZWZhdWx0LmNvbmYudGVtcGxhdGUgL2V0Yy9uZ2lueC9jb25mLmQvDQphcHBfbGJfZG5zPSQoYXdzIHNzbSBnZXQtcGFyYW1ldGVyIC0tbmFtZSAiL2NvbmZpZy9zeXN0ZW0vYWxiX2Ruc19uYW1lIiAtLXdpdGgtZGVjcnlwdGlvbiAtLXF1ZXJ5ICJQYXJhbWV0ZXIuVmFsdWUiIC0tb3V0cHV0IHRleHQpDQpleHBvcnQgYXBwX2xiX2Rucw0KDQplbnZzdWJzdCA8IC9ldGMvbmdpbngvY29uZi5kL2RlZmF1bHQuY29uZi50ZW1wbGF0ZSA+IC9ldGMvbmdpbngvY29uZi5kL2RlZmF1bHQuY29uZg0KYXdzIHMzIGNwIHMzOi8va3RkLTA0MjYvZGphbmdvLWNvbW11bml0eS1ib2FyZC1tYWluL3N0YXRpYyAvdXNyL3NoYXJlL25naW54L2h0bWwvc3RhdGljIC0tcmVjdXJzaXZlDQpzeXN0ZW1jdGwgcmVzdGFydCBuZ2lueA==",
            "vpc_security_group_ids": [
              "sg-0039fb5f5a92554dd"
            ]
          },
          "sensitive_attributes": [],
          "private": "bnVsbA==",
          "dependencies": [
            "module.alb.aws_lb.App-elb",
            "module.alb.aws_lb_target_group.app-tg",
            "module.alb.data.aws_security_group.app-alb-sg",
            "module.alb.data.aws_subnet.private_subnet1",
            "module.alb.data.aws_subnet.private_subnet2",
            "module.alb.data.aws_vpc.vpc",
            "module.ami.aws_ami_from_instance.my_ami",
            "module.ami.aws_instance.bastion",
            "module.ami.data.aws_subnet.subnet",
            "module.ami.data.aws_vpc.vpc",
            "module.ami.null_resource.terminate_instance",
            "module.autoscaling.aws_autoscaling_group.App-ASG",
            "module.autoscaling.aws_launch_template.App-LC",
            "module.autoscaling.data.aws_subnet.private_subnet1",
            "module.autoscaling.data.aws_subnet.private_subnet2",
            "module.iam.aws_iam_instance_profile.instance-profile",
            "module.iam.aws_iam_role.iam_role",
            "module.iam.aws_iam_role_policy.iam-policy",
            "module.security-group.aws_security_group.app-alb-sg",
            "module.security-group.aws_security_group.app-tier-sg",
            "module.security-group.aws_security_group.bastion-sg",
            "module.security-group.aws_security_group.database-sg",
            "module.security-group.aws_security_group.redis-sg",
            "module.security-group.aws_security_group.web-alb-sg",
            "module.security-group.aws_security_group.web-tier-sg",
            "module.security-group.data.aws_vpc.vpc",
            "module.vpc.aws_eip.eip1",
            "module.vpc.aws_eip.eip2",
            "module.vpc.aws_internet_gateway.igw",
            "module.vpc.aws_nat_gateway.ngw1",
            "module.vpc.aws_nat_gateway.ngw2",
            "module.vpc.aws_route_table.db-rt1",
            "module.vpc.aws_route_table.db-rt2",
            "module.vpc.aws_route_table.private-rt1",
            "module.vpc.aws_route_table.private-rt2",
            "module.vpc.aws_route_table.public-rt",
            "module.vpc.aws_route_table_association.db-rt-association1",
            "module.vpc.aws_route_table_association.db-rt-association2",
            "module.vpc.aws_route_table_association.private-rt-association1",
            "module.vpc.aws_route_table_association.private-rt-association2",
            "module.vpc.aws_route_table_association.public-rt-association1",
            "module.vpc.aws_route_table_association.public-rt-association2",
            "module.vpc.aws_subnet.db_subnet1",
            "module.vpc.aws_subnet.db_subnet2",
            "module.vpc.aws_subnet.private_subnet1",
            "module.vpc.aws_subnet.private_subnet2",
            "module.vpc.aws_subnet.public_subnet1",
            "module.vpc.aws_subnet.public_subnet2",
            "module.vpc.aws_vpc.vpc",
            "module.vpc.aws_vpc_endpoint.s3_gateway",
            "module.vpc.data.aws_availability_zones.azs"
          ]
        }
      ]
    },
    {
      "module": "module.db-cache",
      "mode": "data",
      "type": "aws_subnet",
      "name": "db_subnet1",
      "provider": "provider[\"registry.terraform.io/hashicorp/aws\"]",
      "instances": [
        {
          "schema_version": 0,
          "attributes": {
            "arn": "arn:aws:ec2:us-east-2:891377163278:subnet/subnet-0eadf0ae3e1cd1eeb",
            "assign_ipv6_address_on_creation": false,
            "availability_zone": "us-east-2a",
            "availability_zone_id": "use2-az1",
            "available_ip_address_count": 249,
            "cidr_block": "10.50.20.0/24",
            "customer_owned_ipv4_pool": "",
            "default_for_az": false,
            "enable_dns64": false,
            "enable_lni_at_device_index": 0,
            "enable_resource_name_dns_a_record_on_launch": false,
            "enable_resource_name_dns_aaaa_record_on_launch": false,
            "filter": [
              {
                "name": "tag:Name",
                "values": [
                  "kdt_db_subnet1"
                ]
              }
            ],
            "id": "subnet-0eadf0ae3e1cd1eeb",
            "ipv6_cidr_block": "",
            "ipv6_cidr_block_association_id": "",
            "ipv6_native": false,
            "map_customer_owned_ip_on_launch": false,
            "map_public_ip_on_launch": false,
            "outpost_arn": "",
            "owner_id": "891377163278",
            "private_dns_hostname_type_on_launch": "ip-name",
            "state": "available",
            "tags": {
              "Name": "kdt_db_subnet1"
            },
            "timeouts": null,
            "vpc_id": "vpc-0770e7c4579e1c841"
          },
          "sensitive_attributes": []
        }
      ]
    },
    {
      "module": "module.db-cache",
      "mode": "data",
      "type": "aws_subnet",
      "name": "db_subnet2",
      "provider": "provider[\"registry.terraform.io/hashicorp/aws\"]",
      "instances": [
        {
          "schema_version": 0,
          "attributes": {
            "arn": "arn:aws:ec2:us-east-2:891377163278:subnet/subnet-006f61b5ef1ae5fe4",
            "assign_ipv6_address_on_creation": false,
            "availability_zone": "us-east-2b",
            "availability_zone_id": "use2-az2",
            "available_ip_address_count": 251,
            "cidr_block": "10.50.21.0/24",
            "customer_owned_ipv4_pool": "",
            "default_for_az": false,
            "enable_dns64": false,
            "enable_lni_at_device_index": 0,
            "enable_resource_name_dns_a_record_on_launch": false,
            "enable_resource_name_dns_aaaa_record_on_launch": false,
            "filter": [
              {
                "name": "tag:Name",
                "values": [
                  "kdt_db_subnet2"
                ]
              }
            ],
            "id": "subnet-006f61b5ef1ae5fe4",
            "ipv6_cidr_block": "",
            "ipv6_cidr_block_association_id": "",
            "ipv6_native": false,
            "map_customer_owned_ip_on_launch": false,
            "map_public_ip_on_launch": false,
            "outpost_arn": "",
            "owner_id": "891377163278",
            "private_dns_hostname_type_on_launch": "ip-name",
            "state": "available",
            "tags": {
              "Name": "kdt_db_subnet2"
            },
            "timeouts": null,
            "vpc_id": "vpc-0770e7c4579e1c841"
          },
          "sensitive_attributes": []
        }
      ]
    },
    {
      "module": "module.db-cache",
      "mode": "managed",
      "type": "aws_elasticache_serverless_cache",
      "name": "redis_cluster",
      "provider": "provider[\"registry.terraform.io/hashicorp/aws\"]",
      "instances": [
        {
          "schema_version": 0,
          "attributes": {
            "arn": "arn:aws:elasticache:us-east-2:891377163278:serverlesscache:redis",
            "cache_usage_limits": [
              {
                "data_storage": [
                  {
                    "maximum": 2,
                    "minimum": 1,
                    "unit": "GB"
                  }
                ],
                "ecpu_per_second": [
                  {
                    "maximum": 2000,
                    "minimum": 1000
                  }
                ]
              }
            ],
            "create_time": "2024-05-21T07:37:50Z",
            "daily_snapshot_time": "04:00",
            "description": "aurora db caching",
            "endpoint": [
              {
                "address": "redis-cbfcb5.serverless.use2.cache.amazonaws.com",
                "port": 6379
              }
            ],
            "engine": "redis",
            "full_engine_version": "7.1",
            "id": "redis",
            "kms_key_id": null,
            "major_engine_version": "7",
            "name": "redis",
            "reader_endpoint": [
              {
                "address": "redis-cbfcb5.serverless.use2.cache.amazonaws.com",
                "port": 6380
              }
            ],
            "security_group_ids": [
              "sg-0842ec2813c5c401c"
            ],
            "snapshot_arns_to_restore": null,
            "snapshot_retention_limit": 0,
            "status": "available",
            "subnet_ids": [
              "subnet-006f61b5ef1ae5fe4",
              "subnet-0eadf0ae3e1cd1eeb"
            ],
            "tags": null,
            "tags_all": {},
            "timeouts": null,
            "user_group_id": null
          },
          "sensitive_attributes": [],
          "dependencies": [
            "module.db-cache.data.aws_subnet.db_subnet1",
            "module.db-cache.data.aws_subnet.db_subnet2",
            "module.security-group.aws_security_group.app-alb-sg",
            "module.security-group.aws_security_group.app-tier-sg",
            "module.security-group.aws_security_group.bastion-sg",
            "module.security-group.aws_security_group.database-sg",
            "module.security-group.aws_security_group.redis-sg",
            "module.security-group.aws_security_group.web-alb-sg",
            "module.security-group.aws_security_group.web-tier-sg",
            "module.security-group.data.aws_vpc.vpc",
            "module.vpc.aws_eip.eip1",
            "module.vpc.aws_eip.eip2",
            "module.vpc.aws_internet_gateway.igw",
            "module.vpc.aws_nat_gateway.ngw1",
            "module.vpc.aws_nat_gateway.ngw2",
            "module.vpc.aws_route_table.db-rt1",
            "module.vpc.aws_route_table.db-rt2",
            "module.vpc.aws_route_table.private-rt1",
            "module.vpc.aws_route_table.private-rt2",
            "module.vpc.aws_route_table.public-rt",
            "module.vpc.aws_route_table_association.db-rt-association1",
            "module.vpc.aws_route_table_association.db-rt-association2",
            "module.vpc.aws_route_table_association.private-rt-association1",
            "module.vpc.aws_route_table_association.private-rt-association2",
            "module.vpc.aws_route_table_association.public-rt-association1",
            "module.vpc.aws_route_table_association.public-rt-association2",
            "module.vpc.aws_subnet.db_subnet1",
            "module.vpc.aws_subnet.db_subnet2",
            "module.vpc.aws_subnet.private_subnet1",
            "module.vpc.aws_subnet.private_subnet2",
            "module.vpc.aws_subnet.public_subnet1",
            "module.vpc.aws_subnet.public_subnet2",
            "module.vpc.aws_vpc.vpc",
            "module.vpc.aws_vpc_endpoint.s3_gateway",
            "module.vpc.data.aws_availability_zones.azs"
          ]
        }
      ]
    },
    {
      "module": "module.db-cache",
      "mode": "managed",
      "type": "aws_ssm_parameter",
      "name": "redis-endpoint",
      "provider": "provider[\"registry.terraform.io/hashicorp/aws\"]",
      "instances": [
        {
          "schema_version": 0,
          "attributes": {
            "allowed_pattern": "",
            "arn": "arn:aws:ssm:us-east-2:891377163278:parameter/config/system/redis-cluster-endpoint",
            "data_type": "text",
            "description": "",
            "id": "/config/system/redis-cluster-endpoint",
            "insecure_value": null,
            "key_id": "",
            "name": "/config/system/redis-cluster-endpoint",
            "overwrite": null,
            "tags": {},
            "tags_all": {},
            "tier": "Standard",
            "type": "String",
            "value": "redis-cbfcb5.serverless.use2.cache.amazonaws.com",
            "version": 1
          },
          "sensitive_attributes": [
            [
              {
                "type": "get_attr",
                "value": "value"
              }
            ]
          ],
          "private": "bnVsbA==",
          "dependencies": [
            "module.db-cache.aws_elasticache_serverless_cache.redis_cluster",
            "module.db-cache.data.aws_subnet.db_subnet1",
            "module.db-cache.data.aws_subnet.db_subnet2",
            "module.security-group.aws_security_group.app-alb-sg",
            "module.security-group.aws_security_group.app-tier-sg",
            "module.security-group.aws_security_group.bastion-sg",
            "module.security-group.aws_security_group.database-sg",
            "module.security-group.aws_security_group.redis-sg",
            "module.security-group.aws_security_group.web-alb-sg",
            "module.security-group.aws_security_group.web-tier-sg",
            "module.security-group.data.aws_vpc.vpc",
            "module.vpc.aws_eip.eip1",
            "module.vpc.aws_eip.eip2",
            "module.vpc.aws_internet_gateway.igw",
            "module.vpc.aws_nat_gateway.ngw1",
            "module.vpc.aws_nat_gateway.ngw2",
            "module.vpc.aws_route_table.db-rt1",
            "module.vpc.aws_route_table.db-rt2",
            "module.vpc.aws_route_table.private-rt1",
            "module.vpc.aws_route_table.private-rt2",
            "module.vpc.aws_route_table.public-rt",
            "module.vpc.aws_route_table_association.db-rt-association1",
            "module.vpc.aws_route_table_association.db-rt-association2",
            "module.vpc.aws_route_table_association.private-rt-association1",
            "module.vpc.aws_route_table_association.private-rt-association2",
            "module.vpc.aws_route_table_association.public-rt-association1",
            "module.vpc.aws_route_table_association.public-rt-association2",
            "module.vpc.aws_subnet.db_subnet1",
            "module.vpc.aws_subnet.db_subnet2",
            "module.vpc.aws_subnet.private_subnet1",
            "module.vpc.aws_subnet.private_subnet2",
            "module.vpc.aws_subnet.public_subnet1",
            "module.vpc.aws_subnet.public_subnet2",
            "module.vpc.aws_vpc.vpc",
            "module.vpc.aws_vpc_endpoint.s3_gateway",
            "module.vpc.data.aws_availability_zones.azs"
          ]
        }
      ]
    },
    {
      "module": "module.iam",
      "mode": "managed",
      "type": "aws_iam_instance_profile",
      "name": "instance-profile",
      "provider": "provider[\"registry.terraform.io/hashicorp/aws\"]",
      "instances": [
        {
          "schema_version": 0,
          "attributes": {
            "arn": "arn:aws:iam::891377163278:instance-profile/instance-profile-for-ec2-SSM,S3",
            "create_date": "2024-05-21T06:22:53Z",
            "id": "instance-profile-for-ec2-SSM,S3",
            "name": "instance-profile-for-ec2-SSM,S3",
            "name_prefix": "",
            "path": "/",
            "role": "role-for-ec2-SSM,S3",
            "tags": {},
            "tags_all": {},
            "unique_id": "AIPA47CRYDQHK4TXR3XXF"
          },
          "sensitive_attributes": [],
          "private": "bnVsbA==",
          "dependencies": [
            "module.iam.aws_iam_role.iam_role"
          ],
          "create_before_destroy": true
        }
      ]
    },
    {
      "module": "module.iam",
      "mode": "managed",
      "type": "aws_iam_role",
      "name": "iam_role",
      "provider": "provider[\"registry.terraform.io/hashicorp/aws\"]",
      "instances": [
        {
          "schema_version": 0,
          "attributes": {
            "arn": "arn:aws:iam::891377163278:role/role-for-ec2-SSM,S3",
            "assume_role_policy": "{\"Statement\":[{\"Action\":\"sts:AssumeRole\",\"Effect\":\"Allow\",\"Principal\":{\"Service\":\"ec2.amazonaws.com\"}}],\"Version\":\"2012-10-17\"}",
            "create_date": "2024-05-21T06:22:52Z",
            "description": "",
            "force_detach_policies": false,
            "id": "role-for-ec2-SSM,S3",
            "inline_policy": [
              {
                "name": "policy-for-ec2-SSM,S3",
                "policy": "{\"Version\":\"2012-10-17\",\"Statement\":[{\"Action\":[\"s3:*\",\"s3-object-lambda:*\",\"ssm:*\",\"ec2messages:*\",\"ssmmessages:*\",\"ec2:StopInstances\"],\"Effect\":\"Allow\",\"Resource\":\"*\"}]}"
              }
            ],
            "managed_policy_arns": [],
            "max_session_duration": 3600,
            "name": "role-for-ec2-SSM,S3",
            "name_prefix": "",
            "path": "/",
            "permissions_boundary": "",
            "tags": {},
            "tags_all": {},
            "unique_id": "AROA47CRYDQHPUABEFCEM"
          },
          "sensitive_attributes": [],
          "private": "bnVsbA==",
          "create_before_destroy": true
        }
      ]
    },
    {
      "module": "module.iam",
      "mode": "managed",
      "type": "aws_iam_role_policy",
      "name": "iam-policy",
      "provider": "provider[\"registry.terraform.io/hashicorp/aws\"]",
      "instances": [
        {
          "schema_version": 0,
          "attributes": {
            "id": "role-for-ec2-SSM,S3:policy-for-ec2-SSM,S3",
            "name": "policy-for-ec2-SSM,S3",
            "name_prefix": "",
            "policy": "{\"Version\":\"2012-10-17\",\"Statement\":[{\"Action\":[\"s3:*\",\"s3-object-lambda:*\",\"ssm:*\",\"ec2messages:*\",\"ssmmessages:*\",\"ec2:StopInstances\"],\"Effect\":\"Allow\",\"Resource\":\"*\"}]}",
            "role": "role-for-ec2-SSM,S3"
          },
          "sensitive_attributes": [],
          "private": "bnVsbA==",
          "dependencies": [
            "module.iam.aws_iam_role.iam_role"
          ],
          "create_before_destroy": true
        }
      ]
    },
    {
      "module": "module.rds",
      "mode": "data",
      "type": "aws_security_group",
      "name": "db-sg",
      "provider": "provider[\"registry.terraform.io/hashicorp/aws\"]",
      "instances": [
        {
          "schema_version": 0,
          "attributes": {
            "arn": "arn:aws:ec2:us-east-2:891377163278:security-group/sg-0a3a148dff5255d9d",
            "description": "Protocol Type MySQL/Aurora",
            "filter": [
              {
                "name": "group-id",
                "values": [
                  "sg-0a3a148dff5255d9d"
                ]
              },
              {
                "name": "tag:Name",
                "values": [
                  "kdt_db-sg"
                ]
              }
            ],
            "id": "sg-0a3a148dff5255d9d",
            "name": "terraform-20240521073744677100000007",
            "tags": {
              "Name": "kdt_db-sg"
            },
            "timeouts": null,
            "vpc_id": "vpc-0770e7c4579e1c841"
          },
          "sensitive_attributes": []
        }
      ]
    },
    {
      "module": "module.rds",
      "mode": "data",
      "type": "aws_subnet",
      "name": "db_subnet1",
      "provider": "provider[\"registry.terraform.io/hashicorp/aws\"]",
      "instances": [
        {
          "schema_version": 0,
          "attributes": {
            "arn": "arn:aws:ec2:us-east-2:891377163278:subnet/subnet-0eadf0ae3e1cd1eeb",
            "assign_ipv6_address_on_creation": false,
            "availability_zone": "us-east-2a",
            "availability_zone_id": "use2-az1",
            "available_ip_address_count": 249,
            "cidr_block": "10.50.20.0/24",
            "customer_owned_ipv4_pool": "",
            "default_for_az": false,
            "enable_dns64": false,
            "enable_lni_at_device_index": 0,
            "enable_resource_name_dns_a_record_on_launch": false,
            "enable_resource_name_dns_aaaa_record_on_launch": false,
            "filter": [
              {
                "name": "tag:Name",
                "values": [
                  "kdt_db_subnet1"
                ]
              }
            ],
            "id": "subnet-0eadf0ae3e1cd1eeb",
            "ipv6_cidr_block": "",
            "ipv6_cidr_block_association_id": "",
            "ipv6_native": false,
            "map_customer_owned_ip_on_launch": false,
            "map_public_ip_on_launch": false,
            "outpost_arn": "",
            "owner_id": "891377163278",
            "private_dns_hostname_type_on_launch": "ip-name",
            "state": "available",
            "tags": {
              "Name": "kdt_db_subnet1"
            },
            "timeouts": null,
            "vpc_id": "vpc-0770e7c4579e1c841"
          },
          "sensitive_attributes": []
        }
      ]
    },
    {
      "module": "module.rds",
      "mode": "data",
      "type": "aws_subnet",
      "name": "db_subnet2",
      "provider": "provider[\"registry.terraform.io/hashicorp/aws\"]",
      "instances": [
        {
          "schema_version": 0,
          "attributes": {
            "arn": "arn:aws:ec2:us-east-2:891377163278:subnet/subnet-006f61b5ef1ae5fe4",
            "assign_ipv6_address_on_creation": false,
            "availability_zone": "us-east-2b",
            "availability_zone_id": "use2-az2",
            "available_ip_address_count": 251,
            "cidr_block": "10.50.21.0/24",
            "customer_owned_ipv4_pool": "",
            "default_for_az": false,
            "enable_dns64": false,
            "enable_lni_at_device_index": 0,
            "enable_resource_name_dns_a_record_on_launch": false,
            "enable_resource_name_dns_aaaa_record_on_launch": false,
            "filter": [
              {
                "name": "tag:Name",
                "values": [
                  "kdt_db_subnet2"
                ]
              }
            ],
            "id": "subnet-006f61b5ef1ae5fe4",
            "ipv6_cidr_block": "",
            "ipv6_cidr_block_association_id": "",
            "ipv6_native": false,
            "map_customer_owned_ip_on_launch": false,
            "map_public_ip_on_launch": false,
            "outpost_arn": "",
            "owner_id": "891377163278",
            "private_dns_hostname_type_on_launch": "ip-name",
            "state": "available",
            "tags": {
              "Name": "kdt_db_subnet2"
            },
            "timeouts": null,
            "vpc_id": "vpc-0770e7c4579e1c841"
          },
          "sensitive_attributes": []
        }
      ]
    },
    {
      "module": "module.rds",
      "mode": "managed",
      "type": "aws_db_subnet_group",
      "name": "db_subnet_group",
      "provider": "provider[\"registry.terraform.io/hashicorp/aws\"]",
      "instances": [
        {
          "schema_version": 0,
          "attributes": {
            "arn": "arn:aws:rds:us-east-2:891377163278:subgrp:kdt-rds-sg",
            "description": "Managed by Terraform",
            "id": "kdt-rds-sg",
            "name": "kdt-rds-sg",
            "name_prefix": "",
            "subnet_ids": [
              "subnet-006f61b5ef1ae5fe4",
              "subnet-0eadf0ae3e1cd1eeb"
            ],
            "supported_network_types": [
              "IPV4"
            ],
            "tags": {},
            "tags_all": {},
            "vpc_id": "vpc-0770e7c4579e1c841"
          },
          "sensitive_attributes": [],
          "private": "bnVsbA==",
          "dependencies": [
            "module.rds.data.aws_subnet.db_subnet1",
            "module.rds.data.aws_subnet.db_subnet2",
            "module.security-group.aws_security_group.app-alb-sg",
            "module.security-group.aws_security_group.app-tier-sg",
            "module.security-group.aws_security_group.bastion-sg",
            "module.security-group.aws_security_group.database-sg",
            "module.security-group.aws_security_group.redis-sg",
            "module.security-group.aws_security_group.web-alb-sg",
            "module.security-group.aws_security_group.web-tier-sg",
            "module.security-group.data.aws_vpc.vpc",
            "module.vpc.aws_eip.eip1",
            "module.vpc.aws_eip.eip2",
            "module.vpc.aws_internet_gateway.igw",
            "module.vpc.aws_nat_gateway.ngw1",
            "module.vpc.aws_nat_gateway.ngw2",
            "module.vpc.aws_route_table.db-rt1",
            "module.vpc.aws_route_table.db-rt2",
            "module.vpc.aws_route_table.private-rt1",
            "module.vpc.aws_route_table.private-rt2",
            "module.vpc.aws_route_table.public-rt",
            "module.vpc.aws_route_table_association.db-rt-association1",
            "module.vpc.aws_route_table_association.db-rt-association2",
            "module.vpc.aws_route_table_association.private-rt-association1",
            "module.vpc.aws_route_table_association.private-rt-association2",
            "module.vpc.aws_route_table_association.public-rt-association1",
            "module.vpc.aws_route_table_association.public-rt-association2",
            "module.vpc.aws_subnet.db_subnet1",
            "module.vpc.aws_subnet.db_subnet2",
            "module.vpc.aws_subnet.private_subnet1",
            "module.vpc.aws_subnet.private_subnet2",
            "module.vpc.aws_subnet.public_subnet1",
            "module.vpc.aws_subnet.public_subnet2",
            "module.vpc.aws_vpc.vpc",
            "module.vpc.aws_vpc_endpoint.s3_gateway",
            "module.vpc.data.aws_availability_zones.azs"
          ]
        }
      ]
    },
    {
      "module": "module.rds",
      "mode": "managed",
      "type": "aws_rds_cluster",
      "name": "aurora-cluster",
      "provider": "provider[\"registry.terraform.io/hashicorp/aws\"]",
      "instances": [
        {
          "schema_version": 1,
          "attributes": {
            "allocated_storage": 1,
            "allow_major_version_upgrade": false,
            "apply_immediately": null,
            "arn": "arn:aws:rds:us-east-2:891377163278:cluster:aurora-cluster",
            "availability_zones": [
              "us-east-2a",
              "us-east-2b",
              "us-east-2c"
            ],
            "backtrack_window": 0,
            "backup_retention_period": 3,
            "cluster_identifier": "aurora-cluster",
            "cluster_identifier_prefix": "",
            "cluster_members": [
              "primary-instance"
            ],
            "cluster_resource_id": "cluster-O3WZ64KDLLZW73CFISRH7WKO4Q",
            "copy_tags_to_snapshot": false,
            "database_name": "mydb",
            "db_cluster_instance_class": "",
            "db_cluster_parameter_group_name": "default.aurora-mysql8.0",
            "db_instance_parameter_group_name": null,
            "db_subnet_group_name": "kdt-rds-sg",
            "db_system_id": "",
            "delete_automated_backups": true,
            "deletion_protection": false,
            "domain": "",
            "domain_iam_role_name": "",
            "enable_global_write_forwarding": false,
            "enable_http_endpoint": false,
            "enable_local_write_forwarding": false,
            "enabled_cloudwatch_logs_exports": [],
            "endpoint": "aurora-cluster.cluster-cl6yw0ywwfue.us-east-2.rds.amazonaws.com",
            "engine": "aurora-mysql",
            "engine_mode": "provisioned",
            "engine_version": "8.0.mysql_aurora.3.04.2",
            "engine_version_actual": "8.0.mysql_aurora.3.04.2",
            "final_snapshot_identifier": "aurora-cluster-final-20240521-0737",
            "global_cluster_identifier": "",
            "hosted_zone_id": "Z2XHWR1WZ565X2",
            "iam_database_authentication_enabled": false,
            "iam_roles": [],
            "id": "aurora-cluster",
            "iops": 0,
            "kms_key_id": "arn:aws:kms:us-east-2:891377163278:key/747b85f0-88fe-4e5a-846c-1415f8f70a50",
            "manage_master_user_password": null,
            "master_password": "1q2w3e4r",
            "master_user_secret": [],
            "master_user_secret_kms_key_id": null,
            "master_username": "admin",
            "network_type": "IPV4",
            "port": 3306,
            "preferred_backup_window": "19:00-21:00",
            "preferred_maintenance_window": "tue:08:02-tue:08:32",
            "reader_endpoint": "aurora-cluster.cluster-ro-cl6yw0ywwfue.us-east-2.rds.amazonaws.com",
            "replication_source_identifier": "",
            "restore_to_point_in_time": [],
            "s3_import": [],
            "scaling_configuration": [],
            "serverlessv2_scaling_configuration": [
              {
                "max_capacity": 2,
                "min_capacity": 1
              }
            ],
            "skip_final_snapshot": false,
            "snapshot_identifier": null,
            "source_region": null,
            "storage_encrypted": true,
            "storage_type": "",
            "tags": {
              "Name": "kdt_RDS"
            },
            "tags_all": {
              "Name": "kdt_RDS"
            },
            "timeouts": null,
            "vpc_security_group_ids": [
              "sg-0a3a148dff5255d9d"
            ]
          },
          "sensitive_attributes": [
            [
              {
                "type": "get_attr",
                "value": "master_password"
              }
            ],
            [
              {
                "type": "get_attr",
                "value": "master_username"
              }
            ]
          ],
          "private": "eyJlMmJmYjczMC1lY2FhLTExZTYtOGY4OC0zNDM2M2JjN2M0YzAiOnsiY3JlYXRlIjo3MjAwMDAwMDAwMDAwLCJkZWxldGUiOjcyMDAwMDAwMDAwMDAsInVwZGF0ZSI6NzIwMDAwMDAwMDAwMH0sInNjaGVtYV92ZXJzaW9uIjoiMSJ9",
          "dependencies": [
            "module.rds.aws_db_subnet_group.db_subnet_group",
            "module.rds.aws_ssm_parameter.db_id",
            "module.rds.aws_ssm_parameter.db_pwd",
            "module.rds.data.aws_security_group.db-sg",
            "module.rds.data.aws_subnet.db_subnet1",
            "module.rds.data.aws_subnet.db_subnet2",
            "module.security-group.aws_security_group.app-alb-sg",
            "module.security-group.aws_security_group.app-tier-sg",
            "module.security-group.aws_security_group.bastion-sg",
            "module.security-group.aws_security_group.database-sg",
            "module.security-group.aws_security_group.redis-sg",
            "module.security-group.aws_security_group.web-alb-sg",
            "module.security-group.aws_security_group.web-tier-sg",
            "module.security-group.data.aws_vpc.vpc",
            "module.vpc.aws_eip.eip1",
            "module.vpc.aws_eip.eip2",
            "module.vpc.aws_internet_gateway.igw",
            "module.vpc.aws_nat_gateway.ngw1",
            "module.vpc.aws_nat_gateway.ngw2",
            "module.vpc.aws_route_table.db-rt1",
            "module.vpc.aws_route_table.db-rt2",
            "module.vpc.aws_route_table.private-rt1",
            "module.vpc.aws_route_table.private-rt2",
            "module.vpc.aws_route_table.public-rt",
            "module.vpc.aws_route_table_association.db-rt-association1",
            "module.vpc.aws_route_table_association.db-rt-association2",
            "module.vpc.aws_route_table_association.private-rt-association1",
            "module.vpc.aws_route_table_association.private-rt-association2",
            "module.vpc.aws_route_table_association.public-rt-association1",
            "module.vpc.aws_route_table_association.public-rt-association2",
            "module.vpc.aws_subnet.db_subnet1",
            "module.vpc.aws_subnet.db_subnet2",
            "module.vpc.aws_subnet.private_subnet1",
            "module.vpc.aws_subnet.private_subnet2",
            "module.vpc.aws_subnet.public_subnet1",
            "module.vpc.aws_subnet.public_subnet2",
            "module.vpc.aws_vpc.vpc",
            "module.vpc.aws_vpc_endpoint.s3_gateway",
            "module.vpc.data.aws_availability_zones.azs"
          ]
        }
      ]
    },
    {
      "module": "module.rds",
      "mode": "managed",
      "type": "aws_rds_cluster_instance",
      "name": "primary-instance",
      "provider": "provider[\"registry.terraform.io/hashicorp/aws\"]",
      "instances": [
        {
          "schema_version": 0,
          "attributes": {
            "apply_immediately": null,
            "arn": "arn:aws:rds:us-east-2:891377163278:db:primary-instance",
            "auto_minor_version_upgrade": true,
            "availability_zone": "us-east-2a",
            "ca_cert_identifier": "rds-ca-rsa2048-g1",
            "cluster_identifier": "aurora-cluster",
            "copy_tags_to_snapshot": false,
            "custom_iam_instance_profile": "",
            "db_parameter_group_name": "default.aurora-mysql8.0",
            "db_subnet_group_name": "kdt-rds-sg",
            "dbi_resource_id": "db-EXKJ5BN7I3KHMKEHPUHAXPG6MA",
            "endpoint": "primary-instance.cl6yw0ywwfue.us-east-2.rds.amazonaws.com",
            "engine": "aurora-mysql",
            "engine_version": "8.0.mysql_aurora.3.04.2",
            "engine_version_actual": "8.0.mysql_aurora.3.04.2",
            "id": "primary-instance",
            "identifier": "primary-instance",
            "identifier_prefix": "",
            "instance_class": "db.serverless",
            "kms_key_id": "arn:aws:kms:us-east-2:891377163278:key/747b85f0-88fe-4e5a-846c-1415f8f70a50",
            "monitoring_interval": 0,
            "monitoring_role_arn": "",
            "network_type": "IPV4",
            "performance_insights_enabled": false,
            "performance_insights_kms_key_id": "",
            "performance_insights_retention_period": 0,
            "port": 3306,
            "preferred_backup_window": "19:00-21:00",
            "preferred_maintenance_window": "wed:07:19-wed:07:49",
            "promotion_tier": 0,
            "publicly_accessible": false,
            "storage_encrypted": true,
            "tags": {},
            "tags_all": {},
            "timeouts": null,
            "writer": true
          },
          "sensitive_attributes": [],
          "private": "eyJlMmJmYjczMC1lY2FhLTExZTYtOGY4OC0zNDM2M2JjN2M0YzAiOnsiY3JlYXRlIjo1NDAwMDAwMDAwMDAwLCJkZWxldGUiOjU0MDAwMDAwMDAwMDAsInVwZGF0ZSI6NTQwMDAwMDAwMDAwMH19",
          "dependencies": [
            "module.rds.aws_db_subnet_group.db_subnet_group",
            "module.rds.aws_rds_cluster.aurora-cluster",
            "module.rds.aws_ssm_parameter.db_id",
            "module.rds.aws_ssm_parameter.db_pwd",
            "module.rds.data.aws_security_group.db-sg",
            "module.rds.data.aws_subnet.db_subnet1",
            "module.rds.data.aws_subnet.db_subnet2",
            "module.security-group.aws_security_group.app-alb-sg",
            "module.security-group.aws_security_group.app-tier-sg",
            "module.security-group.aws_security_group.bastion-sg",
            "module.security-group.aws_security_group.database-sg",
            "module.security-group.aws_security_group.redis-sg",
            "module.security-group.aws_security_group.web-alb-sg",
            "module.security-group.aws_security_group.web-tier-sg",
            "module.security-group.data.aws_vpc.vpc",
            "module.vpc.aws_eip.eip1",
            "module.vpc.aws_eip.eip2",
            "module.vpc.aws_internet_gateway.igw",
            "module.vpc.aws_nat_gateway.ngw1",
            "module.vpc.aws_nat_gateway.ngw2",
            "module.vpc.aws_route_table.db-rt1",
            "module.vpc.aws_route_table.db-rt2",
            "module.vpc.aws_route_table.private-rt1",
            "module.vpc.aws_route_table.private-rt2",
            "module.vpc.aws_route_table.public-rt",
            "module.vpc.aws_route_table_association.db-rt-association1",
            "module.vpc.aws_route_table_association.db-rt-association2",
            "module.vpc.aws_route_table_association.private-rt-association1",
            "module.vpc.aws_route_table_association.private-rt-association2",
            "module.vpc.aws_route_table_association.public-rt-association1",
            "module.vpc.aws_route_table_association.public-rt-association2",
            "module.vpc.aws_subnet.db_subnet1",
            "module.vpc.aws_subnet.db_subnet2",
            "module.vpc.aws_subnet.private_subnet1",
            "module.vpc.aws_subnet.private_subnet2",
            "module.vpc.aws_subnet.public_subnet1",
            "module.vpc.aws_subnet.public_subnet2",
            "module.vpc.aws_vpc.vpc",
            "module.vpc.aws_vpc_endpoint.s3_gateway",
            "module.vpc.data.aws_availability_zones.azs"
          ]
        }
      ]
    },
    {
      "module": "module.rds",
      "mode": "managed",
      "type": "aws_ssm_parameter",
      "name": "db-cluster-endpoint",
      "provider": "provider[\"registry.terraform.io/hashicorp/aws\"]",
      "instances": [
        {
          "schema_version": 0,
          "attributes": {
            "allowed_pattern": "",
            "arn": "arn:aws:ssm:us-east-2:891377163278:parameter/config/system/db-cluster-endpoint",
            "data_type": "text",
            "description": "db-cluster-endpoint",
            "id": "/config/system/db-cluster-endpoint",
            "insecure_value": null,
            "key_id": "alias/aws/ssm",
            "name": "/config/system/db-cluster-endpoint",
            "overwrite": true,
            "tags": {},
            "tags_all": {},
            "tier": "Standard",
            "type": "SecureString",
            "value": "aurora-cluster.cluster-cl6yw0ywwfue.us-east-2.rds.amazonaws.com",
            "version": 1
          },
          "sensitive_attributes": [
            [
              {
                "type": "get_attr",
                "value": "value"
              }
            ]
          ],
          "private": "bnVsbA==",
          "dependencies": [
            "module.rds.aws_db_subnet_group.db_subnet_group",
            "module.rds.aws_rds_cluster.aurora-cluster",
            "module.rds.aws_ssm_parameter.db_id",
            "module.rds.aws_ssm_parameter.db_pwd",
            "module.rds.data.aws_security_group.db-sg",
            "module.rds.data.aws_subnet.db_subnet1",
            "module.rds.data.aws_subnet.db_subnet2",
            "module.security-group.aws_security_group.app-alb-sg",
            "module.security-group.aws_security_group.app-tier-sg",
            "module.security-group.aws_security_group.bastion-sg",
            "module.security-group.aws_security_group.database-sg",
            "module.security-group.aws_security_group.redis-sg",
            "module.security-group.aws_security_group.web-alb-sg",
            "module.security-group.aws_security_group.web-tier-sg",
            "module.security-group.data.aws_vpc.vpc",
            "module.vpc.aws_eip.eip1",
            "module.vpc.aws_eip.eip2",
            "module.vpc.aws_internet_gateway.igw",
            "module.vpc.aws_nat_gateway.ngw1",
            "module.vpc.aws_nat_gateway.ngw2",
            "module.vpc.aws_route_table.db-rt1",
            "module.vpc.aws_route_table.db-rt2",
            "module.vpc.aws_route_table.private-rt1",
            "module.vpc.aws_route_table.private-rt2",
            "module.vpc.aws_route_table.public-rt",
            "module.vpc.aws_route_table_association.db-rt-association1",
            "module.vpc.aws_route_table_association.db-rt-association2",
            "module.vpc.aws_route_table_association.private-rt-association1",
            "module.vpc.aws_route_table_association.private-rt-association2",
            "module.vpc.aws_route_table_association.public-rt-association1",
            "module.vpc.aws_route_table_association.public-rt-association2",
            "module.vpc.aws_subnet.db_subnet1",
            "module.vpc.aws_subnet.db_subnet2",
            "module.vpc.aws_subnet.private_subnet1",
            "module.vpc.aws_subnet.private_subnet2",
            "module.vpc.aws_subnet.public_subnet1",
            "module.vpc.aws_subnet.public_subnet2",
            "module.vpc.aws_vpc.vpc",
            "module.vpc.aws_vpc_endpoint.s3_gateway",
            "module.vpc.data.aws_availability_zones.azs"
          ]
        }
      ]
    },
    {
      "module": "module.rds",
      "mode": "managed",
      "type": "aws_ssm_parameter",
      "name": "db_id",
      "provider": "provider[\"registry.terraform.io/hashicorp/aws\"]",
      "instances": [
        {
          "schema_version": 0,
          "attributes": {
            "allowed_pattern": "",
            "arn": "arn:aws:ssm:us-east-2:891377163278:parameter/config/account/admin/ID",
            "data_type": "text",
            "description": "input db admin ID",
            "id": "/config/account/admin/ID",
            "insecure_value": null,
            "key_id": "alias/aws/ssm",
            "name": "/config/account/admin/ID",
            "overwrite": true,
            "tags": {},
            "tags_all": {},
            "tier": "Standard",
            "type": "SecureString",
            "value": "admin",
            "version": 1
          },
          "sensitive_attributes": [
            [
              {
                "type": "get_attr",
                "value": "value"
              }
            ]
          ],
          "private": "bnVsbA==",
          "dependencies": [
            "module.security-group.aws_security_group.app-alb-sg",
            "module.security-group.aws_security_group.app-tier-sg",
            "module.security-group.aws_security_group.bastion-sg",
            "module.security-group.aws_security_group.database-sg",
            "module.security-group.aws_security_group.redis-sg",
            "module.security-group.aws_security_group.web-alb-sg",
            "module.security-group.aws_security_group.web-tier-sg",
            "module.security-group.data.aws_vpc.vpc",
            "module.vpc.aws_eip.eip1",
            "module.vpc.aws_eip.eip2",
            "module.vpc.aws_internet_gateway.igw",
            "module.vpc.aws_nat_gateway.ngw1",
            "module.vpc.aws_nat_gateway.ngw2",
            "module.vpc.aws_route_table.db-rt1",
            "module.vpc.aws_route_table.db-rt2",
            "module.vpc.aws_route_table.private-rt1",
            "module.vpc.aws_route_table.private-rt2",
            "module.vpc.aws_route_table.public-rt",
            "module.vpc.aws_route_table_association.db-rt-association1",
            "module.vpc.aws_route_table_association.db-rt-association2",
            "module.vpc.aws_route_table_association.private-rt-association1",
            "module.vpc.aws_route_table_association.private-rt-association2",
            "module.vpc.aws_route_table_association.public-rt-association1",
            "module.vpc.aws_route_table_association.public-rt-association2",
            "module.vpc.aws_subnet.db_subnet1",
            "module.vpc.aws_subnet.db_subnet2",
            "module.vpc.aws_subnet.private_subnet1",
            "module.vpc.aws_subnet.private_subnet2",
            "module.vpc.aws_subnet.public_subnet1",
            "module.vpc.aws_subnet.public_subnet2",
            "module.vpc.aws_vpc.vpc",
            "module.vpc.aws_vpc_endpoint.s3_gateway",
            "module.vpc.data.aws_availability_zones.azs"
          ]
        }
      ]
    },
    {
      "module": "module.rds",
      "mode": "managed",
      "type": "aws_ssm_parameter",
      "name": "db_pwd",
      "provider": "provider[\"registry.terraform.io/hashicorp/aws\"]",
      "instances": [
        {
          "schema_version": 0,
          "attributes": {
            "allowed_pattern": "",
            "arn": "arn:aws:ssm:us-east-2:891377163278:parameter/config/account/admin/PWD",
            "data_type": "text",
            "description": "input db admin PWD",
            "id": "/config/account/admin/PWD",
            "insecure_value": null,
            "key_id": "alias/aws/ssm",
            "name": "/config/account/admin/PWD",
            "overwrite": true,
            "tags": {},
            "tags_all": {},
            "tier": "Standard",
            "type": "SecureString",
            "value": "1q2w3e4r",
            "version": 1
          },
          "sensitive_attributes": [
            [
              {
                "type": "get_attr",
                "value": "value"
              }
            ]
          ],
          "private": "bnVsbA==",
          "dependencies": [
            "module.security-group.aws_security_group.app-alb-sg",
            "module.security-group.aws_security_group.app-tier-sg",
            "module.security-group.aws_security_group.bastion-sg",
            "module.security-group.aws_security_group.database-sg",
            "module.security-group.aws_security_group.redis-sg",
            "module.security-group.aws_security_group.web-alb-sg",
            "module.security-group.aws_security_group.web-tier-sg",
            "module.security-group.data.aws_vpc.vpc",
            "module.vpc.aws_eip.eip1",
            "module.vpc.aws_eip.eip2",
            "module.vpc.aws_internet_gateway.igw",
            "module.vpc.aws_nat_gateway.ngw1",
            "module.vpc.aws_nat_gateway.ngw2",
            "module.vpc.aws_route_table.db-rt1",
            "module.vpc.aws_route_table.db-rt2",
            "module.vpc.aws_route_table.private-rt1",
            "module.vpc.aws_route_table.private-rt2",
            "module.vpc.aws_route_table.public-rt",
            "module.vpc.aws_route_table_association.db-rt-association1",
            "module.vpc.aws_route_table_association.db-rt-association2",
            "module.vpc.aws_route_table_association.private-rt-association1",
            "module.vpc.aws_route_table_association.private-rt-association2",
            "module.vpc.aws_route_table_association.public-rt-association1",
            "module.vpc.aws_route_table_association.public-rt-association2",
            "module.vpc.aws_subnet.db_subnet1",
            "module.vpc.aws_subnet.db_subnet2",
            "module.vpc.aws_subnet.private_subnet1",
            "module.vpc.aws_subnet.private_subnet2",
            "module.vpc.aws_subnet.public_subnet1",
            "module.vpc.aws_subnet.public_subnet2",
            "module.vpc.aws_vpc.vpc",
            "module.vpc.aws_vpc_endpoint.s3_gateway",
            "module.vpc.data.aws_availability_zones.azs"
          ]
        }
      ]
    },
    {
      "module": "module.s3",
      "mode": "managed",
      "type": "aws_s3_bucket",
      "name": "image-bucket",
      "provider": "provider[\"registry.terraform.io/hashicorp/aws\"]",
      "instances": [
        {
          "schema_version": 0,
          "attributes": {
            "acceleration_status": "",
            "acl": "private",
            "arn": "arn:aws:s3:::hellowaws-image-bucket",
            "bucket": "hellowaws-image-bucket",
            "bucket_domain_name": "hellowaws-image-bucket.s3.amazonaws.com",
            "bucket_prefix": "",
            "bucket_regional_domain_name": "hellowaws-image-bucket.s3.us-east-2.amazonaws.com",
            "cors_rule": [],
            "force_destroy": false,
            "grant": [
              {
                "id": "a1f323ea0ed06ee7825cb04890a7fe5469b3bc887e1998ed2fdbae72ec0102cb",
                "permissions": [
                  "FULL_CONTROL"
                ],
                "type": "CanonicalUser",
                "uri": ""
              }
            ],
            "hosted_zone_id": "Z2O1EMRO9K5GLX",
            "id": "hellowaws-image-bucket",
            "lifecycle_rule": [],
            "logging": [],
            "object_lock_configuration": [],
            "object_lock_enabled": false,
            "policy": "",
            "region": "us-east-2",
            "replication_configuration": [],
            "request_payer": "BucketOwner",
            "server_side_encryption_configuration": [
              {
                "rule": [
                  {
                    "apply_server_side_encryption_by_default": [
                      {
                        "kms_master_key_id": "",
                        "sse_algorithm": "AES256"
                      }
                    ],
                    "bucket_key_enabled": false
                  }
                ]
              }
            ],
            "tags": {
              "Environment": "Dev",
              "Name": "My bucket"
            },
            "tags_all": {
              "Environment": "Dev",
              "Name": "My bucket"
            },
            "timeouts": null,
            "versioning": [
              {
                "enabled": false,
                "mfa_delete": false
              }
            ],
            "website": [],
            "website_domain": null,
            "website_endpoint": null
          },
          "sensitive_attributes": [],
          "private": "eyJlMmJmYjczMC1lY2FhLTExZTYtOGY4OC0zNDM2M2JjN2M0YzAiOnsiY3JlYXRlIjoxMjAwMDAwMDAwMDAwLCJkZWxldGUiOjM2MDAwMDAwMDAwMDAsInJlYWQiOjEyMDAwMDAwMDAwMDAsInVwZGF0ZSI6MTIwMDAwMDAwMDAwMH19"
        }
      ]
    },
    {
      "module": "module.security-group",
      "mode": "data",
      "type": "aws_vpc",
      "name": "vpc",
      "provider": "provider[\"registry.terraform.io/hashicorp/aws\"]",
      "instances": [
        {
          "schema_version": 0,
          "attributes": {
            "arn": "arn:aws:ec2:us-east-2:891377163278:vpc/vpc-0770e7c4579e1c841",
            "cidr_block": "10.50.0.0/16",
            "cidr_block_associations": [
              {
                "association_id": "vpc-cidr-assoc-065016da7022293d9",
                "cidr_block": "10.50.0.0/16",
                "state": "associated"
              }
            ],
            "default": false,
            "dhcp_options_id": "dopt-0cab42d5410535950",
            "enable_dns_hostnames": true,
            "enable_dns_support": true,
            "enable_network_address_usage_metrics": false,
            "filter": [
              {
                "name": "tag:Name",
                "values": [
                  "kdt_VPC"
                ]
              }
            ],
            "id": "vpc-0770e7c4579e1c841",
            "instance_tenancy": "default",
            "ipv6_association_id": "",
            "ipv6_cidr_block": "",
            "main_route_table_id": "rtb-01ac4a544b6253a28",
            "owner_id": "891377163278",
            "state": null,
            "tags": {
              "Name": "kdt_VPC"
            },
            "timeouts": null
          },
          "sensitive_attributes": []
        }
      ]
    },
    {
      "module": "module.security-group",
      "mode": "managed",
      "type": "aws_security_group",
      "name": "app-alb-sg",
      "provider": "provider[\"registry.terraform.io/hashicorp/aws\"]",
      "instances": [
        {
          "schema_version": 1,
          "attributes": {
            "arn": "arn:aws:ec2:us-east-2:891377163278:security-group/sg-02752e2c2324d1d3a",
            "description": "Allow HTTP and HTTPS for World",
            "egress": [
              {
                "cidr_blocks": [
                  "0.0.0.0/0"
                ],
                "description": "",
                "from_port": 0,
                "ipv6_cidr_blocks": [],
                "prefix_list_ids": [],
                "protocol": "-1",
                "security_groups": [],
                "self": false,
                "to_port": 0
              }
            ],
            "id": "sg-02752e2c2324d1d3a",
            "ingress": [
              {
                "cidr_blocks": [],
                "description": "",
                "from_port": 443,
                "ipv6_cidr_blocks": [],
                "prefix_list_ids": [],
                "protocol": "tcp",
                "security_groups": [
                  "sg-0039fb5f5a92554dd"
                ],
                "self": false,
                "to_port": 443
              },
              {
                "cidr_blocks": [],
                "description": "",
                "from_port": 8080,
                "ipv6_cidr_blocks": [],
                "prefix_list_ids": [],
                "protocol": "tcp",
                "security_groups": [
                  "sg-0039fb5f5a92554dd"
                ],
                "self": false,
                "to_port": 8080
              }
            ],
            "name": "terraform-20240521073737938200000004",
            "name_prefix": "terraform-",
            "owner_id": "891377163278",
            "revoke_rules_on_delete": false,
            "tags": {
              "Name": "kdt_app-alb-sg"
            },
            "tags_all": {
              "Name": "kdt_app-alb-sg"
            },
            "timeouts": null,
            "vpc_id": "vpc-0770e7c4579e1c841"
          },
          "sensitive_attributes": [],
          "private": "eyJlMmJmYjczMC1lY2FhLTExZTYtOGY4OC0zNDM2M2JjN2M0YzAiOnsiY3JlYXRlIjo2MDAwMDAwMDAwMDAsImRlbGV0ZSI6OTAwMDAwMDAwMDAwfSwic2NoZW1hX3ZlcnNpb24iOiIxIn0=",
          "dependencies": [
            "module.security-group.aws_security_group.web-alb-sg",
            "module.security-group.aws_security_group.web-tier-sg",
            "module.security-group.data.aws_vpc.vpc",
            "module.vpc.aws_eip.eip1",
            "module.vpc.aws_eip.eip2",
            "module.vpc.aws_internet_gateway.igw",
            "module.vpc.aws_nat_gateway.ngw1",
            "module.vpc.aws_nat_gateway.ngw2",
            "module.vpc.aws_route_table.db-rt1",
            "module.vpc.aws_route_table.db-rt2",
            "module.vpc.aws_route_table.private-rt1",
            "module.vpc.aws_route_table.private-rt2",
            "module.vpc.aws_route_table.public-rt",
            "module.vpc.aws_route_table_association.db-rt-association1",
            "module.vpc.aws_route_table_association.db-rt-association2",
            "module.vpc.aws_route_table_association.private-rt-association1",
            "module.vpc.aws_route_table_association.private-rt-association2",
            "module.vpc.aws_route_table_association.public-rt-association1",
            "module.vpc.aws_route_table_association.public-rt-association2",
            "module.vpc.aws_subnet.db_subnet1",
            "module.vpc.aws_subnet.db_subnet2",
            "module.vpc.aws_subnet.private_subnet1",
            "module.vpc.aws_subnet.private_subnet2",
            "module.vpc.aws_subnet.public_subnet1",
            "module.vpc.aws_subnet.public_subnet2",
            "module.vpc.aws_vpc.vpc",
            "module.vpc.aws_vpc_endpoint.s3_gateway",
            "module.vpc.data.aws_availability_zones.azs"
          ]
        }
      ]
    },
    {
      "module": "module.security-group",
      "mode": "managed",
      "type": "aws_security_group",
      "name": "app-tier-sg",
      "provider": "provider[\"registry.terraform.io/hashicorp/aws\"]",
      "instances": [
        {
          "schema_version": 1,
          "attributes": {
            "arn": "arn:aws:ec2:us-east-2:891377163278:security-group/sg-07c00d3daebadcd91",
            "description": "Allow HTTP and HTTPS from APP ALB Only",
            "egress": [
              {
                "cidr_blocks": [
                  "0.0.0.0/0"
                ],
                "description": "",
                "from_port": 0,
                "ipv6_cidr_blocks": [
                  "::/0"
                ],
                "prefix_list_ids": [],
                "protocol": "-1",
                "security_groups": [],
                "self": false,
                "to_port": 0
              }
            ],
            "id": "sg-07c00d3daebadcd91",
            "ingress": [
              {
                "cidr_blocks": [],
                "description": "",
                "from_port": 443,
                "ipv6_cidr_blocks": [],
                "prefix_list_ids": [],
                "protocol": "tcp",
                "security_groups": [
                  "sg-02752e2c2324d1d3a"
                ],
                "self": false,
                "to_port": 443
              },
              {
                "cidr_blocks": [],
                "description": "",
                "from_port": 8080,
                "ipv6_cidr_blocks": [],
                "prefix_list_ids": [],
                "protocol": "tcp",
                "security_groups": [
                  "sg-02752e2c2324d1d3a"
                ],
                "self": false,
                "to_port": 8080
              }
            ],
            "name": "terraform-20240521073741087100000005",
            "name_prefix": "terraform-",
            "owner_id": "891377163278",
            "revoke_rules_on_delete": false,
            "tags": {
              "Name": "kdt_app-sg"
            },
            "tags_all": {
              "Name": "kdt_app-sg"
            },
            "timeouts": null,
            "vpc_id": "vpc-0770e7c4579e1c841"
          },
          "sensitive_attributes": [],
          "private": "eyJlMmJmYjczMC1lY2FhLTExZTYtOGY4OC0zNDM2M2JjN2M0YzAiOnsiY3JlYXRlIjo2MDAwMDAwMDAwMDAsImRlbGV0ZSI6OTAwMDAwMDAwMDAwfSwic2NoZW1hX3ZlcnNpb24iOiIxIn0=",
          "dependencies": [
            "module.security-group.aws_security_group.app-alb-sg",
            "module.security-group.aws_security_group.web-alb-sg",
            "module.security-group.aws_security_group.web-tier-sg",
            "module.security-group.data.aws_vpc.vpc",
            "module.vpc.aws_eip.eip1",
            "module.vpc.aws_eip.eip2",
            "module.vpc.aws_internet_gateway.igw",
            "module.vpc.aws_nat_gateway.ngw1",
            "module.vpc.aws_nat_gateway.ngw2",
            "module.vpc.aws_route_table.db-rt1",
            "module.vpc.aws_route_table.db-rt2",
            "module.vpc.aws_route_table.private-rt1",
            "module.vpc.aws_route_table.private-rt2",
            "module.vpc.aws_route_table.public-rt",
            "module.vpc.aws_route_table_association.db-rt-association1",
            "module.vpc.aws_route_table_association.db-rt-association2",
            "module.vpc.aws_route_table_association.private-rt-association1",
            "module.vpc.aws_route_table_association.private-rt-association2",
            "module.vpc.aws_route_table_association.public-rt-association1",
            "module.vpc.aws_route_table_association.public-rt-association2",
            "module.vpc.aws_subnet.db_subnet1",
            "module.vpc.aws_subnet.db_subnet2",
            "module.vpc.aws_subnet.private_subnet1",
            "module.vpc.aws_subnet.private_subnet2",
            "module.vpc.aws_subnet.public_subnet1",
            "module.vpc.aws_subnet.public_subnet2",
            "module.vpc.aws_vpc.vpc",
            "module.vpc.aws_vpc_endpoint.s3_gateway",
            "module.vpc.data.aws_availability_zones.azs"
          ]
        }
      ]
    },
    {
      "module": "module.security-group",
      "mode": "managed",
      "type": "aws_security_group",
      "name": "bastion-sg",
      "provider": "provider[\"registry.terraform.io/hashicorp/aws\"]",
      "instances": [
        {
          "schema_version": 1,
          "attributes": {
            "arn": "arn:aws:ec2:us-east-2:891377163278:security-group/sg-032c060f8c541b9ed",
            "description": "Allow SSH, HTTP and HTTPS",
            "egress": [
              {
                "cidr_blocks": [
                  "0.0.0.0/0"
                ],
                "description": "",
                "from_port": 0,
                "ipv6_cidr_blocks": [],
                "prefix_list_ids": [],
                "protocol": "-1",
                "security_groups": [],
                "self": false,
                "to_port": 0
              }
            ],
            "id": "sg-032c060f8c541b9ed",
            "ingress": [
              {
                "cidr_blocks": [
                  "0.0.0.0/0"
                ],
                "description": "",
                "from_port": 443,
                "ipv6_cidr_blocks": [],
                "prefix_list_ids": [],
                "protocol": "tcp",
                "security_groups": [],
                "self": false,
                "to_port": 443
              }
            ],
            "name": "terraform-20240521073730893100000001",
            "name_prefix": "terraform-",
            "owner_id": "891377163278",
            "revoke_rules_on_delete": false,
            "tags": {
              "Name": "kdt_bastion-sg"
            },
            "tags_all": {
              "Name": "kdt_bastion-sg"
            },
            "timeouts": null,
            "vpc_id": "vpc-0770e7c4579e1c841"
          },
          "sensitive_attributes": [],
          "private": "eyJlMmJmYjczMC1lY2FhLTExZTYtOGY4OC0zNDM2M2JjN2M0YzAiOnsiY3JlYXRlIjo2MDAwMDAwMDAwMDAsImRlbGV0ZSI6OTAwMDAwMDAwMDAwfSwic2NoZW1hX3ZlcnNpb24iOiIxIn0=",
          "dependencies": [
            "module.security-group.data.aws_vpc.vpc",
            "module.vpc.aws_eip.eip1",
            "module.vpc.aws_eip.eip2",
            "module.vpc.aws_internet_gateway.igw",
            "module.vpc.aws_nat_gateway.ngw1",
            "module.vpc.aws_nat_gateway.ngw2",
            "module.vpc.aws_route_table.db-rt1",
            "module.vpc.aws_route_table.db-rt2",
            "module.vpc.aws_route_table.private-rt1",
            "module.vpc.aws_route_table.private-rt2",
            "module.vpc.aws_route_table.public-rt",
            "module.vpc.aws_route_table_association.db-rt-association1",
            "module.vpc.aws_route_table_association.db-rt-association2",
            "module.vpc.aws_route_table_association.private-rt-association1",
            "module.vpc.aws_route_table_association.private-rt-association2",
            "module.vpc.aws_route_table_association.public-rt-association1",
            "module.vpc.aws_route_table_association.public-rt-association2",
            "module.vpc.aws_subnet.db_subnet1",
            "module.vpc.aws_subnet.db_subnet2",
            "module.vpc.aws_subnet.private_subnet1",
            "module.vpc.aws_subnet.private_subnet2",
            "module.vpc.aws_subnet.public_subnet1",
            "module.vpc.aws_subnet.public_subnet2",
            "module.vpc.aws_vpc.vpc",
            "module.vpc.aws_vpc_endpoint.s3_gateway",
            "module.vpc.data.aws_availability_zones.azs"
          ]
        }
      ]
    },
    {
      "module": "module.security-group",
      "mode": "managed",
      "type": "aws_security_group",
      "name": "database-sg",
      "provider": "provider[\"registry.terraform.io/hashicorp/aws\"]",
      "instances": [
        {
          "schema_version": 1,
          "attributes": {
            "arn": "arn:aws:ec2:us-east-2:891377163278:security-group/sg-0a3a148dff5255d9d",
            "description": "Protocol Type MySQL/Aurora",
            "egress": [
              {
                "cidr_blocks": [
                  "0.0.0.0/0"
                ],
                "description": "",
                "from_port": 0,
                "ipv6_cidr_blocks": [],
                "prefix_list_ids": [],
                "protocol": "-1",
                "security_groups": [],
                "self": false,
                "to_port": 0
              }
            ],
            "id": "sg-0a3a148dff5255d9d",
            "ingress": [
              {
                "cidr_blocks": [],
                "description": "",
                "from_port": 3306,
                "ipv6_cidr_blocks": [],
                "prefix_list_ids": [],
                "protocol": "tcp",
                "security_groups": [
                  "sg-032c060f8c541b9ed"
                ],
                "self": false,
                "to_port": 3306
              },
              {
                "cidr_blocks": [],
                "description": "",
                "from_port": 3306,
                "ipv6_cidr_blocks": [],
                "prefix_list_ids": [],
                "protocol": "tcp",
                "security_groups": [
                  "sg-07c00d3daebadcd91"
                ],
                "self": false,
                "to_port": 3306
              }
            ],
            "name": "terraform-20240521073744677100000007",
            "name_prefix": "terraform-",
            "owner_id": "891377163278",
            "revoke_rules_on_delete": false,
            "tags": {
              "Name": "kdt_db-sg"
            },
            "tags_all": {
              "Name": "kdt_db-sg"
            },
            "timeouts": null,
            "vpc_id": "vpc-0770e7c4579e1c841"
          },
          "sensitive_attributes": [],
          "private": "eyJlMmJmYjczMC1lY2FhLTExZTYtOGY4OC0zNDM2M2JjN2M0YzAiOnsiY3JlYXRlIjo2MDAwMDAwMDAwMDAsImRlbGV0ZSI6OTAwMDAwMDAwMDAwfSwic2NoZW1hX3ZlcnNpb24iOiIxIn0=",
          "dependencies": [
            "module.security-group.aws_security_group.app-alb-sg",
            "module.security-group.aws_security_group.app-tier-sg",
            "module.security-group.aws_security_group.bastion-sg",
            "module.security-group.aws_security_group.web-alb-sg",
            "module.security-group.aws_security_group.web-tier-sg",
            "module.security-group.data.aws_vpc.vpc",
            "module.vpc.aws_eip.eip1",
            "module.vpc.aws_eip.eip2",
            "module.vpc.aws_internet_gateway.igw",
            "module.vpc.aws_nat_gateway.ngw1",
            "module.vpc.aws_nat_gateway.ngw2",
            "module.vpc.aws_route_table.db-rt1",
            "module.vpc.aws_route_table.db-rt2",
            "module.vpc.aws_route_table.private-rt1",
            "module.vpc.aws_route_table.private-rt2",
            "module.vpc.aws_route_table.public-rt",
            "module.vpc.aws_route_table_association.db-rt-association1",
            "module.vpc.aws_route_table_association.db-rt-association2",
            "module.vpc.aws_route_table_association.private-rt-association1",
            "module.vpc.aws_route_table_association.private-rt-association2",
            "module.vpc.aws_route_table_association.public-rt-association1",
            "module.vpc.aws_route_table_association.public-rt-association2",
            "module.vpc.aws_subnet.db_subnet1",
            "module.vpc.aws_subnet.db_subnet2",
            "module.vpc.aws_subnet.private_subnet1",
            "module.vpc.aws_subnet.private_subnet2",
            "module.vpc.aws_subnet.public_subnet1",
            "module.vpc.aws_subnet.public_subnet2",
            "module.vpc.aws_vpc.vpc",
            "module.vpc.aws_vpc_endpoint.s3_gateway",
            "module.vpc.data.aws_availability_zones.azs"
          ]
        }
      ]
    },
    {
      "module": "module.security-group",
      "mode": "managed",
      "type": "aws_security_group",
      "name": "redis-sg",
      "provider": "provider[\"registry.terraform.io/hashicorp/aws\"]",
      "instances": [
        {
          "schema_version": 1,
          "attributes": {
            "arn": "arn:aws:ec2:us-east-2:891377163278:security-group/sg-0842ec2813c5c401c",
            "description": "Security group for Redis Serverless",
            "egress": [
              {
                "cidr_blocks": [
                  "0.0.0.0/0"
                ],
                "description": "",
                "from_port": 0,
                "ipv6_cidr_blocks": [],
                "prefix_list_ids": [],
                "protocol": "-1",
                "security_groups": [],
                "self": false,
                "to_port": 0
              }
            ],
            "id": "sg-0842ec2813c5c401c",
            "ingress": [
              {
                "cidr_blocks": [],
                "description": "",
                "from_port": 6379,
                "ipv6_cidr_blocks": [],
                "prefix_list_ids": [],
                "protocol": "tcp",
                "security_groups": [
                  "sg-07c00d3daebadcd91"
                ],
                "self": false,
                "to_port": 6379
              }
            ],
            "name": "terraform-20240521073744676100000006",
            "name_prefix": "terraform-",
            "owner_id": "891377163278",
            "revoke_rules_on_delete": false,
            "tags": {
              "Name": "kdt_redis-sg"
            },
            "tags_all": {
              "Name": "kdt_redis-sg"
            },
            "timeouts": null,
            "vpc_id": "vpc-0770e7c4579e1c841"
          },
          "sensitive_attributes": [],
          "private": "eyJlMmJmYjczMC1lY2FhLTExZTYtOGY4OC0zNDM2M2JjN2M0YzAiOnsiY3JlYXRlIjo2MDAwMDAwMDAwMDAsImRlbGV0ZSI6OTAwMDAwMDAwMDAwfSwic2NoZW1hX3ZlcnNpb24iOiIxIn0=",
          "dependencies": [
            "module.security-group.aws_security_group.app-alb-sg",
            "module.security-group.aws_security_group.app-tier-sg",
            "module.security-group.aws_security_group.web-alb-sg",
            "module.security-group.aws_security_group.web-tier-sg",
            "module.security-group.data.aws_vpc.vpc",
            "module.vpc.aws_eip.eip1",
            "module.vpc.aws_eip.eip2",
            "module.vpc.aws_internet_gateway.igw",
            "module.vpc.aws_nat_gateway.ngw1",
            "module.vpc.aws_nat_gateway.ngw2",
            "module.vpc.aws_route_table.db-rt1",
            "module.vpc.aws_route_table.db-rt2",
            "module.vpc.aws_route_table.private-rt1",
            "module.vpc.aws_route_table.private-rt2",
            "module.vpc.aws_route_table.public-rt",
            "module.vpc.aws_route_table_association.db-rt-association1",
            "module.vpc.aws_route_table_association.db-rt-association2",
            "module.vpc.aws_route_table_association.private-rt-association1",
            "module.vpc.aws_route_table_association.private-rt-association2",
            "module.vpc.aws_route_table_association.public-rt-association1",
            "module.vpc.aws_route_table_association.public-rt-association2",
            "module.vpc.aws_subnet.db_subnet1",
            "module.vpc.aws_subnet.db_subnet2",
            "module.vpc.aws_subnet.private_subnet1",
            "module.vpc.aws_subnet.private_subnet2",
            "module.vpc.aws_subnet.public_subnet1",
            "module.vpc.aws_subnet.public_subnet2",
            "module.vpc.aws_vpc.vpc",
            "module.vpc.aws_vpc_endpoint.s3_gateway",
            "module.vpc.data.aws_availability_zones.azs"
          ]
        }
      ]
    },
    {
      "module": "module.security-group",
      "mode": "managed",
      "type": "aws_security_group",
      "name": "web-alb-sg",
      "provider": "provider[\"registry.terraform.io/hashicorp/aws\"]",
      "instances": [
        {
          "schema_version": 1,
          "attributes": {
            "arn": "arn:aws:ec2:us-east-2:891377163278:security-group/sg-00c5688b8178e0480",
            "description": "Allow HTTP and HTTPS for World",
            "egress": [
              {
                "cidr_blocks": [
                  "0.0.0.0/0"
                ],
                "description": "",
                "from_port": 0,
                "ipv6_cidr_blocks": [],
                "prefix_list_ids": [],
                "protocol": "-1",
                "security_groups": [],
                "self": false,
                "to_port": 0
              }
            ],
            "id": "sg-00c5688b8178e0480",
            "ingress": [
              {
                "cidr_blocks": [
                  "0.0.0.0/0"
                ],
                "description": "",
                "from_port": 443,
                "ipv6_cidr_blocks": [],
                "prefix_list_ids": [],
                "protocol": "tcp",
                "security_groups": [],
                "self": false,
                "to_port": 443
              },
              {
                "cidr_blocks": [
                  "0.0.0.0/0"
                ],
                "description": "",
                "from_port": 80,
                "ipv6_cidr_blocks": [],
                "prefix_list_ids": [],
                "protocol": "tcp",
                "security_groups": [],
                "self": false,
                "to_port": 80
              }
            ],
            "name": "terraform-20240521073730893600000002",
            "name_prefix": "terraform-",
            "owner_id": "891377163278",
            "revoke_rules_on_delete": false,
            "tags": {
              "Name": "kdt_web-alb-sg"
            },
            "tags_all": {
              "Name": "kdt_web-alb-sg"
            },
            "timeouts": null,
            "vpc_id": "vpc-0770e7c4579e1c841"
          },
          "sensitive_attributes": [],
          "private": "eyJlMmJmYjczMC1lY2FhLTExZTYtOGY4OC0zNDM2M2JjN2M0YzAiOnsiY3JlYXRlIjo2MDAwMDAwMDAwMDAsImRlbGV0ZSI6OTAwMDAwMDAwMDAwfSwic2NoZW1hX3ZlcnNpb24iOiIxIn0=",
          "dependencies": [
            "module.security-group.data.aws_vpc.vpc",
            "module.vpc.aws_eip.eip1",
            "module.vpc.aws_eip.eip2",
            "module.vpc.aws_internet_gateway.igw",
            "module.vpc.aws_nat_gateway.ngw1",
            "module.vpc.aws_nat_gateway.ngw2",
            "module.vpc.aws_route_table.db-rt1",
            "module.vpc.aws_route_table.db-rt2",
            "module.vpc.aws_route_table.private-rt1",
            "module.vpc.aws_route_table.private-rt2",
            "module.vpc.aws_route_table.public-rt",
            "module.vpc.aws_route_table_association.db-rt-association1",
            "module.vpc.aws_route_table_association.db-rt-association2",
            "module.vpc.aws_route_table_association.private-rt-association1",
            "module.vpc.aws_route_table_association.private-rt-association2",
            "module.vpc.aws_route_table_association.public-rt-association1",
            "module.vpc.aws_route_table_association.public-rt-association2",
            "module.vpc.aws_subnet.db_subnet1",
            "module.vpc.aws_subnet.db_subnet2",
            "module.vpc.aws_subnet.private_subnet1",
            "module.vpc.aws_subnet.private_subnet2",
            "module.vpc.aws_subnet.public_subnet1",
            "module.vpc.aws_subnet.public_subnet2",
            "module.vpc.aws_vpc.vpc",
            "module.vpc.aws_vpc_endpoint.s3_gateway",
            "module.vpc.data.aws_availability_zones.azs"
          ]
        }
      ]
    },
    {
      "module": "module.security-group",
      "mode": "managed",
      "type": "aws_security_group",
      "name": "web-tier-sg",
      "provider": "provider[\"registry.terraform.io/hashicorp/aws\"]",
      "instances": [
        {
          "schema_version": 1,
          "attributes": {
            "arn": "arn:aws:ec2:us-east-2:891377163278:security-group/sg-0039fb5f5a92554dd",
            "description": "Allow HTTP and HTTPS for WEP ALB Only",
            "egress": [
              {
                "cidr_blocks": [
                  "0.0.0.0/0"
                ],
                "description": "",
                "from_port": 0,
                "ipv6_cidr_blocks": [],
                "prefix_list_ids": [],
                "protocol": "-1",
                "security_groups": [],
                "self": false,
                "to_port": 0
              }
            ],
            "id": "sg-0039fb5f5a92554dd",
            "ingress": [
              {
                "cidr_blocks": [],
                "description": "",
                "from_port": 443,
                "ipv6_cidr_blocks": [],
                "prefix_list_ids": [],
                "protocol": "tcp",
                "security_groups": [
                  "sg-00c5688b8178e0480"
                ],
                "self": false,
                "to_port": 443
              },
              {
                "cidr_blocks": [],
                "description": "",
                "from_port": 80,
                "ipv6_cidr_blocks": [],
                "prefix_list_ids": [],
                "protocol": "tcp",
                "security_groups": [
                  "sg-00c5688b8178e0480"
                ],
                "self": false,
                "to_port": 80
              }
            ],
            "name": "terraform-20240521073734734100000003",
            "name_prefix": "terraform-",
            "owner_id": "891377163278",
            "revoke_rules_on_delete": false,
            "tags": {
              "Name": "kdt_web-sg"
            },
            "tags_all": {
              "Name": "kdt_web-sg"
            },
            "timeouts": null,
            "vpc_id": "vpc-0770e7c4579e1c841"
          },
          "sensitive_attributes": [],
          "private": "eyJlMmJmYjczMC1lY2FhLTExZTYtOGY4OC0zNDM2M2JjN2M0YzAiOnsiY3JlYXRlIjo2MDAwMDAwMDAwMDAsImRlbGV0ZSI6OTAwMDAwMDAwMDAwfSwic2NoZW1hX3ZlcnNpb24iOiIxIn0=",
          "dependencies": [
            "module.security-group.aws_security_group.web-alb-sg",
            "module.security-group.data.aws_vpc.vpc",
            "module.vpc.aws_eip.eip1",
            "module.vpc.aws_eip.eip2",
            "module.vpc.aws_internet_gateway.igw",
            "module.vpc.aws_nat_gateway.ngw1",
            "module.vpc.aws_nat_gateway.ngw2",
            "module.vpc.aws_route_table.db-rt1",
            "module.vpc.aws_route_table.db-rt2",
            "module.vpc.aws_route_table.private-rt1",
            "module.vpc.aws_route_table.private-rt2",
            "module.vpc.aws_route_table.public-rt",
            "module.vpc.aws_route_table_association.db-rt-association1",
            "module.vpc.aws_route_table_association.db-rt-association2",
            "module.vpc.aws_route_table_association.private-rt-association1",
            "module.vpc.aws_route_table_association.private-rt-association2",
            "module.vpc.aws_route_table_association.public-rt-association1",
            "module.vpc.aws_route_table_association.public-rt-association2",
            "module.vpc.aws_subnet.db_subnet1",
            "module.vpc.aws_subnet.db_subnet2",
            "module.vpc.aws_subnet.private_subnet1",
            "module.vpc.aws_subnet.private_subnet2",
            "module.vpc.aws_subnet.public_subnet1",
            "module.vpc.aws_subnet.public_subnet2",
            "module.vpc.aws_vpc.vpc",
            "module.vpc.aws_vpc_endpoint.s3_gateway",
            "module.vpc.data.aws_availability_zones.azs"
          ]
        }
      ]
    },
    {
      "module": "module.vpc",
      "mode": "data",
      "type": "aws_availability_zones",
      "name": "azs",
      "provider": "provider[\"registry.terraform.io/hashicorp/aws\"]",
      "instances": [
        {
          "schema_version": 0,
          "attributes": {
            "all_availability_zones": null,
            "exclude_names": null,
            "exclude_zone_ids": null,
            "filter": [
              {
                "name": "opt-in-status",
                "values": [
                  "opt-in-not-required"
                ]
              }
            ],
            "group_names": [
              "us-east-2"
            ],
            "id": "us-east-2",
            "names": [
              "us-east-2a",
              "us-east-2b",
              "us-east-2c"
            ],
            "state": null,
            "timeouts": null,
            "zone_ids": [
              "use2-az1",
              "use2-az2",
              "use2-az3"
            ]
          },
          "sensitive_attributes": []
        }
      ]
    },
    {
      "module": "module.vpc",
      "mode": "managed",
      "type": "aws_eip",
      "name": "eip1",
      "provider": "provider[\"registry.terraform.io/hashicorp/aws\"]",
      "instances": [
        {
          "schema_version": 0,
          "attributes": {
            "address": null,
            "allocation_id": "eipalloc-099205c904f133047",
            "associate_with_private_ip": null,
            "association_id": "eipassoc-0e740787aa999372b",
            "carrier_ip": "",
            "customer_owned_ip": "",
            "customer_owned_ipv4_pool": "",
            "domain": "vpc",
            "id": "eipalloc-099205c904f133047",
            "instance": "",
            "network_border_group": "us-east-2",
            "network_interface": "eni-00d6317fe12524cf9",
            "private_dns": "ip-10-50-0-114.us-east-2.compute.internal",
            "private_ip": "10.50.0.114",
            "ptr_record": "",
            "public_dns": "ec2-3-22-226-213.us-east-2.compute.amazonaws.com",
            "public_ip": "3.22.226.213",
            "public_ipv4_pool": "amazon",
            "tags": {
              "Name": "kdt_Elastic-IP1"
            },
            "tags_all": {
              "Name": "kdt_Elastic-IP1"
            },
            "timeouts": null,
            "vpc": true
          },
          "sensitive_attributes": [],
          "private": "eyJlMmJmYjczMC1lY2FhLTExZTYtOGY4OC0zNDM2M2JjN2M0YzAiOnsiZGVsZXRlIjoxODAwMDAwMDAwMDAsInJlYWQiOjkwMDAwMDAwMDAwMCwidXBkYXRlIjozMDAwMDAwMDAwMDB9fQ==",
          "dependencies": [
            "module.vpc.aws_internet_gateway.igw",
            "module.vpc.aws_subnet.db_subnet1",
            "module.vpc.aws_subnet.db_subnet2",
            "module.vpc.aws_subnet.private_subnet1",
            "module.vpc.aws_subnet.private_subnet2",
            "module.vpc.aws_subnet.public_subnet1",
            "module.vpc.aws_subnet.public_subnet2",
            "module.vpc.aws_vpc.vpc",
            "module.vpc.data.aws_availability_zones.azs"
          ],
          "create_before_destroy": true
        }
      ]
    },
    {
      "module": "module.vpc",
      "mode": "managed",
      "type": "aws_eip",
      "name": "eip2",
      "provider": "provider[\"registry.terraform.io/hashicorp/aws\"]",
      "instances": [
        {
          "schema_version": 0,
          "attributes": {
            "address": null,
            "allocation_id": "eipalloc-0951d16de75f84d48",
            "associate_with_private_ip": null,
            "association_id": "eipassoc-03f779d649675cb78",
            "carrier_ip": "",
            "customer_owned_ip": "",
            "customer_owned_ipv4_pool": "",
            "domain": "vpc",
            "id": "eipalloc-0951d16de75f84d48",
            "instance": "",
            "network_border_group": "us-east-2",
            "network_interface": "eni-080a72d6ee94afcec",
            "private_dns": "ip-10-50-1-10.us-east-2.compute.internal",
            "private_ip": "10.50.1.10",
            "ptr_record": "",
            "public_dns": "ec2-3-14-125-185.us-east-2.compute.amazonaws.com",
            "public_ip": "3.14.125.185",
            "public_ipv4_pool": "amazon",
            "tags": {
              "Name": "kdt_Elastic-IP2"
            },
            "tags_all": {
              "Name": "kdt_Elastic-IP2"
            },
            "timeouts": null,
            "vpc": true
          },
          "sensitive_attributes": [],
          "private": "eyJlMmJmYjczMC1lY2FhLTExZTYtOGY4OC0zNDM2M2JjN2M0YzAiOnsiZGVsZXRlIjoxODAwMDAwMDAwMDAsInJlYWQiOjkwMDAwMDAwMDAwMCwidXBkYXRlIjozMDAwMDAwMDAwMDB9fQ==",
          "dependencies": [
            "module.vpc.aws_eip.eip1",
            "module.vpc.aws_internet_gateway.igw",
            "module.vpc.aws_subnet.db_subnet1",
            "module.vpc.aws_subnet.db_subnet2",
            "module.vpc.aws_subnet.private_subnet1",
            "module.vpc.aws_subnet.private_subnet2",
            "module.vpc.aws_subnet.public_subnet1",
            "module.vpc.aws_subnet.public_subnet2",
            "module.vpc.aws_vpc.vpc",
            "module.vpc.data.aws_availability_zones.azs"
          ],
          "create_before_destroy": true
        }
      ]
    },
    {
      "module": "module.vpc",
      "mode": "managed",
      "type": "aws_internet_gateway",
      "name": "igw",
      "provider": "provider[\"registry.terraform.io/hashicorp/aws\"]",
      "instances": [
        {
          "schema_version": 0,
          "attributes": {
            "arn": "arn:aws:ec2:us-east-2:891377163278:internet-gateway/igw-03073b3c779fa1dd1",
            "id": "igw-03073b3c779fa1dd1",
            "owner_id": "891377163278",
            "tags": {
              "Name": "kdt_Interet-Gateway"
            },
            "tags_all": {
              "Name": "kdt_Interet-Gateway"
            },
            "timeouts": null,
            "vpc_id": "vpc-0770e7c4579e1c841"
          },
          "sensitive_attributes": [],
          "private": "eyJlMmJmYjczMC1lY2FhLTExZTYtOGY4OC0zNDM2M2JjN2M0YzAiOnsiY3JlYXRlIjoxMjAwMDAwMDAwMDAwLCJkZWxldGUiOjEyMDAwMDAwMDAwMDAsInVwZGF0ZSI6MTIwMDAwMDAwMDAwMH19",
          "dependencies": [
            "module.vpc.aws_vpc.vpc"
          ],
          "create_before_destroy": true
        }
      ]
    },
    {
      "module": "module.vpc",
      "mode": "managed",
      "type": "aws_nat_gateway",
      "name": "ngw1",
      "provider": "provider[\"registry.terraform.io/hashicorp/aws\"]",
      "instances": [
        {
          "schema_version": 0,
          "attributes": {
            "allocation_id": "eipalloc-099205c904f133047",
            "association_id": "eipassoc-0e740787aa999372b",
            "connectivity_type": "public",
            "id": "nat-02d5205f2b9507cd7",
            "network_interface_id": "eni-00d6317fe12524cf9",
            "private_ip": "10.50.0.114",
            "public_ip": "3.22.226.213",
            "secondary_allocation_ids": [],
            "secondary_private_ip_address_count": 0,
            "secondary_private_ip_addresses": [],
            "subnet_id": "subnet-0699e587d5b330ea8",
            "tags": {
              "Name": "kdt_NAT1"
            },
            "tags_all": {
              "Name": "kdt_NAT1"
            },
            "timeouts": null
          },
          "sensitive_attributes": [],
          "private": "eyJlMmJmYjczMC1lY2FhLTExZTYtOGY4OC0zNDM2M2JjN2M0YzAiOnsiY3JlYXRlIjo2MDAwMDAwMDAwMDAsImRlbGV0ZSI6MTgwMDAwMDAwMDAwMCwidXBkYXRlIjo2MDAwMDAwMDAwMDB9fQ==",
          "dependencies": [
            "module.vpc.aws_eip.eip1",
            "module.vpc.aws_eip.eip2",
            "module.vpc.aws_internet_gateway.igw",
            "module.vpc.aws_subnet.db_subnet1",
            "module.vpc.aws_subnet.db_subnet2",
            "module.vpc.aws_subnet.private_subnet1",
            "module.vpc.aws_subnet.private_subnet2",
            "module.vpc.aws_subnet.public_subnet1",
            "module.vpc.aws_subnet.public_subnet2",
            "module.vpc.aws_vpc.vpc",
            "module.vpc.data.aws_availability_zones.azs"
          ],
          "create_before_destroy": true
        }
      ]
    },
    {
      "module": "module.vpc",
      "mode": "managed",
      "type": "aws_nat_gateway",
      "name": "ngw2",
      "provider": "provider[\"registry.terraform.io/hashicorp/aws\"]",
      "instances": [
        {
          "schema_version": 0,
          "attributes": {
            "allocation_id": "eipalloc-0951d16de75f84d48",
            "association_id": "eipassoc-03f779d649675cb78",
            "connectivity_type": "public",
            "id": "nat-0db690f9e184fdca3",
            "network_interface_id": "eni-080a72d6ee94afcec",
            "private_ip": "10.50.1.10",
            "public_ip": "3.14.125.185",
            "secondary_allocation_ids": [],
            "secondary_private_ip_address_count": 0,
            "secondary_private_ip_addresses": [],
            "subnet_id": "subnet-0471f9a85fbcbc2e9",
            "tags": {
              "Name": "kdt_NAT2"
            },
            "tags_all": {
              "Name": "kdt_NAT2"
            },
            "timeouts": null
          },
          "sensitive_attributes": [],
          "private": "eyJlMmJmYjczMC1lY2FhLTExZTYtOGY4OC0zNDM2M2JjN2M0YzAiOnsiY3JlYXRlIjo2MDAwMDAwMDAwMDAsImRlbGV0ZSI6MTgwMDAwMDAwMDAwMCwidXBkYXRlIjo2MDAwMDAwMDAwMDB9fQ==",
          "dependencies": [
            "module.vpc.aws_eip.eip1",
            "module.vpc.aws_eip.eip2",
            "module.vpc.aws_internet_gateway.igw",
            "module.vpc.aws_nat_gateway.ngw1",
            "module.vpc.aws_subnet.db_subnet1",
            "module.vpc.aws_subnet.db_subnet2",
            "module.vpc.aws_subnet.private_subnet1",
            "module.vpc.aws_subnet.private_subnet2",
            "module.vpc.aws_subnet.public_subnet1",
            "module.vpc.aws_subnet.public_subnet2",
            "module.vpc.aws_vpc.vpc",
            "module.vpc.data.aws_availability_zones.azs"
          ],
          "create_before_destroy": true
        }
      ]
    },
    {
      "module": "module.vpc",
      "mode": "managed",
      "type": "aws_route_table",
      "name": "db-rt1",
      "provider": "provider[\"registry.terraform.io/hashicorp/aws\"]",
      "instances": [
        {
          "schema_version": 0,
          "attributes": {
            "arn": "arn:aws:ec2:us-east-2:891377163278:route-table/rtb-078f7806a48731931",
            "id": "rtb-078f7806a48731931",
            "owner_id": "891377163278",
            "propagating_vgws": [],
            "route": [
              {
                "carrier_gateway_id": "",
                "cidr_block": "0.0.0.0/0",
                "core_network_arn": "",
                "destination_prefix_list_id": "",
                "egress_only_gateway_id": "",
                "gateway_id": "nat-0db690f9e184fdca3",
                "ipv6_cidr_block": "",
                "local_gateway_id": "",
                "nat_gateway_id": "",
                "network_interface_id": "",
                "transit_gateway_id": "",
                "vpc_endpoint_id": "",
                "vpc_peering_connection_id": ""
              }
            ],
            "tags": {
              "Name": "kdt_DB-Route-table1"
            },
            "tags_all": {
              "Name": "kdt_DB-Route-table1"
            },
            "timeouts": null,
            "vpc_id": "vpc-0770e7c4579e1c841"
          },
          "sensitive_attributes": [],
          "private": "eyJlMmJmYjczMC1lY2FhLTExZTYtOGY4OC0zNDM2M2JjN2M0YzAiOnsiY3JlYXRlIjozMDAwMDAwMDAwMDAsImRlbGV0ZSI6MzAwMDAwMDAwMDAwLCJ1cGRhdGUiOjEyMDAwMDAwMDAwMH19",
          "dependencies": [
            "module.vpc.aws_eip.eip1",
            "module.vpc.aws_eip.eip2",
            "module.vpc.aws_internet_gateway.igw",
            "module.vpc.aws_nat_gateway.ngw1",
            "module.vpc.aws_nat_gateway.ngw2",
            "module.vpc.aws_route_table.private-rt1",
            "module.vpc.aws_route_table.private-rt2",
            "module.vpc.aws_route_table.public-rt",
            "module.vpc.aws_route_table_association.private-rt-association1",
            "module.vpc.aws_route_table_association.private-rt-association2",
            "module.vpc.aws_route_table_association.public-rt-association2",
            "module.vpc.aws_subnet.db_subnet1",
            "module.vpc.aws_subnet.db_subnet2",
            "module.vpc.aws_subnet.private_subnet1",
            "module.vpc.aws_subnet.private_subnet2",
            "module.vpc.aws_subnet.public_subnet1",
            "module.vpc.aws_subnet.public_subnet2",
            "module.vpc.aws_vpc.vpc",
            "module.vpc.data.aws_availability_zones.azs"
          ]
        }
      ]
    },
    {
      "module": "module.vpc",
      "mode": "managed",
      "type": "aws_route_table",
      "name": "db-rt2",
      "provider": "provider[\"registry.terraform.io/hashicorp/aws\"]",
      "instances": [
        {
          "schema_version": 0,
          "attributes": {
            "arn": "arn:aws:ec2:us-east-2:891377163278:route-table/rtb-087dfcd65300f1156",
            "id": "rtb-087dfcd65300f1156",
            "owner_id": "891377163278",
            "propagating_vgws": [],
            "route": [
              {
                "carrier_gateway_id": "",
                "cidr_block": "0.0.0.0/0",
                "core_network_arn": "",
                "destination_prefix_list_id": "",
                "egress_only_gateway_id": "",
                "gateway_id": "nat-0db690f9e184fdca3",
                "ipv6_cidr_block": "",
                "local_gateway_id": "",
                "nat_gateway_id": "",
                "network_interface_id": "",
                "transit_gateway_id": "",
                "vpc_endpoint_id": "",
                "vpc_peering_connection_id": ""
              }
            ],
            "tags": {
              "Name": "kdt_DB-Route-table2"
            },
            "tags_all": {
              "Name": "kdt_DB-Route-table2"
            },
            "timeouts": null,
            "vpc_id": "vpc-0770e7c4579e1c841"
          },
          "sensitive_attributes": [],
          "private": "eyJlMmJmYjczMC1lY2FhLTExZTYtOGY4OC0zNDM2M2JjN2M0YzAiOnsiY3JlYXRlIjozMDAwMDAwMDAwMDAsImRlbGV0ZSI6MzAwMDAwMDAwMDAwLCJ1cGRhdGUiOjEyMDAwMDAwMDAwMH19",
          "dependencies": [
            "module.vpc.aws_eip.eip1",
            "module.vpc.aws_eip.eip2",
            "module.vpc.aws_internet_gateway.igw",
            "module.vpc.aws_nat_gateway.ngw1",
            "module.vpc.aws_nat_gateway.ngw2",
            "module.vpc.aws_route_table.private-rt1",
            "module.vpc.aws_route_table.public-rt",
            "module.vpc.aws_route_table_association.private-rt-association1",
            "module.vpc.aws_route_table_association.public-rt-association2",
            "module.vpc.aws_subnet.db_subnet1",
            "module.vpc.aws_subnet.db_subnet2",
            "module.vpc.aws_subnet.private_subnet1",
            "module.vpc.aws_subnet.private_subnet2",
            "module.vpc.aws_subnet.public_subnet1",
            "module.vpc.aws_subnet.public_subnet2",
            "module.vpc.aws_vpc.vpc",
            "module.vpc.data.aws_availability_zones.azs"
          ]
        }
      ]
    },
    {
      "module": "module.vpc",
      "mode": "managed",
      "type": "aws_route_table",
      "name": "private-rt1",
      "provider": "provider[\"registry.terraform.io/hashicorp/aws\"]",
      "instances": [
        {
          "schema_version": 0,
          "attributes": {
            "arn": "arn:aws:ec2:us-east-2:891377163278:route-table/rtb-0d5ab56cd3c481507",
            "id": "rtb-0d5ab56cd3c481507",
            "owner_id": "891377163278",
            "propagating_vgws": [],
            "route": [
              {
                "carrier_gateway_id": "",
                "cidr_block": "0.0.0.0/0",
                "core_network_arn": "",
                "destination_prefix_list_id": "",
                "egress_only_gateway_id": "",
                "gateway_id": "nat-02d5205f2b9507cd7",
                "ipv6_cidr_block": "",
                "local_gateway_id": "",
                "nat_gateway_id": "",
                "network_interface_id": "",
                "transit_gateway_id": "",
                "vpc_endpoint_id": "",
                "vpc_peering_connection_id": ""
              }
            ],
            "tags": {
              "Name": "kdt_Private-Route-table1"
            },
            "tags_all": {
              "Name": "kdt_Private-Route-table1"
            },
            "timeouts": null,
            "vpc_id": "vpc-0770e7c4579e1c841"
          },
          "sensitive_attributes": [],
          "private": "eyJlMmJmYjczMC1lY2FhLTExZTYtOGY4OC0zNDM2M2JjN2M0YzAiOnsiY3JlYXRlIjozMDAwMDAwMDAwMDAsImRlbGV0ZSI6MzAwMDAwMDAwMDAwLCJ1cGRhdGUiOjEyMDAwMDAwMDAwMH19",
          "dependencies": [
            "module.vpc.aws_eip.eip1",
            "module.vpc.aws_eip.eip2",
            "module.vpc.aws_internet_gateway.igw",
            "module.vpc.aws_nat_gateway.ngw1",
            "module.vpc.aws_nat_gateway.ngw2",
            "module.vpc.aws_route_table.public-rt",
            "module.vpc.aws_route_table_association.public-rt-association2",
            "module.vpc.aws_subnet.db_subnet1",
            "module.vpc.aws_subnet.db_subnet2",
            "module.vpc.aws_subnet.private_subnet1",
            "module.vpc.aws_subnet.private_subnet2",
            "module.vpc.aws_subnet.public_subnet1",
            "module.vpc.aws_subnet.public_subnet2",
            "module.vpc.aws_vpc.vpc",
            "module.vpc.data.aws_availability_zones.azs"
          ]
        }
      ]
    },
    {
      "module": "module.vpc",
      "mode": "managed",
      "type": "aws_route_table",
      "name": "private-rt2",
      "provider": "provider[\"registry.terraform.io/hashicorp/aws\"]",
      "instances": [
        {
          "schema_version": 0,
          "attributes": {
            "arn": "arn:aws:ec2:us-east-2:891377163278:route-table/rtb-085b516c2e2e7e099",
            "id": "rtb-085b516c2e2e7e099",
            "owner_id": "891377163278",
            "propagating_vgws": [],
            "route": [
              {
                "carrier_gateway_id": "",
                "cidr_block": "0.0.0.0/0",
                "core_network_arn": "",
                "destination_prefix_list_id": "",
                "egress_only_gateway_id": "",
                "gateway_id": "nat-0db690f9e184fdca3",
                "ipv6_cidr_block": "",
                "local_gateway_id": "",
                "nat_gateway_id": "",
                "network_interface_id": "",
                "transit_gateway_id": "",
                "vpc_endpoint_id": "",
                "vpc_peering_connection_id": ""
              }
            ],
            "tags": {
              "Name": "kdt_Private-Route-table2"
            },
            "tags_all": {
              "Name": "kdt_Private-Route-table2"
            },
            "timeouts": null,
            "vpc_id": "vpc-0770e7c4579e1c841"
          },
          "sensitive_attributes": [],
          "private": "eyJlMmJmYjczMC1lY2FhLTExZTYtOGY4OC0zNDM2M2JjN2M0YzAiOnsiY3JlYXRlIjozMDAwMDAwMDAwMDAsImRlbGV0ZSI6MzAwMDAwMDAwMDAwLCJ1cGRhdGUiOjEyMDAwMDAwMDAwMH19",
          "dependencies": [
            "module.vpc.aws_eip.eip1",
            "module.vpc.aws_eip.eip2",
            "module.vpc.aws_internet_gateway.igw",
            "module.vpc.aws_nat_gateway.ngw1",
            "module.vpc.aws_nat_gateway.ngw2",
            "module.vpc.aws_route_table.private-rt1",
            "module.vpc.aws_route_table.public-rt",
            "module.vpc.aws_route_table_association.private-rt-association1",
            "module.vpc.aws_route_table_association.public-rt-association2",
            "module.vpc.aws_subnet.db_subnet1",
            "module.vpc.aws_subnet.db_subnet2",
            "module.vpc.aws_subnet.private_subnet1",
            "module.vpc.aws_subnet.private_subnet2",
            "module.vpc.aws_subnet.public_subnet1",
            "module.vpc.aws_subnet.public_subnet2",
            "module.vpc.aws_vpc.vpc",
            "module.vpc.data.aws_availability_zones.azs"
          ]
        }
      ]
    },
    {
      "module": "module.vpc",
      "mode": "managed",
      "type": "aws_route_table",
      "name": "public-rt",
      "provider": "provider[\"registry.terraform.io/hashicorp/aws\"]",
      "instances": [
        {
          "schema_version": 0,
          "attributes": {
            "arn": "arn:aws:ec2:us-east-2:891377163278:route-table/rtb-08af2ae23000da5b2",
            "id": "rtb-08af2ae23000da5b2",
            "owner_id": "891377163278",
            "propagating_vgws": [],
            "route": [
              {
                "carrier_gateway_id": "",
                "cidr_block": "0.0.0.0/0",
                "core_network_arn": "",
                "destination_prefix_list_id": "",
                "egress_only_gateway_id": "",
                "gateway_id": "igw-03073b3c779fa1dd1",
                "ipv6_cidr_block": "",
                "local_gateway_id": "",
                "nat_gateway_id": "",
                "network_interface_id": "",
                "transit_gateway_id": "",
                "vpc_endpoint_id": "",
                "vpc_peering_connection_id": ""
              }
            ],
            "tags": {
              "Name": "kdt_Public-Route-table"
            },
            "tags_all": {
              "Name": "kdt_Public-Route-table"
            },
            "timeouts": null,
            "vpc_id": "vpc-0770e7c4579e1c841"
          },
          "sensitive_attributes": [],
          "private": "eyJlMmJmYjczMC1lY2FhLTExZTYtOGY4OC0zNDM2M2JjN2M0YzAiOnsiY3JlYXRlIjozMDAwMDAwMDAwMDAsImRlbGV0ZSI6MzAwMDAwMDAwMDAwLCJ1cGRhdGUiOjEyMDAwMDAwMDAwMH19",
          "dependencies": [
            "module.vpc.aws_eip.eip1",
            "module.vpc.aws_eip.eip2",
            "module.vpc.aws_internet_gateway.igw",
            "module.vpc.aws_nat_gateway.ngw1",
            "module.vpc.aws_nat_gateway.ngw2",
            "module.vpc.aws_subnet.db_subnet1",
            "module.vpc.aws_subnet.db_subnet2",
            "module.vpc.aws_subnet.private_subnet1",
            "module.vpc.aws_subnet.private_subnet2",
            "module.vpc.aws_subnet.public_subnet1",
            "module.vpc.aws_subnet.public_subnet2",
            "module.vpc.aws_vpc.vpc",
            "module.vpc.data.aws_availability_zones.azs"
          ],
          "create_before_destroy": true
        }
      ]
    },
    {
      "module": "module.vpc",
      "mode": "managed",
      "type": "aws_route_table_association",
      "name": "db-rt-association1",
      "provider": "provider[\"registry.terraform.io/hashicorp/aws\"]",
      "instances": [
        {
          "schema_version": 0,
          "attributes": {
            "gateway_id": "",
            "id": "rtbassoc-0923ce14d35660c0e",
            "route_table_id": "rtb-078f7806a48731931",
            "subnet_id": "subnet-0eadf0ae3e1cd1eeb",
            "timeouts": null
          },
          "sensitive_attributes": [],
          "private": "eyJlMmJmYjczMC1lY2FhLTExZTYtOGY4OC0zNDM2M2JjN2M0YzAiOnsiY3JlYXRlIjozMDAwMDAwMDAwMDAsImRlbGV0ZSI6MzAwMDAwMDAwMDAwLCJ1cGRhdGUiOjEyMDAwMDAwMDAwMH19",
          "dependencies": [
            "module.vpc.aws_eip.eip1",
            "module.vpc.aws_eip.eip2",
            "module.vpc.aws_internet_gateway.igw",
            "module.vpc.aws_nat_gateway.ngw1",
            "module.vpc.aws_nat_gateway.ngw2",
            "module.vpc.aws_route_table.db-rt1",
            "module.vpc.aws_route_table.private-rt1",
            "module.vpc.aws_route_table.private-rt2",
            "module.vpc.aws_route_table.public-rt",
            "module.vpc.aws_route_table_association.private-rt-association1",
            "module.vpc.aws_route_table_association.private-rt-association2",
            "module.vpc.aws_route_table_association.public-rt-association2",
            "module.vpc.aws_subnet.db_subnet1",
            "module.vpc.aws_subnet.db_subnet2",
            "module.vpc.aws_subnet.private_subnet1",
            "module.vpc.aws_subnet.private_subnet2",
            "module.vpc.aws_subnet.public_subnet1",
            "module.vpc.aws_subnet.public_subnet2",
            "module.vpc.aws_vpc.vpc",
            "module.vpc.data.aws_availability_zones.azs"
          ],
          "create_before_destroy": true
        }
      ]
    },
    {
      "module": "module.vpc",
      "mode": "managed",
      "type": "aws_route_table_association",
      "name": "db-rt-association2",
      "provider": "provider[\"registry.terraform.io/hashicorp/aws\"]",
      "instances": [
        {
          "schema_version": 0,
          "attributes": {
            "gateway_id": "",
            "id": "rtbassoc-088521323e4a1d725",
            "route_table_id": "rtb-087dfcd65300f1156",
            "subnet_id": "subnet-006f61b5ef1ae5fe4",
            "timeouts": null
          },
          "sensitive_attributes": [],
          "private": "eyJlMmJmYjczMC1lY2FhLTExZTYtOGY4OC0zNDM2M2JjN2M0YzAiOnsiY3JlYXRlIjozMDAwMDAwMDAwMDAsImRlbGV0ZSI6MzAwMDAwMDAwMDAwLCJ1cGRhdGUiOjEyMDAwMDAwMDAwMH19",
          "dependencies": [
            "module.vpc.aws_eip.eip1",
            "module.vpc.aws_eip.eip2",
            "module.vpc.aws_internet_gateway.igw",
            "module.vpc.aws_nat_gateway.ngw1",
            "module.vpc.aws_nat_gateway.ngw2",
            "module.vpc.aws_route_table.db-rt2",
            "module.vpc.aws_route_table.private-rt1",
            "module.vpc.aws_route_table.public-rt",
            "module.vpc.aws_route_table_association.private-rt-association1",
            "module.vpc.aws_route_table_association.public-rt-association2",
            "module.vpc.aws_subnet.db_subnet1",
            "module.vpc.aws_subnet.db_subnet2",
            "module.vpc.aws_subnet.private_subnet1",
            "module.vpc.aws_subnet.private_subnet2",
            "module.vpc.aws_subnet.public_subnet1",
            "module.vpc.aws_subnet.public_subnet2",
            "module.vpc.aws_vpc.vpc",
            "module.vpc.data.aws_availability_zones.azs"
          ],
          "create_before_destroy": true
        }
      ]
    },
    {
      "module": "module.vpc",
      "mode": "managed",
      "type": "aws_route_table_association",
      "name": "private-rt-association1",
      "provider": "provider[\"registry.terraform.io/hashicorp/aws\"]",
      "instances": [
        {
          "schema_version": 0,
          "attributes": {
            "gateway_id": "",
            "id": "rtbassoc-0a2a2bef888faea37",
            "route_table_id": "rtb-0d5ab56cd3c481507",
            "subnet_id": "subnet-014e3ba156c419276",
            "timeouts": null
          },
          "sensitive_attributes": [],
          "private": "eyJlMmJmYjczMC1lY2FhLTExZTYtOGY4OC0zNDM2M2JjN2M0YzAiOnsiY3JlYXRlIjozMDAwMDAwMDAwMDAsImRlbGV0ZSI6MzAwMDAwMDAwMDAwLCJ1cGRhdGUiOjEyMDAwMDAwMDAwMH19",
          "dependencies": [
            "module.vpc.aws_eip.eip1",
            "module.vpc.aws_eip.eip2",
            "module.vpc.aws_internet_gateway.igw",
            "module.vpc.aws_nat_gateway.ngw1",
            "module.vpc.aws_nat_gateway.ngw2",
            "module.vpc.aws_route_table.private-rt1",
            "module.vpc.aws_route_table.public-rt",
            "module.vpc.aws_route_table_association.public-rt-association2",
            "module.vpc.aws_subnet.db_subnet1",
            "module.vpc.aws_subnet.db_subnet2",
            "module.vpc.aws_subnet.private_subnet1",
            "module.vpc.aws_subnet.private_subnet2",
            "module.vpc.aws_subnet.public_subnet1",
            "module.vpc.aws_subnet.public_subnet2",
            "module.vpc.aws_vpc.vpc",
            "module.vpc.data.aws_availability_zones.azs"
          ],
          "create_before_destroy": true
        }
      ]
    },
    {
      "module": "module.vpc",
      "mode": "managed",
      "type": "aws_route_table_association",
      "name": "private-rt-association2",
      "provider": "provider[\"registry.terraform.io/hashicorp/aws\"]",
      "instances": [
        {
          "schema_version": 0,
          "attributes": {
            "gateway_id": "",
            "id": "rtbassoc-06edf4ab3e520d628",
            "route_table_id": "rtb-085b516c2e2e7e099",
            "subnet_id": "subnet-0063477f678e724f1",
            "timeouts": null
          },
          "sensitive_attributes": [],
          "private": "eyJlMmJmYjczMC1lY2FhLTExZTYtOGY4OC0zNDM2M2JjN2M0YzAiOnsiY3JlYXRlIjozMDAwMDAwMDAwMDAsImRlbGV0ZSI6MzAwMDAwMDAwMDAwLCJ1cGRhdGUiOjEyMDAwMDAwMDAwMH19",
          "dependencies": [
            "module.vpc.aws_eip.eip1",
            "module.vpc.aws_eip.eip2",
            "module.vpc.aws_internet_gateway.igw",
            "module.vpc.aws_nat_gateway.ngw1",
            "module.vpc.aws_nat_gateway.ngw2",
            "module.vpc.aws_route_table.private-rt1",
            "module.vpc.aws_route_table.private-rt2",
            "module.vpc.aws_route_table.public-rt",
            "module.vpc.aws_route_table_association.private-rt-association1",
            "module.vpc.aws_route_table_association.public-rt-association2",
            "module.vpc.aws_subnet.db_subnet1",
            "module.vpc.aws_subnet.db_subnet2",
            "module.vpc.aws_subnet.private_subnet1",
            "module.vpc.aws_subnet.private_subnet2",
            "module.vpc.aws_subnet.public_subnet1",
            "module.vpc.aws_subnet.public_subnet2",
            "module.vpc.aws_vpc.vpc",
            "module.vpc.data.aws_availability_zones.azs"
          ],
          "create_before_destroy": true
        }
      ]
    },
    {
      "module": "module.vpc",
      "mode": "managed",
      "type": "aws_route_table_association",
      "name": "public-rt-association1",
      "provider": "provider[\"registry.terraform.io/hashicorp/aws\"]",
      "instances": [
        {
          "schema_version": 0,
          "attributes": {
            "gateway_id": "",
            "id": "rtbassoc-0c5894d8ffe453659",
            "route_table_id": "rtb-08af2ae23000da5b2",
            "subnet_id": "subnet-0699e587d5b330ea8",
            "timeouts": null
          },
          "sensitive_attributes": [],
          "private": "eyJlMmJmYjczMC1lY2FhLTExZTYtOGY4OC0zNDM2M2JjN2M0YzAiOnsiY3JlYXRlIjozMDAwMDAwMDAwMDAsImRlbGV0ZSI6MzAwMDAwMDAwMDAwLCJ1cGRhdGUiOjEyMDAwMDAwMDAwMH19",
          "dependencies": [
            "module.vpc.aws_eip.eip1",
            "module.vpc.aws_eip.eip2",
            "module.vpc.aws_internet_gateway.igw",
            "module.vpc.aws_nat_gateway.ngw1",
            "module.vpc.aws_nat_gateway.ngw2",
            "module.vpc.aws_route_table.public-rt",
            "module.vpc.aws_subnet.db_subnet1",
            "module.vpc.aws_subnet.db_subnet2",
            "module.vpc.aws_subnet.private_subnet1",
            "module.vpc.aws_subnet.private_subnet2",
            "module.vpc.aws_subnet.public_subnet1",
            "module.vpc.aws_subnet.public_subnet2",
            "module.vpc.aws_vpc.vpc",
            "module.vpc.data.aws_availability_zones.azs"
          ],
          "create_before_destroy": true
        }
      ]
    },
    {
      "module": "module.vpc",
      "mode": "managed",
      "type": "aws_route_table_association",
      "name": "public-rt-association2",
      "provider": "provider[\"registry.terraform.io/hashicorp/aws\"]",
      "instances": [
        {
          "schema_version": 0,
          "attributes": {
            "gateway_id": "",
            "id": "rtbassoc-0d4b5fd2ceff16c02",
            "route_table_id": "rtb-08af2ae23000da5b2",
            "subnet_id": "subnet-0471f9a85fbcbc2e9",
            "timeouts": null
          },
          "sensitive_attributes": [],
          "private": "eyJlMmJmYjczMC1lY2FhLTExZTYtOGY4OC0zNDM2M2JjN2M0YzAiOnsiY3JlYXRlIjozMDAwMDAwMDAwMDAsImRlbGV0ZSI6MzAwMDAwMDAwMDAwLCJ1cGRhdGUiOjEyMDAwMDAwMDAwMH19",
          "dependencies": [
            "module.vpc.aws_eip.eip1",
            "module.vpc.aws_eip.eip2",
            "module.vpc.aws_internet_gateway.igw",
            "module.vpc.aws_nat_gateway.ngw1",
            "module.vpc.aws_nat_gateway.ngw2",
            "module.vpc.aws_route_table.public-rt",
            "module.vpc.aws_subnet.db_subnet1",
            "module.vpc.aws_subnet.db_subnet2",
            "module.vpc.aws_subnet.private_subnet1",
            "module.vpc.aws_subnet.private_subnet2",
            "module.vpc.aws_subnet.public_subnet1",
            "module.vpc.aws_subnet.public_subnet2",
            "module.vpc.aws_vpc.vpc",
            "module.vpc.data.aws_availability_zones.azs"
          ],
          "create_before_destroy": true
        }
      ]
    },
    {
      "module": "module.vpc",
      "mode": "managed",
      "type": "aws_subnet",
      "name": "db_subnet1",
      "provider": "provider[\"registry.terraform.io/hashicorp/aws\"]",
      "instances": [
        {
          "schema_version": 1,
          "attributes": {
            "arn": "arn:aws:ec2:us-east-2:891377163278:subnet/subnet-0eadf0ae3e1cd1eeb",
            "assign_ipv6_address_on_creation": false,
            "availability_zone": "us-east-2a",
            "availability_zone_id": "use2-az1",
            "cidr_block": "10.50.20.0/24",
            "customer_owned_ipv4_pool": "",
            "enable_dns64": false,
            "enable_lni_at_device_index": 0,
            "enable_resource_name_dns_a_record_on_launch": false,
            "enable_resource_name_dns_aaaa_record_on_launch": false,
            "id": "subnet-0eadf0ae3e1cd1eeb",
            "ipv6_cidr_block": "",
            "ipv6_cidr_block_association_id": "",
            "ipv6_native": false,
            "map_customer_owned_ip_on_launch": false,
            "map_public_ip_on_launch": false,
            "outpost_arn": "",
            "owner_id": "891377163278",
            "private_dns_hostname_type_on_launch": "ip-name",
            "tags": {
              "Name": "kdt_db_subnet1"
            },
            "tags_all": {
              "Name": "kdt_db_subnet1"
            },
            "timeouts": null,
            "vpc_id": "vpc-0770e7c4579e1c841"
          },
          "sensitive_attributes": [],
          "private": "eyJlMmJmYjczMC1lY2FhLTExZTYtOGY4OC0zNDM2M2JjN2M0YzAiOnsiY3JlYXRlIjo2MDAwMDAwMDAwMDAsImRlbGV0ZSI6MTIwMDAwMDAwMDAwMH0sInNjaGVtYV92ZXJzaW9uIjoiMSJ9",
          "dependencies": [
            "module.vpc.aws_internet_gateway.igw",
            "module.vpc.aws_subnet.private_subnet1",
            "module.vpc.aws_subnet.private_subnet2",
            "module.vpc.aws_subnet.public_subnet1",
            "module.vpc.aws_subnet.public_subnet2",
            "module.vpc.aws_vpc.vpc",
            "module.vpc.data.aws_availability_zones.azs"
          ],
          "create_before_destroy": true
        }
      ]
    },
    {
      "module": "module.vpc",
      "mode": "managed",
      "type": "aws_subnet",
      "name": "db_subnet2",
      "provider": "provider[\"registry.terraform.io/hashicorp/aws\"]",
      "instances": [
        {
          "schema_version": 1,
          "attributes": {
            "arn": "arn:aws:ec2:us-east-2:891377163278:subnet/subnet-006f61b5ef1ae5fe4",
            "assign_ipv6_address_on_creation": false,
            "availability_zone": "us-east-2b",
            "availability_zone_id": "use2-az2",
            "cidr_block": "10.50.21.0/24",
            "customer_owned_ipv4_pool": "",
            "enable_dns64": false,
            "enable_lni_at_device_index": 0,
            "enable_resource_name_dns_a_record_on_launch": false,
            "enable_resource_name_dns_aaaa_record_on_launch": false,
            "id": "subnet-006f61b5ef1ae5fe4",
            "ipv6_cidr_block": "",
            "ipv6_cidr_block_association_id": "",
            "ipv6_native": false,
            "map_customer_owned_ip_on_launch": false,
            "map_public_ip_on_launch": false,
            "outpost_arn": "",
            "owner_id": "891377163278",
            "private_dns_hostname_type_on_launch": "ip-name",
            "tags": {
              "Name": "kdt_db_subnet2"
            },
            "tags_all": {
              "Name": "kdt_db_subnet2"
            },
            "timeouts": null,
            "vpc_id": "vpc-0770e7c4579e1c841"
          },
          "sensitive_attributes": [],
          "private": "eyJlMmJmYjczMC1lY2FhLTExZTYtOGY4OC0zNDM2M2JjN2M0YzAiOnsiY3JlYXRlIjo2MDAwMDAwMDAwMDAsImRlbGV0ZSI6MTIwMDAwMDAwMDAwMH0sInNjaGVtYV92ZXJzaW9uIjoiMSJ9",
          "dependencies": [
            "module.vpc.aws_internet_gateway.igw",
            "module.vpc.aws_subnet.db_subnet1",
            "module.vpc.aws_subnet.private_subnet1",
            "module.vpc.aws_subnet.private_subnet2",
            "module.vpc.aws_subnet.public_subnet1",
            "module.vpc.aws_subnet.public_subnet2",
            "module.vpc.aws_vpc.vpc",
            "module.vpc.data.aws_availability_zones.azs"
          ],
          "create_before_destroy": true
        }
      ]
    },
    {
      "module": "module.vpc",
      "mode": "managed",
      "type": "aws_subnet",
      "name": "private_subnet1",
      "provider": "provider[\"registry.terraform.io/hashicorp/aws\"]",
      "instances": [
        {
          "schema_version": 1,
          "attributes": {
            "arn": "arn:aws:ec2:us-east-2:891377163278:subnet/subnet-014e3ba156c419276",
            "assign_ipv6_address_on_creation": false,
            "availability_zone": "us-east-2a",
            "availability_zone_id": "use2-az1",
            "cidr_block": "10.50.4.0/22",
            "customer_owned_ipv4_pool": "",
            "enable_dns64": false,
            "enable_lni_at_device_index": 0,
            "enable_resource_name_dns_a_record_on_launch": false,
            "enable_resource_name_dns_aaaa_record_on_launch": false,
            "id": "subnet-014e3ba156c419276",
            "ipv6_cidr_block": "",
            "ipv6_cidr_block_association_id": "",
            "ipv6_native": false,
            "map_customer_owned_ip_on_launch": false,
            "map_public_ip_on_launch": false,
            "outpost_arn": "",
            "owner_id": "891377163278",
            "private_dns_hostname_type_on_launch": "ip-name",
            "tags": {
              "Name": "kdt_private_subnet1"
            },
            "tags_all": {
              "Name": "kdt_private_subnet1"
            },
            "timeouts": null,
            "vpc_id": "vpc-0770e7c4579e1c841"
          },
          "sensitive_attributes": [],
          "private": "eyJlMmJmYjczMC1lY2FhLTExZTYtOGY4OC0zNDM2M2JjN2M0YzAiOnsiY3JlYXRlIjo2MDAwMDAwMDAwMDAsImRlbGV0ZSI6MTIwMDAwMDAwMDAwMH0sInNjaGVtYV92ZXJzaW9uIjoiMSJ9",
          "dependencies": [
            "module.vpc.aws_internet_gateway.igw",
            "module.vpc.aws_subnet.public_subnet1",
            "module.vpc.aws_subnet.public_subnet2",
            "module.vpc.aws_vpc.vpc",
            "module.vpc.data.aws_availability_zones.azs"
          ],
          "create_before_destroy": true
        }
      ]
    },
    {
      "module": "module.vpc",
      "mode": "managed",
      "type": "aws_subnet",
      "name": "private_subnet2",
      "provider": "provider[\"registry.terraform.io/hashicorp/aws\"]",
      "instances": [
        {
          "schema_version": 1,
          "attributes": {
            "arn": "arn:aws:ec2:us-east-2:891377163278:subnet/subnet-0063477f678e724f1",
            "assign_ipv6_address_on_creation": false,
            "availability_zone": "us-east-2b",
            "availability_zone_id": "use2-az2",
            "cidr_block": "10.50.8.0/22",
            "customer_owned_ipv4_pool": "",
            "enable_dns64": false,
            "enable_lni_at_device_index": 0,
            "enable_resource_name_dns_a_record_on_launch": false,
            "enable_resource_name_dns_aaaa_record_on_launch": false,
            "id": "subnet-0063477f678e724f1",
            "ipv6_cidr_block": "",
            "ipv6_cidr_block_association_id": "",
            "ipv6_native": false,
            "map_customer_owned_ip_on_launch": false,
            "map_public_ip_on_launch": false,
            "outpost_arn": "",
            "owner_id": "891377163278",
            "private_dns_hostname_type_on_launch": "ip-name",
            "tags": {
              "Name": "kdt_private_subnet2"
            },
            "tags_all": {
              "Name": "kdt_private_subnet2"
            },
            "timeouts": null,
            "vpc_id": "vpc-0770e7c4579e1c841"
          },
          "sensitive_attributes": [],
          "private": "eyJlMmJmYjczMC1lY2FhLTExZTYtOGY4OC0zNDM2M2JjN2M0YzAiOnsiY3JlYXRlIjo2MDAwMDAwMDAwMDAsImRlbGV0ZSI6MTIwMDAwMDAwMDAwMH0sInNjaGVtYV92ZXJzaW9uIjoiMSJ9",
          "dependencies": [
            "module.vpc.aws_internet_gateway.igw",
            "module.vpc.aws_subnet.private_subnet1",
            "module.vpc.aws_subnet.public_subnet1",
            "module.vpc.aws_subnet.public_subnet2",
            "module.vpc.aws_vpc.vpc",
            "module.vpc.data.aws_availability_zones.azs"
          ],
          "create_before_destroy": true
        }
      ]
    },
    {
      "module": "module.vpc",
      "mode": "managed",
      "type": "aws_subnet",
      "name": "public_subnet1",
      "provider": "provider[\"registry.terraform.io/hashicorp/aws\"]",
      "instances": [
        {
          "schema_version": 1,
          "attributes": {
            "arn": "arn:aws:ec2:us-east-2:891377163278:subnet/subnet-0699e587d5b330ea8",
            "assign_ipv6_address_on_creation": false,
            "availability_zone": "us-east-2a",
            "availability_zone_id": "use2-az1",
            "cidr_block": "10.50.0.0/24",
            "customer_owned_ipv4_pool": "",
            "enable_dns64": false,
            "enable_lni_at_device_index": 0,
            "enable_resource_name_dns_a_record_on_launch": false,
            "enable_resource_name_dns_aaaa_record_on_launch": false,
            "id": "subnet-0699e587d5b330ea8",
            "ipv6_cidr_block": "",
            "ipv6_cidr_block_association_id": "",
            "ipv6_native": false,
            "map_customer_owned_ip_on_launch": false,
            "map_public_ip_on_launch": true,
            "outpost_arn": "",
            "owner_id": "891377163278",
            "private_dns_hostname_type_on_launch": "ip-name",
            "tags": {
              "Name": "kdt_public_subnet1"
            },
            "tags_all": {
              "Name": "kdt_public_subnet1"
            },
            "timeouts": null,
            "vpc_id": "vpc-0770e7c4579e1c841"
          },
          "sensitive_attributes": [],
          "private": "eyJlMmJmYjczMC1lY2FhLTExZTYtOGY4OC0zNDM2M2JjN2M0YzAiOnsiY3JlYXRlIjo2MDAwMDAwMDAwMDAsImRlbGV0ZSI6MTIwMDAwMDAwMDAwMH0sInNjaGVtYV92ZXJzaW9uIjoiMSJ9",
          "dependencies": [
            "module.vpc.aws_internet_gateway.igw",
            "module.vpc.aws_vpc.vpc",
            "module.vpc.data.aws_availability_zones.azs"
          ],
          "create_before_destroy": true
        }
      ]
    },
    {
      "module": "module.vpc",
      "mode": "managed",
      "type": "aws_subnet",
      "name": "public_subnet2",
      "provider": "provider[\"registry.terraform.io/hashicorp/aws\"]",
      "instances": [
        {
          "schema_version": 1,
          "attributes": {
            "arn": "arn:aws:ec2:us-east-2:891377163278:subnet/subnet-0471f9a85fbcbc2e9",
            "assign_ipv6_address_on_creation": false,
            "availability_zone": "us-east-2b",
            "availability_zone_id": "use2-az2",
            "cidr_block": "10.50.1.0/24",
            "customer_owned_ipv4_pool": "",
            "enable_dns64": false,
            "enable_lni_at_device_index": 0,
            "enable_resource_name_dns_a_record_on_launch": false,
            "enable_resource_name_dns_aaaa_record_on_launch": false,
            "id": "subnet-0471f9a85fbcbc2e9",
            "ipv6_cidr_block": "",
            "ipv6_cidr_block_association_id": "",
            "ipv6_native": false,
            "map_customer_owned_ip_on_launch": false,
            "map_public_ip_on_launch": true,
            "outpost_arn": "",
            "owner_id": "891377163278",
            "private_dns_hostname_type_on_launch": "ip-name",
            "tags": {
              "Name": "kdt_public_subnet2"
            },
            "tags_all": {
              "Name": "kdt_public_subnet2"
            },
            "timeouts": null,
            "vpc_id": "vpc-0770e7c4579e1c841"
          },
          "sensitive_attributes": [],
          "private": "eyJlMmJmYjczMC1lY2FhLTExZTYtOGY4OC0zNDM2M2JjN2M0YzAiOnsiY3JlYXRlIjo2MDAwMDAwMDAwMDAsImRlbGV0ZSI6MTIwMDAwMDAwMDAwMH0sInNjaGVtYV92ZXJzaW9uIjoiMSJ9",
          "dependencies": [
            "module.vpc.aws_internet_gateway.igw",
            "module.vpc.aws_subnet.public_subnet1",
            "module.vpc.aws_vpc.vpc",
            "module.vpc.data.aws_availability_zones.azs"
          ],
          "create_before_destroy": true
        }
      ]
    },
    {
      "module": "module.vpc",
      "mode": "managed",
      "type": "aws_vpc",
      "name": "vpc",
      "provider": "provider[\"registry.terraform.io/hashicorp/aws\"]",
      "instances": [
        {
          "schema_version": 1,
          "attributes": {
            "arn": "arn:aws:ec2:us-east-2:891377163278:vpc/vpc-0770e7c4579e1c841",
            "assign_generated_ipv6_cidr_block": false,
            "cidr_block": "10.50.0.0/16",
            "default_network_acl_id": "acl-07ee0d8815453fbf9",
            "default_route_table_id": "rtb-01ac4a544b6253a28",
            "default_security_group_id": "sg-0d835973c9765ede9",
            "dhcp_options_id": "dopt-0cab42d5410535950",
            "enable_dns_hostnames": true,
            "enable_dns_support": true,
            "enable_network_address_usage_metrics": false,
            "id": "vpc-0770e7c4579e1c841",
            "instance_tenancy": "default",
            "ipv4_ipam_pool_id": null,
            "ipv4_netmask_length": null,
            "ipv6_association_id": "",
            "ipv6_cidr_block": "",
            "ipv6_cidr_block_network_border_group": "",
            "ipv6_ipam_pool_id": "",
            "ipv6_netmask_length": 0,
            "main_route_table_id": "rtb-01ac4a544b6253a28",
            "owner_id": "891377163278",
            "tags": {
              "Name": "kdt_VPC"
            },
            "tags_all": {
              "Name": "kdt_VPC"
            }
          },
          "sensitive_attributes": [],
          "private": "eyJzY2hlbWFfdmVyc2lvbiI6IjEifQ==",
          "create_before_destroy": true
        }
      ]
    },
    {
      "module": "module.vpc",
      "mode": "managed",
      "type": "aws_vpc_endpoint",
      "name": "s3_gateway",
      "provider": "provider[\"registry.terraform.io/hashicorp/aws\"]",
      "instances": [
        {
          "schema_version": 0,
          "attributes": {
            "arn": "arn:aws:ec2:us-east-2:891377163278:vpc-endpoint/vpce-0b40a18c58f6b693b",
            "auto_accept": null,
            "cidr_blocks": [
              "18.34.252.0/22",
              "52.219.141.0/24",
              "18.34.72.0/21",
              "52.219.96.0/20",
              "52.219.224.0/21",
              "16.12.60.0/22",
              "52.219.232.0/22",
              "52.219.80.0/20",
              "3.5.128.0/22",
              "52.219.142.0/23",
              "3.5.132.0/23",
              "16.12.64.0/22",
              "52.219.212.0/22",
              "52.219.176.0/22"
            ],
            "dns_entry": [],
            "dns_options": [],
            "id": "vpce-0b40a18c58f6b693b",
            "ip_address_type": "",
            "network_interface_ids": [],
            "owner_id": "891377163278",
            "policy": "{\"Statement\":[{\"Action\":\"*\",\"Effect\":\"Allow\",\"Principal\":\"*\",\"Resource\":\"*\"}],\"Version\":\"2008-10-17\"}",
            "prefix_list_id": "pl-7ba54012",
            "private_dns_enabled": false,
            "requester_managed": false,
            "route_table_ids": [
              "rtb-078f7806a48731931",
              "rtb-085b516c2e2e7e099",
              "rtb-087dfcd65300f1156",
              "rtb-0d5ab56cd3c481507"
            ],
            "security_group_ids": [],
            "service_name": "com.amazonaws.us-east-2.s3",
            "state": "available",
            "subnet_ids": [],
            "tags": {},
            "tags_all": {},
            "timeouts": null,
            "vpc_endpoint_type": "Gateway",
            "vpc_id": "vpc-0770e7c4579e1c841"
          },
          "sensitive_attributes": [],
          "private": "eyJlMmJmYjczMC1lY2FhLTExZTYtOGY4OC0zNDM2M2JjN2M0YzAiOnsiY3JlYXRlIjo2MDAwMDAwMDAwMDAsImRlbGV0ZSI6NjAwMDAwMDAwMDAwLCJ1cGRhdGUiOjYwMDAwMDAwMDAwMH19",
          "dependencies": [
            "module.vpc.aws_eip.eip1",
            "module.vpc.aws_eip.eip2",
            "module.vpc.aws_internet_gateway.igw",
            "module.vpc.aws_nat_gateway.ngw1",
            "module.vpc.aws_nat_gateway.ngw2",
            "module.vpc.aws_route_table.db-rt1",
            "module.vpc.aws_route_table.db-rt2",
            "module.vpc.aws_route_table.private-rt1",
            "module.vpc.aws_route_table.private-rt2",
            "module.vpc.aws_route_table.public-rt",
            "module.vpc.aws_route_table_association.private-rt-association1",
            "module.vpc.aws_route_table_association.private-rt-association2",
            "module.vpc.aws_route_table_association.public-rt-association2",
            "module.vpc.aws_subnet.db_subnet1",
            "module.vpc.aws_subnet.db_subnet2",
            "module.vpc.aws_subnet.private_subnet1",
            "module.vpc.aws_subnet.private_subnet2",
            "module.vpc.aws_subnet.public_subnet1",
            "module.vpc.aws_subnet.public_subnet2",
            "module.vpc.aws_vpc.vpc",
            "module.vpc.data.aws_availability_zones.azs"
          ],
          "create_before_destroy": true
        }
      ]
    }
  ],
  "check_results": null
}
