{
  "version": 4,
  "terraform_version": "1.8.0",
  "serial": 3292,
  "lineage": "4973d4c3-5142-03bc-1083-9a38770bd610",
  "outputs": {},
  "resources": [
    {
      "module": "module.rds",
      "mode": "data",
      "type": "aws_security_group",
      "name": "db-sg",
      "provider": "provider[\"registry.terraform.io/hashicorp/aws\"]",
      "instances": [
        {
          "schema_version": 0,
          "attributes": {
            "arn": "arn:aws:ec2:us-east-2:891377163278:security-group/sg-0b5060e51d8f0e138",
            "description": "Protocol Type MySQL/Aurora",
            "filter": [
              {
                "name": "group-id",
                "values": [
                  "sg-0b5060e51d8f0e138"
                ]
              },
              {
                "name": "tag:Name",
                "values": [
                  "kdt-db-sg"
                ]
              }
            ],
            "id": "sg-0b5060e51d8f0e138",
            "name": "terraform-20240503054819580100000004",
            "tags": {
              "Name": "kdt-db-sg"
            },
            "timeouts": null,
            "vpc_id": "vpc-024c1e2f17945a9cd"
          },
          "sensitive_attributes": []
        }
      ]
    },
    {
      "module": "module.rds",
      "mode": "data",
      "type": "aws_ssm_parameter",
      "name": "db_id",
      "provider": "provider[\"registry.terraform.io/hashicorp/aws\"]",
      "instances": [
        {
          "schema_version": 0,
          "attributes": {
            "arn": "arn:aws:ssm:us-east-2:891377163278:parameter/config/account/admin/ID",
            "id": "/config/account/admin/ID",
            "insecure_value": "DifficultyID",
            "name": "/config/account/admin/ID",
            "type": "String",
            "value": "DifficultyID",
            "version": 1,
            "with_decryption": true
          },
          "sensitive_attributes": [
            [
              {
                "type": "get_attr",
                "value": "value"
              }
            ]
          ]
        }
      ]
    },
    {
      "module": "module.rds",
      "mode": "data",
      "type": "aws_ssm_parameter",
      "name": "db_pw",
      "provider": "provider[\"registry.terraform.io/hashicorp/aws\"]",
      "instances": [
        {
          "schema_version": 0,
          "attributes": {
            "arn": "arn:aws:ssm:us-east-2:891377163278:parameter/config/account/admin/PW",
            "id": "/config/account/admin/PW",
            "insecure_value": "admin1q2w3e4r",
            "name": "/config/account/admin/PW",
            "type": "String",
            "value": "admin1q2w3e4r",
            "version": 1,
            "with_decryption": true
          },
          "sensitive_attributes": [
            [
              {
                "type": "get_attr",
                "value": "value"
              }
            ]
          ]
        }
      ]
    },
    {
      "module": "module.rds",
      "mode": "data",
      "type": "aws_subnet",
      "name": "db-subnet1",
      "provider": "provider[\"registry.terraform.io/hashicorp/aws\"]",
      "instances": [
        {
          "schema_version": 0,
          "attributes": {
            "arn": "arn:aws:ec2:us-east-2:891377163278:subnet/subnet-08a2904e96eb87ce0",
            "assign_ipv6_address_on_creation": false,
            "availability_zone": "us-east-2a",
            "availability_zone_id": "use2-az1",
            "available_ip_address_count": 251,
            "cidr_block": "10.50.20.0/24",
            "customer_owned_ipv4_pool": "",
            "default_for_az": false,
            "enable_dns64": false,
            "enable_lni_at_device_index": 0,
            "enable_resource_name_dns_a_record_on_launch": false,
            "enable_resource_name_dns_aaaa_record_on_launch": false,
            "filter": [
              {
                "name": "tag:Name",
                "values": [
                  "kdt-DB-Subnet1"
                ]
              }
            ],
            "id": "subnet-08a2904e96eb87ce0",
            "ipv6_cidr_block": "",
            "ipv6_cidr_block_association_id": "",
            "ipv6_native": false,
            "map_customer_owned_ip_on_launch": false,
            "map_public_ip_on_launch": false,
            "outpost_arn": "",
            "owner_id": "891377163278",
            "private_dns_hostname_type_on_launch": "ip-name",
            "state": "available",
            "tags": {
              "Name": "kdt-DB-Subnet1"
            },
            "timeouts": null,
            "vpc_id": "vpc-024c1e2f17945a9cd"
          },
          "sensitive_attributes": []
        }
      ]
    },
    {
      "module": "module.rds",
      "mode": "data",
      "type": "aws_subnet",
      "name": "db-subnet2",
      "provider": "provider[\"registry.terraform.io/hashicorp/aws\"]",
      "instances": [
        {
          "schema_version": 0,
          "attributes": {
            "arn": "arn:aws:ec2:us-east-2:891377163278:subnet/subnet-01719b43f33a77ae7",
            "assign_ipv6_address_on_creation": false,
            "availability_zone": "us-east-2b",
            "availability_zone_id": "use2-az2",
            "available_ip_address_count": 251,
            "cidr_block": "10.50.21.0/24",
            "customer_owned_ipv4_pool": "",
            "default_for_az": false,
            "enable_dns64": false,
            "enable_lni_at_device_index": 0,
            "enable_resource_name_dns_a_record_on_launch": false,
            "enable_resource_name_dns_aaaa_record_on_launch": false,
            "filter": [
              {
                "name": "tag:Name",
                "values": [
                  "kdt-DB-Subnet2"
                ]
              }
            ],
            "id": "subnet-01719b43f33a77ae7",
            "ipv6_cidr_block": "",
            "ipv6_cidr_block_association_id": "",
            "ipv6_native": false,
            "map_customer_owned_ip_on_launch": false,
            "map_public_ip_on_launch": false,
            "outpost_arn": "",
            "owner_id": "891377163278",
            "private_dns_hostname_type_on_launch": "ip-name",
            "state": "available",
            "tags": {
              "Name": "kdt-DB-Subnet2"
            },
            "timeouts": null,
            "vpc_id": "vpc-024c1e2f17945a9cd"
          },
          "sensitive_attributes": []
        }
      ]
    },
    {
      "module": "module.rds",
      "mode": "managed",
      "type": "aws_db_subnet_group",
      "name": "db_subnet_group",
      "provider": "provider[\"registry.terraform.io/hashicorp/aws\"]",
      "instances": [
        {
          "schema_version": 0,
          "attributes": {
            "arn": "arn:aws:rds:us-east-2:891377163278:subgrp:kdt-rds-sg",
            "description": "Managed by Terraform",
            "id": "kdt-rds-sg",
            "name": "kdt-rds-sg",
            "name_prefix": "",
            "subnet_ids": [
              "subnet-01719b43f33a77ae7",
              "subnet-08a2904e96eb87ce0"
            ],
            "supported_network_types": [
              "IPV4"
            ],
            "tags": {},
            "tags_all": {},
            "vpc_id": "vpc-024c1e2f17945a9cd"
          },
          "sensitive_attributes": [],
          "private": "bnVsbA==",
          "dependencies": [
            "module.rds.data.aws_subnet.db-subnet1",
            "module.rds.data.aws_subnet.db-subnet2",
            "module.security-group.aws_security_group.alb-sg",
            "module.security-group.aws_security_group.app-tier-sg",
            "module.security-group.aws_security_group.database-sg",
            "module.security-group.aws_security_group.web-tier-sg",
            "module.security-group.data.aws_vpc.vpc",
            "module.vpc.aws_eip.eip1",
            "module.vpc.aws_eip.eip2",
            "module.vpc.aws_internet_gateway.igw",
            "module.vpc.aws_nat_gateway.ngw1",
            "module.vpc.aws_nat_gateway.ngw2",
            "module.vpc.aws_route_table.db-rt1",
            "module.vpc.aws_route_table.db-rt2",
            "module.vpc.aws_route_table.private-rt1",
            "module.vpc.aws_route_table.private-rt2",
            "module.vpc.aws_route_table.public-rt",
            "module.vpc.aws_route_table_association.db-rt-association1",
            "module.vpc.aws_route_table_association.db-rt-association2",
            "module.vpc.aws_route_table_association.private-rt-association1",
            "module.vpc.aws_route_table_association.private-rt-association2",
            "module.vpc.aws_route_table_association.public-rt-association1",
            "module.vpc.aws_route_table_association.public-rt-association2",
            "module.vpc.aws_subnet.db-subnet1",
            "module.vpc.aws_subnet.db-subnet2",
            "module.vpc.aws_subnet.private-subnet1",
            "module.vpc.aws_subnet.private-subnet2",
            "module.vpc.aws_subnet.public-subnet1",
            "module.vpc.aws_subnet.public-subnet2",
            "module.vpc.aws_vpc.vpc",
            "module.vpc.data.aws_availability_zones.azs"
          ],
          "create_before_destroy": true
        }
      ]
    },
    {
      "module": "module.security-group",
      "mode": "data",
      "type": "aws_vpc",
      "name": "vpc",
      "provider": "provider[\"registry.terraform.io/hashicorp/aws\"]",
      "instances": [
        {
          "schema_version": 0,
          "attributes": {
            "arn": "arn:aws:ec2:us-east-2:891377163278:vpc/vpc-024c1e2f17945a9cd",
            "cidr_block": "10.50.0.0/16",
            "cidr_block_associations": [
              {
                "association_id": "vpc-cidr-assoc-0d0db7d3eb3631eab",
                "cidr_block": "10.50.0.0/16",
                "state": "associated"
              }
            ],
            "default": false,
            "dhcp_options_id": "dopt-0cab42d5410535950",
            "enable_dns_hostnames": true,
            "enable_dns_support": true,
            "enable_network_address_usage_metrics": false,
            "filter": [
              {
                "name": "tag:Name",
                "values": [
                  "kdt-VPC"
                ]
              }
            ],
            "id": "vpc-024c1e2f17945a9cd",
            "instance_tenancy": "default",
            "ipv6_association_id": "",
            "ipv6_cidr_block": "",
            "main_route_table_id": "rtb-0ad9243dd993000c1",
            "owner_id": "891377163278",
            "state": null,
            "tags": {
              "Name": "kdt-VPC"
            },
            "timeouts": null
          },
          "sensitive_attributes": []
        }
      ]
    },
    {
      "module": "module.security-group",
      "mode": "managed",
      "type": "aws_security_group",
      "name": "alb-sg",
      "provider": "provider[\"registry.terraform.io/hashicorp/aws\"]",
      "instances": [
        {
          "schema_version": 1,
          "attributes": {
            "arn": "arn:aws:ec2:us-east-2:891377163278:security-group/sg-0e374f5428a3f05a8",
            "description": "Allow HTTP and HTTPS for World",
            "egress": [
              {
                "cidr_blocks": [
                  "0.0.0.0/0"
                ],
                "description": "",
                "from_port": 0,
                "ipv6_cidr_blocks": [],
                "prefix_list_ids": [],
                "protocol": "-1",
                "security_groups": [],
                "self": false,
                "to_port": 0
              }
            ],
            "id": "sg-0e374f5428a3f05a8",
            "ingress": [
              {
                "cidr_blocks": [
                  "0.0.0.0/0"
                ],
                "description": "",
                "from_port": 443,
                "ipv6_cidr_blocks": [],
                "prefix_list_ids": [],
                "protocol": "tcp",
                "security_groups": [],
                "self": false,
                "to_port": 443
              },
              {
                "cidr_blocks": [
                  "0.0.0.0/0"
                ],
                "description": "",
                "from_port": 80,
                "ipv6_cidr_blocks": [],
                "prefix_list_ids": [],
                "protocol": "tcp",
                "security_groups": [],
                "self": false,
                "to_port": 80
              }
            ],
            "name": "terraform-20240503054811643300000001",
            "name_prefix": "terraform-",
            "owner_id": "891377163278",
            "revoke_rules_on_delete": false,
            "tags": {
              "Name": "kdt-alb-sg"
            },
            "tags_all": {
              "Name": "kdt-alb-sg"
            },
            "timeouts": null,
            "vpc_id": "vpc-024c1e2f17945a9cd"
          },
          "sensitive_attributes": [],
          "private": "eyJlMmJmYjczMC1lY2FhLTExZTYtOGY4OC0zNDM2M2JjN2M0YzAiOnsiY3JlYXRlIjo2MDAwMDAwMDAwMDAsImRlbGV0ZSI6OTAwMDAwMDAwMDAwfSwic2NoZW1hX3ZlcnNpb24iOiIxIn0=",
          "dependencies": [
            "module.security-group.data.aws_vpc.vpc",
            "module.vpc.aws_eip.eip1",
            "module.vpc.aws_eip.eip2",
            "module.vpc.aws_internet_gateway.igw",
            "module.vpc.aws_nat_gateway.ngw1",
            "module.vpc.aws_nat_gateway.ngw2",
            "module.vpc.aws_route_table.db-rt1",
            "module.vpc.aws_route_table.db-rt2",
            "module.vpc.aws_route_table.private-rt1",
            "module.vpc.aws_route_table.private-rt2",
            "module.vpc.aws_route_table.public-rt",
            "module.vpc.aws_route_table_association.db-rt-association1",
            "module.vpc.aws_route_table_association.db-rt-association2",
            "module.vpc.aws_route_table_association.private-rt-association1",
            "module.vpc.aws_route_table_association.private-rt-association2",
            "module.vpc.aws_route_table_association.public-rt-association1",
            "module.vpc.aws_route_table_association.public-rt-association2",
            "module.vpc.aws_subnet.db-subnet1",
            "module.vpc.aws_subnet.db-subnet2",
            "module.vpc.aws_subnet.private-subnet1",
            "module.vpc.aws_subnet.private-subnet2",
            "module.vpc.aws_subnet.public-subnet1",
            "module.vpc.aws_subnet.public-subnet2",
            "module.vpc.aws_vpc.vpc",
            "module.vpc.data.aws_availability_zones.azs"
          ],
          "create_before_destroy": true
        },
        {
          "deposed": "1b1aa4d1",
          "schema_version": 1,
          "attributes": {
            "arn": "arn:aws:ec2:us-east-2:891377163278:security-group/sg-01303ccdd2429decf",
            "description": "Allow HTTP and HTTPS for World",
            "egress": [
              {
                "cidr_blocks": [
                  "0.0.0.0/0"
                ],
                "description": "",
                "from_port": 0,
                "ipv6_cidr_blocks": [],
                "prefix_list_ids": [],
                "protocol": "-1",
                "security_groups": [],
                "self": false,
                "to_port": 0
              }
            ],
            "id": "sg-01303ccdd2429decf",
            "ingress": [
              {
                "cidr_blocks": [
                  "0.0.0.0/0"
                ],
                "description": "",
                "from_port": 443,
                "ipv6_cidr_blocks": [],
                "prefix_list_ids": [],
                "protocol": "tcp",
                "security_groups": [],
                "self": false,
                "to_port": 443
              },
              {
                "cidr_blocks": [
                  "0.0.0.0/0"
                ],
                "description": "",
                "from_port": 80,
                "ipv6_cidr_blocks": [],
                "prefix_list_ids": [],
                "protocol": "tcp",
                "security_groups": [],
                "self": false,
                "to_port": 80
              }
            ],
            "name": "terraform-20240503053546676000000008",
            "name_prefix": "terraform-",
            "owner_id": "891377163278",
            "revoke_rules_on_delete": false,
            "tags": {
              "Name": "kdt-alb-sg"
            },
            "tags_all": {
              "Name": "kdt-alb-sg"
            },
            "timeouts": null,
            "vpc_id": "vpc-024c1e2f17945a9cd"
          },
          "sensitive_attributes": [],
          "private": "eyJlMmJmYjczMC1lY2FhLTExZTYtOGY4OC0zNDM2M2JjN2M0YzAiOnsiY3JlYXRlIjo2MDAwMDAwMDAwMDAsImRlbGV0ZSI6OTAwMDAwMDAwMDAwfSwic2NoZW1hX3ZlcnNpb24iOiIxIn0=",
          "dependencies": [
            "module.security-group.data.aws_vpc.vpc",
            "module.vpc.aws_eip.eip1",
            "module.vpc.aws_eip.eip2",
            "module.vpc.aws_internet_gateway.igw",
            "module.vpc.aws_nat_gateway.ngw1",
            "module.vpc.aws_nat_gateway.ngw2",
            "module.vpc.aws_route_table.db-rt1",
            "module.vpc.aws_route_table.db-rt2",
            "module.vpc.aws_route_table.private-rt1",
            "module.vpc.aws_route_table.private-rt2",
            "module.vpc.aws_route_table.public-rt",
            "module.vpc.aws_route_table_association.db-rt-association1",
            "module.vpc.aws_route_table_association.db-rt-association2",
            "module.vpc.aws_route_table_association.private-rt-association1",
            "module.vpc.aws_route_table_association.private-rt-association2",
            "module.vpc.aws_route_table_association.public-rt-association1",
            "module.vpc.aws_route_table_association.public-rt-association2",
            "module.vpc.aws_subnet.db-subnet1",
            "module.vpc.aws_subnet.db-subnet2",
            "module.vpc.aws_subnet.private-subnet1",
            "module.vpc.aws_subnet.private-subnet2",
            "module.vpc.aws_subnet.public-subnet1",
            "module.vpc.aws_subnet.public-subnet2",
            "module.vpc.aws_vpc.vpc",
            "module.vpc.data.aws_availability_zones.azs"
          ],
          "create_before_destroy": true
        },
        {
          "deposed": "5e838743",
          "schema_version": 1,
          "attributes": {
            "arn": "arn:aws:ec2:us-east-2:891377163278:security-group/sg-0c7770573683ae820",
            "description": "Allow HTTP and HTTPS for World",
            "egress": [
              {
                "cidr_blocks": [
                  "0.0.0.0/0"
                ],
                "description": "",
                "from_port": 0,
                "ipv6_cidr_blocks": [],
                "prefix_list_ids": [],
                "protocol": "-1",
                "security_groups": [],
                "self": false,
                "to_port": 0
              }
            ],
            "id": "sg-0c7770573683ae820",
            "ingress": [
              {
                "cidr_blocks": [
                  "0.0.0.0/0"
                ],
                "description": "",
                "from_port": 443,
                "ipv6_cidr_blocks": [],
                "prefix_list_ids": [],
                "protocol": "tcp",
                "security_groups": [],
                "self": false,
                "to_port": 443
              },
              {
                "cidr_blocks": [
                  "0.0.0.0/0"
                ],
                "description": "",
                "from_port": 80,
                "ipv6_cidr_blocks": [],
                "prefix_list_ids": [],
                "protocol": "tcp",
                "security_groups": [],
                "self": false,
                "to_port": 80
              }
            ],
            "name": "terraform-20240503054301453100000001",
            "name_prefix": "terraform-",
            "owner_id": "891377163278",
            "revoke_rules_on_delete": false,
            "tags": {
              "Name": "kdt-alb-sg"
            },
            "tags_all": {
              "Name": "kdt-alb-sg"
            },
            "timeouts": null,
            "vpc_id": "vpc-024c1e2f17945a9cd"
          },
          "sensitive_attributes": [],
          "private": "eyJlMmJmYjczMC1lY2FhLTExZTYtOGY4OC0zNDM2M2JjN2M0YzAiOnsiY3JlYXRlIjo2MDAwMDAwMDAwMDAsImRlbGV0ZSI6OTAwMDAwMDAwMDAwfSwic2NoZW1hX3ZlcnNpb24iOiIxIn0=",
          "dependencies": [
            "module.security-group.data.aws_vpc.vpc",
            "module.vpc.aws_eip.eip1",
            "module.vpc.aws_eip.eip2",
            "module.vpc.aws_internet_gateway.igw",
            "module.vpc.aws_nat_gateway.ngw1",
            "module.vpc.aws_nat_gateway.ngw2",
            "module.vpc.aws_route_table.db-rt1",
            "module.vpc.aws_route_table.db-rt2",
            "module.vpc.aws_route_table.private-rt1",
            "module.vpc.aws_route_table.private-rt2",
            "module.vpc.aws_route_table.public-rt",
            "module.vpc.aws_route_table_association.db-rt-association1",
            "module.vpc.aws_route_table_association.db-rt-association2",
            "module.vpc.aws_route_table_association.private-rt-association1",
            "module.vpc.aws_route_table_association.private-rt-association2",
            "module.vpc.aws_route_table_association.public-rt-association1",
            "module.vpc.aws_route_table_association.public-rt-association2",
            "module.vpc.aws_subnet.db-subnet1",
            "module.vpc.aws_subnet.db-subnet2",
            "module.vpc.aws_subnet.private-subnet1",
            "module.vpc.aws_subnet.private-subnet2",
            "module.vpc.aws_subnet.public-subnet1",
            "module.vpc.aws_subnet.public-subnet2",
            "module.vpc.aws_vpc.vpc",
            "module.vpc.data.aws_availability_zones.azs"
          ],
          "create_before_destroy": true
        }
      ]
    },
    {
      "module": "module.security-group",
      "mode": "managed",
      "type": "aws_security_group",
      "name": "app-tier-sg",
      "provider": "provider[\"registry.terraform.io/hashicorp/aws\"]",
      "instances": [
        {
          "schema_version": 1,
          "attributes": {
            "arn": "arn:aws:ec2:us-east-2:891377163278:security-group/sg-06717fc28395b07e5",
            "description": "Allow HTTP and HTTPS from APP ALB Only",
            "egress": [
              {
                "cidr_blocks": [
                  "0.0.0.0/0"
                ],
                "description": "",
                "from_port": 0,
                "ipv6_cidr_blocks": [
                  "::/0"
                ],
                "prefix_list_ids": [],
                "protocol": "-1",
                "security_groups": [],
                "self": false,
                "to_port": 0
              }
            ],
            "id": "sg-06717fc28395b07e5",
            "ingress": [
              {
                "cidr_blocks": [],
                "description": "",
                "from_port": 443,
                "ipv6_cidr_blocks": [],
                "prefix_list_ids": [],
                "protocol": "tcp",
                "security_groups": [
                  "sg-0e374f5428a3f05a8"
                ],
                "self": false,
                "to_port": 443
              },
              {
                "cidr_blocks": [],
                "description": "",
                "from_port": 80,
                "ipv6_cidr_blocks": [],
                "prefix_list_ids": [],
                "protocol": "tcp",
                "security_groups": [
                  "sg-0e374f5428a3f05a8"
                ],
                "self": false,
                "to_port": 80
              }
            ],
            "name": "terraform-20240503054815848400000003",
            "name_prefix": "terraform-",
            "owner_id": "891377163278",
            "revoke_rules_on_delete": false,
            "tags": {
              "Name": "kdt-app-sg"
            },
            "tags_all": {
              "Name": "kdt-app-sg"
            },
            "timeouts": null,
            "vpc_id": "vpc-024c1e2f17945a9cd"
          },
          "sensitive_attributes": [],
          "private": "eyJlMmJmYjczMC1lY2FhLTExZTYtOGY4OC0zNDM2M2JjN2M0YzAiOnsiY3JlYXRlIjo2MDAwMDAwMDAwMDAsImRlbGV0ZSI6OTAwMDAwMDAwMDAwfSwic2NoZW1hX3ZlcnNpb24iOiIxIn0=",
          "dependencies": [
            "module.security-group.aws_security_group.alb-sg",
            "module.security-group.data.aws_vpc.vpc",
            "module.vpc.aws_eip.eip1",
            "module.vpc.aws_eip.eip2",
            "module.vpc.aws_internet_gateway.igw",
            "module.vpc.aws_nat_gateway.ngw1",
            "module.vpc.aws_nat_gateway.ngw2",
            "module.vpc.aws_route_table.db-rt1",
            "module.vpc.aws_route_table.db-rt2",
            "module.vpc.aws_route_table.private-rt1",
            "module.vpc.aws_route_table.private-rt2",
            "module.vpc.aws_route_table.public-rt",
            "module.vpc.aws_route_table_association.db-rt-association1",
            "module.vpc.aws_route_table_association.db-rt-association2",
            "module.vpc.aws_route_table_association.private-rt-association1",
            "module.vpc.aws_route_table_association.private-rt-association2",
            "module.vpc.aws_route_table_association.public-rt-association1",
            "module.vpc.aws_route_table_association.public-rt-association2",
            "module.vpc.aws_subnet.db-subnet1",
            "module.vpc.aws_subnet.db-subnet2",
            "module.vpc.aws_subnet.private-subnet1",
            "module.vpc.aws_subnet.private-subnet2",
            "module.vpc.aws_subnet.public-subnet1",
            "module.vpc.aws_subnet.public-subnet2",
            "module.vpc.aws_vpc.vpc",
            "module.vpc.data.aws_availability_zones.azs"
          ],
          "create_before_destroy": true
        },
        {
          "deposed": "03e7bad7",
          "schema_version": 1,
          "attributes": {
            "arn": "arn:aws:ec2:us-east-2:891377163278:security-group/sg-043937a1411cc5b97",
            "description": "Allow HTTP and HTTPS from APP ALB Only",
            "egress": [
              {
                "cidr_blocks": [
                  "0.0.0.0/0"
                ],
                "description": "",
                "from_port": 0,
                "ipv6_cidr_blocks": [
                  "::/0"
                ],
                "prefix_list_ids": [],
                "protocol": "-1",
                "security_groups": [],
                "self": false,
                "to_port": 0
              }
            ],
            "id": "sg-043937a1411cc5b97",
            "ingress": [
              {
                "cidr_blocks": [],
                "description": "",
                "from_port": 443,
                "ipv6_cidr_blocks": [],
                "prefix_list_ids": [],
                "protocol": "tcp",
                "security_groups": [
                  "sg-01303ccdd2429decf"
                ],
                "self": false,
                "to_port": 443
              },
              {
                "cidr_blocks": [],
                "description": "",
                "from_port": 80,
                "ipv6_cidr_blocks": [],
                "prefix_list_ids": [],
                "protocol": "tcp",
                "security_groups": [
                  "sg-01303ccdd2429decf"
                ],
                "self": false,
                "to_port": 80
              }
            ],
            "name": "terraform-2024050305354995050000000a",
            "name_prefix": "terraform-",
            "owner_id": "891377163278",
            "revoke_rules_on_delete": false,
            "tags": {
              "Name": "kdt-app-sg"
            },
            "tags_all": {
              "Name": "kdt-app-sg"
            },
            "timeouts": null,
            "vpc_id": "vpc-024c1e2f17945a9cd"
          },
          "sensitive_attributes": [],
          "private": "eyJlMmJmYjczMC1lY2FhLTExZTYtOGY4OC0zNDM2M2JjN2M0YzAiOnsiY3JlYXRlIjo2MDAwMDAwMDAwMDAsImRlbGV0ZSI6OTAwMDAwMDAwMDAwfSwic2NoZW1hX3ZlcnNpb24iOiIxIn0=",
          "dependencies": [
            "module.security-group.aws_security_group.alb-sg",
            "module.security-group.data.aws_vpc.vpc",
            "module.vpc.aws_eip.eip1",
            "module.vpc.aws_eip.eip2",
            "module.vpc.aws_internet_gateway.igw",
            "module.vpc.aws_nat_gateway.ngw1",
            "module.vpc.aws_nat_gateway.ngw2",
            "module.vpc.aws_route_table.db-rt1",
            "module.vpc.aws_route_table.db-rt2",
            "module.vpc.aws_route_table.private-rt1",
            "module.vpc.aws_route_table.private-rt2",
            "module.vpc.aws_route_table.public-rt",
            "module.vpc.aws_route_table_association.db-rt-association1",
            "module.vpc.aws_route_table_association.db-rt-association2",
            "module.vpc.aws_route_table_association.private-rt-association1",
            "module.vpc.aws_route_table_association.private-rt-association2",
            "module.vpc.aws_route_table_association.public-rt-association1",
            "module.vpc.aws_route_table_association.public-rt-association2",
            "module.vpc.aws_subnet.db-subnet1",
            "module.vpc.aws_subnet.db-subnet2",
            "module.vpc.aws_subnet.private-subnet1",
            "module.vpc.aws_subnet.private-subnet2",
            "module.vpc.aws_subnet.public-subnet1",
            "module.vpc.aws_subnet.public-subnet2",
            "module.vpc.aws_vpc.vpc",
            "module.vpc.data.aws_availability_zones.azs"
          ],
          "create_before_destroy": true
        },
        {
          "deposed": "5a60021f",
          "schema_version": 1,
          "attributes": {
            "arn": "arn:aws:ec2:us-east-2:891377163278:security-group/sg-087fc486784ea2f29",
            "description": "Allow HTTP and HTTPS from APP ALB Only",
            "egress": [
              {
                "cidr_blocks": [
                  "0.0.0.0/0"
                ],
                "description": "",
                "from_port": 0,
                "ipv6_cidr_blocks": [
                  "::/0"
                ],
                "prefix_list_ids": [],
                "protocol": "-1",
                "security_groups": [],
                "self": false,
                "to_port": 0
              }
            ],
            "id": "sg-087fc486784ea2f29",
            "ingress": [
              {
                "cidr_blocks": [],
                "description": "",
                "from_port": 443,
                "ipv6_cidr_blocks": [],
                "prefix_list_ids": [],
                "protocol": "tcp",
                "security_groups": [
                  "sg-0c7770573683ae820"
                ],
                "self": false,
                "to_port": 443
              },
              {
                "cidr_blocks": [],
                "description": "",
                "from_port": 80,
                "ipv6_cidr_blocks": [],
                "prefix_list_ids": [],
                "protocol": "tcp",
                "security_groups": [
                  "sg-0c7770573683ae820"
                ],
                "self": false,
                "to_port": 80
              }
            ],
            "name": "terraform-20240503054305561400000003",
            "name_prefix": "terraform-",
            "owner_id": "891377163278",
            "revoke_rules_on_delete": false,
            "tags": {
              "Name": "kdt-app-sg"
            },
            "tags_all": {
              "Name": "kdt-app-sg"
            },
            "timeouts": null,
            "vpc_id": "vpc-024c1e2f17945a9cd"
          },
          "sensitive_attributes": [],
          "private": "eyJlMmJmYjczMC1lY2FhLTExZTYtOGY4OC0zNDM2M2JjN2M0YzAiOnsiY3JlYXRlIjo2MDAwMDAwMDAwMDAsImRlbGV0ZSI6OTAwMDAwMDAwMDAwfSwic2NoZW1hX3ZlcnNpb24iOiIxIn0=",
          "dependencies": [
            "module.security-group.aws_security_group.alb-sg",
            "module.security-group.data.aws_vpc.vpc",
            "module.vpc.aws_eip.eip1",
            "module.vpc.aws_eip.eip2",
            "module.vpc.aws_internet_gateway.igw",
            "module.vpc.aws_nat_gateway.ngw1",
            "module.vpc.aws_nat_gateway.ngw2",
            "module.vpc.aws_route_table.db-rt1",
            "module.vpc.aws_route_table.db-rt2",
            "module.vpc.aws_route_table.private-rt1",
            "module.vpc.aws_route_table.private-rt2",
            "module.vpc.aws_route_table.public-rt",
            "module.vpc.aws_route_table_association.db-rt-association1",
            "module.vpc.aws_route_table_association.db-rt-association2",
            "module.vpc.aws_route_table_association.private-rt-association1",
            "module.vpc.aws_route_table_association.private-rt-association2",
            "module.vpc.aws_route_table_association.public-rt-association1",
            "module.vpc.aws_route_table_association.public-rt-association2",
            "module.vpc.aws_subnet.db-subnet1",
            "module.vpc.aws_subnet.db-subnet2",
            "module.vpc.aws_subnet.private-subnet1",
            "module.vpc.aws_subnet.private-subnet2",
            "module.vpc.aws_subnet.public-subnet1",
            "module.vpc.aws_subnet.public-subnet2",
            "module.vpc.aws_vpc.vpc",
            "module.vpc.data.aws_availability_zones.azs"
          ],
          "create_before_destroy": true
        }
      ]
    },
    {
      "module": "module.security-group",
      "mode": "managed",
      "type": "aws_security_group",
      "name": "database-sg",
      "provider": "provider[\"registry.terraform.io/hashicorp/aws\"]",
      "instances": [
        {
          "schema_version": 1,
          "attributes": {
            "arn": "arn:aws:ec2:us-east-2:891377163278:security-group/sg-0b5060e51d8f0e138",
            "description": "Protocol Type MySQL/Aurora",
            "egress": [
              {
                "cidr_blocks": [
                  "0.0.0.0/0"
                ],
                "description": "",
                "from_port": 0,
                "ipv6_cidr_blocks": [],
                "prefix_list_ids": [],
                "protocol": "-1",
                "security_groups": [],
                "self": false,
                "to_port": 0
              }
            ],
            "id": "sg-0b5060e51d8f0e138",
            "ingress": [
              {
                "cidr_blocks": [],
                "description": "",
                "from_port": 3306,
                "ipv6_cidr_blocks": [],
                "prefix_list_ids": [],
                "protocol": "tcp",
                "security_groups": [
                  "sg-0151540677b737446"
                ],
                "self": false,
                "to_port": 3306
              }
            ],
            "name": "terraform-20240503054819580100000004",
            "name_prefix": "terraform-",
            "owner_id": "891377163278",
            "revoke_rules_on_delete": false,
            "tags": {
              "Name": "kdt-db-sg"
            },
            "tags_all": {
              "Name": "kdt-db-sg"
            },
            "timeouts": null,
            "vpc_id": "vpc-024c1e2f17945a9cd"
          },
          "sensitive_attributes": [],
          "private": "eyJlMmJmYjczMC1lY2FhLTExZTYtOGY4OC0zNDM2M2JjN2M0YzAiOnsiY3JlYXRlIjo2MDAwMDAwMDAwMDAsImRlbGV0ZSI6OTAwMDAwMDAwMDAwfSwic2NoZW1hX3ZlcnNpb24iOiIxIn0=",
          "dependencies": [
            "module.security-group.aws_security_group.alb-sg",
            "module.security-group.aws_security_group.web-tier-sg",
            "module.security-group.data.aws_vpc.vpc",
            "module.vpc.aws_eip.eip1",
            "module.vpc.aws_eip.eip2",
            "module.vpc.aws_internet_gateway.igw",
            "module.vpc.aws_nat_gateway.ngw1",
            "module.vpc.aws_nat_gateway.ngw2",
            "module.vpc.aws_route_table.db-rt1",
            "module.vpc.aws_route_table.db-rt2",
            "module.vpc.aws_route_table.private-rt1",
            "module.vpc.aws_route_table.private-rt2",
            "module.vpc.aws_route_table.public-rt",
            "module.vpc.aws_route_table_association.db-rt-association1",
            "module.vpc.aws_route_table_association.db-rt-association2",
            "module.vpc.aws_route_table_association.private-rt-association1",
            "module.vpc.aws_route_table_association.private-rt-association2",
            "module.vpc.aws_route_table_association.public-rt-association1",
            "module.vpc.aws_route_table_association.public-rt-association2",
            "module.vpc.aws_subnet.db-subnet1",
            "module.vpc.aws_subnet.db-subnet2",
            "module.vpc.aws_subnet.private-subnet1",
            "module.vpc.aws_subnet.private-subnet2",
            "module.vpc.aws_subnet.public-subnet1",
            "module.vpc.aws_subnet.public-subnet2",
            "module.vpc.aws_vpc.vpc",
            "module.vpc.data.aws_availability_zones.azs"
          ],
          "create_before_destroy": true
        },
        {
          "deposed": "89f2474e",
          "schema_version": 1,
          "attributes": {
            "arn": "arn:aws:ec2:us-east-2:891377163278:security-group/sg-03dd1d34faebbce20",
            "description": "Protocol Type MySQL/Aurora",
            "egress": [
              {
                "cidr_blocks": [
                  "0.0.0.0/0"
                ],
                "description": "",
                "from_port": 0,
                "ipv6_cidr_blocks": [],
                "prefix_list_ids": [],
                "protocol": "-1",
                "security_groups": [],
                "self": false,
                "to_port": 0
              }
            ],
            "id": "sg-03dd1d34faebbce20",
            "ingress": [
              {
                "cidr_blocks": [],
                "description": "",
                "from_port": 3306,
                "ipv6_cidr_blocks": [],
                "prefix_list_ids": [],
                "protocol": "tcp",
                "security_groups": [
                  "sg-039567f0d02226e7f"
                ],
                "self": false,
                "to_port": 3306
              }
            ],
            "name": "terraform-2024050305355398600000000b",
            "name_prefix": "terraform-",
            "owner_id": "891377163278",
            "revoke_rules_on_delete": false,
            "tags": {
              "Name": "kdt-db-sg"
            },
            "tags_all": {
              "Name": "kdt-db-sg"
            },
            "timeouts": null,
            "vpc_id": "vpc-024c1e2f17945a9cd"
          },
          "sensitive_attributes": [],
          "private": "eyJlMmJmYjczMC1lY2FhLTExZTYtOGY4OC0zNDM2M2JjN2M0YzAiOnsiY3JlYXRlIjo2MDAwMDAwMDAwMDAsImRlbGV0ZSI6OTAwMDAwMDAwMDAwfSwic2NoZW1hX3ZlcnNpb24iOiIxIn0=",
          "dependencies": [
            "module.security-group.aws_security_group.alb-sg",
            "module.security-group.aws_security_group.web-tier-sg",
            "module.security-group.data.aws_vpc.vpc",
            "module.vpc.aws_eip.eip1",
            "module.vpc.aws_eip.eip2",
            "module.vpc.aws_internet_gateway.igw",
            "module.vpc.aws_nat_gateway.ngw1",
            "module.vpc.aws_nat_gateway.ngw2",
            "module.vpc.aws_route_table.db-rt1",
            "module.vpc.aws_route_table.db-rt2",
            "module.vpc.aws_route_table.private-rt1",
            "module.vpc.aws_route_table.private-rt2",
            "module.vpc.aws_route_table.public-rt",
            "module.vpc.aws_route_table_association.db-rt-association1",
            "module.vpc.aws_route_table_association.db-rt-association2",
            "module.vpc.aws_route_table_association.private-rt-association1",
            "module.vpc.aws_route_table_association.private-rt-association2",
            "module.vpc.aws_route_table_association.public-rt-association1",
            "module.vpc.aws_route_table_association.public-rt-association2",
            "module.vpc.aws_subnet.db-subnet1",
            "module.vpc.aws_subnet.db-subnet2",
            "module.vpc.aws_subnet.private-subnet1",
            "module.vpc.aws_subnet.private-subnet2",
            "module.vpc.aws_subnet.public-subnet1",
            "module.vpc.aws_subnet.public-subnet2",
            "module.vpc.aws_vpc.vpc",
            "module.vpc.data.aws_availability_zones.azs"
          ],
          "create_before_destroy": true
        },
        {
          "deposed": "98885a90",
          "schema_version": 1,
          "attributes": {
            "arn": "arn:aws:ec2:us-east-2:891377163278:security-group/sg-072f78aef07d01853",
            "description": "Protocol Type MySQL/Aurora",
            "egress": [
              {
                "cidr_blocks": [
                  "0.0.0.0/0"
                ],
                "description": "",
                "from_port": 0,
                "ipv6_cidr_blocks": [],
                "prefix_list_ids": [],
                "protocol": "-1",
                "security_groups": [],
                "self": false,
                "to_port": 0
              }
            ],
            "id": "sg-072f78aef07d01853",
            "ingress": [
              {
                "cidr_blocks": [],
                "description": "",
                "from_port": 3306,
                "ipv6_cidr_blocks": [],
                "prefix_list_ids": [],
                "protocol": "tcp",
                "security_groups": [
                  "sg-06ad93d82c1ffd7ac"
                ],
                "self": false,
                "to_port": 3306
              }
            ],
            "name": "terraform-20240503054309552300000004",
            "name_prefix": "terraform-",
            "owner_id": "891377163278",
            "revoke_rules_on_delete": false,
            "tags": {
              "Name": "kdt-db-sg"
            },
            "tags_all": {
              "Name": "kdt-db-sg"
            },
            "timeouts": null,
            "vpc_id": "vpc-024c1e2f17945a9cd"
          },
          "sensitive_attributes": [],
          "private": "eyJlMmJmYjczMC1lY2FhLTExZTYtOGY4OC0zNDM2M2JjN2M0YzAiOnsiY3JlYXRlIjo2MDAwMDAwMDAwMDAsImRlbGV0ZSI6OTAwMDAwMDAwMDAwfSwic2NoZW1hX3ZlcnNpb24iOiIxIn0=",
          "dependencies": [
            "module.security-group.aws_security_group.alb-sg",
            "module.security-group.aws_security_group.web-tier-sg",
            "module.security-group.data.aws_vpc.vpc",
            "module.vpc.aws_eip.eip1",
            "module.vpc.aws_eip.eip2",
            "module.vpc.aws_internet_gateway.igw",
            "module.vpc.aws_nat_gateway.ngw1",
            "module.vpc.aws_nat_gateway.ngw2",
            "module.vpc.aws_route_table.db-rt1",
            "module.vpc.aws_route_table.db-rt2",
            "module.vpc.aws_route_table.private-rt1",
            "module.vpc.aws_route_table.private-rt2",
            "module.vpc.aws_route_table.public-rt",
            "module.vpc.aws_route_table_association.db-rt-association1",
            "module.vpc.aws_route_table_association.db-rt-association2",
            "module.vpc.aws_route_table_association.private-rt-association1",
            "module.vpc.aws_route_table_association.private-rt-association2",
            "module.vpc.aws_route_table_association.public-rt-association1",
            "module.vpc.aws_route_table_association.public-rt-association2",
            "module.vpc.aws_subnet.db-subnet1",
            "module.vpc.aws_subnet.db-subnet2",
            "module.vpc.aws_subnet.private-subnet1",
            "module.vpc.aws_subnet.private-subnet2",
            "module.vpc.aws_subnet.public-subnet1",
            "module.vpc.aws_subnet.public-subnet2",
            "module.vpc.aws_vpc.vpc",
            "module.vpc.data.aws_availability_zones.azs"
          ],
          "create_before_destroy": true
        }
      ]
    },
    {
      "module": "module.security-group",
      "mode": "managed",
      "type": "aws_security_group",
      "name": "web-tier-sg",
      "provider": "provider[\"registry.terraform.io/hashicorp/aws\"]",
      "instances": [
        {
          "schema_version": 1,
          "attributes": {
            "arn": "arn:aws:ec2:us-east-2:891377163278:security-group/sg-0151540677b737446",
            "description": "Allow HTTP and HTTPS for WEP ALB Only",
            "egress": [
              {
                "cidr_blocks": [
                  "0.0.0.0/0"
                ],
                "description": "",
                "from_port": 0,
                "ipv6_cidr_blocks": [],
                "prefix_list_ids": [],
                "protocol": "-1",
                "security_groups": [],
                "self": false,
                "to_port": 0
              }
            ],
            "id": "sg-0151540677b737446",
            "ingress": [
              {
                "cidr_blocks": [],
                "description": "",
                "from_port": 443,
                "ipv6_cidr_blocks": [],
                "prefix_list_ids": [],
                "protocol": "tcp",
                "security_groups": [
                  "sg-0e374f5428a3f05a8"
                ],
                "self": false,
                "to_port": 443
              },
              {
                "cidr_blocks": [],
                "description": "",
                "from_port": 80,
                "ipv6_cidr_blocks": [],
                "prefix_list_ids": [],
                "protocol": "tcp",
                "security_groups": [
                  "sg-0e374f5428a3f05a8"
                ],
                "self": false,
                "to_port": 80
              }
            ],
            "name": "terraform-20240503054815848400000002",
            "name_prefix": "terraform-",
            "owner_id": "891377163278",
            "revoke_rules_on_delete": false,
            "tags": {
              "Name": "kdt-web-sg"
            },
            "tags_all": {
              "Name": "kdt-web-sg"
            },
            "timeouts": null,
            "vpc_id": "vpc-024c1e2f17945a9cd"
          },
          "sensitive_attributes": [],
          "private": "eyJlMmJmYjczMC1lY2FhLTExZTYtOGY4OC0zNDM2M2JjN2M0YzAiOnsiY3JlYXRlIjo2MDAwMDAwMDAwMDAsImRlbGV0ZSI6OTAwMDAwMDAwMDAwfSwic2NoZW1hX3ZlcnNpb24iOiIxIn0=",
          "dependencies": [
            "module.security-group.aws_security_group.alb-sg",
            "module.security-group.data.aws_vpc.vpc",
            "module.vpc.aws_eip.eip1",
            "module.vpc.aws_eip.eip2",
            "module.vpc.aws_internet_gateway.igw",
            "module.vpc.aws_nat_gateway.ngw1",
            "module.vpc.aws_nat_gateway.ngw2",
            "module.vpc.aws_route_table.db-rt1",
            "module.vpc.aws_route_table.db-rt2",
            "module.vpc.aws_route_table.private-rt1",
            "module.vpc.aws_route_table.private-rt2",
            "module.vpc.aws_route_table.public-rt",
            "module.vpc.aws_route_table_association.db-rt-association1",
            "module.vpc.aws_route_table_association.db-rt-association2",
            "module.vpc.aws_route_table_association.private-rt-association1",
            "module.vpc.aws_route_table_association.private-rt-association2",
            "module.vpc.aws_route_table_association.public-rt-association1",
            "module.vpc.aws_route_table_association.public-rt-association2",
            "module.vpc.aws_subnet.db-subnet1",
            "module.vpc.aws_subnet.db-subnet2",
            "module.vpc.aws_subnet.private-subnet1",
            "module.vpc.aws_subnet.private-subnet2",
            "module.vpc.aws_subnet.public-subnet1",
            "module.vpc.aws_subnet.public-subnet2",
            "module.vpc.aws_vpc.vpc",
            "module.vpc.data.aws_availability_zones.azs"
          ],
          "create_before_destroy": true
        },
        {
          "deposed": "1ab61139",
          "schema_version": 1,
          "attributes": {
            "arn": "arn:aws:ec2:us-east-2:891377163278:security-group/sg-039567f0d02226e7f",
            "description": "Allow HTTP and HTTPS for WEP ALB Only",
            "egress": [
              {
                "cidr_blocks": [
                  "0.0.0.0/0"
                ],
                "description": "",
                "from_port": 0,
                "ipv6_cidr_blocks": [],
                "prefix_list_ids": [],
                "protocol": "-1",
                "security_groups": [],
                "self": false,
                "to_port": 0
              }
            ],
            "id": "sg-039567f0d02226e7f",
            "ingress": [
              {
                "cidr_blocks": [],
                "description": "",
                "from_port": 443,
                "ipv6_cidr_blocks": [],
                "prefix_list_ids": [],
                "protocol": "tcp",
                "security_groups": [
                  "sg-01303ccdd2429decf"
                ],
                "self": false,
                "to_port": 443
              },
              {
                "cidr_blocks": [],
                "description": "",
                "from_port": 80,
                "ipv6_cidr_blocks": [],
                "prefix_list_ids": [],
                "protocol": "tcp",
                "security_groups": [
                  "sg-01303ccdd2429decf"
                ],
                "self": false,
                "to_port": 80
              }
            ],
            "name": "terraform-20240503053549950500000009",
            "name_prefix": "terraform-",
            "owner_id": "891377163278",
            "revoke_rules_on_delete": false,
            "tags": {
              "Name": "kdt-web-sg"
            },
            "tags_all": {
              "Name": "kdt-web-sg"
            },
            "timeouts": null,
            "vpc_id": "vpc-024c1e2f17945a9cd"
          },
          "sensitive_attributes": [],
          "private": "eyJlMmJmYjczMC1lY2FhLTExZTYtOGY4OC0zNDM2M2JjN2M0YzAiOnsiY3JlYXRlIjo2MDAwMDAwMDAwMDAsImRlbGV0ZSI6OTAwMDAwMDAwMDAwfSwic2NoZW1hX3ZlcnNpb24iOiIxIn0=",
          "dependencies": [
            "module.security-group.aws_security_group.alb-sg",
            "module.security-group.data.aws_vpc.vpc",
            "module.vpc.aws_eip.eip1",
            "module.vpc.aws_eip.eip2",
            "module.vpc.aws_internet_gateway.igw",
            "module.vpc.aws_nat_gateway.ngw1",
            "module.vpc.aws_nat_gateway.ngw2",
            "module.vpc.aws_route_table.db-rt1",
            "module.vpc.aws_route_table.db-rt2",
            "module.vpc.aws_route_table.private-rt1",
            "module.vpc.aws_route_table.private-rt2",
            "module.vpc.aws_route_table.public-rt",
            "module.vpc.aws_route_table_association.db-rt-association1",
            "module.vpc.aws_route_table_association.db-rt-association2",
            "module.vpc.aws_route_table_association.private-rt-association1",
            "module.vpc.aws_route_table_association.private-rt-association2",
            "module.vpc.aws_route_table_association.public-rt-association1",
            "module.vpc.aws_route_table_association.public-rt-association2",
            "module.vpc.aws_subnet.db-subnet1",
            "module.vpc.aws_subnet.db-subnet2",
            "module.vpc.aws_subnet.private-subnet1",
            "module.vpc.aws_subnet.private-subnet2",
            "module.vpc.aws_subnet.public-subnet1",
            "module.vpc.aws_subnet.public-subnet2",
            "module.vpc.aws_vpc.vpc",
            "module.vpc.data.aws_availability_zones.azs"
          ],
          "create_before_destroy": true
        },
        {
          "deposed": "e81bee9e",
          "schema_version": 1,
          "attributes": {
            "arn": "arn:aws:ec2:us-east-2:891377163278:security-group/sg-06ad93d82c1ffd7ac",
            "description": "Allow HTTP and HTTPS for WEP ALB Only",
            "egress": [
              {
                "cidr_blocks": [
                  "0.0.0.0/0"
                ],
                "description": "",
                "from_port": 0,
                "ipv6_cidr_blocks": [],
                "prefix_list_ids": [],
                "protocol": "-1",
                "security_groups": [],
                "self": false,
                "to_port": 0
              }
            ],
            "id": "sg-06ad93d82c1ffd7ac",
            "ingress": [
              {
                "cidr_blocks": [],
                "description": "",
                "from_port": 443,
                "ipv6_cidr_blocks": [],
                "prefix_list_ids": [],
                "protocol": "tcp",
                "security_groups": [
                  "sg-0c7770573683ae820"
                ],
                "self": false,
                "to_port": 443
              },
              {
                "cidr_blocks": [],
                "description": "",
                "from_port": 80,
                "ipv6_cidr_blocks": [],
                "prefix_list_ids": [],
                "protocol": "tcp",
                "security_groups": [
                  "sg-0c7770573683ae820"
                ],
                "self": false,
                "to_port": 80
              }
            ],
            "name": "terraform-20240503054305561400000002",
            "name_prefix": "terraform-",
            "owner_id": "891377163278",
            "revoke_rules_on_delete": false,
            "tags": {
              "Name": "kdt-web-sg"
            },
            "tags_all": {
              "Name": "kdt-web-sg"
            },
            "timeouts": null,
            "vpc_id": "vpc-024c1e2f17945a9cd"
          },
          "sensitive_attributes": [],
          "private": "eyJlMmJmYjczMC1lY2FhLTExZTYtOGY4OC0zNDM2M2JjN2M0YzAiOnsiY3JlYXRlIjo2MDAwMDAwMDAwMDAsImRlbGV0ZSI6OTAwMDAwMDAwMDAwfSwic2NoZW1hX3ZlcnNpb24iOiIxIn0=",
          "dependencies": [
            "module.security-group.aws_security_group.alb-sg",
            "module.security-group.data.aws_vpc.vpc",
            "module.vpc.aws_eip.eip1",
            "module.vpc.aws_eip.eip2",
            "module.vpc.aws_internet_gateway.igw",
            "module.vpc.aws_nat_gateway.ngw1",
            "module.vpc.aws_nat_gateway.ngw2",
            "module.vpc.aws_route_table.db-rt1",
            "module.vpc.aws_route_table.db-rt2",
            "module.vpc.aws_route_table.private-rt1",
            "module.vpc.aws_route_table.private-rt2",
            "module.vpc.aws_route_table.public-rt",
            "module.vpc.aws_route_table_association.db-rt-association1",
            "module.vpc.aws_route_table_association.db-rt-association2",
            "module.vpc.aws_route_table_association.private-rt-association1",
            "module.vpc.aws_route_table_association.private-rt-association2",
            "module.vpc.aws_route_table_association.public-rt-association1",
            "module.vpc.aws_route_table_association.public-rt-association2",
            "module.vpc.aws_subnet.db-subnet1",
            "module.vpc.aws_subnet.db-subnet2",
            "module.vpc.aws_subnet.private-subnet1",
            "module.vpc.aws_subnet.private-subnet2",
            "module.vpc.aws_subnet.public-subnet1",
            "module.vpc.aws_subnet.public-subnet2",
            "module.vpc.aws_vpc.vpc",
            "module.vpc.data.aws_availability_zones.azs"
          ],
          "create_before_destroy": true
        }
      ]
    },
    {
      "module": "module.vpc",
      "mode": "data",
      "type": "aws_availability_zones",
      "name": "azs",
      "provider": "provider[\"registry.terraform.io/hashicorp/aws\"]",
      "instances": [
        {
          "schema_version": 0,
          "attributes": {
            "all_availability_zones": null,
            "exclude_names": null,
            "exclude_zone_ids": null,
            "filter": [
              {
                "name": "opt-in-status",
                "values": [
                  "opt-in-not-required"
                ]
              }
            ],
            "group_names": [
              "us-east-2"
            ],
            "id": "us-east-2",
            "names": [
              "us-east-2a",
              "us-east-2b",
              "us-east-2c"
            ],
            "state": null,
            "timeouts": null,
            "zone_ids": [
              "use2-az1",
              "use2-az2",
              "use2-az3"
            ]
          },
          "sensitive_attributes": []
        }
      ]
    },
    {
      "module": "module.vpc",
      "mode": "managed",
      "type": "aws_eip",
      "name": "eip1",
      "provider": "provider[\"registry.terraform.io/hashicorp/aws\"]",
      "instances": [
        {
          "schema_version": 0,
          "attributes": {
            "address": null,
            "allocation_id": "eipalloc-0bb91dcb60211ecf9",
            "associate_with_private_ip": null,
            "association_id": "eipassoc-063cacde383f7d3fc",
            "carrier_ip": "",
            "customer_owned_ip": "",
            "customer_owned_ipv4_pool": "",
            "domain": "vpc",
            "id": "eipalloc-0bb91dcb60211ecf9",
            "instance": "",
            "network_border_group": "us-east-2",
            "network_interface": "eni-0cb05875ca6bc6303",
            "private_dns": "ip-10-50-0-241.us-east-2.compute.internal",
            "private_ip": "10.50.0.241",
            "ptr_record": "",
            "public_dns": "ec2-3-136-131-255.us-east-2.compute.amazonaws.com",
            "public_ip": "3.136.131.255",
            "public_ipv4_pool": "amazon",
            "tags": {
              "Name": "kdt-Elastic-IP1"
            },
            "tags_all": {
              "Name": "kdt-Elastic-IP1"
            },
            "timeouts": null,
            "vpc": true
          },
          "sensitive_attributes": [],
          "private": "eyJlMmJmYjczMC1lY2FhLTExZTYtOGY4OC0zNDM2M2JjN2M0YzAiOnsiZGVsZXRlIjoxODAwMDAwMDAwMDAsInJlYWQiOjkwMDAwMDAwMDAwMCwidXBkYXRlIjozMDAwMDAwMDAwMDB9fQ==",
          "dependencies": [
            "module.vpc.aws_internet_gateway.igw",
            "module.vpc.aws_subnet.db-subnet1",
            "module.vpc.aws_subnet.db-subnet2",
            "module.vpc.aws_subnet.private-subnet1",
            "module.vpc.aws_subnet.private-subnet2",
            "module.vpc.aws_subnet.public-subnet1",
            "module.vpc.aws_subnet.public-subnet2",
            "module.vpc.aws_vpc.vpc",
            "module.vpc.data.aws_availability_zones.azs"
          ],
          "create_before_destroy": true
        }
      ]
    },
    {
      "module": "module.vpc",
      "mode": "managed",
      "type": "aws_eip",
      "name": "eip2",
      "provider": "provider[\"registry.terraform.io/hashicorp/aws\"]",
      "instances": [
        {
          "schema_version": 0,
          "attributes": {
            "address": null,
            "allocation_id": "eipalloc-085f6f03f8166dd3b",
            "associate_with_private_ip": null,
            "association_id": "eipassoc-00e2d44241e8d6c2d",
            "carrier_ip": "",
            "customer_owned_ip": "",
            "customer_owned_ipv4_pool": "",
            "domain": "vpc",
            "id": "eipalloc-085f6f03f8166dd3b",
            "instance": "",
            "network_border_group": "us-east-2",
            "network_interface": "eni-0fac357a3aad50c3b",
            "private_dns": "ip-10-50-1-27.us-east-2.compute.internal",
            "private_ip": "10.50.1.27",
            "ptr_record": "",
            "public_dns": "ec2-13-58-120-63.us-east-2.compute.amazonaws.com",
            "public_ip": "13.58.120.63",
            "public_ipv4_pool": "amazon",
            "tags": {
              "Name": "kdt-Elastic-IP2"
            },
            "tags_all": {
              "Name": "kdt-Elastic-IP2"
            },
            "timeouts": null,
            "vpc": true
          },
          "sensitive_attributes": [],
          "private": "eyJlMmJmYjczMC1lY2FhLTExZTYtOGY4OC0zNDM2M2JjN2M0YzAiOnsiZGVsZXRlIjoxODAwMDAwMDAwMDAsInJlYWQiOjkwMDAwMDAwMDAwMCwidXBkYXRlIjozMDAwMDAwMDAwMDB9fQ==",
          "dependencies": [
            "module.vpc.aws_eip.eip1",
            "module.vpc.aws_internet_gateway.igw",
            "module.vpc.aws_subnet.db-subnet1",
            "module.vpc.aws_subnet.db-subnet2",
            "module.vpc.aws_subnet.private-subnet1",
            "module.vpc.aws_subnet.private-subnet2",
            "module.vpc.aws_subnet.public-subnet1",
            "module.vpc.aws_subnet.public-subnet2",
            "module.vpc.aws_vpc.vpc",
            "module.vpc.data.aws_availability_zones.azs"
          ],
          "create_before_destroy": true
        }
      ]
    },
    {
      "module": "module.vpc",
      "mode": "managed",
      "type": "aws_internet_gateway",
      "name": "igw",
      "provider": "provider[\"registry.terraform.io/hashicorp/aws\"]",
      "instances": [
        {
          "schema_version": 0,
          "attributes": {
            "arn": "arn:aws:ec2:us-east-2:891377163278:internet-gateway/igw-0285fa487c636e198",
            "id": "igw-0285fa487c636e198",
            "owner_id": "891377163278",
            "tags": {
              "Name": "kdt-Interet-Gateway"
            },
            "tags_all": {
              "Name": "kdt-Interet-Gateway"
            },
            "timeouts": null,
            "vpc_id": "vpc-024c1e2f17945a9cd"
          },
          "sensitive_attributes": [],
          "private": "eyJlMmJmYjczMC1lY2FhLTExZTYtOGY4OC0zNDM2M2JjN2M0YzAiOnsiY3JlYXRlIjoxMjAwMDAwMDAwMDAwLCJkZWxldGUiOjEyMDAwMDAwMDAwMDAsInVwZGF0ZSI6MTIwMDAwMDAwMDAwMH19",
          "dependencies": [
            "module.vpc.aws_vpc.vpc"
          ],
          "create_before_destroy": true
        }
      ]
    },
    {
      "module": "module.vpc",
      "mode": "managed",
      "type": "aws_nat_gateway",
      "name": "ngw1",
      "provider": "provider[\"registry.terraform.io/hashicorp/aws\"]",
      "instances": [
        {
          "schema_version": 0,
          "attributes": {
            "allocation_id": "eipalloc-0bb91dcb60211ecf9",
            "association_id": "eipassoc-063cacde383f7d3fc",
            "connectivity_type": "public",
            "id": "nat-03308dd65ef6dcf19",
            "network_interface_id": "eni-0cb05875ca6bc6303",
            "private_ip": "10.50.0.241",
            "public_ip": "3.136.131.255",
            "secondary_allocation_ids": [],
            "secondary_private_ip_address_count": 0,
            "secondary_private_ip_addresses": [],
            "subnet_id": "subnet-02705a7a0394b1577",
            "tags": {
              "Name": "kdt-NAT1"
            },
            "tags_all": {
              "Name": "kdt-NAT1"
            },
            "timeouts": null
          },
          "sensitive_attributes": [],
          "private": "eyJlMmJmYjczMC1lY2FhLTExZTYtOGY4OC0zNDM2M2JjN2M0YzAiOnsiY3JlYXRlIjo2MDAwMDAwMDAwMDAsImRlbGV0ZSI6MTgwMDAwMDAwMDAwMCwidXBkYXRlIjo2MDAwMDAwMDAwMDB9fQ==",
          "dependencies": [
            "module.vpc.aws_eip.eip1",
            "module.vpc.aws_eip.eip2",
            "module.vpc.aws_internet_gateway.igw",
            "module.vpc.aws_subnet.db-subnet1",
            "module.vpc.aws_subnet.db-subnet2",
            "module.vpc.aws_subnet.private-subnet1",
            "module.vpc.aws_subnet.private-subnet2",
            "module.vpc.aws_subnet.public-subnet1",
            "module.vpc.aws_subnet.public-subnet2",
            "module.vpc.aws_vpc.vpc",
            "module.vpc.data.aws_availability_zones.azs"
          ],
          "create_before_destroy": true
        }
      ]
    },
    {
      "module": "module.vpc",
      "mode": "managed",
      "type": "aws_nat_gateway",
      "name": "ngw2",
      "provider": "provider[\"registry.terraform.io/hashicorp/aws\"]",
      "instances": [
        {
          "schema_version": 0,
          "attributes": {
            "allocation_id": "eipalloc-085f6f03f8166dd3b",
            "association_id": "eipassoc-00e2d44241e8d6c2d",
            "connectivity_type": "public",
            "id": "nat-0f937a8c52e983c1a",
            "network_interface_id": "eni-0fac357a3aad50c3b",
            "private_ip": "10.50.1.27",
            "public_ip": "13.58.120.63",
            "secondary_allocation_ids": [],
            "secondary_private_ip_address_count": 0,
            "secondary_private_ip_addresses": [],
            "subnet_id": "subnet-072a878a85fbc4684",
            "tags": {
              "Name": "kdt-NAT2"
            },
            "tags_all": {
              "Name": "kdt-NAT2"
            },
            "timeouts": null
          },
          "sensitive_attributes": [],
          "private": "eyJlMmJmYjczMC1lY2FhLTExZTYtOGY4OC0zNDM2M2JjN2M0YzAiOnsiY3JlYXRlIjo2MDAwMDAwMDAwMDAsImRlbGV0ZSI6MTgwMDAwMDAwMDAwMCwidXBkYXRlIjo2MDAwMDAwMDAwMDB9fQ==",
          "dependencies": [
            "module.vpc.aws_eip.eip1",
            "module.vpc.aws_eip.eip2",
            "module.vpc.aws_internet_gateway.igw",
            "module.vpc.aws_nat_gateway.ngw1",
            "module.vpc.aws_subnet.db-subnet1",
            "module.vpc.aws_subnet.db-subnet2",
            "module.vpc.aws_subnet.private-subnet1",
            "module.vpc.aws_subnet.private-subnet2",
            "module.vpc.aws_subnet.public-subnet1",
            "module.vpc.aws_subnet.public-subnet2",
            "module.vpc.aws_vpc.vpc",
            "module.vpc.data.aws_availability_zones.azs"
          ],
          "create_before_destroy": true
        }
      ]
    },
    {
      "module": "module.vpc",
      "mode": "managed",
      "type": "aws_route_table",
      "name": "db-rt1",
      "provider": "provider[\"registry.terraform.io/hashicorp/aws\"]",
      "instances": [
        {
          "schema_version": 0,
          "attributes": {
            "arn": "arn:aws:ec2:us-east-2:891377163278:route-table/rtb-0986679be6c467db2",
            "id": "rtb-0986679be6c467db2",
            "owner_id": "891377163278",
            "propagating_vgws": [],
            "route": [],
            "tags": {
              "Name": "kdt-DB-Route-table1"
            },
            "tags_all": {
              "Name": "kdt-DB-Route-table1"
            },
            "timeouts": null,
            "vpc_id": "vpc-024c1e2f17945a9cd"
          },
          "sensitive_attributes": [],
          "private": "eyJlMmJmYjczMC1lY2FhLTExZTYtOGY4OC0zNDM2M2JjN2M0YzAiOnsiY3JlYXRlIjozMDAwMDAwMDAwMDAsImRlbGV0ZSI6MzAwMDAwMDAwMDAwLCJ1cGRhdGUiOjEyMDAwMDAwMDAwMH19",
          "dependencies": [
            "module.vpc.aws_eip.eip1",
            "module.vpc.aws_eip.eip2",
            "module.vpc.aws_internet_gateway.igw",
            "module.vpc.aws_nat_gateway.ngw1",
            "module.vpc.aws_nat_gateway.ngw2",
            "module.vpc.aws_route_table.private-rt1",
            "module.vpc.aws_route_table.private-rt2",
            "module.vpc.aws_route_table.public-rt",
            "module.vpc.aws_route_table_association.private-rt-association1",
            "module.vpc.aws_route_table_association.private-rt-association2",
            "module.vpc.aws_route_table_association.public-rt-association2",
            "module.vpc.aws_subnet.db-subnet1",
            "module.vpc.aws_subnet.db-subnet2",
            "module.vpc.aws_subnet.private-subnet1",
            "module.vpc.aws_subnet.private-subnet2",
            "module.vpc.aws_subnet.public-subnet1",
            "module.vpc.aws_subnet.public-subnet2",
            "module.vpc.aws_vpc.vpc",
            "module.vpc.data.aws_availability_zones.azs"
          ],
          "create_before_destroy": true
        }
      ]
    },
    {
      "module": "module.vpc",
      "mode": "managed",
      "type": "aws_route_table",
      "name": "db-rt2",
      "provider": "provider[\"registry.terraform.io/hashicorp/aws\"]",
      "instances": [
        {
          "schema_version": 0,
          "attributes": {
            "arn": "arn:aws:ec2:us-east-2:891377163278:route-table/rtb-0cafdafedb2f3ee32",
            "id": "rtb-0cafdafedb2f3ee32",
            "owner_id": "891377163278",
            "propagating_vgws": [],
            "route": [],
            "tags": {
              "Name": "kdt-DB-Route-table2"
            },
            "tags_all": {
              "Name": "kdt-DB-Route-table2"
            },
            "timeouts": null,
            "vpc_id": "vpc-024c1e2f17945a9cd"
          },
          "sensitive_attributes": [],
          "private": "eyJlMmJmYjczMC1lY2FhLTExZTYtOGY4OC0zNDM2M2JjN2M0YzAiOnsiY3JlYXRlIjozMDAwMDAwMDAwMDAsImRlbGV0ZSI6MzAwMDAwMDAwMDAwLCJ1cGRhdGUiOjEyMDAwMDAwMDAwMH19",
          "dependencies": [
            "module.vpc.aws_eip.eip1",
            "module.vpc.aws_eip.eip2",
            "module.vpc.aws_internet_gateway.igw",
            "module.vpc.aws_nat_gateway.ngw1",
            "module.vpc.aws_nat_gateway.ngw2",
            "module.vpc.aws_route_table.private-rt1",
            "module.vpc.aws_route_table.public-rt",
            "module.vpc.aws_route_table_association.private-rt-association1",
            "module.vpc.aws_route_table_association.public-rt-association2",
            "module.vpc.aws_subnet.db-subnet1",
            "module.vpc.aws_subnet.db-subnet2",
            "module.vpc.aws_subnet.private-subnet1",
            "module.vpc.aws_subnet.private-subnet2",
            "module.vpc.aws_subnet.public-subnet1",
            "module.vpc.aws_subnet.public-subnet2",
            "module.vpc.aws_vpc.vpc",
            "module.vpc.data.aws_availability_zones.azs"
          ],
          "create_before_destroy": true
        }
      ]
    },
    {
      "module": "module.vpc",
      "mode": "managed",
      "type": "aws_route_table",
      "name": "private-rt1",
      "provider": "provider[\"registry.terraform.io/hashicorp/aws\"]",
      "instances": [
        {
          "schema_version": 0,
          "attributes": {
            "arn": "arn:aws:ec2:us-east-2:891377163278:route-table/rtb-04f6bcf5af245fd9a",
            "id": "rtb-04f6bcf5af245fd9a",
            "owner_id": "891377163278",
            "propagating_vgws": [],
            "route": [
              {
                "carrier_gateway_id": "",
                "cidr_block": "0.0.0.0/0",
                "core_network_arn": "",
                "destination_prefix_list_id": "",
                "egress_only_gateway_id": "",
                "gateway_id": "nat-03308dd65ef6dcf19",
                "ipv6_cidr_block": "",
                "local_gateway_id": "",
                "nat_gateway_id": "",
                "network_interface_id": "",
                "transit_gateway_id": "",
                "vpc_endpoint_id": "",
                "vpc_peering_connection_id": ""
              }
            ],
            "tags": {
              "Name": "kdt-Private-Route-table1"
            },
            "tags_all": {
              "Name": "kdt-Private-Route-table1"
            },
            "timeouts": null,
            "vpc_id": "vpc-024c1e2f17945a9cd"
          },
          "sensitive_attributes": [],
          "private": "eyJlMmJmYjczMC1lY2FhLTExZTYtOGY4OC0zNDM2M2JjN2M0YzAiOnsiY3JlYXRlIjozMDAwMDAwMDAwMDAsImRlbGV0ZSI6MzAwMDAwMDAwMDAwLCJ1cGRhdGUiOjEyMDAwMDAwMDAwMH19",
          "dependencies": [
            "module.vpc.aws_eip.eip1",
            "module.vpc.aws_eip.eip2",
            "module.vpc.aws_internet_gateway.igw",
            "module.vpc.aws_nat_gateway.ngw1",
            "module.vpc.aws_nat_gateway.ngw2",
            "module.vpc.aws_route_table.public-rt",
            "module.vpc.aws_route_table_association.public-rt-association2",
            "module.vpc.aws_subnet.db-subnet1",
            "module.vpc.aws_subnet.db-subnet2",
            "module.vpc.aws_subnet.private-subnet1",
            "module.vpc.aws_subnet.private-subnet2",
            "module.vpc.aws_subnet.public-subnet1",
            "module.vpc.aws_subnet.public-subnet2",
            "module.vpc.aws_vpc.vpc",
            "module.vpc.data.aws_availability_zones.azs"
          ],
          "create_before_destroy": true
        }
      ]
    },
    {
      "module": "module.vpc",
      "mode": "managed",
      "type": "aws_route_table",
      "name": "private-rt2",
      "provider": "provider[\"registry.terraform.io/hashicorp/aws\"]",
      "instances": [
        {
          "schema_version": 0,
          "attributes": {
            "arn": "arn:aws:ec2:us-east-2:891377163278:route-table/rtb-0043018a5673293d9",
            "id": "rtb-0043018a5673293d9",
            "owner_id": "891377163278",
            "propagating_vgws": [],
            "route": [
              {
                "carrier_gateway_id": "",
                "cidr_block": "0.0.0.0/0",
                "core_network_arn": "",
                "destination_prefix_list_id": "",
                "egress_only_gateway_id": "",
                "gateway_id": "nat-0f937a8c52e983c1a",
                "ipv6_cidr_block": "",
                "local_gateway_id": "",
                "nat_gateway_id": "",
                "network_interface_id": "",
                "transit_gateway_id": "",
                "vpc_endpoint_id": "",
                "vpc_peering_connection_id": ""
              }
            ],
            "tags": {
              "Name": "kdt-Private-Route-table2"
            },
            "tags_all": {
              "Name": "kdt-Private-Route-table2"
            },
            "timeouts": null,
            "vpc_id": "vpc-024c1e2f17945a9cd"
          },
          "sensitive_attributes": [],
          "private": "eyJlMmJmYjczMC1lY2FhLTExZTYtOGY4OC0zNDM2M2JjN2M0YzAiOnsiY3JlYXRlIjozMDAwMDAwMDAwMDAsImRlbGV0ZSI6MzAwMDAwMDAwMDAwLCJ1cGRhdGUiOjEyMDAwMDAwMDAwMH19",
          "dependencies": [
            "module.vpc.aws_eip.eip1",
            "module.vpc.aws_eip.eip2",
            "module.vpc.aws_internet_gateway.igw",
            "module.vpc.aws_nat_gateway.ngw1",
            "module.vpc.aws_nat_gateway.ngw2",
            "module.vpc.aws_route_table.private-rt1",
            "module.vpc.aws_route_table.public-rt",
            "module.vpc.aws_route_table_association.private-rt-association1",
            "module.vpc.aws_route_table_association.public-rt-association2",
            "module.vpc.aws_subnet.db-subnet1",
            "module.vpc.aws_subnet.db-subnet2",
            "module.vpc.aws_subnet.private-subnet1",
            "module.vpc.aws_subnet.private-subnet2",
            "module.vpc.aws_subnet.public-subnet1",
            "module.vpc.aws_subnet.public-subnet2",
            "module.vpc.aws_vpc.vpc",
            "module.vpc.data.aws_availability_zones.azs"
          ],
          "create_before_destroy": true
        }
      ]
    },
    {
      "module": "module.vpc",
      "mode": "managed",
      "type": "aws_route_table",
      "name": "public-rt",
      "provider": "provider[\"registry.terraform.io/hashicorp/aws\"]",
      "instances": [
        {
          "schema_version": 0,
          "attributes": {
            "arn": "arn:aws:ec2:us-east-2:891377163278:route-table/rtb-04a1fec46bc4fe96d",
            "id": "rtb-04a1fec46bc4fe96d",
            "owner_id": "891377163278",
            "propagating_vgws": [],
            "route": [
              {
                "carrier_gateway_id": "",
                "cidr_block": "0.0.0.0/0",
                "core_network_arn": "",
                "destination_prefix_list_id": "",
                "egress_only_gateway_id": "",
                "gateway_id": "igw-0285fa487c636e198",
                "ipv6_cidr_block": "",
                "local_gateway_id": "",
                "nat_gateway_id": "",
                "network_interface_id": "",
                "transit_gateway_id": "",
                "vpc_endpoint_id": "",
                "vpc_peering_connection_id": ""
              }
            ],
            "tags": {
              "Name": "kdt-Public-Route-table"
            },
            "tags_all": {
              "Name": "kdt-Public-Route-table"
            },
            "timeouts": null,
            "vpc_id": "vpc-024c1e2f17945a9cd"
          },
          "sensitive_attributes": [],
          "private": "eyJlMmJmYjczMC1lY2FhLTExZTYtOGY4OC0zNDM2M2JjN2M0YzAiOnsiY3JlYXRlIjozMDAwMDAwMDAwMDAsImRlbGV0ZSI6MzAwMDAwMDAwMDAwLCJ1cGRhdGUiOjEyMDAwMDAwMDAwMH19",
          "dependencies": [
            "module.vpc.aws_eip.eip1",
            "module.vpc.aws_eip.eip2",
            "module.vpc.aws_internet_gateway.igw",
            "module.vpc.aws_nat_gateway.ngw1",
            "module.vpc.aws_nat_gateway.ngw2",
            "module.vpc.aws_subnet.db-subnet1",
            "module.vpc.aws_subnet.db-subnet2",
            "module.vpc.aws_subnet.private-subnet1",
            "module.vpc.aws_subnet.private-subnet2",
            "module.vpc.aws_subnet.public-subnet1",
            "module.vpc.aws_subnet.public-subnet2",
            "module.vpc.aws_vpc.vpc",
            "module.vpc.data.aws_availability_zones.azs"
          ],
          "create_before_destroy": true
        }
      ]
    },
    {
      "module": "module.vpc",
      "mode": "managed",
      "type": "aws_route_table_association",
      "name": "db-rt-association1",
      "provider": "provider[\"registry.terraform.io/hashicorp/aws\"]",
      "instances": [
        {
          "schema_version": 0,
          "attributes": {
            "gateway_id": "",
            "id": "rtbassoc-018121cbe9a58ecba",
            "route_table_id": "rtb-0986679be6c467db2",
            "subnet_id": "subnet-08a2904e96eb87ce0",
            "timeouts": null
          },
          "sensitive_attributes": [],
          "private": "eyJlMmJmYjczMC1lY2FhLTExZTYtOGY4OC0zNDM2M2JjN2M0YzAiOnsiY3JlYXRlIjozMDAwMDAwMDAwMDAsImRlbGV0ZSI6MzAwMDAwMDAwMDAwLCJ1cGRhdGUiOjEyMDAwMDAwMDAwMH19",
          "dependencies": [
            "module.vpc.aws_eip.eip1",
            "module.vpc.aws_eip.eip2",
            "module.vpc.aws_internet_gateway.igw",
            "module.vpc.aws_nat_gateway.ngw1",
            "module.vpc.aws_nat_gateway.ngw2",
            "module.vpc.aws_route_table.db-rt1",
            "module.vpc.aws_route_table.private-rt1",
            "module.vpc.aws_route_table.private-rt2",
            "module.vpc.aws_route_table.public-rt",
            "module.vpc.aws_route_table_association.private-rt-association1",
            "module.vpc.aws_route_table_association.private-rt-association2",
            "module.vpc.aws_route_table_association.public-rt-association2",
            "module.vpc.aws_subnet.db-subnet1",
            "module.vpc.aws_subnet.db-subnet2",
            "module.vpc.aws_subnet.private-subnet1",
            "module.vpc.aws_subnet.private-subnet2",
            "module.vpc.aws_subnet.public-subnet1",
            "module.vpc.aws_subnet.public-subnet2",
            "module.vpc.aws_vpc.vpc",
            "module.vpc.data.aws_availability_zones.azs"
          ],
          "create_before_destroy": true
        }
      ]
    },
    {
      "module": "module.vpc",
      "mode": "managed",
      "type": "aws_route_table_association",
      "name": "db-rt-association2",
      "provider": "provider[\"registry.terraform.io/hashicorp/aws\"]",
      "instances": [
        {
          "schema_version": 0,
          "attributes": {
            "gateway_id": "",
            "id": "rtbassoc-031c5e24ec67ae6ff",
            "route_table_id": "rtb-0cafdafedb2f3ee32",
            "subnet_id": "subnet-01719b43f33a77ae7",
            "timeouts": null
          },
          "sensitive_attributes": [],
          "private": "eyJlMmJmYjczMC1lY2FhLTExZTYtOGY4OC0zNDM2M2JjN2M0YzAiOnsiY3JlYXRlIjozMDAwMDAwMDAwMDAsImRlbGV0ZSI6MzAwMDAwMDAwMDAwLCJ1cGRhdGUiOjEyMDAwMDAwMDAwMH19",
          "dependencies": [
            "module.vpc.aws_eip.eip1",
            "module.vpc.aws_eip.eip2",
            "module.vpc.aws_internet_gateway.igw",
            "module.vpc.aws_nat_gateway.ngw1",
            "module.vpc.aws_nat_gateway.ngw2",
            "module.vpc.aws_route_table.db-rt2",
            "module.vpc.aws_route_table.private-rt1",
            "module.vpc.aws_route_table.public-rt",
            "module.vpc.aws_route_table_association.private-rt-association1",
            "module.vpc.aws_route_table_association.public-rt-association2",
            "module.vpc.aws_subnet.db-subnet1",
            "module.vpc.aws_subnet.db-subnet2",
            "module.vpc.aws_subnet.private-subnet1",
            "module.vpc.aws_subnet.private-subnet2",
            "module.vpc.aws_subnet.public-subnet1",
            "module.vpc.aws_subnet.public-subnet2",
            "module.vpc.aws_vpc.vpc",
            "module.vpc.data.aws_availability_zones.azs"
          ],
          "create_before_destroy": true
        }
      ]
    },
    {
      "module": "module.vpc",
      "mode": "managed",
      "type": "aws_route_table_association",
      "name": "private-rt-association1",
      "provider": "provider[\"registry.terraform.io/hashicorp/aws\"]",
      "instances": [
        {
          "schema_version": 0,
          "attributes": {
            "gateway_id": "",
            "id": "rtbassoc-0b7b26828ee36690b",
            "route_table_id": "rtb-04f6bcf5af245fd9a",
            "subnet_id": "subnet-07f2063fa7eb3e2cc",
            "timeouts": null
          },
          "sensitive_attributes": [],
          "private": "eyJlMmJmYjczMC1lY2FhLTExZTYtOGY4OC0zNDM2M2JjN2M0YzAiOnsiY3JlYXRlIjozMDAwMDAwMDAwMDAsImRlbGV0ZSI6MzAwMDAwMDAwMDAwLCJ1cGRhdGUiOjEyMDAwMDAwMDAwMH19",
          "dependencies": [
            "module.vpc.aws_eip.eip1",
            "module.vpc.aws_eip.eip2",
            "module.vpc.aws_internet_gateway.igw",
            "module.vpc.aws_nat_gateway.ngw1",
            "module.vpc.aws_nat_gateway.ngw2",
            "module.vpc.aws_route_table.private-rt1",
            "module.vpc.aws_route_table.public-rt",
            "module.vpc.aws_route_table_association.public-rt-association2",
            "module.vpc.aws_subnet.db-subnet1",
            "module.vpc.aws_subnet.db-subnet2",
            "module.vpc.aws_subnet.private-subnet1",
            "module.vpc.aws_subnet.private-subnet2",
            "module.vpc.aws_subnet.public-subnet1",
            "module.vpc.aws_subnet.public-subnet2",
            "module.vpc.aws_vpc.vpc",
            "module.vpc.data.aws_availability_zones.azs"
          ],
          "create_before_destroy": true
        }
      ]
    },
    {
      "module": "module.vpc",
      "mode": "managed",
      "type": "aws_route_table_association",
      "name": "private-rt-association2",
      "provider": "provider[\"registry.terraform.io/hashicorp/aws\"]",
      "instances": [
        {
          "schema_version": 0,
          "attributes": {
            "gateway_id": "",
            "id": "rtbassoc-0bac30c3c3883b07b",
            "route_table_id": "rtb-0043018a5673293d9",
            "subnet_id": "subnet-0e8dd64e99a6dff32",
            "timeouts": null
          },
          "sensitive_attributes": [],
          "private": "eyJlMmJmYjczMC1lY2FhLTExZTYtOGY4OC0zNDM2M2JjN2M0YzAiOnsiY3JlYXRlIjozMDAwMDAwMDAwMDAsImRlbGV0ZSI6MzAwMDAwMDAwMDAwLCJ1cGRhdGUiOjEyMDAwMDAwMDAwMH19",
          "dependencies": [
            "module.vpc.aws_eip.eip1",
            "module.vpc.aws_eip.eip2",
            "module.vpc.aws_internet_gateway.igw",
            "module.vpc.aws_nat_gateway.ngw1",
            "module.vpc.aws_nat_gateway.ngw2",
            "module.vpc.aws_route_table.private-rt1",
            "module.vpc.aws_route_table.private-rt2",
            "module.vpc.aws_route_table.public-rt",
            "module.vpc.aws_route_table_association.private-rt-association1",
            "module.vpc.aws_route_table_association.public-rt-association2",
            "module.vpc.aws_subnet.db-subnet1",
            "module.vpc.aws_subnet.db-subnet2",
            "module.vpc.aws_subnet.private-subnet1",
            "module.vpc.aws_subnet.private-subnet2",
            "module.vpc.aws_subnet.public-subnet1",
            "module.vpc.aws_subnet.public-subnet2",
            "module.vpc.aws_vpc.vpc",
            "module.vpc.data.aws_availability_zones.azs"
          ],
          "create_before_destroy": true
        }
      ]
    },
    {
      "module": "module.vpc",
      "mode": "managed",
      "type": "aws_route_table_association",
      "name": "public-rt-association1",
      "provider": "provider[\"registry.terraform.io/hashicorp/aws\"]",
      "instances": [
        {
          "schema_version": 0,
          "attributes": {
            "gateway_id": "",
            "id": "rtbassoc-0adeaa6dd7e2c9db6",
            "route_table_id": "rtb-04a1fec46bc4fe96d",
            "subnet_id": "subnet-02705a7a0394b1577",
            "timeouts": null
          },
          "sensitive_attributes": [],
          "private": "eyJlMmJmYjczMC1lY2FhLTExZTYtOGY4OC0zNDM2M2JjN2M0YzAiOnsiY3JlYXRlIjozMDAwMDAwMDAwMDAsImRlbGV0ZSI6MzAwMDAwMDAwMDAwLCJ1cGRhdGUiOjEyMDAwMDAwMDAwMH19",
          "dependencies": [
            "module.vpc.aws_eip.eip1",
            "module.vpc.aws_eip.eip2",
            "module.vpc.aws_internet_gateway.igw",
            "module.vpc.aws_nat_gateway.ngw1",
            "module.vpc.aws_nat_gateway.ngw2",
            "module.vpc.aws_route_table.public-rt",
            "module.vpc.aws_subnet.db-subnet1",
            "module.vpc.aws_subnet.db-subnet2",
            "module.vpc.aws_subnet.private-subnet1",
            "module.vpc.aws_subnet.private-subnet2",
            "module.vpc.aws_subnet.public-subnet1",
            "module.vpc.aws_subnet.public-subnet2",
            "module.vpc.aws_vpc.vpc",
            "module.vpc.data.aws_availability_zones.azs"
          ],
          "create_before_destroy": true
        }
      ]
    },
    {
      "module": "module.vpc",
      "mode": "managed",
      "type": "aws_route_table_association",
      "name": "public-rt-association2",
      "provider": "provider[\"registry.terraform.io/hashicorp/aws\"]",
      "instances": [
        {
          "schema_version": 0,
          "attributes": {
            "gateway_id": "",
            "id": "rtbassoc-01af991e5f8572fab",
            "route_table_id": "rtb-04a1fec46bc4fe96d",
            "subnet_id": "subnet-072a878a85fbc4684",
            "timeouts": null
          },
          "sensitive_attributes": [],
          "private": "eyJlMmJmYjczMC1lY2FhLTExZTYtOGY4OC0zNDM2M2JjN2M0YzAiOnsiY3JlYXRlIjozMDAwMDAwMDAwMDAsImRlbGV0ZSI6MzAwMDAwMDAwMDAwLCJ1cGRhdGUiOjEyMDAwMDAwMDAwMH19",
          "dependencies": [
            "module.vpc.aws_eip.eip1",
            "module.vpc.aws_eip.eip2",
            "module.vpc.aws_internet_gateway.igw",
            "module.vpc.aws_nat_gateway.ngw1",
            "module.vpc.aws_nat_gateway.ngw2",
            "module.vpc.aws_route_table.public-rt",
            "module.vpc.aws_subnet.db-subnet1",
            "module.vpc.aws_subnet.db-subnet2",
            "module.vpc.aws_subnet.private-subnet1",
            "module.vpc.aws_subnet.private-subnet2",
            "module.vpc.aws_subnet.public-subnet1",
            "module.vpc.aws_subnet.public-subnet2",
            "module.vpc.aws_vpc.vpc",
            "module.vpc.data.aws_availability_zones.azs"
          ],
          "create_before_destroy": true
        }
      ]
    },
    {
      "module": "module.vpc",
      "mode": "managed",
      "type": "aws_subnet",
      "name": "db-subnet1",
      "provider": "provider[\"registry.terraform.io/hashicorp/aws\"]",
      "instances": [
        {
          "schema_version": 1,
          "attributes": {
            "arn": "arn:aws:ec2:us-east-2:891377163278:subnet/subnet-08a2904e96eb87ce0",
            "assign_ipv6_address_on_creation": false,
            "availability_zone": "us-east-2a",
            "availability_zone_id": "use2-az1",
            "cidr_block": "10.50.20.0/24",
            "customer_owned_ipv4_pool": "",
            "enable_dns64": false,
            "enable_lni_at_device_index": 0,
            "enable_resource_name_dns_a_record_on_launch": false,
            "enable_resource_name_dns_aaaa_record_on_launch": false,
            "id": "subnet-08a2904e96eb87ce0",
            "ipv6_cidr_block": "",
            "ipv6_cidr_block_association_id": "",
            "ipv6_native": false,
            "map_customer_owned_ip_on_launch": false,
            "map_public_ip_on_launch": false,
            "outpost_arn": "",
            "owner_id": "891377163278",
            "private_dns_hostname_type_on_launch": "ip-name",
            "tags": {
              "Name": "kdt-DB-Subnet1"
            },
            "tags_all": {
              "Name": "kdt-DB-Subnet1"
            },
            "timeouts": null,
            "vpc_id": "vpc-024c1e2f17945a9cd"
          },
          "sensitive_attributes": [],
          "private": "eyJlMmJmYjczMC1lY2FhLTExZTYtOGY4OC0zNDM2M2JjN2M0YzAiOnsiY3JlYXRlIjo2MDAwMDAwMDAwMDAsImRlbGV0ZSI6MTIwMDAwMDAwMDAwMH0sInNjaGVtYV92ZXJzaW9uIjoiMSJ9",
          "dependencies": [
            "module.vpc.aws_internet_gateway.igw",
            "module.vpc.aws_subnet.private-subnet1",
            "module.vpc.aws_subnet.private-subnet2",
            "module.vpc.aws_subnet.public-subnet1",
            "module.vpc.aws_subnet.public-subnet2",
            "module.vpc.aws_vpc.vpc",
            "module.vpc.data.aws_availability_zones.azs"
          ],
          "create_before_destroy": true
        }
      ]
    },
    {
      "module": "module.vpc",
      "mode": "managed",
      "type": "aws_subnet",
      "name": "db-subnet2",
      "provider": "provider[\"registry.terraform.io/hashicorp/aws\"]",
      "instances": [
        {
          "schema_version": 1,
          "attributes": {
            "arn": "arn:aws:ec2:us-east-2:891377163278:subnet/subnet-01719b43f33a77ae7",
            "assign_ipv6_address_on_creation": false,
            "availability_zone": "us-east-2b",
            "availability_zone_id": "use2-az2",
            "cidr_block": "10.50.21.0/24",
            "customer_owned_ipv4_pool": "",
            "enable_dns64": false,
            "enable_lni_at_device_index": 0,
            "enable_resource_name_dns_a_record_on_launch": false,
            "enable_resource_name_dns_aaaa_record_on_launch": false,
            "id": "subnet-01719b43f33a77ae7",
            "ipv6_cidr_block": "",
            "ipv6_cidr_block_association_id": "",
            "ipv6_native": false,
            "map_customer_owned_ip_on_launch": false,
            "map_public_ip_on_launch": false,
            "outpost_arn": "",
            "owner_id": "891377163278",
            "private_dns_hostname_type_on_launch": "ip-name",
            "tags": {
              "Name": "kdt-DB-Subnet2"
            },
            "tags_all": {
              "Name": "kdt-DB-Subnet2"
            },
            "timeouts": null,
            "vpc_id": "vpc-024c1e2f17945a9cd"
          },
          "sensitive_attributes": [],
          "private": "eyJlMmJmYjczMC1lY2FhLTExZTYtOGY4OC0zNDM2M2JjN2M0YzAiOnsiY3JlYXRlIjo2MDAwMDAwMDAwMDAsImRlbGV0ZSI6MTIwMDAwMDAwMDAwMH0sInNjaGVtYV92ZXJzaW9uIjoiMSJ9",
          "dependencies": [
            "module.vpc.aws_internet_gateway.igw",
            "module.vpc.aws_subnet.db-subnet1",
            "module.vpc.aws_subnet.private-subnet1",
            "module.vpc.aws_subnet.private-subnet2",
            "module.vpc.aws_subnet.public-subnet1",
            "module.vpc.aws_subnet.public-subnet2",
            "module.vpc.aws_vpc.vpc",
            "module.vpc.data.aws_availability_zones.azs"
          ],
          "create_before_destroy": true
        }
      ]
    },
    {
      "module": "module.vpc",
      "mode": "managed",
      "type": "aws_subnet",
      "name": "private-subnet1",
      "provider": "provider[\"registry.terraform.io/hashicorp/aws\"]",
      "instances": [
        {
          "schema_version": 1,
          "attributes": {
            "arn": "arn:aws:ec2:us-east-2:891377163278:subnet/subnet-07f2063fa7eb3e2cc",
            "assign_ipv6_address_on_creation": false,
            "availability_zone": "us-east-2a",
            "availability_zone_id": "use2-az1",
            "cidr_block": "10.50.4.0/22",
            "customer_owned_ipv4_pool": "",
            "enable_dns64": false,
            "enable_lni_at_device_index": 0,
            "enable_resource_name_dns_a_record_on_launch": false,
            "enable_resource_name_dns_aaaa_record_on_launch": false,
            "id": "subnet-07f2063fa7eb3e2cc",
            "ipv6_cidr_block": "",
            "ipv6_cidr_block_association_id": "",
            "ipv6_native": false,
            "map_customer_owned_ip_on_launch": false,
            "map_public_ip_on_launch": false,
            "outpost_arn": "",
            "owner_id": "891377163278",
            "private_dns_hostname_type_on_launch": "ip-name",
            "tags": {
              "Name": "kdt-Private-Subnet1"
            },
            "tags_all": {
              "Name": "kdt-Private-Subnet1"
            },
            "timeouts": null,
            "vpc_id": "vpc-024c1e2f17945a9cd"
          },
          "sensitive_attributes": [],
          "private": "eyJlMmJmYjczMC1lY2FhLTExZTYtOGY4OC0zNDM2M2JjN2M0YzAiOnsiY3JlYXRlIjo2MDAwMDAwMDAwMDAsImRlbGV0ZSI6MTIwMDAwMDAwMDAwMH0sInNjaGVtYV92ZXJzaW9uIjoiMSJ9",
          "dependencies": [
            "module.vpc.aws_internet_gateway.igw",
            "module.vpc.aws_subnet.public-subnet1",
            "module.vpc.aws_subnet.public-subnet2",
            "module.vpc.aws_vpc.vpc",
            "module.vpc.data.aws_availability_zones.azs"
          ],
          "create_before_destroy": true
        }
      ]
    },
    {
      "module": "module.vpc",
      "mode": "managed",
      "type": "aws_subnet",
      "name": "private-subnet2",
      "provider": "provider[\"registry.terraform.io/hashicorp/aws\"]",
      "instances": [
        {
          "schema_version": 1,
          "attributes": {
            "arn": "arn:aws:ec2:us-east-2:891377163278:subnet/subnet-0e8dd64e99a6dff32",
            "assign_ipv6_address_on_creation": false,
            "availability_zone": "us-east-2b",
            "availability_zone_id": "use2-az2",
            "cidr_block": "10.50.8.0/22",
            "customer_owned_ipv4_pool": "",
            "enable_dns64": false,
            "enable_lni_at_device_index": 0,
            "enable_resource_name_dns_a_record_on_launch": false,
            "enable_resource_name_dns_aaaa_record_on_launch": false,
            "id": "subnet-0e8dd64e99a6dff32",
            "ipv6_cidr_block": "",
            "ipv6_cidr_block_association_id": "",
            "ipv6_native": false,
            "map_customer_owned_ip_on_launch": false,
            "map_public_ip_on_launch": false,
            "outpost_arn": "",
            "owner_id": "891377163278",
            "private_dns_hostname_type_on_launch": "ip-name",
            "tags": {
              "Name": "kdt-Private-Subnet2"
            },
            "tags_all": {
              "Name": "kdt-Private-Subnet2"
            },
            "timeouts": null,
            "vpc_id": "vpc-024c1e2f17945a9cd"
          },
          "sensitive_attributes": [],
          "private": "eyJlMmJmYjczMC1lY2FhLTExZTYtOGY4OC0zNDM2M2JjN2M0YzAiOnsiY3JlYXRlIjo2MDAwMDAwMDAwMDAsImRlbGV0ZSI6MTIwMDAwMDAwMDAwMH0sInNjaGVtYV92ZXJzaW9uIjoiMSJ9",
          "dependencies": [
            "module.vpc.aws_internet_gateway.igw",
            "module.vpc.aws_subnet.private-subnet1",
            "module.vpc.aws_subnet.public-subnet1",
            "module.vpc.aws_subnet.public-subnet2",
            "module.vpc.aws_vpc.vpc",
            "module.vpc.data.aws_availability_zones.azs"
          ],
          "create_before_destroy": true
        }
      ]
    },
    {
      "module": "module.vpc",
      "mode": "managed",
      "type": "aws_subnet",
      "name": "public-subnet1",
      "provider": "provider[\"registry.terraform.io/hashicorp/aws\"]",
      "instances": [
        {
          "schema_version": 1,
          "attributes": {
            "arn": "arn:aws:ec2:us-east-2:891377163278:subnet/subnet-02705a7a0394b1577",
            "assign_ipv6_address_on_creation": false,
            "availability_zone": "us-east-2a",
            "availability_zone_id": "use2-az1",
            "cidr_block": "10.50.0.0/24",
            "customer_owned_ipv4_pool": "",
            "enable_dns64": false,
            "enable_lni_at_device_index": 0,
            "enable_resource_name_dns_a_record_on_launch": false,
            "enable_resource_name_dns_aaaa_record_on_launch": false,
            "id": "subnet-02705a7a0394b1577",
            "ipv6_cidr_block": "",
            "ipv6_cidr_block_association_id": "",
            "ipv6_native": false,
            "map_customer_owned_ip_on_launch": false,
            "map_public_ip_on_launch": true,
            "outpost_arn": "",
            "owner_id": "891377163278",
            "private_dns_hostname_type_on_launch": "ip-name",
            "tags": {
              "Name": "kdt-Public-Subnet1"
            },
            "tags_all": {
              "Name": "kdt-Public-Subnet1"
            },
            "timeouts": null,
            "vpc_id": "vpc-024c1e2f17945a9cd"
          },
          "sensitive_attributes": [],
          "private": "eyJlMmJmYjczMC1lY2FhLTExZTYtOGY4OC0zNDM2M2JjN2M0YzAiOnsiY3JlYXRlIjo2MDAwMDAwMDAwMDAsImRlbGV0ZSI6MTIwMDAwMDAwMDAwMH0sInNjaGVtYV92ZXJzaW9uIjoiMSJ9",
          "dependencies": [
            "module.vpc.aws_internet_gateway.igw",
            "module.vpc.aws_vpc.vpc",
            "module.vpc.data.aws_availability_zones.azs"
          ],
          "create_before_destroy": true
        }
      ]
    },
    {
      "module": "module.vpc",
      "mode": "managed",
      "type": "aws_subnet",
      "name": "public-subnet2",
      "provider": "provider[\"registry.terraform.io/hashicorp/aws\"]",
      "instances": [
        {
          "schema_version": 1,
          "attributes": {
            "arn": "arn:aws:ec2:us-east-2:891377163278:subnet/subnet-072a878a85fbc4684",
            "assign_ipv6_address_on_creation": false,
            "availability_zone": "us-east-2b",
            "availability_zone_id": "use2-az2",
            "cidr_block": "10.50.1.0/24",
            "customer_owned_ipv4_pool": "",
            "enable_dns64": false,
            "enable_lni_at_device_index": 0,
            "enable_resource_name_dns_a_record_on_launch": false,
            "enable_resource_name_dns_aaaa_record_on_launch": false,
            "id": "subnet-072a878a85fbc4684",
            "ipv6_cidr_block": "",
            "ipv6_cidr_block_association_id": "",
            "ipv6_native": false,
            "map_customer_owned_ip_on_launch": false,
            "map_public_ip_on_launch": true,
            "outpost_arn": "",
            "owner_id": "891377163278",
            "private_dns_hostname_type_on_launch": "ip-name",
            "tags": {
              "Name": "kdt-Public-Subnet2"
            },
            "tags_all": {
              "Name": "kdt-Public-Subnet2"
            },
            "timeouts": null,
            "vpc_id": "vpc-024c1e2f17945a9cd"
          },
          "sensitive_attributes": [],
          "private": "eyJlMmJmYjczMC1lY2FhLTExZTYtOGY4OC0zNDM2M2JjN2M0YzAiOnsiY3JlYXRlIjo2MDAwMDAwMDAwMDAsImRlbGV0ZSI6MTIwMDAwMDAwMDAwMH0sInNjaGVtYV92ZXJzaW9uIjoiMSJ9",
          "dependencies": [
            "module.vpc.aws_internet_gateway.igw",
            "module.vpc.aws_subnet.public-subnet1",
            "module.vpc.aws_vpc.vpc",
            "module.vpc.data.aws_availability_zones.azs"
          ],
          "create_before_destroy": true
        }
      ]
    },
    {
      "module": "module.vpc",
      "mode": "managed",
      "type": "aws_vpc",
      "name": "vpc",
      "provider": "provider[\"registry.terraform.io/hashicorp/aws\"]",
      "instances": [
        {
          "schema_version": 1,
          "attributes": {
            "arn": "arn:aws:ec2:us-east-2:891377163278:vpc/vpc-024c1e2f17945a9cd",
            "assign_generated_ipv6_cidr_block": false,
            "cidr_block": "10.50.0.0/16",
            "default_network_acl_id": "acl-0875c689c061ea81c",
            "default_route_table_id": "rtb-0ad9243dd993000c1",
            "default_security_group_id": "sg-06cb7fcfa7e3e5983",
            "dhcp_options_id": "dopt-0cab42d5410535950",
            "enable_dns_hostnames": true,
            "enable_dns_support": true,
            "enable_network_address_usage_metrics": false,
            "id": "vpc-024c1e2f17945a9cd",
            "instance_tenancy": "default",
            "ipv4_ipam_pool_id": null,
            "ipv4_netmask_length": null,
            "ipv6_association_id": "",
            "ipv6_cidr_block": "",
            "ipv6_cidr_block_network_border_group": "",
            "ipv6_ipam_pool_id": "",
            "ipv6_netmask_length": 0,
            "main_route_table_id": "rtb-0ad9243dd993000c1",
            "owner_id": "891377163278",
            "tags": {
              "Name": "kdt-VPC"
            },
            "tags_all": {
              "Name": "kdt-VPC"
            }
          },
          "sensitive_attributes": [],
          "private": "eyJzY2hlbWFfdmVyc2lvbiI6IjEifQ==",
          "create_before_destroy": true
        }
      ]
    }
  ],
  "check_results": null
}
