{
  "version": 4,
  "terraform_version": "1.8.0",
  "serial": 3022,
  "lineage": "4973d4c3-5142-03bc-1083-9a38770bd610",
  "outputs": {},
  "resources": [
    {
      "module": "module.vpc",
      "mode": "managed",
      "type": "aws_vpc",
      "name": "vpc",
      "provider": "provider[\"registry.terraform.io/hashicorp/aws\"]",
      "instances": [
        {
          "schema_version": 1,
          "attributes": {
            "arn": "arn:aws:ec2:us-east-2:891377163278:vpc/vpc-027f492b4c199ea63",
            "assign_generated_ipv6_cidr_block": false,
            "cidr_block": "10.50.0.0/16",
            "default_network_acl_id": "acl-0274e1ade2ee52215",
            "default_route_table_id": "rtb-0f363b586ec9fa210",
            "default_security_group_id": "sg-01df27185e5f733aa",
            "dhcp_options_id": "dopt-0cab42d5410535950",
            "enable_dns_hostnames": true,
            "enable_dns_support": true,
            "enable_network_address_usage_metrics": false,
            "id": "vpc-027f492b4c199ea63",
            "instance_tenancy": "default",
            "ipv4_ipam_pool_id": null,
            "ipv4_netmask_length": null,
            "ipv6_association_id": "",
            "ipv6_cidr_block": "",
            "ipv6_cidr_block_network_border_group": "",
            "ipv6_ipam_pool_id": "",
            "ipv6_netmask_length": 0,
            "main_route_table_id": "rtb-0f363b586ec9fa210",
            "owner_id": "891377163278",
            "tags": {
              "Name": "kdt-VPC"
            },
            "tags_all": {
              "Name": "kdt-VPC"
            }
          },
          "sensitive_attributes": [],
          "private": "eyJzY2hlbWFfdmVyc2lvbiI6IjEifQ==",
          "create_before_destroy": true
        }
      ]
    }
  ],
  "check_results": null
}
