{
  "version": 4,
  "terraform_version": "1.8.0",
  "serial": 8085,
  "lineage": "4973d4c3-5142-03bc-1083-9a38770bd610",
  "outputs": {},
  "resources": [
    {
      "module": "module.acm-route53-cloudfront-waf",
      "mode": "data",
      "type": "aws_route53_zone",
      "name": "zone",
      "provider": "provider[\"registry.terraform.io/hashicorp/aws\"].us-east-1",
      "instances": [
        {
          "schema_version": 0,
          "attributes": {
            "arn": "arn:aws:route53:::hostedzone/Z09337713DH1223XGPI4M",
            "caller_reference": "1cb1aabd-4cdd-467d-beed-0ed332265e0d",
            "comment": "hellowaws.shop",
            "id": "Z09337713DH1223XGPI4M",
            "linked_service_description": null,
            "linked_service_principal": null,
            "name": "hellowaws.shop",
            "name_servers": [
              "ns-1036.awsdns-01.org",
              "ns-1858.awsdns-40.co.uk",
              "ns-221.awsdns-27.com",
              "ns-646.awsdns-16.net"
            ],
            "primary_name_server": "ns-1036.awsdns-01.org",
            "private_zone": false,
            "resource_record_set_count": 2,
            "tags": {},
            "vpc_id": null,
            "zone_id": "Z09337713DH1223XGPI4M"
          },
          "sensitive_attributes": []
        }
      ]
    },
    {
      "module": "module.acm-route53-cloudfront-waf",
      "mode": "managed",
      "type": "aws_acm_certificate",
      "name": "cert",
      "provider": "provider[\"registry.terraform.io/hashicorp/aws\"].us-east-1",
      "instances": [
        {
          "schema_version": 0,
          "attributes": {
            "arn": "arn:aws:acm:us-east-1:891377163278:certificate/ebf558c0-1e44-4144-a308-f26c14d3dede",
            "certificate_authority_arn": "",
            "certificate_body": null,
            "certificate_chain": null,
            "domain_name": "hellowaws.shop",
            "domain_validation_options": [
              {
                "domain_name": "hellowaws.shop",
                "resource_record_name": "_7f19658f7298968af63cd5584d8f500f.hellowaws.shop.",
                "resource_record_type": "CNAME",
                "resource_record_value": "_76dca5cad0fc245e743f1f392cd68536.mhbtsbpdnt.acm-validations.aws."
              },
              {
                "domain_name": "www.hellowaws.shop",
                "resource_record_name": "_a84098457ff3e7498a54e2ecf341e4be.www.hellowaws.shop.",
                "resource_record_type": "CNAME",
                "resource_record_value": "_a1f8bb890f2d7f08d4fd6e0e312257ac.mhbtsbpdnt.acm-validations.aws."
              }
            ],
            "early_renewal_duration": "",
            "id": "arn:aws:acm:us-east-1:891377163278:certificate/ebf558c0-1e44-4144-a308-f26c14d3dede",
            "key_algorithm": "RSA_2048",
            "not_after": "",
            "not_before": "",
            "options": [
              {
                "certificate_transparency_logging_preference": "ENABLED"
              }
            ],
            "pending_renewal": false,
            "private_key": null,
            "renewal_eligibility": "INELIGIBLE",
            "renewal_summary": [],
            "status": "PENDING_VALIDATION",
            "subject_alternative_names": [
              "hellowaws.shop",
              "www.hellowaws.shop"
            ],
            "tags": null,
            "tags_all": {},
            "type": "AMAZON_ISSUED",
            "validation_emails": [],
            "validation_method": "DNS",
            "validation_option": []
          },
          "sensitive_attributes": [
            [
              {
                "type": "get_attr",
                "value": "private_key"
              }
            ]
          ],
          "private": "bnVsbA==",
          "dependencies": [
            "module.alb.aws_lb.App-elb",
            "module.alb.aws_lb_target_group.app-tg",
            "module.alb.aws_lb_target_group.web-tg",
            "module.alb.data.aws_security_group.app-alb-sg",
            "module.alb.data.aws_subnet.private-subnet1",
            "module.alb.data.aws_subnet.private-subnet2",
            "module.alb.data.aws_vpc.vpc",
            "module.ami.aws_ami_from_instance.my_ami",
            "module.ami.aws_instance.bastion",
            "module.ami.aws_security_group.bastion-sg",
            "module.ami.data.aws_subnet.subnet",
            "module.ami.data.aws_vpc.vpc",
            "module.ami.null_resource.terminate_instance",
            "module.autoscaling.aws_autoscaling_group.App-ASG",
            "module.autoscaling.aws_autoscaling_group.Web-ASG",
            "module.autoscaling.aws_autoscaling_policy.app-custom-cpu-policy",
            "module.autoscaling.aws_autoscaling_policy.app-custom-cpu-policy-scaledown",
            "module.autoscaling.aws_autoscaling_policy.web-custom-cpu-policy",
            "module.autoscaling.aws_autoscaling_policy.web-custom-cpu-policy-scaledown",
            "module.autoscaling.aws_cloudwatch_metric_alarm.app-custom-cpu-alarm",
            "module.autoscaling.aws_cloudwatch_metric_alarm.app-custom-cpu-alarm-scaledown",
            "module.autoscaling.aws_cloudwatch_metric_alarm.web-custom-cpu-alarm",
            "module.autoscaling.aws_cloudwatch_metric_alarm.web-custom-cpu-alarm-scaledown",
            "module.autoscaling.aws_launch_template.App-LC",
            "module.autoscaling.aws_launch_template.Web-LC",
            "module.autoscaling.data.aws_security_group.app-sg",
            "module.autoscaling.data.aws_security_group.web-sg",
            "module.autoscaling.data.aws_ssm_parameter.db_id",
            "module.autoscaling.data.aws_ssm_parameter.db_pwd",
            "module.autoscaling.data.aws_subnet.private-subnet1",
            "module.autoscaling.data.aws_subnet.private-subnet2",
            "module.iam.aws_iam_instance_profile.instance-profile",
            "module.iam.aws_iam_role.iam-role",
            "module.iam.aws_iam_role_policy.iam-policy",
            "module.security-group.aws_security_group.app-alb-sg",
            "module.security-group.aws_security_group.app-tier-sg",
            "module.security-group.aws_security_group.database-sg",
            "module.security-group.aws_security_group.web-alb-sg",
            "module.security-group.aws_security_group.web-tier-sg",
            "module.security-group.data.aws_vpc.vpc",
            "module.vpc.aws_eip.eip1",
            "module.vpc.aws_eip.eip2",
            "module.vpc.aws_internet_gateway.igw",
            "module.vpc.aws_nat_gateway.ngw1",
            "module.vpc.aws_nat_gateway.ngw2",
            "module.vpc.aws_route_table.db-rt1",
            "module.vpc.aws_route_table.db-rt2",
            "module.vpc.aws_route_table.private-rt1",
            "module.vpc.aws_route_table.private-rt2",
            "module.vpc.aws_route_table.public-rt",
            "module.vpc.aws_route_table_association.db-rt-association1",
            "module.vpc.aws_route_table_association.db-rt-association2",
            "module.vpc.aws_route_table_association.private-rt-association1",
            "module.vpc.aws_route_table_association.private-rt-association2",
            "module.vpc.aws_route_table_association.public-rt-association1",
            "module.vpc.aws_route_table_association.public-rt-association2",
            "module.vpc.aws_subnet.db-subnet1",
            "module.vpc.aws_subnet.db-subnet2",
            "module.vpc.aws_subnet.private-subnet1",
            "module.vpc.aws_subnet.private-subnet2",
            "module.vpc.aws_subnet.public-subnet1",
            "module.vpc.aws_subnet.public-subnet2",
            "module.vpc.aws_vpc.vpc",
            "module.vpc.aws_vpc_endpoint.s3_gateway",
            "module.vpc.data.aws_availability_zones.azs"
          ],
          "create_before_destroy": true
        }
      ]
    },
    {
      "module": "module.acm-route53-cloudfront-waf",
      "mode": "managed",
      "type": "aws_acm_certificate_validation",
      "name": "cert",
      "provider": "provider[\"registry.terraform.io/hashicorp/aws\"].us-east-1",
      "instances": [
        {
          "schema_version": 0,
          "attributes": {
            "certificate_arn": "arn:aws:acm:us-east-1:891377163278:certificate/ebf558c0-1e44-4144-a308-f26c14d3dede",
            "id": "2024-05-18 04:40:18.501 +0000 UTC",
            "timeouts": null,
            "validation_record_fqdns": [
              "_7f19658f7298968af63cd5584d8f500f.hellowaws.shop",
              "_a84098457ff3e7498a54e2ecf341e4be.www.hellowaws.shop"
            ]
          },
          "sensitive_attributes": [],
          "private": "eyJlMmJmYjczMC1lY2FhLTExZTYtOGY4OC0zNDM2M2JjN2M0YzAiOnsiY3JlYXRlIjo0NTAwMDAwMDAwMDAwfX0=",
          "dependencies": [
            "module.acm-route53-cloudfront-waf.aws_acm_certificate.cert",
            "module.acm-route53-cloudfront-waf.aws_route53_record.cert_validation",
            "module.acm-route53-cloudfront-waf.data.aws_route53_zone.zone",
            "module.alb.aws_lb.App-elb",
            "module.alb.aws_lb_target_group.app-tg",
            "module.alb.aws_lb_target_group.web-tg",
            "module.alb.data.aws_security_group.app-alb-sg",
            "module.alb.data.aws_subnet.private-subnet1",
            "module.alb.data.aws_subnet.private-subnet2",
            "module.alb.data.aws_vpc.vpc",
            "module.ami.aws_ami_from_instance.my_ami",
            "module.ami.aws_instance.bastion",
            "module.ami.aws_security_group.bastion-sg",
            "module.ami.data.aws_subnet.subnet",
            "module.ami.data.aws_vpc.vpc",
            "module.ami.null_resource.terminate_instance",
            "module.autoscaling.aws_autoscaling_group.App-ASG",
            "module.autoscaling.aws_autoscaling_group.Web-ASG",
            "module.autoscaling.aws_autoscaling_policy.app-custom-cpu-policy",
            "module.autoscaling.aws_autoscaling_policy.app-custom-cpu-policy-scaledown",
            "module.autoscaling.aws_autoscaling_policy.web-custom-cpu-policy",
            "module.autoscaling.aws_autoscaling_policy.web-custom-cpu-policy-scaledown",
            "module.autoscaling.aws_cloudwatch_metric_alarm.app-custom-cpu-alarm",
            "module.autoscaling.aws_cloudwatch_metric_alarm.app-custom-cpu-alarm-scaledown",
            "module.autoscaling.aws_cloudwatch_metric_alarm.web-custom-cpu-alarm",
            "module.autoscaling.aws_cloudwatch_metric_alarm.web-custom-cpu-alarm-scaledown",
            "module.autoscaling.aws_launch_template.App-LC",
            "module.autoscaling.aws_launch_template.Web-LC",
            "module.autoscaling.data.aws_security_group.app-sg",
            "module.autoscaling.data.aws_security_group.web-sg",
            "module.autoscaling.data.aws_ssm_parameter.db_id",
            "module.autoscaling.data.aws_ssm_parameter.db_pwd",
            "module.autoscaling.data.aws_subnet.private-subnet1",
            "module.autoscaling.data.aws_subnet.private-subnet2",
            "module.iam.aws_iam_instance_profile.instance-profile",
            "module.iam.aws_iam_role.iam-role",
            "module.iam.aws_iam_role_policy.iam-policy",
            "module.security-group.aws_security_group.app-alb-sg",
            "module.security-group.aws_security_group.app-tier-sg",
            "module.security-group.aws_security_group.database-sg",
            "module.security-group.aws_security_group.web-alb-sg",
            "module.security-group.aws_security_group.web-tier-sg",
            "module.security-group.data.aws_vpc.vpc",
            "module.vpc.aws_eip.eip1",
            "module.vpc.aws_eip.eip2",
            "module.vpc.aws_internet_gateway.igw",
            "module.vpc.aws_nat_gateway.ngw1",
            "module.vpc.aws_nat_gateway.ngw2",
            "module.vpc.aws_route_table.db-rt1",
            "module.vpc.aws_route_table.db-rt2",
            "module.vpc.aws_route_table.private-rt1",
            "module.vpc.aws_route_table.private-rt2",
            "module.vpc.aws_route_table.public-rt",
            "module.vpc.aws_route_table_association.db-rt-association1",
            "module.vpc.aws_route_table_association.db-rt-association2",
            "module.vpc.aws_route_table_association.private-rt-association1",
            "module.vpc.aws_route_table_association.private-rt-association2",
            "module.vpc.aws_route_table_association.public-rt-association1",
            "module.vpc.aws_route_table_association.public-rt-association2",
            "module.vpc.aws_subnet.db-subnet1",
            "module.vpc.aws_subnet.db-subnet2",
            "module.vpc.aws_subnet.private-subnet1",
            "module.vpc.aws_subnet.private-subnet2",
            "module.vpc.aws_subnet.public-subnet1",
            "module.vpc.aws_subnet.public-subnet2",
            "module.vpc.aws_vpc.vpc",
            "module.vpc.aws_vpc_endpoint.s3_gateway",
            "module.vpc.data.aws_availability_zones.azs"
          ]
        }
      ]
    },
    {
      "module": "module.acm-route53-cloudfront-waf",
      "mode": "managed",
      "type": "aws_cloudfront_distribution",
      "name": "cloudfront-web-elb-distribution",
      "provider": "provider[\"registry.terraform.io/hashicorp/aws\"].us-east-1",
      "instances": [
        {
          "schema_version": 1,
          "attributes": {
            "aliases": [
              "hellowaws.shop",
              "www.hellowaws.shop"
            ],
            "arn": "arn:aws:cloudfront::891377163278:distribution/E3SRAU85GH8HQS",
            "caller_reference": "terraform-20240518044100771300000002",
            "comment": "CLOUDFRONT ALB Distribution",
            "continuous_deployment_policy_id": "",
            "custom_error_response": [],
            "default_cache_behavior": [
              {
                "allowed_methods": [
                  "GET",
                  "HEAD",
                  "OPTIONS"
                ],
                "cache_policy_id": "",
                "cached_methods": [
                  "GET",
                  "HEAD"
                ],
                "compress": true,
                "default_ttl": 0,
                "field_level_encryption_id": "",
                "forwarded_values": [
                  {
                    "cookies": [
                      {
                        "forward": "none",
                        "whitelisted_names": []
                      }
                    ],
                    "headers": [],
                    "query_string": false,
                    "query_string_cache_keys": []
                  }
                ],
                "function_association": [],
                "lambda_function_association": [],
                "max_ttl": 0,
                "min_ttl": 0,
                "origin_request_policy_id": "",
                "realtime_log_config_arn": "",
                "response_headers_policy_id": "",
                "smooth_streaming": false,
                "target_origin_id": "my-web-alb",
                "trusted_key_groups": [],
                "trusted_signers": [],
                "viewer_protocol_policy": "redirect-to-https"
              }
            ],
            "default_root_object": "",
            "domain_name": "dur87bh09a0b7.cloudfront.net",
            "enabled": true,
            "etag": "E1JN9KMIF0TGVE",
            "hosted_zone_id": "Z2FDTNDATAQYW2",
            "http_version": "http2",
            "id": "E3SRAU85GH8HQS",
            "in_progress_validation_batches": 0,
            "is_ipv6_enabled": true,
            "last_modified_time": "2024-05-18 04:40:51.21 +0000 UTC",
            "logging_config": [],
            "ordered_cache_behavior": [
              {
                "allowed_methods": [
                  "DELETE",
                  "GET",
                  "HEAD",
                  "OPTIONS",
                  "PATCH",
                  "POST",
                  "PUT"
                ],
                "cache_policy_id": "",
                "cached_methods": [
                  "GET",
                  "HEAD"
                ],
                "compress": true,
                "default_ttl": 0,
                "field_level_encryption_id": "",
                "forwarded_values": [
                  {
                    "cookies": [
                      {
                        "forward": "all",
                        "whitelisted_names": null
                      }
                    ],
                    "headers": [],
                    "query_string": true,
                    "query_string_cache_keys": []
                  }
                ],
                "function_association": [],
                "lambda_function_association": [],
                "max_ttl": 0,
                "min_ttl": 0,
                "origin_request_policy_id": "",
                "path_pattern": "/attendance",
                "realtime_log_config_arn": "",
                "response_headers_policy_id": "",
                "smooth_streaming": false,
                "target_origin_id": "my-web-alb",
                "trusted_key_groups": null,
                "trusted_signers": null,
                "viewer_protocol_policy": "redirect-to-https"
              }
            ],
            "origin": [
              {
                "connection_attempts": 3,
                "connection_timeout": 10,
                "custom_header": [
                  {
                    "name": "my-header",
                    "value": "kdt"
                  }
                ],
                "custom_origin_config": [
                  {
                    "http_port": 80,
                    "https_port": 443,
                    "origin_keepalive_timeout": 5,
                    "origin_protocol_policy": "http-only",
                    "origin_read_timeout": 30,
                    "origin_ssl_protocols": [
                      "TLSv1.2"
                    ]
                  }
                ],
                "domain_name": "Web-elb-229042846.us-east-2.elb.amazonaws.com",
                "origin_access_control_id": "",
                "origin_id": "my-web-alb",
                "origin_path": "",
                "origin_shield": [],
                "s3_origin_config": []
              }
            ],
            "origin_group": [],
            "price_class": "PriceClass_100",
            "restrictions": [
              {
                "geo_restriction": [
                  {
                    "locations": [],
                    "restriction_type": "none"
                  }
                ]
              }
            ],
            "retain_on_delete": false,
            "staging": false,
            "status": "Deployed",
            "tags": {
              "Name": "kdt-CLOUDFRONT-ktd"
            },
            "tags_all": {
              "Name": "kdt-CLOUDFRONT-ktd"
            },
            "trusted_key_groups": [
              {
                "enabled": false,
                "items": []
              }
            ],
            "trusted_signers": [
              {
                "enabled": false,
                "items": []
              }
            ],
            "viewer_certificate": [
              {
                "acm_certificate_arn": "arn:aws:acm:us-east-1:891377163278:certificate/ebf558c0-1e44-4144-a308-f26c14d3dede",
                "cloudfront_default_certificate": false,
                "iam_certificate_id": "",
                "minimum_protocol_version": "TLSv1.2_2021",
                "ssl_support_method": "sni-only"
              }
            ],
            "wait_for_deployment": true,
            "web_acl_id": "arn:aws:wafv2:us-east-1:891377163278:global/webacl/kdt-WAF-ktd/0197d645-66fa-4601-9dea-4bfbd4224ba5"
          },
          "sensitive_attributes": [],
          "private": "eyJzY2hlbWFfdmVyc2lvbiI6IjEifQ==",
          "dependencies": [
            "module.acm-route53-cloudfront-waf.aws_acm_certificate.cert",
            "module.acm-route53-cloudfront-waf.aws_acm_certificate_validation.cert",
            "module.acm-route53-cloudfront-waf.aws_route53_record.cert_validation",
            "module.acm-route53-cloudfront-waf.aws_wafv2_web_acl.web_acl",
            "module.acm-route53-cloudfront-waf.data.aws_route53_zone.zone",
            "module.alb.aws_lb.App-elb",
            "module.alb.aws_lb.Web-elb",
            "module.alb.aws_lb_target_group.app-tg",
            "module.alb.aws_lb_target_group.web-tg",
            "module.alb.data.aws_security_group.app-alb-sg",
            "module.alb.data.aws_security_group.web-alb-sg",
            "module.alb.data.aws_subnet.private-subnet1",
            "module.alb.data.aws_subnet.private-subnet2",
            "module.alb.data.aws_subnet.public-subnet1",
            "module.alb.data.aws_subnet.public-subnet2",
            "module.alb.data.aws_vpc.vpc",
            "module.ami.aws_ami_from_instance.my_ami",
            "module.ami.aws_instance.bastion",
            "module.ami.aws_security_group.bastion-sg",
            "module.ami.data.aws_subnet.subnet",
            "module.ami.data.aws_vpc.vpc",
            "module.ami.null_resource.terminate_instance",
            "module.autoscaling.aws_autoscaling_group.App-ASG",
            "module.autoscaling.aws_autoscaling_group.Web-ASG",
            "module.autoscaling.aws_autoscaling_policy.app-custom-cpu-policy",
            "module.autoscaling.aws_autoscaling_policy.app-custom-cpu-policy-scaledown",
            "module.autoscaling.aws_autoscaling_policy.web-custom-cpu-policy",
            "module.autoscaling.aws_autoscaling_policy.web-custom-cpu-policy-scaledown",
            "module.autoscaling.aws_cloudwatch_metric_alarm.app-custom-cpu-alarm",
            "module.autoscaling.aws_cloudwatch_metric_alarm.app-custom-cpu-alarm-scaledown",
            "module.autoscaling.aws_cloudwatch_metric_alarm.web-custom-cpu-alarm",
            "module.autoscaling.aws_cloudwatch_metric_alarm.web-custom-cpu-alarm-scaledown",
            "module.autoscaling.aws_launch_template.App-LC",
            "module.autoscaling.aws_launch_template.Web-LC",
            "module.autoscaling.data.aws_security_group.app-sg",
            "module.autoscaling.data.aws_security_group.web-sg",
            "module.autoscaling.data.aws_ssm_parameter.db_id",
            "module.autoscaling.data.aws_ssm_parameter.db_pwd",
            "module.autoscaling.data.aws_subnet.private-subnet1",
            "module.autoscaling.data.aws_subnet.private-subnet2",
            "module.iam.aws_iam_instance_profile.instance-profile",
            "module.iam.aws_iam_role.iam-role",
            "module.iam.aws_iam_role_policy.iam-policy",
            "module.security-group.aws_security_group.app-alb-sg",
            "module.security-group.aws_security_group.app-tier-sg",
            "module.security-group.aws_security_group.database-sg",
            "module.security-group.aws_security_group.web-alb-sg",
            "module.security-group.aws_security_group.web-tier-sg",
            "module.security-group.data.aws_vpc.vpc",
            "module.vpc.aws_eip.eip1",
            "module.vpc.aws_eip.eip2",
            "module.vpc.aws_internet_gateway.igw",
            "module.vpc.aws_nat_gateway.ngw1",
            "module.vpc.aws_nat_gateway.ngw2",
            "module.vpc.aws_route_table.db-rt1",
            "module.vpc.aws_route_table.db-rt2",
            "module.vpc.aws_route_table.private-rt1",
            "module.vpc.aws_route_table.private-rt2",
            "module.vpc.aws_route_table.public-rt",
            "module.vpc.aws_route_table_association.db-rt-association1",
            "module.vpc.aws_route_table_association.db-rt-association2",
            "module.vpc.aws_route_table_association.private-rt-association1",
            "module.vpc.aws_route_table_association.private-rt-association2",
            "module.vpc.aws_route_table_association.public-rt-association1",
            "module.vpc.aws_route_table_association.public-rt-association2",
            "module.vpc.aws_subnet.db-subnet1",
            "module.vpc.aws_subnet.db-subnet2",
            "module.vpc.aws_subnet.private-subnet1",
            "module.vpc.aws_subnet.private-subnet2",
            "module.vpc.aws_subnet.public-subnet1",
            "module.vpc.aws_subnet.public-subnet2",
            "module.vpc.aws_vpc.vpc",
            "module.vpc.aws_vpc_endpoint.s3_gateway",
            "module.vpc.data.aws_availability_zones.azs"
          ]
        }
      ]
    },
    {
      "module": "module.acm-route53-cloudfront-waf",
      "mode": "managed",
      "type": "aws_route53_record",
      "name": "apex",
      "provider": "provider[\"registry.terraform.io/hashicorp/aws\"].us-east-1",
      "instances": [
        {
          "schema_version": 2,
          "attributes": {
            "alias": [
              {
                "evaluate_target_health": false,
                "name": "dur87bh09a0b7.cloudfront.net",
                "zone_id": "Z2FDTNDATAQYW2"
              }
            ],
            "allow_overwrite": null,
            "cidr_routing_policy": [],
            "failover_routing_policy": [],
            "fqdn": "hellowaws.shop",
            "geolocation_routing_policy": [],
            "geoproximity_routing_policy": [],
            "health_check_id": "",
            "id": "Z09337713DH1223XGPI4M_hellowaws.shop_A",
            "latency_routing_policy": [],
            "multivalue_answer_routing_policy": false,
            "name": "hellowaws.shop",
            "records": null,
            "set_identifier": "",
            "ttl": 0,
            "type": "A",
            "weighted_routing_policy": [],
            "zone_id": "Z09337713DH1223XGPI4M"
          },
          "sensitive_attributes": [],
          "private": "eyJzY2hlbWFfdmVyc2lvbiI6IjIifQ==",
          "dependencies": [
            "module.acm-route53-cloudfront-waf.aws_acm_certificate.cert",
            "module.acm-route53-cloudfront-waf.aws_acm_certificate_validation.cert",
            "module.acm-route53-cloudfront-waf.aws_cloudfront_distribution.cloudfront-web-elb-distribution",
            "module.acm-route53-cloudfront-waf.aws_route53_record.cert_validation",
            "module.acm-route53-cloudfront-waf.aws_wafv2_web_acl.web_acl",
            "module.acm-route53-cloudfront-waf.data.aws_route53_zone.zone",
            "module.alb.aws_lb.App-elb",
            "module.alb.aws_lb.Web-elb",
            "module.alb.aws_lb_target_group.app-tg",
            "module.alb.aws_lb_target_group.web-tg",
            "module.alb.data.aws_security_group.app-alb-sg",
            "module.alb.data.aws_security_group.web-alb-sg",
            "module.alb.data.aws_subnet.private-subnet1",
            "module.alb.data.aws_subnet.private-subnet2",
            "module.alb.data.aws_subnet.public-subnet1",
            "module.alb.data.aws_subnet.public-subnet2",
            "module.alb.data.aws_vpc.vpc",
            "module.ami.aws_ami_from_instance.my_ami",
            "module.ami.aws_instance.bastion",
            "module.ami.aws_security_group.bastion-sg",
            "module.ami.data.aws_subnet.subnet",
            "module.ami.data.aws_vpc.vpc",
            "module.ami.null_resource.terminate_instance",
            "module.autoscaling.aws_autoscaling_group.App-ASG",
            "module.autoscaling.aws_autoscaling_group.Web-ASG",
            "module.autoscaling.aws_autoscaling_policy.app-custom-cpu-policy",
            "module.autoscaling.aws_autoscaling_policy.app-custom-cpu-policy-scaledown",
            "module.autoscaling.aws_autoscaling_policy.web-custom-cpu-policy",
            "module.autoscaling.aws_autoscaling_policy.web-custom-cpu-policy-scaledown",
            "module.autoscaling.aws_cloudwatch_metric_alarm.app-custom-cpu-alarm",
            "module.autoscaling.aws_cloudwatch_metric_alarm.app-custom-cpu-alarm-scaledown",
            "module.autoscaling.aws_cloudwatch_metric_alarm.web-custom-cpu-alarm",
            "module.autoscaling.aws_cloudwatch_metric_alarm.web-custom-cpu-alarm-scaledown",
            "module.autoscaling.aws_launch_template.App-LC",
            "module.autoscaling.aws_launch_template.Web-LC",
            "module.autoscaling.data.aws_security_group.app-sg",
            "module.autoscaling.data.aws_security_group.web-sg",
            "module.autoscaling.data.aws_ssm_parameter.db_id",
            "module.autoscaling.data.aws_ssm_parameter.db_pwd",
            "module.autoscaling.data.aws_subnet.private-subnet1",
            "module.autoscaling.data.aws_subnet.private-subnet2",
            "module.iam.aws_iam_instance_profile.instance-profile",
            "module.iam.aws_iam_role.iam-role",
            "module.iam.aws_iam_role_policy.iam-policy",
            "module.security-group.aws_security_group.app-alb-sg",
            "module.security-group.aws_security_group.app-tier-sg",
            "module.security-group.aws_security_group.database-sg",
            "module.security-group.aws_security_group.web-alb-sg",
            "module.security-group.aws_security_group.web-tier-sg",
            "module.security-group.data.aws_vpc.vpc",
            "module.vpc.aws_eip.eip1",
            "module.vpc.aws_eip.eip2",
            "module.vpc.aws_internet_gateway.igw",
            "module.vpc.aws_nat_gateway.ngw1",
            "module.vpc.aws_nat_gateway.ngw2",
            "module.vpc.aws_route_table.db-rt1",
            "module.vpc.aws_route_table.db-rt2",
            "module.vpc.aws_route_table.private-rt1",
            "module.vpc.aws_route_table.private-rt2",
            "module.vpc.aws_route_table.public-rt",
            "module.vpc.aws_route_table_association.db-rt-association1",
            "module.vpc.aws_route_table_association.db-rt-association2",
            "module.vpc.aws_route_table_association.private-rt-association1",
            "module.vpc.aws_route_table_association.private-rt-association2",
            "module.vpc.aws_route_table_association.public-rt-association1",
            "module.vpc.aws_route_table_association.public-rt-association2",
            "module.vpc.aws_subnet.db-subnet1",
            "module.vpc.aws_subnet.db-subnet2",
            "module.vpc.aws_subnet.private-subnet1",
            "module.vpc.aws_subnet.private-subnet2",
            "module.vpc.aws_subnet.public-subnet1",
            "module.vpc.aws_subnet.public-subnet2",
            "module.vpc.aws_vpc.vpc",
            "module.vpc.aws_vpc_endpoint.s3_gateway",
            "module.vpc.data.aws_availability_zones.azs"
          ]
        }
      ]
    },
    {
      "module": "module.acm-route53-cloudfront-waf",
      "mode": "managed",
      "type": "aws_route53_record",
      "name": "cert_validation",
      "provider": "provider[\"registry.terraform.io/hashicorp/aws\"].us-east-1",
      "instances": [
        {
          "index_key": "hellowaws.shop",
          "schema_version": 2,
          "attributes": {
            "alias": [],
            "allow_overwrite": true,
            "cidr_routing_policy": [],
            "failover_routing_policy": [],
            "fqdn": "_7f19658f7298968af63cd5584d8f500f.hellowaws.shop",
            "geolocation_routing_policy": [],
            "geoproximity_routing_policy": [],
            "health_check_id": "",
            "id": "Z09337713DH1223XGPI4M__7f19658f7298968af63cd5584d8f500f.hellowaws.shop._CNAME",
            "latency_routing_policy": [],
            "multivalue_answer_routing_policy": false,
            "name": "_7f19658f7298968af63cd5584d8f500f.hellowaws.shop",
            "records": [
              "_76dca5cad0fc245e743f1f392cd68536.mhbtsbpdnt.acm-validations.aws."
            ],
            "set_identifier": "",
            "ttl": 60,
            "type": "CNAME",
            "weighted_routing_policy": [],
            "zone_id": "Z09337713DH1223XGPI4M"
          },
          "sensitive_attributes": [],
          "private": "eyJzY2hlbWFfdmVyc2lvbiI6IjIifQ==",
          "dependencies": [
            "module.acm-route53-cloudfront-waf.aws_acm_certificate.cert",
            "module.acm-route53-cloudfront-waf.data.aws_route53_zone.zone",
            "module.alb.aws_lb.App-elb",
            "module.alb.aws_lb_target_group.app-tg",
            "module.alb.aws_lb_target_group.web-tg",
            "module.alb.data.aws_security_group.app-alb-sg",
            "module.alb.data.aws_subnet.private-subnet1",
            "module.alb.data.aws_subnet.private-subnet2",
            "module.alb.data.aws_vpc.vpc",
            "module.ami.aws_ami_from_instance.my_ami",
            "module.ami.aws_instance.bastion",
            "module.ami.aws_security_group.bastion-sg",
            "module.ami.data.aws_subnet.subnet",
            "module.ami.data.aws_vpc.vpc",
            "module.ami.null_resource.terminate_instance",
            "module.autoscaling.aws_autoscaling_group.App-ASG",
            "module.autoscaling.aws_autoscaling_group.Web-ASG",
            "module.autoscaling.aws_autoscaling_policy.app-custom-cpu-policy",
            "module.autoscaling.aws_autoscaling_policy.app-custom-cpu-policy-scaledown",
            "module.autoscaling.aws_autoscaling_policy.web-custom-cpu-policy",
            "module.autoscaling.aws_autoscaling_policy.web-custom-cpu-policy-scaledown",
            "module.autoscaling.aws_cloudwatch_metric_alarm.app-custom-cpu-alarm",
            "module.autoscaling.aws_cloudwatch_metric_alarm.app-custom-cpu-alarm-scaledown",
            "module.autoscaling.aws_cloudwatch_metric_alarm.web-custom-cpu-alarm",
            "module.autoscaling.aws_cloudwatch_metric_alarm.web-custom-cpu-alarm-scaledown",
            "module.autoscaling.aws_launch_template.App-LC",
            "module.autoscaling.aws_launch_template.Web-LC",
            "module.autoscaling.data.aws_security_group.app-sg",
            "module.autoscaling.data.aws_security_group.web-sg",
            "module.autoscaling.data.aws_ssm_parameter.db_id",
            "module.autoscaling.data.aws_ssm_parameter.db_pwd",
            "module.autoscaling.data.aws_subnet.private-subnet1",
            "module.autoscaling.data.aws_subnet.private-subnet2",
            "module.iam.aws_iam_instance_profile.instance-profile",
            "module.iam.aws_iam_role.iam-role",
            "module.iam.aws_iam_role_policy.iam-policy",
            "module.security-group.aws_security_group.app-alb-sg",
            "module.security-group.aws_security_group.app-tier-sg",
            "module.security-group.aws_security_group.database-sg",
            "module.security-group.aws_security_group.web-alb-sg",
            "module.security-group.aws_security_group.web-tier-sg",
            "module.security-group.data.aws_vpc.vpc",
            "module.vpc.aws_eip.eip1",
            "module.vpc.aws_eip.eip2",
            "module.vpc.aws_internet_gateway.igw",
            "module.vpc.aws_nat_gateway.ngw1",
            "module.vpc.aws_nat_gateway.ngw2",
            "module.vpc.aws_route_table.db-rt1",
            "module.vpc.aws_route_table.db-rt2",
            "module.vpc.aws_route_table.private-rt1",
            "module.vpc.aws_route_table.private-rt2",
            "module.vpc.aws_route_table.public-rt",
            "module.vpc.aws_route_table_association.db-rt-association1",
            "module.vpc.aws_route_table_association.db-rt-association2",
            "module.vpc.aws_route_table_association.private-rt-association1",
            "module.vpc.aws_route_table_association.private-rt-association2",
            "module.vpc.aws_route_table_association.public-rt-association1",
            "module.vpc.aws_route_table_association.public-rt-association2",
            "module.vpc.aws_subnet.db-subnet1",
            "module.vpc.aws_subnet.db-subnet2",
            "module.vpc.aws_subnet.private-subnet1",
            "module.vpc.aws_subnet.private-subnet2",
            "module.vpc.aws_subnet.public-subnet1",
            "module.vpc.aws_subnet.public-subnet2",
            "module.vpc.aws_vpc.vpc",
            "module.vpc.aws_vpc_endpoint.s3_gateway",
            "module.vpc.data.aws_availability_zones.azs"
          ]
        },
        {
          "index_key": "www.hellowaws.shop",
          "schema_version": 2,
          "attributes": {
            "alias": [],
            "allow_overwrite": true,
            "cidr_routing_policy": [],
            "failover_routing_policy": [],
            "fqdn": "_a84098457ff3e7498a54e2ecf341e4be.www.hellowaws.shop",
            "geolocation_routing_policy": [],
            "geoproximity_routing_policy": [],
            "health_check_id": "",
            "id": "Z09337713DH1223XGPI4M__a84098457ff3e7498a54e2ecf341e4be.www.hellowaws.shop._CNAME",
            "latency_routing_policy": [],
            "multivalue_answer_routing_policy": false,
            "name": "_a84098457ff3e7498a54e2ecf341e4be.www.hellowaws.shop",
            "records": [
              "_a1f8bb890f2d7f08d4fd6e0e312257ac.mhbtsbpdnt.acm-validations.aws."
            ],
            "set_identifier": "",
            "ttl": 60,
            "type": "CNAME",
            "weighted_routing_policy": [],
            "zone_id": "Z09337713DH1223XGPI4M"
          },
          "sensitive_attributes": [],
          "private": "eyJzY2hlbWFfdmVyc2lvbiI6IjIifQ==",
          "dependencies": [
            "module.acm-route53-cloudfront-waf.aws_acm_certificate.cert",
            "module.acm-route53-cloudfront-waf.data.aws_route53_zone.zone",
            "module.alb.aws_lb.App-elb",
            "module.alb.aws_lb_target_group.app-tg",
            "module.alb.aws_lb_target_group.web-tg",
            "module.alb.data.aws_security_group.app-alb-sg",
            "module.alb.data.aws_subnet.private-subnet1",
            "module.alb.data.aws_subnet.private-subnet2",
            "module.alb.data.aws_vpc.vpc",
            "module.ami.aws_ami_from_instance.my_ami",
            "module.ami.aws_instance.bastion",
            "module.ami.aws_security_group.bastion-sg",
            "module.ami.data.aws_subnet.subnet",
            "module.ami.data.aws_vpc.vpc",
            "module.ami.null_resource.terminate_instance",
            "module.autoscaling.aws_autoscaling_group.App-ASG",
            "module.autoscaling.aws_autoscaling_group.Web-ASG",
            "module.autoscaling.aws_autoscaling_policy.app-custom-cpu-policy",
            "module.autoscaling.aws_autoscaling_policy.app-custom-cpu-policy-scaledown",
            "module.autoscaling.aws_autoscaling_policy.web-custom-cpu-policy",
            "module.autoscaling.aws_autoscaling_policy.web-custom-cpu-policy-scaledown",
            "module.autoscaling.aws_cloudwatch_metric_alarm.app-custom-cpu-alarm",
            "module.autoscaling.aws_cloudwatch_metric_alarm.app-custom-cpu-alarm-scaledown",
            "module.autoscaling.aws_cloudwatch_metric_alarm.web-custom-cpu-alarm",
            "module.autoscaling.aws_cloudwatch_metric_alarm.web-custom-cpu-alarm-scaledown",
            "module.autoscaling.aws_launch_template.App-LC",
            "module.autoscaling.aws_launch_template.Web-LC",
            "module.autoscaling.data.aws_security_group.app-sg",
            "module.autoscaling.data.aws_security_group.web-sg",
            "module.autoscaling.data.aws_ssm_parameter.db_id",
            "module.autoscaling.data.aws_ssm_parameter.db_pwd",
            "module.autoscaling.data.aws_subnet.private-subnet1",
            "module.autoscaling.data.aws_subnet.private-subnet2",
            "module.iam.aws_iam_instance_profile.instance-profile",
            "module.iam.aws_iam_role.iam-role",
            "module.iam.aws_iam_role_policy.iam-policy",
            "module.security-group.aws_security_group.app-alb-sg",
            "module.security-group.aws_security_group.app-tier-sg",
            "module.security-group.aws_security_group.database-sg",
            "module.security-group.aws_security_group.web-alb-sg",
            "module.security-group.aws_security_group.web-tier-sg",
            "module.security-group.data.aws_vpc.vpc",
            "module.vpc.aws_eip.eip1",
            "module.vpc.aws_eip.eip2",
            "module.vpc.aws_internet_gateway.igw",
            "module.vpc.aws_nat_gateway.ngw1",
            "module.vpc.aws_nat_gateway.ngw2",
            "module.vpc.aws_route_table.db-rt1",
            "module.vpc.aws_route_table.db-rt2",
            "module.vpc.aws_route_table.private-rt1",
            "module.vpc.aws_route_table.private-rt2",
            "module.vpc.aws_route_table.public-rt",
            "module.vpc.aws_route_table_association.db-rt-association1",
            "module.vpc.aws_route_table_association.db-rt-association2",
            "module.vpc.aws_route_table_association.private-rt-association1",
            "module.vpc.aws_route_table_association.private-rt-association2",
            "module.vpc.aws_route_table_association.public-rt-association1",
            "module.vpc.aws_route_table_association.public-rt-association2",
            "module.vpc.aws_subnet.db-subnet1",
            "module.vpc.aws_subnet.db-subnet2",
            "module.vpc.aws_subnet.private-subnet1",
            "module.vpc.aws_subnet.private-subnet2",
            "module.vpc.aws_subnet.public-subnet1",
            "module.vpc.aws_subnet.public-subnet2",
            "module.vpc.aws_vpc.vpc",
            "module.vpc.aws_vpc_endpoint.s3_gateway",
            "module.vpc.data.aws_availability_zones.azs"
          ]
        }
      ]
    },
    {
      "module": "module.acm-route53-cloudfront-waf",
      "mode": "managed",
      "type": "aws_route53_record",
      "name": "www",
      "provider": "provider[\"registry.terraform.io/hashicorp/aws\"].us-east-1",
      "instances": [
        {
          "schema_version": 2,
          "attributes": {
            "alias": [
              {
                "evaluate_target_health": false,
                "name": "dur87bh09a0b7.cloudfront.net",
                "zone_id": "Z2FDTNDATAQYW2"
              }
            ],
            "allow_overwrite": null,
            "cidr_routing_policy": [],
            "failover_routing_policy": [],
            "fqdn": "www.hellowaws.shop",
            "geolocation_routing_policy": [],
            "geoproximity_routing_policy": [],
            "health_check_id": "",
            "id": "Z09337713DH1223XGPI4M_www.hellowaws.shop_A",
            "latency_routing_policy": [],
            "multivalue_answer_routing_policy": false,
            "name": "www.hellowaws.shop",
            "records": null,
            "set_identifier": "",
            "ttl": 0,
            "type": "A",
            "weighted_routing_policy": [],
            "zone_id": "Z09337713DH1223XGPI4M"
          },
          "sensitive_attributes": [],
          "private": "eyJzY2hlbWFfdmVyc2lvbiI6IjIifQ==",
          "dependencies": [
            "module.acm-route53-cloudfront-waf.aws_acm_certificate.cert",
            "module.acm-route53-cloudfront-waf.aws_acm_certificate_validation.cert",
            "module.acm-route53-cloudfront-waf.aws_cloudfront_distribution.cloudfront-web-elb-distribution",
            "module.acm-route53-cloudfront-waf.aws_route53_record.cert_validation",
            "module.acm-route53-cloudfront-waf.aws_wafv2_web_acl.web_acl",
            "module.acm-route53-cloudfront-waf.data.aws_route53_zone.zone",
            "module.alb.aws_lb.App-elb",
            "module.alb.aws_lb.Web-elb",
            "module.alb.aws_lb_target_group.app-tg",
            "module.alb.aws_lb_target_group.web-tg",
            "module.alb.data.aws_security_group.app-alb-sg",
            "module.alb.data.aws_security_group.web-alb-sg",
            "module.alb.data.aws_subnet.private-subnet1",
            "module.alb.data.aws_subnet.private-subnet2",
            "module.alb.data.aws_subnet.public-subnet1",
            "module.alb.data.aws_subnet.public-subnet2",
            "module.alb.data.aws_vpc.vpc",
            "module.ami.aws_ami_from_instance.my_ami",
            "module.ami.aws_instance.bastion",
            "module.ami.aws_security_group.bastion-sg",
            "module.ami.data.aws_subnet.subnet",
            "module.ami.data.aws_vpc.vpc",
            "module.ami.null_resource.terminate_instance",
            "module.autoscaling.aws_autoscaling_group.App-ASG",
            "module.autoscaling.aws_autoscaling_group.Web-ASG",
            "module.autoscaling.aws_autoscaling_policy.app-custom-cpu-policy",
            "module.autoscaling.aws_autoscaling_policy.app-custom-cpu-policy-scaledown",
            "module.autoscaling.aws_autoscaling_policy.web-custom-cpu-policy",
            "module.autoscaling.aws_autoscaling_policy.web-custom-cpu-policy-scaledown",
            "module.autoscaling.aws_cloudwatch_metric_alarm.app-custom-cpu-alarm",
            "module.autoscaling.aws_cloudwatch_metric_alarm.app-custom-cpu-alarm-scaledown",
            "module.autoscaling.aws_cloudwatch_metric_alarm.web-custom-cpu-alarm",
            "module.autoscaling.aws_cloudwatch_metric_alarm.web-custom-cpu-alarm-scaledown",
            "module.autoscaling.aws_launch_template.App-LC",
            "module.autoscaling.aws_launch_template.Web-LC",
            "module.autoscaling.data.aws_security_group.app-sg",
            "module.autoscaling.data.aws_security_group.web-sg",
            "module.autoscaling.data.aws_ssm_parameter.db_id",
            "module.autoscaling.data.aws_ssm_parameter.db_pwd",
            "module.autoscaling.data.aws_subnet.private-subnet1",
            "module.autoscaling.data.aws_subnet.private-subnet2",
            "module.iam.aws_iam_instance_profile.instance-profile",
            "module.iam.aws_iam_role.iam-role",
            "module.iam.aws_iam_role_policy.iam-policy",
            "module.security-group.aws_security_group.app-alb-sg",
            "module.security-group.aws_security_group.app-tier-sg",
            "module.security-group.aws_security_group.database-sg",
            "module.security-group.aws_security_group.web-alb-sg",
            "module.security-group.aws_security_group.web-tier-sg",
            "module.security-group.data.aws_vpc.vpc",
            "module.vpc.aws_eip.eip1",
            "module.vpc.aws_eip.eip2",
            "module.vpc.aws_internet_gateway.igw",
            "module.vpc.aws_nat_gateway.ngw1",
            "module.vpc.aws_nat_gateway.ngw2",
            "module.vpc.aws_route_table.db-rt1",
            "module.vpc.aws_route_table.db-rt2",
            "module.vpc.aws_route_table.private-rt1",
            "module.vpc.aws_route_table.private-rt2",
            "module.vpc.aws_route_table.public-rt",
            "module.vpc.aws_route_table_association.db-rt-association1",
            "module.vpc.aws_route_table_association.db-rt-association2",
            "module.vpc.aws_route_table_association.private-rt-association1",
            "module.vpc.aws_route_table_association.private-rt-association2",
            "module.vpc.aws_route_table_association.public-rt-association1",
            "module.vpc.aws_route_table_association.public-rt-association2",
            "module.vpc.aws_subnet.db-subnet1",
            "module.vpc.aws_subnet.db-subnet2",
            "module.vpc.aws_subnet.private-subnet1",
            "module.vpc.aws_subnet.private-subnet2",
            "module.vpc.aws_subnet.public-subnet1",
            "module.vpc.aws_subnet.public-subnet2",
            "module.vpc.aws_vpc.vpc",
            "module.vpc.aws_vpc_endpoint.s3_gateway",
            "module.vpc.data.aws_availability_zones.azs"
          ]
        }
      ]
    },
    {
      "module": "module.acm-route53-cloudfront-waf",
      "mode": "managed",
      "type": "aws_wafv2_web_acl",
      "name": "web_acl",
      "provider": "provider[\"registry.terraform.io/hashicorp/aws\"].us-east-1",
      "instances": [
        {
          "schema_version": 0,
          "attributes": {
            "application_integration_url": "",
            "arn": "arn:aws:wafv2:us-east-1:891377163278:global/webacl/kdt-WAF-ktd/0197d645-66fa-4601-9dea-4bfbd4224ba5",
            "association_config": [],
            "capacity": 50,
            "captcha_config": [],
            "challenge_config": [],
            "custom_response_body": [],
            "default_action": [
              {
                "allow": [
                  {
                    "custom_request_handling": []
                  }
                ],
                "block": []
              }
            ],
            "description": "",
            "id": "0197d645-66fa-4601-9dea-4bfbd4224ba5",
            "lock_token": "41d84e07-fd94-48f9-97ee-593af83aee73",
            "name": "kdt-WAF-ktd",
            "rule": [
              {
                "action": [],
                "captcha_config": [],
                "name": "AWSManagedRulesAnonymousIpList",
                "override_action": [
                  {
                    "count": [],
                    "none": [
                      {}
                    ]
                  }
                ],
                "priority": 0,
                "rule_label": [],
                "statement": [
                  {
                    "and_statement": [],
                    "byte_match_statement": [],
                    "geo_match_statement": [],
                    "ip_set_reference_statement": [],
                    "label_match_statement": [],
                    "managed_rule_group_statement": [
                      {
                        "managed_rule_group_configs": [],
                        "name": "AWSManagedRulesAnonymousIpList",
                        "rule_action_override": [
                          {
                            "action_to_use": [
                              {
                                "allow": [],
                                "block": [],
                                "captcha": [],
                                "challenge": [],
                                "count": [
                                  {
                                    "custom_request_handling": []
                                  }
                                ]
                              }
                            ],
                            "name": "SizeRestrictions_QUERYSTRING"
                          },
                          {
                            "action_to_use": [
                              {
                                "allow": [],
                                "block": [],
                                "captcha": [],
                                "challenge": [],
                                "count": [
                                  {
                                    "custom_request_handling": []
                                  }
                                ]
                              }
                            ],
                            "name": "NoUserAgent_HEADER"
                          }
                        ],
                        "scope_down_statement": [],
                        "vendor_name": "AWS",
                        "version": ""
                      }
                    ],
                    "not_statement": [],
                    "or_statement": [],
                    "rate_based_statement": [],
                    "regex_match_statement": [],
                    "regex_pattern_set_reference_statement": [],
                    "rule_group_reference_statement": [],
                    "size_constraint_statement": [],
                    "sqli_match_statement": [],
                    "xss_match_statement": []
                  }
                ],
                "visibility_config": [
                  {
                    "cloudwatch_metrics_enabled": false,
                    "metric_name": "BlockIPRuleMetrics",
                    "sampled_requests_enabled": false
                  }
                ]
              }
            ],
            "scope": "CLOUDFRONT",
            "tags": null,
            "tags_all": {},
            "token_domains": null,
            "visibility_config": [
              {
                "cloudwatch_metrics_enabled": false,
                "metric_name": "BlockIPRuleMetrics",
                "sampled_requests_enabled": false
              }
            ]
          },
          "sensitive_attributes": [],
          "private": "bnVsbA==",
          "dependencies": [
            "module.alb.aws_lb.App-elb",
            "module.alb.aws_lb_target_group.app-tg",
            "module.alb.aws_lb_target_group.web-tg",
            "module.alb.data.aws_security_group.app-alb-sg",
            "module.alb.data.aws_subnet.private-subnet1",
            "module.alb.data.aws_subnet.private-subnet2",
            "module.alb.data.aws_vpc.vpc",
            "module.ami.aws_ami_from_instance.my_ami",
            "module.ami.aws_instance.bastion",
            "module.ami.aws_security_group.bastion-sg",
            "module.ami.data.aws_subnet.subnet",
            "module.ami.data.aws_vpc.vpc",
            "module.ami.null_resource.terminate_instance",
            "module.autoscaling.aws_autoscaling_group.App-ASG",
            "module.autoscaling.aws_autoscaling_group.Web-ASG",
            "module.autoscaling.aws_autoscaling_policy.app-custom-cpu-policy",
            "module.autoscaling.aws_autoscaling_policy.app-custom-cpu-policy-scaledown",
            "module.autoscaling.aws_autoscaling_policy.web-custom-cpu-policy",
            "module.autoscaling.aws_autoscaling_policy.web-custom-cpu-policy-scaledown",
            "module.autoscaling.aws_cloudwatch_metric_alarm.app-custom-cpu-alarm",
            "module.autoscaling.aws_cloudwatch_metric_alarm.app-custom-cpu-alarm-scaledown",
            "module.autoscaling.aws_cloudwatch_metric_alarm.web-custom-cpu-alarm",
            "module.autoscaling.aws_cloudwatch_metric_alarm.web-custom-cpu-alarm-scaledown",
            "module.autoscaling.aws_launch_template.App-LC",
            "module.autoscaling.aws_launch_template.Web-LC",
            "module.autoscaling.data.aws_security_group.app-sg",
            "module.autoscaling.data.aws_security_group.web-sg",
            "module.autoscaling.data.aws_ssm_parameter.db_id",
            "module.autoscaling.data.aws_ssm_parameter.db_pwd",
            "module.autoscaling.data.aws_subnet.private-subnet1",
            "module.autoscaling.data.aws_subnet.private-subnet2",
            "module.iam.aws_iam_instance_profile.instance-profile",
            "module.iam.aws_iam_role.iam-role",
            "module.iam.aws_iam_role_policy.iam-policy",
            "module.security-group.aws_security_group.app-alb-sg",
            "module.security-group.aws_security_group.app-tier-sg",
            "module.security-group.aws_security_group.database-sg",
            "module.security-group.aws_security_group.web-alb-sg",
            "module.security-group.aws_security_group.web-tier-sg",
            "module.security-group.data.aws_vpc.vpc",
            "module.vpc.aws_eip.eip1",
            "module.vpc.aws_eip.eip2",
            "module.vpc.aws_internet_gateway.igw",
            "module.vpc.aws_nat_gateway.ngw1",
            "module.vpc.aws_nat_gateway.ngw2",
            "module.vpc.aws_route_table.db-rt1",
            "module.vpc.aws_route_table.db-rt2",
            "module.vpc.aws_route_table.private-rt1",
            "module.vpc.aws_route_table.private-rt2",
            "module.vpc.aws_route_table.public-rt",
            "module.vpc.aws_route_table_association.db-rt-association1",
            "module.vpc.aws_route_table_association.db-rt-association2",
            "module.vpc.aws_route_table_association.private-rt-association1",
            "module.vpc.aws_route_table_association.private-rt-association2",
            "module.vpc.aws_route_table_association.public-rt-association1",
            "module.vpc.aws_route_table_association.public-rt-association2",
            "module.vpc.aws_subnet.db-subnet1",
            "module.vpc.aws_subnet.db-subnet2",
            "module.vpc.aws_subnet.private-subnet1",
            "module.vpc.aws_subnet.private-subnet2",
            "module.vpc.aws_subnet.public-subnet1",
            "module.vpc.aws_subnet.public-subnet2",
            "module.vpc.aws_vpc.vpc",
            "module.vpc.aws_vpc_endpoint.s3_gateway",
            "module.vpc.data.aws_availability_zones.azs"
          ]
        }
      ]
    },
    {
      "module": "module.alb",
      "mode": "data",
      "type": "aws_security_group",
      "name": "app-alb-sg",
      "provider": "provider[\"registry.terraform.io/hashicorp/aws\"]",
      "instances": [
        {
          "schema_version": 0,
          "attributes": {
            "arn": "arn:aws:ec2:us-east-2:891377163278:security-group/sg-0cf9775d4ef8974db",
            "description": "Allow HTTP and HTTPS for World",
            "filter": [
              {
                "name": "group-id",
                "values": [
                  "sg-0cf9775d4ef8974db"
                ]
              },
              {
                "name": "tag:Name",
                "values": [
                  "kdt-app-alb-sg"
                ]
              }
            ],
            "id": "sg-0cf9775d4ef8974db",
            "name": "terraform-2024051804344027410000000b",
            "tags": {
              "Name": "kdt-app-alb-sg"
            },
            "timeouts": null,
            "vpc_id": "vpc-0fbdc2b09439d2b4d"
          },
          "sensitive_attributes": []
        }
      ]
    },
    {
      "module": "module.alb",
      "mode": "data",
      "type": "aws_security_group",
      "name": "web-alb-sg",
      "provider": "provider[\"registry.terraform.io/hashicorp/aws\"]",
      "instances": [
        {
          "schema_version": 0,
          "attributes": {
            "arn": "arn:aws:ec2:us-east-2:891377163278:security-group/sg-0b18bddf4437764ca",
            "description": "Allow HTTP and HTTPS for World",
            "filter": [
              {
                "name": "group-id",
                "values": [
                  "sg-0b18bddf4437764ca"
                ]
              },
              {
                "name": "tag:Name",
                "values": [
                  "kdt-web-alb-sg"
                ]
              }
            ],
            "id": "sg-0b18bddf4437764ca",
            "name": "terraform-20240518043433626700000009",
            "tags": {
              "Name": "kdt-web-alb-sg"
            },
            "timeouts": null,
            "vpc_id": "vpc-0fbdc2b09439d2b4d"
          },
          "sensitive_attributes": []
        }
      ]
    },
    {
      "module": "module.alb",
      "mode": "data",
      "type": "aws_subnet",
      "name": "private-subnet1",
      "provider": "provider[\"registry.terraform.io/hashicorp/aws\"]",
      "instances": [
        {
          "schema_version": 0,
          "attributes": {
            "arn": "arn:aws:ec2:us-east-2:891377163278:subnet/subnet-0dfb9899e280deb94",
            "assign_ipv6_address_on_creation": false,
            "availability_zone": "us-east-2a",
            "availability_zone_id": "use2-az1",
            "available_ip_address_count": 1019,
            "cidr_block": "10.50.4.0/22",
            "customer_owned_ipv4_pool": "",
            "default_for_az": false,
            "enable_dns64": false,
            "enable_lni_at_device_index": 0,
            "enable_resource_name_dns_a_record_on_launch": false,
            "enable_resource_name_dns_aaaa_record_on_launch": false,
            "filter": [
              {
                "name": "tag:Name",
                "values": [
                  "kdt-Private-Subnet1"
                ]
              }
            ],
            "id": "subnet-0dfb9899e280deb94",
            "ipv6_cidr_block": "",
            "ipv6_cidr_block_association_id": "",
            "ipv6_native": false,
            "map_customer_owned_ip_on_launch": false,
            "map_public_ip_on_launch": false,
            "outpost_arn": "",
            "owner_id": "891377163278",
            "private_dns_hostname_type_on_launch": "ip-name",
            "state": "available",
            "tags": {
              "Name": "kdt-Private-Subnet1"
            },
            "timeouts": null,
            "vpc_id": "vpc-0fbdc2b09439d2b4d"
          },
          "sensitive_attributes": []
        }
      ]
    },
    {
      "module": "module.alb",
      "mode": "data",
      "type": "aws_subnet",
      "name": "private-subnet2",
      "provider": "provider[\"registry.terraform.io/hashicorp/aws\"]",
      "instances": [
        {
          "schema_version": 0,
          "attributes": {
            "arn": "arn:aws:ec2:us-east-2:891377163278:subnet/subnet-00ab9338cf48b8837",
            "assign_ipv6_address_on_creation": false,
            "availability_zone": "us-east-2b",
            "availability_zone_id": "use2-az2",
            "available_ip_address_count": 1019,
            "cidr_block": "10.50.8.0/22",
            "customer_owned_ipv4_pool": "",
            "default_for_az": false,
            "enable_dns64": false,
            "enable_lni_at_device_index": 0,
            "enable_resource_name_dns_a_record_on_launch": false,
            "enable_resource_name_dns_aaaa_record_on_launch": false,
            "filter": [
              {
                "name": "tag:Name",
                "values": [
                  "kdt-Private-Subnet2"
                ]
              }
            ],
            "id": "subnet-00ab9338cf48b8837",
            "ipv6_cidr_block": "",
            "ipv6_cidr_block_association_id": "",
            "ipv6_native": false,
            "map_customer_owned_ip_on_launch": false,
            "map_public_ip_on_launch": false,
            "outpost_arn": "",
            "owner_id": "891377163278",
            "private_dns_hostname_type_on_launch": "ip-name",
            "state": "available",
            "tags": {
              "Name": "kdt-Private-Subnet2"
            },
            "timeouts": null,
            "vpc_id": "vpc-0fbdc2b09439d2b4d"
          },
          "sensitive_attributes": []
        }
      ]
    },
    {
      "module": "module.alb",
      "mode": "data",
      "type": "aws_subnet",
      "name": "public-subnet1",
      "provider": "provider[\"registry.terraform.io/hashicorp/aws\"]",
      "instances": [
        {
          "schema_version": 0,
          "attributes": {
            "arn": "arn:aws:ec2:us-east-2:891377163278:subnet/subnet-0dfd60a25907277a6",
            "assign_ipv6_address_on_creation": false,
            "availability_zone": "us-east-2a",
            "availability_zone_id": "use2-az1",
            "available_ip_address_count": 250,
            "cidr_block": "10.50.0.0/24",
            "customer_owned_ipv4_pool": "",
            "default_for_az": false,
            "enable_dns64": false,
            "enable_lni_at_device_index": 0,
            "enable_resource_name_dns_a_record_on_launch": false,
            "enable_resource_name_dns_aaaa_record_on_launch": false,
            "filter": [
              {
                "name": "tag:Name",
                "values": [
                  "kdt-Public-Subnet1"
                ]
              }
            ],
            "id": "subnet-0dfd60a25907277a6",
            "ipv6_cidr_block": "",
            "ipv6_cidr_block_association_id": "",
            "ipv6_native": false,
            "map_customer_owned_ip_on_launch": false,
            "map_public_ip_on_launch": true,
            "outpost_arn": "",
            "owner_id": "891377163278",
            "private_dns_hostname_type_on_launch": "ip-name",
            "state": "available",
            "tags": {
              "Name": "kdt-Public-Subnet1"
            },
            "timeouts": null,
            "vpc_id": "vpc-0fbdc2b09439d2b4d"
          },
          "sensitive_attributes": []
        }
      ]
    },
    {
      "module": "module.alb",
      "mode": "data",
      "type": "aws_subnet",
      "name": "public-subnet2",
      "provider": "provider[\"registry.terraform.io/hashicorp/aws\"]",
      "instances": [
        {
          "schema_version": 0,
          "attributes": {
            "arn": "arn:aws:ec2:us-east-2:891377163278:subnet/subnet-0dfd1c3b8e5a8a48f",
            "assign_ipv6_address_on_creation": false,
            "availability_zone": "us-east-2b",
            "availability_zone_id": "use2-az2",
            "available_ip_address_count": 250,
            "cidr_block": "10.50.1.0/24",
            "customer_owned_ipv4_pool": "",
            "default_for_az": false,
            "enable_dns64": false,
            "enable_lni_at_device_index": 0,
            "enable_resource_name_dns_a_record_on_launch": false,
            "enable_resource_name_dns_aaaa_record_on_launch": false,
            "filter": [
              {
                "name": "tag:Name",
                "values": [
                  "kdt-Public-Subnet2"
                ]
              }
            ],
            "id": "subnet-0dfd1c3b8e5a8a48f",
            "ipv6_cidr_block": "",
            "ipv6_cidr_block_association_id": "",
            "ipv6_native": false,
            "map_customer_owned_ip_on_launch": false,
            "map_public_ip_on_launch": true,
            "outpost_arn": "",
            "owner_id": "891377163278",
            "private_dns_hostname_type_on_launch": "ip-name",
            "state": "available",
            "tags": {
              "Name": "kdt-Public-Subnet2"
            },
            "timeouts": null,
            "vpc_id": "vpc-0fbdc2b09439d2b4d"
          },
          "sensitive_attributes": []
        }
      ]
    },
    {
      "module": "module.alb",
      "mode": "data",
      "type": "aws_vpc",
      "name": "vpc",
      "provider": "provider[\"registry.terraform.io/hashicorp/aws\"]",
      "instances": [
        {
          "schema_version": 0,
          "attributes": {
            "arn": "arn:aws:ec2:us-east-2:891377163278:vpc/vpc-0fbdc2b09439d2b4d",
            "cidr_block": "10.50.0.0/16",
            "cidr_block_associations": [
              {
                "association_id": "vpc-cidr-assoc-04d3d0ebb96bbfa15",
                "cidr_block": "10.50.0.0/16",
                "state": "associated"
              }
            ],
            "default": false,
            "dhcp_options_id": "dopt-0cab42d5410535950",
            "enable_dns_hostnames": true,
            "enable_dns_support": true,
            "enable_network_address_usage_metrics": false,
            "filter": [
              {
                "name": "tag:Name",
                "values": [
                  "kdt-VPC"
                ]
              }
            ],
            "id": "vpc-0fbdc2b09439d2b4d",
            "instance_tenancy": "default",
            "ipv6_association_id": "",
            "ipv6_cidr_block": "",
            "main_route_table_id": "rtb-008631cf21a4cc540",
            "owner_id": "891377163278",
            "state": null,
            "tags": {
              "Name": "kdt-VPC"
            },
            "timeouts": null
          },
          "sensitive_attributes": []
        }
      ]
    },
    {
      "module": "module.alb",
      "mode": "managed",
      "type": "aws_lb",
      "name": "App-elb",
      "provider": "provider[\"registry.terraform.io/hashicorp/aws\"]",
      "instances": [
        {
          "schema_version": 0,
          "attributes": {
            "access_logs": [
              {
                "bucket": "",
                "enabled": false,
                "prefix": ""
              }
            ],
            "arn": "arn:aws:elasticloadbalancing:us-east-2:891377163278:loadbalancer/app/App-elb/77bbff3821618403",
            "arn_suffix": "app/App-elb/77bbff3821618403",
            "client_keep_alive": 3600,
            "connection_logs": [
              {
                "bucket": "",
                "enabled": false,
                "prefix": ""
              }
            ],
            "customer_owned_ipv4_pool": "",
            "desync_mitigation_mode": "defensive",
            "dns_name": "internal-App-elb-2115519515.us-east-2.elb.amazonaws.com",
            "dns_record_client_routing_policy": null,
            "drop_invalid_header_fields": false,
            "enable_cross_zone_load_balancing": true,
            "enable_deletion_protection": false,
            "enable_http2": true,
            "enable_tls_version_and_cipher_suite_headers": false,
            "enable_waf_fail_open": false,
            "enable_xff_client_port": false,
            "enforce_security_group_inbound_rules_on_private_link_traffic": "",
            "id": "arn:aws:elasticloadbalancing:us-east-2:891377163278:loadbalancer/app/App-elb/77bbff3821618403",
            "idle_timeout": 60,
            "internal": true,
            "ip_address_type": "ipv4",
            "load_balancer_type": "application",
            "name": "App-elb",
            "name_prefix": "",
            "preserve_host_header": false,
            "security_groups": [
              "sg-0cf9775d4ef8974db"
            ],
            "subnet_mapping": [
              {
                "allocation_id": "",
                "ipv6_address": "",
                "outpost_id": "",
                "private_ipv4_address": "",
                "subnet_id": "subnet-00ab9338cf48b8837"
              },
              {
                "allocation_id": "",
                "ipv6_address": "",
                "outpost_id": "",
                "private_ipv4_address": "",
                "subnet_id": "subnet-0dfb9899e280deb94"
              }
            ],
            "subnets": [
              "subnet-00ab9338cf48b8837",
              "subnet-0dfb9899e280deb94"
            ],
            "tags": {
              "Name": "App-elb"
            },
            "tags_all": {
              "Name": "App-elb"
            },
            "timeouts": null,
            "vpc_id": "vpc-0fbdc2b09439d2b4d",
            "xff_header_processing_mode": "append",
            "zone_id": "Z3AADJGX6KTTL2"
          },
          "sensitive_attributes": [],
          "private": "eyJlMmJmYjczMC1lY2FhLTExZTYtOGY4OC0zNDM2M2JjN2M0YzAiOnsiY3JlYXRlIjo2MDAwMDAwMDAwMDAsImRlbGV0ZSI6NjAwMDAwMDAwMDAwLCJ1cGRhdGUiOjYwMDAwMDAwMDAwMH19",
          "dependencies": [
            "module.alb.data.aws_security_group.app-alb-sg",
            "module.alb.data.aws_subnet.private-subnet1",
            "module.alb.data.aws_subnet.private-subnet2",
            "module.security-group.aws_security_group.app-alb-sg",
            "module.security-group.aws_security_group.app-tier-sg",
            "module.security-group.aws_security_group.database-sg",
            "module.security-group.aws_security_group.web-alb-sg",
            "module.security-group.aws_security_group.web-tier-sg",
            "module.security-group.data.aws_vpc.vpc",
            "module.vpc.aws_eip.eip1",
            "module.vpc.aws_eip.eip2",
            "module.vpc.aws_internet_gateway.igw",
            "module.vpc.aws_nat_gateway.ngw1",
            "module.vpc.aws_nat_gateway.ngw2",
            "module.vpc.aws_route_table.db-rt1",
            "module.vpc.aws_route_table.db-rt2",
            "module.vpc.aws_route_table.private-rt1",
            "module.vpc.aws_route_table.private-rt2",
            "module.vpc.aws_route_table.public-rt",
            "module.vpc.aws_route_table_association.db-rt-association1",
            "module.vpc.aws_route_table_association.db-rt-association2",
            "module.vpc.aws_route_table_association.private-rt-association1",
            "module.vpc.aws_route_table_association.private-rt-association2",
            "module.vpc.aws_route_table_association.public-rt-association1",
            "module.vpc.aws_route_table_association.public-rt-association2",
            "module.vpc.aws_subnet.db-subnet1",
            "module.vpc.aws_subnet.db-subnet2",
            "module.vpc.aws_subnet.private-subnet1",
            "module.vpc.aws_subnet.private-subnet2",
            "module.vpc.aws_subnet.public-subnet1",
            "module.vpc.aws_subnet.public-subnet2",
            "module.vpc.aws_vpc.vpc",
            "module.vpc.aws_vpc_endpoint.s3_gateway",
            "module.vpc.data.aws_availability_zones.azs"
          ],
          "create_before_destroy": true
        }
      ]
    },
    {
      "module": "module.alb",
      "mode": "managed",
      "type": "aws_lb",
      "name": "Web-elb",
      "provider": "provider[\"registry.terraform.io/hashicorp/aws\"]",
      "instances": [
        {
          "schema_version": 0,
          "attributes": {
            "access_logs": [
              {
                "bucket": "",
                "enabled": false,
                "prefix": ""
              }
            ],
            "arn": "arn:aws:elasticloadbalancing:us-east-2:891377163278:loadbalancer/app/Web-elb/29a9be0035cfb8f7",
            "arn_suffix": "app/Web-elb/29a9be0035cfb8f7",
            "client_keep_alive": 3600,
            "connection_logs": [
              {
                "bucket": "",
                "enabled": false,
                "prefix": ""
              }
            ],
            "customer_owned_ipv4_pool": "",
            "desync_mitigation_mode": "defensive",
            "dns_name": "Web-elb-229042846.us-east-2.elb.amazonaws.com",
            "dns_record_client_routing_policy": null,
            "drop_invalid_header_fields": false,
            "enable_cross_zone_load_balancing": true,
            "enable_deletion_protection": false,
            "enable_http2": true,
            "enable_tls_version_and_cipher_suite_headers": false,
            "enable_waf_fail_open": false,
            "enable_xff_client_port": false,
            "enforce_security_group_inbound_rules_on_private_link_traffic": "",
            "id": "arn:aws:elasticloadbalancing:us-east-2:891377163278:loadbalancer/app/Web-elb/29a9be0035cfb8f7",
            "idle_timeout": 60,
            "internal": false,
            "ip_address_type": "ipv4",
            "load_balancer_type": "application",
            "name": "Web-elb",
            "name_prefix": "",
            "preserve_host_header": false,
            "security_groups": [
              "sg-0b18bddf4437764ca"
            ],
            "subnet_mapping": [
              {
                "allocation_id": "",
                "ipv6_address": "",
                "outpost_id": "",
                "private_ipv4_address": "",
                "subnet_id": "subnet-0dfd1c3b8e5a8a48f"
              },
              {
                "allocation_id": "",
                "ipv6_address": "",
                "outpost_id": "",
                "private_ipv4_address": "",
                "subnet_id": "subnet-0dfd60a25907277a6"
              }
            ],
            "subnets": [
              "subnet-0dfd1c3b8e5a8a48f",
              "subnet-0dfd60a25907277a6"
            ],
            "tags": {
              "Name": "Web-elb"
            },
            "tags_all": {
              "Name": "Web-elb"
            },
            "timeouts": null,
            "vpc_id": "vpc-0fbdc2b09439d2b4d",
            "xff_header_processing_mode": "append",
            "zone_id": "Z3AADJGX6KTTL2"
          },
          "sensitive_attributes": [],
          "private": "eyJlMmJmYjczMC1lY2FhLTExZTYtOGY4OC0zNDM2M2JjN2M0YzAiOnsiY3JlYXRlIjo2MDAwMDAwMDAwMDAsImRlbGV0ZSI6NjAwMDAwMDAwMDAwLCJ1cGRhdGUiOjYwMDAwMDAwMDAwMH19",
          "dependencies": [
            "module.alb.data.aws_security_group.web-alb-sg",
            "module.alb.data.aws_subnet.public-subnet1",
            "module.alb.data.aws_subnet.public-subnet2",
            "module.security-group.aws_security_group.app-alb-sg",
            "module.security-group.aws_security_group.app-tier-sg",
            "module.security-group.aws_security_group.database-sg",
            "module.security-group.aws_security_group.web-alb-sg",
            "module.security-group.aws_security_group.web-tier-sg",
            "module.security-group.data.aws_vpc.vpc",
            "module.vpc.aws_eip.eip1",
            "module.vpc.aws_eip.eip2",
            "module.vpc.aws_internet_gateway.igw",
            "module.vpc.aws_nat_gateway.ngw1",
            "module.vpc.aws_nat_gateway.ngw2",
            "module.vpc.aws_route_table.db-rt1",
            "module.vpc.aws_route_table.db-rt2",
            "module.vpc.aws_route_table.private-rt1",
            "module.vpc.aws_route_table.private-rt2",
            "module.vpc.aws_route_table.public-rt",
            "module.vpc.aws_route_table_association.db-rt-association1",
            "module.vpc.aws_route_table_association.db-rt-association2",
            "module.vpc.aws_route_table_association.private-rt-association1",
            "module.vpc.aws_route_table_association.private-rt-association2",
            "module.vpc.aws_route_table_association.public-rt-association1",
            "module.vpc.aws_route_table_association.public-rt-association2",
            "module.vpc.aws_subnet.db-subnet1",
            "module.vpc.aws_subnet.db-subnet2",
            "module.vpc.aws_subnet.private-subnet1",
            "module.vpc.aws_subnet.private-subnet2",
            "module.vpc.aws_subnet.public-subnet1",
            "module.vpc.aws_subnet.public-subnet2",
            "module.vpc.aws_vpc.vpc",
            "module.vpc.aws_vpc_endpoint.s3_gateway",
            "module.vpc.data.aws_availability_zones.azs"
          ]
        }
      ]
    },
    {
      "module": "module.alb",
      "mode": "managed",
      "type": "aws_lb_listener",
      "name": "app-alb-listener",
      "provider": "provider[\"registry.terraform.io/hashicorp/aws\"]",
      "instances": [
        {
          "schema_version": 0,
          "attributes": {
            "alpn_policy": null,
            "arn": "arn:aws:elasticloadbalancing:us-east-2:891377163278:listener/app/App-elb/77bbff3821618403/70ee16872c5ee8df",
            "certificate_arn": null,
            "default_action": [
              {
                "authenticate_cognito": [],
                "authenticate_oidc": [],
                "fixed_response": [],
                "forward": [],
                "order": 1,
                "redirect": [],
                "target_group_arn": "arn:aws:elasticloadbalancing:us-east-2:891377163278:targetgroup/tf-2024051804345302550000000f/a2679e825763dfad",
                "type": "forward"
              }
            ],
            "id": "arn:aws:elasticloadbalancing:us-east-2:891377163278:listener/app/App-elb/77bbff3821618403/70ee16872c5ee8df",
            "load_balancer_arn": "arn:aws:elasticloadbalancing:us-east-2:891377163278:loadbalancer/app/App-elb/77bbff3821618403",
            "mutual_authentication": [],
            "port": 8080,
            "protocol": "HTTP",
            "ssl_policy": "",
            "tags": null,
            "tags_all": {},
            "timeouts": null
          },
          "sensitive_attributes": [],
          "private": "eyJlMmJmYjczMC1lY2FhLTExZTYtOGY4OC0zNDM2M2JjN2M0YzAiOnsiY3JlYXRlIjozMDAwMDAwMDAwMDAsInVwZGF0ZSI6MzAwMDAwMDAwMDAwfX0=",
          "dependencies": [
            "module.alb.aws_lb.App-elb",
            "module.alb.aws_lb_target_group.app-tg",
            "module.alb.data.aws_security_group.app-alb-sg",
            "module.alb.data.aws_subnet.private-subnet1",
            "module.alb.data.aws_subnet.private-subnet2",
            "module.alb.data.aws_vpc.vpc",
            "module.security-group.aws_security_group.app-alb-sg",
            "module.security-group.aws_security_group.app-tier-sg",
            "module.security-group.aws_security_group.database-sg",
            "module.security-group.aws_security_group.web-alb-sg",
            "module.security-group.aws_security_group.web-tier-sg",
            "module.security-group.data.aws_vpc.vpc",
            "module.vpc.aws_eip.eip1",
            "module.vpc.aws_eip.eip2",
            "module.vpc.aws_internet_gateway.igw",
            "module.vpc.aws_nat_gateway.ngw1",
            "module.vpc.aws_nat_gateway.ngw2",
            "module.vpc.aws_route_table.db-rt1",
            "module.vpc.aws_route_table.db-rt2",
            "module.vpc.aws_route_table.private-rt1",
            "module.vpc.aws_route_table.private-rt2",
            "module.vpc.aws_route_table.public-rt",
            "module.vpc.aws_route_table_association.db-rt-association1",
            "module.vpc.aws_route_table_association.db-rt-association2",
            "module.vpc.aws_route_table_association.private-rt-association1",
            "module.vpc.aws_route_table_association.private-rt-association2",
            "module.vpc.aws_route_table_association.public-rt-association1",
            "module.vpc.aws_route_table_association.public-rt-association2",
            "module.vpc.aws_subnet.db-subnet1",
            "module.vpc.aws_subnet.db-subnet2",
            "module.vpc.aws_subnet.private-subnet1",
            "module.vpc.aws_subnet.private-subnet2",
            "module.vpc.aws_subnet.public-subnet1",
            "module.vpc.aws_subnet.public-subnet2",
            "module.vpc.aws_vpc.vpc",
            "module.vpc.aws_vpc_endpoint.s3_gateway",
            "module.vpc.data.aws_availability_zones.azs"
          ]
        }
      ]
    },
    {
      "module": "module.alb",
      "mode": "managed",
      "type": "aws_lb_listener",
      "name": "web-alb-listener",
      "provider": "provider[\"registry.terraform.io/hashicorp/aws\"]",
      "instances": [
        {
          "schema_version": 0,
          "attributes": {
            "alpn_policy": null,
            "arn": "arn:aws:elasticloadbalancing:us-east-2:891377163278:listener/app/Web-elb/29a9be0035cfb8f7/8fbddc3c4163c1e3",
            "certificate_arn": null,
            "default_action": [
              {
                "authenticate_cognito": [],
                "authenticate_oidc": [],
                "fixed_response": [
                  {
                    "content_type": "text/plain",
                    "message_body": "Forbidden. Only accessible through the cloud front",
                    "status_code": "403"
                  }
                ],
                "forward": [],
                "order": 1,
                "redirect": [],
                "target_group_arn": "",
                "type": "fixed-response"
              }
            ],
            "id": "arn:aws:elasticloadbalancing:us-east-2:891377163278:listener/app/Web-elb/29a9be0035cfb8f7/8fbddc3c4163c1e3",
            "load_balancer_arn": "arn:aws:elasticloadbalancing:us-east-2:891377163278:loadbalancer/app/Web-elb/29a9be0035cfb8f7",
            "mutual_authentication": [],
            "port": 80,
            "protocol": "HTTP",
            "ssl_policy": "",
            "tags": null,
            "tags_all": {},
            "timeouts": null
          },
          "sensitive_attributes": [],
          "private": "eyJlMmJmYjczMC1lY2FhLTExZTYtOGY4OC0zNDM2M2JjN2M0YzAiOnsiY3JlYXRlIjozMDAwMDAwMDAwMDAsInVwZGF0ZSI6MzAwMDAwMDAwMDAwfX0=",
          "dependencies": [
            "module.alb.aws_lb.Web-elb",
            "module.alb.data.aws_security_group.web-alb-sg",
            "module.alb.data.aws_subnet.public-subnet1",
            "module.alb.data.aws_subnet.public-subnet2",
            "module.security-group.aws_security_group.app-alb-sg",
            "module.security-group.aws_security_group.app-tier-sg",
            "module.security-group.aws_security_group.database-sg",
            "module.security-group.aws_security_group.web-alb-sg",
            "module.security-group.aws_security_group.web-tier-sg",
            "module.security-group.data.aws_vpc.vpc",
            "module.vpc.aws_eip.eip1",
            "module.vpc.aws_eip.eip2",
            "module.vpc.aws_internet_gateway.igw",
            "module.vpc.aws_nat_gateway.ngw1",
            "module.vpc.aws_nat_gateway.ngw2",
            "module.vpc.aws_route_table.db-rt1",
            "module.vpc.aws_route_table.db-rt2",
            "module.vpc.aws_route_table.private-rt1",
            "module.vpc.aws_route_table.private-rt2",
            "module.vpc.aws_route_table.public-rt",
            "module.vpc.aws_route_table_association.db-rt-association1",
            "module.vpc.aws_route_table_association.db-rt-association2",
            "module.vpc.aws_route_table_association.private-rt-association1",
            "module.vpc.aws_route_table_association.private-rt-association2",
            "module.vpc.aws_route_table_association.public-rt-association1",
            "module.vpc.aws_route_table_association.public-rt-association2",
            "module.vpc.aws_subnet.db-subnet1",
            "module.vpc.aws_subnet.db-subnet2",
            "module.vpc.aws_subnet.private-subnet1",
            "module.vpc.aws_subnet.private-subnet2",
            "module.vpc.aws_subnet.public-subnet1",
            "module.vpc.aws_subnet.public-subnet2",
            "module.vpc.aws_vpc.vpc",
            "module.vpc.aws_vpc_endpoint.s3_gateway",
            "module.vpc.data.aws_availability_zones.azs"
          ]
        }
      ]
    },
    {
      "module": "module.alb",
      "mode": "managed",
      "type": "aws_lb_listener_rule",
      "name": "web-listener-rule",
      "provider": "provider[\"registry.terraform.io/hashicorp/aws\"]",
      "instances": [
        {
          "schema_version": 0,
          "attributes": {
            "action": [
              {
                "authenticate_cognito": [],
                "authenticate_oidc": [],
                "fixed_response": [],
                "forward": [],
                "order": 1,
                "redirect": [],
                "target_group_arn": "arn:aws:elasticloadbalancing:us-east-2:891377163278:targetgroup/tf-2024051804345302550000000e/7e3df963a6668493",
                "type": "forward"
              }
            ],
            "arn": "arn:aws:elasticloadbalancing:us-east-2:891377163278:listener-rule/app/Web-elb/29a9be0035cfb8f7/8fbddc3c4163c1e3/7e1b3ab6885cbdac",
            "condition": [
              {
                "host_header": [],
                "http_header": [
                  {
                    "http_header_name": "my-header",
                    "values": [
                      "kdt"
                    ]
                  }
                ],
                "http_request_method": [],
                "path_pattern": [],
                "query_string": [],
                "source_ip": []
              }
            ],
            "id": "arn:aws:elasticloadbalancing:us-east-2:891377163278:listener-rule/app/Web-elb/29a9be0035cfb8f7/8fbddc3c4163c1e3/7e1b3ab6885cbdac",
            "listener_arn": "arn:aws:elasticloadbalancing:us-east-2:891377163278:listener/app/Web-elb/29a9be0035cfb8f7/8fbddc3c4163c1e3",
            "priority": 1,
            "tags": null,
            "tags_all": {}
          },
          "sensitive_attributes": [],
          "private": "bnVsbA==",
          "dependencies": [
            "module.alb.aws_lb.Web-elb",
            "module.alb.aws_lb_listener.web-alb-listener",
            "module.alb.aws_lb_target_group.web-tg",
            "module.alb.data.aws_security_group.web-alb-sg",
            "module.alb.data.aws_subnet.public-subnet1",
            "module.alb.data.aws_subnet.public-subnet2",
            "module.alb.data.aws_vpc.vpc",
            "module.security-group.aws_security_group.app-alb-sg",
            "module.security-group.aws_security_group.app-tier-sg",
            "module.security-group.aws_security_group.database-sg",
            "module.security-group.aws_security_group.web-alb-sg",
            "module.security-group.aws_security_group.web-tier-sg",
            "module.security-group.data.aws_vpc.vpc",
            "module.vpc.aws_eip.eip1",
            "module.vpc.aws_eip.eip2",
            "module.vpc.aws_internet_gateway.igw",
            "module.vpc.aws_nat_gateway.ngw1",
            "module.vpc.aws_nat_gateway.ngw2",
            "module.vpc.aws_route_table.db-rt1",
            "module.vpc.aws_route_table.db-rt2",
            "module.vpc.aws_route_table.private-rt1",
            "module.vpc.aws_route_table.private-rt2",
            "module.vpc.aws_route_table.public-rt",
            "module.vpc.aws_route_table_association.db-rt-association1",
            "module.vpc.aws_route_table_association.db-rt-association2",
            "module.vpc.aws_route_table_association.private-rt-association1",
            "module.vpc.aws_route_table_association.private-rt-association2",
            "module.vpc.aws_route_table_association.public-rt-association1",
            "module.vpc.aws_route_table_association.public-rt-association2",
            "module.vpc.aws_subnet.db-subnet1",
            "module.vpc.aws_subnet.db-subnet2",
            "module.vpc.aws_subnet.private-subnet1",
            "module.vpc.aws_subnet.private-subnet2",
            "module.vpc.aws_subnet.public-subnet1",
            "module.vpc.aws_subnet.public-subnet2",
            "module.vpc.aws_vpc.vpc",
            "module.vpc.aws_vpc_endpoint.s3_gateway",
            "module.vpc.data.aws_availability_zones.azs"
          ]
        }
      ]
    },
    {
      "module": "module.alb",
      "mode": "managed",
      "type": "aws_lb_target_group",
      "name": "app-tg",
      "provider": "provider[\"registry.terraform.io/hashicorp/aws\"]",
      "instances": [
        {
          "schema_version": 0,
          "attributes": {
            "arn": "arn:aws:elasticloadbalancing:us-east-2:891377163278:targetgroup/tf-2024051804345302550000000f/a2679e825763dfad",
            "arn_suffix": "targetgroup/tf-2024051804345302550000000f/a2679e825763dfad",
            "connection_termination": null,
            "deregistration_delay": "300",
            "health_check": [
              {
                "enabled": true,
                "healthy_threshold": 5,
                "interval": 10,
                "matcher": "200",
                "path": "/",
                "port": "traffic-port",
                "protocol": "HTTP",
                "timeout": 5,
                "unhealthy_threshold": 2
              }
            ],
            "id": "arn:aws:elasticloadbalancing:us-east-2:891377163278:targetgroup/tf-2024051804345302550000000f/a2679e825763dfad",
            "ip_address_type": "ipv4",
            "lambda_multi_value_headers_enabled": false,
            "load_balancer_arns": [],
            "load_balancing_algorithm_type": "round_robin",
            "load_balancing_anomaly_mitigation": "off",
            "load_balancing_cross_zone_enabled": "use_load_balancer_configuration",
            "name": "tf-2024051804345302550000000f",
            "name_prefix": "tf-",
            "port": 8080,
            "preserve_client_ip": null,
            "protocol": "HTTP",
            "protocol_version": "HTTP1",
            "proxy_protocol_v2": false,
            "slow_start": 0,
            "stickiness": [
              {
                "cookie_duration": 86400,
                "cookie_name": "",
                "enabled": false,
                "type": "lb_cookie"
              }
            ],
            "tags": {
              "Name": "App-TG"
            },
            "tags_all": {
              "Name": "App-TG"
            },
            "target_failover": [
              {
                "on_deregistration": null,
                "on_unhealthy": null
              }
            ],
            "target_health_state": [
              {
                "enable_unhealthy_connection_termination": null
              }
            ],
            "target_type": "instance",
            "vpc_id": "vpc-0fbdc2b09439d2b4d"
          },
          "sensitive_attributes": [],
          "private": "bnVsbA==",
          "dependencies": [
            "module.alb.data.aws_vpc.vpc",
            "module.security-group.aws_security_group.app-alb-sg",
            "module.security-group.aws_security_group.app-tier-sg",
            "module.security-group.aws_security_group.database-sg",
            "module.security-group.aws_security_group.web-alb-sg",
            "module.security-group.aws_security_group.web-tier-sg",
            "module.security-group.data.aws_vpc.vpc",
            "module.vpc.aws_eip.eip1",
            "module.vpc.aws_eip.eip2",
            "module.vpc.aws_internet_gateway.igw",
            "module.vpc.aws_nat_gateway.ngw1",
            "module.vpc.aws_nat_gateway.ngw2",
            "module.vpc.aws_route_table.db-rt1",
            "module.vpc.aws_route_table.db-rt2",
            "module.vpc.aws_route_table.private-rt1",
            "module.vpc.aws_route_table.private-rt2",
            "module.vpc.aws_route_table.public-rt",
            "module.vpc.aws_route_table_association.db-rt-association1",
            "module.vpc.aws_route_table_association.db-rt-association2",
            "module.vpc.aws_route_table_association.private-rt-association1",
            "module.vpc.aws_route_table_association.private-rt-association2",
            "module.vpc.aws_route_table_association.public-rt-association1",
            "module.vpc.aws_route_table_association.public-rt-association2",
            "module.vpc.aws_subnet.db-subnet1",
            "module.vpc.aws_subnet.db-subnet2",
            "module.vpc.aws_subnet.private-subnet1",
            "module.vpc.aws_subnet.private-subnet2",
            "module.vpc.aws_subnet.public-subnet1",
            "module.vpc.aws_subnet.public-subnet2",
            "module.vpc.aws_vpc.vpc",
            "module.vpc.aws_vpc_endpoint.s3_gateway",
            "module.vpc.data.aws_availability_zones.azs"
          ],
          "create_before_destroy": true
        }
      ]
    },
    {
      "module": "module.alb",
      "mode": "managed",
      "type": "aws_lb_target_group",
      "name": "web-tg",
      "provider": "provider[\"registry.terraform.io/hashicorp/aws\"]",
      "instances": [
        {
          "schema_version": 0,
          "attributes": {
            "arn": "arn:aws:elasticloadbalancing:us-east-2:891377163278:targetgroup/tf-2024051804345302550000000e/7e3df963a6668493",
            "arn_suffix": "targetgroup/tf-2024051804345302550000000e/7e3df963a6668493",
            "connection_termination": null,
            "deregistration_delay": "300",
            "health_check": [
              {
                "enabled": true,
                "healthy_threshold": 5,
                "interval": 10,
                "matcher": "200",
                "path": "/",
                "port": "traffic-port",
                "protocol": "HTTP",
                "timeout": 5,
                "unhealthy_threshold": 2
              }
            ],
            "id": "arn:aws:elasticloadbalancing:us-east-2:891377163278:targetgroup/tf-2024051804345302550000000e/7e3df963a6668493",
            "ip_address_type": "ipv4",
            "lambda_multi_value_headers_enabled": false,
            "load_balancer_arns": [],
            "load_balancing_algorithm_type": "round_robin",
            "load_balancing_anomaly_mitigation": "off",
            "load_balancing_cross_zone_enabled": "use_load_balancer_configuration",
            "name": "tf-2024051804345302550000000e",
            "name_prefix": "tf-",
            "port": 80,
            "preserve_client_ip": null,
            "protocol": "HTTP",
            "protocol_version": "HTTP1",
            "proxy_protocol_v2": false,
            "slow_start": 0,
            "stickiness": [
              {
                "cookie_duration": 86400,
                "cookie_name": "",
                "enabled": false,
                "type": "lb_cookie"
              }
            ],
            "tags": {
              "Name": "Web-TG"
            },
            "tags_all": {
              "Name": "Web-TG"
            },
            "target_failover": [
              {
                "on_deregistration": null,
                "on_unhealthy": null
              }
            ],
            "target_health_state": [
              {
                "enable_unhealthy_connection_termination": null
              }
            ],
            "target_type": "instance",
            "vpc_id": "vpc-0fbdc2b09439d2b4d"
          },
          "sensitive_attributes": [],
          "private": "bnVsbA==",
          "dependencies": [
            "module.alb.data.aws_vpc.vpc",
            "module.security-group.aws_security_group.app-alb-sg",
            "module.security-group.aws_security_group.app-tier-sg",
            "module.security-group.aws_security_group.database-sg",
            "module.security-group.aws_security_group.web-alb-sg",
            "module.security-group.aws_security_group.web-tier-sg",
            "module.security-group.data.aws_vpc.vpc",
            "module.vpc.aws_eip.eip1",
            "module.vpc.aws_eip.eip2",
            "module.vpc.aws_internet_gateway.igw",
            "module.vpc.aws_nat_gateway.ngw1",
            "module.vpc.aws_nat_gateway.ngw2",
            "module.vpc.aws_route_table.db-rt1",
            "module.vpc.aws_route_table.db-rt2",
            "module.vpc.aws_route_table.private-rt1",
            "module.vpc.aws_route_table.private-rt2",
            "module.vpc.aws_route_table.public-rt",
            "module.vpc.aws_route_table_association.db-rt-association1",
            "module.vpc.aws_route_table_association.db-rt-association2",
            "module.vpc.aws_route_table_association.private-rt-association1",
            "module.vpc.aws_route_table_association.private-rt-association2",
            "module.vpc.aws_route_table_association.public-rt-association1",
            "module.vpc.aws_route_table_association.public-rt-association2",
            "module.vpc.aws_subnet.db-subnet1",
            "module.vpc.aws_subnet.db-subnet2",
            "module.vpc.aws_subnet.private-subnet1",
            "module.vpc.aws_subnet.private-subnet2",
            "module.vpc.aws_subnet.public-subnet1",
            "module.vpc.aws_subnet.public-subnet2",
            "module.vpc.aws_vpc.vpc",
            "module.vpc.aws_vpc_endpoint.s3_gateway",
            "module.vpc.data.aws_availability_zones.azs"
          ],
          "create_before_destroy": true
        }
      ]
    },
    {
      "module": "module.alb",
      "mode": "managed",
      "type": "aws_ssm_parameter",
      "name": "app-alb-dns",
      "provider": "provider[\"registry.terraform.io/hashicorp/aws\"]",
      "instances": [
        {
          "schema_version": 0,
          "attributes": {
            "allowed_pattern": "",
            "arn": "arn:aws:ssm:us-east-2:891377163278:parameter/config/system/alb-dns-name",
            "data_type": "text",
            "description": "",
            "id": "/config/system/alb-dns-name",
            "insecure_value": null,
            "key_id": "",
            "name": "/config/system/alb-dns-name",
            "overwrite": null,
            "tags": {
              "Name": "AppALBDNS"
            },
            "tags_all": {
              "Name": "AppALBDNS"
            },
            "tier": "Standard",
            "type": "String",
            "value": "internal-App-elb-2115519515.us-east-2.elb.amazonaws.com",
            "version": 1
          },
          "sensitive_attributes": [
            [
              {
                "type": "get_attr",
                "value": "value"
              }
            ]
          ],
          "private": "bnVsbA==",
          "dependencies": [
            "module.alb.aws_lb.App-elb",
            "module.alb.data.aws_security_group.app-alb-sg",
            "module.alb.data.aws_subnet.private-subnet1",
            "module.alb.data.aws_subnet.private-subnet2",
            "module.security-group.aws_security_group.app-alb-sg",
            "module.security-group.aws_security_group.app-tier-sg",
            "module.security-group.aws_security_group.database-sg",
            "module.security-group.aws_security_group.web-alb-sg",
            "module.security-group.aws_security_group.web-tier-sg",
            "module.security-group.data.aws_vpc.vpc",
            "module.vpc.aws_eip.eip1",
            "module.vpc.aws_eip.eip2",
            "module.vpc.aws_internet_gateway.igw",
            "module.vpc.aws_nat_gateway.ngw1",
            "module.vpc.aws_nat_gateway.ngw2",
            "module.vpc.aws_route_table.db-rt1",
            "module.vpc.aws_route_table.db-rt2",
            "module.vpc.aws_route_table.private-rt1",
            "module.vpc.aws_route_table.private-rt2",
            "module.vpc.aws_route_table.public-rt",
            "module.vpc.aws_route_table_association.db-rt-association1",
            "module.vpc.aws_route_table_association.db-rt-association2",
            "module.vpc.aws_route_table_association.private-rt-association1",
            "module.vpc.aws_route_table_association.private-rt-association2",
            "module.vpc.aws_route_table_association.public-rt-association1",
            "module.vpc.aws_route_table_association.public-rt-association2",
            "module.vpc.aws_subnet.db-subnet1",
            "module.vpc.aws_subnet.db-subnet2",
            "module.vpc.aws_subnet.private-subnet1",
            "module.vpc.aws_subnet.private-subnet2",
            "module.vpc.aws_subnet.public-subnet1",
            "module.vpc.aws_subnet.public-subnet2",
            "module.vpc.aws_vpc.vpc",
            "module.vpc.aws_vpc_endpoint.s3_gateway",
            "module.vpc.data.aws_availability_zones.azs"
          ]
        }
      ]
    },
    {
      "module": "module.ami",
      "mode": "data",
      "type": "aws_subnet",
      "name": "subnet",
      "provider": "provider[\"registry.terraform.io/hashicorp/aws\"]",
      "instances": [
        {
          "schema_version": 0,
          "attributes": {
            "arn": "arn:aws:ec2:us-east-2:891377163278:subnet/subnet-06c1cbde234f09972",
            "assign_ipv6_address_on_creation": false,
            "availability_zone": "us-east-2a",
            "availability_zone_id": "use2-az1",
            "available_ip_address_count": 251,
            "cidr_block": "10.50.20.0/24",
            "customer_owned_ipv4_pool": "",
            "default_for_az": false,
            "enable_dns64": false,
            "enable_lni_at_device_index": 0,
            "enable_resource_name_dns_a_record_on_launch": false,
            "enable_resource_name_dns_aaaa_record_on_launch": false,
            "filter": [
              {
                "name": "tag:Name",
                "values": [
                  "kdt-DB-Subnet1"
                ]
              }
            ],
            "id": "subnet-06c1cbde234f09972",
            "ipv6_cidr_block": "",
            "ipv6_cidr_block_association_id": "",
            "ipv6_native": false,
            "map_customer_owned_ip_on_launch": false,
            "map_public_ip_on_launch": false,
            "outpost_arn": "",
            "owner_id": "891377163278",
            "private_dns_hostname_type_on_launch": "ip-name",
            "state": "available",
            "tags": {
              "Name": "kdt-DB-Subnet1"
            },
            "timeouts": null,
            "vpc_id": "vpc-0fbdc2b09439d2b4d"
          },
          "sensitive_attributes": []
        }
      ]
    },
    {
      "module": "module.ami",
      "mode": "data",
      "type": "aws_vpc",
      "name": "vpc",
      "provider": "provider[\"registry.terraform.io/hashicorp/aws\"]",
      "instances": [
        {
          "schema_version": 0,
          "attributes": {
            "arn": "arn:aws:ec2:us-east-2:891377163278:vpc/vpc-0fbdc2b09439d2b4d",
            "cidr_block": "10.50.0.0/16",
            "cidr_block_associations": [
              {
                "association_id": "vpc-cidr-assoc-04d3d0ebb96bbfa15",
                "cidr_block": "10.50.0.0/16",
                "state": "associated"
              }
            ],
            "default": false,
            "dhcp_options_id": "dopt-0cab42d5410535950",
            "enable_dns_hostnames": true,
            "enable_dns_support": true,
            "enable_network_address_usage_metrics": false,
            "filter": [
              {
                "name": "tag:Name",
                "values": [
                  "kdt-VPC"
                ]
              }
            ],
            "id": "vpc-0fbdc2b09439d2b4d",
            "instance_tenancy": "default",
            "ipv6_association_id": "",
            "ipv6_cidr_block": "",
            "main_route_table_id": "rtb-008631cf21a4cc540",
            "owner_id": "891377163278",
            "state": null,
            "tags": {
              "Name": "kdt-VPC"
            },
            "timeouts": null
          },
          "sensitive_attributes": []
        }
      ]
    },
    {
      "module": "module.ami",
      "mode": "managed",
      "type": "aws_ami_from_instance",
      "name": "my_ami",
      "provider": "provider[\"registry.terraform.io/hashicorp/aws\"]",
      "instances": [
        {
          "schema_version": 0,
          "attributes": {
            "architecture": "x86_64",
            "arn": "arn:aws:ec2:us-east-2::image/ami-0d0f45d77aa2d03ed",
            "boot_mode": "uefi-preferred",
            "deprecation_time": "",
            "description": "A instance created for a short time to create an AMI",
            "ebs_block_device": [
              {
                "delete_on_termination": true,
                "device_name": "/dev/xvda",
                "encrypted": false,
                "iops": 3000,
                "outpost_arn": "",
                "snapshot_id": "snap-072d55aef8938952a",
                "throughput": 125,
                "volume_size": 8,
                "volume_type": "gp3"
              }
            ],
            "ena_support": true,
            "ephemeral_block_device": [],
            "hypervisor": "xen",
            "id": "ami-0d0f45d77aa2d03ed",
            "image_location": "891377163278/amz-nginx-20240518-0434",
            "image_owner_alias": "",
            "image_type": "machine",
            "imds_support": "v2.0",
            "kernel_id": "",
            "manage_ebs_snapshots": true,
            "name": "amz-nginx-20240518-0434",
            "owner_id": "891377163278",
            "platform": "",
            "platform_details": "Linux/UNIX",
            "public": false,
            "ramdisk_id": "",
            "root_device_name": "/dev/xvda",
            "root_snapshot_id": "snap-072d55aef8938952a",
            "snapshot_without_reboot": null,
            "source_instance_id": "i-0626bbeb2d1ece23f",
            "sriov_net_support": "simple",
            "tags": {
              "Name": "my-ami"
            },
            "tags_all": {
              "Name": "my-ami"
            },
            "timeouts": null,
            "tpm_support": "",
            "usage_operation": "RunInstances",
            "virtualization_type": "hvm"
          },
          "sensitive_attributes": [],
          "private": "eyJlMmJmYjczMC1lY2FhLTExZTYtOGY4OC0zNDM2M2JjN2M0YzAiOnsiY3JlYXRlIjoyNDAwMDAwMDAwMDAwLCJkZWxldGUiOjU0MDAwMDAwMDAwMDAsInVwZGF0ZSI6MjQwMDAwMDAwMDAwMH19",
          "dependencies": [
            "module.ami.aws_instance.bastion",
            "module.ami.aws_security_group.bastion-sg",
            "module.ami.data.aws_subnet.subnet",
            "module.ami.data.aws_vpc.vpc",
            "module.iam.aws_iam_instance_profile.instance-profile",
            "module.iam.aws_iam_role.iam-role",
            "module.iam.aws_iam_role_policy.iam-policy",
            "module.security-group.aws_security_group.app-alb-sg",
            "module.security-group.aws_security_group.app-tier-sg",
            "module.security-group.aws_security_group.database-sg",
            "module.security-group.aws_security_group.web-alb-sg",
            "module.security-group.aws_security_group.web-tier-sg",
            "module.security-group.data.aws_vpc.vpc",
            "module.vpc.aws_eip.eip1",
            "module.vpc.aws_eip.eip2",
            "module.vpc.aws_internet_gateway.igw",
            "module.vpc.aws_nat_gateway.ngw1",
            "module.vpc.aws_nat_gateway.ngw2",
            "module.vpc.aws_route_table.db-rt1",
            "module.vpc.aws_route_table.db-rt2",
            "module.vpc.aws_route_table.private-rt1",
            "module.vpc.aws_route_table.private-rt2",
            "module.vpc.aws_route_table.public-rt",
            "module.vpc.aws_route_table_association.db-rt-association1",
            "module.vpc.aws_route_table_association.db-rt-association2",
            "module.vpc.aws_route_table_association.private-rt-association1",
            "module.vpc.aws_route_table_association.private-rt-association2",
            "module.vpc.aws_route_table_association.public-rt-association1",
            "module.vpc.aws_route_table_association.public-rt-association2",
            "module.vpc.aws_subnet.db-subnet1",
            "module.vpc.aws_subnet.db-subnet2",
            "module.vpc.aws_subnet.private-subnet1",
            "module.vpc.aws_subnet.private-subnet2",
            "module.vpc.aws_subnet.public-subnet1",
            "module.vpc.aws_subnet.public-subnet2",
            "module.vpc.aws_vpc.vpc",
            "module.vpc.aws_vpc_endpoint.s3_gateway",
            "module.vpc.data.aws_availability_zones.azs"
          ],
          "create_before_destroy": true
        }
      ]
    },
    {
      "module": "module.ami",
      "mode": "managed",
      "type": "aws_instance",
      "name": "bastion",
      "provider": "provider[\"registry.terraform.io/hashicorp/aws\"]",
      "instances": [
        {
          "schema_version": 1,
          "attributes": {
            "ami": "ami-0ddda618e961f2270",
            "arn": "arn:aws:ec2:us-east-2:891377163278:instance/i-0626bbeb2d1ece23f",
            "associate_public_ip_address": false,
            "availability_zone": "us-east-2a",
            "capacity_reservation_specification": [
              {
                "capacity_reservation_preference": "open",
                "capacity_reservation_target": []
              }
            ],
            "cpu_core_count": 1,
            "cpu_options": [
              {
                "amd_sev_snp": "",
                "core_count": 1,
                "threads_per_core": 2
              }
            ],
            "cpu_threads_per_core": 2,
            "credit_specification": [
              {
                "cpu_credits": "unlimited"
              }
            ],
            "disable_api_stop": false,
            "disable_api_termination": false,
            "ebs_block_device": [],
            "ebs_optimized": false,
            "enclave_options": [
              {
                "enabled": false
              }
            ],
            "ephemeral_block_device": [],
            "get_password_data": false,
            "hibernation": false,
            "host_id": "",
            "host_resource_group_arn": null,
            "iam_instance_profile": "instance-profile-for-ec2-SSM,S3",
            "id": "i-0626bbeb2d1ece23f",
            "instance_initiated_shutdown_behavior": "stop",
            "instance_lifecycle": "",
            "instance_market_options": [],
            "instance_state": "running",
            "instance_type": "t3.micro",
            "ipv6_address_count": 0,
            "ipv6_addresses": [],
            "key_name": "",
            "launch_template": [],
            "maintenance_options": [
              {
                "auto_recovery": "default"
              }
            ],
            "metadata_options": [
              {
                "http_endpoint": "enabled",
                "http_protocol_ipv6": "disabled",
                "http_put_response_hop_limit": 2,
                "http_tokens": "required",
                "instance_metadata_tags": "disabled"
              }
            ],
            "monitoring": false,
            "network_interface": [],
            "outpost_arn": "",
            "password_data": "",
            "placement_group": "",
            "placement_partition_number": 0,
            "primary_network_interface_id": "eni-0bec16eea34d6553e",
            "private_dns": "ip-10-50-20-242.us-east-2.compute.internal",
            "private_dns_name_options": [
              {
                "enable_resource_name_dns_a_record": false,
                "enable_resource_name_dns_aaaa_record": false,
                "hostname_type": "ip-name"
              }
            ],
            "private_ip": "10.50.20.242",
            "public_dns": "",
            "public_ip": "",
            "root_block_device": [
              {
                "delete_on_termination": true,
                "device_name": "/dev/xvda",
                "encrypted": false,
                "iops": 3000,
                "kms_key_id": "",
                "tags": {},
                "tags_all": {},
                "throughput": 125,
                "volume_id": "vol-0c65e796c7d3bc5c2",
                "volume_size": 8,
                "volume_type": "gp3"
              }
            ],
            "secondary_private_ips": [],
            "security_groups": [],
            "source_dest_check": true,
            "spot_instance_request_id": "",
            "subnet_id": "subnet-06c1cbde234f09972",
            "tags": {
              "Name": "bastion"
            },
            "tags_all": {
              "Name": "bastion"
            },
            "tenancy": "default",
            "timeouts": null,
            "user_data": "8951763104a5d328c2eb2305e7cc57074d4b553f",
            "user_data_base64": null,
            "user_data_replace_on_change": false,
            "volume_tags": null,
            "vpc_security_group_ids": [
              "sg-066bd9efa12a4b7cf"
            ]
          },
          "sensitive_attributes": [],
          "private": "eyJlMmJmYjczMC1lY2FhLTExZTYtOGY4OC0zNDM2M2JjN2M0YzAiOnsiY3JlYXRlIjo2MDAwMDAwMDAwMDAsImRlbGV0ZSI6MTIwMDAwMDAwMDAwMCwicmVhZCI6OTAwMDAwMDAwMDAwLCJ1cGRhdGUiOjYwMDAwMDAwMDAwMH0sInNjaGVtYV92ZXJzaW9uIjoiMSJ9",
          "dependencies": [
            "module.ami.aws_security_group.bastion-sg",
            "module.ami.data.aws_subnet.subnet",
            "module.ami.data.aws_vpc.vpc",
            "module.iam.aws_iam_instance_profile.instance-profile",
            "module.iam.aws_iam_role.iam-role",
            "module.iam.aws_iam_role_policy.iam-policy",
            "module.security-group.aws_security_group.app-alb-sg",
            "module.security-group.aws_security_group.app-tier-sg",
            "module.security-group.aws_security_group.database-sg",
            "module.security-group.aws_security_group.web-alb-sg",
            "module.security-group.aws_security_group.web-tier-sg",
            "module.security-group.data.aws_vpc.vpc",
            "module.vpc.aws_eip.eip1",
            "module.vpc.aws_eip.eip2",
            "module.vpc.aws_internet_gateway.igw",
            "module.vpc.aws_nat_gateway.ngw1",
            "module.vpc.aws_nat_gateway.ngw2",
            "module.vpc.aws_route_table.db-rt1",
            "module.vpc.aws_route_table.db-rt2",
            "module.vpc.aws_route_table.private-rt1",
            "module.vpc.aws_route_table.private-rt2",
            "module.vpc.aws_route_table.public-rt",
            "module.vpc.aws_route_table_association.db-rt-association1",
            "module.vpc.aws_route_table_association.db-rt-association2",
            "module.vpc.aws_route_table_association.private-rt-association1",
            "module.vpc.aws_route_table_association.private-rt-association2",
            "module.vpc.aws_route_table_association.public-rt-association1",
            "module.vpc.aws_route_table_association.public-rt-association2",
            "module.vpc.aws_subnet.db-subnet1",
            "module.vpc.aws_subnet.db-subnet2",
            "module.vpc.aws_subnet.private-subnet1",
            "module.vpc.aws_subnet.private-subnet2",
            "module.vpc.aws_subnet.public-subnet1",
            "module.vpc.aws_subnet.public-subnet2",
            "module.vpc.aws_vpc.vpc",
            "module.vpc.aws_vpc_endpoint.s3_gateway",
            "module.vpc.data.aws_availability_zones.azs"
          ],
          "create_before_destroy": true
        }
      ]
    },
    {
      "module": "module.ami",
      "mode": "managed",
      "type": "aws_security_group",
      "name": "bastion-sg",
      "provider": "provider[\"registry.terraform.io/hashicorp/aws\"]",
      "instances": [
        {
          "schema_version": 1,
          "attributes": {
            "arn": "arn:aws:ec2:us-east-2:891377163278:security-group/sg-066bd9efa12a4b7cf",
            "description": "Allow SSH, HTTP and HTTPS",
            "egress": [
              {
                "cidr_blocks": [
                  "0.0.0.0/0"
                ],
                "description": "",
                "from_port": 0,
                "ipv6_cidr_blocks": [],
                "prefix_list_ids": [],
                "protocol": "-1",
                "security_groups": [],
                "self": false,
                "to_port": 0
              }
            ],
            "id": "sg-066bd9efa12a4b7cf",
            "ingress": [
              {
                "cidr_blocks": [
                  "0.0.0.0/0"
                ],
                "description": "",
                "from_port": 22,
                "ipv6_cidr_blocks": [],
                "prefix_list_ids": [],
                "protocol": "tcp",
                "security_groups": [],
                "self": false,
                "to_port": 22
              },
              {
                "cidr_blocks": [
                  "0.0.0.0/0"
                ],
                "description": "",
                "from_port": 443,
                "ipv6_cidr_blocks": [],
                "prefix_list_ids": [],
                "protocol": "tcp",
                "security_groups": [],
                "self": false,
                "to_port": 443
              },
              {
                "cidr_blocks": [
                  "0.0.0.0/0"
                ],
                "description": "",
                "from_port": 80,
                "ipv6_cidr_blocks": [],
                "prefix_list_ids": [],
                "protocol": "tcp",
                "security_groups": [],
                "self": false,
                "to_port": 80
              }
            ],
            "name": "terraform-20240518043453384800000010",
            "name_prefix": "terraform-",
            "owner_id": "891377163278",
            "revoke_rules_on_delete": false,
            "tags": {
              "Name": "example_sg"
            },
            "tags_all": {
              "Name": "example_sg"
            },
            "timeouts": null,
            "vpc_id": "vpc-0fbdc2b09439d2b4d"
          },
          "sensitive_attributes": [],
          "private": "eyJlMmJmYjczMC1lY2FhLTExZTYtOGY4OC0zNDM2M2JjN2M0YzAiOnsiY3JlYXRlIjo2MDAwMDAwMDAwMDAsImRlbGV0ZSI6OTAwMDAwMDAwMDAwfSwic2NoZW1hX3ZlcnNpb24iOiIxIn0=",
          "dependencies": [
            "module.ami.data.aws_vpc.vpc",
            "module.iam.aws_iam_instance_profile.instance-profile",
            "module.iam.aws_iam_role.iam-role",
            "module.iam.aws_iam_role_policy.iam-policy",
            "module.security-group.aws_security_group.app-alb-sg",
            "module.security-group.aws_security_group.app-tier-sg",
            "module.security-group.aws_security_group.database-sg",
            "module.security-group.aws_security_group.web-alb-sg",
            "module.security-group.aws_security_group.web-tier-sg",
            "module.security-group.data.aws_vpc.vpc",
            "module.vpc.aws_eip.eip1",
            "module.vpc.aws_eip.eip2",
            "module.vpc.aws_internet_gateway.igw",
            "module.vpc.aws_nat_gateway.ngw1",
            "module.vpc.aws_nat_gateway.ngw2",
            "module.vpc.aws_route_table.db-rt1",
            "module.vpc.aws_route_table.db-rt2",
            "module.vpc.aws_route_table.private-rt1",
            "module.vpc.aws_route_table.private-rt2",
            "module.vpc.aws_route_table.public-rt",
            "module.vpc.aws_route_table_association.db-rt-association1",
            "module.vpc.aws_route_table_association.db-rt-association2",
            "module.vpc.aws_route_table_association.private-rt-association1",
            "module.vpc.aws_route_table_association.private-rt-association2",
            "module.vpc.aws_route_table_association.public-rt-association1",
            "module.vpc.aws_route_table_association.public-rt-association2",
            "module.vpc.aws_subnet.db-subnet1",
            "module.vpc.aws_subnet.db-subnet2",
            "module.vpc.aws_subnet.private-subnet1",
            "module.vpc.aws_subnet.private-subnet2",
            "module.vpc.aws_subnet.public-subnet1",
            "module.vpc.aws_subnet.public-subnet2",
            "module.vpc.aws_vpc.vpc",
            "module.vpc.aws_vpc_endpoint.s3_gateway",
            "module.vpc.data.aws_availability_zones.azs"
          ],
          "create_before_destroy": true
        }
      ]
    },
    {
      "module": "module.ami",
      "mode": "managed",
      "type": "null_resource",
      "name": "terminate_instance",
      "provider": "provider[\"registry.terraform.io/hashicorp/null\"]",
      "instances": [
        {
          "schema_version": 0,
          "attributes": {
            "id": "3565286316566642007",
            "triggers": null
          },
          "sensitive_attributes": [],
          "dependencies": [
            "module.ami.aws_ami_from_instance.my_ami",
            "module.ami.aws_instance.bastion",
            "module.ami.aws_security_group.bastion-sg",
            "module.ami.data.aws_subnet.subnet",
            "module.ami.data.aws_vpc.vpc",
            "module.iam.aws_iam_instance_profile.instance-profile",
            "module.iam.aws_iam_role.iam-role",
            "module.iam.aws_iam_role_policy.iam-policy",
            "module.security-group.aws_security_group.app-alb-sg",
            "module.security-group.aws_security_group.app-tier-sg",
            "module.security-group.aws_security_group.database-sg",
            "module.security-group.aws_security_group.web-alb-sg",
            "module.security-group.aws_security_group.web-tier-sg",
            "module.security-group.data.aws_vpc.vpc",
            "module.vpc.aws_eip.eip1",
            "module.vpc.aws_eip.eip2",
            "module.vpc.aws_internet_gateway.igw",
            "module.vpc.aws_nat_gateway.ngw1",
            "module.vpc.aws_nat_gateway.ngw2",
            "module.vpc.aws_route_table.db-rt1",
            "module.vpc.aws_route_table.db-rt2",
            "module.vpc.aws_route_table.private-rt1",
            "module.vpc.aws_route_table.private-rt2",
            "module.vpc.aws_route_table.public-rt",
            "module.vpc.aws_route_table_association.db-rt-association1",
            "module.vpc.aws_route_table_association.db-rt-association2",
            "module.vpc.aws_route_table_association.private-rt-association1",
            "module.vpc.aws_route_table_association.private-rt-association2",
            "module.vpc.aws_route_table_association.public-rt-association1",
            "module.vpc.aws_route_table_association.public-rt-association2",
            "module.vpc.aws_subnet.db-subnet1",
            "module.vpc.aws_subnet.db-subnet2",
            "module.vpc.aws_subnet.private-subnet1",
            "module.vpc.aws_subnet.private-subnet2",
            "module.vpc.aws_subnet.public-subnet1",
            "module.vpc.aws_subnet.public-subnet2",
            "module.vpc.aws_vpc.vpc",
            "module.vpc.aws_vpc_endpoint.s3_gateway",
            "module.vpc.data.aws_availability_zones.azs"
          ],
          "create_before_destroy": true
        }
      ]
    },
    {
      "module": "module.autoscaling",
      "mode": "data",
      "type": "aws_security_group",
      "name": "app-sg",
      "provider": "provider[\"registry.terraform.io/hashicorp/aws\"]",
      "instances": [
        {
          "schema_version": 0,
          "attributes": {
            "arn": "arn:aws:ec2:us-east-2:891377163278:security-group/sg-072f427c532d4107a",
            "description": "Allow HTTP and HTTPS from APP ALB Only",
            "filter": [
              {
                "name": "group-id",
                "values": [
                  "sg-072f427c532d4107a"
                ]
              }
            ],
            "id": "sg-072f427c532d4107a",
            "name": "terraform-2024051804344402060000000c",
            "tags": {
              "Name": "kdt-app-sg"
            },
            "timeouts": null,
            "vpc_id": "vpc-0fbdc2b09439d2b4d"
          },
          "sensitive_attributes": []
        }
      ]
    },
    {
      "module": "module.autoscaling",
      "mode": "data",
      "type": "aws_security_group",
      "name": "web-sg",
      "provider": "provider[\"registry.terraform.io/hashicorp/aws\"]",
      "instances": [
        {
          "schema_version": 0,
          "attributes": {
            "arn": "arn:aws:ec2:us-east-2:891377163278:security-group/sg-0c13955b19c012b09",
            "description": "Allow HTTP and HTTPS for WEP ALB Only",
            "filter": [
              {
                "name": "group-id",
                "values": [
                  "sg-0c13955b19c012b09"
                ]
              }
            ],
            "id": "sg-0c13955b19c012b09",
            "name": "terraform-2024051804343711630000000a",
            "tags": {
              "Name": "kdt-web-sg"
            },
            "timeouts": null,
            "vpc_id": "vpc-0fbdc2b09439d2b4d"
          },
          "sensitive_attributes": []
        }
      ]
    },
    {
      "module": "module.autoscaling",
      "mode": "data",
      "type": "aws_ssm_parameter",
      "name": "db_id",
      "provider": "provider[\"registry.terraform.io/hashicorp/aws\"]",
      "instances": [
        {
          "schema_version": 0,
          "attributes": {
            "arn": "arn:aws:ssm:us-east-2:891377163278:parameter/config/account/admin/ID",
            "id": "/config/account/admin/ID",
            "insecure_value": "",
            "name": "/config/account/admin/ID",
            "type": "SecureString",
            "value": "admin",
            "version": 1,
            "with_decryption": true
          },
          "sensitive_attributes": [
            [
              {
                "type": "get_attr",
                "value": "value"
              }
            ]
          ]
        }
      ]
    },
    {
      "module": "module.autoscaling",
      "mode": "data",
      "type": "aws_ssm_parameter",
      "name": "db_pwd",
      "provider": "provider[\"registry.terraform.io/hashicorp/aws\"]",
      "instances": [
        {
          "schema_version": 0,
          "attributes": {
            "arn": "arn:aws:ssm:us-east-2:891377163278:parameter/config/account/admin/PWD",
            "id": "/config/account/admin/PWD",
            "insecure_value": "",
            "name": "/config/account/admin/PWD",
            "type": "SecureString",
            "value": "1q2w3e4r",
            "version": 1,
            "with_decryption": true
          },
          "sensitive_attributes": [
            [
              {
                "type": "get_attr",
                "value": "value"
              }
            ]
          ]
        }
      ]
    },
    {
      "module": "module.autoscaling",
      "mode": "data",
      "type": "aws_subnet",
      "name": "private-subnet1",
      "provider": "provider[\"registry.terraform.io/hashicorp/aws\"]",
      "instances": [
        {
          "schema_version": 0,
          "attributes": {
            "arn": "arn:aws:ec2:us-east-2:891377163278:subnet/subnet-0dfb9899e280deb94",
            "assign_ipv6_address_on_creation": false,
            "availability_zone": "us-east-2a",
            "availability_zone_id": "use2-az1",
            "available_ip_address_count": 1018,
            "cidr_block": "10.50.4.0/22",
            "customer_owned_ipv4_pool": "",
            "default_for_az": false,
            "enable_dns64": false,
            "enable_lni_at_device_index": 0,
            "enable_resource_name_dns_a_record_on_launch": false,
            "enable_resource_name_dns_aaaa_record_on_launch": false,
            "filter": [
              {
                "name": "tag:Name",
                "values": [
                  "kdt-Private-Subnet1"
                ]
              }
            ],
            "id": "subnet-0dfb9899e280deb94",
            "ipv6_cidr_block": "",
            "ipv6_cidr_block_association_id": "",
            "ipv6_native": false,
            "map_customer_owned_ip_on_launch": false,
            "map_public_ip_on_launch": false,
            "outpost_arn": "",
            "owner_id": "891377163278",
            "private_dns_hostname_type_on_launch": "ip-name",
            "state": "available",
            "tags": {
              "Name": "kdt-Private-Subnet1"
            },
            "timeouts": null,
            "vpc_id": "vpc-0fbdc2b09439d2b4d"
          },
          "sensitive_attributes": []
        }
      ]
    },
    {
      "module": "module.autoscaling",
      "mode": "data",
      "type": "aws_subnet",
      "name": "private-subnet2",
      "provider": "provider[\"registry.terraform.io/hashicorp/aws\"]",
      "instances": [
        {
          "schema_version": 0,
          "attributes": {
            "arn": "arn:aws:ec2:us-east-2:891377163278:subnet/subnet-00ab9338cf48b8837",
            "assign_ipv6_address_on_creation": false,
            "availability_zone": "us-east-2b",
            "availability_zone_id": "use2-az2",
            "available_ip_address_count": 1019,
            "cidr_block": "10.50.8.0/22",
            "customer_owned_ipv4_pool": "",
            "default_for_az": false,
            "enable_dns64": false,
            "enable_lni_at_device_index": 0,
            "enable_resource_name_dns_a_record_on_launch": false,
            "enable_resource_name_dns_aaaa_record_on_launch": false,
            "filter": [
              {
                "name": "tag:Name",
                "values": [
                  "kdt-Private-Subnet2"
                ]
              }
            ],
            "id": "subnet-00ab9338cf48b8837",
            "ipv6_cidr_block": "",
            "ipv6_cidr_block_association_id": "",
            "ipv6_native": false,
            "map_customer_owned_ip_on_launch": false,
            "map_public_ip_on_launch": false,
            "outpost_arn": "",
            "owner_id": "891377163278",
            "private_dns_hostname_type_on_launch": "ip-name",
            "state": "available",
            "tags": {
              "Name": "kdt-Private-Subnet2"
            },
            "timeouts": null,
            "vpc_id": "vpc-0fbdc2b09439d2b4d"
          },
          "sensitive_attributes": []
        }
      ]
    },
    {
      "module": "module.autoscaling",
      "mode": "managed",
      "type": "aws_autoscaling_group",
      "name": "App-ASG",
      "provider": "provider[\"registry.terraform.io/hashicorp/aws\"]",
      "instances": [
        {
          "schema_version": 1,
          "attributes": {
            "arn": "arn:aws:autoscaling:us-east-2:891377163278:autoScalingGroup:515a90e2-5083-460e-805a-fac9746f2a1f:autoScalingGroupName/kdt-APP-ASG",
            "availability_zones": [
              "us-east-2a",
              "us-east-2b"
            ],
            "capacity_rebalance": false,
            "context": "",
            "default_cooldown": 300,
            "default_instance_warmup": 0,
            "desired_capacity": 2,
            "desired_capacity_type": "",
            "enabled_metrics": null,
            "force_delete": true,
            "force_delete_warm_pool": false,
            "health_check_grace_period": 300,
            "health_check_type": "ELB",
            "id": "kdt-APP-ASG",
            "ignore_failed_scaling_activities": false,
            "initial_lifecycle_hook": [],
            "instance_maintenance_policy": [],
            "instance_refresh": [],
            "launch_configuration": "",
            "launch_template": [
              {
                "id": "lt-036b41a2c654a7c46",
                "name": "App-template",
                "version": "1"
              }
            ],
            "load_balancers": [],
            "max_instance_lifetime": 0,
            "max_size": 4,
            "metrics_granularity": "1Minute",
            "min_elb_capacity": null,
            "min_size": 2,
            "mixed_instances_policy": [],
            "name": "kdt-APP-ASG",
            "name_prefix": "",
            "placement_group": "",
            "predicted_capacity": 0,
            "protect_from_scale_in": false,
            "service_linked_role_arn": "arn:aws:iam::891377163278:role/aws-service-role/autoscaling.amazonaws.com/AWSServiceRoleForAutoScaling",
            "suspended_processes": null,
            "tag": [
              {
                "key": "Name",
                "propagate_at_launch": true,
                "value": "App-ASG"
              }
            ],
            "target_group_arns": [
              "arn:aws:elasticloadbalancing:us-east-2:891377163278:targetgroup/tf-2024051804345302550000000f/a2679e825763dfad"
            ],
            "termination_policies": null,
            "timeouts": null,
            "traffic_source": [
              {
                "identifier": "arn:aws:elasticloadbalancing:us-east-2:891377163278:targetgroup/tf-2024051804345302550000000f/a2679e825763dfad",
                "type": "elbv2"
              }
            ],
            "vpc_zone_identifier": [
              "subnet-00ab9338cf48b8837",
              "subnet-0dfb9899e280deb94"
            ],
            "wait_for_capacity_timeout": "10m",
            "wait_for_elb_capacity": null,
            "warm_pool": [],
            "warm_pool_size": 0
          },
          "sensitive_attributes": [],
          "private": "eyJlMmJmYjczMC1lY2FhLTExZTYtOGY4OC0zNDM2M2JjN2M0YzAiOnsiZGVsZXRlIjo2MDAwMDAwMDAwMDAsInVwZGF0ZSI6NjAwMDAwMDAwMDAwfSwic2NoZW1hX3ZlcnNpb24iOiIxIn0=",
          "dependencies": [
            "module.alb.aws_lb.App-elb",
            "module.alb.aws_lb_target_group.app-tg",
            "module.alb.data.aws_security_group.app-alb-sg",
            "module.alb.data.aws_subnet.private-subnet1",
            "module.alb.data.aws_subnet.private-subnet2",
            "module.alb.data.aws_vpc.vpc",
            "module.ami.aws_ami_from_instance.my_ami",
            "module.ami.aws_instance.bastion",
            "module.ami.aws_security_group.bastion-sg",
            "module.ami.data.aws_subnet.subnet",
            "module.ami.data.aws_vpc.vpc",
            "module.ami.null_resource.terminate_instance",
            "module.autoscaling.aws_launch_template.App-LC",
            "module.autoscaling.data.aws_security_group.app-sg",
            "module.autoscaling.data.aws_subnet.private-subnet1",
            "module.autoscaling.data.aws_subnet.private-subnet2",
            "module.iam.aws_iam_instance_profile.instance-profile",
            "module.iam.aws_iam_role.iam-role",
            "module.iam.aws_iam_role_policy.iam-policy",
            "module.security-group.aws_security_group.app-alb-sg",
            "module.security-group.aws_security_group.app-tier-sg",
            "module.security-group.aws_security_group.database-sg",
            "module.security-group.aws_security_group.web-alb-sg",
            "module.security-group.aws_security_group.web-tier-sg",
            "module.security-group.data.aws_vpc.vpc",
            "module.vpc.aws_eip.eip1",
            "module.vpc.aws_eip.eip2",
            "module.vpc.aws_internet_gateway.igw",
            "module.vpc.aws_nat_gateway.ngw1",
            "module.vpc.aws_nat_gateway.ngw2",
            "module.vpc.aws_route_table.db-rt1",
            "module.vpc.aws_route_table.db-rt2",
            "module.vpc.aws_route_table.private-rt1",
            "module.vpc.aws_route_table.private-rt2",
            "module.vpc.aws_route_table.public-rt",
            "module.vpc.aws_route_table_association.db-rt-association1",
            "module.vpc.aws_route_table_association.db-rt-association2",
            "module.vpc.aws_route_table_association.private-rt-association1",
            "module.vpc.aws_route_table_association.private-rt-association2",
            "module.vpc.aws_route_table_association.public-rt-association1",
            "module.vpc.aws_route_table_association.public-rt-association2",
            "module.vpc.aws_subnet.db-subnet1",
            "module.vpc.aws_subnet.db-subnet2",
            "module.vpc.aws_subnet.private-subnet1",
            "module.vpc.aws_subnet.private-subnet2",
            "module.vpc.aws_subnet.public-subnet1",
            "module.vpc.aws_subnet.public-subnet2",
            "module.vpc.aws_vpc.vpc",
            "module.vpc.aws_vpc_endpoint.s3_gateway",
            "module.vpc.data.aws_availability_zones.azs"
          ],
          "create_before_destroy": true
        }
      ]
    },
    {
      "module": "module.autoscaling",
      "mode": "managed",
      "type": "aws_autoscaling_group",
      "name": "Web-ASG",
      "provider": "provider[\"registry.terraform.io/hashicorp/aws\"]",
      "instances": [
        {
          "schema_version": 1,
          "attributes": {
            "arn": "arn:aws:autoscaling:us-east-2:891377163278:autoScalingGroup:962b6871-d774-4870-940c-5679c659b98e:autoScalingGroupName/kdt-WEB-ASG",
            "availability_zones": [
              "us-east-2a",
              "us-east-2b"
            ],
            "capacity_rebalance": false,
            "context": "",
            "default_cooldown": 300,
            "default_instance_warmup": 0,
            "desired_capacity": 2,
            "desired_capacity_type": "",
            "enabled_metrics": null,
            "force_delete": true,
            "force_delete_warm_pool": false,
            "health_check_grace_period": 300,
            "health_check_type": "ELB",
            "id": "kdt-WEB-ASG",
            "ignore_failed_scaling_activities": false,
            "initial_lifecycle_hook": [],
            "instance_maintenance_policy": [],
            "instance_refresh": [],
            "launch_configuration": "",
            "launch_template": [
              {
                "id": "lt-0f43c7e96d0c07620",
                "name": "Web-template",
                "version": "1"
              }
            ],
            "load_balancers": [],
            "max_instance_lifetime": 0,
            "max_size": 4,
            "metrics_granularity": "1Minute",
            "min_elb_capacity": null,
            "min_size": 2,
            "mixed_instances_policy": [],
            "name": "kdt-WEB-ASG",
            "name_prefix": "",
            "placement_group": "",
            "predicted_capacity": 0,
            "protect_from_scale_in": false,
            "service_linked_role_arn": "arn:aws:iam::891377163278:role/aws-service-role/autoscaling.amazonaws.com/AWSServiceRoleForAutoScaling",
            "suspended_processes": null,
            "tag": [
              {
                "key": "Name",
                "propagate_at_launch": true,
                "value": "Web-ASG"
              }
            ],
            "target_group_arns": [
              "arn:aws:elasticloadbalancing:us-east-2:891377163278:targetgroup/tf-2024051804345302550000000e/7e3df963a6668493"
            ],
            "termination_policies": null,
            "timeouts": null,
            "traffic_source": [
              {
                "identifier": "arn:aws:elasticloadbalancing:us-east-2:891377163278:targetgroup/tf-2024051804345302550000000e/7e3df963a6668493",
                "type": "elbv2"
              }
            ],
            "vpc_zone_identifier": [
              "subnet-00ab9338cf48b8837",
              "subnet-0dfb9899e280deb94"
            ],
            "wait_for_capacity_timeout": "10m",
            "wait_for_elb_capacity": null,
            "warm_pool": [],
            "warm_pool_size": 0
          },
          "sensitive_attributes": [],
          "private": "eyJlMmJmYjczMC1lY2FhLTExZTYtOGY4OC0zNDM2M2JjN2M0YzAiOnsiZGVsZXRlIjo2MDAwMDAwMDAwMDAsInVwZGF0ZSI6NjAwMDAwMDAwMDAwfSwic2NoZW1hX3ZlcnNpb24iOiIxIn0=",
          "dependencies": [
            "module.alb.aws_lb.App-elb",
            "module.alb.aws_lb_target_group.app-tg",
            "module.alb.aws_lb_target_group.web-tg",
            "module.alb.data.aws_security_group.app-alb-sg",
            "module.alb.data.aws_subnet.private-subnet1",
            "module.alb.data.aws_subnet.private-subnet2",
            "module.alb.data.aws_vpc.vpc",
            "module.ami.aws_ami_from_instance.my_ami",
            "module.ami.aws_instance.bastion",
            "module.ami.aws_security_group.bastion-sg",
            "module.ami.data.aws_subnet.subnet",
            "module.ami.data.aws_vpc.vpc",
            "module.ami.null_resource.terminate_instance",
            "module.autoscaling.aws_autoscaling_group.App-ASG",
            "module.autoscaling.aws_launch_template.App-LC",
            "module.autoscaling.aws_launch_template.Web-LC",
            "module.autoscaling.data.aws_security_group.app-sg",
            "module.autoscaling.data.aws_security_group.web-sg",
            "module.autoscaling.data.aws_subnet.private-subnet1",
            "module.autoscaling.data.aws_subnet.private-subnet2",
            "module.iam.aws_iam_instance_profile.instance-profile",
            "module.iam.aws_iam_role.iam-role",
            "module.iam.aws_iam_role_policy.iam-policy",
            "module.security-group.aws_security_group.app-alb-sg",
            "module.security-group.aws_security_group.app-tier-sg",
            "module.security-group.aws_security_group.database-sg",
            "module.security-group.aws_security_group.web-alb-sg",
            "module.security-group.aws_security_group.web-tier-sg",
            "module.security-group.data.aws_vpc.vpc",
            "module.vpc.aws_eip.eip1",
            "module.vpc.aws_eip.eip2",
            "module.vpc.aws_internet_gateway.igw",
            "module.vpc.aws_nat_gateway.ngw1",
            "module.vpc.aws_nat_gateway.ngw2",
            "module.vpc.aws_route_table.db-rt1",
            "module.vpc.aws_route_table.db-rt2",
            "module.vpc.aws_route_table.private-rt1",
            "module.vpc.aws_route_table.private-rt2",
            "module.vpc.aws_route_table.public-rt",
            "module.vpc.aws_route_table_association.db-rt-association1",
            "module.vpc.aws_route_table_association.db-rt-association2",
            "module.vpc.aws_route_table_association.private-rt-association1",
            "module.vpc.aws_route_table_association.private-rt-association2",
            "module.vpc.aws_route_table_association.public-rt-association1",
            "module.vpc.aws_route_table_association.public-rt-association2",
            "module.vpc.aws_subnet.db-subnet1",
            "module.vpc.aws_subnet.db-subnet2",
            "module.vpc.aws_subnet.private-subnet1",
            "module.vpc.aws_subnet.private-subnet2",
            "module.vpc.aws_subnet.public-subnet1",
            "module.vpc.aws_subnet.public-subnet2",
            "module.vpc.aws_vpc.vpc",
            "module.vpc.aws_vpc_endpoint.s3_gateway",
            "module.vpc.data.aws_availability_zones.azs"
          ],
          "create_before_destroy": true
        }
      ]
    },
    {
      "module": "module.autoscaling",
      "mode": "managed",
      "type": "aws_autoscaling_policy",
      "name": "app-custom-cpu-policy",
      "provider": "provider[\"registry.terraform.io/hashicorp/aws\"]",
      "instances": [
        {
          "schema_version": 0,
          "attributes": {
            "adjustment_type": "ChangeInCapacity",
            "arn": "arn:aws:autoscaling:us-east-2:891377163278:scalingPolicy:6a81d324-bf4e-4111-8e52-ee70225cdee0:autoScalingGroupName/kdt-WEB-ASG:policyName/custom-cpu-policy",
            "autoscaling_group_name": "kdt-WEB-ASG",
            "cooldown": 60,
            "enabled": true,
            "estimated_instance_warmup": 0,
            "id": "custom-cpu-policy",
            "metric_aggregation_type": "",
            "min_adjustment_magnitude": 0,
            "name": "custom-cpu-policy",
            "policy_type": "SimpleScaling",
            "predictive_scaling_configuration": [],
            "scaling_adjustment": 1,
            "step_adjustment": [],
            "target_tracking_configuration": []
          },
          "sensitive_attributes": [],
          "private": "bnVsbA==",
          "dependencies": [
            "module.alb.aws_lb.App-elb",
            "module.alb.aws_lb_target_group.app-tg",
            "module.alb.aws_lb_target_group.web-tg",
            "module.alb.data.aws_security_group.app-alb-sg",
            "module.alb.data.aws_subnet.private-subnet1",
            "module.alb.data.aws_subnet.private-subnet2",
            "module.alb.data.aws_vpc.vpc",
            "module.ami.aws_ami_from_instance.my_ami",
            "module.ami.aws_instance.bastion",
            "module.ami.aws_security_group.bastion-sg",
            "module.ami.data.aws_subnet.subnet",
            "module.ami.data.aws_vpc.vpc",
            "module.ami.null_resource.terminate_instance",
            "module.autoscaling.aws_autoscaling_group.App-ASG",
            "module.autoscaling.aws_autoscaling_group.Web-ASG",
            "module.autoscaling.aws_launch_template.App-LC",
            "module.autoscaling.aws_launch_template.Web-LC",
            "module.autoscaling.data.aws_security_group.app-sg",
            "module.autoscaling.data.aws_security_group.web-sg",
            "module.autoscaling.data.aws_subnet.private-subnet1",
            "module.autoscaling.data.aws_subnet.private-subnet2",
            "module.iam.aws_iam_instance_profile.instance-profile",
            "module.iam.aws_iam_role.iam-role",
            "module.iam.aws_iam_role_policy.iam-policy",
            "module.security-group.aws_security_group.app-alb-sg",
            "module.security-group.aws_security_group.app-tier-sg",
            "module.security-group.aws_security_group.database-sg",
            "module.security-group.aws_security_group.web-alb-sg",
            "module.security-group.aws_security_group.web-tier-sg",
            "module.security-group.data.aws_vpc.vpc",
            "module.vpc.aws_eip.eip1",
            "module.vpc.aws_eip.eip2",
            "module.vpc.aws_internet_gateway.igw",
            "module.vpc.aws_nat_gateway.ngw1",
            "module.vpc.aws_nat_gateway.ngw2",
            "module.vpc.aws_route_table.db-rt1",
            "module.vpc.aws_route_table.db-rt2",
            "module.vpc.aws_route_table.private-rt1",
            "module.vpc.aws_route_table.private-rt2",
            "module.vpc.aws_route_table.public-rt",
            "module.vpc.aws_route_table_association.db-rt-association1",
            "module.vpc.aws_route_table_association.db-rt-association2",
            "module.vpc.aws_route_table_association.private-rt-association1",
            "module.vpc.aws_route_table_association.private-rt-association2",
            "module.vpc.aws_route_table_association.public-rt-association1",
            "module.vpc.aws_route_table_association.public-rt-association2",
            "module.vpc.aws_subnet.db-subnet1",
            "module.vpc.aws_subnet.db-subnet2",
            "module.vpc.aws_subnet.private-subnet1",
            "module.vpc.aws_subnet.private-subnet2",
            "module.vpc.aws_subnet.public-subnet1",
            "module.vpc.aws_subnet.public-subnet2",
            "module.vpc.aws_vpc.vpc",
            "module.vpc.aws_vpc_endpoint.s3_gateway",
            "module.vpc.data.aws_availability_zones.azs"
          ],
          "create_before_destroy": true
        }
      ]
    },
    {
      "module": "module.autoscaling",
      "mode": "managed",
      "type": "aws_autoscaling_policy",
      "name": "app-custom-cpu-policy-scaledown",
      "provider": "provider[\"registry.terraform.io/hashicorp/aws\"]",
      "instances": [
        {
          "schema_version": 0,
          "attributes": {
            "adjustment_type": "ChangeInCapacity",
            "arn": "arn:aws:autoscaling:us-east-2:891377163278:scalingPolicy:0e2d176f-ec87-4dd1-b19b-e5d29414494f:autoScalingGroupName/kdt-WEB-ASG:policyName/custom-cpu-policy-scaledown",
            "autoscaling_group_name": "kdt-WEB-ASG",
            "cooldown": 60,
            "enabled": true,
            "estimated_instance_warmup": 0,
            "id": "custom-cpu-policy-scaledown",
            "metric_aggregation_type": "",
            "min_adjustment_magnitude": 0,
            "name": "custom-cpu-policy-scaledown",
            "policy_type": "SimpleScaling",
            "predictive_scaling_configuration": [],
            "scaling_adjustment": -1,
            "step_adjustment": [],
            "target_tracking_configuration": []
          },
          "sensitive_attributes": [],
          "private": "bnVsbA==",
          "dependencies": [
            "module.alb.aws_lb.App-elb",
            "module.alb.aws_lb_target_group.app-tg",
            "module.alb.aws_lb_target_group.web-tg",
            "module.alb.data.aws_security_group.app-alb-sg",
            "module.alb.data.aws_subnet.private-subnet1",
            "module.alb.data.aws_subnet.private-subnet2",
            "module.alb.data.aws_vpc.vpc",
            "module.ami.aws_ami_from_instance.my_ami",
            "module.ami.aws_instance.bastion",
            "module.ami.aws_security_group.bastion-sg",
            "module.ami.data.aws_subnet.subnet",
            "module.ami.data.aws_vpc.vpc",
            "module.ami.null_resource.terminate_instance",
            "module.autoscaling.aws_autoscaling_group.App-ASG",
            "module.autoscaling.aws_autoscaling_group.Web-ASG",
            "module.autoscaling.aws_launch_template.App-LC",
            "module.autoscaling.aws_launch_template.Web-LC",
            "module.autoscaling.data.aws_security_group.app-sg",
            "module.autoscaling.data.aws_security_group.web-sg",
            "module.autoscaling.data.aws_subnet.private-subnet1",
            "module.autoscaling.data.aws_subnet.private-subnet2",
            "module.iam.aws_iam_instance_profile.instance-profile",
            "module.iam.aws_iam_role.iam-role",
            "module.iam.aws_iam_role_policy.iam-policy",
            "module.security-group.aws_security_group.app-alb-sg",
            "module.security-group.aws_security_group.app-tier-sg",
            "module.security-group.aws_security_group.database-sg",
            "module.security-group.aws_security_group.web-alb-sg",
            "module.security-group.aws_security_group.web-tier-sg",
            "module.security-group.data.aws_vpc.vpc",
            "module.vpc.aws_eip.eip1",
            "module.vpc.aws_eip.eip2",
            "module.vpc.aws_internet_gateway.igw",
            "module.vpc.aws_nat_gateway.ngw1",
            "module.vpc.aws_nat_gateway.ngw2",
            "module.vpc.aws_route_table.db-rt1",
            "module.vpc.aws_route_table.db-rt2",
            "module.vpc.aws_route_table.private-rt1",
            "module.vpc.aws_route_table.private-rt2",
            "module.vpc.aws_route_table.public-rt",
            "module.vpc.aws_route_table_association.db-rt-association1",
            "module.vpc.aws_route_table_association.db-rt-association2",
            "module.vpc.aws_route_table_association.private-rt-association1",
            "module.vpc.aws_route_table_association.private-rt-association2",
            "module.vpc.aws_route_table_association.public-rt-association1",
            "module.vpc.aws_route_table_association.public-rt-association2",
            "module.vpc.aws_subnet.db-subnet1",
            "module.vpc.aws_subnet.db-subnet2",
            "module.vpc.aws_subnet.private-subnet1",
            "module.vpc.aws_subnet.private-subnet2",
            "module.vpc.aws_subnet.public-subnet1",
            "module.vpc.aws_subnet.public-subnet2",
            "module.vpc.aws_vpc.vpc",
            "module.vpc.aws_vpc_endpoint.s3_gateway",
            "module.vpc.data.aws_availability_zones.azs"
          ],
          "create_before_destroy": true
        }
      ]
    },
    {
      "module": "module.autoscaling",
      "mode": "managed",
      "type": "aws_autoscaling_policy",
      "name": "web-custom-cpu-policy",
      "provider": "provider[\"registry.terraform.io/hashicorp/aws\"]",
      "instances": [
        {
          "schema_version": 0,
          "attributes": {
            "adjustment_type": "ChangeInCapacity",
            "arn": "arn:aws:autoscaling:us-east-2:891377163278:scalingPolicy:6a81d324-bf4e-4111-8e52-ee70225cdee0:autoScalingGroupName/kdt-WEB-ASG:policyName/custom-cpu-policy",
            "autoscaling_group_name": "kdt-WEB-ASG",
            "cooldown": 60,
            "enabled": true,
            "estimated_instance_warmup": 0,
            "id": "custom-cpu-policy",
            "metric_aggregation_type": "",
            "min_adjustment_magnitude": 0,
            "name": "custom-cpu-policy",
            "policy_type": "SimpleScaling",
            "predictive_scaling_configuration": [],
            "scaling_adjustment": 1,
            "step_adjustment": [],
            "target_tracking_configuration": []
          },
          "sensitive_attributes": [],
          "private": "bnVsbA==",
          "dependencies": [
            "module.alb.aws_lb.App-elb",
            "module.alb.aws_lb_target_group.app-tg",
            "module.alb.aws_lb_target_group.web-tg",
            "module.alb.data.aws_security_group.app-alb-sg",
            "module.alb.data.aws_subnet.private-subnet1",
            "module.alb.data.aws_subnet.private-subnet2",
            "module.alb.data.aws_vpc.vpc",
            "module.ami.aws_ami_from_instance.my_ami",
            "module.ami.aws_instance.bastion",
            "module.ami.aws_security_group.bastion-sg",
            "module.ami.data.aws_subnet.subnet",
            "module.ami.data.aws_vpc.vpc",
            "module.ami.null_resource.terminate_instance",
            "module.autoscaling.aws_autoscaling_group.App-ASG",
            "module.autoscaling.aws_autoscaling_group.Web-ASG",
            "module.autoscaling.aws_launch_template.App-LC",
            "module.autoscaling.aws_launch_template.Web-LC",
            "module.autoscaling.data.aws_security_group.app-sg",
            "module.autoscaling.data.aws_security_group.web-sg",
            "module.autoscaling.data.aws_subnet.private-subnet1",
            "module.autoscaling.data.aws_subnet.private-subnet2",
            "module.iam.aws_iam_instance_profile.instance-profile",
            "module.iam.aws_iam_role.iam-role",
            "module.iam.aws_iam_role_policy.iam-policy",
            "module.security-group.aws_security_group.app-alb-sg",
            "module.security-group.aws_security_group.app-tier-sg",
            "module.security-group.aws_security_group.database-sg",
            "module.security-group.aws_security_group.web-alb-sg",
            "module.security-group.aws_security_group.web-tier-sg",
            "module.security-group.data.aws_vpc.vpc",
            "module.vpc.aws_eip.eip1",
            "module.vpc.aws_eip.eip2",
            "module.vpc.aws_internet_gateway.igw",
            "module.vpc.aws_nat_gateway.ngw1",
            "module.vpc.aws_nat_gateway.ngw2",
            "module.vpc.aws_route_table.db-rt1",
            "module.vpc.aws_route_table.db-rt2",
            "module.vpc.aws_route_table.private-rt1",
            "module.vpc.aws_route_table.private-rt2",
            "module.vpc.aws_route_table.public-rt",
            "module.vpc.aws_route_table_association.db-rt-association1",
            "module.vpc.aws_route_table_association.db-rt-association2",
            "module.vpc.aws_route_table_association.private-rt-association1",
            "module.vpc.aws_route_table_association.private-rt-association2",
            "module.vpc.aws_route_table_association.public-rt-association1",
            "module.vpc.aws_route_table_association.public-rt-association2",
            "module.vpc.aws_subnet.db-subnet1",
            "module.vpc.aws_subnet.db-subnet2",
            "module.vpc.aws_subnet.private-subnet1",
            "module.vpc.aws_subnet.private-subnet2",
            "module.vpc.aws_subnet.public-subnet1",
            "module.vpc.aws_subnet.public-subnet2",
            "module.vpc.aws_vpc.vpc",
            "module.vpc.aws_vpc_endpoint.s3_gateway",
            "module.vpc.data.aws_availability_zones.azs"
          ],
          "create_before_destroy": true
        }
      ]
    },
    {
      "module": "module.autoscaling",
      "mode": "managed",
      "type": "aws_autoscaling_policy",
      "name": "web-custom-cpu-policy-scaledown",
      "provider": "provider[\"registry.terraform.io/hashicorp/aws\"]",
      "instances": [
        {
          "schema_version": 0,
          "attributes": {
            "adjustment_type": "ChangeInCapacity",
            "arn": "arn:aws:autoscaling:us-east-2:891377163278:scalingPolicy:0e2d176f-ec87-4dd1-b19b-e5d29414494f:autoScalingGroupName/kdt-WEB-ASG:policyName/custom-cpu-policy-scaledown",
            "autoscaling_group_name": "kdt-WEB-ASG",
            "cooldown": 60,
            "enabled": true,
            "estimated_instance_warmup": 0,
            "id": "custom-cpu-policy-scaledown",
            "metric_aggregation_type": "",
            "min_adjustment_magnitude": 0,
            "name": "custom-cpu-policy-scaledown",
            "policy_type": "SimpleScaling",
            "predictive_scaling_configuration": [],
            "scaling_adjustment": -1,
            "step_adjustment": [],
            "target_tracking_configuration": []
          },
          "sensitive_attributes": [],
          "private": "bnVsbA==",
          "dependencies": [
            "module.alb.aws_lb.App-elb",
            "module.alb.aws_lb_target_group.app-tg",
            "module.alb.aws_lb_target_group.web-tg",
            "module.alb.data.aws_security_group.app-alb-sg",
            "module.alb.data.aws_subnet.private-subnet1",
            "module.alb.data.aws_subnet.private-subnet2",
            "module.alb.data.aws_vpc.vpc",
            "module.ami.aws_ami_from_instance.my_ami",
            "module.ami.aws_instance.bastion",
            "module.ami.aws_security_group.bastion-sg",
            "module.ami.data.aws_subnet.subnet",
            "module.ami.data.aws_vpc.vpc",
            "module.ami.null_resource.terminate_instance",
            "module.autoscaling.aws_autoscaling_group.App-ASG",
            "module.autoscaling.aws_autoscaling_group.Web-ASG",
            "module.autoscaling.aws_launch_template.App-LC",
            "module.autoscaling.aws_launch_template.Web-LC",
            "module.autoscaling.data.aws_security_group.app-sg",
            "module.autoscaling.data.aws_security_group.web-sg",
            "module.autoscaling.data.aws_subnet.private-subnet1",
            "module.autoscaling.data.aws_subnet.private-subnet2",
            "module.iam.aws_iam_instance_profile.instance-profile",
            "module.iam.aws_iam_role.iam-role",
            "module.iam.aws_iam_role_policy.iam-policy",
            "module.security-group.aws_security_group.app-alb-sg",
            "module.security-group.aws_security_group.app-tier-sg",
            "module.security-group.aws_security_group.database-sg",
            "module.security-group.aws_security_group.web-alb-sg",
            "module.security-group.aws_security_group.web-tier-sg",
            "module.security-group.data.aws_vpc.vpc",
            "module.vpc.aws_eip.eip1",
            "module.vpc.aws_eip.eip2",
            "module.vpc.aws_internet_gateway.igw",
            "module.vpc.aws_nat_gateway.ngw1",
            "module.vpc.aws_nat_gateway.ngw2",
            "module.vpc.aws_route_table.db-rt1",
            "module.vpc.aws_route_table.db-rt2",
            "module.vpc.aws_route_table.private-rt1",
            "module.vpc.aws_route_table.private-rt2",
            "module.vpc.aws_route_table.public-rt",
            "module.vpc.aws_route_table_association.db-rt-association1",
            "module.vpc.aws_route_table_association.db-rt-association2",
            "module.vpc.aws_route_table_association.private-rt-association1",
            "module.vpc.aws_route_table_association.private-rt-association2",
            "module.vpc.aws_route_table_association.public-rt-association1",
            "module.vpc.aws_route_table_association.public-rt-association2",
            "module.vpc.aws_subnet.db-subnet1",
            "module.vpc.aws_subnet.db-subnet2",
            "module.vpc.aws_subnet.private-subnet1",
            "module.vpc.aws_subnet.private-subnet2",
            "module.vpc.aws_subnet.public-subnet1",
            "module.vpc.aws_subnet.public-subnet2",
            "module.vpc.aws_vpc.vpc",
            "module.vpc.aws_vpc_endpoint.s3_gateway",
            "module.vpc.data.aws_availability_zones.azs"
          ],
          "create_before_destroy": true
        }
      ]
    },
    {
      "module": "module.autoscaling",
      "mode": "managed",
      "type": "aws_cloudwatch_metric_alarm",
      "name": "app-custom-cpu-alarm",
      "provider": "provider[\"registry.terraform.io/hashicorp/aws\"]",
      "instances": [
        {
          "schema_version": 1,
          "attributes": {
            "actions_enabled": true,
            "alarm_actions": [
              "arn:aws:autoscaling:us-east-2:891377163278:scalingPolicy:6a81d324-bf4e-4111-8e52-ee70225cdee0:autoScalingGroupName/kdt-WEB-ASG:policyName/custom-cpu-policy"
            ],
            "alarm_description": "alarm when cpu usage increases",
            "alarm_name": "custom-webserver-cpu-alarm",
            "arn": "arn:aws:cloudwatch:us-east-2:891377163278:alarm:custom-webserver-cpu-alarm",
            "comparison_operator": "GreaterThanOrEqualToThreshold",
            "datapoints_to_alarm": 0,
            "dimensions": {
              "AutoScalingGroupName": "kdt-WEB-ASG"
            },
            "evaluate_low_sample_count_percentiles": "",
            "evaluation_periods": 2,
            "extended_statistic": "",
            "id": "custom-webserver-cpu-alarm",
            "insufficient_data_actions": null,
            "metric_name": "CPUUtilization",
            "metric_query": [],
            "namespace": "AWS/EC2",
            "ok_actions": null,
            "period": 120,
            "statistic": "Average",
            "tags": null,
            "tags_all": {},
            "threshold": 70,
            "threshold_metric_id": "",
            "treat_missing_data": "missing",
            "unit": ""
          },
          "sensitive_attributes": [],
          "private": "eyJzY2hlbWFfdmVyc2lvbiI6IjEifQ==",
          "dependencies": [
            "module.alb.aws_lb.App-elb",
            "module.alb.aws_lb_target_group.app-tg",
            "module.alb.aws_lb_target_group.web-tg",
            "module.alb.data.aws_security_group.app-alb-sg",
            "module.alb.data.aws_subnet.private-subnet1",
            "module.alb.data.aws_subnet.private-subnet2",
            "module.alb.data.aws_vpc.vpc",
            "module.ami.aws_ami_from_instance.my_ami",
            "module.ami.aws_instance.bastion",
            "module.ami.aws_security_group.bastion-sg",
            "module.ami.data.aws_subnet.subnet",
            "module.ami.data.aws_vpc.vpc",
            "module.ami.null_resource.terminate_instance",
            "module.autoscaling.aws_autoscaling_group.App-ASG",
            "module.autoscaling.aws_autoscaling_group.Web-ASG",
            "module.autoscaling.aws_autoscaling_policy.web-custom-cpu-policy",
            "module.autoscaling.aws_launch_template.App-LC",
            "module.autoscaling.aws_launch_template.Web-LC",
            "module.autoscaling.data.aws_security_group.app-sg",
            "module.autoscaling.data.aws_security_group.web-sg",
            "module.autoscaling.data.aws_subnet.private-subnet1",
            "module.autoscaling.data.aws_subnet.private-subnet2",
            "module.iam.aws_iam_instance_profile.instance-profile",
            "module.iam.aws_iam_role.iam-role",
            "module.iam.aws_iam_role_policy.iam-policy",
            "module.security-group.aws_security_group.app-alb-sg",
            "module.security-group.aws_security_group.app-tier-sg",
            "module.security-group.aws_security_group.database-sg",
            "module.security-group.aws_security_group.web-alb-sg",
            "module.security-group.aws_security_group.web-tier-sg",
            "module.security-group.data.aws_vpc.vpc",
            "module.vpc.aws_eip.eip1",
            "module.vpc.aws_eip.eip2",
            "module.vpc.aws_internet_gateway.igw",
            "module.vpc.aws_nat_gateway.ngw1",
            "module.vpc.aws_nat_gateway.ngw2",
            "module.vpc.aws_route_table.db-rt1",
            "module.vpc.aws_route_table.db-rt2",
            "module.vpc.aws_route_table.private-rt1",
            "module.vpc.aws_route_table.private-rt2",
            "module.vpc.aws_route_table.public-rt",
            "module.vpc.aws_route_table_association.db-rt-association1",
            "module.vpc.aws_route_table_association.db-rt-association2",
            "module.vpc.aws_route_table_association.private-rt-association1",
            "module.vpc.aws_route_table_association.private-rt-association2",
            "module.vpc.aws_route_table_association.public-rt-association1",
            "module.vpc.aws_route_table_association.public-rt-association2",
            "module.vpc.aws_subnet.db-subnet1",
            "module.vpc.aws_subnet.db-subnet2",
            "module.vpc.aws_subnet.private-subnet1",
            "module.vpc.aws_subnet.private-subnet2",
            "module.vpc.aws_subnet.public-subnet1",
            "module.vpc.aws_subnet.public-subnet2",
            "module.vpc.aws_vpc.vpc",
            "module.vpc.aws_vpc_endpoint.s3_gateway",
            "module.vpc.data.aws_availability_zones.azs"
          ],
          "create_before_destroy": true
        }
      ]
    },
    {
      "module": "module.autoscaling",
      "mode": "managed",
      "type": "aws_cloudwatch_metric_alarm",
      "name": "app-custom-cpu-alarm-scaledown",
      "provider": "provider[\"registry.terraform.io/hashicorp/aws\"]",
      "instances": [
        {
          "schema_version": 1,
          "attributes": {
            "actions_enabled": true,
            "alarm_actions": [
              "arn:aws:autoscaling:us-east-2:891377163278:scalingPolicy:0e2d176f-ec87-4dd1-b19b-e5d29414494f:autoScalingGroupName/kdt-WEB-ASG:policyName/custom-cpu-policy-scaledown"
            ],
            "alarm_description": "alarm when cpu usage decreases",
            "alarm_name": "custom-webserver-cpu-alarm-scaledown",
            "arn": "arn:aws:cloudwatch:us-east-2:891377163278:alarm:custom-webserver-cpu-alarm-scaledown",
            "comparison_operator": "LessThanOrEqualToThreshold",
            "datapoints_to_alarm": 0,
            "dimensions": {
              "AutoScalingGroupName": "kdt-WEB-ASG"
            },
            "evaluate_low_sample_count_percentiles": "",
            "evaluation_periods": 2,
            "extended_statistic": "",
            "id": "custom-webserver-cpu-alarm-scaledown",
            "insufficient_data_actions": null,
            "metric_name": "CPUUtilization",
            "metric_query": [],
            "namespace": "AWS/EC2",
            "ok_actions": null,
            "period": 120,
            "statistic": "Average",
            "tags": null,
            "tags_all": {},
            "threshold": 50,
            "threshold_metric_id": "",
            "treat_missing_data": "missing",
            "unit": ""
          },
          "sensitive_attributes": [],
          "private": "eyJzY2hlbWFfdmVyc2lvbiI6IjEifQ==",
          "dependencies": [
            "module.alb.aws_lb.App-elb",
            "module.alb.aws_lb_target_group.app-tg",
            "module.alb.aws_lb_target_group.web-tg",
            "module.alb.data.aws_security_group.app-alb-sg",
            "module.alb.data.aws_subnet.private-subnet1",
            "module.alb.data.aws_subnet.private-subnet2",
            "module.alb.data.aws_vpc.vpc",
            "module.ami.aws_ami_from_instance.my_ami",
            "module.ami.aws_instance.bastion",
            "module.ami.aws_security_group.bastion-sg",
            "module.ami.data.aws_subnet.subnet",
            "module.ami.data.aws_vpc.vpc",
            "module.ami.null_resource.terminate_instance",
            "module.autoscaling.aws_autoscaling_group.App-ASG",
            "module.autoscaling.aws_autoscaling_group.Web-ASG",
            "module.autoscaling.aws_autoscaling_policy.app-custom-cpu-policy-scaledown",
            "module.autoscaling.aws_launch_template.App-LC",
            "module.autoscaling.aws_launch_template.Web-LC",
            "module.autoscaling.data.aws_security_group.app-sg",
            "module.autoscaling.data.aws_security_group.web-sg",
            "module.autoscaling.data.aws_subnet.private-subnet1",
            "module.autoscaling.data.aws_subnet.private-subnet2",
            "module.iam.aws_iam_instance_profile.instance-profile",
            "module.iam.aws_iam_role.iam-role",
            "module.iam.aws_iam_role_policy.iam-policy",
            "module.security-group.aws_security_group.app-alb-sg",
            "module.security-group.aws_security_group.app-tier-sg",
            "module.security-group.aws_security_group.database-sg",
            "module.security-group.aws_security_group.web-alb-sg",
            "module.security-group.aws_security_group.web-tier-sg",
            "module.security-group.data.aws_vpc.vpc",
            "module.vpc.aws_eip.eip1",
            "module.vpc.aws_eip.eip2",
            "module.vpc.aws_internet_gateway.igw",
            "module.vpc.aws_nat_gateway.ngw1",
            "module.vpc.aws_nat_gateway.ngw2",
            "module.vpc.aws_route_table.db-rt1",
            "module.vpc.aws_route_table.db-rt2",
            "module.vpc.aws_route_table.private-rt1",
            "module.vpc.aws_route_table.private-rt2",
            "module.vpc.aws_route_table.public-rt",
            "module.vpc.aws_route_table_association.db-rt-association1",
            "module.vpc.aws_route_table_association.db-rt-association2",
            "module.vpc.aws_route_table_association.private-rt-association1",
            "module.vpc.aws_route_table_association.private-rt-association2",
            "module.vpc.aws_route_table_association.public-rt-association1",
            "module.vpc.aws_route_table_association.public-rt-association2",
            "module.vpc.aws_subnet.db-subnet1",
            "module.vpc.aws_subnet.db-subnet2",
            "module.vpc.aws_subnet.private-subnet1",
            "module.vpc.aws_subnet.private-subnet2",
            "module.vpc.aws_subnet.public-subnet1",
            "module.vpc.aws_subnet.public-subnet2",
            "module.vpc.aws_vpc.vpc",
            "module.vpc.aws_vpc_endpoint.s3_gateway",
            "module.vpc.data.aws_availability_zones.azs"
          ],
          "create_before_destroy": true
        }
      ]
    },
    {
      "module": "module.autoscaling",
      "mode": "managed",
      "type": "aws_cloudwatch_metric_alarm",
      "name": "web-custom-cpu-alarm",
      "provider": "provider[\"registry.terraform.io/hashicorp/aws\"]",
      "instances": [
        {
          "schema_version": 1,
          "attributes": {
            "actions_enabled": true,
            "alarm_actions": [
              "arn:aws:autoscaling:us-east-2:891377163278:scalingPolicy:6a81d324-bf4e-4111-8e52-ee70225cdee0:autoScalingGroupName/kdt-WEB-ASG:policyName/custom-cpu-policy"
            ],
            "alarm_description": "alarm when cpu usage increases",
            "alarm_name": "custom-webserver-cpu-alarm",
            "arn": "arn:aws:cloudwatch:us-east-2:891377163278:alarm:custom-webserver-cpu-alarm",
            "comparison_operator": "GreaterThanOrEqualToThreshold",
            "datapoints_to_alarm": 0,
            "dimensions": {
              "AutoScalingGroupName": "kdt-WEB-ASG"
            },
            "evaluate_low_sample_count_percentiles": "",
            "evaluation_periods": 2,
            "extended_statistic": "",
            "id": "custom-webserver-cpu-alarm",
            "insufficient_data_actions": null,
            "metric_name": "CPUUtilization",
            "metric_query": [],
            "namespace": "AWS/EC2",
            "ok_actions": null,
            "period": 120,
            "statistic": "Average",
            "tags": null,
            "tags_all": {},
            "threshold": 70,
            "threshold_metric_id": "",
            "treat_missing_data": "missing",
            "unit": ""
          },
          "sensitive_attributes": [],
          "private": "eyJzY2hlbWFfdmVyc2lvbiI6IjEifQ==",
          "dependencies": [
            "module.alb.aws_lb.App-elb",
            "module.alb.aws_lb_target_group.app-tg",
            "module.alb.aws_lb_target_group.web-tg",
            "module.alb.data.aws_security_group.app-alb-sg",
            "module.alb.data.aws_subnet.private-subnet1",
            "module.alb.data.aws_subnet.private-subnet2",
            "module.alb.data.aws_vpc.vpc",
            "module.ami.aws_ami_from_instance.my_ami",
            "module.ami.aws_instance.bastion",
            "module.ami.aws_security_group.bastion-sg",
            "module.ami.data.aws_subnet.subnet",
            "module.ami.data.aws_vpc.vpc",
            "module.ami.null_resource.terminate_instance",
            "module.autoscaling.aws_autoscaling_group.App-ASG",
            "module.autoscaling.aws_autoscaling_group.Web-ASG",
            "module.autoscaling.aws_autoscaling_policy.web-custom-cpu-policy",
            "module.autoscaling.aws_launch_template.App-LC",
            "module.autoscaling.aws_launch_template.Web-LC",
            "module.autoscaling.data.aws_security_group.app-sg",
            "module.autoscaling.data.aws_security_group.web-sg",
            "module.autoscaling.data.aws_subnet.private-subnet1",
            "module.autoscaling.data.aws_subnet.private-subnet2",
            "module.iam.aws_iam_instance_profile.instance-profile",
            "module.iam.aws_iam_role.iam-role",
            "module.iam.aws_iam_role_policy.iam-policy",
            "module.security-group.aws_security_group.app-alb-sg",
            "module.security-group.aws_security_group.app-tier-sg",
            "module.security-group.aws_security_group.database-sg",
            "module.security-group.aws_security_group.web-alb-sg",
            "module.security-group.aws_security_group.web-tier-sg",
            "module.security-group.data.aws_vpc.vpc",
            "module.vpc.aws_eip.eip1",
            "module.vpc.aws_eip.eip2",
            "module.vpc.aws_internet_gateway.igw",
            "module.vpc.aws_nat_gateway.ngw1",
            "module.vpc.aws_nat_gateway.ngw2",
            "module.vpc.aws_route_table.db-rt1",
            "module.vpc.aws_route_table.db-rt2",
            "module.vpc.aws_route_table.private-rt1",
            "module.vpc.aws_route_table.private-rt2",
            "module.vpc.aws_route_table.public-rt",
            "module.vpc.aws_route_table_association.db-rt-association1",
            "module.vpc.aws_route_table_association.db-rt-association2",
            "module.vpc.aws_route_table_association.private-rt-association1",
            "module.vpc.aws_route_table_association.private-rt-association2",
            "module.vpc.aws_route_table_association.public-rt-association1",
            "module.vpc.aws_route_table_association.public-rt-association2",
            "module.vpc.aws_subnet.db-subnet1",
            "module.vpc.aws_subnet.db-subnet2",
            "module.vpc.aws_subnet.private-subnet1",
            "module.vpc.aws_subnet.private-subnet2",
            "module.vpc.aws_subnet.public-subnet1",
            "module.vpc.aws_subnet.public-subnet2",
            "module.vpc.aws_vpc.vpc",
            "module.vpc.aws_vpc_endpoint.s3_gateway",
            "module.vpc.data.aws_availability_zones.azs"
          ],
          "create_before_destroy": true
        }
      ]
    },
    {
      "module": "module.autoscaling",
      "mode": "managed",
      "type": "aws_cloudwatch_metric_alarm",
      "name": "web-custom-cpu-alarm-scaledown",
      "provider": "provider[\"registry.terraform.io/hashicorp/aws\"]",
      "instances": [
        {
          "schema_version": 1,
          "attributes": {
            "actions_enabled": true,
            "alarm_actions": [
              "arn:aws:autoscaling:us-east-2:891377163278:scalingPolicy:0e2d176f-ec87-4dd1-b19b-e5d29414494f:autoScalingGroupName/kdt-WEB-ASG:policyName/custom-cpu-policy-scaledown"
            ],
            "alarm_description": "alarm when cpu usage decreases",
            "alarm_name": "custom-webserver-cpu-alarm-scaledown",
            "arn": "arn:aws:cloudwatch:us-east-2:891377163278:alarm:custom-webserver-cpu-alarm-scaledown",
            "comparison_operator": "LessThanOrEqualToThreshold",
            "datapoints_to_alarm": 0,
            "dimensions": {
              "AutoScalingGroupName": "kdt-WEB-ASG"
            },
            "evaluate_low_sample_count_percentiles": "",
            "evaluation_periods": 2,
            "extended_statistic": "",
            "id": "custom-webserver-cpu-alarm-scaledown",
            "insufficient_data_actions": null,
            "metric_name": "CPUUtilization",
            "metric_query": [],
            "namespace": "AWS/EC2",
            "ok_actions": null,
            "period": 120,
            "statistic": "Average",
            "tags": null,
            "tags_all": {},
            "threshold": 50,
            "threshold_metric_id": "",
            "treat_missing_data": "missing",
            "unit": ""
          },
          "sensitive_attributes": [],
          "private": "eyJzY2hlbWFfdmVyc2lvbiI6IjEifQ==",
          "dependencies": [
            "module.alb.aws_lb.App-elb",
            "module.alb.aws_lb_target_group.app-tg",
            "module.alb.aws_lb_target_group.web-tg",
            "module.alb.data.aws_security_group.app-alb-sg",
            "module.alb.data.aws_subnet.private-subnet1",
            "module.alb.data.aws_subnet.private-subnet2",
            "module.alb.data.aws_vpc.vpc",
            "module.ami.aws_ami_from_instance.my_ami",
            "module.ami.aws_instance.bastion",
            "module.ami.aws_security_group.bastion-sg",
            "module.ami.data.aws_subnet.subnet",
            "module.ami.data.aws_vpc.vpc",
            "module.ami.null_resource.terminate_instance",
            "module.autoscaling.aws_autoscaling_group.App-ASG",
            "module.autoscaling.aws_autoscaling_group.Web-ASG",
            "module.autoscaling.aws_autoscaling_policy.web-custom-cpu-policy-scaledown",
            "module.autoscaling.aws_launch_template.App-LC",
            "module.autoscaling.aws_launch_template.Web-LC",
            "module.autoscaling.data.aws_security_group.app-sg",
            "module.autoscaling.data.aws_security_group.web-sg",
            "module.autoscaling.data.aws_subnet.private-subnet1",
            "module.autoscaling.data.aws_subnet.private-subnet2",
            "module.iam.aws_iam_instance_profile.instance-profile",
            "module.iam.aws_iam_role.iam-role",
            "module.iam.aws_iam_role_policy.iam-policy",
            "module.security-group.aws_security_group.app-alb-sg",
            "module.security-group.aws_security_group.app-tier-sg",
            "module.security-group.aws_security_group.database-sg",
            "module.security-group.aws_security_group.web-alb-sg",
            "module.security-group.aws_security_group.web-tier-sg",
            "module.security-group.data.aws_vpc.vpc",
            "module.vpc.aws_eip.eip1",
            "module.vpc.aws_eip.eip2",
            "module.vpc.aws_internet_gateway.igw",
            "module.vpc.aws_nat_gateway.ngw1",
            "module.vpc.aws_nat_gateway.ngw2",
            "module.vpc.aws_route_table.db-rt1",
            "module.vpc.aws_route_table.db-rt2",
            "module.vpc.aws_route_table.private-rt1",
            "module.vpc.aws_route_table.private-rt2",
            "module.vpc.aws_route_table.public-rt",
            "module.vpc.aws_route_table_association.db-rt-association1",
            "module.vpc.aws_route_table_association.db-rt-association2",
            "module.vpc.aws_route_table_association.private-rt-association1",
            "module.vpc.aws_route_table_association.private-rt-association2",
            "module.vpc.aws_route_table_association.public-rt-association1",
            "module.vpc.aws_route_table_association.public-rt-association2",
            "module.vpc.aws_subnet.db-subnet1",
            "module.vpc.aws_subnet.db-subnet2",
            "module.vpc.aws_subnet.private-subnet1",
            "module.vpc.aws_subnet.private-subnet2",
            "module.vpc.aws_subnet.public-subnet1",
            "module.vpc.aws_subnet.public-subnet2",
            "module.vpc.aws_vpc.vpc",
            "module.vpc.aws_vpc_endpoint.s3_gateway",
            "module.vpc.data.aws_availability_zones.azs"
          ],
          "create_before_destroy": true
        }
      ]
    },
    {
      "module": "module.autoscaling",
      "mode": "managed",
      "type": "aws_launch_template",
      "name": "App-LC",
      "provider": "provider[\"registry.terraform.io/hashicorp/aws\"]",
      "instances": [
        {
          "schema_version": 0,
          "attributes": {
            "arn": "arn:aws:ec2:us-east-2:891377163278:launch-template/lt-036b41a2c654a7c46",
            "block_device_mappings": [],
            "capacity_reservation_specification": [],
            "cpu_options": [],
            "credit_specification": [],
            "default_version": 1,
            "description": "",
            "disable_api_stop": false,
            "disable_api_termination": false,
            "ebs_optimized": "",
            "elastic_gpu_specifications": [],
            "elastic_inference_accelerator": [],
            "enclave_options": [],
            "hibernation_options": [],
            "iam_instance_profile": [
              {
                "arn": "",
                "name": "instance-profile-for-ec2-SSM,S3"
              }
            ],
            "id": "lt-036b41a2c654a7c46",
            "image_id": "ami-0d0f45d77aa2d03ed",
            "instance_initiated_shutdown_behavior": "",
            "instance_market_options": [],
            "instance_requirements": [],
            "instance_type": "t3.micro",
            "kernel_id": "",
            "key_name": "",
            "latest_version": 1,
            "license_specification": [],
            "maintenance_options": [],
            "metadata_options": [],
            "monitoring": [],
            "name": "App-template",
            "name_prefix": "",
            "network_interfaces": [],
            "placement": [],
            "private_dns_name_options": [],
            "ram_disk_id": "",
            "security_group_names": null,
            "tag_specifications": [],
            "tags": null,
            "tags_all": {},
            "update_default_version": null,
            "user_data": "IyEvYmluL2Jhc2gKIyBBbWF6b24gTGludXggMuyXkCBOZ2lueCDshKTsuZgKCnN1ZG8gc3UKCmRuZiBpbnN0YWxsIC15IHB5dGhvbjMtcGlwIGdjYyBweXRob24zLWRldmVsIG1hcmlhZGIxMDUtZGV2ZWwKZG5mIGdyb3VwaW5zdGFsbCAiRGV2ZWxvcG1lbnQgVG9vbHMiIC15CmRuZiBpbnN0YWxsIGJ6aXAyLWRldmVsIGxpYmZmaS1kZXZlbCAteQphd3MgczMgY3AgczM6Ly9rdGQtMDQyNi9kamFuZ28tY29tbXVuaXR5LWJvYXJkLW1haW4vIC4vIC0tcmVjdXJzaXZlCmV4cG9ydCBob3N0bmFtZT0kKGhvc3RuYW1lKQplbnZzdWJzdCA8IC90ZW1wbGF0ZXMvaW5kZXguaHRtbC50ZW1wbGF0ZSA+IC90ZW1wbGF0ZXMvaW5kZXguaHRtbApwaXAgaW5zdGFsbCAtLW5vLWNhY2hlLWRpciAtciAuL3JlcXVpcmVtZW50cy50eHQKcGlwIGluc3RhbGwgZGphbmdvCgpkYl91c2VyX2lkPSQoYXdzIHNzbSBnZXQtcGFyYW1ldGVyIC0tbmFtZSAiL2NvbmZpZy9hY2NvdW50L2FkbWluL0lEIiAtLXdpdGgtZGVjcnlwdGlvbiAtLXF1ZXJ5ICJQYXJhbWV0ZXIuVmFsdWUiIC0tb3V0cHV0IHRleHQpCmRiX3VzZXJfcHdkPSQoYXdzIHNzbSBnZXQtcGFyYW1ldGVyIC0tbmFtZSAiL2NvbmZpZy9hY2NvdW50L2FkbWluL1BXRCIgLS13aXRoLWRlY3J5cHRpb24gLS1xdWVyeSAiUGFyYW1ldGVyLlZhbHVlIiAtLW91dHB1dCB0ZXh0KQphdXJvcmFfZW5kcG9pbnQ9JChhd3Mgc3NtIGdldC1wYXJhbWV0ZXIgLS1uYW1lICIvY29uZmlnL3N5c3RlbS9kYi1jbHVzdGVyLWVuZHBvaW50IiAtLXdpdGgtZGVjcnlwdGlvbiAtLXF1ZXJ5ICJQYXJhbWV0ZXIuVmFsdWUiIC0tb3V0cHV0IHRleHQpCmV4cG9ydCBkYl91c2VyX2lkCmV4cG9ydCBkYl91c2VyX3B3ZApleHBvcnQgYXVyb3JhX2VuZHBvaW50CmF3cyBzMyBjcCBzMzovL2t0ZC0wNDI2L2RqYW5nby1jb21tdW5pdHktYm9hcmQtbWFpbi90ZW1wbGF0ZXMvc2V0dGluZ3MucHkudGVtcGxhdGUgL2NvbW11bml0eV9ib2FyZF9wcm9qZWN0LwplbnZzdWJzdCA8IC9jb21tdW5pdHlfYm9hcmRfcHJvamVjdC9zZXR0aW5ncy5weS50ZW1wbGF0ZSA+IC9jb21tdW5pdHlfYm9hcmRfcHJvamVjdC9zZXR0aW5ncy5weQpzeXN0ZW1jdGwgcmVzdGFydCBuZ2lueApweXRob24zIG1hbmFnZS5weSBtYWtlbWlncmF0aW9ucwpweXRob24zIG1hbmFnZS5weSBtaWdyYXRlCnB5dGhvbjMgbWFuYWdlLnB5IHJ1bnNlcnZlciAwLjAuMC4wOjgwODAK",
            "vpc_security_group_ids": [
              "sg-072f427c532d4107a"
            ]
          },
          "sensitive_attributes": [],
          "private": "bnVsbA==",
          "dependencies": [
            "module.alb.aws_lb.App-elb",
            "module.alb.data.aws_security_group.app-alb-sg",
            "module.alb.data.aws_subnet.private-subnet1",
            "module.alb.data.aws_subnet.private-subnet2",
            "module.ami.aws_ami_from_instance.my_ami",
            "module.ami.aws_instance.bastion",
            "module.ami.aws_security_group.bastion-sg",
            "module.ami.data.aws_subnet.subnet",
            "module.ami.data.aws_vpc.vpc",
            "module.ami.null_resource.terminate_instance",
            "module.autoscaling.data.aws_security_group.app-sg",
            "module.iam.aws_iam_instance_profile.instance-profile",
            "module.iam.aws_iam_role.iam-role",
            "module.iam.aws_iam_role_policy.iam-policy",
            "module.security-group.aws_security_group.app-alb-sg",
            "module.security-group.aws_security_group.app-tier-sg",
            "module.security-group.aws_security_group.database-sg",
            "module.security-group.aws_security_group.web-alb-sg",
            "module.security-group.aws_security_group.web-tier-sg",
            "module.security-group.data.aws_vpc.vpc",
            "module.vpc.aws_eip.eip1",
            "module.vpc.aws_eip.eip2",
            "module.vpc.aws_internet_gateway.igw",
            "module.vpc.aws_nat_gateway.ngw1",
            "module.vpc.aws_nat_gateway.ngw2",
            "module.vpc.aws_route_table.db-rt1",
            "module.vpc.aws_route_table.db-rt2",
            "module.vpc.aws_route_table.private-rt1",
            "module.vpc.aws_route_table.private-rt2",
            "module.vpc.aws_route_table.public-rt",
            "module.vpc.aws_route_table_association.db-rt-association1",
            "module.vpc.aws_route_table_association.db-rt-association2",
            "module.vpc.aws_route_table_association.private-rt-association1",
            "module.vpc.aws_route_table_association.private-rt-association2",
            "module.vpc.aws_route_table_association.public-rt-association1",
            "module.vpc.aws_route_table_association.public-rt-association2",
            "module.vpc.aws_subnet.db-subnet1",
            "module.vpc.aws_subnet.db-subnet2",
            "module.vpc.aws_subnet.private-subnet1",
            "module.vpc.aws_subnet.private-subnet2",
            "module.vpc.aws_subnet.public-subnet1",
            "module.vpc.aws_subnet.public-subnet2",
            "module.vpc.aws_vpc.vpc",
            "module.vpc.aws_vpc_endpoint.s3_gateway",
            "module.vpc.data.aws_availability_zones.azs"
          ],
          "create_before_destroy": true
        }
      ]
    },
    {
      "module": "module.autoscaling",
      "mode": "managed",
      "type": "aws_launch_template",
      "name": "Web-LC",
      "provider": "provider[\"registry.terraform.io/hashicorp/aws\"]",
      "instances": [
        {
          "schema_version": 0,
          "attributes": {
            "arn": "arn:aws:ec2:us-east-2:891377163278:launch-template/lt-0f43c7e96d0c07620",
            "block_device_mappings": [],
            "capacity_reservation_specification": [],
            "cpu_options": [],
            "credit_specification": [],
            "default_version": 1,
            "description": "",
            "disable_api_stop": false,
            "disable_api_termination": false,
            "ebs_optimized": "",
            "elastic_gpu_specifications": [],
            "elastic_inference_accelerator": [],
            "enclave_options": [],
            "hibernation_options": [],
            "iam_instance_profile": [
              {
                "arn": "",
                "name": "instance-profile-for-ec2-SSM,S3"
              }
            ],
            "id": "lt-0f43c7e96d0c07620",
            "image_id": "ami-0d0f45d77aa2d03ed",
            "instance_initiated_shutdown_behavior": "",
            "instance_market_options": [],
            "instance_requirements": [],
            "instance_type": "t3.micro",
            "kernel_id": "",
            "key_name": "",
            "latest_version": 1,
            "license_specification": [],
            "maintenance_options": [],
            "metadata_options": [],
            "monitoring": [],
            "name": "Web-template",
            "name_prefix": "",
            "network_interfaces": [],
            "placement": [],
            "private_dns_name_options": [],
            "ram_disk_id": "",
            "security_group_names": null,
            "tag_specifications": [],
            "tags": null,
            "tags_all": {},
            "update_default_version": null,
            "user_data": "IyEvYmluL2Jhc2gNCiMgQW1hem9uIExpbnV4IDLsl5AgTmdpbngg7ISk7LmYDQoNCnN1ZG8gc3UNCg0KYXdzIHMzIGNwIHMzOi8va3RkLTA0MjYvZGphbmdvLWNvbW11bml0eS1ib2FyZC1tYWluL3RlbXBsYXRlcy9kZWZhdWx0LmNvbmYudGVtcGxhdGUgL2V0Yy9uZ2lueC9jb25mLmQvDQphcHBfbGJfZG5zPSQoYXdzIHNzbSBnZXQtcGFyYW1ldGVyIC0tbmFtZSAiL2NvbmZpZy9zeXN0ZW0vYWxiLWRucy1uYW1lIiAtLXdpdGgtZGVjcnlwdGlvbiAtLXF1ZXJ5ICJQYXJhbWV0ZXIuVmFsdWUiIC0tb3V0cHV0IHRleHQpDQpleHBvcnQgYXBwX2xiX2Rucw0KDQplbnZzdWJzdCA8IC9ldGMvbmdpbngvY29uZi5kL2RlZmF1bHQuY29uZi50ZW1wbGF0ZSA+IC9ldGMvbmdpbngvY29uZi5kL2RlZmF1bHQuY29uZg0KYXdzIHMzIGNwIHMzOi8va3RkLTA0MjYvZGphbmdvLWNvbW11bml0eS1ib2FyZC1tYWluL3N0YXRpYyAvdXNyL3NoYXJlL25naW54L2h0bWwvc3RhdGljIC0tcmVjdXJzaXZlDQpzeXN0ZW1jdGwgcmVzdGFydCBuZ2lueA==",
            "vpc_security_group_ids": [
              "sg-0c13955b19c012b09"
            ]
          },
          "sensitive_attributes": [],
          "private": "bnVsbA==",
          "dependencies": [
            "module.alb.aws_lb.App-elb",
            "module.alb.aws_lb_target_group.app-tg",
            "module.alb.data.aws_security_group.app-alb-sg",
            "module.alb.data.aws_subnet.private-subnet1",
            "module.alb.data.aws_subnet.private-subnet2",
            "module.alb.data.aws_vpc.vpc",
            "module.ami.aws_ami_from_instance.my_ami",
            "module.ami.aws_instance.bastion",
            "module.ami.aws_security_group.bastion-sg",
            "module.ami.data.aws_subnet.subnet",
            "module.ami.data.aws_vpc.vpc",
            "module.ami.null_resource.terminate_instance",
            "module.autoscaling.aws_autoscaling_group.App-ASG",
            "module.autoscaling.aws_launch_template.App-LC",
            "module.autoscaling.data.aws_security_group.app-sg",
            "module.autoscaling.data.aws_security_group.web-sg",
            "module.autoscaling.data.aws_subnet.private-subnet1",
            "module.autoscaling.data.aws_subnet.private-subnet2",
            "module.iam.aws_iam_instance_profile.instance-profile",
            "module.iam.aws_iam_role.iam-role",
            "module.iam.aws_iam_role_policy.iam-policy",
            "module.security-group.aws_security_group.app-alb-sg",
            "module.security-group.aws_security_group.app-tier-sg",
            "module.security-group.aws_security_group.database-sg",
            "module.security-group.aws_security_group.web-alb-sg",
            "module.security-group.aws_security_group.web-tier-sg",
            "module.security-group.data.aws_vpc.vpc",
            "module.vpc.aws_eip.eip1",
            "module.vpc.aws_eip.eip2",
            "module.vpc.aws_internet_gateway.igw",
            "module.vpc.aws_nat_gateway.ngw1",
            "module.vpc.aws_nat_gateway.ngw2",
            "module.vpc.aws_route_table.db-rt1",
            "module.vpc.aws_route_table.db-rt2",
            "module.vpc.aws_route_table.private-rt1",
            "module.vpc.aws_route_table.private-rt2",
            "module.vpc.aws_route_table.public-rt",
            "module.vpc.aws_route_table_association.db-rt-association1",
            "module.vpc.aws_route_table_association.db-rt-association2",
            "module.vpc.aws_route_table_association.private-rt-association1",
            "module.vpc.aws_route_table_association.private-rt-association2",
            "module.vpc.aws_route_table_association.public-rt-association1",
            "module.vpc.aws_route_table_association.public-rt-association2",
            "module.vpc.aws_subnet.db-subnet1",
            "module.vpc.aws_subnet.db-subnet2",
            "module.vpc.aws_subnet.private-subnet1",
            "module.vpc.aws_subnet.private-subnet2",
            "module.vpc.aws_subnet.public-subnet1",
            "module.vpc.aws_subnet.public-subnet2",
            "module.vpc.aws_vpc.vpc",
            "module.vpc.aws_vpc_endpoint.s3_gateway",
            "module.vpc.data.aws_availability_zones.azs"
          ],
          "create_before_destroy": true
        }
      ]
    },
    {
      "module": "module.iam",
      "mode": "managed",
      "type": "aws_iam_instance_profile",
      "name": "instance-profile",
      "provider": "provider[\"registry.terraform.io/hashicorp/aws\"]",
      "instances": [
        {
          "schema_version": 0,
          "attributes": {
            "arn": "arn:aws:iam::891377163278:instance-profile/instance-profile-for-ec2-SSM,S3",
            "create_date": "2024-05-18T04:29:46Z",
            "id": "instance-profile-for-ec2-SSM,S3",
            "name": "instance-profile-for-ec2-SSM,S3",
            "name_prefix": "",
            "path": "/",
            "role": "role-for-ec2-SSM,S3",
            "tags": null,
            "tags_all": {},
            "unique_id": "AIPA47CRYDQHFJZJ6RSET"
          },
          "sensitive_attributes": [],
          "private": "bnVsbA==",
          "dependencies": [
            "module.iam.aws_iam_role.iam-role"
          ],
          "create_before_destroy": true
        }
      ]
    },
    {
      "module": "module.iam",
      "mode": "managed",
      "type": "aws_iam_role",
      "name": "iam-role",
      "provider": "provider[\"registry.terraform.io/hashicorp/aws\"]",
      "instances": [
        {
          "schema_version": 0,
          "attributes": {
            "arn": "arn:aws:iam::891377163278:role/role-for-ec2-SSM,S3",
            "assume_role_policy": "{\"Statement\":[{\"Action\":\"sts:AssumeRole\",\"Effect\":\"Allow\",\"Principal\":{\"Service\":\"ec2.amazonaws.com\"}}],\"Version\":\"2012-10-17\"}",
            "create_date": "2024-05-18T04:29:45Z",
            "description": "",
            "force_detach_policies": false,
            "id": "role-for-ec2-SSM,S3",
            "inline_policy": [],
            "managed_policy_arns": [],
            "max_session_duration": 3600,
            "name": "role-for-ec2-SSM,S3",
            "name_prefix": "",
            "path": "/",
            "permissions_boundary": "",
            "tags": null,
            "tags_all": {},
            "unique_id": "AROA47CRYDQHFL2ZZ6IJ2"
          },
          "sensitive_attributes": [],
          "private": "bnVsbA==",
          "create_before_destroy": true
        }
      ]
    },
    {
      "module": "module.iam",
      "mode": "managed",
      "type": "aws_iam_role_policy",
      "name": "iam-policy",
      "provider": "provider[\"registry.terraform.io/hashicorp/aws\"]",
      "instances": [
        {
          "schema_version": 0,
          "attributes": {
            "id": "role-for-ec2-SSM,S3:policy-for-ec2-SSM,S3",
            "name": "policy-for-ec2-SSM,S3",
            "name_prefix": "",
            "policy": "{\"Version\":\"2012-10-17\",\"Statement\":[{\"Action\":[\"s3:*\",\"s3-object-lambda:*\",\"ssm:*\",\"ec2messages:*\",\"ssmmessages:*\",\"ec2:StopInstances\"],\"Effect\":\"Allow\",\"Resource\":\"*\"}]}",
            "role": "role-for-ec2-SSM,S3"
          },
          "sensitive_attributes": [],
          "private": "bnVsbA==",
          "dependencies": [
            "module.iam.aws_iam_role.iam-role"
          ],
          "create_before_destroy": true
        }
      ]
    },
    {
      "module": "module.rds",
      "mode": "data",
      "type": "aws_security_group",
      "name": "db-sg",
      "provider": "provider[\"registry.terraform.io/hashicorp/aws\"]",
      "instances": [
        {
          "schema_version": 0,
          "attributes": {
            "arn": "arn:aws:ec2:us-east-2:891377163278:security-group/sg-0e9cd9f3543ec805e",
            "description": "Protocol Type MySQL/Aurora",
            "filter": [
              {
                "name": "group-id",
                "values": [
                  "sg-0e9cd9f3543ec805e"
                ]
              },
              {
                "name": "tag:Name",
                "values": [
                  "kdt-db-sg"
                ]
              }
            ],
            "id": "sg-0e9cd9f3543ec805e",
            "name": "terraform-2024051804344773480000000d",
            "tags": {
              "Name": "kdt-db-sg"
            },
            "timeouts": null,
            "vpc_id": "vpc-0fbdc2b09439d2b4d"
          },
          "sensitive_attributes": []
        }
      ]
    },
    {
      "module": "module.rds",
      "mode": "data",
      "type": "aws_subnet",
      "name": "db-subnet1",
      "provider": "provider[\"registry.terraform.io/hashicorp/aws\"]",
      "instances": [
        {
          "schema_version": 0,
          "attributes": {
            "arn": "arn:aws:ec2:us-east-2:891377163278:subnet/subnet-06c1cbde234f09972",
            "assign_ipv6_address_on_creation": false,
            "availability_zone": "us-east-2a",
            "availability_zone_id": "use2-az1",
            "available_ip_address_count": 251,
            "cidr_block": "10.50.20.0/24",
            "customer_owned_ipv4_pool": "",
            "default_for_az": false,
            "enable_dns64": false,
            "enable_lni_at_device_index": 0,
            "enable_resource_name_dns_a_record_on_launch": false,
            "enable_resource_name_dns_aaaa_record_on_launch": false,
            "filter": [
              {
                "name": "tag:Name",
                "values": [
                  "kdt-DB-Subnet1"
                ]
              }
            ],
            "id": "subnet-06c1cbde234f09972",
            "ipv6_cidr_block": "",
            "ipv6_cidr_block_association_id": "",
            "ipv6_native": false,
            "map_customer_owned_ip_on_launch": false,
            "map_public_ip_on_launch": false,
            "outpost_arn": "",
            "owner_id": "891377163278",
            "private_dns_hostname_type_on_launch": "ip-name",
            "state": "available",
            "tags": {
              "Name": "kdt-DB-Subnet1"
            },
            "timeouts": null,
            "vpc_id": "vpc-0fbdc2b09439d2b4d"
          },
          "sensitive_attributes": []
        }
      ]
    },
    {
      "module": "module.rds",
      "mode": "data",
      "type": "aws_subnet",
      "name": "db-subnet2",
      "provider": "provider[\"registry.terraform.io/hashicorp/aws\"]",
      "instances": [
        {
          "schema_version": 0,
          "attributes": {
            "arn": "arn:aws:ec2:us-east-2:891377163278:subnet/subnet-04483b4a6e2269c3c",
            "assign_ipv6_address_on_creation": false,
            "availability_zone": "us-east-2b",
            "availability_zone_id": "use2-az2",
            "available_ip_address_count": 251,
            "cidr_block": "10.50.21.0/24",
            "customer_owned_ipv4_pool": "",
            "default_for_az": false,
            "enable_dns64": false,
            "enable_lni_at_device_index": 0,
            "enable_resource_name_dns_a_record_on_launch": false,
            "enable_resource_name_dns_aaaa_record_on_launch": false,
            "filter": [
              {
                "name": "tag:Name",
                "values": [
                  "kdt-DB-Subnet2"
                ]
              }
            ],
            "id": "subnet-04483b4a6e2269c3c",
            "ipv6_cidr_block": "",
            "ipv6_cidr_block_association_id": "",
            "ipv6_native": false,
            "map_customer_owned_ip_on_launch": false,
            "map_public_ip_on_launch": false,
            "outpost_arn": "",
            "owner_id": "891377163278",
            "private_dns_hostname_type_on_launch": "ip-name",
            "state": "available",
            "tags": {
              "Name": "kdt-DB-Subnet2"
            },
            "timeouts": null,
            "vpc_id": "vpc-0fbdc2b09439d2b4d"
          },
          "sensitive_attributes": []
        }
      ]
    },
    {
      "module": "module.rds",
      "mode": "managed",
      "type": "aws_db_subnet_group",
      "name": "db_subnet_group",
      "provider": "provider[\"registry.terraform.io/hashicorp/aws\"]",
      "instances": [
        {
          "schema_version": 0,
          "attributes": {
            "arn": "arn:aws:rds:us-east-2:891377163278:subgrp:kdt-rds-sg",
            "description": "Managed by Terraform",
            "id": "kdt-rds-sg",
            "name": "kdt-rds-sg",
            "name_prefix": "",
            "subnet_ids": [
              "subnet-04483b4a6e2269c3c",
              "subnet-06c1cbde234f09972"
            ],
            "supported_network_types": [
              "IPV4"
            ],
            "tags": null,
            "tags_all": {},
            "vpc_id": "vpc-0fbdc2b09439d2b4d"
          },
          "sensitive_attributes": [],
          "private": "bnVsbA==",
          "dependencies": [
            "module.rds.data.aws_subnet.db-subnet1",
            "module.rds.data.aws_subnet.db-subnet2",
            "module.security-group.aws_security_group.app-alb-sg",
            "module.security-group.aws_security_group.app-tier-sg",
            "module.security-group.aws_security_group.database-sg",
            "module.security-group.aws_security_group.web-alb-sg",
            "module.security-group.aws_security_group.web-tier-sg",
            "module.security-group.data.aws_vpc.vpc",
            "module.vpc.aws_eip.eip1",
            "module.vpc.aws_eip.eip2",
            "module.vpc.aws_internet_gateway.igw",
            "module.vpc.aws_nat_gateway.ngw1",
            "module.vpc.aws_nat_gateway.ngw2",
            "module.vpc.aws_route_table.db-rt1",
            "module.vpc.aws_route_table.db-rt2",
            "module.vpc.aws_route_table.private-rt1",
            "module.vpc.aws_route_table.private-rt2",
            "module.vpc.aws_route_table.public-rt",
            "module.vpc.aws_route_table_association.db-rt-association1",
            "module.vpc.aws_route_table_association.db-rt-association2",
            "module.vpc.aws_route_table_association.private-rt-association1",
            "module.vpc.aws_route_table_association.private-rt-association2",
            "module.vpc.aws_route_table_association.public-rt-association1",
            "module.vpc.aws_route_table_association.public-rt-association2",
            "module.vpc.aws_subnet.db-subnet1",
            "module.vpc.aws_subnet.db-subnet2",
            "module.vpc.aws_subnet.private-subnet1",
            "module.vpc.aws_subnet.private-subnet2",
            "module.vpc.aws_subnet.public-subnet1",
            "module.vpc.aws_subnet.public-subnet2",
            "module.vpc.aws_vpc.vpc",
            "module.vpc.aws_vpc_endpoint.s3_gateway",
            "module.vpc.data.aws_availability_zones.azs"
          ]
        }
      ]
    },
    {
      "module": "module.rds",
      "mode": "managed",
      "type": "aws_rds_cluster",
      "name": "aurora-cluster",
      "provider": "provider[\"registry.terraform.io/hashicorp/aws\"]",
      "instances": [
        {
          "schema_version": 1,
          "attributes": {
            "allocated_storage": 1,
            "allow_major_version_upgrade": false,
            "apply_immediately": null,
            "arn": "arn:aws:rds:us-east-2:891377163278:cluster:aurora-cluster",
            "availability_zones": [
              "us-east-2a",
              "us-east-2b",
              "us-east-2c"
            ],
            "backtrack_window": 0,
            "backup_retention_period": 3,
            "cluster_identifier": "aurora-cluster",
            "cluster_identifier_prefix": "",
            "cluster_members": [],
            "cluster_resource_id": "cluster-3JM3DCOXGHFRBIUYSKJAWX4LSY",
            "copy_tags_to_snapshot": false,
            "database_name": "mydb",
            "db_cluster_instance_class": "",
            "db_cluster_parameter_group_name": "default.aurora-mysql8.0",
            "db_instance_parameter_group_name": null,
            "db_subnet_group_name": "kdt-rds-sg",
            "db_system_id": "",
            "delete_automated_backups": true,
            "deletion_protection": false,
            "domain": "",
            "domain_iam_role_name": "",
            "enable_global_write_forwarding": false,
            "enable_http_endpoint": false,
            "enable_local_write_forwarding": false,
            "enabled_cloudwatch_logs_exports": null,
            "endpoint": "aurora-cluster.cluster-cl6yw0ywwfue.us-east-2.rds.amazonaws.com",
            "engine": "aurora-mysql",
            "engine_mode": "provisioned",
            "engine_version": "8.0.mysql_aurora.3.04.2",
            "engine_version_actual": "8.0.mysql_aurora.3.04.2",
            "final_snapshot_identifier": "aurora-cluster-final-20240518-0434",
            "global_cluster_identifier": "",
            "hosted_zone_id": "Z2XHWR1WZ565X2",
            "iam_database_authentication_enabled": false,
            "iam_roles": [],
            "id": "aurora-cluster",
            "iops": 0,
            "kms_key_id": "arn:aws:kms:us-east-2:891377163278:key/747b85f0-88fe-4e5a-846c-1415f8f70a50",
            "manage_master_user_password": null,
            "master_password": "1q2w3e4r",
            "master_user_secret": [],
            "master_user_secret_kms_key_id": null,
            "master_username": "admin",
            "network_type": "IPV4",
            "port": 3306,
            "preferred_backup_window": "19:00-21:00",
            "preferred_maintenance_window": "thu:06:58-thu:07:28",
            "reader_endpoint": "aurora-cluster.cluster-ro-cl6yw0ywwfue.us-east-2.rds.amazonaws.com",
            "replication_source_identifier": "",
            "restore_to_point_in_time": [],
            "s3_import": [],
            "scaling_configuration": [],
            "serverlessv2_scaling_configuration": [
              {
                "max_capacity": 2,
                "min_capacity": 1
              }
            ],
            "skip_final_snapshot": false,
            "snapshot_identifier": null,
            "source_region": null,
            "storage_encrypted": true,
            "storage_type": "",
            "tags": {
              "Name": "kdt-RDS"
            },
            "tags_all": {
              "Name": "kdt-RDS"
            },
            "timeouts": null,
            "vpc_security_group_ids": [
              "sg-0e9cd9f3543ec805e"
            ]
          },
          "sensitive_attributes": [
            [
              {
                "type": "get_attr",
                "value": "master_username"
              }
            ],
            [
              {
                "type": "get_attr",
                "value": "master_password"
              }
            ]
          ],
          "private": "eyJlMmJmYjczMC1lY2FhLTExZTYtOGY4OC0zNDM2M2JjN2M0YzAiOnsiY3JlYXRlIjo3MjAwMDAwMDAwMDAwLCJkZWxldGUiOjcyMDAwMDAwMDAwMDAsInVwZGF0ZSI6NzIwMDAwMDAwMDAwMH0sInNjaGVtYV92ZXJzaW9uIjoiMSJ9",
          "dependencies": [
            "module.rds.aws_db_subnet_group.db_subnet_group",
            "module.rds.aws_ssm_parameter.db_id",
            "module.rds.aws_ssm_parameter.db_pwd",
            "module.rds.data.aws_security_group.db-sg",
            "module.rds.data.aws_subnet.db-subnet1",
            "module.rds.data.aws_subnet.db-subnet2",
            "module.security-group.aws_security_group.app-alb-sg",
            "module.security-group.aws_security_group.app-tier-sg",
            "module.security-group.aws_security_group.database-sg",
            "module.security-group.aws_security_group.web-alb-sg",
            "module.security-group.aws_security_group.web-tier-sg",
            "module.security-group.data.aws_vpc.vpc",
            "module.vpc.aws_eip.eip1",
            "module.vpc.aws_eip.eip2",
            "module.vpc.aws_internet_gateway.igw",
            "module.vpc.aws_nat_gateway.ngw1",
            "module.vpc.aws_nat_gateway.ngw2",
            "module.vpc.aws_route_table.db-rt1",
            "module.vpc.aws_route_table.db-rt2",
            "module.vpc.aws_route_table.private-rt1",
            "module.vpc.aws_route_table.private-rt2",
            "module.vpc.aws_route_table.public-rt",
            "module.vpc.aws_route_table_association.db-rt-association1",
            "module.vpc.aws_route_table_association.db-rt-association2",
            "module.vpc.aws_route_table_association.private-rt-association1",
            "module.vpc.aws_route_table_association.private-rt-association2",
            "module.vpc.aws_route_table_association.public-rt-association1",
            "module.vpc.aws_route_table_association.public-rt-association2",
            "module.vpc.aws_subnet.db-subnet1",
            "module.vpc.aws_subnet.db-subnet2",
            "module.vpc.aws_subnet.private-subnet1",
            "module.vpc.aws_subnet.private-subnet2",
            "module.vpc.aws_subnet.public-subnet1",
            "module.vpc.aws_subnet.public-subnet2",
            "module.vpc.aws_vpc.vpc",
            "module.vpc.aws_vpc_endpoint.s3_gateway",
            "module.vpc.data.aws_availability_zones.azs"
          ]
        }
      ]
    },
    {
      "module": "module.rds",
      "mode": "managed",
      "type": "aws_rds_cluster_instance",
      "name": "primary-instance",
      "provider": "provider[\"registry.terraform.io/hashicorp/aws\"]",
      "instances": [
        {
          "schema_version": 0,
          "attributes": {
            "apply_immediately": null,
            "arn": "arn:aws:rds:us-east-2:891377163278:db:primary-instance",
            "auto_minor_version_upgrade": true,
            "availability_zone": "us-east-2a",
            "ca_cert_identifier": "rds-ca-rsa2048-g1",
            "cluster_identifier": "aurora-cluster",
            "copy_tags_to_snapshot": false,
            "custom_iam_instance_profile": "",
            "db_parameter_group_name": "default.aurora-mysql8.0",
            "db_subnet_group_name": "kdt-rds-sg",
            "dbi_resource_id": "db-HR3K4P7AUHAU3HNOFXNJFDUNNI",
            "endpoint": "primary-instance.cl6yw0ywwfue.us-east-2.rds.amazonaws.com",
            "engine": "aurora-mysql",
            "engine_version": "8.0.mysql_aurora.3.04.2",
            "engine_version_actual": "8.0.mysql_aurora.3.04.2",
            "id": "primary-instance",
            "identifier": "primary-instance",
            "identifier_prefix": "",
            "instance_class": "db.serverless",
            "kms_key_id": "arn:aws:kms:us-east-2:891377163278:key/747b85f0-88fe-4e5a-846c-1415f8f70a50",
            "monitoring_interval": 0,
            "monitoring_role_arn": "",
            "network_type": "IPV4",
            "performance_insights_enabled": false,
            "performance_insights_kms_key_id": "",
            "performance_insights_retention_period": 0,
            "port": 3306,
            "preferred_backup_window": "19:00-21:00",
            "preferred_maintenance_window": "thu:08:59-thu:09:29",
            "promotion_tier": 0,
            "publicly_accessible": false,
            "storage_encrypted": true,
            "tags": null,
            "tags_all": {},
            "timeouts": null,
            "writer": true
          },
          "sensitive_attributes": [],
          "private": "eyJlMmJmYjczMC1lY2FhLTExZTYtOGY4OC0zNDM2M2JjN2M0YzAiOnsiY3JlYXRlIjo1NDAwMDAwMDAwMDAwLCJkZWxldGUiOjU0MDAwMDAwMDAwMDAsInVwZGF0ZSI6NTQwMDAwMDAwMDAwMH19",
          "dependencies": [
            "module.rds.aws_db_subnet_group.db_subnet_group",
            "module.rds.aws_rds_cluster.aurora-cluster",
            "module.rds.aws_ssm_parameter.db_id",
            "module.rds.aws_ssm_parameter.db_pwd",
            "module.rds.data.aws_security_group.db-sg",
            "module.rds.data.aws_subnet.db-subnet1",
            "module.rds.data.aws_subnet.db-subnet2",
            "module.security-group.aws_security_group.app-alb-sg",
            "module.security-group.aws_security_group.app-tier-sg",
            "module.security-group.aws_security_group.database-sg",
            "module.security-group.aws_security_group.web-alb-sg",
            "module.security-group.aws_security_group.web-tier-sg",
            "module.security-group.data.aws_vpc.vpc",
            "module.vpc.aws_eip.eip1",
            "module.vpc.aws_eip.eip2",
            "module.vpc.aws_internet_gateway.igw",
            "module.vpc.aws_nat_gateway.ngw1",
            "module.vpc.aws_nat_gateway.ngw2",
            "module.vpc.aws_route_table.db-rt1",
            "module.vpc.aws_route_table.db-rt2",
            "module.vpc.aws_route_table.private-rt1",
            "module.vpc.aws_route_table.private-rt2",
            "module.vpc.aws_route_table.public-rt",
            "module.vpc.aws_route_table_association.db-rt-association1",
            "module.vpc.aws_route_table_association.db-rt-association2",
            "module.vpc.aws_route_table_association.private-rt-association1",
            "module.vpc.aws_route_table_association.private-rt-association2",
            "module.vpc.aws_route_table_association.public-rt-association1",
            "module.vpc.aws_route_table_association.public-rt-association2",
            "module.vpc.aws_subnet.db-subnet1",
            "module.vpc.aws_subnet.db-subnet2",
            "module.vpc.aws_subnet.private-subnet1",
            "module.vpc.aws_subnet.private-subnet2",
            "module.vpc.aws_subnet.public-subnet1",
            "module.vpc.aws_subnet.public-subnet2",
            "module.vpc.aws_vpc.vpc",
            "module.vpc.aws_vpc_endpoint.s3_gateway",
            "module.vpc.data.aws_availability_zones.azs"
          ]
        }
      ]
    },
    {
      "module": "module.rds",
      "mode": "managed",
      "type": "aws_ssm_parameter",
      "name": "db-cluster-endpoint",
      "provider": "provider[\"registry.terraform.io/hashicorp/aws\"]",
      "instances": [
        {
          "schema_version": 0,
          "attributes": {
            "allowed_pattern": "",
            "arn": "arn:aws:ssm:us-east-2:891377163278:parameter/config/system/db-cluster-endpoint",
            "data_type": "text",
            "description": "db-cluster-endpoint",
            "id": "/config/system/db-cluster-endpoint",
            "insecure_value": null,
            "key_id": "alias/aws/ssm",
            "name": "/config/system/db-cluster-endpoint",
            "overwrite": true,
            "tags": null,
            "tags_all": {},
            "tier": "Standard",
            "type": "SecureString",
            "value": "aurora-cluster.cluster-cl6yw0ywwfue.us-east-2.rds.amazonaws.com",
            "version": 1
          },
          "sensitive_attributes": [
            [
              {
                "type": "get_attr",
                "value": "value"
              }
            ]
          ],
          "private": "bnVsbA==",
          "dependencies": [
            "module.rds.aws_db_subnet_group.db_subnet_group",
            "module.rds.aws_rds_cluster.aurora-cluster",
            "module.rds.aws_ssm_parameter.db_id",
            "module.rds.aws_ssm_parameter.db_pwd",
            "module.rds.data.aws_security_group.db-sg",
            "module.rds.data.aws_subnet.db-subnet1",
            "module.rds.data.aws_subnet.db-subnet2",
            "module.security-group.aws_security_group.app-alb-sg",
            "module.security-group.aws_security_group.app-tier-sg",
            "module.security-group.aws_security_group.database-sg",
            "module.security-group.aws_security_group.web-alb-sg",
            "module.security-group.aws_security_group.web-tier-sg",
            "module.security-group.data.aws_vpc.vpc",
            "module.vpc.aws_eip.eip1",
            "module.vpc.aws_eip.eip2",
            "module.vpc.aws_internet_gateway.igw",
            "module.vpc.aws_nat_gateway.ngw1",
            "module.vpc.aws_nat_gateway.ngw2",
            "module.vpc.aws_route_table.db-rt1",
            "module.vpc.aws_route_table.db-rt2",
            "module.vpc.aws_route_table.private-rt1",
            "module.vpc.aws_route_table.private-rt2",
            "module.vpc.aws_route_table.public-rt",
            "module.vpc.aws_route_table_association.db-rt-association1",
            "module.vpc.aws_route_table_association.db-rt-association2",
            "module.vpc.aws_route_table_association.private-rt-association1",
            "module.vpc.aws_route_table_association.private-rt-association2",
            "module.vpc.aws_route_table_association.public-rt-association1",
            "module.vpc.aws_route_table_association.public-rt-association2",
            "module.vpc.aws_subnet.db-subnet1",
            "module.vpc.aws_subnet.db-subnet2",
            "module.vpc.aws_subnet.private-subnet1",
            "module.vpc.aws_subnet.private-subnet2",
            "module.vpc.aws_subnet.public-subnet1",
            "module.vpc.aws_subnet.public-subnet2",
            "module.vpc.aws_vpc.vpc",
            "module.vpc.aws_vpc_endpoint.s3_gateway",
            "module.vpc.data.aws_availability_zones.azs"
          ]
        }
      ]
    },
    {
      "module": "module.rds",
      "mode": "managed",
      "type": "aws_ssm_parameter",
      "name": "db_id",
      "provider": "provider[\"registry.terraform.io/hashicorp/aws\"]",
      "instances": [
        {
          "schema_version": 0,
          "attributes": {
            "allowed_pattern": "",
            "arn": "arn:aws:ssm:us-east-2:891377163278:parameter/config/account/admin/ID",
            "data_type": "text",
            "description": "input db admin ID",
            "id": "/config/account/admin/ID",
            "insecure_value": null,
            "key_id": "alias/aws/ssm",
            "name": "/config/account/admin/ID",
            "overwrite": true,
            "tags": null,
            "tags_all": {},
            "tier": "Standard",
            "type": "SecureString",
            "value": "admin",
            "version": 1
          },
          "sensitive_attributes": [
            [
              {
                "type": "get_attr",
                "value": "value"
              }
            ]
          ],
          "private": "bnVsbA==",
          "dependencies": [
            "module.security-group.aws_security_group.app-alb-sg",
            "module.security-group.aws_security_group.app-tier-sg",
            "module.security-group.aws_security_group.database-sg",
            "module.security-group.aws_security_group.web-alb-sg",
            "module.security-group.aws_security_group.web-tier-sg",
            "module.security-group.data.aws_vpc.vpc",
            "module.vpc.aws_eip.eip1",
            "module.vpc.aws_eip.eip2",
            "module.vpc.aws_internet_gateway.igw",
            "module.vpc.aws_nat_gateway.ngw1",
            "module.vpc.aws_nat_gateway.ngw2",
            "module.vpc.aws_route_table.db-rt1",
            "module.vpc.aws_route_table.db-rt2",
            "module.vpc.aws_route_table.private-rt1",
            "module.vpc.aws_route_table.private-rt2",
            "module.vpc.aws_route_table.public-rt",
            "module.vpc.aws_route_table_association.db-rt-association1",
            "module.vpc.aws_route_table_association.db-rt-association2",
            "module.vpc.aws_route_table_association.private-rt-association1",
            "module.vpc.aws_route_table_association.private-rt-association2",
            "module.vpc.aws_route_table_association.public-rt-association1",
            "module.vpc.aws_route_table_association.public-rt-association2",
            "module.vpc.aws_subnet.db-subnet1",
            "module.vpc.aws_subnet.db-subnet2",
            "module.vpc.aws_subnet.private-subnet1",
            "module.vpc.aws_subnet.private-subnet2",
            "module.vpc.aws_subnet.public-subnet1",
            "module.vpc.aws_subnet.public-subnet2",
            "module.vpc.aws_vpc.vpc",
            "module.vpc.aws_vpc_endpoint.s3_gateway",
            "module.vpc.data.aws_availability_zones.azs"
          ]
        }
      ]
    },
    {
      "module": "module.rds",
      "mode": "managed",
      "type": "aws_ssm_parameter",
      "name": "db_pwd",
      "provider": "provider[\"registry.terraform.io/hashicorp/aws\"]",
      "instances": [
        {
          "schema_version": 0,
          "attributes": {
            "allowed_pattern": "",
            "arn": "arn:aws:ssm:us-east-2:891377163278:parameter/config/account/admin/PWD",
            "data_type": "text",
            "description": "input db admin PWD",
            "id": "/config/account/admin/PWD",
            "insecure_value": null,
            "key_id": "alias/aws/ssm",
            "name": "/config/account/admin/PWD",
            "overwrite": true,
            "tags": null,
            "tags_all": {},
            "tier": "Standard",
            "type": "SecureString",
            "value": "1q2w3e4r",
            "version": 1
          },
          "sensitive_attributes": [
            [
              {
                "type": "get_attr",
                "value": "value"
              }
            ]
          ],
          "private": "bnVsbA==",
          "dependencies": [
            "module.security-group.aws_security_group.app-alb-sg",
            "module.security-group.aws_security_group.app-tier-sg",
            "module.security-group.aws_security_group.database-sg",
            "module.security-group.aws_security_group.web-alb-sg",
            "module.security-group.aws_security_group.web-tier-sg",
            "module.security-group.data.aws_vpc.vpc",
            "module.vpc.aws_eip.eip1",
            "module.vpc.aws_eip.eip2",
            "module.vpc.aws_internet_gateway.igw",
            "module.vpc.aws_nat_gateway.ngw1",
            "module.vpc.aws_nat_gateway.ngw2",
            "module.vpc.aws_route_table.db-rt1",
            "module.vpc.aws_route_table.db-rt2",
            "module.vpc.aws_route_table.private-rt1",
            "module.vpc.aws_route_table.private-rt2",
            "module.vpc.aws_route_table.public-rt",
            "module.vpc.aws_route_table_association.db-rt-association1",
            "module.vpc.aws_route_table_association.db-rt-association2",
            "module.vpc.aws_route_table_association.private-rt-association1",
            "module.vpc.aws_route_table_association.private-rt-association2",
            "module.vpc.aws_route_table_association.public-rt-association1",
            "module.vpc.aws_route_table_association.public-rt-association2",
            "module.vpc.aws_subnet.db-subnet1",
            "module.vpc.aws_subnet.db-subnet2",
            "module.vpc.aws_subnet.private-subnet1",
            "module.vpc.aws_subnet.private-subnet2",
            "module.vpc.aws_subnet.public-subnet1",
            "module.vpc.aws_subnet.public-subnet2",
            "module.vpc.aws_vpc.vpc",
            "module.vpc.aws_vpc_endpoint.s3_gateway",
            "module.vpc.data.aws_availability_zones.azs"
          ]
        }
      ]
    },
    {
      "module": "module.s3",
      "mode": "managed",
      "type": "aws_s3_bucket",
      "name": "S3-For-SourceCode",
      "provider": "provider[\"registry.terraform.io/hashicorp/aws\"]",
      "instances": [
        {
          "schema_version": 0,
          "attributes": {
            "acceleration_status": "",
            "acl": "private",
            "arn": "arn:aws:s3:::240518rhxoehd971006",
            "bucket": "240518rhxoehd971006",
            "bucket_domain_name": "240518rhxoehd971006.s3.amazonaws.com",
            "bucket_prefix": "",
            "bucket_regional_domain_name": "240518rhxoehd971006.s3.us-east-2.amazonaws.com",
            "cors_rule": [],
            "force_destroy": false,
            "grant": [
              {
                "id": "a1f323ea0ed06ee7825cb04890a7fe5469b3bc887e1998ed2fdbae72ec0102cb",
                "permissions": [
                  "FULL_CONTROL"
                ],
                "type": "CanonicalUser",
                "uri": ""
              }
            ],
            "hosted_zone_id": "Z2O1EMRO9K5GLX",
            "id": "240518rhxoehd971006",
            "lifecycle_rule": [],
            "logging": [],
            "object_lock_configuration": [],
            "object_lock_enabled": false,
            "policy": "",
            "region": "us-east-2",
            "replication_configuration": [],
            "request_payer": "BucketOwner",
            "server_side_encryption_configuration": [
              {
                "rule": [
                  {
                    "apply_server_side_encryption_by_default": [
                      {
                        "kms_master_key_id": "",
                        "sse_algorithm": "AES256"
                      }
                    ],
                    "bucket_key_enabled": false
                  }
                ]
              }
            ],
            "tags": {
              "Environment": "Dev",
              "Name": "My bucket"
            },
            "tags_all": {
              "Environment": "Dev",
              "Name": "My bucket"
            },
            "timeouts": null,
            "versioning": [
              {
                "enabled": false,
                "mfa_delete": false
              }
            ],
            "website": [],
            "website_domain": null,
            "website_endpoint": null
          },
          "sensitive_attributes": [],
          "private": "eyJlMmJmYjczMC1lY2FhLTExZTYtOGY4OC0zNDM2M2JjN2M0YzAiOnsiY3JlYXRlIjoxMjAwMDAwMDAwMDAwLCJkZWxldGUiOjM2MDAwMDAwMDAwMDAsInJlYWQiOjEyMDAwMDAwMDAwMDAsInVwZGF0ZSI6MTIwMDAwMDAwMDAwMH19"
        }
      ]
    },
    {
      "module": "module.security-group",
      "mode": "data",
      "type": "aws_vpc",
      "name": "vpc",
      "provider": "provider[\"registry.terraform.io/hashicorp/aws\"]",
      "instances": [
        {
          "schema_version": 0,
          "attributes": {
            "arn": "arn:aws:ec2:us-east-2:891377163278:vpc/vpc-0fbdc2b09439d2b4d",
            "cidr_block": "10.50.0.0/16",
            "cidr_block_associations": [
              {
                "association_id": "vpc-cidr-assoc-04d3d0ebb96bbfa15",
                "cidr_block": "10.50.0.0/16",
                "state": "associated"
              }
            ],
            "default": false,
            "dhcp_options_id": "dopt-0cab42d5410535950",
            "enable_dns_hostnames": true,
            "enable_dns_support": true,
            "enable_network_address_usage_metrics": false,
            "filter": [
              {
                "name": "tag:Name",
                "values": [
                  "kdt-VPC"
                ]
              }
            ],
            "id": "vpc-0fbdc2b09439d2b4d",
            "instance_tenancy": "default",
            "ipv6_association_id": "",
            "ipv6_cidr_block": "",
            "main_route_table_id": "rtb-008631cf21a4cc540",
            "owner_id": "891377163278",
            "state": null,
            "tags": {
              "Name": "kdt-VPC"
            },
            "timeouts": null
          },
          "sensitive_attributes": []
        }
      ]
    },
    {
      "module": "module.security-group",
      "mode": "managed",
      "type": "aws_security_group",
      "name": "app-alb-sg",
      "provider": "provider[\"registry.terraform.io/hashicorp/aws\"]",
      "instances": [
        {
          "schema_version": 1,
          "attributes": {
            "arn": "arn:aws:ec2:us-east-2:891377163278:security-group/sg-0cf9775d4ef8974db",
            "description": "Allow HTTP and HTTPS for World",
            "egress": [
              {
                "cidr_blocks": [
                  "0.0.0.0/0"
                ],
                "description": "",
                "from_port": 0,
                "ipv6_cidr_blocks": [],
                "prefix_list_ids": [],
                "protocol": "-1",
                "security_groups": [],
                "self": false,
                "to_port": 0
              }
            ],
            "id": "sg-0cf9775d4ef8974db",
            "ingress": [
              {
                "cidr_blocks": [],
                "description": "",
                "from_port": 443,
                "ipv6_cidr_blocks": [],
                "prefix_list_ids": [],
                "protocol": "tcp",
                "security_groups": [
                  "sg-0c13955b19c012b09"
                ],
                "self": false,
                "to_port": 443
              },
              {
                "cidr_blocks": [],
                "description": "",
                "from_port": 8080,
                "ipv6_cidr_blocks": [],
                "prefix_list_ids": [],
                "protocol": "tcp",
                "security_groups": [
                  "sg-0c13955b19c012b09"
                ],
                "self": false,
                "to_port": 8080
              }
            ],
            "name": "terraform-2024051804344027410000000b",
            "name_prefix": "terraform-",
            "owner_id": "891377163278",
            "revoke_rules_on_delete": false,
            "tags": {
              "Name": "kdt-app-alb-sg"
            },
            "tags_all": {
              "Name": "kdt-app-alb-sg"
            },
            "timeouts": null,
            "vpc_id": "vpc-0fbdc2b09439d2b4d"
          },
          "sensitive_attributes": [],
          "private": "eyJlMmJmYjczMC1lY2FhLTExZTYtOGY4OC0zNDM2M2JjN2M0YzAiOnsiY3JlYXRlIjo2MDAwMDAwMDAwMDAsImRlbGV0ZSI6OTAwMDAwMDAwMDAwfSwic2NoZW1hX3ZlcnNpb24iOiIxIn0=",
          "dependencies": [
            "module.security-group.aws_security_group.web-alb-sg",
            "module.security-group.aws_security_group.web-tier-sg",
            "module.security-group.data.aws_vpc.vpc",
            "module.vpc.aws_eip.eip1",
            "module.vpc.aws_eip.eip2",
            "module.vpc.aws_internet_gateway.igw",
            "module.vpc.aws_nat_gateway.ngw1",
            "module.vpc.aws_nat_gateway.ngw2",
            "module.vpc.aws_route_table.db-rt1",
            "module.vpc.aws_route_table.db-rt2",
            "module.vpc.aws_route_table.private-rt1",
            "module.vpc.aws_route_table.private-rt2",
            "module.vpc.aws_route_table.public-rt",
            "module.vpc.aws_route_table_association.db-rt-association1",
            "module.vpc.aws_route_table_association.db-rt-association2",
            "module.vpc.aws_route_table_association.private-rt-association1",
            "module.vpc.aws_route_table_association.private-rt-association2",
            "module.vpc.aws_route_table_association.public-rt-association1",
            "module.vpc.aws_route_table_association.public-rt-association2",
            "module.vpc.aws_subnet.db-subnet1",
            "module.vpc.aws_subnet.db-subnet2",
            "module.vpc.aws_subnet.private-subnet1",
            "module.vpc.aws_subnet.private-subnet2",
            "module.vpc.aws_subnet.public-subnet1",
            "module.vpc.aws_subnet.public-subnet2",
            "module.vpc.aws_vpc.vpc",
            "module.vpc.aws_vpc_endpoint.s3_gateway",
            "module.vpc.data.aws_availability_zones.azs"
          ],
          "create_before_destroy": true
        }
      ]
    },
    {
      "module": "module.security-group",
      "mode": "managed",
      "type": "aws_security_group",
      "name": "app-tier-sg",
      "provider": "provider[\"registry.terraform.io/hashicorp/aws\"]",
      "instances": [
        {
          "schema_version": 1,
          "attributes": {
            "arn": "arn:aws:ec2:us-east-2:891377163278:security-group/sg-072f427c532d4107a",
            "description": "Allow HTTP and HTTPS from APP ALB Only",
            "egress": [
              {
                "cidr_blocks": [
                  "0.0.0.0/0"
                ],
                "description": "",
                "from_port": 0,
                "ipv6_cidr_blocks": [
                  "::/0"
                ],
                "prefix_list_ids": [],
                "protocol": "-1",
                "security_groups": [],
                "self": false,
                "to_port": 0
              }
            ],
            "id": "sg-072f427c532d4107a",
            "ingress": [
              {
                "cidr_blocks": [],
                "description": "",
                "from_port": 443,
                "ipv6_cidr_blocks": [],
                "prefix_list_ids": [],
                "protocol": "tcp",
                "security_groups": [
                  "sg-0cf9775d4ef8974db"
                ],
                "self": false,
                "to_port": 443
              },
              {
                "cidr_blocks": [],
                "description": "",
                "from_port": 8080,
                "ipv6_cidr_blocks": [],
                "prefix_list_ids": [],
                "protocol": "tcp",
                "security_groups": [
                  "sg-0cf9775d4ef8974db"
                ],
                "self": false,
                "to_port": 8080
              }
            ],
            "name": "terraform-2024051804344402060000000c",
            "name_prefix": "terraform-",
            "owner_id": "891377163278",
            "revoke_rules_on_delete": false,
            "tags": {
              "Name": "kdt-app-sg"
            },
            "tags_all": {
              "Name": "kdt-app-sg"
            },
            "timeouts": null,
            "vpc_id": "vpc-0fbdc2b09439d2b4d"
          },
          "sensitive_attributes": [],
          "private": "eyJlMmJmYjczMC1lY2FhLTExZTYtOGY4OC0zNDM2M2JjN2M0YzAiOnsiY3JlYXRlIjo2MDAwMDAwMDAwMDAsImRlbGV0ZSI6OTAwMDAwMDAwMDAwfSwic2NoZW1hX3ZlcnNpb24iOiIxIn0=",
          "dependencies": [
            "module.security-group.aws_security_group.app-alb-sg",
            "module.security-group.aws_security_group.web-alb-sg",
            "module.security-group.aws_security_group.web-tier-sg",
            "module.security-group.data.aws_vpc.vpc",
            "module.vpc.aws_eip.eip1",
            "module.vpc.aws_eip.eip2",
            "module.vpc.aws_internet_gateway.igw",
            "module.vpc.aws_nat_gateway.ngw1",
            "module.vpc.aws_nat_gateway.ngw2",
            "module.vpc.aws_route_table.db-rt1",
            "module.vpc.aws_route_table.db-rt2",
            "module.vpc.aws_route_table.private-rt1",
            "module.vpc.aws_route_table.private-rt2",
            "module.vpc.aws_route_table.public-rt",
            "module.vpc.aws_route_table_association.db-rt-association1",
            "module.vpc.aws_route_table_association.db-rt-association2",
            "module.vpc.aws_route_table_association.private-rt-association1",
            "module.vpc.aws_route_table_association.private-rt-association2",
            "module.vpc.aws_route_table_association.public-rt-association1",
            "module.vpc.aws_route_table_association.public-rt-association2",
            "module.vpc.aws_subnet.db-subnet1",
            "module.vpc.aws_subnet.db-subnet2",
            "module.vpc.aws_subnet.private-subnet1",
            "module.vpc.aws_subnet.private-subnet2",
            "module.vpc.aws_subnet.public-subnet1",
            "module.vpc.aws_subnet.public-subnet2",
            "module.vpc.aws_vpc.vpc",
            "module.vpc.aws_vpc_endpoint.s3_gateway",
            "module.vpc.data.aws_availability_zones.azs"
          ],
          "create_before_destroy": true
        }
      ]
    },
    {
      "module": "module.security-group",
      "mode": "managed",
      "type": "aws_security_group",
      "name": "database-sg",
      "provider": "provider[\"registry.terraform.io/hashicorp/aws\"]",
      "instances": [
        {
          "schema_version": 1,
          "attributes": {
            "arn": "arn:aws:ec2:us-east-2:891377163278:security-group/sg-0e9cd9f3543ec805e",
            "description": "Protocol Type MySQL/Aurora",
            "egress": [
              {
                "cidr_blocks": [
                  "0.0.0.0/0"
                ],
                "description": "",
                "from_port": 0,
                "ipv6_cidr_blocks": [],
                "prefix_list_ids": [],
                "protocol": "-1",
                "security_groups": [],
                "self": false,
                "to_port": 0
              }
            ],
            "id": "sg-0e9cd9f3543ec805e",
            "ingress": [
              {
                "cidr_blocks": [],
                "description": "",
                "from_port": 3306,
                "ipv6_cidr_blocks": [],
                "prefix_list_ids": [],
                "protocol": "tcp",
                "security_groups": [
                  "sg-072f427c532d4107a"
                ],
                "self": false,
                "to_port": 3306
              }
            ],
            "name": "terraform-2024051804344773480000000d",
            "name_prefix": "terraform-",
            "owner_id": "891377163278",
            "revoke_rules_on_delete": false,
            "tags": {
              "Name": "kdt-db-sg"
            },
            "tags_all": {
              "Name": "kdt-db-sg"
            },
            "timeouts": null,
            "vpc_id": "vpc-0fbdc2b09439d2b4d"
          },
          "sensitive_attributes": [],
          "private": "eyJlMmJmYjczMC1lY2FhLTExZTYtOGY4OC0zNDM2M2JjN2M0YzAiOnsiY3JlYXRlIjo2MDAwMDAwMDAwMDAsImRlbGV0ZSI6OTAwMDAwMDAwMDAwfSwic2NoZW1hX3ZlcnNpb24iOiIxIn0=",
          "dependencies": [
            "module.security-group.aws_security_group.app-alb-sg",
            "module.security-group.aws_security_group.app-tier-sg",
            "module.security-group.aws_security_group.web-alb-sg",
            "module.security-group.aws_security_group.web-tier-sg",
            "module.security-group.data.aws_vpc.vpc",
            "module.vpc.aws_eip.eip1",
            "module.vpc.aws_eip.eip2",
            "module.vpc.aws_internet_gateway.igw",
            "module.vpc.aws_nat_gateway.ngw1",
            "module.vpc.aws_nat_gateway.ngw2",
            "module.vpc.aws_route_table.db-rt1",
            "module.vpc.aws_route_table.db-rt2",
            "module.vpc.aws_route_table.private-rt1",
            "module.vpc.aws_route_table.private-rt2",
            "module.vpc.aws_route_table.public-rt",
            "module.vpc.aws_route_table_association.db-rt-association1",
            "module.vpc.aws_route_table_association.db-rt-association2",
            "module.vpc.aws_route_table_association.private-rt-association1",
            "module.vpc.aws_route_table_association.private-rt-association2",
            "module.vpc.aws_route_table_association.public-rt-association1",
            "module.vpc.aws_route_table_association.public-rt-association2",
            "module.vpc.aws_subnet.db-subnet1",
            "module.vpc.aws_subnet.db-subnet2",
            "module.vpc.aws_subnet.private-subnet1",
            "module.vpc.aws_subnet.private-subnet2",
            "module.vpc.aws_subnet.public-subnet1",
            "module.vpc.aws_subnet.public-subnet2",
            "module.vpc.aws_vpc.vpc",
            "module.vpc.aws_vpc_endpoint.s3_gateway",
            "module.vpc.data.aws_availability_zones.azs"
          ],
          "create_before_destroy": true
        }
      ]
    },
    {
      "module": "module.security-group",
      "mode": "managed",
      "type": "aws_security_group",
      "name": "web-alb-sg",
      "provider": "provider[\"registry.terraform.io/hashicorp/aws\"]",
      "instances": [
        {
          "schema_version": 1,
          "attributes": {
            "arn": "arn:aws:ec2:us-east-2:891377163278:security-group/sg-0b18bddf4437764ca",
            "description": "Allow HTTP and HTTPS for World",
            "egress": [
              {
                "cidr_blocks": [
                  "0.0.0.0/0"
                ],
                "description": "",
                "from_port": 0,
                "ipv6_cidr_blocks": [],
                "prefix_list_ids": [],
                "protocol": "-1",
                "security_groups": [],
                "self": false,
                "to_port": 0
              }
            ],
            "id": "sg-0b18bddf4437764ca",
            "ingress": [
              {
                "cidr_blocks": [
                  "0.0.0.0/0"
                ],
                "description": "",
                "from_port": 443,
                "ipv6_cidr_blocks": [],
                "prefix_list_ids": [],
                "protocol": "tcp",
                "security_groups": [],
                "self": false,
                "to_port": 443
              },
              {
                "cidr_blocks": [
                  "0.0.0.0/0"
                ],
                "description": "",
                "from_port": 80,
                "ipv6_cidr_blocks": [],
                "prefix_list_ids": [],
                "protocol": "tcp",
                "security_groups": [],
                "self": false,
                "to_port": 80
              }
            ],
            "name": "terraform-20240518043433626700000009",
            "name_prefix": "terraform-",
            "owner_id": "891377163278",
            "revoke_rules_on_delete": false,
            "tags": {
              "Name": "kdt-web-alb-sg"
            },
            "tags_all": {
              "Name": "kdt-web-alb-sg"
            },
            "timeouts": null,
            "vpc_id": "vpc-0fbdc2b09439d2b4d"
          },
          "sensitive_attributes": [],
          "private": "eyJlMmJmYjczMC1lY2FhLTExZTYtOGY4OC0zNDM2M2JjN2M0YzAiOnsiY3JlYXRlIjo2MDAwMDAwMDAwMDAsImRlbGV0ZSI6OTAwMDAwMDAwMDAwfSwic2NoZW1hX3ZlcnNpb24iOiIxIn0=",
          "dependencies": [
            "module.security-group.data.aws_vpc.vpc",
            "module.vpc.aws_eip.eip1",
            "module.vpc.aws_eip.eip2",
            "module.vpc.aws_internet_gateway.igw",
            "module.vpc.aws_nat_gateway.ngw1",
            "module.vpc.aws_nat_gateway.ngw2",
            "module.vpc.aws_route_table.db-rt1",
            "module.vpc.aws_route_table.db-rt2",
            "module.vpc.aws_route_table.private-rt1",
            "module.vpc.aws_route_table.private-rt2",
            "module.vpc.aws_route_table.public-rt",
            "module.vpc.aws_route_table_association.db-rt-association1",
            "module.vpc.aws_route_table_association.db-rt-association2",
            "module.vpc.aws_route_table_association.private-rt-association1",
            "module.vpc.aws_route_table_association.private-rt-association2",
            "module.vpc.aws_route_table_association.public-rt-association1",
            "module.vpc.aws_route_table_association.public-rt-association2",
            "module.vpc.aws_subnet.db-subnet1",
            "module.vpc.aws_subnet.db-subnet2",
            "module.vpc.aws_subnet.private-subnet1",
            "module.vpc.aws_subnet.private-subnet2",
            "module.vpc.aws_subnet.public-subnet1",
            "module.vpc.aws_subnet.public-subnet2",
            "module.vpc.aws_vpc.vpc",
            "module.vpc.aws_vpc_endpoint.s3_gateway",
            "module.vpc.data.aws_availability_zones.azs"
          ],
          "create_before_destroy": true
        }
      ]
    },
    {
      "module": "module.security-group",
      "mode": "managed",
      "type": "aws_security_group",
      "name": "web-tier-sg",
      "provider": "provider[\"registry.terraform.io/hashicorp/aws\"]",
      "instances": [
        {
          "schema_version": 1,
          "attributes": {
            "arn": "arn:aws:ec2:us-east-2:891377163278:security-group/sg-0c13955b19c012b09",
            "description": "Allow HTTP and HTTPS for WEP ALB Only",
            "egress": [
              {
                "cidr_blocks": [
                  "0.0.0.0/0"
                ],
                "description": "",
                "from_port": 0,
                "ipv6_cidr_blocks": [],
                "prefix_list_ids": [],
                "protocol": "-1",
                "security_groups": [],
                "self": false,
                "to_port": 0
              }
            ],
            "id": "sg-0c13955b19c012b09",
            "ingress": [
              {
                "cidr_blocks": [],
                "description": "",
                "from_port": 443,
                "ipv6_cidr_blocks": [],
                "prefix_list_ids": [],
                "protocol": "tcp",
                "security_groups": [
                  "sg-0b18bddf4437764ca"
                ],
                "self": false,
                "to_port": 443
              },
              {
                "cidr_blocks": [],
                "description": "",
                "from_port": 80,
                "ipv6_cidr_blocks": [],
                "prefix_list_ids": [],
                "protocol": "tcp",
                "security_groups": [
                  "sg-0b18bddf4437764ca"
                ],
                "self": false,
                "to_port": 80
              }
            ],
            "name": "terraform-2024051804343711630000000a",
            "name_prefix": "terraform-",
            "owner_id": "891377163278",
            "revoke_rules_on_delete": false,
            "tags": {
              "Name": "kdt-web-sg"
            },
            "tags_all": {
              "Name": "kdt-web-sg"
            },
            "timeouts": null,
            "vpc_id": "vpc-0fbdc2b09439d2b4d"
          },
          "sensitive_attributes": [],
          "private": "eyJlMmJmYjczMC1lY2FhLTExZTYtOGY4OC0zNDM2M2JjN2M0YzAiOnsiY3JlYXRlIjo2MDAwMDAwMDAwMDAsImRlbGV0ZSI6OTAwMDAwMDAwMDAwfSwic2NoZW1hX3ZlcnNpb24iOiIxIn0=",
          "dependencies": [
            "module.security-group.aws_security_group.web-alb-sg",
            "module.security-group.data.aws_vpc.vpc",
            "module.vpc.aws_eip.eip1",
            "module.vpc.aws_eip.eip2",
            "module.vpc.aws_internet_gateway.igw",
            "module.vpc.aws_nat_gateway.ngw1",
            "module.vpc.aws_nat_gateway.ngw2",
            "module.vpc.aws_route_table.db-rt1",
            "module.vpc.aws_route_table.db-rt2",
            "module.vpc.aws_route_table.private-rt1",
            "module.vpc.aws_route_table.private-rt2",
            "module.vpc.aws_route_table.public-rt",
            "module.vpc.aws_route_table_association.db-rt-association1",
            "module.vpc.aws_route_table_association.db-rt-association2",
            "module.vpc.aws_route_table_association.private-rt-association1",
            "module.vpc.aws_route_table_association.private-rt-association2",
            "module.vpc.aws_route_table_association.public-rt-association1",
            "module.vpc.aws_route_table_association.public-rt-association2",
            "module.vpc.aws_subnet.db-subnet1",
            "module.vpc.aws_subnet.db-subnet2",
            "module.vpc.aws_subnet.private-subnet1",
            "module.vpc.aws_subnet.private-subnet2",
            "module.vpc.aws_subnet.public-subnet1",
            "module.vpc.aws_subnet.public-subnet2",
            "module.vpc.aws_vpc.vpc",
            "module.vpc.aws_vpc_endpoint.s3_gateway",
            "module.vpc.data.aws_availability_zones.azs"
          ],
          "create_before_destroy": true
        }
      ]
    },
    {
      "module": "module.vpc",
      "mode": "data",
      "type": "aws_availability_zones",
      "name": "azs",
      "provider": "provider[\"registry.terraform.io/hashicorp/aws\"]",
      "instances": [
        {
          "schema_version": 0,
          "attributes": {
            "all_availability_zones": null,
            "exclude_names": null,
            "exclude_zone_ids": null,
            "filter": [
              {
                "name": "opt-in-status",
                "values": [
                  "opt-in-not-required"
                ]
              }
            ],
            "group_names": [
              "us-east-2"
            ],
            "id": "us-east-2",
            "names": [
              "us-east-2a",
              "us-east-2b",
              "us-east-2c"
            ],
            "state": null,
            "timeouts": null,
            "zone_ids": [
              "use2-az1",
              "use2-az2",
              "use2-az3"
            ]
          },
          "sensitive_attributes": []
        }
      ]
    },
    {
      "module": "module.vpc",
      "mode": "managed",
      "type": "aws_eip",
      "name": "eip1",
      "provider": "provider[\"registry.terraform.io/hashicorp/aws\"]",
      "instances": [
        {
          "schema_version": 0,
          "attributes": {
            "address": null,
            "allocation_id": "eipalloc-08031e656166ef46e",
            "associate_with_private_ip": null,
            "association_id": "",
            "carrier_ip": "",
            "customer_owned_ip": "",
            "customer_owned_ipv4_pool": "",
            "domain": "vpc",
            "id": "eipalloc-08031e656166ef46e",
            "instance": "",
            "network_border_group": "us-east-2",
            "network_interface": "",
            "private_dns": null,
            "private_ip": "",
            "ptr_record": "",
            "public_dns": "ec2-18-190-133-32.us-east-2.compute.amazonaws.com",
            "public_ip": "18.190.133.32",
            "public_ipv4_pool": "amazon",
            "tags": {
              "Name": "kdt-Elastic-IP1"
            },
            "tags_all": {
              "Name": "kdt-Elastic-IP1"
            },
            "timeouts": null,
            "vpc": true
          },
          "sensitive_attributes": [],
          "private": "eyJlMmJmYjczMC1lY2FhLTExZTYtOGY4OC0zNDM2M2JjN2M0YzAiOnsiZGVsZXRlIjoxODAwMDAwMDAwMDAsInJlYWQiOjkwMDAwMDAwMDAwMCwidXBkYXRlIjozMDAwMDAwMDAwMDB9fQ==",
          "dependencies": [
            "module.vpc.aws_internet_gateway.igw",
            "module.vpc.aws_subnet.db-subnet1",
            "module.vpc.aws_subnet.db-subnet2",
            "module.vpc.aws_subnet.private-subnet1",
            "module.vpc.aws_subnet.private-subnet2",
            "module.vpc.aws_subnet.public-subnet1",
            "module.vpc.aws_subnet.public-subnet2",
            "module.vpc.aws_vpc.vpc",
            "module.vpc.data.aws_availability_zones.azs"
          ],
          "create_before_destroy": true
        }
      ]
    },
    {
      "module": "module.vpc",
      "mode": "managed",
      "type": "aws_eip",
      "name": "eip2",
      "provider": "provider[\"registry.terraform.io/hashicorp/aws\"]",
      "instances": [
        {
          "schema_version": 0,
          "attributes": {
            "address": null,
            "allocation_id": "eipalloc-0c31b0e5a41ba4c45",
            "associate_with_private_ip": null,
            "association_id": "",
            "carrier_ip": "",
            "customer_owned_ip": "",
            "customer_owned_ipv4_pool": "",
            "domain": "vpc",
            "id": "eipalloc-0c31b0e5a41ba4c45",
            "instance": "",
            "network_border_group": "us-east-2",
            "network_interface": "",
            "private_dns": null,
            "private_ip": "",
            "ptr_record": "",
            "public_dns": "ec2-3-19-110-129.us-east-2.compute.amazonaws.com",
            "public_ip": "3.19.110.129",
            "public_ipv4_pool": "amazon",
            "tags": {
              "Name": "kdt-Elastic-IP2"
            },
            "tags_all": {
              "Name": "kdt-Elastic-IP2"
            },
            "timeouts": null,
            "vpc": true
          },
          "sensitive_attributes": [],
          "private": "eyJlMmJmYjczMC1lY2FhLTExZTYtOGY4OC0zNDM2M2JjN2M0YzAiOnsiZGVsZXRlIjoxODAwMDAwMDAwMDAsInJlYWQiOjkwMDAwMDAwMDAwMCwidXBkYXRlIjozMDAwMDAwMDAwMDB9fQ==",
          "dependencies": [
            "module.vpc.aws_eip.eip1",
            "module.vpc.aws_internet_gateway.igw",
            "module.vpc.aws_subnet.db-subnet1",
            "module.vpc.aws_subnet.db-subnet2",
            "module.vpc.aws_subnet.private-subnet1",
            "module.vpc.aws_subnet.private-subnet2",
            "module.vpc.aws_subnet.public-subnet1",
            "module.vpc.aws_subnet.public-subnet2",
            "module.vpc.aws_vpc.vpc",
            "module.vpc.data.aws_availability_zones.azs"
          ],
          "create_before_destroy": true
        }
      ]
    },
    {
      "module": "module.vpc",
      "mode": "managed",
      "type": "aws_internet_gateway",
      "name": "igw",
      "provider": "provider[\"registry.terraform.io/hashicorp/aws\"]",
      "instances": [
        {
          "schema_version": 0,
          "attributes": {
            "arn": "arn:aws:ec2:us-east-2:891377163278:internet-gateway/igw-0ce884e9b4e2675ad",
            "id": "igw-0ce884e9b4e2675ad",
            "owner_id": "891377163278",
            "tags": {
              "Name": "kdt-Interet-Gateway"
            },
            "tags_all": {
              "Name": "kdt-Interet-Gateway"
            },
            "timeouts": null,
            "vpc_id": "vpc-0fbdc2b09439d2b4d"
          },
          "sensitive_attributes": [],
          "private": "eyJlMmJmYjczMC1lY2FhLTExZTYtOGY4OC0zNDM2M2JjN2M0YzAiOnsiY3JlYXRlIjoxMjAwMDAwMDAwMDAwLCJkZWxldGUiOjEyMDAwMDAwMDAwMDAsInVwZGF0ZSI6MTIwMDAwMDAwMDAwMH19",
          "dependencies": [
            "module.vpc.aws_vpc.vpc"
          ],
          "create_before_destroy": true
        }
      ]
    },
    {
      "module": "module.vpc",
      "mode": "managed",
      "type": "aws_nat_gateway",
      "name": "ngw1",
      "provider": "provider[\"registry.terraform.io/hashicorp/aws\"]",
      "instances": [
        {
          "schema_version": 0,
          "attributes": {
            "allocation_id": "eipalloc-08031e656166ef46e",
            "association_id": "eipassoc-01a000e720fa70c02",
            "connectivity_type": "public",
            "id": "nat-085ef7866e105ddd1",
            "network_interface_id": "eni-0d1b28726b3303606",
            "private_ip": "10.50.0.251",
            "public_ip": "18.190.133.32",
            "secondary_allocation_ids": null,
            "secondary_private_ip_address_count": 0,
            "secondary_private_ip_addresses": [],
            "subnet_id": "subnet-0dfd60a25907277a6",
            "tags": {
              "Name": "kdt-NAT1"
            },
            "tags_all": {
              "Name": "kdt-NAT1"
            },
            "timeouts": null
          },
          "sensitive_attributes": [],
          "private": "eyJlMmJmYjczMC1lY2FhLTExZTYtOGY4OC0zNDM2M2JjN2M0YzAiOnsiY3JlYXRlIjo2MDAwMDAwMDAwMDAsImRlbGV0ZSI6MTgwMDAwMDAwMDAwMCwidXBkYXRlIjo2MDAwMDAwMDAwMDB9fQ==",
          "dependencies": [
            "module.vpc.aws_eip.eip1",
            "module.vpc.aws_eip.eip2",
            "module.vpc.aws_internet_gateway.igw",
            "module.vpc.aws_subnet.db-subnet1",
            "module.vpc.aws_subnet.db-subnet2",
            "module.vpc.aws_subnet.private-subnet1",
            "module.vpc.aws_subnet.private-subnet2",
            "module.vpc.aws_subnet.public-subnet1",
            "module.vpc.aws_subnet.public-subnet2",
            "module.vpc.aws_vpc.vpc",
            "module.vpc.data.aws_availability_zones.azs"
          ],
          "create_before_destroy": true
        }
      ]
    },
    {
      "module": "module.vpc",
      "mode": "managed",
      "type": "aws_nat_gateway",
      "name": "ngw2",
      "provider": "provider[\"registry.terraform.io/hashicorp/aws\"]",
      "instances": [
        {
          "schema_version": 0,
          "attributes": {
            "allocation_id": "eipalloc-0c31b0e5a41ba4c45",
            "association_id": "eipassoc-0466bc96e8566fba2",
            "connectivity_type": "public",
            "id": "nat-0539b1a4316011458",
            "network_interface_id": "eni-08fadb857a0db242c",
            "private_ip": "10.50.1.240",
            "public_ip": "3.19.110.129",
            "secondary_allocation_ids": null,
            "secondary_private_ip_address_count": 0,
            "secondary_private_ip_addresses": [],
            "subnet_id": "subnet-0dfd1c3b8e5a8a48f",
            "tags": {
              "Name": "kdt-NAT2"
            },
            "tags_all": {
              "Name": "kdt-NAT2"
            },
            "timeouts": null
          },
          "sensitive_attributes": [],
          "private": "eyJlMmJmYjczMC1lY2FhLTExZTYtOGY4OC0zNDM2M2JjN2M0YzAiOnsiY3JlYXRlIjo2MDAwMDAwMDAwMDAsImRlbGV0ZSI6MTgwMDAwMDAwMDAwMCwidXBkYXRlIjo2MDAwMDAwMDAwMDB9fQ==",
          "dependencies": [
            "module.vpc.aws_eip.eip1",
            "module.vpc.aws_eip.eip2",
            "module.vpc.aws_internet_gateway.igw",
            "module.vpc.aws_nat_gateway.ngw1",
            "module.vpc.aws_subnet.db-subnet1",
            "module.vpc.aws_subnet.db-subnet2",
            "module.vpc.aws_subnet.private-subnet1",
            "module.vpc.aws_subnet.private-subnet2",
            "module.vpc.aws_subnet.public-subnet1",
            "module.vpc.aws_subnet.public-subnet2",
            "module.vpc.aws_vpc.vpc",
            "module.vpc.data.aws_availability_zones.azs"
          ],
          "create_before_destroy": true
        }
      ]
    },
    {
      "module": "module.vpc",
      "mode": "managed",
      "type": "aws_route_table",
      "name": "db-rt1",
      "provider": "provider[\"registry.terraform.io/hashicorp/aws\"]",
      "instances": [
        {
          "schema_version": 0,
          "attributes": {
            "arn": "arn:aws:ec2:us-east-2:891377163278:route-table/rtb-0a8049eaa2dce3993",
            "id": "rtb-0a8049eaa2dce3993",
            "owner_id": "891377163278",
            "propagating_vgws": [],
            "route": [
              {
                "carrier_gateway_id": "",
                "cidr_block": "0.0.0.0/0",
                "core_network_arn": "",
                "destination_prefix_list_id": "",
                "egress_only_gateway_id": "",
                "gateway_id": "nat-0539b1a4316011458",
                "ipv6_cidr_block": "",
                "local_gateway_id": "",
                "nat_gateway_id": "",
                "network_interface_id": "",
                "transit_gateway_id": "",
                "vpc_endpoint_id": "",
                "vpc_peering_connection_id": ""
              }
            ],
            "tags": {
              "Name": "kdt-DB-Route-table1"
            },
            "tags_all": {
              "Name": "kdt-DB-Route-table1"
            },
            "timeouts": null,
            "vpc_id": "vpc-0fbdc2b09439d2b4d"
          },
          "sensitive_attributes": [],
          "private": "eyJlMmJmYjczMC1lY2FhLTExZTYtOGY4OC0zNDM2M2JjN2M0YzAiOnsiY3JlYXRlIjozMDAwMDAwMDAwMDAsImRlbGV0ZSI6MzAwMDAwMDAwMDAwLCJ1cGRhdGUiOjEyMDAwMDAwMDAwMH19",
          "dependencies": [
            "module.vpc.aws_eip.eip1",
            "module.vpc.aws_eip.eip2",
            "module.vpc.aws_internet_gateway.igw",
            "module.vpc.aws_nat_gateway.ngw1",
            "module.vpc.aws_nat_gateway.ngw2",
            "module.vpc.aws_route_table.private-rt1",
            "module.vpc.aws_route_table.private-rt2",
            "module.vpc.aws_route_table.public-rt",
            "module.vpc.aws_route_table_association.private-rt-association1",
            "module.vpc.aws_route_table_association.private-rt-association2",
            "module.vpc.aws_route_table_association.public-rt-association2",
            "module.vpc.aws_subnet.db-subnet1",
            "module.vpc.aws_subnet.db-subnet2",
            "module.vpc.aws_subnet.private-subnet1",
            "module.vpc.aws_subnet.private-subnet2",
            "module.vpc.aws_subnet.public-subnet1",
            "module.vpc.aws_subnet.public-subnet2",
            "module.vpc.aws_vpc.vpc",
            "module.vpc.data.aws_availability_zones.azs"
          ],
          "create_before_destroy": true
        }
      ]
    },
    {
      "module": "module.vpc",
      "mode": "managed",
      "type": "aws_route_table",
      "name": "db-rt2",
      "provider": "provider[\"registry.terraform.io/hashicorp/aws\"]",
      "instances": [
        {
          "schema_version": 0,
          "attributes": {
            "arn": "arn:aws:ec2:us-east-2:891377163278:route-table/rtb-00cd92d69fea4a4ec",
            "id": "rtb-00cd92d69fea4a4ec",
            "owner_id": "891377163278",
            "propagating_vgws": [],
            "route": [
              {
                "carrier_gateway_id": "",
                "cidr_block": "0.0.0.0/0",
                "core_network_arn": "",
                "destination_prefix_list_id": "",
                "egress_only_gateway_id": "",
                "gateway_id": "nat-0539b1a4316011458",
                "ipv6_cidr_block": "",
                "local_gateway_id": "",
                "nat_gateway_id": "",
                "network_interface_id": "",
                "transit_gateway_id": "",
                "vpc_endpoint_id": "",
                "vpc_peering_connection_id": ""
              }
            ],
            "tags": {
              "Name": "kdt-DB-Route-table2"
            },
            "tags_all": {
              "Name": "kdt-DB-Route-table2"
            },
            "timeouts": null,
            "vpc_id": "vpc-0fbdc2b09439d2b4d"
          },
          "sensitive_attributes": [],
          "private": "eyJlMmJmYjczMC1lY2FhLTExZTYtOGY4OC0zNDM2M2JjN2M0YzAiOnsiY3JlYXRlIjozMDAwMDAwMDAwMDAsImRlbGV0ZSI6MzAwMDAwMDAwMDAwLCJ1cGRhdGUiOjEyMDAwMDAwMDAwMH19",
          "dependencies": [
            "module.vpc.aws_eip.eip1",
            "module.vpc.aws_eip.eip2",
            "module.vpc.aws_internet_gateway.igw",
            "module.vpc.aws_nat_gateway.ngw1",
            "module.vpc.aws_nat_gateway.ngw2",
            "module.vpc.aws_route_table.private-rt1",
            "module.vpc.aws_route_table.public-rt",
            "module.vpc.aws_route_table_association.private-rt-association1",
            "module.vpc.aws_route_table_association.public-rt-association2",
            "module.vpc.aws_subnet.db-subnet1",
            "module.vpc.aws_subnet.db-subnet2",
            "module.vpc.aws_subnet.private-subnet1",
            "module.vpc.aws_subnet.private-subnet2",
            "module.vpc.aws_subnet.public-subnet1",
            "module.vpc.aws_subnet.public-subnet2",
            "module.vpc.aws_vpc.vpc",
            "module.vpc.data.aws_availability_zones.azs"
          ],
          "create_before_destroy": true
        }
      ]
    },
    {
      "module": "module.vpc",
      "mode": "managed",
      "type": "aws_route_table",
      "name": "private-rt1",
      "provider": "provider[\"registry.terraform.io/hashicorp/aws\"]",
      "instances": [
        {
          "schema_version": 0,
          "attributes": {
            "arn": "arn:aws:ec2:us-east-2:891377163278:route-table/rtb-0432ff515af412d5f",
            "id": "rtb-0432ff515af412d5f",
            "owner_id": "891377163278",
            "propagating_vgws": [],
            "route": [
              {
                "carrier_gateway_id": "",
                "cidr_block": "0.0.0.0/0",
                "core_network_arn": "",
                "destination_prefix_list_id": "",
                "egress_only_gateway_id": "",
                "gateway_id": "nat-085ef7866e105ddd1",
                "ipv6_cidr_block": "",
                "local_gateway_id": "",
                "nat_gateway_id": "",
                "network_interface_id": "",
                "transit_gateway_id": "",
                "vpc_endpoint_id": "",
                "vpc_peering_connection_id": ""
              }
            ],
            "tags": {
              "Name": "kdt-Private-Route-table1"
            },
            "tags_all": {
              "Name": "kdt-Private-Route-table1"
            },
            "timeouts": null,
            "vpc_id": "vpc-0fbdc2b09439d2b4d"
          },
          "sensitive_attributes": [],
          "private": "eyJlMmJmYjczMC1lY2FhLTExZTYtOGY4OC0zNDM2M2JjN2M0YzAiOnsiY3JlYXRlIjozMDAwMDAwMDAwMDAsImRlbGV0ZSI6MzAwMDAwMDAwMDAwLCJ1cGRhdGUiOjEyMDAwMDAwMDAwMH19",
          "dependencies": [
            "module.vpc.aws_eip.eip1",
            "module.vpc.aws_eip.eip2",
            "module.vpc.aws_internet_gateway.igw",
            "module.vpc.aws_nat_gateway.ngw1",
            "module.vpc.aws_nat_gateway.ngw2",
            "module.vpc.aws_route_table.public-rt",
            "module.vpc.aws_route_table_association.public-rt-association2",
            "module.vpc.aws_subnet.db-subnet1",
            "module.vpc.aws_subnet.db-subnet2",
            "module.vpc.aws_subnet.private-subnet1",
            "module.vpc.aws_subnet.private-subnet2",
            "module.vpc.aws_subnet.public-subnet1",
            "module.vpc.aws_subnet.public-subnet2",
            "module.vpc.aws_vpc.vpc",
            "module.vpc.data.aws_availability_zones.azs"
          ],
          "create_before_destroy": true
        }
      ]
    },
    {
      "module": "module.vpc",
      "mode": "managed",
      "type": "aws_route_table",
      "name": "private-rt2",
      "provider": "provider[\"registry.terraform.io/hashicorp/aws\"]",
      "instances": [
        {
          "schema_version": 0,
          "attributes": {
            "arn": "arn:aws:ec2:us-east-2:891377163278:route-table/rtb-00ac77d4e17a0bc74",
            "id": "rtb-00ac77d4e17a0bc74",
            "owner_id": "891377163278",
            "propagating_vgws": [],
            "route": [
              {
                "carrier_gateway_id": "",
                "cidr_block": "0.0.0.0/0",
                "core_network_arn": "",
                "destination_prefix_list_id": "",
                "egress_only_gateway_id": "",
                "gateway_id": "nat-0539b1a4316011458",
                "ipv6_cidr_block": "",
                "local_gateway_id": "",
                "nat_gateway_id": "",
                "network_interface_id": "",
                "transit_gateway_id": "",
                "vpc_endpoint_id": "",
                "vpc_peering_connection_id": ""
              }
            ],
            "tags": {
              "Name": "kdt-Private-Route-table2"
            },
            "tags_all": {
              "Name": "kdt-Private-Route-table2"
            },
            "timeouts": null,
            "vpc_id": "vpc-0fbdc2b09439d2b4d"
          },
          "sensitive_attributes": [],
          "private": "eyJlMmJmYjczMC1lY2FhLTExZTYtOGY4OC0zNDM2M2JjN2M0YzAiOnsiY3JlYXRlIjozMDAwMDAwMDAwMDAsImRlbGV0ZSI6MzAwMDAwMDAwMDAwLCJ1cGRhdGUiOjEyMDAwMDAwMDAwMH19",
          "dependencies": [
            "module.vpc.aws_eip.eip1",
            "module.vpc.aws_eip.eip2",
            "module.vpc.aws_internet_gateway.igw",
            "module.vpc.aws_nat_gateway.ngw1",
            "module.vpc.aws_nat_gateway.ngw2",
            "module.vpc.aws_route_table.private-rt1",
            "module.vpc.aws_route_table.public-rt",
            "module.vpc.aws_route_table_association.private-rt-association1",
            "module.vpc.aws_route_table_association.public-rt-association2",
            "module.vpc.aws_subnet.db-subnet1",
            "module.vpc.aws_subnet.db-subnet2",
            "module.vpc.aws_subnet.private-subnet1",
            "module.vpc.aws_subnet.private-subnet2",
            "module.vpc.aws_subnet.public-subnet1",
            "module.vpc.aws_subnet.public-subnet2",
            "module.vpc.aws_vpc.vpc",
            "module.vpc.data.aws_availability_zones.azs"
          ],
          "create_before_destroy": true
        }
      ]
    },
    {
      "module": "module.vpc",
      "mode": "managed",
      "type": "aws_route_table",
      "name": "public-rt",
      "provider": "provider[\"registry.terraform.io/hashicorp/aws\"]",
      "instances": [
        {
          "schema_version": 0,
          "attributes": {
            "arn": "arn:aws:ec2:us-east-2:891377163278:route-table/rtb-0d7ea8a66b1577eee",
            "id": "rtb-0d7ea8a66b1577eee",
            "owner_id": "891377163278",
            "propagating_vgws": [],
            "route": [
              {
                "carrier_gateway_id": "",
                "cidr_block": "0.0.0.0/0",
                "core_network_arn": "",
                "destination_prefix_list_id": "",
                "egress_only_gateway_id": "",
                "gateway_id": "igw-0ce884e9b4e2675ad",
                "ipv6_cidr_block": "",
                "local_gateway_id": "",
                "nat_gateway_id": "",
                "network_interface_id": "",
                "transit_gateway_id": "",
                "vpc_endpoint_id": "",
                "vpc_peering_connection_id": ""
              }
            ],
            "tags": {
              "Name": "kdt-Public-Route-table"
            },
            "tags_all": {
              "Name": "kdt-Public-Route-table"
            },
            "timeouts": null,
            "vpc_id": "vpc-0fbdc2b09439d2b4d"
          },
          "sensitive_attributes": [],
          "private": "eyJlMmJmYjczMC1lY2FhLTExZTYtOGY4OC0zNDM2M2JjN2M0YzAiOnsiY3JlYXRlIjozMDAwMDAwMDAwMDAsImRlbGV0ZSI6MzAwMDAwMDAwMDAwLCJ1cGRhdGUiOjEyMDAwMDAwMDAwMH19",
          "dependencies": [
            "module.vpc.aws_eip.eip1",
            "module.vpc.aws_eip.eip2",
            "module.vpc.aws_internet_gateway.igw",
            "module.vpc.aws_nat_gateway.ngw1",
            "module.vpc.aws_nat_gateway.ngw2",
            "module.vpc.aws_subnet.db-subnet1",
            "module.vpc.aws_subnet.db-subnet2",
            "module.vpc.aws_subnet.private-subnet1",
            "module.vpc.aws_subnet.private-subnet2",
            "module.vpc.aws_subnet.public-subnet1",
            "module.vpc.aws_subnet.public-subnet2",
            "module.vpc.aws_vpc.vpc",
            "module.vpc.data.aws_availability_zones.azs"
          ],
          "create_before_destroy": true
        }
      ]
    },
    {
      "module": "module.vpc",
      "mode": "managed",
      "type": "aws_route_table_association",
      "name": "db-rt-association1",
      "provider": "provider[\"registry.terraform.io/hashicorp/aws\"]",
      "instances": [
        {
          "schema_version": 0,
          "attributes": {
            "gateway_id": "",
            "id": "rtbassoc-04d20eb6c14d1a777",
            "route_table_id": "rtb-0a8049eaa2dce3993",
            "subnet_id": "subnet-06c1cbde234f09972",
            "timeouts": null
          },
          "sensitive_attributes": [],
          "private": "eyJlMmJmYjczMC1lY2FhLTExZTYtOGY4OC0zNDM2M2JjN2M0YzAiOnsiY3JlYXRlIjozMDAwMDAwMDAwMDAsImRlbGV0ZSI6MzAwMDAwMDAwMDAwLCJ1cGRhdGUiOjEyMDAwMDAwMDAwMH19",
          "dependencies": [
            "module.vpc.aws_eip.eip1",
            "module.vpc.aws_eip.eip2",
            "module.vpc.aws_internet_gateway.igw",
            "module.vpc.aws_nat_gateway.ngw1",
            "module.vpc.aws_nat_gateway.ngw2",
            "module.vpc.aws_route_table.db-rt1",
            "module.vpc.aws_route_table.private-rt1",
            "module.vpc.aws_route_table.private-rt2",
            "module.vpc.aws_route_table.public-rt",
            "module.vpc.aws_route_table_association.private-rt-association1",
            "module.vpc.aws_route_table_association.private-rt-association2",
            "module.vpc.aws_route_table_association.public-rt-association2",
            "module.vpc.aws_subnet.db-subnet1",
            "module.vpc.aws_subnet.db-subnet2",
            "module.vpc.aws_subnet.private-subnet1",
            "module.vpc.aws_subnet.private-subnet2",
            "module.vpc.aws_subnet.public-subnet1",
            "module.vpc.aws_subnet.public-subnet2",
            "module.vpc.aws_vpc.vpc",
            "module.vpc.data.aws_availability_zones.azs"
          ],
          "create_before_destroy": true
        }
      ]
    },
    {
      "module": "module.vpc",
      "mode": "managed",
      "type": "aws_route_table_association",
      "name": "db-rt-association2",
      "provider": "provider[\"registry.terraform.io/hashicorp/aws\"]",
      "instances": [
        {
          "schema_version": 0,
          "attributes": {
            "gateway_id": "",
            "id": "rtbassoc-0bd8342e06e47ffab",
            "route_table_id": "rtb-00cd92d69fea4a4ec",
            "subnet_id": "subnet-04483b4a6e2269c3c",
            "timeouts": null
          },
          "sensitive_attributes": [],
          "private": "eyJlMmJmYjczMC1lY2FhLTExZTYtOGY4OC0zNDM2M2JjN2M0YzAiOnsiY3JlYXRlIjozMDAwMDAwMDAwMDAsImRlbGV0ZSI6MzAwMDAwMDAwMDAwLCJ1cGRhdGUiOjEyMDAwMDAwMDAwMH19",
          "dependencies": [
            "module.vpc.aws_eip.eip1",
            "module.vpc.aws_eip.eip2",
            "module.vpc.aws_internet_gateway.igw",
            "module.vpc.aws_nat_gateway.ngw1",
            "module.vpc.aws_nat_gateway.ngw2",
            "module.vpc.aws_route_table.db-rt2",
            "module.vpc.aws_route_table.private-rt1",
            "module.vpc.aws_route_table.public-rt",
            "module.vpc.aws_route_table_association.private-rt-association1",
            "module.vpc.aws_route_table_association.public-rt-association2",
            "module.vpc.aws_subnet.db-subnet1",
            "module.vpc.aws_subnet.db-subnet2",
            "module.vpc.aws_subnet.private-subnet1",
            "module.vpc.aws_subnet.private-subnet2",
            "module.vpc.aws_subnet.public-subnet1",
            "module.vpc.aws_subnet.public-subnet2",
            "module.vpc.aws_vpc.vpc",
            "module.vpc.data.aws_availability_zones.azs"
          ],
          "create_before_destroy": true
        }
      ]
    },
    {
      "module": "module.vpc",
      "mode": "managed",
      "type": "aws_route_table_association",
      "name": "private-rt-association1",
      "provider": "provider[\"registry.terraform.io/hashicorp/aws\"]",
      "instances": [
        {
          "schema_version": 0,
          "attributes": {
            "gateway_id": "",
            "id": "rtbassoc-08b5d65fdfaa80afb",
            "route_table_id": "rtb-0432ff515af412d5f",
            "subnet_id": "subnet-0dfb9899e280deb94",
            "timeouts": null
          },
          "sensitive_attributes": [],
          "private": "eyJlMmJmYjczMC1lY2FhLTExZTYtOGY4OC0zNDM2M2JjN2M0YzAiOnsiY3JlYXRlIjozMDAwMDAwMDAwMDAsImRlbGV0ZSI6MzAwMDAwMDAwMDAwLCJ1cGRhdGUiOjEyMDAwMDAwMDAwMH19",
          "dependencies": [
            "module.vpc.aws_eip.eip1",
            "module.vpc.aws_eip.eip2",
            "module.vpc.aws_internet_gateway.igw",
            "module.vpc.aws_nat_gateway.ngw1",
            "module.vpc.aws_nat_gateway.ngw2",
            "module.vpc.aws_route_table.private-rt1",
            "module.vpc.aws_route_table.public-rt",
            "module.vpc.aws_route_table_association.public-rt-association2",
            "module.vpc.aws_subnet.db-subnet1",
            "module.vpc.aws_subnet.db-subnet2",
            "module.vpc.aws_subnet.private-subnet1",
            "module.vpc.aws_subnet.private-subnet2",
            "module.vpc.aws_subnet.public-subnet1",
            "module.vpc.aws_subnet.public-subnet2",
            "module.vpc.aws_vpc.vpc",
            "module.vpc.data.aws_availability_zones.azs"
          ],
          "create_before_destroy": true
        }
      ]
    },
    {
      "module": "module.vpc",
      "mode": "managed",
      "type": "aws_route_table_association",
      "name": "private-rt-association2",
      "provider": "provider[\"registry.terraform.io/hashicorp/aws\"]",
      "instances": [
        {
          "schema_version": 0,
          "attributes": {
            "gateway_id": "",
            "id": "rtbassoc-0b745c255ec24171e",
            "route_table_id": "rtb-00ac77d4e17a0bc74",
            "subnet_id": "subnet-00ab9338cf48b8837",
            "timeouts": null
          },
          "sensitive_attributes": [],
          "private": "eyJlMmJmYjczMC1lY2FhLTExZTYtOGY4OC0zNDM2M2JjN2M0YzAiOnsiY3JlYXRlIjozMDAwMDAwMDAwMDAsImRlbGV0ZSI6MzAwMDAwMDAwMDAwLCJ1cGRhdGUiOjEyMDAwMDAwMDAwMH19",
          "dependencies": [
            "module.vpc.aws_eip.eip1",
            "module.vpc.aws_eip.eip2",
            "module.vpc.aws_internet_gateway.igw",
            "module.vpc.aws_nat_gateway.ngw1",
            "module.vpc.aws_nat_gateway.ngw2",
            "module.vpc.aws_route_table.private-rt1",
            "module.vpc.aws_route_table.private-rt2",
            "module.vpc.aws_route_table.public-rt",
            "module.vpc.aws_route_table_association.private-rt-association1",
            "module.vpc.aws_route_table_association.public-rt-association2",
            "module.vpc.aws_subnet.db-subnet1",
            "module.vpc.aws_subnet.db-subnet2",
            "module.vpc.aws_subnet.private-subnet1",
            "module.vpc.aws_subnet.private-subnet2",
            "module.vpc.aws_subnet.public-subnet1",
            "module.vpc.aws_subnet.public-subnet2",
            "module.vpc.aws_vpc.vpc",
            "module.vpc.data.aws_availability_zones.azs"
          ],
          "create_before_destroy": true
        }
      ]
    },
    {
      "module": "module.vpc",
      "mode": "managed",
      "type": "aws_route_table_association",
      "name": "public-rt-association1",
      "provider": "provider[\"registry.terraform.io/hashicorp/aws\"]",
      "instances": [
        {
          "schema_version": 0,
          "attributes": {
            "gateway_id": "",
            "id": "rtbassoc-0491134299c22c586",
            "route_table_id": "rtb-0d7ea8a66b1577eee",
            "subnet_id": "subnet-0dfd60a25907277a6",
            "timeouts": null
          },
          "sensitive_attributes": [],
          "private": "eyJlMmJmYjczMC1lY2FhLTExZTYtOGY4OC0zNDM2M2JjN2M0YzAiOnsiY3JlYXRlIjozMDAwMDAwMDAwMDAsImRlbGV0ZSI6MzAwMDAwMDAwMDAwLCJ1cGRhdGUiOjEyMDAwMDAwMDAwMH19",
          "dependencies": [
            "module.vpc.aws_eip.eip1",
            "module.vpc.aws_eip.eip2",
            "module.vpc.aws_internet_gateway.igw",
            "module.vpc.aws_nat_gateway.ngw1",
            "module.vpc.aws_nat_gateway.ngw2",
            "module.vpc.aws_route_table.public-rt",
            "module.vpc.aws_subnet.db-subnet1",
            "module.vpc.aws_subnet.db-subnet2",
            "module.vpc.aws_subnet.private-subnet1",
            "module.vpc.aws_subnet.private-subnet2",
            "module.vpc.aws_subnet.public-subnet1",
            "module.vpc.aws_subnet.public-subnet2",
            "module.vpc.aws_vpc.vpc",
            "module.vpc.data.aws_availability_zones.azs"
          ],
          "create_before_destroy": true
        }
      ]
    },
    {
      "module": "module.vpc",
      "mode": "managed",
      "type": "aws_route_table_association",
      "name": "public-rt-association2",
      "provider": "provider[\"registry.terraform.io/hashicorp/aws\"]",
      "instances": [
        {
          "schema_version": 0,
          "attributes": {
            "gateway_id": "",
            "id": "rtbassoc-0fa533a2e521e3827",
            "route_table_id": "rtb-0d7ea8a66b1577eee",
            "subnet_id": "subnet-0dfd1c3b8e5a8a48f",
            "timeouts": null
          },
          "sensitive_attributes": [],
          "private": "eyJlMmJmYjczMC1lY2FhLTExZTYtOGY4OC0zNDM2M2JjN2M0YzAiOnsiY3JlYXRlIjozMDAwMDAwMDAwMDAsImRlbGV0ZSI6MzAwMDAwMDAwMDAwLCJ1cGRhdGUiOjEyMDAwMDAwMDAwMH19",
          "dependencies": [
            "module.vpc.aws_eip.eip1",
            "module.vpc.aws_eip.eip2",
            "module.vpc.aws_internet_gateway.igw",
            "module.vpc.aws_nat_gateway.ngw1",
            "module.vpc.aws_nat_gateway.ngw2",
            "module.vpc.aws_route_table.public-rt",
            "module.vpc.aws_subnet.db-subnet1",
            "module.vpc.aws_subnet.db-subnet2",
            "module.vpc.aws_subnet.private-subnet1",
            "module.vpc.aws_subnet.private-subnet2",
            "module.vpc.aws_subnet.public-subnet1",
            "module.vpc.aws_subnet.public-subnet2",
            "module.vpc.aws_vpc.vpc",
            "module.vpc.data.aws_availability_zones.azs"
          ],
          "create_before_destroy": true
        }
      ]
    },
    {
      "module": "module.vpc",
      "mode": "managed",
      "type": "aws_subnet",
      "name": "db-subnet1",
      "provider": "provider[\"registry.terraform.io/hashicorp/aws\"]",
      "instances": [
        {
          "schema_version": 1,
          "attributes": {
            "arn": "arn:aws:ec2:us-east-2:891377163278:subnet/subnet-06c1cbde234f09972",
            "assign_ipv6_address_on_creation": false,
            "availability_zone": "us-east-2a",
            "availability_zone_id": "use2-az1",
            "cidr_block": "10.50.20.0/24",
            "customer_owned_ipv4_pool": "",
            "enable_dns64": false,
            "enable_lni_at_device_index": 0,
            "enable_resource_name_dns_a_record_on_launch": false,
            "enable_resource_name_dns_aaaa_record_on_launch": false,
            "id": "subnet-06c1cbde234f09972",
            "ipv6_cidr_block": "",
            "ipv6_cidr_block_association_id": "",
            "ipv6_native": false,
            "map_customer_owned_ip_on_launch": false,
            "map_public_ip_on_launch": false,
            "outpost_arn": "",
            "owner_id": "891377163278",
            "private_dns_hostname_type_on_launch": "ip-name",
            "tags": {
              "Name": "kdt-DB-Subnet1"
            },
            "tags_all": {
              "Name": "kdt-DB-Subnet1"
            },
            "timeouts": null,
            "vpc_id": "vpc-0fbdc2b09439d2b4d"
          },
          "sensitive_attributes": [],
          "private": "eyJlMmJmYjczMC1lY2FhLTExZTYtOGY4OC0zNDM2M2JjN2M0YzAiOnsiY3JlYXRlIjo2MDAwMDAwMDAwMDAsImRlbGV0ZSI6MTIwMDAwMDAwMDAwMH0sInNjaGVtYV92ZXJzaW9uIjoiMSJ9",
          "dependencies": [
            "module.vpc.aws_internet_gateway.igw",
            "module.vpc.aws_subnet.private-subnet1",
            "module.vpc.aws_subnet.private-subnet2",
            "module.vpc.aws_subnet.public-subnet1",
            "module.vpc.aws_subnet.public-subnet2",
            "module.vpc.aws_vpc.vpc",
            "module.vpc.data.aws_availability_zones.azs"
          ],
          "create_before_destroy": true
        }
      ]
    },
    {
      "module": "module.vpc",
      "mode": "managed",
      "type": "aws_subnet",
      "name": "db-subnet2",
      "provider": "provider[\"registry.terraform.io/hashicorp/aws\"]",
      "instances": [
        {
          "schema_version": 1,
          "attributes": {
            "arn": "arn:aws:ec2:us-east-2:891377163278:subnet/subnet-04483b4a6e2269c3c",
            "assign_ipv6_address_on_creation": false,
            "availability_zone": "us-east-2b",
            "availability_zone_id": "use2-az2",
            "cidr_block": "10.50.21.0/24",
            "customer_owned_ipv4_pool": "",
            "enable_dns64": false,
            "enable_lni_at_device_index": 0,
            "enable_resource_name_dns_a_record_on_launch": false,
            "enable_resource_name_dns_aaaa_record_on_launch": false,
            "id": "subnet-04483b4a6e2269c3c",
            "ipv6_cidr_block": "",
            "ipv6_cidr_block_association_id": "",
            "ipv6_native": false,
            "map_customer_owned_ip_on_launch": false,
            "map_public_ip_on_launch": false,
            "outpost_arn": "",
            "owner_id": "891377163278",
            "private_dns_hostname_type_on_launch": "ip-name",
            "tags": {
              "Name": "kdt-DB-Subnet2"
            },
            "tags_all": {
              "Name": "kdt-DB-Subnet2"
            },
            "timeouts": null,
            "vpc_id": "vpc-0fbdc2b09439d2b4d"
          },
          "sensitive_attributes": [],
          "private": "eyJlMmJmYjczMC1lY2FhLTExZTYtOGY4OC0zNDM2M2JjN2M0YzAiOnsiY3JlYXRlIjo2MDAwMDAwMDAwMDAsImRlbGV0ZSI6MTIwMDAwMDAwMDAwMH0sInNjaGVtYV92ZXJzaW9uIjoiMSJ9",
          "dependencies": [
            "module.vpc.aws_internet_gateway.igw",
            "module.vpc.aws_subnet.db-subnet1",
            "module.vpc.aws_subnet.private-subnet1",
            "module.vpc.aws_subnet.private-subnet2",
            "module.vpc.aws_subnet.public-subnet1",
            "module.vpc.aws_subnet.public-subnet2",
            "module.vpc.aws_vpc.vpc",
            "module.vpc.data.aws_availability_zones.azs"
          ],
          "create_before_destroy": true
        }
      ]
    },
    {
      "module": "module.vpc",
      "mode": "managed",
      "type": "aws_subnet",
      "name": "private-subnet1",
      "provider": "provider[\"registry.terraform.io/hashicorp/aws\"]",
      "instances": [
        {
          "schema_version": 1,
          "attributes": {
            "arn": "arn:aws:ec2:us-east-2:891377163278:subnet/subnet-0dfb9899e280deb94",
            "assign_ipv6_address_on_creation": false,
            "availability_zone": "us-east-2a",
            "availability_zone_id": "use2-az1",
            "cidr_block": "10.50.4.0/22",
            "customer_owned_ipv4_pool": "",
            "enable_dns64": false,
            "enable_lni_at_device_index": 0,
            "enable_resource_name_dns_a_record_on_launch": false,
            "enable_resource_name_dns_aaaa_record_on_launch": false,
            "id": "subnet-0dfb9899e280deb94",
            "ipv6_cidr_block": "",
            "ipv6_cidr_block_association_id": "",
            "ipv6_native": false,
            "map_customer_owned_ip_on_launch": false,
            "map_public_ip_on_launch": false,
            "outpost_arn": "",
            "owner_id": "891377163278",
            "private_dns_hostname_type_on_launch": "ip-name",
            "tags": {
              "Name": "kdt-Private-Subnet1"
            },
            "tags_all": {
              "Name": "kdt-Private-Subnet1"
            },
            "timeouts": null,
            "vpc_id": "vpc-0fbdc2b09439d2b4d"
          },
          "sensitive_attributes": [],
          "private": "eyJlMmJmYjczMC1lY2FhLTExZTYtOGY4OC0zNDM2M2JjN2M0YzAiOnsiY3JlYXRlIjo2MDAwMDAwMDAwMDAsImRlbGV0ZSI6MTIwMDAwMDAwMDAwMH0sInNjaGVtYV92ZXJzaW9uIjoiMSJ9",
          "dependencies": [
            "module.vpc.aws_internet_gateway.igw",
            "module.vpc.aws_subnet.public-subnet1",
            "module.vpc.aws_subnet.public-subnet2",
            "module.vpc.aws_vpc.vpc",
            "module.vpc.data.aws_availability_zones.azs"
          ],
          "create_before_destroy": true
        }
      ]
    },
    {
      "module": "module.vpc",
      "mode": "managed",
      "type": "aws_subnet",
      "name": "private-subnet2",
      "provider": "provider[\"registry.terraform.io/hashicorp/aws\"]",
      "instances": [
        {
          "schema_version": 1,
          "attributes": {
            "arn": "arn:aws:ec2:us-east-2:891377163278:subnet/subnet-00ab9338cf48b8837",
            "assign_ipv6_address_on_creation": false,
            "availability_zone": "us-east-2b",
            "availability_zone_id": "use2-az2",
            "cidr_block": "10.50.8.0/22",
            "customer_owned_ipv4_pool": "",
            "enable_dns64": false,
            "enable_lni_at_device_index": 0,
            "enable_resource_name_dns_a_record_on_launch": false,
            "enable_resource_name_dns_aaaa_record_on_launch": false,
            "id": "subnet-00ab9338cf48b8837",
            "ipv6_cidr_block": "",
            "ipv6_cidr_block_association_id": "",
            "ipv6_native": false,
            "map_customer_owned_ip_on_launch": false,
            "map_public_ip_on_launch": false,
            "outpost_arn": "",
            "owner_id": "891377163278",
            "private_dns_hostname_type_on_launch": "ip-name",
            "tags": {
              "Name": "kdt-Private-Subnet2"
            },
            "tags_all": {
              "Name": "kdt-Private-Subnet2"
            },
            "timeouts": null,
            "vpc_id": "vpc-0fbdc2b09439d2b4d"
          },
          "sensitive_attributes": [],
          "private": "eyJlMmJmYjczMC1lY2FhLTExZTYtOGY4OC0zNDM2M2JjN2M0YzAiOnsiY3JlYXRlIjo2MDAwMDAwMDAwMDAsImRlbGV0ZSI6MTIwMDAwMDAwMDAwMH0sInNjaGVtYV92ZXJzaW9uIjoiMSJ9",
          "dependencies": [
            "module.vpc.aws_internet_gateway.igw",
            "module.vpc.aws_subnet.private-subnet1",
            "module.vpc.aws_subnet.public-subnet1",
            "module.vpc.aws_subnet.public-subnet2",
            "module.vpc.aws_vpc.vpc",
            "module.vpc.data.aws_availability_zones.azs"
          ],
          "create_before_destroy": true
        }
      ]
    },
    {
      "module": "module.vpc",
      "mode": "managed",
      "type": "aws_subnet",
      "name": "public-subnet1",
      "provider": "provider[\"registry.terraform.io/hashicorp/aws\"]",
      "instances": [
        {
          "schema_version": 1,
          "attributes": {
            "arn": "arn:aws:ec2:us-east-2:891377163278:subnet/subnet-0dfd60a25907277a6",
            "assign_ipv6_address_on_creation": false,
            "availability_zone": "us-east-2a",
            "availability_zone_id": "use2-az1",
            "cidr_block": "10.50.0.0/24",
            "customer_owned_ipv4_pool": "",
            "enable_dns64": false,
            "enable_lni_at_device_index": 0,
            "enable_resource_name_dns_a_record_on_launch": false,
            "enable_resource_name_dns_aaaa_record_on_launch": false,
            "id": "subnet-0dfd60a25907277a6",
            "ipv6_cidr_block": "",
            "ipv6_cidr_block_association_id": "",
            "ipv6_native": false,
            "map_customer_owned_ip_on_launch": false,
            "map_public_ip_on_launch": true,
            "outpost_arn": "",
            "owner_id": "891377163278",
            "private_dns_hostname_type_on_launch": "ip-name",
            "tags": {
              "Name": "kdt-Public-Subnet1"
            },
            "tags_all": {
              "Name": "kdt-Public-Subnet1"
            },
            "timeouts": null,
            "vpc_id": "vpc-0fbdc2b09439d2b4d"
          },
          "sensitive_attributes": [],
          "private": "eyJlMmJmYjczMC1lY2FhLTExZTYtOGY4OC0zNDM2M2JjN2M0YzAiOnsiY3JlYXRlIjo2MDAwMDAwMDAwMDAsImRlbGV0ZSI6MTIwMDAwMDAwMDAwMH0sInNjaGVtYV92ZXJzaW9uIjoiMSJ9",
          "dependencies": [
            "module.vpc.aws_internet_gateway.igw",
            "module.vpc.aws_vpc.vpc",
            "module.vpc.data.aws_availability_zones.azs"
          ],
          "create_before_destroy": true
        }
      ]
    },
    {
      "module": "module.vpc",
      "mode": "managed",
      "type": "aws_subnet",
      "name": "public-subnet2",
      "provider": "provider[\"registry.terraform.io/hashicorp/aws\"]",
      "instances": [
        {
          "schema_version": 1,
          "attributes": {
            "arn": "arn:aws:ec2:us-east-2:891377163278:subnet/subnet-0dfd1c3b8e5a8a48f",
            "assign_ipv6_address_on_creation": false,
            "availability_zone": "us-east-2b",
            "availability_zone_id": "use2-az2",
            "cidr_block": "10.50.1.0/24",
            "customer_owned_ipv4_pool": "",
            "enable_dns64": false,
            "enable_lni_at_device_index": 0,
            "enable_resource_name_dns_a_record_on_launch": false,
            "enable_resource_name_dns_aaaa_record_on_launch": false,
            "id": "subnet-0dfd1c3b8e5a8a48f",
            "ipv6_cidr_block": "",
            "ipv6_cidr_block_association_id": "",
            "ipv6_native": false,
            "map_customer_owned_ip_on_launch": false,
            "map_public_ip_on_launch": true,
            "outpost_arn": "",
            "owner_id": "891377163278",
            "private_dns_hostname_type_on_launch": "ip-name",
            "tags": {
              "Name": "kdt-Public-Subnet2"
            },
            "tags_all": {
              "Name": "kdt-Public-Subnet2"
            },
            "timeouts": null,
            "vpc_id": "vpc-0fbdc2b09439d2b4d"
          },
          "sensitive_attributes": [],
          "private": "eyJlMmJmYjczMC1lY2FhLTExZTYtOGY4OC0zNDM2M2JjN2M0YzAiOnsiY3JlYXRlIjo2MDAwMDAwMDAwMDAsImRlbGV0ZSI6MTIwMDAwMDAwMDAwMH0sInNjaGVtYV92ZXJzaW9uIjoiMSJ9",
          "dependencies": [
            "module.vpc.aws_internet_gateway.igw",
            "module.vpc.aws_subnet.public-subnet1",
            "module.vpc.aws_vpc.vpc",
            "module.vpc.data.aws_availability_zones.azs"
          ],
          "create_before_destroy": true
        }
      ]
    },
    {
      "module": "module.vpc",
      "mode": "managed",
      "type": "aws_vpc",
      "name": "vpc",
      "provider": "provider[\"registry.terraform.io/hashicorp/aws\"]",
      "instances": [
        {
          "schema_version": 1,
          "attributes": {
            "arn": "arn:aws:ec2:us-east-2:891377163278:vpc/vpc-0fbdc2b09439d2b4d",
            "assign_generated_ipv6_cidr_block": false,
            "cidr_block": "10.50.0.0/16",
            "default_network_acl_id": "acl-0e821f8efd1078a2d",
            "default_route_table_id": "rtb-008631cf21a4cc540",
            "default_security_group_id": "sg-09c38249252da02a6",
            "dhcp_options_id": "dopt-0cab42d5410535950",
            "enable_dns_hostnames": true,
            "enable_dns_support": true,
            "enable_network_address_usage_metrics": false,
            "id": "vpc-0fbdc2b09439d2b4d",
            "instance_tenancy": "default",
            "ipv4_ipam_pool_id": null,
            "ipv4_netmask_length": null,
            "ipv6_association_id": "",
            "ipv6_cidr_block": "",
            "ipv6_cidr_block_network_border_group": "",
            "ipv6_ipam_pool_id": "",
            "ipv6_netmask_length": 0,
            "main_route_table_id": "rtb-008631cf21a4cc540",
            "owner_id": "891377163278",
            "tags": {
              "Name": "kdt-VPC"
            },
            "tags_all": {
              "Name": "kdt-VPC"
            }
          },
          "sensitive_attributes": [],
          "private": "eyJzY2hlbWFfdmVyc2lvbiI6IjEifQ==",
          "create_before_destroy": true
        }
      ]
    },
    {
      "module": "module.vpc",
      "mode": "managed",
      "type": "aws_vpc_endpoint",
      "name": "s3_gateway",
      "provider": "provider[\"registry.terraform.io/hashicorp/aws\"]",
      "instances": [
        {
          "schema_version": 0,
          "attributes": {
            "arn": "arn:aws:ec2:us-east-2:891377163278:vpc-endpoint/vpce-066d80b71f1b0c9aa",
            "auto_accept": null,
            "cidr_blocks": [
              "18.34.252.0/22",
              "52.219.141.0/24",
              "18.34.72.0/21",
              "52.219.96.0/20",
              "52.219.224.0/21",
              "16.12.60.0/22",
              "52.219.232.0/22",
              "52.219.80.0/20",
              "3.5.128.0/22",
              "52.219.142.0/23",
              "3.5.132.0/23",
              "16.12.64.0/22",
              "52.219.212.0/22",
              "52.219.176.0/22"
            ],
            "dns_entry": [],
            "dns_options": [],
            "id": "vpce-066d80b71f1b0c9aa",
            "ip_address_type": "",
            "network_interface_ids": [],
            "owner_id": "891377163278",
            "policy": "{\"Statement\":[{\"Action\":\"*\",\"Effect\":\"Allow\",\"Principal\":\"*\",\"Resource\":\"*\"}],\"Version\":\"2008-10-17\"}",
            "prefix_list_id": "pl-7ba54012",
            "private_dns_enabled": false,
            "requester_managed": false,
            "route_table_ids": [
              "rtb-00ac77d4e17a0bc74",
              "rtb-00cd92d69fea4a4ec",
              "rtb-0432ff515af412d5f",
              "rtb-0a8049eaa2dce3993"
            ],
            "security_group_ids": [],
            "service_name": "com.amazonaws.us-east-2.s3",
            "state": "available",
            "subnet_ids": [],
            "tags": null,
            "tags_all": {},
            "timeouts": null,
            "vpc_endpoint_type": "Gateway",
            "vpc_id": "vpc-0fbdc2b09439d2b4d"
          },
          "sensitive_attributes": [],
          "private": "eyJlMmJmYjczMC1lY2FhLTExZTYtOGY4OC0zNDM2M2JjN2M0YzAiOnsiY3JlYXRlIjo2MDAwMDAwMDAwMDAsImRlbGV0ZSI6NjAwMDAwMDAwMDAwLCJ1cGRhdGUiOjYwMDAwMDAwMDAwMH19",
          "dependencies": [
            "module.vpc.aws_eip.eip1",
            "module.vpc.aws_eip.eip2",
            "module.vpc.aws_internet_gateway.igw",
            "module.vpc.aws_nat_gateway.ngw1",
            "module.vpc.aws_nat_gateway.ngw2",
            "module.vpc.aws_route_table.db-rt1",
            "module.vpc.aws_route_table.db-rt2",
            "module.vpc.aws_route_table.private-rt1",
            "module.vpc.aws_route_table.private-rt2",
            "module.vpc.aws_route_table.public-rt",
            "module.vpc.aws_route_table_association.private-rt-association1",
            "module.vpc.aws_route_table_association.private-rt-association2",
            "module.vpc.aws_route_table_association.public-rt-association2",
            "module.vpc.aws_subnet.db-subnet1",
            "module.vpc.aws_subnet.db-subnet2",
            "module.vpc.aws_subnet.private-subnet1",
            "module.vpc.aws_subnet.private-subnet2",
            "module.vpc.aws_subnet.public-subnet1",
            "module.vpc.aws_subnet.public-subnet2",
            "module.vpc.aws_vpc.vpc",
            "module.vpc.data.aws_availability_zones.azs"
          ],
          "create_before_destroy": true
        }
      ]
    }
  ],
  "check_results": null
}
