{
  "version": 4,
  "terraform_version": "1.8.0",
  "serial": 14488,
  "lineage": "4973d4c3-5142-03bc-1083-9a38770bd610",
  "outputs": {},
  "resources": [
    {
      "module": "module.acm-route53-cloudfront-waf",
      "mode": "data",
      "type": "aws_route53_zone",
      "name": "zone",
      "provider": "provider[\"registry.terraform.io/hashicorp/aws\"].us-east-1",
      "instances": [
        {
          "schema_version": 0,
          "attributes": {
            "arn": "arn:aws:route53:::hostedzone/Z09337713DH1223XGPI4M",
            "caller_reference": "1cb1aabd-4cdd-467d-beed-0ed332265e0d",
            "comment": "hellowaws.shop",
            "id": "Z09337713DH1223XGPI4M",
            "linked_service_description": null,
            "linked_service_principal": null,
            "name": "hellowaws.shop",
            "name_servers": [
              "ns-1036.awsdns-01.org",
              "ns-1858.awsdns-40.co.uk",
              "ns-221.awsdns-27.com",
              "ns-646.awsdns-16.net"
            ],
            "primary_name_server": "ns-1036.awsdns-01.org",
            "private_zone": false,
            "resource_record_set_count": 2,
            "tags": {},
            "vpc_id": null,
            "zone_id": "Z09337713DH1223XGPI4M"
          },
          "sensitive_attributes": []
        }
      ]
    },
    {
      "module": "module.acm-route53-cloudfront-waf",
      "mode": "managed",
      "type": "aws_acm_certificate",
      "name": "cert",
      "provider": "provider[\"registry.terraform.io/hashicorp/aws\"].us-east-1",
      "instances": [
        {
          "schema_version": 0,
          "attributes": {
            "arn": "arn:aws:acm:us-east-1:891377163278:certificate/10f73a05-f679-4b07-8bb6-892b50767f7a",
            "certificate_authority_arn": "",
            "certificate_body": null,
            "certificate_chain": null,
            "domain_name": "hellowaws.shop",
            "domain_validation_options": [
              {
                "domain_name": "hellowaws.shop",
                "resource_record_name": "_7f19658f7298968af63cd5584d8f500f.hellowaws.shop.",
                "resource_record_type": "CNAME",
                "resource_record_value": "_76dca5cad0fc245e743f1f392cd68536.mhbtsbpdnt.acm-validations.aws."
              },
              {
                "domain_name": "www.hellowaws.shop",
                "resource_record_name": "_a84098457ff3e7498a54e2ecf341e4be.www.hellowaws.shop.",
                "resource_record_type": "CNAME",
                "resource_record_value": "_a1f8bb890f2d7f08d4fd6e0e312257ac.mhbtsbpdnt.acm-validations.aws."
              }
            ],
            "early_renewal_duration": "",
            "id": "arn:aws:acm:us-east-1:891377163278:certificate/10f73a05-f679-4b07-8bb6-892b50767f7a",
            "key_algorithm": "RSA_2048",
            "not_after": "",
            "not_before": "",
            "options": [
              {
                "certificate_transparency_logging_preference": "ENABLED"
              }
            ],
            "pending_renewal": false,
            "private_key": null,
            "renewal_eligibility": "INELIGIBLE",
            "renewal_summary": [],
            "status": "PENDING_VALIDATION",
            "subject_alternative_names": [
              "hellowaws.shop",
              "www.hellowaws.shop"
            ],
            "tags": {
              "Name": "aws_acm_certificate.cert",
              "createDate": "20240610",
              "owner": "ktd-admin"
            },
            "tags_all": {
              "Name": "aws_acm_certificate.cert",
              "createDate": "20240610",
              "owner": "ktd-admin"
            },
            "type": "AMAZON_ISSUED",
            "validation_emails": [],
            "validation_method": "DNS",
            "validation_option": []
          },
          "sensitive_attributes": [
            [
              {
                "type": "get_attr",
                "value": "private_key"
              }
            ]
          ],
          "private": "bnVsbA==",
          "dependencies": [
            "module.alb.aws_lb.App-elb",
            "module.alb.aws_lb_target_group.app-tg",
            "module.alb.aws_lb_target_group.web-tg",
            "module.alb.data.aws_security_group.app-alb-sg",
            "module.alb.data.aws_subnet.private_subnet1",
            "module.alb.data.aws_subnet.private_subnet2",
            "module.alb.data.aws_vpc.vpc",
            "module.ami.aws_ami_from_instance.ktd_ami",
            "module.ami.aws_instance.bastion",
            "module.ami.data.aws_subnet.subnet",
            "module.ami.data.aws_vpc.vpc",
            "module.autoscaling.aws_autoscaling_group.App-ASG",
            "module.autoscaling.aws_autoscaling_group.Web-ASG",
            "module.autoscaling.aws_autoscaling_policy.app-custom-cpu-policy",
            "module.autoscaling.aws_autoscaling_policy.app-custom-cpu-policy-scaleIn",
            "module.autoscaling.aws_cloudwatch_metric_alarm.app-custom-cpu-alarm",
            "module.autoscaling.aws_cloudwatch_metric_alarm.app-custom-cpu-alarm-scaleIn",
            "module.autoscaling.aws_launch_template.App-LC",
            "module.autoscaling.aws_launch_template.Web-LC",
            "module.autoscaling.data.aws_subnet.private_subnet1",
            "module.autoscaling.data.aws_subnet.private_subnet2",
            "module.iam.aws_iam_instance_profile.instance-profile",
            "module.iam.aws_iam_role.codebuild_role",
            "module.iam.aws_iam_role.iam_role",
            "module.iam.aws_iam_role_policy.iam-policy",
            "module.repository.aws_codecommit_repository.sourcecode-repository",
            "module.security-group.aws_security_group.app-alb-sg",
            "module.security-group.aws_security_group.app-tier-sg",
            "module.security-group.aws_security_group.bastion-sg",
            "module.security-group.aws_security_group.database-sg",
            "module.security-group.aws_security_group.redis-sg",
            "module.security-group.aws_security_group.web-alb-sg",
            "module.security-group.aws_security_group.web-tier-sg",
            "module.security-group.data.aws_vpc.vpc",
            "module.vpc.aws_eip.eip1",
            "module.vpc.aws_eip.eip2",
            "module.vpc.aws_internet_gateway.igw",
            "module.vpc.aws_nat_gateway.ngw1",
            "module.vpc.aws_nat_gateway.ngw2",
            "module.vpc.aws_route_table.db-rt1",
            "module.vpc.aws_route_table.db-rt2",
            "module.vpc.aws_route_table.private-rt1",
            "module.vpc.aws_route_table.private-rt2",
            "module.vpc.aws_route_table.public-rt",
            "module.vpc.aws_route_table_association.db-rt-association1",
            "module.vpc.aws_route_table_association.db-rt-association2",
            "module.vpc.aws_route_table_association.private-rt-association1",
            "module.vpc.aws_route_table_association.private-rt-association2",
            "module.vpc.aws_route_table_association.public-rt-association1",
            "module.vpc.aws_route_table_association.public-rt-association2",
            "module.vpc.aws_subnet.db_subnet1",
            "module.vpc.aws_subnet.db_subnet2",
            "module.vpc.aws_subnet.private_subnet1",
            "module.vpc.aws_subnet.private_subnet2",
            "module.vpc.aws_subnet.public_subnet1",
            "module.vpc.aws_subnet.public_subnet2",
            "module.vpc.aws_vpc.vpc",
            "module.vpc.aws_vpc_endpoint.s3_gateway",
            "module.vpc.data.aws_availability_zones.azs"
          ],
          "create_before_destroy": true
        }
      ]
    },
    {
      "module": "module.acm-route53-cloudfront-waf",
      "mode": "managed",
      "type": "aws_acm_certificate_validation",
      "name": "cert",
      "provider": "provider[\"registry.terraform.io/hashicorp/aws\"].us-east-1",
      "instances": [
        {
          "schema_version": 0,
          "attributes": {
            "certificate_arn": "arn:aws:acm:us-east-1:891377163278:certificate/10f73a05-f679-4b07-8bb6-892b50767f7a",
            "id": "2024-06-10 00:29:49.373 +0000 UTC",
            "timeouts": null,
            "validation_record_fqdns": [
              "_7f19658f7298968af63cd5584d8f500f.hellowaws.shop",
              "_a84098457ff3e7498a54e2ecf341e4be.www.hellowaws.shop"
            ]
          },
          "sensitive_attributes": [],
          "private": "eyJlMmJmYjczMC1lY2FhLTExZTYtOGY4OC0zNDM2M2JjN2M0YzAiOnsiY3JlYXRlIjo0NTAwMDAwMDAwMDAwfX0=",
          "dependencies": [
            "module.acm-route53-cloudfront-waf.aws_acm_certificate.cert",
            "module.acm-route53-cloudfront-waf.aws_route53_record.cert_validation",
            "module.acm-route53-cloudfront-waf.data.aws_route53_zone.zone",
            "module.alb.aws_lb.App-elb",
            "module.alb.aws_lb_target_group.app-tg",
            "module.alb.aws_lb_target_group.web-tg",
            "module.alb.data.aws_security_group.app-alb-sg",
            "module.alb.data.aws_subnet.private_subnet1",
            "module.alb.data.aws_subnet.private_subnet2",
            "module.alb.data.aws_vpc.vpc",
            "module.ami.aws_ami_from_instance.ktd_ami",
            "module.ami.aws_instance.bastion",
            "module.ami.data.aws_subnet.subnet",
            "module.ami.data.aws_vpc.vpc",
            "module.autoscaling.aws_autoscaling_group.App-ASG",
            "module.autoscaling.aws_autoscaling_group.Web-ASG",
            "module.autoscaling.aws_autoscaling_policy.app-custom-cpu-policy",
            "module.autoscaling.aws_autoscaling_policy.app-custom-cpu-policy-scaleIn",
            "module.autoscaling.aws_cloudwatch_metric_alarm.app-custom-cpu-alarm",
            "module.autoscaling.aws_cloudwatch_metric_alarm.app-custom-cpu-alarm-scaleIn",
            "module.autoscaling.aws_launch_template.App-LC",
            "module.autoscaling.aws_launch_template.Web-LC",
            "module.autoscaling.data.aws_subnet.private_subnet1",
            "module.autoscaling.data.aws_subnet.private_subnet2",
            "module.iam.aws_iam_instance_profile.instance-profile",
            "module.iam.aws_iam_role.codebuild_role",
            "module.iam.aws_iam_role.iam_role",
            "module.iam.aws_iam_role_policy.iam-policy",
            "module.repository.aws_codecommit_repository.sourcecode-repository",
            "module.security-group.aws_security_group.app-alb-sg",
            "module.security-group.aws_security_group.app-tier-sg",
            "module.security-group.aws_security_group.bastion-sg",
            "module.security-group.aws_security_group.database-sg",
            "module.security-group.aws_security_group.redis-sg",
            "module.security-group.aws_security_group.web-alb-sg",
            "module.security-group.aws_security_group.web-tier-sg",
            "module.security-group.data.aws_vpc.vpc",
            "module.vpc.aws_eip.eip1",
            "module.vpc.aws_eip.eip2",
            "module.vpc.aws_internet_gateway.igw",
            "module.vpc.aws_nat_gateway.ngw1",
            "module.vpc.aws_nat_gateway.ngw2",
            "module.vpc.aws_route_table.db-rt1",
            "module.vpc.aws_route_table.db-rt2",
            "module.vpc.aws_route_table.private-rt1",
            "module.vpc.aws_route_table.private-rt2",
            "module.vpc.aws_route_table.public-rt",
            "module.vpc.aws_route_table_association.db-rt-association1",
            "module.vpc.aws_route_table_association.db-rt-association2",
            "module.vpc.aws_route_table_association.private-rt-association1",
            "module.vpc.aws_route_table_association.private-rt-association2",
            "module.vpc.aws_route_table_association.public-rt-association1",
            "module.vpc.aws_route_table_association.public-rt-association2",
            "module.vpc.aws_subnet.db_subnet1",
            "module.vpc.aws_subnet.db_subnet2",
            "module.vpc.aws_subnet.private_subnet1",
            "module.vpc.aws_subnet.private_subnet2",
            "module.vpc.aws_subnet.public_subnet1",
            "module.vpc.aws_subnet.public_subnet2",
            "module.vpc.aws_vpc.vpc",
            "module.vpc.aws_vpc_endpoint.s3_gateway",
            "module.vpc.data.aws_availability_zones.azs"
          ]
        }
      ]
    },
    {
      "module": "module.acm-route53-cloudfront-waf",
      "mode": "managed",
      "type": "aws_cloudfront_distribution",
      "name": "cloudfront-web-elb-distribution",
      "provider": "provider[\"registry.terraform.io/hashicorp/aws\"].us-east-1",
      "instances": [
        {
          "schema_version": 1,
          "attributes": {
            "aliases": [
              "hellowaws.shop",
              "www.hellowaws.shop"
            ],
            "arn": "arn:aws:cloudfront::891377163278:distribution/E1F746SK0ZOE5C",
            "caller_reference": "terraform-20240610003032405400000002",
            "comment": null,
            "continuous_deployment_policy_id": "",
            "custom_error_response": [],
            "default_cache_behavior": [
              {
                "allowed_methods": [
                  "GET",
                  "HEAD",
                  "OPTIONS"
                ],
                "cache_policy_id": "",
                "cached_methods": [
                  "GET",
                  "HEAD"
                ],
                "compress": true,
                "default_ttl": 300,
                "field_level_encryption_id": "",
                "forwarded_values": [
                  {
                    "cookies": [
                      {
                        "forward": "none",
                        "whitelisted_names": []
                      }
                    ],
                    "headers": [],
                    "query_string": false,
                    "query_string_cache_keys": []
                  }
                ],
                "function_association": [],
                "lambda_function_association": [],
                "max_ttl": 3600,
                "min_ttl": 0,
                "origin_request_policy_id": "",
                "realtime_log_config_arn": "",
                "response_headers_policy_id": "",
                "smooth_streaming": false,
                "target_origin_id": "my-web-alb",
                "trusted_key_groups": [],
                "trusted_signers": [],
                "viewer_protocol_policy": "redirect-to-https"
              }
            ],
            "default_root_object": "",
            "domain_name": "d1w29d6balx66y.cloudfront.net",
            "enabled": true,
            "etag": "E1FJ6MNEMTSES1",
            "hosted_zone_id": "Z2FDTNDATAQYW2",
            "http_version": "http2",
            "id": "E1F746SK0ZOE5C",
            "in_progress_validation_batches": 0,
            "is_ipv6_enabled": true,
            "last_modified_time": "2024-06-10 00:30:31.538 +0000 UTC",
            "logging_config": [],
            "ordered_cache_behavior": [
              {
                "allowed_methods": [
                  "DELETE",
                  "GET",
                  "HEAD",
                  "OPTIONS",
                  "PATCH",
                  "POST",
                  "PUT"
                ],
                "cache_policy_id": "",
                "cached_methods": [
                  "GET",
                  "HEAD"
                ],
                "compress": true,
                "default_ttl": 0,
                "field_level_encryption_id": "",
                "forwarded_values": [
                  {
                    "cookies": [
                      {
                        "forward": "all",
                        "whitelisted_names": null
                      }
                    ],
                    "headers": [],
                    "query_string": true,
                    "query_string_cache_keys": []
                  }
                ],
                "function_association": [],
                "lambda_function_association": [],
                "max_ttl": 0,
                "min_ttl": 0,
                "origin_request_policy_id": "",
                "path_pattern": "/attendance",
                "realtime_log_config_arn": "",
                "response_headers_policy_id": "",
                "smooth_streaming": false,
                "target_origin_id": "my-web-alb",
                "trusted_key_groups": null,
                "trusted_signers": null,
                "viewer_protocol_policy": "redirect-to-https"
              }
            ],
            "origin": [
              {
                "connection_attempts": 3,
                "connection_timeout": 10,
                "custom_header": [
                  {
                    "name": "my-header",
                    "value": "hellowaws"
                  }
                ],
                "custom_origin_config": [
                  {
                    "http_port": 80,
                    "https_port": 443,
                    "origin_keepalive_timeout": 5,
                    "origin_protocol_policy": "http-only",
                    "origin_read_timeout": 30,
                    "origin_ssl_protocols": [
                      "TLSv1.2"
                    ]
                  }
                ],
                "domain_name": "Web-elb-1262889396.ca-central-1.elb.amazonaws.com",
                "origin_access_control_id": "",
                "origin_id": "my-web-alb",
                "origin_path": "",
                "origin_shield": [],
                "s3_origin_config": []
              }
            ],
            "origin_group": [],
            "price_class": "PriceClass_100",
            "restrictions": [
              {
                "geo_restriction": [
                  {
                    "locations": [],
                    "restriction_type": "none"
                  }
                ]
              }
            ],
            "retain_on_delete": false,
            "staging": false,
            "status": "Deployed",
            "tags": {
              "Name": "hellowaws_CLOUDFRONT",
              "createDate": "20240610",
              "owner": "ktd-admin"
            },
            "tags_all": {
              "Name": "hellowaws_CLOUDFRONT",
              "createDate": "20240610",
              "owner": "ktd-admin"
            },
            "trusted_key_groups": [
              {
                "enabled": false,
                "items": []
              }
            ],
            "trusted_signers": [
              {
                "enabled": false,
                "items": []
              }
            ],
            "viewer_certificate": [
              {
                "acm_certificate_arn": "arn:aws:acm:us-east-1:891377163278:certificate/10f73a05-f679-4b07-8bb6-892b50767f7a",
                "cloudfront_default_certificate": false,
                "iam_certificate_id": "",
                "minimum_protocol_version": "TLSv1.2_2021",
                "ssl_support_method": "sni-only"
              }
            ],
            "wait_for_deployment": true,
            "web_acl_id": "arn:aws:wafv2:us-east-1:891377163278:global/webacl/hellowaws_WAF/9c430684-f5c5-491d-b51f-7ca6d4fc7e1f"
          },
          "sensitive_attributes": [],
          "private": "eyJzY2hlbWFfdmVyc2lvbiI6IjEifQ==",
          "dependencies": [
            "module.acm-route53-cloudfront-waf.aws_acm_certificate.cert",
            "module.acm-route53-cloudfront-waf.aws_acm_certificate_validation.cert",
            "module.acm-route53-cloudfront-waf.aws_route53_record.cert_validation",
            "module.acm-route53-cloudfront-waf.aws_wafv2_web_acl.web_acl",
            "module.acm-route53-cloudfront-waf.data.aws_route53_zone.zone",
            "module.alb.aws_lb.App-elb",
            "module.alb.aws_lb.Web-elb",
            "module.alb.aws_lb_target_group.app-tg",
            "module.alb.aws_lb_target_group.web-tg",
            "module.alb.data.aws_security_group.app-alb-sg",
            "module.alb.data.aws_security_group.web-alb-sg",
            "module.alb.data.aws_subnet.private_subnet1",
            "module.alb.data.aws_subnet.private_subnet2",
            "module.alb.data.aws_subnet.public_subnet1",
            "module.alb.data.aws_subnet.public_subnet2",
            "module.alb.data.aws_vpc.vpc",
            "module.ami.aws_ami_from_instance.ktd_ami",
            "module.ami.aws_instance.bastion",
            "module.ami.data.aws_subnet.subnet",
            "module.ami.data.aws_vpc.vpc",
            "module.autoscaling.aws_autoscaling_group.App-ASG",
            "module.autoscaling.aws_autoscaling_group.Web-ASG",
            "module.autoscaling.aws_autoscaling_policy.app-custom-cpu-policy",
            "module.autoscaling.aws_autoscaling_policy.app-custom-cpu-policy-scaleIn",
            "module.autoscaling.aws_cloudwatch_metric_alarm.app-custom-cpu-alarm",
            "module.autoscaling.aws_cloudwatch_metric_alarm.app-custom-cpu-alarm-scaleIn",
            "module.autoscaling.aws_launch_template.App-LC",
            "module.autoscaling.aws_launch_template.Web-LC",
            "module.autoscaling.data.aws_subnet.private_subnet1",
            "module.autoscaling.data.aws_subnet.private_subnet2",
            "module.iam.aws_iam_instance_profile.instance-profile",
            "module.iam.aws_iam_role.codebuild_role",
            "module.iam.aws_iam_role.iam_role",
            "module.iam.aws_iam_role_policy.iam-policy",
            "module.repository.aws_codecommit_repository.sourcecode-repository",
            "module.security-group.aws_security_group.app-alb-sg",
            "module.security-group.aws_security_group.app-tier-sg",
            "module.security-group.aws_security_group.bastion-sg",
            "module.security-group.aws_security_group.database-sg",
            "module.security-group.aws_security_group.redis-sg",
            "module.security-group.aws_security_group.web-alb-sg",
            "module.security-group.aws_security_group.web-tier-sg",
            "module.security-group.data.aws_vpc.vpc",
            "module.vpc.aws_eip.eip1",
            "module.vpc.aws_eip.eip2",
            "module.vpc.aws_internet_gateway.igw",
            "module.vpc.aws_nat_gateway.ngw1",
            "module.vpc.aws_nat_gateway.ngw2",
            "module.vpc.aws_route_table.db-rt1",
            "module.vpc.aws_route_table.db-rt2",
            "module.vpc.aws_route_table.private-rt1",
            "module.vpc.aws_route_table.private-rt2",
            "module.vpc.aws_route_table.public-rt",
            "module.vpc.aws_route_table_association.db-rt-association1",
            "module.vpc.aws_route_table_association.db-rt-association2",
            "module.vpc.aws_route_table_association.private-rt-association1",
            "module.vpc.aws_route_table_association.private-rt-association2",
            "module.vpc.aws_route_table_association.public-rt-association1",
            "module.vpc.aws_route_table_association.public-rt-association2",
            "module.vpc.aws_subnet.db_subnet1",
            "module.vpc.aws_subnet.db_subnet2",
            "module.vpc.aws_subnet.private_subnet1",
            "module.vpc.aws_subnet.private_subnet2",
            "module.vpc.aws_subnet.public_subnet1",
            "module.vpc.aws_subnet.public_subnet2",
            "module.vpc.aws_vpc.vpc",
            "module.vpc.aws_vpc_endpoint.s3_gateway",
            "module.vpc.data.aws_availability_zones.azs"
          ]
        }
      ]
    },
    {
      "module": "module.acm-route53-cloudfront-waf",
      "mode": "managed",
      "type": "aws_route53_record",
      "name": "apex",
      "provider": "provider[\"registry.terraform.io/hashicorp/aws\"].us-east-1",
      "instances": [
        {
          "schema_version": 2,
          "attributes": {
            "alias": [
              {
                "evaluate_target_health": false,
                "name": "d1w29d6balx66y.cloudfront.net",
                "zone_id": "Z2FDTNDATAQYW2"
              }
            ],
            "allow_overwrite": null,
            "cidr_routing_policy": [],
            "failover_routing_policy": [],
            "fqdn": "hellowaws.shop",
            "geolocation_routing_policy": [],
            "geoproximity_routing_policy": [],
            "health_check_id": "",
            "id": "Z09337713DH1223XGPI4M_hellowaws.shop_A",
            "latency_routing_policy": [],
            "multivalue_answer_routing_policy": false,
            "name": "hellowaws.shop",
            "records": null,
            "set_identifier": "",
            "ttl": 0,
            "type": "A",
            "weighted_routing_policy": [],
            "zone_id": "Z09337713DH1223XGPI4M"
          },
          "sensitive_attributes": [],
          "private": "eyJzY2hlbWFfdmVyc2lvbiI6IjIifQ==",
          "dependencies": [
            "module.acm-route53-cloudfront-waf.aws_acm_certificate.cert",
            "module.acm-route53-cloudfront-waf.aws_acm_certificate_validation.cert",
            "module.acm-route53-cloudfront-waf.aws_cloudfront_distribution.cloudfront-web-elb-distribution",
            "module.acm-route53-cloudfront-waf.aws_route53_record.cert_validation",
            "module.acm-route53-cloudfront-waf.aws_wafv2_web_acl.web_acl",
            "module.acm-route53-cloudfront-waf.data.aws_route53_zone.zone",
            "module.alb.aws_lb.App-elb",
            "module.alb.aws_lb.Web-elb",
            "module.alb.aws_lb_target_group.app-tg",
            "module.alb.aws_lb_target_group.web-tg",
            "module.alb.data.aws_security_group.app-alb-sg",
            "module.alb.data.aws_security_group.web-alb-sg",
            "module.alb.data.aws_subnet.private_subnet1",
            "module.alb.data.aws_subnet.private_subnet2",
            "module.alb.data.aws_subnet.public_subnet1",
            "module.alb.data.aws_subnet.public_subnet2",
            "module.alb.data.aws_vpc.vpc",
            "module.ami.aws_ami_from_instance.ktd_ami",
            "module.ami.aws_instance.bastion",
            "module.ami.data.aws_subnet.subnet",
            "module.ami.data.aws_vpc.vpc",
            "module.autoscaling.aws_autoscaling_group.App-ASG",
            "module.autoscaling.aws_autoscaling_group.Web-ASG",
            "module.autoscaling.aws_autoscaling_policy.app-custom-cpu-policy",
            "module.autoscaling.aws_autoscaling_policy.app-custom-cpu-policy-scaleIn",
            "module.autoscaling.aws_cloudwatch_metric_alarm.app-custom-cpu-alarm",
            "module.autoscaling.aws_cloudwatch_metric_alarm.app-custom-cpu-alarm-scaleIn",
            "module.autoscaling.aws_launch_template.App-LC",
            "module.autoscaling.aws_launch_template.Web-LC",
            "module.autoscaling.data.aws_subnet.private_subnet1",
            "module.autoscaling.data.aws_subnet.private_subnet2",
            "module.iam.aws_iam_instance_profile.instance-profile",
            "module.iam.aws_iam_role.codebuild_role",
            "module.iam.aws_iam_role.iam_role",
            "module.iam.aws_iam_role_policy.iam-policy",
            "module.repository.aws_codecommit_repository.sourcecode-repository",
            "module.security-group.aws_security_group.app-alb-sg",
            "module.security-group.aws_security_group.app-tier-sg",
            "module.security-group.aws_security_group.bastion-sg",
            "module.security-group.aws_security_group.database-sg",
            "module.security-group.aws_security_group.redis-sg",
            "module.security-group.aws_security_group.web-alb-sg",
            "module.security-group.aws_security_group.web-tier-sg",
            "module.security-group.data.aws_vpc.vpc",
            "module.vpc.aws_eip.eip1",
            "module.vpc.aws_eip.eip2",
            "module.vpc.aws_internet_gateway.igw",
            "module.vpc.aws_nat_gateway.ngw1",
            "module.vpc.aws_nat_gateway.ngw2",
            "module.vpc.aws_route_table.db-rt1",
            "module.vpc.aws_route_table.db-rt2",
            "module.vpc.aws_route_table.private-rt1",
            "module.vpc.aws_route_table.private-rt2",
            "module.vpc.aws_route_table.public-rt",
            "module.vpc.aws_route_table_association.db-rt-association1",
            "module.vpc.aws_route_table_association.db-rt-association2",
            "module.vpc.aws_route_table_association.private-rt-association1",
            "module.vpc.aws_route_table_association.private-rt-association2",
            "module.vpc.aws_route_table_association.public-rt-association1",
            "module.vpc.aws_route_table_association.public-rt-association2",
            "module.vpc.aws_subnet.db_subnet1",
            "module.vpc.aws_subnet.db_subnet2",
            "module.vpc.aws_subnet.private_subnet1",
            "module.vpc.aws_subnet.private_subnet2",
            "module.vpc.aws_subnet.public_subnet1",
            "module.vpc.aws_subnet.public_subnet2",
            "module.vpc.aws_vpc.vpc",
            "module.vpc.aws_vpc_endpoint.s3_gateway",
            "module.vpc.data.aws_availability_zones.azs"
          ]
        }
      ]
    },
    {
      "module": "module.acm-route53-cloudfront-waf",
      "mode": "managed",
      "type": "aws_route53_record",
      "name": "cert_validation",
      "provider": "provider[\"registry.terraform.io/hashicorp/aws\"].us-east-1",
      "instances": [
        {
          "index_key": "hellowaws.shop",
          "schema_version": 2,
          "attributes": {
            "alias": [],
            "allow_overwrite": true,
            "cidr_routing_policy": [],
            "failover_routing_policy": [],
            "fqdn": "_7f19658f7298968af63cd5584d8f500f.hellowaws.shop",
            "geolocation_routing_policy": [],
            "geoproximity_routing_policy": [],
            "health_check_id": "",
            "id": "Z09337713DH1223XGPI4M__7f19658f7298968af63cd5584d8f500f.hellowaws.shop._CNAME",
            "latency_routing_policy": [],
            "multivalue_answer_routing_policy": false,
            "name": "_7f19658f7298968af63cd5584d8f500f.hellowaws.shop",
            "records": [
              "_76dca5cad0fc245e743f1f392cd68536.mhbtsbpdnt.acm-validations.aws."
            ],
            "set_identifier": "",
            "ttl": 60,
            "type": "CNAME",
            "weighted_routing_policy": [],
            "zone_id": "Z09337713DH1223XGPI4M"
          },
          "sensitive_attributes": [],
          "private": "eyJzY2hlbWFfdmVyc2lvbiI6IjIifQ==",
          "dependencies": [
            "module.acm-route53-cloudfront-waf.aws_acm_certificate.cert",
            "module.acm-route53-cloudfront-waf.data.aws_route53_zone.zone",
            "module.alb.aws_lb.App-elb",
            "module.alb.aws_lb_target_group.app-tg",
            "module.alb.aws_lb_target_group.web-tg",
            "module.alb.data.aws_security_group.app-alb-sg",
            "module.alb.data.aws_subnet.private_subnet1",
            "module.alb.data.aws_subnet.private_subnet2",
            "module.alb.data.aws_vpc.vpc",
            "module.ami.aws_ami_from_instance.ktd_ami",
            "module.ami.aws_instance.bastion",
            "module.ami.data.aws_subnet.subnet",
            "module.ami.data.aws_vpc.vpc",
            "module.autoscaling.aws_autoscaling_group.App-ASG",
            "module.autoscaling.aws_autoscaling_group.Web-ASG",
            "module.autoscaling.aws_autoscaling_policy.app-custom-cpu-policy",
            "module.autoscaling.aws_autoscaling_policy.app-custom-cpu-policy-scaleIn",
            "module.autoscaling.aws_cloudwatch_metric_alarm.app-custom-cpu-alarm",
            "module.autoscaling.aws_cloudwatch_metric_alarm.app-custom-cpu-alarm-scaleIn",
            "module.autoscaling.aws_launch_template.App-LC",
            "module.autoscaling.aws_launch_template.Web-LC",
            "module.autoscaling.data.aws_subnet.private_subnet1",
            "module.autoscaling.data.aws_subnet.private_subnet2",
            "module.iam.aws_iam_instance_profile.instance-profile",
            "module.iam.aws_iam_role.codebuild_role",
            "module.iam.aws_iam_role.iam_role",
            "module.iam.aws_iam_role_policy.iam-policy",
            "module.repository.aws_codecommit_repository.sourcecode-repository",
            "module.security-group.aws_security_group.app-alb-sg",
            "module.security-group.aws_security_group.app-tier-sg",
            "module.security-group.aws_security_group.bastion-sg",
            "module.security-group.aws_security_group.database-sg",
            "module.security-group.aws_security_group.redis-sg",
            "module.security-group.aws_security_group.web-alb-sg",
            "module.security-group.aws_security_group.web-tier-sg",
            "module.security-group.data.aws_vpc.vpc",
            "module.vpc.aws_eip.eip1",
            "module.vpc.aws_eip.eip2",
            "module.vpc.aws_internet_gateway.igw",
            "module.vpc.aws_nat_gateway.ngw1",
            "module.vpc.aws_nat_gateway.ngw2",
            "module.vpc.aws_route_table.db-rt1",
            "module.vpc.aws_route_table.db-rt2",
            "module.vpc.aws_route_table.private-rt1",
            "module.vpc.aws_route_table.private-rt2",
            "module.vpc.aws_route_table.public-rt",
            "module.vpc.aws_route_table_association.db-rt-association1",
            "module.vpc.aws_route_table_association.db-rt-association2",
            "module.vpc.aws_route_table_association.private-rt-association1",
            "module.vpc.aws_route_table_association.private-rt-association2",
            "module.vpc.aws_route_table_association.public-rt-association1",
            "module.vpc.aws_route_table_association.public-rt-association2",
            "module.vpc.aws_subnet.db_subnet1",
            "module.vpc.aws_subnet.db_subnet2",
            "module.vpc.aws_subnet.private_subnet1",
            "module.vpc.aws_subnet.private_subnet2",
            "module.vpc.aws_subnet.public_subnet1",
            "module.vpc.aws_subnet.public_subnet2",
            "module.vpc.aws_vpc.vpc",
            "module.vpc.aws_vpc_endpoint.s3_gateway",
            "module.vpc.data.aws_availability_zones.azs"
          ]
        },
        {
          "index_key": "www.hellowaws.shop",
          "schema_version": 2,
          "attributes": {
            "alias": [],
            "allow_overwrite": true,
            "cidr_routing_policy": [],
            "failover_routing_policy": [],
            "fqdn": "_a84098457ff3e7498a54e2ecf341e4be.www.hellowaws.shop",
            "geolocation_routing_policy": [],
            "geoproximity_routing_policy": [],
            "health_check_id": "",
            "id": "Z09337713DH1223XGPI4M__a84098457ff3e7498a54e2ecf341e4be.www.hellowaws.shop._CNAME",
            "latency_routing_policy": [],
            "multivalue_answer_routing_policy": false,
            "name": "_a84098457ff3e7498a54e2ecf341e4be.www.hellowaws.shop",
            "records": [
              "_a1f8bb890f2d7f08d4fd6e0e312257ac.mhbtsbpdnt.acm-validations.aws."
            ],
            "set_identifier": "",
            "ttl": 60,
            "type": "CNAME",
            "weighted_routing_policy": [],
            "zone_id": "Z09337713DH1223XGPI4M"
          },
          "sensitive_attributes": [],
          "private": "eyJzY2hlbWFfdmVyc2lvbiI6IjIifQ==",
          "dependencies": [
            "module.acm-route53-cloudfront-waf.aws_acm_certificate.cert",
            "module.acm-route53-cloudfront-waf.data.aws_route53_zone.zone",
            "module.alb.aws_lb.App-elb",
            "module.alb.aws_lb_target_group.app-tg",
            "module.alb.aws_lb_target_group.web-tg",
            "module.alb.data.aws_security_group.app-alb-sg",
            "module.alb.data.aws_subnet.private_subnet1",
            "module.alb.data.aws_subnet.private_subnet2",
            "module.alb.data.aws_vpc.vpc",
            "module.ami.aws_ami_from_instance.ktd_ami",
            "module.ami.aws_instance.bastion",
            "module.ami.data.aws_subnet.subnet",
            "module.ami.data.aws_vpc.vpc",
            "module.autoscaling.aws_autoscaling_group.App-ASG",
            "module.autoscaling.aws_autoscaling_group.Web-ASG",
            "module.autoscaling.aws_autoscaling_policy.app-custom-cpu-policy",
            "module.autoscaling.aws_autoscaling_policy.app-custom-cpu-policy-scaleIn",
            "module.autoscaling.aws_cloudwatch_metric_alarm.app-custom-cpu-alarm",
            "module.autoscaling.aws_cloudwatch_metric_alarm.app-custom-cpu-alarm-scaleIn",
            "module.autoscaling.aws_launch_template.App-LC",
            "module.autoscaling.aws_launch_template.Web-LC",
            "module.autoscaling.data.aws_subnet.private_subnet1",
            "module.autoscaling.data.aws_subnet.private_subnet2",
            "module.iam.aws_iam_instance_profile.instance-profile",
            "module.iam.aws_iam_role.codebuild_role",
            "module.iam.aws_iam_role.iam_role",
            "module.iam.aws_iam_role_policy.iam-policy",
            "module.repository.aws_codecommit_repository.sourcecode-repository",
            "module.security-group.aws_security_group.app-alb-sg",
            "module.security-group.aws_security_group.app-tier-sg",
            "module.security-group.aws_security_group.bastion-sg",
            "module.security-group.aws_security_group.database-sg",
            "module.security-group.aws_security_group.redis-sg",
            "module.security-group.aws_security_group.web-alb-sg",
            "module.security-group.aws_security_group.web-tier-sg",
            "module.security-group.data.aws_vpc.vpc",
            "module.vpc.aws_eip.eip1",
            "module.vpc.aws_eip.eip2",
            "module.vpc.aws_internet_gateway.igw",
            "module.vpc.aws_nat_gateway.ngw1",
            "module.vpc.aws_nat_gateway.ngw2",
            "module.vpc.aws_route_table.db-rt1",
            "module.vpc.aws_route_table.db-rt2",
            "module.vpc.aws_route_table.private-rt1",
            "module.vpc.aws_route_table.private-rt2",
            "module.vpc.aws_route_table.public-rt",
            "module.vpc.aws_route_table_association.db-rt-association1",
            "module.vpc.aws_route_table_association.db-rt-association2",
            "module.vpc.aws_route_table_association.private-rt-association1",
            "module.vpc.aws_route_table_association.private-rt-association2",
            "module.vpc.aws_route_table_association.public-rt-association1",
            "module.vpc.aws_route_table_association.public-rt-association2",
            "module.vpc.aws_subnet.db_subnet1",
            "module.vpc.aws_subnet.db_subnet2",
            "module.vpc.aws_subnet.private_subnet1",
            "module.vpc.aws_subnet.private_subnet2",
            "module.vpc.aws_subnet.public_subnet1",
            "module.vpc.aws_subnet.public_subnet2",
            "module.vpc.aws_vpc.vpc",
            "module.vpc.aws_vpc_endpoint.s3_gateway",
            "module.vpc.data.aws_availability_zones.azs"
          ]
        }
      ]
    },
    {
      "module": "module.acm-route53-cloudfront-waf",
      "mode": "managed",
      "type": "aws_route53_record",
      "name": "www",
      "provider": "provider[\"registry.terraform.io/hashicorp/aws\"].us-east-1",
      "instances": [
        {
          "schema_version": 2,
          "attributes": {
            "alias": [
              {
                "evaluate_target_health": false,
                "name": "d1w29d6balx66y.cloudfront.net",
                "zone_id": "Z2FDTNDATAQYW2"
              }
            ],
            "allow_overwrite": null,
            "cidr_routing_policy": [],
            "failover_routing_policy": [],
            "fqdn": "www.hellowaws.shop",
            "geolocation_routing_policy": [],
            "geoproximity_routing_policy": [],
            "health_check_id": "",
            "id": "Z09337713DH1223XGPI4M_www.hellowaws.shop_A",
            "latency_routing_policy": [],
            "multivalue_answer_routing_policy": false,
            "name": "www.hellowaws.shop",
            "records": null,
            "set_identifier": "",
            "ttl": 0,
            "type": "A",
            "weighted_routing_policy": [],
            "zone_id": "Z09337713DH1223XGPI4M"
          },
          "sensitive_attributes": [],
          "private": "eyJzY2hlbWFfdmVyc2lvbiI6IjIifQ==",
          "dependencies": [
            "module.acm-route53-cloudfront-waf.aws_acm_certificate.cert",
            "module.acm-route53-cloudfront-waf.aws_acm_certificate_validation.cert",
            "module.acm-route53-cloudfront-waf.aws_cloudfront_distribution.cloudfront-web-elb-distribution",
            "module.acm-route53-cloudfront-waf.aws_route53_record.cert_validation",
            "module.acm-route53-cloudfront-waf.aws_wafv2_web_acl.web_acl",
            "module.acm-route53-cloudfront-waf.data.aws_route53_zone.zone",
            "module.alb.aws_lb.App-elb",
            "module.alb.aws_lb.Web-elb",
            "module.alb.aws_lb_target_group.app-tg",
            "module.alb.aws_lb_target_group.web-tg",
            "module.alb.data.aws_security_group.app-alb-sg",
            "module.alb.data.aws_security_group.web-alb-sg",
            "module.alb.data.aws_subnet.private_subnet1",
            "module.alb.data.aws_subnet.private_subnet2",
            "module.alb.data.aws_subnet.public_subnet1",
            "module.alb.data.aws_subnet.public_subnet2",
            "module.alb.data.aws_vpc.vpc",
            "module.ami.aws_ami_from_instance.ktd_ami",
            "module.ami.aws_instance.bastion",
            "module.ami.data.aws_subnet.subnet",
            "module.ami.data.aws_vpc.vpc",
            "module.autoscaling.aws_autoscaling_group.App-ASG",
            "module.autoscaling.aws_autoscaling_group.Web-ASG",
            "module.autoscaling.aws_autoscaling_policy.app-custom-cpu-policy",
            "module.autoscaling.aws_autoscaling_policy.app-custom-cpu-policy-scaleIn",
            "module.autoscaling.aws_cloudwatch_metric_alarm.app-custom-cpu-alarm",
            "module.autoscaling.aws_cloudwatch_metric_alarm.app-custom-cpu-alarm-scaleIn",
            "module.autoscaling.aws_launch_template.App-LC",
            "module.autoscaling.aws_launch_template.Web-LC",
            "module.autoscaling.data.aws_subnet.private_subnet1",
            "module.autoscaling.data.aws_subnet.private_subnet2",
            "module.iam.aws_iam_instance_profile.instance-profile",
            "module.iam.aws_iam_role.codebuild_role",
            "module.iam.aws_iam_role.iam_role",
            "module.iam.aws_iam_role_policy.iam-policy",
            "module.repository.aws_codecommit_repository.sourcecode-repository",
            "module.security-group.aws_security_group.app-alb-sg",
            "module.security-group.aws_security_group.app-tier-sg",
            "module.security-group.aws_security_group.bastion-sg",
            "module.security-group.aws_security_group.database-sg",
            "module.security-group.aws_security_group.redis-sg",
            "module.security-group.aws_security_group.web-alb-sg",
            "module.security-group.aws_security_group.web-tier-sg",
            "module.security-group.data.aws_vpc.vpc",
            "module.vpc.aws_eip.eip1",
            "module.vpc.aws_eip.eip2",
            "module.vpc.aws_internet_gateway.igw",
            "module.vpc.aws_nat_gateway.ngw1",
            "module.vpc.aws_nat_gateway.ngw2",
            "module.vpc.aws_route_table.db-rt1",
            "module.vpc.aws_route_table.db-rt2",
            "module.vpc.aws_route_table.private-rt1",
            "module.vpc.aws_route_table.private-rt2",
            "module.vpc.aws_route_table.public-rt",
            "module.vpc.aws_route_table_association.db-rt-association1",
            "module.vpc.aws_route_table_association.db-rt-association2",
            "module.vpc.aws_route_table_association.private-rt-association1",
            "module.vpc.aws_route_table_association.private-rt-association2",
            "module.vpc.aws_route_table_association.public-rt-association1",
            "module.vpc.aws_route_table_association.public-rt-association2",
            "module.vpc.aws_subnet.db_subnet1",
            "module.vpc.aws_subnet.db_subnet2",
            "module.vpc.aws_subnet.private_subnet1",
            "module.vpc.aws_subnet.private_subnet2",
            "module.vpc.aws_subnet.public_subnet1",
            "module.vpc.aws_subnet.public_subnet2",
            "module.vpc.aws_vpc.vpc",
            "module.vpc.aws_vpc_endpoint.s3_gateway",
            "module.vpc.data.aws_availability_zones.azs"
          ]
        }
      ]
    },
    {
      "module": "module.acm-route53-cloudfront-waf",
      "mode": "managed",
      "type": "aws_wafv2_web_acl",
      "name": "web_acl",
      "provider": "provider[\"registry.terraform.io/hashicorp/aws\"].us-east-1",
      "instances": [
        {
          "schema_version": 0,
          "attributes": {
            "application_integration_url": "",
            "arn": "arn:aws:wafv2:us-east-1:891377163278:global/webacl/hellowaws_WAF/9c430684-f5c5-491d-b51f-7ca6d4fc7e1f",
            "association_config": [],
            "capacity": 0,
            "captcha_config": [],
            "challenge_config": [],
            "custom_response_body": [],
            "default_action": [
              {
                "allow": [
                  {
                    "custom_request_handling": []
                  }
                ],
                "block": []
              }
            ],
            "description": "There are no rules in the initial state",
            "id": "9c430684-f5c5-491d-b51f-7ca6d4fc7e1f",
            "lock_token": "858ddbda-abd8-4425-92f5-9d9b166c0dd5",
            "name": "hellowaws_WAF",
            "rule": [],
            "scope": "CLOUDFRONT",
            "tags": {
              "Name": "hellowaws_WAF",
              "createDate": "20240610",
              "owner": "ktd-admin"
            },
            "tags_all": {
              "Name": "hellowaws_WAF",
              "createDate": "20240610",
              "owner": "ktd-admin"
            },
            "token_domains": null,
            "visibility_config": [
              {
                "cloudwatch_metrics_enabled": true,
                "metric_name": "BlockIPRuleMetrics",
                "sampled_requests_enabled": true
              }
            ]
          },
          "sensitive_attributes": [],
          "private": "bnVsbA==",
          "dependencies": [
            "module.alb.aws_lb.App-elb",
            "module.alb.aws_lb_target_group.app-tg",
            "module.alb.aws_lb_target_group.web-tg",
            "module.alb.data.aws_security_group.app-alb-sg",
            "module.alb.data.aws_subnet.private_subnet1",
            "module.alb.data.aws_subnet.private_subnet2",
            "module.alb.data.aws_vpc.vpc",
            "module.ami.aws_ami_from_instance.ktd_ami",
            "module.ami.aws_instance.bastion",
            "module.ami.data.aws_subnet.subnet",
            "module.ami.data.aws_vpc.vpc",
            "module.autoscaling.aws_autoscaling_group.App-ASG",
            "module.autoscaling.aws_autoscaling_group.Web-ASG",
            "module.autoscaling.aws_autoscaling_policy.app-custom-cpu-policy",
            "module.autoscaling.aws_autoscaling_policy.app-custom-cpu-policy-scaleIn",
            "module.autoscaling.aws_cloudwatch_metric_alarm.app-custom-cpu-alarm",
            "module.autoscaling.aws_cloudwatch_metric_alarm.app-custom-cpu-alarm-scaleIn",
            "module.autoscaling.aws_launch_template.App-LC",
            "module.autoscaling.aws_launch_template.Web-LC",
            "module.autoscaling.data.aws_subnet.private_subnet1",
            "module.autoscaling.data.aws_subnet.private_subnet2",
            "module.iam.aws_iam_instance_profile.instance-profile",
            "module.iam.aws_iam_role.codebuild_role",
            "module.iam.aws_iam_role.iam_role",
            "module.iam.aws_iam_role_policy.iam-policy",
            "module.repository.aws_codecommit_repository.sourcecode-repository",
            "module.security-group.aws_security_group.app-alb-sg",
            "module.security-group.aws_security_group.app-tier-sg",
            "module.security-group.aws_security_group.bastion-sg",
            "module.security-group.aws_security_group.database-sg",
            "module.security-group.aws_security_group.redis-sg",
            "module.security-group.aws_security_group.web-alb-sg",
            "module.security-group.aws_security_group.web-tier-sg",
            "module.security-group.data.aws_vpc.vpc",
            "module.vpc.aws_eip.eip1",
            "module.vpc.aws_eip.eip2",
            "module.vpc.aws_internet_gateway.igw",
            "module.vpc.aws_nat_gateway.ngw1",
            "module.vpc.aws_nat_gateway.ngw2",
            "module.vpc.aws_route_table.db-rt1",
            "module.vpc.aws_route_table.db-rt2",
            "module.vpc.aws_route_table.private-rt1",
            "module.vpc.aws_route_table.private-rt2",
            "module.vpc.aws_route_table.public-rt",
            "module.vpc.aws_route_table_association.db-rt-association1",
            "module.vpc.aws_route_table_association.db-rt-association2",
            "module.vpc.aws_route_table_association.private-rt-association1",
            "module.vpc.aws_route_table_association.private-rt-association2",
            "module.vpc.aws_route_table_association.public-rt-association1",
            "module.vpc.aws_route_table_association.public-rt-association2",
            "module.vpc.aws_subnet.db_subnet1",
            "module.vpc.aws_subnet.db_subnet2",
            "module.vpc.aws_subnet.private_subnet1",
            "module.vpc.aws_subnet.private_subnet2",
            "module.vpc.aws_subnet.public_subnet1",
            "module.vpc.aws_subnet.public_subnet2",
            "module.vpc.aws_vpc.vpc",
            "module.vpc.aws_vpc_endpoint.s3_gateway",
            "module.vpc.data.aws_availability_zones.azs"
          ]
        }
      ]
    },
    {
      "module": "module.alb",
      "mode": "data",
      "type": "aws_security_group",
      "name": "app-alb-sg",
      "provider": "provider[\"registry.terraform.io/hashicorp/aws\"]",
      "instances": [
        {
          "schema_version": 0,
          "attributes": {
            "arn": "arn:aws:ec2:ca-central-1:891377163278:security-group/sg-0734e10e3e65f349a",
            "description": "Allow HTTP and HTTPS for World",
            "filter": [
              {
                "name": "group-id",
                "values": [
                  "sg-0734e10e3e65f349a"
                ]
              },
              {
                "name": "tag:Name",
                "values": [
                  "hellowaws_app-alb-sg"
                ]
              }
            ],
            "id": "sg-0734e10e3e65f349a",
            "name": "app-alb-sg20240610-1225",
            "tags": {
              "Name": "hellowaws_app-alb-sg"
            },
            "timeouts": null,
            "vpc_id": "vpc-03cd39e1658cd90ab"
          },
          "sensitive_attributes": []
        }
      ]
    },
    {
      "module": "module.alb",
      "mode": "data",
      "type": "aws_security_group",
      "name": "web-alb-sg",
      "provider": "provider[\"registry.terraform.io/hashicorp/aws\"]",
      "instances": [
        {
          "schema_version": 0,
          "attributes": {
            "arn": "arn:aws:ec2:ca-central-1:891377163278:security-group/sg-0178268aec8981b50",
            "description": "Allow HTTP and HTTPS for World",
            "filter": [
              {
                "name": "group-id",
                "values": [
                  "sg-0178268aec8981b50"
                ]
              },
              {
                "name": "tag:Name",
                "values": [
                  "hellowaws_web-alb-sg"
                ]
              }
            ],
            "id": "sg-0178268aec8981b50",
            "name": "web-alb-sg20240610-1225",
            "tags": {
              "Name": "hellowaws_web-alb-sg"
            },
            "timeouts": null,
            "vpc_id": "vpc-03cd39e1658cd90ab"
          },
          "sensitive_attributes": []
        }
      ]
    },
    {
      "module": "module.alb",
      "mode": "data",
      "type": "aws_subnet",
      "name": "private_subnet1",
      "provider": "provider[\"registry.terraform.io/hashicorp/aws\"]",
      "instances": [
        {
          "schema_version": 0,
          "attributes": {
            "arn": "arn:aws:ec2:ca-central-1:891377163278:subnet/subnet-086fa0b5a9c41eb3c",
            "assign_ipv6_address_on_creation": false,
            "availability_zone": "ca-central-1a",
            "availability_zone_id": "cac1-az1",
            "available_ip_address_count": 1019,
            "cidr_block": "10.60.4.0/22",
            "customer_owned_ipv4_pool": "",
            "default_for_az": false,
            "enable_dns64": false,
            "enable_lni_at_device_index": 0,
            "enable_resource_name_dns_a_record_on_launch": false,
            "enable_resource_name_dns_aaaa_record_on_launch": false,
            "filter": [
              {
                "name": "tag:Name",
                "values": [
                  "hellowaws_private_subnet1"
                ]
              }
            ],
            "id": "subnet-086fa0b5a9c41eb3c",
            "ipv6_cidr_block": "",
            "ipv6_cidr_block_association_id": "",
            "ipv6_native": false,
            "map_customer_owned_ip_on_launch": false,
            "map_public_ip_on_launch": false,
            "outpost_arn": "",
            "owner_id": "891377163278",
            "private_dns_hostname_type_on_launch": "ip-name",
            "state": "available",
            "tags": {
              "Name": "hellowaws_private_subnet1"
            },
            "timeouts": null,
            "vpc_id": "vpc-03cd39e1658cd90ab"
          },
          "sensitive_attributes": []
        }
      ]
    },
    {
      "module": "module.alb",
      "mode": "data",
      "type": "aws_subnet",
      "name": "private_subnet2",
      "provider": "provider[\"registry.terraform.io/hashicorp/aws\"]",
      "instances": [
        {
          "schema_version": 0,
          "attributes": {
            "arn": "arn:aws:ec2:ca-central-1:891377163278:subnet/subnet-09a00937755c67418",
            "assign_ipv6_address_on_creation": false,
            "availability_zone": "ca-central-1b",
            "availability_zone_id": "cac1-az2",
            "available_ip_address_count": 1019,
            "cidr_block": "10.60.8.0/22",
            "customer_owned_ipv4_pool": "",
            "default_for_az": false,
            "enable_dns64": false,
            "enable_lni_at_device_index": 0,
            "enable_resource_name_dns_a_record_on_launch": false,
            "enable_resource_name_dns_aaaa_record_on_launch": false,
            "filter": [
              {
                "name": "tag:Name",
                "values": [
                  "hellowaws_private_subnet2"
                ]
              }
            ],
            "id": "subnet-09a00937755c67418",
            "ipv6_cidr_block": "",
            "ipv6_cidr_block_association_id": "",
            "ipv6_native": false,
            "map_customer_owned_ip_on_launch": false,
            "map_public_ip_on_launch": false,
            "outpost_arn": "",
            "owner_id": "891377163278",
            "private_dns_hostname_type_on_launch": "ip-name",
            "state": "available",
            "tags": {
              "Name": "hellowaws_private_subnet2"
            },
            "timeouts": null,
            "vpc_id": "vpc-03cd39e1658cd90ab"
          },
          "sensitive_attributes": []
        }
      ]
    },
    {
      "module": "module.alb",
      "mode": "data",
      "type": "aws_subnet",
      "name": "public_subnet1",
      "provider": "provider[\"registry.terraform.io/hashicorp/aws\"]",
      "instances": [
        {
          "schema_version": 0,
          "attributes": {
            "arn": "arn:aws:ec2:ca-central-1:891377163278:subnet/subnet-03d8a04cafe9497ce",
            "assign_ipv6_address_on_creation": false,
            "availability_zone": "ca-central-1a",
            "availability_zone_id": "cac1-az1",
            "available_ip_address_count": 250,
            "cidr_block": "10.60.0.0/24",
            "customer_owned_ipv4_pool": "",
            "default_for_az": false,
            "enable_dns64": false,
            "enable_lni_at_device_index": 0,
            "enable_resource_name_dns_a_record_on_launch": false,
            "enable_resource_name_dns_aaaa_record_on_launch": false,
            "filter": [
              {
                "name": "tag:Name",
                "values": [
                  "hellowaws_public_subnet1"
                ]
              }
            ],
            "id": "subnet-03d8a04cafe9497ce",
            "ipv6_cidr_block": "",
            "ipv6_cidr_block_association_id": "",
            "ipv6_native": false,
            "map_customer_owned_ip_on_launch": false,
            "map_public_ip_on_launch": true,
            "outpost_arn": "",
            "owner_id": "891377163278",
            "private_dns_hostname_type_on_launch": "ip-name",
            "state": "available",
            "tags": {
              "Name": "hellowaws_public_subnet1"
            },
            "timeouts": null,
            "vpc_id": "vpc-03cd39e1658cd90ab"
          },
          "sensitive_attributes": []
        }
      ]
    },
    {
      "module": "module.alb",
      "mode": "data",
      "type": "aws_subnet",
      "name": "public_subnet2",
      "provider": "provider[\"registry.terraform.io/hashicorp/aws\"]",
      "instances": [
        {
          "schema_version": 0,
          "attributes": {
            "arn": "arn:aws:ec2:ca-central-1:891377163278:subnet/subnet-0bae8b88e422d0176",
            "assign_ipv6_address_on_creation": false,
            "availability_zone": "ca-central-1b",
            "availability_zone_id": "cac1-az2",
            "available_ip_address_count": 250,
            "cidr_block": "10.60.1.0/24",
            "customer_owned_ipv4_pool": "",
            "default_for_az": false,
            "enable_dns64": false,
            "enable_lni_at_device_index": 0,
            "enable_resource_name_dns_a_record_on_launch": false,
            "enable_resource_name_dns_aaaa_record_on_launch": false,
            "filter": [
              {
                "name": "tag:Name",
                "values": [
                  "hellowaws_public_subnet2"
                ]
              }
            ],
            "id": "subnet-0bae8b88e422d0176",
            "ipv6_cidr_block": "",
            "ipv6_cidr_block_association_id": "",
            "ipv6_native": false,
            "map_customer_owned_ip_on_launch": false,
            "map_public_ip_on_launch": true,
            "outpost_arn": "",
            "owner_id": "891377163278",
            "private_dns_hostname_type_on_launch": "ip-name",
            "state": "available",
            "tags": {
              "Name": "hellowaws_public_subnet2"
            },
            "timeouts": null,
            "vpc_id": "vpc-03cd39e1658cd90ab"
          },
          "sensitive_attributes": []
        }
      ]
    },
    {
      "module": "module.alb",
      "mode": "data",
      "type": "aws_vpc",
      "name": "vpc",
      "provider": "provider[\"registry.terraform.io/hashicorp/aws\"]",
      "instances": [
        {
          "schema_version": 0,
          "attributes": {
            "arn": "arn:aws:ec2:ca-central-1:891377163278:vpc/vpc-03cd39e1658cd90ab",
            "cidr_block": "10.60.0.0/16",
            "cidr_block_associations": [
              {
                "association_id": "vpc-cidr-assoc-03a1a3915e3df99ba",
                "cidr_block": "10.60.0.0/16",
                "state": "associated"
              }
            ],
            "default": false,
            "dhcp_options_id": "dopt-07144a5022c83121e",
            "enable_dns_hostnames": true,
            "enable_dns_support": true,
            "enable_network_address_usage_metrics": false,
            "filter": [
              {
                "name": "tag:Name",
                "values": [
                  "hellowaws_VPC"
                ]
              }
            ],
            "id": "vpc-03cd39e1658cd90ab",
            "instance_tenancy": "default",
            "ipv6_association_id": "",
            "ipv6_cidr_block": "",
            "main_route_table_id": "rtb-0689d4bf6fe50c0c7",
            "owner_id": "891377163278",
            "state": null,
            "tags": {
              "Name": "hellowaws_VPC"
            },
            "timeouts": null
          },
          "sensitive_attributes": []
        }
      ]
    },
    {
      "module": "module.alb",
      "mode": "managed",
      "type": "aws_lb",
      "name": "App-elb",
      "provider": "provider[\"registry.terraform.io/hashicorp/aws\"]",
      "instances": [
        {
          "schema_version": 0,
          "attributes": {
            "access_logs": [
              {
                "bucket": "",
                "enabled": false,
                "prefix": ""
              }
            ],
            "arn": "arn:aws:elasticloadbalancing:ca-central-1:891377163278:loadbalancer/app/App-elb/562b3ead458abd02",
            "arn_suffix": "app/App-elb/562b3ead458abd02",
            "client_keep_alive": 3600,
            "connection_logs": [
              {
                "bucket": "",
                "enabled": false,
                "prefix": ""
              }
            ],
            "customer_owned_ipv4_pool": "",
            "desync_mitigation_mode": "defensive",
            "dns_name": "internal-App-elb-1346695092.ca-central-1.elb.amazonaws.com",
            "dns_record_client_routing_policy": null,
            "drop_invalid_header_fields": false,
            "enable_cross_zone_load_balancing": true,
            "enable_deletion_protection": false,
            "enable_http2": true,
            "enable_tls_version_and_cipher_suite_headers": false,
            "enable_waf_fail_open": false,
            "enable_xff_client_port": false,
            "enforce_security_group_inbound_rules_on_private_link_traffic": "",
            "id": "arn:aws:elasticloadbalancing:ca-central-1:891377163278:loadbalancer/app/App-elb/562b3ead458abd02",
            "idle_timeout": 60,
            "internal": true,
            "ip_address_type": "ipv4",
            "load_balancer_type": "application",
            "name": "App-elb",
            "name_prefix": "",
            "preserve_host_header": false,
            "security_groups": [
              "sg-0734e10e3e65f349a"
            ],
            "subnet_mapping": [
              {
                "allocation_id": "",
                "ipv6_address": "",
                "outpost_id": "",
                "private_ipv4_address": "",
                "subnet_id": "subnet-086fa0b5a9c41eb3c"
              },
              {
                "allocation_id": "",
                "ipv6_address": "",
                "outpost_id": "",
                "private_ipv4_address": "",
                "subnet_id": "subnet-09a00937755c67418"
              }
            ],
            "subnets": [
              "subnet-086fa0b5a9c41eb3c",
              "subnet-09a00937755c67418"
            ],
            "tags": {
              "Name": "App-elb"
            },
            "tags_all": {
              "Name": "App-elb"
            },
            "timeouts": null,
            "vpc_id": "vpc-03cd39e1658cd90ab",
            "xff_header_processing_mode": "append",
            "zone_id": "ZQSVJUPU6J1EY"
          },
          "sensitive_attributes": [],
          "private": "eyJlMmJmYjczMC1lY2FhLTExZTYtOGY4OC0zNDM2M2JjN2M0YzAiOnsiY3JlYXRlIjo2MDAwMDAwMDAwMDAsImRlbGV0ZSI6NjAwMDAwMDAwMDAwLCJ1cGRhdGUiOjYwMDAwMDAwMDAwMH19",
          "dependencies": [
            "module.alb.data.aws_security_group.app-alb-sg",
            "module.alb.data.aws_subnet.private_subnet1",
            "module.alb.data.aws_subnet.private_subnet2",
            "module.security-group.aws_security_group.app-alb-sg",
            "module.security-group.aws_security_group.app-tier-sg",
            "module.security-group.aws_security_group.bastion-sg",
            "module.security-group.aws_security_group.database-sg",
            "module.security-group.aws_security_group.redis-sg",
            "module.security-group.aws_security_group.web-alb-sg",
            "module.security-group.aws_security_group.web-tier-sg",
            "module.security-group.data.aws_vpc.vpc",
            "module.vpc.aws_eip.eip1",
            "module.vpc.aws_eip.eip2",
            "module.vpc.aws_internet_gateway.igw",
            "module.vpc.aws_nat_gateway.ngw1",
            "module.vpc.aws_nat_gateway.ngw2",
            "module.vpc.aws_route_table.db-rt1",
            "module.vpc.aws_route_table.db-rt2",
            "module.vpc.aws_route_table.private-rt1",
            "module.vpc.aws_route_table.private-rt2",
            "module.vpc.aws_route_table.public-rt",
            "module.vpc.aws_route_table_association.db-rt-association1",
            "module.vpc.aws_route_table_association.db-rt-association2",
            "module.vpc.aws_route_table_association.private-rt-association1",
            "module.vpc.aws_route_table_association.private-rt-association2",
            "module.vpc.aws_route_table_association.public-rt-association1",
            "module.vpc.aws_route_table_association.public-rt-association2",
            "module.vpc.aws_subnet.db_subnet1",
            "module.vpc.aws_subnet.db_subnet2",
            "module.vpc.aws_subnet.private_subnet1",
            "module.vpc.aws_subnet.private_subnet2",
            "module.vpc.aws_subnet.public_subnet1",
            "module.vpc.aws_subnet.public_subnet2",
            "module.vpc.aws_vpc.vpc",
            "module.vpc.aws_vpc_endpoint.s3_gateway",
            "module.vpc.data.aws_availability_zones.azs"
          ],
          "create_before_destroy": true
        }
      ]
    },
    {
      "module": "module.alb",
      "mode": "managed",
      "type": "aws_lb",
      "name": "Web-elb",
      "provider": "provider[\"registry.terraform.io/hashicorp/aws\"]",
      "instances": [
        {
          "schema_version": 0,
          "attributes": {
            "access_logs": [
              {
                "bucket": "",
                "enabled": false,
                "prefix": ""
              }
            ],
            "arn": "arn:aws:elasticloadbalancing:ca-central-1:891377163278:loadbalancer/app/Web-elb/e8d930b23533f247",
            "arn_suffix": "app/Web-elb/e8d930b23533f247",
            "client_keep_alive": 3600,
            "connection_logs": [
              {
                "bucket": "",
                "enabled": false,
                "prefix": ""
              }
            ],
            "customer_owned_ipv4_pool": "",
            "desync_mitigation_mode": "defensive",
            "dns_name": "Web-elb-1262889396.ca-central-1.elb.amazonaws.com",
            "dns_record_client_routing_policy": null,
            "drop_invalid_header_fields": false,
            "enable_cross_zone_load_balancing": true,
            "enable_deletion_protection": false,
            "enable_http2": true,
            "enable_tls_version_and_cipher_suite_headers": false,
            "enable_waf_fail_open": false,
            "enable_xff_client_port": false,
            "enforce_security_group_inbound_rules_on_private_link_traffic": "",
            "id": "arn:aws:elasticloadbalancing:ca-central-1:891377163278:loadbalancer/app/Web-elb/e8d930b23533f247",
            "idle_timeout": 60,
            "internal": false,
            "ip_address_type": "ipv4",
            "load_balancer_type": "application",
            "name": "Web-elb",
            "name_prefix": "",
            "preserve_host_header": false,
            "security_groups": [
              "sg-0178268aec8981b50"
            ],
            "subnet_mapping": [
              {
                "allocation_id": "",
                "ipv6_address": "",
                "outpost_id": "",
                "private_ipv4_address": "",
                "subnet_id": "subnet-03d8a04cafe9497ce"
              },
              {
                "allocation_id": "",
                "ipv6_address": "",
                "outpost_id": "",
                "private_ipv4_address": "",
                "subnet_id": "subnet-0bae8b88e422d0176"
              }
            ],
            "subnets": [
              "subnet-03d8a04cafe9497ce",
              "subnet-0bae8b88e422d0176"
            ],
            "tags": {
              "Name": "Web-elb",
              "createDate": "20240610",
              "owner": "ktd-admin"
            },
            "tags_all": {
              "Name": "Web-elb",
              "createDate": "20240610",
              "owner": "ktd-admin"
            },
            "timeouts": null,
            "vpc_id": "vpc-03cd39e1658cd90ab",
            "xff_header_processing_mode": "append",
            "zone_id": "ZQSVJUPU6J1EY"
          },
          "sensitive_attributes": [],
          "private": "eyJlMmJmYjczMC1lY2FhLTExZTYtOGY4OC0zNDM2M2JjN2M0YzAiOnsiY3JlYXRlIjo2MDAwMDAwMDAwMDAsImRlbGV0ZSI6NjAwMDAwMDAwMDAwLCJ1cGRhdGUiOjYwMDAwMDAwMDAwMH19",
          "dependencies": [
            "module.alb.data.aws_security_group.web-alb-sg",
            "module.alb.data.aws_subnet.public_subnet1",
            "module.alb.data.aws_subnet.public_subnet2",
            "module.security-group.aws_security_group.app-alb-sg",
            "module.security-group.aws_security_group.app-tier-sg",
            "module.security-group.aws_security_group.bastion-sg",
            "module.security-group.aws_security_group.database-sg",
            "module.security-group.aws_security_group.redis-sg",
            "module.security-group.aws_security_group.web-alb-sg",
            "module.security-group.aws_security_group.web-tier-sg",
            "module.security-group.data.aws_vpc.vpc",
            "module.vpc.aws_eip.eip1",
            "module.vpc.aws_eip.eip2",
            "module.vpc.aws_internet_gateway.igw",
            "module.vpc.aws_nat_gateway.ngw1",
            "module.vpc.aws_nat_gateway.ngw2",
            "module.vpc.aws_route_table.db-rt1",
            "module.vpc.aws_route_table.db-rt2",
            "module.vpc.aws_route_table.private-rt1",
            "module.vpc.aws_route_table.private-rt2",
            "module.vpc.aws_route_table.public-rt",
            "module.vpc.aws_route_table_association.db-rt-association1",
            "module.vpc.aws_route_table_association.db-rt-association2",
            "module.vpc.aws_route_table_association.private-rt-association1",
            "module.vpc.aws_route_table_association.private-rt-association2",
            "module.vpc.aws_route_table_association.public-rt-association1",
            "module.vpc.aws_route_table_association.public-rt-association2",
            "module.vpc.aws_subnet.db_subnet1",
            "module.vpc.aws_subnet.db_subnet2",
            "module.vpc.aws_subnet.private_subnet1",
            "module.vpc.aws_subnet.private_subnet2",
            "module.vpc.aws_subnet.public_subnet1",
            "module.vpc.aws_subnet.public_subnet2",
            "module.vpc.aws_vpc.vpc",
            "module.vpc.aws_vpc_endpoint.s3_gateway",
            "module.vpc.data.aws_availability_zones.azs"
          ]
        }
      ]
    },
    {
      "module": "module.alb",
      "mode": "managed",
      "type": "aws_lb_listener",
      "name": "app-alb-listener",
      "provider": "provider[\"registry.terraform.io/hashicorp/aws\"]",
      "instances": [
        {
          "schema_version": 0,
          "attributes": {
            "alpn_policy": null,
            "arn": "arn:aws:elasticloadbalancing:ca-central-1:891377163278:listener/app/App-elb/562b3ead458abd02/14ee4ea5265effff",
            "certificate_arn": null,
            "default_action": [
              {
                "authenticate_cognito": [],
                "authenticate_oidc": [],
                "fixed_response": [],
                "forward": [],
                "order": 1,
                "redirect": [],
                "target_group_arn": "arn:aws:elasticloadbalancing:ca-central-1:891377163278:targetgroup/App-TG20240610-1225/7b78ec20308a1628",
                "type": "forward"
              }
            ],
            "id": "arn:aws:elasticloadbalancing:ca-central-1:891377163278:listener/app/App-elb/562b3ead458abd02/14ee4ea5265effff",
            "load_balancer_arn": "arn:aws:elasticloadbalancing:ca-central-1:891377163278:loadbalancer/app/App-elb/562b3ead458abd02",
            "mutual_authentication": [],
            "port": 8080,
            "protocol": "HTTP",
            "ssl_policy": "",
            "tags": {
              "Name": "aws_lb_listener.app-alb-listener",
              "createDate": "20240610",
              "owner": "ktd-admin"
            },
            "tags_all": {
              "Name": "aws_lb_listener.app-alb-listener",
              "createDate": "20240610",
              "owner": "ktd-admin"
            },
            "timeouts": null
          },
          "sensitive_attributes": [],
          "private": "eyJlMmJmYjczMC1lY2FhLTExZTYtOGY4OC0zNDM2M2JjN2M0YzAiOnsiY3JlYXRlIjozMDAwMDAwMDAwMDAsInVwZGF0ZSI6MzAwMDAwMDAwMDAwfX0=",
          "dependencies": [
            "module.alb.aws_lb.App-elb",
            "module.alb.aws_lb_target_group.app-tg",
            "module.alb.data.aws_security_group.app-alb-sg",
            "module.alb.data.aws_subnet.private_subnet1",
            "module.alb.data.aws_subnet.private_subnet2",
            "module.alb.data.aws_vpc.vpc",
            "module.security-group.aws_security_group.app-alb-sg",
            "module.security-group.aws_security_group.app-tier-sg",
            "module.security-group.aws_security_group.bastion-sg",
            "module.security-group.aws_security_group.database-sg",
            "module.security-group.aws_security_group.redis-sg",
            "module.security-group.aws_security_group.web-alb-sg",
            "module.security-group.aws_security_group.web-tier-sg",
            "module.security-group.data.aws_vpc.vpc",
            "module.vpc.aws_eip.eip1",
            "module.vpc.aws_eip.eip2",
            "module.vpc.aws_internet_gateway.igw",
            "module.vpc.aws_nat_gateway.ngw1",
            "module.vpc.aws_nat_gateway.ngw2",
            "module.vpc.aws_route_table.db-rt1",
            "module.vpc.aws_route_table.db-rt2",
            "module.vpc.aws_route_table.private-rt1",
            "module.vpc.aws_route_table.private-rt2",
            "module.vpc.aws_route_table.public-rt",
            "module.vpc.aws_route_table_association.db-rt-association1",
            "module.vpc.aws_route_table_association.db-rt-association2",
            "module.vpc.aws_route_table_association.private-rt-association1",
            "module.vpc.aws_route_table_association.private-rt-association2",
            "module.vpc.aws_route_table_association.public-rt-association1",
            "module.vpc.aws_route_table_association.public-rt-association2",
            "module.vpc.aws_subnet.db_subnet1",
            "module.vpc.aws_subnet.db_subnet2",
            "module.vpc.aws_subnet.private_subnet1",
            "module.vpc.aws_subnet.private_subnet2",
            "module.vpc.aws_subnet.public_subnet1",
            "module.vpc.aws_subnet.public_subnet2",
            "module.vpc.aws_vpc.vpc",
            "module.vpc.aws_vpc_endpoint.s3_gateway",
            "module.vpc.data.aws_availability_zones.azs"
          ]
        }
      ]
    },
    {
      "module": "module.alb",
      "mode": "managed",
      "type": "aws_lb_listener",
      "name": "web-alb-listener",
      "provider": "provider[\"registry.terraform.io/hashicorp/aws\"]",
      "instances": [
        {
          "schema_version": 0,
          "attributes": {
            "alpn_policy": null,
            "arn": "arn:aws:elasticloadbalancing:ca-central-1:891377163278:listener/app/Web-elb/e8d930b23533f247/3f9f72b48100277e",
            "certificate_arn": null,
            "default_action": [
              {
                "authenticate_cognito": [],
                "authenticate_oidc": [],
                "fixed_response": [
                  {
                    "content_type": "text/plain",
                    "message_body": "Forbidden. Only accessible through the cloud front",
                    "status_code": "403"
                  }
                ],
                "forward": [],
                "order": 1,
                "redirect": [],
                "target_group_arn": "",
                "type": "fixed-response"
              }
            ],
            "id": "arn:aws:elasticloadbalancing:ca-central-1:891377163278:listener/app/Web-elb/e8d930b23533f247/3f9f72b48100277e",
            "load_balancer_arn": "arn:aws:elasticloadbalancing:ca-central-1:891377163278:loadbalancer/app/Web-elb/e8d930b23533f247",
            "mutual_authentication": [],
            "port": 80,
            "protocol": "HTTP",
            "ssl_policy": "",
            "tags": {
              "Name": "aws_lb_listener.web-alb-listener",
              "createDate": "20240610",
              "owner": "ktd-admin"
            },
            "tags_all": {
              "Name": "aws_lb_listener.web-alb-listener",
              "createDate": "20240610",
              "owner": "ktd-admin"
            },
            "timeouts": null
          },
          "sensitive_attributes": [],
          "private": "eyJlMmJmYjczMC1lY2FhLTExZTYtOGY4OC0zNDM2M2JjN2M0YzAiOnsiY3JlYXRlIjozMDAwMDAwMDAwMDAsInVwZGF0ZSI6MzAwMDAwMDAwMDAwfX0=",
          "dependencies": [
            "module.alb.aws_lb.Web-elb",
            "module.alb.data.aws_security_group.web-alb-sg",
            "module.alb.data.aws_subnet.public_subnet1",
            "module.alb.data.aws_subnet.public_subnet2",
            "module.security-group.aws_security_group.app-alb-sg",
            "module.security-group.aws_security_group.app-tier-sg",
            "module.security-group.aws_security_group.bastion-sg",
            "module.security-group.aws_security_group.database-sg",
            "module.security-group.aws_security_group.redis-sg",
            "module.security-group.aws_security_group.web-alb-sg",
            "module.security-group.aws_security_group.web-tier-sg",
            "module.security-group.data.aws_vpc.vpc",
            "module.vpc.aws_eip.eip1",
            "module.vpc.aws_eip.eip2",
            "module.vpc.aws_internet_gateway.igw",
            "module.vpc.aws_nat_gateway.ngw1",
            "module.vpc.aws_nat_gateway.ngw2",
            "module.vpc.aws_route_table.db-rt1",
            "module.vpc.aws_route_table.db-rt2",
            "module.vpc.aws_route_table.private-rt1",
            "module.vpc.aws_route_table.private-rt2",
            "module.vpc.aws_route_table.public-rt",
            "module.vpc.aws_route_table_association.db-rt-association1",
            "module.vpc.aws_route_table_association.db-rt-association2",
            "module.vpc.aws_route_table_association.private-rt-association1",
            "module.vpc.aws_route_table_association.private-rt-association2",
            "module.vpc.aws_route_table_association.public-rt-association1",
            "module.vpc.aws_route_table_association.public-rt-association2",
            "module.vpc.aws_subnet.db_subnet1",
            "module.vpc.aws_subnet.db_subnet2",
            "module.vpc.aws_subnet.private_subnet1",
            "module.vpc.aws_subnet.private_subnet2",
            "module.vpc.aws_subnet.public_subnet1",
            "module.vpc.aws_subnet.public_subnet2",
            "module.vpc.aws_vpc.vpc",
            "module.vpc.aws_vpc_endpoint.s3_gateway",
            "module.vpc.data.aws_availability_zones.azs"
          ]
        }
      ]
    },
    {
      "module": "module.alb",
      "mode": "managed",
      "type": "aws_lb_listener_rule",
      "name": "web-listener-rule",
      "provider": "provider[\"registry.terraform.io/hashicorp/aws\"]",
      "instances": [
        {
          "schema_version": 0,
          "attributes": {
            "action": [
              {
                "authenticate_cognito": [],
                "authenticate_oidc": [],
                "fixed_response": [],
                "forward": [],
                "order": 1,
                "redirect": [],
                "target_group_arn": "arn:aws:elasticloadbalancing:ca-central-1:891377163278:targetgroup/Web-TG20240610-1225/aefd2d85e43bdcad",
                "type": "forward"
              }
            ],
            "arn": "arn:aws:elasticloadbalancing:ca-central-1:891377163278:listener-rule/app/Web-elb/e8d930b23533f247/3f9f72b48100277e/0a64a36cd7f10e10",
            "condition": [
              {
                "host_header": [],
                "http_header": [
                  {
                    "http_header_name": "my-header",
                    "values": [
                      "hellowaws"
                    ]
                  }
                ],
                "http_request_method": [],
                "path_pattern": [],
                "query_string": [],
                "source_ip": []
              }
            ],
            "id": "arn:aws:elasticloadbalancing:ca-central-1:891377163278:listener-rule/app/Web-elb/e8d930b23533f247/3f9f72b48100277e/0a64a36cd7f10e10",
            "listener_arn": "arn:aws:elasticloadbalancing:ca-central-1:891377163278:listener/app/Web-elb/e8d930b23533f247/3f9f72b48100277e",
            "priority": 1,
            "tags": null,
            "tags_all": {}
          },
          "sensitive_attributes": [],
          "private": "bnVsbA==",
          "dependencies": [
            "module.alb.aws_lb.Web-elb",
            "module.alb.aws_lb_listener.web-alb-listener",
            "module.alb.aws_lb_target_group.web-tg",
            "module.alb.data.aws_security_group.web-alb-sg",
            "module.alb.data.aws_subnet.public_subnet1",
            "module.alb.data.aws_subnet.public_subnet2",
            "module.alb.data.aws_vpc.vpc",
            "module.security-group.aws_security_group.app-alb-sg",
            "module.security-group.aws_security_group.app-tier-sg",
            "module.security-group.aws_security_group.bastion-sg",
            "module.security-group.aws_security_group.database-sg",
            "module.security-group.aws_security_group.redis-sg",
            "module.security-group.aws_security_group.web-alb-sg",
            "module.security-group.aws_security_group.web-tier-sg",
            "module.security-group.data.aws_vpc.vpc",
            "module.vpc.aws_eip.eip1",
            "module.vpc.aws_eip.eip2",
            "module.vpc.aws_internet_gateway.igw",
            "module.vpc.aws_nat_gateway.ngw1",
            "module.vpc.aws_nat_gateway.ngw2",
            "module.vpc.aws_route_table.db-rt1",
            "module.vpc.aws_route_table.db-rt2",
            "module.vpc.aws_route_table.private-rt1",
            "module.vpc.aws_route_table.private-rt2",
            "module.vpc.aws_route_table.public-rt",
            "module.vpc.aws_route_table_association.db-rt-association1",
            "module.vpc.aws_route_table_association.db-rt-association2",
            "module.vpc.aws_route_table_association.private-rt-association1",
            "module.vpc.aws_route_table_association.private-rt-association2",
            "module.vpc.aws_route_table_association.public-rt-association1",
            "module.vpc.aws_route_table_association.public-rt-association2",
            "module.vpc.aws_subnet.db_subnet1",
            "module.vpc.aws_subnet.db_subnet2",
            "module.vpc.aws_subnet.private_subnet1",
            "module.vpc.aws_subnet.private_subnet2",
            "module.vpc.aws_subnet.public_subnet1",
            "module.vpc.aws_subnet.public_subnet2",
            "module.vpc.aws_vpc.vpc",
            "module.vpc.aws_vpc_endpoint.s3_gateway",
            "module.vpc.data.aws_availability_zones.azs"
          ]
        }
      ]
    },
    {
      "module": "module.alb",
      "mode": "managed",
      "type": "aws_lb_target_group",
      "name": "app-tg",
      "provider": "provider[\"registry.terraform.io/hashicorp/aws\"]",
      "instances": [
        {
          "schema_version": 0,
          "attributes": {
            "arn": "arn:aws:elasticloadbalancing:ca-central-1:891377163278:targetgroup/App-TG20240610-1225/7b78ec20308a1628",
            "arn_suffix": "targetgroup/App-TG20240610-1225/7b78ec20308a1628",
            "connection_termination": null,
            "deregistration_delay": "60",
            "health_check": [
              {
                "enabled": true,
                "healthy_threshold": 5,
                "interval": 10,
                "matcher": "200",
                "path": "/",
                "port": "traffic-port",
                "protocol": "HTTP",
                "timeout": 5,
                "unhealthy_threshold": 2
              }
            ],
            "id": "arn:aws:elasticloadbalancing:ca-central-1:891377163278:targetgroup/App-TG20240610-1225/7b78ec20308a1628",
            "ip_address_type": "ipv4",
            "lambda_multi_value_headers_enabled": false,
            "load_balancer_arns": [],
            "load_balancing_algorithm_type": "round_robin",
            "load_balancing_anomaly_mitigation": "off",
            "load_balancing_cross_zone_enabled": "use_load_balancer_configuration",
            "name": "App-TG20240610-1225",
            "name_prefix": "",
            "port": 8080,
            "preserve_client_ip": null,
            "protocol": "HTTP",
            "protocol_version": "HTTP1",
            "proxy_protocol_v2": false,
            "slow_start": 0,
            "stickiness": [
              {
                "cookie_duration": 86400,
                "cookie_name": "",
                "enabled": false,
                "type": "lb_cookie"
              }
            ],
            "tags": {
              "Name": "App-TG"
            },
            "tags_all": {
              "Name": "App-TG"
            },
            "target_failover": [
              {
                "on_deregistration": null,
                "on_unhealthy": null
              }
            ],
            "target_health_state": [
              {
                "enable_unhealthy_connection_termination": null
              }
            ],
            "target_type": "instance",
            "vpc_id": "vpc-03cd39e1658cd90ab"
          },
          "sensitive_attributes": [],
          "private": "bnVsbA==",
          "dependencies": [
            "module.alb.data.aws_vpc.vpc",
            "module.security-group.aws_security_group.app-alb-sg",
            "module.security-group.aws_security_group.app-tier-sg",
            "module.security-group.aws_security_group.bastion-sg",
            "module.security-group.aws_security_group.database-sg",
            "module.security-group.aws_security_group.redis-sg",
            "module.security-group.aws_security_group.web-alb-sg",
            "module.security-group.aws_security_group.web-tier-sg",
            "module.security-group.data.aws_vpc.vpc",
            "module.vpc.aws_eip.eip1",
            "module.vpc.aws_eip.eip2",
            "module.vpc.aws_internet_gateway.igw",
            "module.vpc.aws_nat_gateway.ngw1",
            "module.vpc.aws_nat_gateway.ngw2",
            "module.vpc.aws_route_table.db-rt1",
            "module.vpc.aws_route_table.db-rt2",
            "module.vpc.aws_route_table.private-rt1",
            "module.vpc.aws_route_table.private-rt2",
            "module.vpc.aws_route_table.public-rt",
            "module.vpc.aws_route_table_association.db-rt-association1",
            "module.vpc.aws_route_table_association.db-rt-association2",
            "module.vpc.aws_route_table_association.private-rt-association1",
            "module.vpc.aws_route_table_association.private-rt-association2",
            "module.vpc.aws_route_table_association.public-rt-association1",
            "module.vpc.aws_route_table_association.public-rt-association2",
            "module.vpc.aws_subnet.db_subnet1",
            "module.vpc.aws_subnet.db_subnet2",
            "module.vpc.aws_subnet.private_subnet1",
            "module.vpc.aws_subnet.private_subnet2",
            "module.vpc.aws_subnet.public_subnet1",
            "module.vpc.aws_subnet.public_subnet2",
            "module.vpc.aws_vpc.vpc",
            "module.vpc.aws_vpc_endpoint.s3_gateway",
            "module.vpc.data.aws_availability_zones.azs"
          ],
          "create_before_destroy": true
        }
      ]
    },
    {
      "module": "module.alb",
      "mode": "managed",
      "type": "aws_lb_target_group",
      "name": "web-tg",
      "provider": "provider[\"registry.terraform.io/hashicorp/aws\"]",
      "instances": [
        {
          "schema_version": 0,
          "attributes": {
            "arn": "arn:aws:elasticloadbalancing:ca-central-1:891377163278:targetgroup/Web-TG20240610-1225/aefd2d85e43bdcad",
            "arn_suffix": "targetgroup/Web-TG20240610-1225/aefd2d85e43bdcad",
            "connection_termination": null,
            "deregistration_delay": "300",
            "health_check": [
              {
                "enabled": true,
                "healthy_threshold": 5,
                "interval": 10,
                "matcher": "200",
                "path": "/",
                "port": "traffic-port",
                "protocol": "HTTP",
                "timeout": 5,
                "unhealthy_threshold": 2
              }
            ],
            "id": "arn:aws:elasticloadbalancing:ca-central-1:891377163278:targetgroup/Web-TG20240610-1225/aefd2d85e43bdcad",
            "ip_address_type": "ipv4",
            "lambda_multi_value_headers_enabled": false,
            "load_balancer_arns": [],
            "load_balancing_algorithm_type": "round_robin",
            "load_balancing_anomaly_mitigation": "off",
            "load_balancing_cross_zone_enabled": "use_load_balancer_configuration",
            "name": "Web-TG20240610-1225",
            "name_prefix": "",
            "port": 80,
            "preserve_client_ip": null,
            "protocol": "HTTP",
            "protocol_version": "HTTP1",
            "proxy_protocol_v2": false,
            "slow_start": 0,
            "stickiness": [
              {
                "cookie_duration": 86400,
                "cookie_name": "",
                "enabled": false,
                "type": "lb_cookie"
              }
            ],
            "tags": {
              "Name": "Web-TG",
              "createDate": "20240610",
              "owner": "ktd-admin"
            },
            "tags_all": {
              "Name": "Web-TG",
              "createDate": "20240610",
              "owner": "ktd-admin"
            },
            "target_failover": [
              {
                "on_deregistration": null,
                "on_unhealthy": null
              }
            ],
            "target_health_state": [
              {
                "enable_unhealthy_connection_termination": null
              }
            ],
            "target_type": "instance",
            "vpc_id": "vpc-03cd39e1658cd90ab"
          },
          "sensitive_attributes": [],
          "private": "bnVsbA==",
          "dependencies": [
            "module.alb.data.aws_vpc.vpc",
            "module.security-group.aws_security_group.app-alb-sg",
            "module.security-group.aws_security_group.app-tier-sg",
            "module.security-group.aws_security_group.bastion-sg",
            "module.security-group.aws_security_group.database-sg",
            "module.security-group.aws_security_group.redis-sg",
            "module.security-group.aws_security_group.web-alb-sg",
            "module.security-group.aws_security_group.web-tier-sg",
            "module.security-group.data.aws_vpc.vpc",
            "module.vpc.aws_eip.eip1",
            "module.vpc.aws_eip.eip2",
            "module.vpc.aws_internet_gateway.igw",
            "module.vpc.aws_nat_gateway.ngw1",
            "module.vpc.aws_nat_gateway.ngw2",
            "module.vpc.aws_route_table.db-rt1",
            "module.vpc.aws_route_table.db-rt2",
            "module.vpc.aws_route_table.private-rt1",
            "module.vpc.aws_route_table.private-rt2",
            "module.vpc.aws_route_table.public-rt",
            "module.vpc.aws_route_table_association.db-rt-association1",
            "module.vpc.aws_route_table_association.db-rt-association2",
            "module.vpc.aws_route_table_association.private-rt-association1",
            "module.vpc.aws_route_table_association.private-rt-association2",
            "module.vpc.aws_route_table_association.public-rt-association1",
            "module.vpc.aws_route_table_association.public-rt-association2",
            "module.vpc.aws_subnet.db_subnet1",
            "module.vpc.aws_subnet.db_subnet2",
            "module.vpc.aws_subnet.private_subnet1",
            "module.vpc.aws_subnet.private_subnet2",
            "module.vpc.aws_subnet.public_subnet1",
            "module.vpc.aws_subnet.public_subnet2",
            "module.vpc.aws_vpc.vpc",
            "module.vpc.aws_vpc_endpoint.s3_gateway",
            "module.vpc.data.aws_availability_zones.azs"
          ],
          "create_before_destroy": true
        }
      ]
    },
    {
      "module": "module.alb",
      "mode": "managed",
      "type": "aws_ssm_parameter",
      "name": "app-alb-dns",
      "provider": "provider[\"registry.terraform.io/hashicorp/aws\"]",
      "instances": [
        {
          "schema_version": 0,
          "attributes": {
            "allowed_pattern": "",
            "arn": "arn:aws:ssm:ca-central-1:891377163278:parameter/config/system/alb_dns_name",
            "data_type": "text",
            "description": "",
            "id": "/config/system/alb_dns_name",
            "insecure_value": null,
            "key_id": "",
            "name": "/config/system/alb_dns_name",
            "overwrite": null,
            "tags": {
              "Name": "AppALBDNS"
            },
            "tags_all": {
              "Name": "AppALBDNS"
            },
            "tier": "Standard",
            "type": "String",
            "value": "internal-App-elb-1346695092.ca-central-1.elb.amazonaws.com",
            "version": 1
          },
          "sensitive_attributes": [
            [
              {
                "type": "get_attr",
                "value": "value"
              }
            ]
          ],
          "private": "bnVsbA==",
          "dependencies": [
            "module.alb.aws_lb.App-elb",
            "module.alb.data.aws_security_group.app-alb-sg",
            "module.alb.data.aws_subnet.private_subnet1",
            "module.alb.data.aws_subnet.private_subnet2",
            "module.security-group.aws_security_group.app-alb-sg",
            "module.security-group.aws_security_group.app-tier-sg",
            "module.security-group.aws_security_group.bastion-sg",
            "module.security-group.aws_security_group.database-sg",
            "module.security-group.aws_security_group.redis-sg",
            "module.security-group.aws_security_group.web-alb-sg",
            "module.security-group.aws_security_group.web-tier-sg",
            "module.security-group.data.aws_vpc.vpc",
            "module.vpc.aws_eip.eip1",
            "module.vpc.aws_eip.eip2",
            "module.vpc.aws_internet_gateway.igw",
            "module.vpc.aws_nat_gateway.ngw1",
            "module.vpc.aws_nat_gateway.ngw2",
            "module.vpc.aws_route_table.db-rt1",
            "module.vpc.aws_route_table.db-rt2",
            "module.vpc.aws_route_table.private-rt1",
            "module.vpc.aws_route_table.private-rt2",
            "module.vpc.aws_route_table.public-rt",
            "module.vpc.aws_route_table_association.db-rt-association1",
            "module.vpc.aws_route_table_association.db-rt-association2",
            "module.vpc.aws_route_table_association.private-rt-association1",
            "module.vpc.aws_route_table_association.private-rt-association2",
            "module.vpc.aws_route_table_association.public-rt-association1",
            "module.vpc.aws_route_table_association.public-rt-association2",
            "module.vpc.aws_subnet.db_subnet1",
            "module.vpc.aws_subnet.db_subnet2",
            "module.vpc.aws_subnet.private_subnet1",
            "module.vpc.aws_subnet.private_subnet2",
            "module.vpc.aws_subnet.public_subnet1",
            "module.vpc.aws_subnet.public_subnet2",
            "module.vpc.aws_vpc.vpc",
            "module.vpc.aws_vpc_endpoint.s3_gateway",
            "module.vpc.data.aws_availability_zones.azs"
          ]
        }
      ]
    },
    {
      "module": "module.ami",
      "mode": "data",
      "type": "aws_subnet",
      "name": "subnet",
      "provider": "provider[\"registry.terraform.io/hashicorp/aws\"]",
      "instances": [
        {
          "schema_version": 0,
          "attributes": {
            "arn": "arn:aws:ec2:ca-central-1:891377163278:subnet/subnet-02526ee283c0dec6c",
            "assign_ipv6_address_on_creation": false,
            "availability_zone": "ca-central-1a",
            "availability_zone_id": "cac1-az1",
            "available_ip_address_count": 251,
            "cidr_block": "10.60.20.0/24",
            "customer_owned_ipv4_pool": "",
            "default_for_az": false,
            "enable_dns64": false,
            "enable_lni_at_device_index": 0,
            "enable_resource_name_dns_a_record_on_launch": false,
            "enable_resource_name_dns_aaaa_record_on_launch": false,
            "filter": [
              {
                "name": "tag:Name",
                "values": [
                  "hellowaws_db_subnet1"
                ]
              }
            ],
            "id": "subnet-02526ee283c0dec6c",
            "ipv6_cidr_block": "",
            "ipv6_cidr_block_association_id": "",
            "ipv6_native": false,
            "map_customer_owned_ip_on_launch": false,
            "map_public_ip_on_launch": false,
            "outpost_arn": "",
            "owner_id": "891377163278",
            "private_dns_hostname_type_on_launch": "ip-name",
            "state": "available",
            "tags": {
              "Name": "hellowaws_db_subnet1"
            },
            "timeouts": null,
            "vpc_id": "vpc-03cd39e1658cd90ab"
          },
          "sensitive_attributes": []
        }
      ]
    },
    {
      "module": "module.ami",
      "mode": "data",
      "type": "aws_vpc",
      "name": "vpc",
      "provider": "provider[\"registry.terraform.io/hashicorp/aws\"]",
      "instances": [
        {
          "schema_version": 0,
          "attributes": {
            "arn": "arn:aws:ec2:ca-central-1:891377163278:vpc/vpc-03cd39e1658cd90ab",
            "cidr_block": "10.60.0.0/16",
            "cidr_block_associations": [
              {
                "association_id": "vpc-cidr-assoc-03a1a3915e3df99ba",
                "cidr_block": "10.60.0.0/16",
                "state": "associated"
              }
            ],
            "default": false,
            "dhcp_options_id": "dopt-07144a5022c83121e",
            "enable_dns_hostnames": true,
            "enable_dns_support": true,
            "enable_network_address_usage_metrics": false,
            "filter": [
              {
                "name": "tag:Name",
                "values": [
                  "hellowaws_VPC"
                ]
              }
            ],
            "id": "vpc-03cd39e1658cd90ab",
            "instance_tenancy": "default",
            "ipv6_association_id": "",
            "ipv6_cidr_block": "",
            "main_route_table_id": "rtb-0689d4bf6fe50c0c7",
            "owner_id": "891377163278",
            "state": null,
            "tags": {
              "Name": "hellowaws_VPC"
            },
            "timeouts": null
          },
          "sensitive_attributes": []
        }
      ]
    },
    {
      "module": "module.ami",
      "mode": "managed",
      "type": "aws_ami_from_instance",
      "name": "ktd_ami",
      "provider": "provider[\"registry.terraform.io/hashicorp/aws\"]",
      "instances": [
        {
          "schema_version": 0,
          "attributes": {
            "architecture": "x86_64",
            "arn": "arn:aws:ec2:ca-central-1::image/ami-0f5bec67f03b7c9b2",
            "boot_mode": "",
            "deprecation_time": "",
            "description": "A instance created for a short time to create an AMI",
            "ebs_block_device": [
              {
                "delete_on_termination": true,
                "device_name": "/dev/xvda",
                "encrypted": false,
                "iops": 0,
                "outpost_arn": "",
                "snapshot_id": "snap-078ccc9ff6d823aea",
                "throughput": 0,
                "volume_size": 8,
                "volume_type": "gp2"
              }
            ],
            "ena_support": true,
            "ephemeral_block_device": [],
            "hypervisor": "xen",
            "id": "ami-0f5bec67f03b7c9b2",
            "image_location": "891377163278/amz-nginx-20240610-1225",
            "image_owner_alias": "",
            "image_type": "machine",
            "imds_support": "",
            "kernel_id": "",
            "manage_ebs_snapshots": true,
            "name": "amz-nginx-20240610-1225",
            "owner_id": "891377163278",
            "platform": "",
            "platform_details": "Linux/UNIX",
            "public": false,
            "ramdisk_id": "",
            "root_device_name": "/dev/xvda",
            "root_snapshot_id": "snap-078ccc9ff6d823aea",
            "snapshot_without_reboot": null,
            "source_instance_id": "i-0c6831e4a93680231",
            "sriov_net_support": "simple",
            "tags": {
              "Name": "my-ami"
            },
            "tags_all": {
              "Name": "my-ami"
            },
            "timeouts": null,
            "tpm_support": "",
            "usage_operation": "RunInstances",
            "virtualization_type": "hvm"
          },
          "sensitive_attributes": [],
          "private": "eyJlMmJmYjczMC1lY2FhLTExZTYtOGY4OC0zNDM2M2JjN2M0YzAiOnsiY3JlYXRlIjoyNDAwMDAwMDAwMDAwLCJkZWxldGUiOjU0MDAwMDAwMDAwMDAsInVwZGF0ZSI6MjQwMDAwMDAwMDAwMH19",
          "dependencies": [
            "module.ami.aws_instance.bastion",
            "module.ami.data.aws_subnet.subnet",
            "module.iam.aws_iam_instance_profile.instance-profile",
            "module.iam.aws_iam_role.codebuild_role",
            "module.iam.aws_iam_role.iam_role",
            "module.iam.aws_iam_role_policy.iam-policy",
            "module.security-group.aws_security_group.app-alb-sg",
            "module.security-group.aws_security_group.app-tier-sg",
            "module.security-group.aws_security_group.bastion-sg",
            "module.security-group.aws_security_group.database-sg",
            "module.security-group.aws_security_group.redis-sg",
            "module.security-group.aws_security_group.web-alb-sg",
            "module.security-group.aws_security_group.web-tier-sg",
            "module.security-group.data.aws_vpc.vpc",
            "module.vpc.aws_eip.eip1",
            "module.vpc.aws_eip.eip2",
            "module.vpc.aws_internet_gateway.igw",
            "module.vpc.aws_nat_gateway.ngw1",
            "module.vpc.aws_nat_gateway.ngw2",
            "module.vpc.aws_route_table.db-rt1",
            "module.vpc.aws_route_table.db-rt2",
            "module.vpc.aws_route_table.private-rt1",
            "module.vpc.aws_route_table.private-rt2",
            "module.vpc.aws_route_table.public-rt",
            "module.vpc.aws_route_table_association.db-rt-association1",
            "module.vpc.aws_route_table_association.db-rt-association2",
            "module.vpc.aws_route_table_association.private-rt-association1",
            "module.vpc.aws_route_table_association.private-rt-association2",
            "module.vpc.aws_route_table_association.public-rt-association1",
            "module.vpc.aws_route_table_association.public-rt-association2",
            "module.vpc.aws_subnet.db_subnet1",
            "module.vpc.aws_subnet.db_subnet2",
            "module.vpc.aws_subnet.private_subnet1",
            "module.vpc.aws_subnet.private_subnet2",
            "module.vpc.aws_subnet.public_subnet1",
            "module.vpc.aws_subnet.public_subnet2",
            "module.vpc.aws_vpc.vpc",
            "module.vpc.aws_vpc_endpoint.s3_gateway",
            "module.vpc.data.aws_availability_zones.azs"
          ],
          "create_before_destroy": true
        }
      ]
    },
    {
      "module": "module.ami",
      "mode": "managed",
      "type": "aws_instance",
      "name": "bastion",
      "provider": "provider[\"registry.terraform.io/hashicorp/aws\"]",
      "instances": [
        {
          "schema_version": 1,
          "attributes": {
            "ami": "ami-0f682fb0d11c2ae31",
            "arn": "arn:aws:ec2:ca-central-1:891377163278:instance/i-0c6831e4a93680231",
            "associate_public_ip_address": false,
            "availability_zone": "ca-central-1a",
            "capacity_reservation_specification": [
              {
                "capacity_reservation_preference": "open",
                "capacity_reservation_target": []
              }
            ],
            "cpu_core_count": 1,
            "cpu_options": [
              {
                "amd_sev_snp": "",
                "core_count": 1,
                "threads_per_core": 2
              }
            ],
            "cpu_threads_per_core": 2,
            "credit_specification": [
              {
                "cpu_credits": "unlimited"
              }
            ],
            "disable_api_stop": false,
            "disable_api_termination": false,
            "ebs_block_device": [],
            "ebs_optimized": false,
            "enclave_options": [
              {
                "enabled": false
              }
            ],
            "ephemeral_block_device": [],
            "get_password_data": false,
            "hibernation": false,
            "host_id": "",
            "host_resource_group_arn": null,
            "iam_instance_profile": "instance-profile-for-ec2-SSM,S3CICD",
            "id": "i-0c6831e4a93680231",
            "instance_initiated_shutdown_behavior": "stop",
            "instance_lifecycle": "",
            "instance_market_options": [],
            "instance_state": "running",
            "instance_type": "t3.micro",
            "ipv6_address_count": 0,
            "ipv6_addresses": [],
            "key_name": "",
            "launch_template": [],
            "maintenance_options": [
              {
                "auto_recovery": "default"
              }
            ],
            "metadata_options": [
              {
                "http_endpoint": "enabled",
                "http_protocol_ipv6": "disabled",
                "http_put_response_hop_limit": 1,
                "http_tokens": "optional",
                "instance_metadata_tags": "disabled"
              }
            ],
            "monitoring": false,
            "network_interface": [],
            "outpost_arn": "",
            "password_data": "",
            "placement_group": "",
            "placement_partition_number": 0,
            "primary_network_interface_id": "eni-0ca7b1088f6137e8e",
            "private_dns": "ip-10-60-20-116.ca-central-1.compute.internal",
            "private_dns_name_options": [
              {
                "enable_resource_name_dns_a_record": false,
                "enable_resource_name_dns_aaaa_record": false,
                "hostname_type": "ip-name"
              }
            ],
            "private_ip": "10.60.20.116",
            "public_dns": "",
            "public_ip": "",
            "root_block_device": [
              {
                "delete_on_termination": true,
                "device_name": "/dev/xvda",
                "encrypted": false,
                "iops": 100,
                "kms_key_id": "",
                "tags": {},
                "tags_all": {},
                "throughput": 0,
                "volume_id": "vol-08761604140c52984",
                "volume_size": 8,
                "volume_type": "gp2"
              }
            ],
            "secondary_private_ips": [],
            "security_groups": [],
            "source_dest_check": true,
            "spot_instance_request_id": "",
            "subnet_id": "subnet-02526ee283c0dec6c",
            "tags": {
              "Name": "bastion"
            },
            "tags_all": {
              "Name": "bastion"
            },
            "tenancy": "default",
            "timeouts": null,
            "user_data": "478807cda69eeeceee1a3e771c295528650bf361",
            "user_data_base64": null,
            "user_data_replace_on_change": false,
            "volume_tags": null,
            "vpc_security_group_ids": [
              "sg-0bc718eec51ba5a7d"
            ]
          },
          "sensitive_attributes": [],
          "private": "eyJlMmJmYjczMC1lY2FhLTExZTYtOGY4OC0zNDM2M2JjN2M0YzAiOnsiY3JlYXRlIjo2MDAwMDAwMDAwMDAsImRlbGV0ZSI6MTIwMDAwMDAwMDAwMCwicmVhZCI6OTAwMDAwMDAwMDAwLCJ1cGRhdGUiOjYwMDAwMDAwMDAwMH0sInNjaGVtYV92ZXJzaW9uIjoiMSJ9",
          "dependencies": [
            "module.ami.data.aws_subnet.subnet",
            "module.iam.aws_iam_instance_profile.instance-profile",
            "module.iam.aws_iam_role.codebuild_role",
            "module.iam.aws_iam_role.iam_role",
            "module.iam.aws_iam_role_policy.iam-policy",
            "module.security-group.aws_security_group.app-alb-sg",
            "module.security-group.aws_security_group.app-tier-sg",
            "module.security-group.aws_security_group.bastion-sg",
            "module.security-group.aws_security_group.database-sg",
            "module.security-group.aws_security_group.redis-sg",
            "module.security-group.aws_security_group.web-alb-sg",
            "module.security-group.aws_security_group.web-tier-sg",
            "module.security-group.data.aws_vpc.vpc",
            "module.vpc.aws_eip.eip1",
            "module.vpc.aws_eip.eip2",
            "module.vpc.aws_internet_gateway.igw",
            "module.vpc.aws_nat_gateway.ngw1",
            "module.vpc.aws_nat_gateway.ngw2",
            "module.vpc.aws_route_table.db-rt1",
            "module.vpc.aws_route_table.db-rt2",
            "module.vpc.aws_route_table.private-rt1",
            "module.vpc.aws_route_table.private-rt2",
            "module.vpc.aws_route_table.public-rt",
            "module.vpc.aws_route_table_association.db-rt-association1",
            "module.vpc.aws_route_table_association.db-rt-association2",
            "module.vpc.aws_route_table_association.private-rt-association1",
            "module.vpc.aws_route_table_association.private-rt-association2",
            "module.vpc.aws_route_table_association.public-rt-association1",
            "module.vpc.aws_route_table_association.public-rt-association2",
            "module.vpc.aws_subnet.db_subnet1",
            "module.vpc.aws_subnet.db_subnet2",
            "module.vpc.aws_subnet.private_subnet1",
            "module.vpc.aws_subnet.private_subnet2",
            "module.vpc.aws_subnet.public_subnet1",
            "module.vpc.aws_subnet.public_subnet2",
            "module.vpc.aws_vpc.vpc",
            "module.vpc.aws_vpc_endpoint.s3_gateway",
            "module.vpc.data.aws_availability_zones.azs"
          ],
          "create_before_destroy": true
        }
      ]
    },
    {
      "module": "module.autoscaling",
      "mode": "data",
      "type": "aws_subnet",
      "name": "private_subnet1",
      "provider": "provider[\"registry.terraform.io/hashicorp/aws\"]",
      "instances": [
        {
          "schema_version": 0,
          "attributes": {
            "arn": "arn:aws:ec2:ca-central-1:891377163278:subnet/subnet-086fa0b5a9c41eb3c",
            "assign_ipv6_address_on_creation": false,
            "availability_zone": "ca-central-1a",
            "availability_zone_id": "cac1-az1",
            "available_ip_address_count": 1018,
            "cidr_block": "10.60.4.0/22",
            "customer_owned_ipv4_pool": "",
            "default_for_az": false,
            "enable_dns64": false,
            "enable_lni_at_device_index": 0,
            "enable_resource_name_dns_a_record_on_launch": false,
            "enable_resource_name_dns_aaaa_record_on_launch": false,
            "filter": [
              {
                "name": "tag:Name",
                "values": [
                  "hellowaws_private_subnet1"
                ]
              }
            ],
            "id": "subnet-086fa0b5a9c41eb3c",
            "ipv6_cidr_block": "",
            "ipv6_cidr_block_association_id": "",
            "ipv6_native": false,
            "map_customer_owned_ip_on_launch": false,
            "map_public_ip_on_launch": false,
            "outpost_arn": "",
            "owner_id": "891377163278",
            "private_dns_hostname_type_on_launch": "ip-name",
            "state": "available",
            "tags": {
              "Name": "hellowaws_private_subnet1"
            },
            "timeouts": null,
            "vpc_id": "vpc-03cd39e1658cd90ab"
          },
          "sensitive_attributes": []
        }
      ]
    },
    {
      "module": "module.autoscaling",
      "mode": "data",
      "type": "aws_subnet",
      "name": "private_subnet2",
      "provider": "provider[\"registry.terraform.io/hashicorp/aws\"]",
      "instances": [
        {
          "schema_version": 0,
          "attributes": {
            "arn": "arn:aws:ec2:ca-central-1:891377163278:subnet/subnet-09a00937755c67418",
            "assign_ipv6_address_on_creation": false,
            "availability_zone": "ca-central-1b",
            "availability_zone_id": "cac1-az2",
            "available_ip_address_count": 1019,
            "cidr_block": "10.60.8.0/22",
            "customer_owned_ipv4_pool": "",
            "default_for_az": false,
            "enable_dns64": false,
            "enable_lni_at_device_index": 0,
            "enable_resource_name_dns_a_record_on_launch": false,
            "enable_resource_name_dns_aaaa_record_on_launch": false,
            "filter": [
              {
                "name": "tag:Name",
                "values": [
                  "hellowaws_private_subnet2"
                ]
              }
            ],
            "id": "subnet-09a00937755c67418",
            "ipv6_cidr_block": "",
            "ipv6_cidr_block_association_id": "",
            "ipv6_native": false,
            "map_customer_owned_ip_on_launch": false,
            "map_public_ip_on_launch": false,
            "outpost_arn": "",
            "owner_id": "891377163278",
            "private_dns_hostname_type_on_launch": "ip-name",
            "state": "available",
            "tags": {
              "Name": "hellowaws_private_subnet2"
            },
            "timeouts": null,
            "vpc_id": "vpc-03cd39e1658cd90ab"
          },
          "sensitive_attributes": []
        }
      ]
    },
    {
      "module": "module.autoscaling",
      "mode": "managed",
      "type": "aws_autoscaling_group",
      "name": "App-ASG",
      "provider": "provider[\"registry.terraform.io/hashicorp/aws\"]",
      "instances": [
        {
          "schema_version": 1,
          "attributes": {
            "arn": "arn:aws:autoscaling:ca-central-1:891377163278:autoScalingGroup:8ba967c0-16d4-4986-84ed-acc7dbea42a3:autoScalingGroupName/hellowaws_APP-ASG",
            "availability_zones": [
              "ca-central-1a",
              "ca-central-1b"
            ],
            "capacity_rebalance": false,
            "context": "",
            "default_cooldown": 300,
            "default_instance_warmup": 0,
            "desired_capacity": 2,
            "desired_capacity_type": "",
            "enabled_metrics": [
              "GroupDesiredCapacity",
              "GroupInServiceInstances",
              "GroupMaxSize",
              "GroupMinSize",
              "GroupPendingInstances",
              "GroupStandbyInstances",
              "GroupTerminatingInstances",
              "GroupTotalInstances"
            ],
            "force_delete": true,
            "force_delete_warm_pool": false,
            "health_check_grace_period": 300,
            "health_check_type": "ELB",
            "id": "hellowaws_APP-ASG",
            "ignore_failed_scaling_activities": false,
            "initial_lifecycle_hook": [],
            "instance_maintenance_policy": [],
            "instance_refresh": [],
            "launch_configuration": "",
            "launch_template": [
              {
                "id": "lt-0831209a54b9856d4",
                "name": "App-template",
                "version": "1"
              }
            ],
            "load_balancers": [],
            "max_instance_lifetime": 0,
            "max_size": 6,
            "metrics_granularity": "1Minute",
            "min_elb_capacity": null,
            "min_size": 2,
            "mixed_instances_policy": [],
            "name": "hellowaws_APP-ASG",
            "name_prefix": "",
            "placement_group": "",
            "predicted_capacity": 0,
            "protect_from_scale_in": false,
            "service_linked_role_arn": "arn:aws:iam::891377163278:role/aws-service-role/autoscaling.amazonaws.com/AWSServiceRoleForAutoScaling",
            "suspended_processes": null,
            "tag": [
              {
                "key": "Name",
                "propagate_at_launch": true,
                "value": "App-ASG"
              }
            ],
            "target_group_arns": [
              "arn:aws:elasticloadbalancing:ca-central-1:891377163278:targetgroup/App-TG20240610-1225/7b78ec20308a1628"
            ],
            "termination_policies": null,
            "timeouts": null,
            "traffic_source": [
              {
                "identifier": "arn:aws:elasticloadbalancing:ca-central-1:891377163278:targetgroup/App-TG20240610-1225/7b78ec20308a1628",
                "type": "elbv2"
              }
            ],
            "vpc_zone_identifier": [
              "subnet-086fa0b5a9c41eb3c",
              "subnet-09a00937755c67418"
            ],
            "wait_for_capacity_timeout": "10m",
            "wait_for_elb_capacity": null,
            "warm_pool": [
              {
                "instance_reuse_policy": [],
                "max_group_prepared_capacity": 3,
                "min_size": 1,
                "pool_state": "Stopped"
              }
            ],
            "warm_pool_size": 0
          },
          "sensitive_attributes": [],
          "private": "eyJlMmJmYjczMC1lY2FhLTExZTYtOGY4OC0zNDM2M2JjN2M0YzAiOnsiZGVsZXRlIjo2MDAwMDAwMDAwMDAsInVwZGF0ZSI6NjAwMDAwMDAwMDAwfSwic2NoZW1hX3ZlcnNpb24iOiIxIn0=",
          "dependencies": [
            "module.alb.aws_lb.App-elb",
            "module.alb.aws_lb_target_group.app-tg",
            "module.alb.data.aws_security_group.app-alb-sg",
            "module.alb.data.aws_subnet.private_subnet1",
            "module.alb.data.aws_subnet.private_subnet2",
            "module.alb.data.aws_vpc.vpc",
            "module.ami.aws_ami_from_instance.ktd_ami",
            "module.ami.aws_instance.bastion",
            "module.ami.data.aws_subnet.subnet",
            "module.ami.data.aws_vpc.vpc",
            "module.autoscaling.aws_launch_template.App-LC",
            "module.autoscaling.data.aws_subnet.private_subnet1",
            "module.autoscaling.data.aws_subnet.private_subnet2",
            "module.iam.aws_iam_instance_profile.instance-profile",
            "module.iam.aws_iam_role.codebuild_role",
            "module.iam.aws_iam_role.iam_role",
            "module.iam.aws_iam_role_policy.iam-policy",
            "module.repository.aws_codecommit_repository.sourcecode-repository",
            "module.security-group.aws_security_group.app-alb-sg",
            "module.security-group.aws_security_group.app-tier-sg",
            "module.security-group.aws_security_group.bastion-sg",
            "module.security-group.aws_security_group.database-sg",
            "module.security-group.aws_security_group.redis-sg",
            "module.security-group.aws_security_group.web-alb-sg",
            "module.security-group.aws_security_group.web-tier-sg",
            "module.security-group.data.aws_vpc.vpc",
            "module.vpc.aws_eip.eip1",
            "module.vpc.aws_eip.eip2",
            "module.vpc.aws_internet_gateway.igw",
            "module.vpc.aws_nat_gateway.ngw1",
            "module.vpc.aws_nat_gateway.ngw2",
            "module.vpc.aws_route_table.db-rt1",
            "module.vpc.aws_route_table.db-rt2",
            "module.vpc.aws_route_table.private-rt1",
            "module.vpc.aws_route_table.private-rt2",
            "module.vpc.aws_route_table.public-rt",
            "module.vpc.aws_route_table_association.db-rt-association1",
            "module.vpc.aws_route_table_association.db-rt-association2",
            "module.vpc.aws_route_table_association.private-rt-association1",
            "module.vpc.aws_route_table_association.private-rt-association2",
            "module.vpc.aws_route_table_association.public-rt-association1",
            "module.vpc.aws_route_table_association.public-rt-association2",
            "module.vpc.aws_subnet.db_subnet1",
            "module.vpc.aws_subnet.db_subnet2",
            "module.vpc.aws_subnet.private_subnet1",
            "module.vpc.aws_subnet.private_subnet2",
            "module.vpc.aws_subnet.public_subnet1",
            "module.vpc.aws_subnet.public_subnet2",
            "module.vpc.aws_vpc.vpc",
            "module.vpc.aws_vpc_endpoint.s3_gateway",
            "module.vpc.data.aws_availability_zones.azs"
          ],
          "create_before_destroy": true
        }
      ]
    },
    {
      "module": "module.autoscaling",
      "mode": "managed",
      "type": "aws_autoscaling_group",
      "name": "Web-ASG",
      "provider": "provider[\"registry.terraform.io/hashicorp/aws\"]",
      "instances": [
        {
          "schema_version": 1,
          "attributes": {
            "arn": "arn:aws:autoscaling:ca-central-1:891377163278:autoScalingGroup:f27e53cd-5da7-48df-beeb-1325ce6b0f9c:autoScalingGroupName/hellowaws_WEB-ASG",
            "availability_zones": [
              "ca-central-1a",
              "ca-central-1b"
            ],
            "capacity_rebalance": false,
            "context": "",
            "default_cooldown": 300,
            "default_instance_warmup": 0,
            "desired_capacity": 2,
            "desired_capacity_type": "",
            "enabled_metrics": [
              "GroupDesiredCapacity",
              "GroupInServiceInstances",
              "GroupMaxSize",
              "GroupMinSize",
              "GroupPendingInstances",
              "GroupStandbyInstances",
              "GroupTerminatingInstances",
              "GroupTotalInstances"
            ],
            "force_delete": true,
            "force_delete_warm_pool": false,
            "health_check_grace_period": 300,
            "health_check_type": "ELB",
            "id": "hellowaws_WEB-ASG",
            "ignore_failed_scaling_activities": false,
            "initial_lifecycle_hook": [],
            "instance_maintenance_policy": [],
            "instance_refresh": [
              {
                "preferences": [
                  {
                    "alarm_specification": [],
                    "auto_rollback": false,
                    "checkpoint_delay": "",
                    "checkpoint_percentages": null,
                    "instance_warmup": "180",
                    "max_healthy_percentage": 200,
                    "min_healthy_percentage": 100,
                    "scale_in_protected_instances": "Ignore",
                    "skip_matching": false,
                    "standby_instances": "Ignore"
                  }
                ],
                "strategy": "Rolling",
                "triggers": null
              }
            ],
            "launch_configuration": "",
            "launch_template": [
              {
                "id": "lt-00490fa87ba2bef5a",
                "name": "Web-template",
                "version": "1"
              }
            ],
            "load_balancers": [],
            "max_instance_lifetime": 0,
            "max_size": 4,
            "metrics_granularity": "1Minute",
            "min_elb_capacity": null,
            "min_size": 2,
            "mixed_instances_policy": [],
            "name": "hellowaws_WEB-ASG",
            "name_prefix": "",
            "placement_group": "",
            "predicted_capacity": 0,
            "protect_from_scale_in": false,
            "service_linked_role_arn": "arn:aws:iam::891377163278:role/aws-service-role/autoscaling.amazonaws.com/AWSServiceRoleForAutoScaling",
            "suspended_processes": null,
            "tag": [
              {
                "key": "Name",
                "propagate_at_launch": true,
                "value": "Web-ASG"
              }
            ],
            "target_group_arns": [
              "arn:aws:elasticloadbalancing:ca-central-1:891377163278:targetgroup/Web-TG20240610-1225/aefd2d85e43bdcad"
            ],
            "termination_policies": null,
            "timeouts": null,
            "traffic_source": [
              {
                "identifier": "arn:aws:elasticloadbalancing:ca-central-1:891377163278:targetgroup/Web-TG20240610-1225/aefd2d85e43bdcad",
                "type": "elbv2"
              }
            ],
            "vpc_zone_identifier": [
              "subnet-086fa0b5a9c41eb3c",
              "subnet-09a00937755c67418"
            ],
            "wait_for_capacity_timeout": "10m",
            "wait_for_elb_capacity": null,
            "warm_pool": [
              {
                "instance_reuse_policy": [],
                "max_group_prepared_capacity": 3,
                "min_size": 1,
                "pool_state": "Stopped"
              }
            ],
            "warm_pool_size": 0
          },
          "sensitive_attributes": [],
          "private": "eyJlMmJmYjczMC1lY2FhLTExZTYtOGY4OC0zNDM2M2JjN2M0YzAiOnsiZGVsZXRlIjo2MDAwMDAwMDAwMDAsInVwZGF0ZSI6NjAwMDAwMDAwMDAwfSwic2NoZW1hX3ZlcnNpb24iOiIxIn0=",
          "dependencies": [
            "module.alb.aws_lb.App-elb",
            "module.alb.aws_lb_target_group.app-tg",
            "module.alb.aws_lb_target_group.web-tg",
            "module.alb.data.aws_security_group.app-alb-sg",
            "module.alb.data.aws_subnet.private_subnet1",
            "module.alb.data.aws_subnet.private_subnet2",
            "module.alb.data.aws_vpc.vpc",
            "module.ami.aws_ami_from_instance.ktd_ami",
            "module.ami.aws_instance.bastion",
            "module.ami.data.aws_subnet.subnet",
            "module.ami.data.aws_vpc.vpc",
            "module.autoscaling.aws_autoscaling_group.App-ASG",
            "module.autoscaling.aws_launch_template.App-LC",
            "module.autoscaling.aws_launch_template.Web-LC",
            "module.autoscaling.data.aws_subnet.private_subnet1",
            "module.autoscaling.data.aws_subnet.private_subnet2",
            "module.iam.aws_iam_instance_profile.instance-profile",
            "module.iam.aws_iam_role.codebuild_role",
            "module.iam.aws_iam_role.iam_role",
            "module.iam.aws_iam_role_policy.iam-policy",
            "module.repository.aws_codecommit_repository.sourcecode-repository",
            "module.security-group.aws_security_group.app-alb-sg",
            "module.security-group.aws_security_group.app-tier-sg",
            "module.security-group.aws_security_group.bastion-sg",
            "module.security-group.aws_security_group.database-sg",
            "module.security-group.aws_security_group.redis-sg",
            "module.security-group.aws_security_group.web-alb-sg",
            "module.security-group.aws_security_group.web-tier-sg",
            "module.security-group.data.aws_vpc.vpc",
            "module.vpc.aws_eip.eip1",
            "module.vpc.aws_eip.eip2",
            "module.vpc.aws_internet_gateway.igw",
            "module.vpc.aws_nat_gateway.ngw1",
            "module.vpc.aws_nat_gateway.ngw2",
            "module.vpc.aws_route_table.db-rt1",
            "module.vpc.aws_route_table.db-rt2",
            "module.vpc.aws_route_table.private-rt1",
            "module.vpc.aws_route_table.private-rt2",
            "module.vpc.aws_route_table.public-rt",
            "module.vpc.aws_route_table_association.db-rt-association1",
            "module.vpc.aws_route_table_association.db-rt-association2",
            "module.vpc.aws_route_table_association.private-rt-association1",
            "module.vpc.aws_route_table_association.private-rt-association2",
            "module.vpc.aws_route_table_association.public-rt-association1",
            "module.vpc.aws_route_table_association.public-rt-association2",
            "module.vpc.aws_subnet.db_subnet1",
            "module.vpc.aws_subnet.db_subnet2",
            "module.vpc.aws_subnet.private_subnet1",
            "module.vpc.aws_subnet.private_subnet2",
            "module.vpc.aws_subnet.public_subnet1",
            "module.vpc.aws_subnet.public_subnet2",
            "module.vpc.aws_vpc.vpc",
            "module.vpc.aws_vpc_endpoint.s3_gateway",
            "module.vpc.data.aws_availability_zones.azs"
          ],
          "create_before_destroy": true
        }
      ]
    },
    {
      "module": "module.autoscaling",
      "mode": "managed",
      "type": "aws_autoscaling_policy",
      "name": "app-custom-cpu-policy",
      "provider": "provider[\"registry.terraform.io/hashicorp/aws\"]",
      "instances": [
        {
          "schema_version": 0,
          "attributes": {
            "adjustment_type": "ChangeInCapacity",
            "arn": "arn:aws:autoscaling:ca-central-1:891377163278:scalingPolicy:e1788bab-c6c4-443c-891b-df76a69b887c:autoScalingGroupName/hellowaws_APP-ASG:policyName/custom-cpu-policy",
            "autoscaling_group_name": "hellowaws_APP-ASG",
            "cooldown": 60,
            "enabled": true,
            "estimated_instance_warmup": 0,
            "id": "custom-cpu-policy",
            "metric_aggregation_type": "",
            "min_adjustment_magnitude": 0,
            "name": "custom-cpu-policy",
            "policy_type": "SimpleScaling",
            "predictive_scaling_configuration": [],
            "scaling_adjustment": 1,
            "step_adjustment": [],
            "target_tracking_configuration": []
          },
          "sensitive_attributes": [],
          "private": "bnVsbA==",
          "dependencies": [
            "module.alb.aws_lb.App-elb",
            "module.alb.aws_lb_target_group.app-tg",
            "module.alb.data.aws_security_group.app-alb-sg",
            "module.alb.data.aws_subnet.private_subnet1",
            "module.alb.data.aws_subnet.private_subnet2",
            "module.alb.data.aws_vpc.vpc",
            "module.ami.aws_ami_from_instance.ktd_ami",
            "module.ami.aws_instance.bastion",
            "module.ami.data.aws_subnet.subnet",
            "module.ami.data.aws_vpc.vpc",
            "module.autoscaling.aws_autoscaling_group.App-ASG",
            "module.autoscaling.aws_launch_template.App-LC",
            "module.autoscaling.data.aws_subnet.private_subnet1",
            "module.autoscaling.data.aws_subnet.private_subnet2",
            "module.iam.aws_iam_instance_profile.instance-profile",
            "module.iam.aws_iam_role.codebuild_role",
            "module.iam.aws_iam_role.iam_role",
            "module.iam.aws_iam_role_policy.iam-policy",
            "module.repository.aws_codecommit_repository.sourcecode-repository",
            "module.security-group.aws_security_group.app-alb-sg",
            "module.security-group.aws_security_group.app-tier-sg",
            "module.security-group.aws_security_group.bastion-sg",
            "module.security-group.aws_security_group.database-sg",
            "module.security-group.aws_security_group.redis-sg",
            "module.security-group.aws_security_group.web-alb-sg",
            "module.security-group.aws_security_group.web-tier-sg",
            "module.security-group.data.aws_vpc.vpc",
            "module.vpc.aws_eip.eip1",
            "module.vpc.aws_eip.eip2",
            "module.vpc.aws_internet_gateway.igw",
            "module.vpc.aws_nat_gateway.ngw1",
            "module.vpc.aws_nat_gateway.ngw2",
            "module.vpc.aws_route_table.db-rt1",
            "module.vpc.aws_route_table.db-rt2",
            "module.vpc.aws_route_table.private-rt1",
            "module.vpc.aws_route_table.private-rt2",
            "module.vpc.aws_route_table.public-rt",
            "module.vpc.aws_route_table_association.db-rt-association1",
            "module.vpc.aws_route_table_association.db-rt-association2",
            "module.vpc.aws_route_table_association.private-rt-association1",
            "module.vpc.aws_route_table_association.private-rt-association2",
            "module.vpc.aws_route_table_association.public-rt-association1",
            "module.vpc.aws_route_table_association.public-rt-association2",
            "module.vpc.aws_subnet.db_subnet1",
            "module.vpc.aws_subnet.db_subnet2",
            "module.vpc.aws_subnet.private_subnet1",
            "module.vpc.aws_subnet.private_subnet2",
            "module.vpc.aws_subnet.public_subnet1",
            "module.vpc.aws_subnet.public_subnet2",
            "module.vpc.aws_vpc.vpc",
            "module.vpc.aws_vpc_endpoint.s3_gateway",
            "module.vpc.data.aws_availability_zones.azs"
          ],
          "create_before_destroy": true
        }
      ]
    },
    {
      "module": "module.autoscaling",
      "mode": "managed",
      "type": "aws_autoscaling_policy",
      "name": "app-custom-cpu-policy-scaleIn",
      "provider": "provider[\"registry.terraform.io/hashicorp/aws\"]",
      "instances": [
        {
          "schema_version": 0,
          "attributes": {
            "adjustment_type": "ChangeInCapacity",
            "arn": "arn:aws:autoscaling:ca-central-1:891377163278:scalingPolicy:4854b146-59f1-4262-8312-ed420d4972c8:autoScalingGroupName/hellowaws_APP-ASG:policyName/custom-cpu-policy-scaleIn",
            "autoscaling_group_name": "hellowaws_APP-ASG",
            "cooldown": 60,
            "enabled": true,
            "estimated_instance_warmup": 0,
            "id": "custom-cpu-policy-scaleIn",
            "metric_aggregation_type": "",
            "min_adjustment_magnitude": 0,
            "name": "custom-cpu-policy-scaleIn",
            "policy_type": "SimpleScaling",
            "predictive_scaling_configuration": [],
            "scaling_adjustment": -1,
            "step_adjustment": [],
            "target_tracking_configuration": []
          },
          "sensitive_attributes": [],
          "private": "bnVsbA==",
          "dependencies": [
            "module.alb.aws_lb.App-elb",
            "module.alb.aws_lb_target_group.app-tg",
            "module.alb.data.aws_security_group.app-alb-sg",
            "module.alb.data.aws_subnet.private_subnet1",
            "module.alb.data.aws_subnet.private_subnet2",
            "module.alb.data.aws_vpc.vpc",
            "module.ami.aws_ami_from_instance.ktd_ami",
            "module.ami.aws_instance.bastion",
            "module.ami.data.aws_subnet.subnet",
            "module.ami.data.aws_vpc.vpc",
            "module.autoscaling.aws_autoscaling_group.App-ASG",
            "module.autoscaling.aws_launch_template.App-LC",
            "module.autoscaling.data.aws_subnet.private_subnet1",
            "module.autoscaling.data.aws_subnet.private_subnet2",
            "module.iam.aws_iam_instance_profile.instance-profile",
            "module.iam.aws_iam_role.codebuild_role",
            "module.iam.aws_iam_role.iam_role",
            "module.iam.aws_iam_role_policy.iam-policy",
            "module.repository.aws_codecommit_repository.sourcecode-repository",
            "module.security-group.aws_security_group.app-alb-sg",
            "module.security-group.aws_security_group.app-tier-sg",
            "module.security-group.aws_security_group.bastion-sg",
            "module.security-group.aws_security_group.database-sg",
            "module.security-group.aws_security_group.redis-sg",
            "module.security-group.aws_security_group.web-alb-sg",
            "module.security-group.aws_security_group.web-tier-sg",
            "module.security-group.data.aws_vpc.vpc",
            "module.vpc.aws_eip.eip1",
            "module.vpc.aws_eip.eip2",
            "module.vpc.aws_internet_gateway.igw",
            "module.vpc.aws_nat_gateway.ngw1",
            "module.vpc.aws_nat_gateway.ngw2",
            "module.vpc.aws_route_table.db-rt1",
            "module.vpc.aws_route_table.db-rt2",
            "module.vpc.aws_route_table.private-rt1",
            "module.vpc.aws_route_table.private-rt2",
            "module.vpc.aws_route_table.public-rt",
            "module.vpc.aws_route_table_association.db-rt-association1",
            "module.vpc.aws_route_table_association.db-rt-association2",
            "module.vpc.aws_route_table_association.private-rt-association1",
            "module.vpc.aws_route_table_association.private-rt-association2",
            "module.vpc.aws_route_table_association.public-rt-association1",
            "module.vpc.aws_route_table_association.public-rt-association2",
            "module.vpc.aws_subnet.db_subnet1",
            "module.vpc.aws_subnet.db_subnet2",
            "module.vpc.aws_subnet.private_subnet1",
            "module.vpc.aws_subnet.private_subnet2",
            "module.vpc.aws_subnet.public_subnet1",
            "module.vpc.aws_subnet.public_subnet2",
            "module.vpc.aws_vpc.vpc",
            "module.vpc.aws_vpc_endpoint.s3_gateway",
            "module.vpc.data.aws_availability_zones.azs"
          ],
          "create_before_destroy": true
        }
      ]
    },
    {
      "module": "module.autoscaling",
      "mode": "managed",
      "type": "aws_cloudwatch_metric_alarm",
      "name": "app-custom-cpu-alarm",
      "provider": "provider[\"registry.terraform.io/hashicorp/aws\"]",
      "instances": [
        {
          "schema_version": 1,
          "attributes": {
            "actions_enabled": true,
            "alarm_actions": [
              "arn:aws:autoscaling:ca-central-1:891377163278:scalingPolicy:e1788bab-c6c4-443c-891b-df76a69b887c:autoScalingGroupName/hellowaws_APP-ASG:policyName/custom-cpu-policy"
            ],
            "alarm_description": "alarm when cpu usage increases",
            "alarm_name": "custom-appserver-cpu-alarm",
            "arn": "arn:aws:cloudwatch:ca-central-1:891377163278:alarm:custom-appserver-cpu-alarm",
            "comparison_operator": "GreaterThanOrEqualToThreshold",
            "datapoints_to_alarm": 0,
            "dimensions": {
              "AutoScalingGroupName": "hellowaws_APP-ASG"
            },
            "evaluate_low_sample_count_percentiles": "",
            "evaluation_periods": 2,
            "extended_statistic": "",
            "id": "custom-appserver-cpu-alarm",
            "insufficient_data_actions": null,
            "metric_name": "CPUUtilization",
            "metric_query": [],
            "namespace": "AWS/EC2",
            "ok_actions": null,
            "period": 120,
            "statistic": "Average",
            "tags": null,
            "tags_all": {},
            "threshold": 85,
            "threshold_metric_id": "",
            "treat_missing_data": "missing",
            "unit": ""
          },
          "sensitive_attributes": [],
          "private": "eyJzY2hlbWFfdmVyc2lvbiI6IjEifQ==",
          "dependencies": [
            "module.alb.aws_lb.App-elb",
            "module.alb.aws_lb_target_group.app-tg",
            "module.alb.data.aws_security_group.app-alb-sg",
            "module.alb.data.aws_subnet.private_subnet1",
            "module.alb.data.aws_subnet.private_subnet2",
            "module.alb.data.aws_vpc.vpc",
            "module.ami.aws_ami_from_instance.ktd_ami",
            "module.ami.aws_instance.bastion",
            "module.ami.data.aws_subnet.subnet",
            "module.ami.data.aws_vpc.vpc",
            "module.autoscaling.aws_autoscaling_group.App-ASG",
            "module.autoscaling.aws_autoscaling_policy.app-custom-cpu-policy",
            "module.autoscaling.aws_launch_template.App-LC",
            "module.autoscaling.data.aws_subnet.private_subnet1",
            "module.autoscaling.data.aws_subnet.private_subnet2",
            "module.iam.aws_iam_instance_profile.instance-profile",
            "module.iam.aws_iam_role.codebuild_role",
            "module.iam.aws_iam_role.iam_role",
            "module.iam.aws_iam_role_policy.iam-policy",
            "module.repository.aws_codecommit_repository.sourcecode-repository",
            "module.security-group.aws_security_group.app-alb-sg",
            "module.security-group.aws_security_group.app-tier-sg",
            "module.security-group.aws_security_group.bastion-sg",
            "module.security-group.aws_security_group.database-sg",
            "module.security-group.aws_security_group.redis-sg",
            "module.security-group.aws_security_group.web-alb-sg",
            "module.security-group.aws_security_group.web-tier-sg",
            "module.security-group.data.aws_vpc.vpc",
            "module.vpc.aws_eip.eip1",
            "module.vpc.aws_eip.eip2",
            "module.vpc.aws_internet_gateway.igw",
            "module.vpc.aws_nat_gateway.ngw1",
            "module.vpc.aws_nat_gateway.ngw2",
            "module.vpc.aws_route_table.db-rt1",
            "module.vpc.aws_route_table.db-rt2",
            "module.vpc.aws_route_table.private-rt1",
            "module.vpc.aws_route_table.private-rt2",
            "module.vpc.aws_route_table.public-rt",
            "module.vpc.aws_route_table_association.db-rt-association1",
            "module.vpc.aws_route_table_association.db-rt-association2",
            "module.vpc.aws_route_table_association.private-rt-association1",
            "module.vpc.aws_route_table_association.private-rt-association2",
            "module.vpc.aws_route_table_association.public-rt-association1",
            "module.vpc.aws_route_table_association.public-rt-association2",
            "module.vpc.aws_subnet.db_subnet1",
            "module.vpc.aws_subnet.db_subnet2",
            "module.vpc.aws_subnet.private_subnet1",
            "module.vpc.aws_subnet.private_subnet2",
            "module.vpc.aws_subnet.public_subnet1",
            "module.vpc.aws_subnet.public_subnet2",
            "module.vpc.aws_vpc.vpc",
            "module.vpc.aws_vpc_endpoint.s3_gateway",
            "module.vpc.data.aws_availability_zones.azs"
          ],
          "create_before_destroy": true
        }
      ]
    },
    {
      "module": "module.autoscaling",
      "mode": "managed",
      "type": "aws_cloudwatch_metric_alarm",
      "name": "app-custom-cpu-alarm-scaleIn",
      "provider": "provider[\"registry.terraform.io/hashicorp/aws\"]",
      "instances": [
        {
          "schema_version": 1,
          "attributes": {
            "actions_enabled": true,
            "alarm_actions": [
              "arn:aws:autoscaling:ca-central-1:891377163278:scalingPolicy:4854b146-59f1-4262-8312-ed420d4972c8:autoScalingGroupName/hellowaws_APP-ASG:policyName/custom-cpu-policy-scaleIn"
            ],
            "alarm_description": "alarm when cpu usage decreases",
            "alarm_name": "custom-appserver-cpu-alarm-scaleIn",
            "arn": "arn:aws:cloudwatch:ca-central-1:891377163278:alarm:custom-appserver-cpu-alarm-scaleIn",
            "comparison_operator": "LessThanOrEqualToThreshold",
            "datapoints_to_alarm": 0,
            "dimensions": {
              "AutoScalingGroupName": "hellowaws_APP-ASG"
            },
            "evaluate_low_sample_count_percentiles": "",
            "evaluation_periods": 2,
            "extended_statistic": "",
            "id": "custom-appserver-cpu-alarm-scaleIn",
            "insufficient_data_actions": null,
            "metric_name": "CPUUtilization",
            "metric_query": [],
            "namespace": "AWS/EC2",
            "ok_actions": null,
            "period": 120,
            "statistic": "Average",
            "tags": null,
            "tags_all": {},
            "threshold": 20,
            "threshold_metric_id": "",
            "treat_missing_data": "missing",
            "unit": ""
          },
          "sensitive_attributes": [],
          "private": "eyJzY2hlbWFfdmVyc2lvbiI6IjEifQ==",
          "dependencies": [
            "module.alb.aws_lb.App-elb",
            "module.alb.aws_lb_target_group.app-tg",
            "module.alb.data.aws_security_group.app-alb-sg",
            "module.alb.data.aws_subnet.private_subnet1",
            "module.alb.data.aws_subnet.private_subnet2",
            "module.alb.data.aws_vpc.vpc",
            "module.ami.aws_ami_from_instance.ktd_ami",
            "module.ami.aws_instance.bastion",
            "module.ami.data.aws_subnet.subnet",
            "module.ami.data.aws_vpc.vpc",
            "module.autoscaling.aws_autoscaling_group.App-ASG",
            "module.autoscaling.aws_autoscaling_policy.app-custom-cpu-policy-scaleIn",
            "module.autoscaling.aws_launch_template.App-LC",
            "module.autoscaling.data.aws_subnet.private_subnet1",
            "module.autoscaling.data.aws_subnet.private_subnet2",
            "module.iam.aws_iam_instance_profile.instance-profile",
            "module.iam.aws_iam_role.codebuild_role",
            "module.iam.aws_iam_role.iam_role",
            "module.iam.aws_iam_role_policy.iam-policy",
            "module.repository.aws_codecommit_repository.sourcecode-repository",
            "module.security-group.aws_security_group.app-alb-sg",
            "module.security-group.aws_security_group.app-tier-sg",
            "module.security-group.aws_security_group.bastion-sg",
            "module.security-group.aws_security_group.database-sg",
            "module.security-group.aws_security_group.redis-sg",
            "module.security-group.aws_security_group.web-alb-sg",
            "module.security-group.aws_security_group.web-tier-sg",
            "module.security-group.data.aws_vpc.vpc",
            "module.vpc.aws_eip.eip1",
            "module.vpc.aws_eip.eip2",
            "module.vpc.aws_internet_gateway.igw",
            "module.vpc.aws_nat_gateway.ngw1",
            "module.vpc.aws_nat_gateway.ngw2",
            "module.vpc.aws_route_table.db-rt1",
            "module.vpc.aws_route_table.db-rt2",
            "module.vpc.aws_route_table.private-rt1",
            "module.vpc.aws_route_table.private-rt2",
            "module.vpc.aws_route_table.public-rt",
            "module.vpc.aws_route_table_association.db-rt-association1",
            "module.vpc.aws_route_table_association.db-rt-association2",
            "module.vpc.aws_route_table_association.private-rt-association1",
            "module.vpc.aws_route_table_association.private-rt-association2",
            "module.vpc.aws_route_table_association.public-rt-association1",
            "module.vpc.aws_route_table_association.public-rt-association2",
            "module.vpc.aws_subnet.db_subnet1",
            "module.vpc.aws_subnet.db_subnet2",
            "module.vpc.aws_subnet.private_subnet1",
            "module.vpc.aws_subnet.private_subnet2",
            "module.vpc.aws_subnet.public_subnet1",
            "module.vpc.aws_subnet.public_subnet2",
            "module.vpc.aws_vpc.vpc",
            "module.vpc.aws_vpc_endpoint.s3_gateway",
            "module.vpc.data.aws_availability_zones.azs"
          ],
          "create_before_destroy": true
        }
      ]
    },
    {
      "module": "module.autoscaling",
      "mode": "managed",
      "type": "aws_launch_template",
      "name": "App-LC",
      "provider": "provider[\"registry.terraform.io/hashicorp/aws\"]",
      "instances": [
        {
          "schema_version": 0,
          "attributes": {
            "arn": "arn:aws:ec2:ca-central-1:891377163278:launch-template/lt-0831209a54b9856d4",
            "block_device_mappings": [],
            "capacity_reservation_specification": [],
            "cpu_options": [],
            "credit_specification": [],
            "default_version": 1,
            "description": "",
            "disable_api_stop": false,
            "disable_api_termination": false,
            "ebs_optimized": "",
            "elastic_gpu_specifications": [],
            "elastic_inference_accelerator": [],
            "enclave_options": [],
            "hibernation_options": [],
            "iam_instance_profile": [
              {
                "arn": "",
                "name": "instance-profile-for-ec2-SSM,S3CICD"
              }
            ],
            "id": "lt-0831209a54b9856d4",
            "image_id": "ami-0f5bec67f03b7c9b2",
            "instance_initiated_shutdown_behavior": "",
            "instance_market_options": [],
            "instance_requirements": [],
            "instance_type": "t3.micro",
            "kernel_id": "",
            "key_name": "",
            "latest_version": 1,
            "license_specification": [],
            "maintenance_options": [],
            "metadata_options": [],
            "monitoring": [],
            "name": "App-template",
            "name_prefix": "",
            "network_interfaces": [],
            "placement": [],
            "private_dns_name_options": [],
            "ram_disk_id": "",
            "security_group_names": null,
            "tag_specifications": [],
            "tags": null,
            "tags_all": {},
            "update_default_version": null,
            "user_data": "IyEvYmluL2Jhc2gNCg0Kc3VkbyBzdQ0KDQpjYXQgPiAvZXRjL25naW54L25naW54LmNvbmYgPDwgJ0VPRicNCnVzZXIgbmdpbng7DQp3b3JrZXJfcHJvY2Vzc2VzIGF1dG87DQplcnJvcl9sb2cgL3Zhci9sb2cvbmdpbngvZXJyb3IubG9nOw0KcGlkIC9ydW4vbmdpbngucGlkOw0KDQpldmVudHMgew0KICAgIHdvcmtlcl9jb25uZWN0aW9ucyAxMDI0Ow0KfQ0KDQpodHRwIHsNCiAgICBsb2dfZm9ybWF0ICBtYWluICAnJHJlbW90ZV9hZGRyIC0gJHJlbW90ZV91c2VyIFskdGltZV9sb2NhbF0gIiRyZXF1ZXN0IiAnDQogICAgICAgICAgICAgICAgICAgICAgJyRzdGF0dXMgJGJvZHlfYnl0ZXNfc2VudCAiJGh0dHBfcmVmZXJlciIgJw0KICAgICAgICAgICAgICAgICAgICAgICciJGh0dHBfdXNlcl9hZ2VudCIgIiRodHRwX3hfZm9yd2FyZGVkX2ZvciInOw0KDQogICAgYWNjZXNzX2xvZyAgL3Zhci9sb2cvbmdpbngvYWNjZXNzLmxvZyAgbWFpbjsNCg0KICAgIHNlbmRmaWxlICAgICAgICAgICAgb247DQogICAgdGNwX25vcHVzaCAgICAgICAgICBvbjsNCiAgICB0Y3Bfbm9kZWxheSAgICAgICAgIG9uOw0KICAgIGtlZXBhbGl2ZV90aW1lb3V0ICAgNjU7DQogICAgdHlwZXNfaGFzaF9tYXhfc2l6ZSAyMDQ4Ow0KDQogICAgaW5jbHVkZSAgICAgICAgICAgICAvZXRjL25naW54L21pbWUudHlwZXM7DQogICAgZGVmYXVsdF90eXBlICAgICAgICBhcHBsaWNhdGlvbi9vY3RldC1zdHJlYW07DQoNCiAgICAjIOq4sOuzuCDshJzrsoQg7ISk7KCVDQogICAgc2VydmVyIHsNCiAgICAgICAgbGlzdGVuICAgICAgIDgwODAgZGVmYXVsdF9zZXJ2ZXI7DQogICAgICAgIGxpc3RlbiAgICAgICBbOjpdOjgwODAgZGVmYXVsdF9zZXJ2ZXI7DQogICAgICAgIHNlcnZlcl9uYW1lICBfOw0KICAgICAgICByb290ICAgICAgICAgL3Vzci9zaGFyZS9uZ2lueC9odG1sOw0KDQogICAgICAgIGxvY2F0aW9uIC8gew0KICAgICAgICAgICAgdHJ5X2ZpbGVzICR1cmkgJHVyaS8gPTQwNDsNCiAgICAgICAgfQ0KDQogICAgICAgICMg7Jik66WYIO2OmOydtOyngCDshKTsoJUNCiAgICAgICAgZXJyb3JfcGFnZSA0MDQgLzQwNC5odG1sOw0KICAgICAgICBsb2NhdGlvbiA9IC80MHguaHRtbCB7DQogICAgICAgIH0NCg0KICAgICAgICBlcnJvcl9wYWdlIDUwMCA1MDIgNTAzIDUwNCAvNTB4Lmh0bWw7DQogICAgICAgIGxvY2F0aW9uID0gLzUweC5odG1sIHsNCiAgICAgICAgfQ0KICAgIH0NCn0NCkVPRg0KDQojIE5naW54IOyerOyLnOyekQ0Kc3lzdGVtY3RsIHJlc3RhcnQgbmdpbng=",
            "vpc_security_group_ids": [
              "sg-0e2ec9bf0ae646712"
            ]
          },
          "sensitive_attributes": [],
          "private": "bnVsbA==",
          "dependencies": [
            "module.alb.aws_lb.App-elb",
            "module.alb.data.aws_security_group.app-alb-sg",
            "module.alb.data.aws_subnet.private_subnet1",
            "module.alb.data.aws_subnet.private_subnet2",
            "module.ami.aws_ami_from_instance.ktd_ami",
            "module.ami.aws_instance.bastion",
            "module.ami.data.aws_subnet.subnet",
            "module.ami.data.aws_vpc.vpc",
            "module.iam.aws_iam_instance_profile.instance-profile",
            "module.iam.aws_iam_role.codebuild_role",
            "module.iam.aws_iam_role.iam_role",
            "module.iam.aws_iam_role_policy.iam-policy",
            "module.repository.aws_codecommit_repository.sourcecode-repository",
            "module.security-group.aws_security_group.app-alb-sg",
            "module.security-group.aws_security_group.app-tier-sg",
            "module.security-group.aws_security_group.bastion-sg",
            "module.security-group.aws_security_group.database-sg",
            "module.security-group.aws_security_group.redis-sg",
            "module.security-group.aws_security_group.web-alb-sg",
            "module.security-group.aws_security_group.web-tier-sg",
            "module.security-group.data.aws_vpc.vpc",
            "module.vpc.aws_eip.eip1",
            "module.vpc.aws_eip.eip2",
            "module.vpc.aws_internet_gateway.igw",
            "module.vpc.aws_nat_gateway.ngw1",
            "module.vpc.aws_nat_gateway.ngw2",
            "module.vpc.aws_route_table.db-rt1",
            "module.vpc.aws_route_table.db-rt2",
            "module.vpc.aws_route_table.private-rt1",
            "module.vpc.aws_route_table.private-rt2",
            "module.vpc.aws_route_table.public-rt",
            "module.vpc.aws_route_table_association.db-rt-association1",
            "module.vpc.aws_route_table_association.db-rt-association2",
            "module.vpc.aws_route_table_association.private-rt-association1",
            "module.vpc.aws_route_table_association.private-rt-association2",
            "module.vpc.aws_route_table_association.public-rt-association1",
            "module.vpc.aws_route_table_association.public-rt-association2",
            "module.vpc.aws_subnet.db_subnet1",
            "module.vpc.aws_subnet.db_subnet2",
            "module.vpc.aws_subnet.private_subnet1",
            "module.vpc.aws_subnet.private_subnet2",
            "module.vpc.aws_subnet.public_subnet1",
            "module.vpc.aws_subnet.public_subnet2",
            "module.vpc.aws_vpc.vpc",
            "module.vpc.aws_vpc_endpoint.s3_gateway",
            "module.vpc.data.aws_availability_zones.azs"
          ],
          "create_before_destroy": true
        }
      ]
    },
    {
      "module": "module.autoscaling",
      "mode": "managed",
      "type": "aws_launch_template",
      "name": "Web-LC",
      "provider": "provider[\"registry.terraform.io/hashicorp/aws\"]",
      "instances": [
        {
          "schema_version": 0,
          "attributes": {
            "arn": "arn:aws:ec2:ca-central-1:891377163278:launch-template/lt-00490fa87ba2bef5a",
            "block_device_mappings": [],
            "capacity_reservation_specification": [],
            "cpu_options": [],
            "credit_specification": [],
            "default_version": 1,
            "description": "",
            "disable_api_stop": false,
            "disable_api_termination": false,
            "ebs_optimized": "",
            "elastic_gpu_specifications": [],
            "elastic_inference_accelerator": [],
            "enclave_options": [],
            "hibernation_options": [],
            "iam_instance_profile": [
              {
                "arn": "",
                "name": "instance-profile-for-ec2-SSM,S3CICD"
              }
            ],
            "id": "lt-00490fa87ba2bef5a",
            "image_id": "ami-0f5bec67f03b7c9b2",
            "instance_initiated_shutdown_behavior": "",
            "instance_market_options": [],
            "instance_requirements": [],
            "instance_type": "t3.micro",
            "kernel_id": "",
            "key_name": "",
            "latest_version": 1,
            "license_specification": [],
            "maintenance_options": [],
            "metadata_options": [],
            "monitoring": [],
            "name": "Web-template",
            "name_prefix": "",
            "network_interfaces": [],
            "placement": [],
            "private_dns_name_options": [],
            "ram_disk_id": "",
            "security_group_names": null,
            "tag_specifications": [],
            "tags": null,
            "tags_all": {},
            "update_default_version": null,
            "user_data": "IyEvYmluL2Jhc2gNCiMgQW1hem9uIExpbnV4IDLsl5AgTmdpbngg7ISk7LmYDQoNCnN1ZG8gc3UNCg0KYXdzIHMzIGNwIHMzOi8va3RkLTA0MjYvZGphbmdvLWNvbW11bml0eS1ib2FyZC1tYWluL3RlbXBsYXRlcy9kZWZhdWx0LmNvbmYudGVtcGxhdGUgL2V0Yy9uZ2lueC9jb25mLmQvDQphcHBfbGJfZG5zPSQoYXdzIHNzbSBnZXQtcGFyYW1ldGVyIC0tbmFtZSAiL2NvbmZpZy9zeXN0ZW0vYWxiX2Ruc19uYW1lIiAtLXdpdGgtZGVjcnlwdGlvbiAtLXF1ZXJ5ICJQYXJhbWV0ZXIuVmFsdWUiIC0tb3V0cHV0IHRleHQgIC0tcmVnaW9uICJjYS1jZW50cmFsLTEiKQ0KZXhwb3J0IGFwcF9sYl9kbnMNCg0KZW52c3Vic3QgPCAvZXRjL25naW54L2NvbmYuZC9kZWZhdWx0LmNvbmYudGVtcGxhdGUgPiAvZXRjL25naW54L2NvbmYuZC9kZWZhdWx0LmNvbmYNCmF3cyBzMyBjcCBzMzovL2t0ZC0wNDI2L2RqYW5nby1jb21tdW5pdHktYm9hcmQtbWFpbi9zdGF0aWMgL3Vzci9zaGFyZS9uZ2lueC9odG1sL3N0YXRpYyAtLXJlY3Vyc2l2ZQ0Kc3lzdGVtY3RsIHJlc3RhcnQgbmdpbng=",
            "vpc_security_group_ids": [
              "sg-04df063b1f296b01b"
            ]
          },
          "sensitive_attributes": [],
          "private": "bnVsbA==",
          "dependencies": [
            "module.alb.aws_lb.App-elb",
            "module.alb.aws_lb_target_group.app-tg",
            "module.alb.data.aws_security_group.app-alb-sg",
            "module.alb.data.aws_subnet.private_subnet1",
            "module.alb.data.aws_subnet.private_subnet2",
            "module.alb.data.aws_vpc.vpc",
            "module.ami.aws_ami_from_instance.ktd_ami",
            "module.ami.aws_instance.bastion",
            "module.ami.data.aws_subnet.subnet",
            "module.ami.data.aws_vpc.vpc",
            "module.autoscaling.aws_autoscaling_group.App-ASG",
            "module.autoscaling.aws_launch_template.App-LC",
            "module.autoscaling.data.aws_subnet.private_subnet1",
            "module.autoscaling.data.aws_subnet.private_subnet2",
            "module.iam.aws_iam_instance_profile.instance-profile",
            "module.iam.aws_iam_role.codebuild_role",
            "module.iam.aws_iam_role.iam_role",
            "module.iam.aws_iam_role_policy.iam-policy",
            "module.repository.aws_codecommit_repository.sourcecode-repository",
            "module.security-group.aws_security_group.app-alb-sg",
            "module.security-group.aws_security_group.app-tier-sg",
            "module.security-group.aws_security_group.bastion-sg",
            "module.security-group.aws_security_group.database-sg",
            "module.security-group.aws_security_group.redis-sg",
            "module.security-group.aws_security_group.web-alb-sg",
            "module.security-group.aws_security_group.web-tier-sg",
            "module.security-group.data.aws_vpc.vpc",
            "module.vpc.aws_eip.eip1",
            "module.vpc.aws_eip.eip2",
            "module.vpc.aws_internet_gateway.igw",
            "module.vpc.aws_nat_gateway.ngw1",
            "module.vpc.aws_nat_gateway.ngw2",
            "module.vpc.aws_route_table.db-rt1",
            "module.vpc.aws_route_table.db-rt2",
            "module.vpc.aws_route_table.private-rt1",
            "module.vpc.aws_route_table.private-rt2",
            "module.vpc.aws_route_table.public-rt",
            "module.vpc.aws_route_table_association.db-rt-association1",
            "module.vpc.aws_route_table_association.db-rt-association2",
            "module.vpc.aws_route_table_association.private-rt-association1",
            "module.vpc.aws_route_table_association.private-rt-association2",
            "module.vpc.aws_route_table_association.public-rt-association1",
            "module.vpc.aws_route_table_association.public-rt-association2",
            "module.vpc.aws_subnet.db_subnet1",
            "module.vpc.aws_subnet.db_subnet2",
            "module.vpc.aws_subnet.private_subnet1",
            "module.vpc.aws_subnet.private_subnet2",
            "module.vpc.aws_subnet.public_subnet1",
            "module.vpc.aws_subnet.public_subnet2",
            "module.vpc.aws_vpc.vpc",
            "module.vpc.aws_vpc_endpoint.s3_gateway",
            "module.vpc.data.aws_availability_zones.azs"
          ],
          "create_before_destroy": true
        }
      ]
    },
    {
      "module": "module.build",
      "mode": "managed",
      "type": "aws_codebuild_project",
      "name": "hellowaws_3teir_buildProject",
      "provider": "provider[\"registry.terraform.io/hashicorp/aws\"]",
      "instances": [
        {
          "schema_version": 0,
          "attributes": {
            "arn": "arn:aws:codebuild:ca-central-1:891377163278:project/hellowaws_3teir_buildProject",
            "artifacts": [
              {
                "artifact_identifier": "",
                "bucket_owner_access": "",
                "encryption_disabled": true,
                "location": "hellowaws-artifact-bucket",
                "name": "hellowaws_3teir_buildProject",
                "namespace_type": "NONE",
                "override_artifact_name": false,
                "packaging": "NONE",
                "path": "hellowaws-cicd/build_output",
                "type": "S3"
              }
            ],
            "badge_enabled": true,
            "badge_url": "https://codebuild.ca-central-1.amazonaws.com/badges?uuid=eyJlbmNyeXB0ZWREYXRhIjoiV0ZWMmsvVWVBKzg3U0cxc1BTdEJFZE5WTzZ6Tk1kQlZRM2dPYjBJMEFNbG91WXJ0Rlh1THZsTk1zT2NrS0JBakdnNVhENUxJTmNMSXI3djRjWnhHQXVzPSIsIml2UGFyYW1ldGVyU3BlYyI6ImpRekxDRUsxWCtFV05UaEsiLCJtYXRlcmlhbFNldFNlcmlhbCI6MX0%3D\u0026branch=main",
            "build_batch_config": [],
            "build_timeout": 40,
            "cache": [
              {
                "location": "",
                "modes": [],
                "type": "NO_CACHE"
              }
            ],
            "concurrent_build_limit": 2,
            "description": "hellowaws_3teir_buildProject",
            "encryption_key": "arn:aws:kms:ca-central-1:891377163278:alias/aws/s3",
            "environment": [
              {
                "certificate": "",
                "compute_type": "BUILD_GENERAL1_SMALL",
                "environment_variable": [
                  {
                    "name": "AWS_DEFAULT_REGION",
                    "type": "PLAINTEXT",
                    "value": "ca-central-1"
                  },
                  {
                    "name": "REPOSITORY_NAME",
                    "type": "PLAINTEXT",
                    "value": "hellowaws-application-sourcecode"
                  }
                ],
                "image": "aws/codebuild/amazonlinux2-x86_64-standard:5.0",
                "image_pull_credentials_type": "CODEBUILD",
                "privileged_mode": true,
                "registry_credential": [],
                "type": "LINUX_CONTAINER"
              }
            ],
            "file_system_locations": [],
            "id": "arn:aws:codebuild:ca-central-1:891377163278:project/hellowaws_3teir_buildProject",
            "logs_config": [
              {
                "cloudwatch_logs": [
                  {
                    "group_name": "",
                    "status": "ENABLED",
                    "stream_name": ""
                  }
                ],
                "s3_logs": [
                  {
                    "bucket_owner_access": "",
                    "encryption_disabled": false,
                    "location": "",
                    "status": "DISABLED"
                  }
                ]
              }
            ],
            "name": "hellowaws_3teir_buildProject",
            "project_visibility": "PRIVATE",
            "public_project_alias": "",
            "queued_timeout": 180,
            "resource_access_role": "",
            "secondary_artifacts": [],
            "secondary_source_version": [],
            "secondary_sources": [],
            "service_role": "arn:aws:iam::891377163278:role/hellowaws_codebuild_role_name",
            "source": [
              {
                "build_status_config": [],
                "buildspec": "buildspec.yml",
                "git_clone_depth": 1,
                "git_submodules_config": [],
                "insecure_ssl": false,
                "location": "hellowaws-application-sourcecode",
                "report_build_status": false,
                "type": "CODECOMMIT"
              }
            ],
            "source_version": "",
            "tags": null,
            "tags_all": {},
            "vpc_config": [
              {
                "security_group_ids": [
                  "sg-0ce4af6eb4086ad3d"
                ],
                "subnets": [
                  "subnet-086fa0b5a9c41eb3c",
                  "subnet-09a00937755c67418"
                ],
                "vpc_id": "vpc-03cd39e1658cd90ab"
              }
            ]
          },
          "sensitive_attributes": [],
          "private": "bnVsbA==",
          "dependencies": [
            "module.build.aws_iam_role.codebuild_role",
            "module.build.aws_security_group.allow_all",
            "module.s3.aws_s3_bucket.artifact-bucket",
            "module.vpc.aws_internet_gateway.igw",
            "module.vpc.aws_subnet.private_subnet1",
            "module.vpc.aws_subnet.private_subnet2",
            "module.vpc.aws_subnet.public_subnet1",
            "module.vpc.aws_subnet.public_subnet2",
            "module.vpc.aws_vpc.vpc",
            "module.vpc.data.aws_availability_zones.azs"
          ]
        }
      ]
    },
    {
      "module": "module.build",
      "mode": "managed",
      "type": "aws_iam_role",
      "name": "codebuild_role",
      "provider": "provider[\"registry.terraform.io/hashicorp/aws\"]",
      "instances": [
        {
          "schema_version": 0,
          "attributes": {
            "arn": "arn:aws:iam::891377163278:role/hellowaws_codebuild_role_name",
            "assume_role_policy": "{\"Statement\":[{\"Action\":\"sts:AssumeRole\",\"Effect\":\"Allow\",\"Principal\":{\"Service\":\"codebuild.amazonaws.com\"}}],\"Version\":\"2012-10-17\"}",
            "create_date": "2024-06-10T00:20:17Z",
            "description": "",
            "force_detach_policies": false,
            "id": "hellowaws_codebuild_role_name",
            "inline_policy": [],
            "managed_policy_arns": [],
            "max_session_duration": 3600,
            "name": "hellowaws_codebuild_role_name",
            "name_prefix": "",
            "path": "/",
            "permissions_boundary": "",
            "tags": null,
            "tags_all": {},
            "unique_id": "AROA47CRYDQHNIPMPVE2V"
          },
          "sensitive_attributes": [],
          "private": "bnVsbA=="
        }
      ]
    },
    {
      "module": "module.build",
      "mode": "managed",
      "type": "aws_iam_role_policy_attachment",
      "name": "codebuild_role_policy",
      "provider": "provider[\"registry.terraform.io/hashicorp/aws\"]",
      "instances": [
        {
          "schema_version": 0,
          "attributes": {
            "id": "hellowaws_codebuild_role_name-20240610002020474900000005",
            "policy_arn": "arn:aws:iam::aws:policy/AdministratorAccess",
            "role": "hellowaws_codebuild_role_name"
          },
          "sensitive_attributes": [],
          "private": "bnVsbA==",
          "dependencies": [
            "module.build.aws_iam_role.codebuild_role"
          ]
        }
      ]
    },
    {
      "module": "module.build",
      "mode": "managed",
      "type": "aws_security_group",
      "name": "allow_all",
      "provider": "provider[\"registry.terraform.io/hashicorp/aws\"]",
      "instances": [
        {
          "schema_version": 1,
          "attributes": {
            "arn": "arn:aws:ec2:ca-central-1:891377163278:security-group/sg-0ce4af6eb4086ad3d",
            "description": "Security group with no filtering, allows all inbound and outbound traffic",
            "egress": [
              {
                "cidr_blocks": [
                  "0.0.0.0/0"
                ],
                "description": "",
                "from_port": 0,
                "ipv6_cidr_blocks": [],
                "prefix_list_ids": [],
                "protocol": "-1",
                "security_groups": [],
                "self": false,
                "to_port": 0
              }
            ],
            "id": "sg-0ce4af6eb4086ad3d",
            "ingress": [
              {
                "cidr_blocks": [
                  "0.0.0.0/0"
                ],
                "description": "",
                "from_port": 0,
                "ipv6_cidr_blocks": [],
                "prefix_list_ids": [],
                "protocol": "-1",
                "security_groups": [],
                "self": false,
                "to_port": 0
              }
            ],
            "name": "allow_all_traffic",
            "name_prefix": "",
            "owner_id": "891377163278",
            "revoke_rules_on_delete": false,
            "tags": null,
            "tags_all": {},
            "timeouts": null,
            "vpc_id": "vpc-03cd39e1658cd90ab"
          },
          "sensitive_attributes": [],
          "private": "eyJlMmJmYjczMC1lY2FhLTExZTYtOGY4OC0zNDM2M2JjN2M0YzAiOnsiY3JlYXRlIjo2MDAwMDAwMDAwMDAsImRlbGV0ZSI6OTAwMDAwMDAwMDAwfSwic2NoZW1hX3ZlcnNpb24iOiIxIn0=",
          "dependencies": [
            "module.vpc.aws_vpc.vpc"
          ]
        }
      ]
    },
    {
      "module": "module.db-cache",
      "mode": "data",
      "type": "aws_subnet",
      "name": "db_subnet1",
      "provider": "provider[\"registry.terraform.io/hashicorp/aws\"]",
      "instances": [
        {
          "schema_version": 0,
          "attributes": {
            "arn": "arn:aws:ec2:ca-central-1:891377163278:subnet/subnet-02526ee283c0dec6c",
            "assign_ipv6_address_on_creation": false,
            "availability_zone": "ca-central-1a",
            "availability_zone_id": "cac1-az1",
            "available_ip_address_count": 251,
            "cidr_block": "10.60.20.0/24",
            "customer_owned_ipv4_pool": "",
            "default_for_az": false,
            "enable_dns64": false,
            "enable_lni_at_device_index": 0,
            "enable_resource_name_dns_a_record_on_launch": false,
            "enable_resource_name_dns_aaaa_record_on_launch": false,
            "filter": [
              {
                "name": "tag:Name",
                "values": [
                  "hellowaws_db_subnet1"
                ]
              }
            ],
            "id": "subnet-02526ee283c0dec6c",
            "ipv6_cidr_block": "",
            "ipv6_cidr_block_association_id": "",
            "ipv6_native": false,
            "map_customer_owned_ip_on_launch": false,
            "map_public_ip_on_launch": false,
            "outpost_arn": "",
            "owner_id": "891377163278",
            "private_dns_hostname_type_on_launch": "ip-name",
            "state": "available",
            "tags": {
              "Name": "hellowaws_db_subnet1"
            },
            "timeouts": null,
            "vpc_id": "vpc-03cd39e1658cd90ab"
          },
          "sensitive_attributes": []
        }
      ]
    },
    {
      "module": "module.db-cache",
      "mode": "data",
      "type": "aws_subnet",
      "name": "db_subnet2",
      "provider": "provider[\"registry.terraform.io/hashicorp/aws\"]",
      "instances": [
        {
          "schema_version": 0,
          "attributes": {
            "arn": "arn:aws:ec2:ca-central-1:891377163278:subnet/subnet-051796fa3842852f5",
            "assign_ipv6_address_on_creation": false,
            "availability_zone": "ca-central-1b",
            "availability_zone_id": "cac1-az2",
            "available_ip_address_count": 251,
            "cidr_block": "10.60.21.0/24",
            "customer_owned_ipv4_pool": "",
            "default_for_az": false,
            "enable_dns64": false,
            "enable_lni_at_device_index": 0,
            "enable_resource_name_dns_a_record_on_launch": false,
            "enable_resource_name_dns_aaaa_record_on_launch": false,
            "filter": [
              {
                "name": "tag:Name",
                "values": [
                  "hellowaws_db_subnet2"
                ]
              }
            ],
            "id": "subnet-051796fa3842852f5",
            "ipv6_cidr_block": "",
            "ipv6_cidr_block_association_id": "",
            "ipv6_native": false,
            "map_customer_owned_ip_on_launch": false,
            "map_public_ip_on_launch": false,
            "outpost_arn": "",
            "owner_id": "891377163278",
            "private_dns_hostname_type_on_launch": "ip-name",
            "state": "available",
            "tags": {
              "Name": "hellowaws_db_subnet2"
            },
            "timeouts": null,
            "vpc_id": "vpc-03cd39e1658cd90ab"
          },
          "sensitive_attributes": []
        }
      ]
    },
    {
      "module": "module.db-cache",
      "mode": "managed",
      "type": "aws_elasticache_serverless_cache",
      "name": "redis_cluster",
      "provider": "provider[\"registry.terraform.io/hashicorp/aws\"]",
      "instances": [
        {
          "schema_version": 0,
          "attributes": {
            "arn": "arn:aws:elasticache:ca-central-1:891377163278:serverlesscache:redis",
            "cache_usage_limits": [
              {
                "data_storage": [
                  {
                    "maximum": 2,
                    "minimum": 1,
                    "unit": "GB"
                  }
                ],
                "ecpu_per_second": [
                  {
                    "maximum": 2000,
                    "minimum": 1000
                  }
                ]
              }
            ],
            "create_time": "2024-06-10T00:25:37Z",
            "daily_snapshot_time": "03:00",
            "description": "aurora db caching",
            "endpoint": [
              {
                "address": "redis-cbffuv.serverless.cac1.cache.amazonaws.com",
                "port": 6379
              }
            ],
            "engine": "redis",
            "full_engine_version": "7.1",
            "id": "redis",
            "kms_key_id": null,
            "major_engine_version": "7",
            "name": "redis",
            "reader_endpoint": [
              {
                "address": "redis-cbffuv.serverless.cac1.cache.amazonaws.com",
                "port": 6380
              }
            ],
            "security_group_ids": [
              "sg-0624b52bf4c34eb4c"
            ],
            "snapshot_arns_to_restore": null,
            "snapshot_retention_limit": 0,
            "status": "available",
            "subnet_ids": [
              "subnet-02526ee283c0dec6c",
              "subnet-051796fa3842852f5"
            ],
            "tags": null,
            "tags_all": {},
            "timeouts": null,
            "user_group_id": null
          },
          "sensitive_attributes": [],
          "dependencies": [
            "module.db-cache.data.aws_subnet.db_subnet1",
            "module.db-cache.data.aws_subnet.db_subnet2",
            "module.security-group.aws_security_group.app-alb-sg",
            "module.security-group.aws_security_group.app-tier-sg",
            "module.security-group.aws_security_group.bastion-sg",
            "module.security-group.aws_security_group.database-sg",
            "module.security-group.aws_security_group.redis-sg",
            "module.security-group.aws_security_group.web-alb-sg",
            "module.security-group.aws_security_group.web-tier-sg",
            "module.security-group.data.aws_vpc.vpc",
            "module.vpc.aws_eip.eip1",
            "module.vpc.aws_eip.eip2",
            "module.vpc.aws_internet_gateway.igw",
            "module.vpc.aws_nat_gateway.ngw1",
            "module.vpc.aws_nat_gateway.ngw2",
            "module.vpc.aws_route_table.db-rt1",
            "module.vpc.aws_route_table.db-rt2",
            "module.vpc.aws_route_table.private-rt1",
            "module.vpc.aws_route_table.private-rt2",
            "module.vpc.aws_route_table.public-rt",
            "module.vpc.aws_route_table_association.db-rt-association1",
            "module.vpc.aws_route_table_association.db-rt-association2",
            "module.vpc.aws_route_table_association.private-rt-association1",
            "module.vpc.aws_route_table_association.private-rt-association2",
            "module.vpc.aws_route_table_association.public-rt-association1",
            "module.vpc.aws_route_table_association.public-rt-association2",
            "module.vpc.aws_subnet.db_subnet1",
            "module.vpc.aws_subnet.db_subnet2",
            "module.vpc.aws_subnet.private_subnet1",
            "module.vpc.aws_subnet.private_subnet2",
            "module.vpc.aws_subnet.public_subnet1",
            "module.vpc.aws_subnet.public_subnet2",
            "module.vpc.aws_vpc.vpc",
            "module.vpc.aws_vpc_endpoint.s3_gateway",
            "module.vpc.data.aws_availability_zones.azs"
          ]
        }
      ]
    },
    {
      "module": "module.db-cache",
      "mode": "managed",
      "type": "aws_ssm_parameter",
      "name": "redis-endpoint",
      "provider": "provider[\"registry.terraform.io/hashicorp/aws\"]",
      "instances": [
        {
          "schema_version": 0,
          "attributes": {
            "allowed_pattern": "",
            "arn": "arn:aws:ssm:ca-central-1:891377163278:parameter/config/system/redis-cluster-endpoint",
            "data_type": "text",
            "description": "",
            "id": "/config/system/redis-cluster-endpoint",
            "insecure_value": null,
            "key_id": "",
            "name": "/config/system/redis-cluster-endpoint",
            "overwrite": null,
            "tags": null,
            "tags_all": {},
            "tier": "Standard",
            "type": "String",
            "value": "redis-cbffuv.serverless.cac1.cache.amazonaws.com",
            "version": 1
          },
          "sensitive_attributes": [
            [
              {
                "type": "get_attr",
                "value": "value"
              }
            ]
          ],
          "private": "bnVsbA==",
          "dependencies": [
            "module.db-cache.aws_elasticache_serverless_cache.redis_cluster",
            "module.db-cache.data.aws_subnet.db_subnet1",
            "module.db-cache.data.aws_subnet.db_subnet2",
            "module.security-group.aws_security_group.app-alb-sg",
            "module.security-group.aws_security_group.app-tier-sg",
            "module.security-group.aws_security_group.bastion-sg",
            "module.security-group.aws_security_group.database-sg",
            "module.security-group.aws_security_group.redis-sg",
            "module.security-group.aws_security_group.web-alb-sg",
            "module.security-group.aws_security_group.web-tier-sg",
            "module.security-group.data.aws_vpc.vpc",
            "module.vpc.aws_eip.eip1",
            "module.vpc.aws_eip.eip2",
            "module.vpc.aws_internet_gateway.igw",
            "module.vpc.aws_nat_gateway.ngw1",
            "module.vpc.aws_nat_gateway.ngw2",
            "module.vpc.aws_route_table.db-rt1",
            "module.vpc.aws_route_table.db-rt2",
            "module.vpc.aws_route_table.private-rt1",
            "module.vpc.aws_route_table.private-rt2",
            "module.vpc.aws_route_table.public-rt",
            "module.vpc.aws_route_table_association.db-rt-association1",
            "module.vpc.aws_route_table_association.db-rt-association2",
            "module.vpc.aws_route_table_association.private-rt-association1",
            "module.vpc.aws_route_table_association.private-rt-association2",
            "module.vpc.aws_route_table_association.public-rt-association1",
            "module.vpc.aws_route_table_association.public-rt-association2",
            "module.vpc.aws_subnet.db_subnet1",
            "module.vpc.aws_subnet.db_subnet2",
            "module.vpc.aws_subnet.private_subnet1",
            "module.vpc.aws_subnet.private_subnet2",
            "module.vpc.aws_subnet.public_subnet1",
            "module.vpc.aws_subnet.public_subnet2",
            "module.vpc.aws_vpc.vpc",
            "module.vpc.aws_vpc_endpoint.s3_gateway",
            "module.vpc.data.aws_availability_zones.azs"
          ]
        }
      ]
    },
    {
      "module": "module.deploy",
      "mode": "managed",
      "type": "aws_codedeploy_app",
      "name": "hellowaws_app_deploy",
      "provider": "provider[\"registry.terraform.io/hashicorp/aws\"]",
      "instances": [
        {
          "schema_version": 0,
          "attributes": {
            "application_id": "e6ffe6ff-2b1b-4bbc-a18d-76c7d087be00",
            "arn": "arn:aws:codedeploy:ca-central-1:891377163278:application:hellowaws_app_deploy",
            "compute_platform": "Server",
            "github_account_name": "",
            "id": "e6ffe6ff-2b1b-4bbc-a18d-76c7d087be00:hellowaws_app_deploy",
            "linked_to_github": false,
            "name": "hellowaws_app_deploy",
            "tags": null,
            "tags_all": {}
          },
          "sensitive_attributes": [],
          "private": "bnVsbA=="
        }
      ]
    },
    {
      "module": "module.deploy",
      "mode": "managed",
      "type": "aws_codedeploy_deployment_group",
      "name": "app_deploy_group",
      "provider": "provider[\"registry.terraform.io/hashicorp/aws\"]",
      "instances": [
        {
          "schema_version": 0,
          "attributes": {
            "alarm_configuration": [],
            "app_name": "hellowaws_app_deploy",
            "arn": "arn:aws:codedeploy:ca-central-1:891377163278:deploymentgroup:hellowaws_app_deploy/first_app_deploy_group",
            "auto_rollback_configuration": [
              {
                "enabled": true,
                "events": [
                  "DEPLOYMENT_FAILURE"
                ]
              }
            ],
            "autoscaling_groups": [
              "hellowaws_APP-ASG"
            ],
            "blue_green_deployment_config": [
              {
                "deployment_ready_option": [
                  {
                    "action_on_timeout": "CONTINUE_DEPLOYMENT",
                    "wait_time_in_minutes": 0
                  }
                ],
                "green_fleet_provisioning_option": [
                  {
                    "action": "COPY_AUTO_SCALING_GROUP"
                  }
                ],
                "terminate_blue_instances_on_deployment_success": [
                  {
                    "action": "TERMINATE",
                    "termination_wait_time_in_minutes": 0
                  }
                ]
              }
            ],
            "compute_platform": "Server",
            "deployment_config_name": "CodeDeployDefault.HalfAtATime",
            "deployment_group_id": "361bd001-2707-44ed-93b8-ef2f419b8850",
            "deployment_group_name": "first_app_deploy_group",
            "deployment_style": [
              {
                "deployment_option": "WITH_TRAFFIC_CONTROL",
                "deployment_type": "BLUE_GREEN"
              }
            ],
            "ec2_tag_filter": [],
            "ec2_tag_set": [],
            "ecs_service": [],
            "id": "361bd001-2707-44ed-93b8-ef2f419b8850",
            "load_balancer_info": [
              {
                "elb_info": [],
                "target_group_info": [
                  {
                    "name": "App-TG20240610-1225"
                  }
                ],
                "target_group_pair_info": []
              }
            ],
            "on_premises_instance_tag_filter": [],
            "outdated_instances_strategy": "UPDATE",
            "service_role_arn": "arn:aws:iam::891377163278:role/hellowaws_codedeploy_role",
            "tags": null,
            "tags_all": {},
            "trigger_configuration": []
          },
          "sensitive_attributes": [],
          "private": "bnVsbA==",
          "dependencies": [
            "module.alb.aws_lb.App-elb",
            "module.alb.aws_lb_target_group.app-tg",
            "module.alb.data.aws_security_group.app-alb-sg",
            "module.alb.data.aws_subnet.private_subnet1",
            "module.alb.data.aws_subnet.private_subnet2",
            "module.alb.data.aws_vpc.vpc",
            "module.ami.aws_ami_from_instance.ktd_ami",
            "module.ami.aws_instance.bastion",
            "module.ami.data.aws_subnet.subnet",
            "module.ami.data.aws_vpc.vpc",
            "module.autoscaling.aws_autoscaling_group.App-ASG",
            "module.autoscaling.aws_launch_template.App-LC",
            "module.autoscaling.data.aws_subnet.private_subnet1",
            "module.autoscaling.data.aws_subnet.private_subnet2",
            "module.deploy.aws_codedeploy_app.hellowaws_app_deploy",
            "module.deploy.aws_iam_role.hellowaws_codedeploy_role",
            "module.iam.aws_iam_instance_profile.instance-profile",
            "module.iam.aws_iam_role.codebuild_role",
            "module.iam.aws_iam_role.iam_role",
            "module.iam.aws_iam_role_policy.iam-policy",
            "module.repository.aws_codecommit_repository.sourcecode-repository",
            "module.security-group.aws_security_group.app-alb-sg",
            "module.security-group.aws_security_group.app-tier-sg",
            "module.security-group.aws_security_group.bastion-sg",
            "module.security-group.aws_security_group.database-sg",
            "module.security-group.aws_security_group.redis-sg",
            "module.security-group.aws_security_group.web-alb-sg",
            "module.security-group.aws_security_group.web-tier-sg",
            "module.security-group.data.aws_vpc.vpc",
            "module.vpc.aws_eip.eip1",
            "module.vpc.aws_eip.eip2",
            "module.vpc.aws_internet_gateway.igw",
            "module.vpc.aws_nat_gateway.ngw1",
            "module.vpc.aws_nat_gateway.ngw2",
            "module.vpc.aws_route_table.db-rt1",
            "module.vpc.aws_route_table.db-rt2",
            "module.vpc.aws_route_table.private-rt1",
            "module.vpc.aws_route_table.private-rt2",
            "module.vpc.aws_route_table.public-rt",
            "module.vpc.aws_route_table_association.db-rt-association1",
            "module.vpc.aws_route_table_association.db-rt-association2",
            "module.vpc.aws_route_table_association.private-rt-association1",
            "module.vpc.aws_route_table_association.private-rt-association2",
            "module.vpc.aws_route_table_association.public-rt-association1",
            "module.vpc.aws_route_table_association.public-rt-association2",
            "module.vpc.aws_subnet.db_subnet1",
            "module.vpc.aws_subnet.db_subnet2",
            "module.vpc.aws_subnet.private_subnet1",
            "module.vpc.aws_subnet.private_subnet2",
            "module.vpc.aws_subnet.public_subnet1",
            "module.vpc.aws_subnet.public_subnet2",
            "module.vpc.aws_vpc.vpc",
            "module.vpc.aws_vpc_endpoint.s3_gateway",
            "module.vpc.data.aws_availability_zones.azs"
          ]
        }
      ]
    },
    {
      "module": "module.deploy",
      "mode": "managed",
      "type": "aws_iam_role",
      "name": "hellowaws_codedeploy_role",
      "provider": "provider[\"registry.terraform.io/hashicorp/aws\"]",
      "instances": [
        {
          "schema_version": 0,
          "attributes": {
            "arn": "arn:aws:iam::891377163278:role/hellowaws_codedeploy_role",
            "assume_role_policy": "{\"Statement\":[{\"Action\":\"sts:AssumeRole\",\"Effect\":\"Allow\",\"Principal\":{\"Service\":\"codedeploy.amazonaws.com\"}}],\"Version\":\"2012-10-17\"}",
            "create_date": "2024-06-10T00:20:17Z",
            "description": "",
            "force_detach_policies": false,
            "id": "hellowaws_codedeploy_role",
            "inline_policy": [],
            "managed_policy_arns": [],
            "max_session_duration": 3600,
            "name": "hellowaws_codedeploy_role",
            "name_prefix": "",
            "path": "/",
            "permissions_boundary": "",
            "tags": null,
            "tags_all": {},
            "unique_id": "AROA47CRYDQHFG5PRACVJ"
          },
          "sensitive_attributes": [],
          "private": "bnVsbA=="
        }
      ]
    },
    {
      "module": "module.deploy",
      "mode": "managed",
      "type": "aws_iam_role_policy_attachment",
      "name": "admin_access_policy",
      "provider": "provider[\"registry.terraform.io/hashicorp/aws\"]",
      "instances": [
        {
          "schema_version": 0,
          "attributes": {
            "id": "hellowaws_codedeploy_role-20240610002019935600000001",
            "policy_arn": "arn:aws:iam::aws:policy/AdministratorAccess",
            "role": "hellowaws_codedeploy_role"
          },
          "sensitive_attributes": [],
          "private": "bnVsbA==",
          "dependencies": [
            "module.deploy.aws_iam_role.hellowaws_codedeploy_role"
          ]
        }
      ]
    },
    {
      "module": "module.deploy",
      "mode": "managed",
      "type": "aws_iam_role_policy_attachment",
      "name": "codedeploy_role_policy",
      "provider": "provider[\"registry.terraform.io/hashicorp/aws\"]",
      "instances": [
        {
          "schema_version": 0,
          "attributes": {
            "id": "hellowaws_codedeploy_role-20240610002019965000000003",
            "policy_arn": "arn:aws:iam::aws:policy/service-role/AWSCodeDeployRole",
            "role": "hellowaws_codedeploy_role"
          },
          "sensitive_attributes": [],
          "private": "bnVsbA==",
          "dependencies": [
            "module.deploy.aws_iam_role.hellowaws_codedeploy_role"
          ]
        }
      ]
    },
    {
      "module": "module.iam",
      "mode": "managed",
      "type": "aws_iam_instance_profile",
      "name": "instance-profile",
      "provider": "provider[\"registry.terraform.io/hashicorp/aws\"]",
      "instances": [
        {
          "schema_version": 0,
          "attributes": {
            "arn": "arn:aws:iam::891377163278:instance-profile/instance-profile-for-ec2-SSM,S3CICD",
            "create_date": "2024-06-10T00:20:18Z",
            "id": "instance-profile-for-ec2-SSM,S3CICD",
            "name": "instance-profile-for-ec2-SSM,S3CICD",
            "name_prefix": "",
            "path": "/",
            "role": "role-for-ec2-SSM,S3,CICD",
            "tags": null,
            "tags_all": {},
            "unique_id": "AIPA47CRYDQHJ76AO7RTM"
          },
          "sensitive_attributes": [],
          "private": "bnVsbA==",
          "dependencies": [
            "module.iam.aws_iam_role.iam_role"
          ],
          "create_before_destroy": true
        }
      ]
    },
    {
      "module": "module.iam",
      "mode": "managed",
      "type": "aws_iam_role",
      "name": "codebuild_role",
      "provider": "provider[\"registry.terraform.io/hashicorp/aws\"]",
      "instances": [
        {
          "schema_version": 0,
          "attributes": {
            "arn": "arn:aws:iam::891377163278:role/codebuild-hellowaws_3teir_buildProject-service-role",
            "assume_role_policy": "{\"Statement\":[{\"Action\":\"sts:AssumeRole\",\"Effect\":\"Allow\",\"Principal\":{\"Service\":\"codebuild.amazonaws.com\"}}],\"Version\":\"2012-10-17\"}",
            "create_date": "2024-06-10T00:20:17Z",
            "description": "",
            "force_detach_policies": false,
            "id": "codebuild-hellowaws_3teir_buildProject-service-role",
            "inline_policy": [],
            "managed_policy_arns": [],
            "max_session_duration": 3600,
            "name": "codebuild-hellowaws_3teir_buildProject-service-role",
            "name_prefix": "",
            "path": "/",
            "permissions_boundary": "",
            "tags": null,
            "tags_all": {},
            "unique_id": "AROA47CRYDQHI5LDPQJPY"
          },
          "sensitive_attributes": [],
          "private": "bnVsbA==",
          "create_before_destroy": true
        }
      ]
    },
    {
      "module": "module.iam",
      "mode": "managed",
      "type": "aws_iam_role",
      "name": "iam_role",
      "provider": "provider[\"registry.terraform.io/hashicorp/aws\"]",
      "instances": [
        {
          "schema_version": 0,
          "attributes": {
            "arn": "arn:aws:iam::891377163278:role/role-for-ec2-SSM,S3,CICD",
            "assume_role_policy": "{\"Statement\":[{\"Action\":\"sts:AssumeRole\",\"Effect\":\"Allow\",\"Principal\":{\"Service\":\"ec2.amazonaws.com\"}}],\"Version\":\"2012-10-17\"}",
            "create_date": "2024-06-10T00:20:17Z",
            "description": "",
            "force_detach_policies": false,
            "id": "role-for-ec2-SSM,S3,CICD",
            "inline_policy": [],
            "managed_policy_arns": [],
            "max_session_duration": 3600,
            "name": "role-for-ec2-SSM,S3,CICD",
            "name_prefix": "",
            "path": "/",
            "permissions_boundary": "",
            "tags": null,
            "tags_all": {},
            "unique_id": "AROA47CRYDQHMCCMZOUVJ"
          },
          "sensitive_attributes": [],
          "private": "bnVsbA==",
          "create_before_destroy": true
        }
      ]
    },
    {
      "module": "module.iam",
      "mode": "managed",
      "type": "aws_iam_role_policy",
      "name": "iam-policy",
      "provider": "provider[\"registry.terraform.io/hashicorp/aws\"]",
      "instances": [
        {
          "schema_version": 0,
          "attributes": {
            "id": "role-for-ec2-SSM,S3,CICD:policy-for-ec2-SSM,S3CICD",
            "name": "policy-for-ec2-SSM,S3CICD",
            "name_prefix": "",
            "policy": "{\"Version\":\"2012-10-17\",\"Statement\":[{\"Action\":[\"s3:*\",\"s3-object-lambda:*\",\"ssm:*\",\"ec2messages:*\",\"ssmmessages:*\",\"ec2:StopInstances\",\"codecommit:GitPull\",\"codecommit:GitPush\",\"codedeploy:*\"],\"Effect\":\"Allow\",\"Resource\":\"*\"}]}",
            "role": "role-for-ec2-SSM,S3,CICD"
          },
          "sensitive_attributes": [],
          "private": "bnVsbA==",
          "dependencies": [
            "module.iam.aws_iam_role.iam_role"
          ],
          "create_before_destroy": true
        }
      ]
    },
    {
      "module": "module.pipeline",
      "mode": "managed",
      "type": "aws_cloudwatch_event_rule",
      "name": "codepipeline_trigger_rule",
      "provider": "provider[\"registry.terraform.io/hashicorp/aws\"]",
      "instances": [
        {
          "schema_version": 1,
          "attributes": {
            "arn": "arn:aws:events:ca-central-1:891377163278:rule/CodePipelineTriggerRule",
            "description": "Trigger CodePipeline on CodeCommit push",
            "event_bus_name": "default",
            "event_pattern": "{\"detail\":{\"event\":[\"referenceUpdated\"],\"referenceName\":[\"main\"],\"referenceType\":[\"branch\"]},\"detail-type\":[\"CodeCommit Repository State Change\"],\"resources\":[\"arn:aws:codecommit:ca-central-1:891377163278:hellowaws-application-sourcecode\"],\"source\":[\"aws.codecommit\"]}",
            "force_destroy": false,
            "id": "CodePipelineTriggerRule",
            "is_enabled": true,
            "name": "CodePipelineTriggerRule",
            "name_prefix": "",
            "role_arn": "",
            "schedule_expression": "",
            "state": "ENABLED",
            "tags": null,
            "tags_all": {}
          },
          "sensitive_attributes": [],
          "private": "eyJzY2hlbWFfdmVyc2lvbiI6IjEifQ==",
          "dependencies": [
            "module.repository.aws_codecommit_repository.sourcecode-repository"
          ]
        }
      ]
    },
    {
      "module": "module.pipeline",
      "mode": "managed",
      "type": "aws_cloudwatch_event_target",
      "name": "codepipeline_trigger_target",
      "provider": "provider[\"registry.terraform.io/hashicorp/aws\"]",
      "instances": [
        {
          "schema_version": 1,
          "attributes": {
            "arn": "arn:aws:codepipeline:ca-central-1:891377163278:hellowaws-cicd",
            "batch_target": [],
            "dead_letter_config": [],
            "ecs_target": [],
            "event_bus_name": "default",
            "http_target": [],
            "id": "CodePipelineTriggerRule-CodePipeline",
            "input": "",
            "input_path": "",
            "input_transformer": [],
            "kinesis_target": [],
            "redshift_target": [],
            "retry_policy": [],
            "role_arn": "arn:aws:iam::891377163278:role/hellowaws_eventbridge_codepipeline_role",
            "rule": "CodePipelineTriggerRule",
            "run_command_targets": [],
            "sagemaker_pipeline_target": [],
            "sqs_target": [],
            "target_id": "CodePipeline"
          },
          "sensitive_attributes": [],
          "private": "eyJzY2hlbWFfdmVyc2lvbiI6IjEifQ==",
          "dependencies": [
            "module.pipeline.aws_cloudwatch_event_rule.codepipeline_trigger_rule",
            "module.pipeline.aws_codepipeline.hellowaws_cicd",
            "module.pipeline.aws_iam_role.eventbridge_role",
            "module.pipeline.aws_iam_role.hellowaws_codepipeline_role",
            "module.repository.aws_codecommit_repository.sourcecode-repository",
            "module.s3.aws_s3_bucket.artifact-bucket"
          ]
        }
      ]
    },
    {
      "module": "module.pipeline",
      "mode": "managed",
      "type": "aws_codepipeline",
      "name": "hellowaws_cicd",
      "provider": "provider[\"registry.terraform.io/hashicorp/aws\"]",
      "instances": [
        {
          "schema_version": 0,
          "attributes": {
            "arn": "arn:aws:codepipeline:ca-central-1:891377163278:hellowaws-cicd",
            "artifact_store": [
              {
                "encryption_key": [],
                "location": "hellowaws-artifact-bucket",
                "region": "",
                "type": "S3"
              }
            ],
            "execution_mode": "SUPERSEDED",
            "id": "hellowaws-cicd",
            "name": "hellowaws-cicd",
            "pipeline_type": "V1",
            "role_arn": "arn:aws:iam::891377163278:role/hellowaws_codepipeline_role",
            "stage": [
              {
                "action": [
                  {
                    "category": "Source",
                    "configuration": {
                      "BranchName": "main",
                      "PollForSourceChanges": "false",
                      "RepositoryName": "hellowaws-application-sourcecode"
                    },
                    "input_artifacts": null,
                    "name": "Source",
                    "namespace": "",
                    "output_artifacts": [
                      "source_output"
                    ],
                    "owner": "AWS",
                    "provider": "CodeCommit",
                    "region": "",
                    "role_arn": "",
                    "run_order": 1,
                    "version": "1"
                  }
                ],
                "name": "Source"
              },
              {
                "action": [
                  {
                    "category": "Build",
                    "configuration": {
                      "ProjectName": "hellowaws_3teir_buildProject"
                    },
                    "input_artifacts": [
                      "source_output"
                    ],
                    "name": "Build",
                    "namespace": "",
                    "output_artifacts": [
                      "build_output"
                    ],
                    "owner": "AWS",
                    "provider": "CodeBuild",
                    "region": "",
                    "role_arn": "",
                    "run_order": 1,
                    "version": "1"
                  }
                ],
                "name": "Build"
              },
              {
                "action": [
                  {
                    "category": "Deploy",
                    "configuration": {
                      "ApplicationName": "hellowaws_app_deploy",
                      "DeploymentGroupName": "first_app_deploy_group"
                    },
                    "input_artifacts": [
                      "build_output"
                    ],
                    "name": "Deploy",
                    "namespace": "",
                    "output_artifacts": null,
                    "owner": "AWS",
                    "provider": "CodeDeploy",
                    "region": "",
                    "role_arn": "",
                    "run_order": 1,
                    "version": "1"
                  }
                ],
                "name": "Deploy"
              }
            ],
            "tags": null,
            "tags_all": {},
            "trigger": [],
            "variable": []
          },
          "sensitive_attributes": [],
          "private": "bnVsbA==",
          "dependencies": [
            "module.pipeline.aws_iam_role.hellowaws_codepipeline_role",
            "module.s3.aws_s3_bucket.artifact-bucket"
          ]
        }
      ]
    },
    {
      "module": "module.pipeline",
      "mode": "managed",
      "type": "aws_iam_role",
      "name": "eventbridge_role",
      "provider": "provider[\"registry.terraform.io/hashicorp/aws\"]",
      "instances": [
        {
          "schema_version": 0,
          "attributes": {
            "arn": "arn:aws:iam::891377163278:role/hellowaws_eventbridge_codepipeline_role",
            "assume_role_policy": "{\"Statement\":[{\"Action\":\"sts:AssumeRole\",\"Effect\":\"Allow\",\"Principal\":{\"Service\":\"events.amazonaws.com\"}}],\"Version\":\"2012-10-17\"}",
            "create_date": "2024-06-10T00:20:17Z",
            "description": "",
            "force_detach_policies": false,
            "id": "hellowaws_eventbridge_codepipeline_role",
            "inline_policy": [],
            "managed_policy_arns": [],
            "max_session_duration": 3600,
            "name": "hellowaws_eventbridge_codepipeline_role",
            "name_prefix": "",
            "path": "/",
            "permissions_boundary": "",
            "tags": null,
            "tags_all": {},
            "unique_id": "AROA47CRYDQHEWJF3SZV7"
          },
          "sensitive_attributes": [],
          "private": "bnVsbA=="
        }
      ]
    },
    {
      "module": "module.pipeline",
      "mode": "managed",
      "type": "aws_iam_role",
      "name": "hellowaws_codepipeline_role",
      "provider": "provider[\"registry.terraform.io/hashicorp/aws\"]",
      "instances": [
        {
          "schema_version": 0,
          "attributes": {
            "arn": "arn:aws:iam::891377163278:role/hellowaws_codepipeline_role",
            "assume_role_policy": "{\"Statement\":[{\"Action\":\"sts:AssumeRole\",\"Effect\":\"Allow\",\"Principal\":{\"Service\":\"codepipeline.amazonaws.com\"}}],\"Version\":\"2012-10-17\"}",
            "create_date": "2024-06-10T00:20:17Z",
            "description": "",
            "force_detach_policies": false,
            "id": "hellowaws_codepipeline_role",
            "inline_policy": [],
            "managed_policy_arns": [],
            "max_session_duration": 3600,
            "name": "hellowaws_codepipeline_role",
            "name_prefix": "",
            "path": "/",
            "permissions_boundary": "",
            "tags": null,
            "tags_all": {},
            "unique_id": "AROA47CRYDQHPYFMC7A55"
          },
          "sensitive_attributes": [],
          "private": "bnVsbA=="
        }
      ]
    },
    {
      "module": "module.pipeline",
      "mode": "managed",
      "type": "aws_iam_role_policy",
      "name": "eventbridge_role_policy",
      "provider": "provider[\"registry.terraform.io/hashicorp/aws\"]",
      "instances": [
        {
          "schema_version": 0,
          "attributes": {
            "id": "hellowaws_eventbridge_codepipeline_role:terraform-20240610002020179300000004",
            "name": "terraform-20240610002020179300000004",
            "name_prefix": "terraform-",
            "policy": "{\"Version\":\"2012-10-17\",\"Statement\":[{\"Action\":[\"codepipeline:StartPipelineExecution\"],\"Effect\":\"Allow\",\"Resource\":\"*\"}]}",
            "role": "hellowaws_eventbridge_codepipeline_role"
          },
          "sensitive_attributes": [],
          "private": "bnVsbA==",
          "dependencies": [
            "module.pipeline.aws_iam_role.eventbridge_role"
          ]
        }
      ]
    },
    {
      "module": "module.pipeline",
      "mode": "managed",
      "type": "aws_iam_role_policy_attachment",
      "name": "codepipeline_policy_attachment",
      "provider": "provider[\"registry.terraform.io/hashicorp/aws\"]",
      "instances": [
        {
          "schema_version": 0,
          "attributes": {
            "id": "hellowaws_codepipeline_role-20240610002019954100000002",
            "policy_arn": "arn:aws:iam::aws:policy/AdministratorAccess",
            "role": "hellowaws_codepipeline_role"
          },
          "sensitive_attributes": [],
          "private": "bnVsbA==",
          "dependencies": [
            "module.pipeline.aws_iam_role.hellowaws_codepipeline_role"
          ]
        }
      ]
    },
    {
      "module": "module.rds",
      "mode": "data",
      "type": "aws_security_group",
      "name": "db-sg",
      "provider": "provider[\"registry.terraform.io/hashicorp/aws\"]",
      "instances": [
        {
          "schema_version": 0,
          "attributes": {
            "arn": "arn:aws:ec2:ca-central-1:891377163278:security-group/sg-0a49a4f62421c060c",
            "description": "Protocol Type MySQL/Aurora",
            "filter": [
              {
                "name": "group-id",
                "values": [
                  "sg-0a49a4f62421c060c"
                ]
              },
              {
                "name": "tag:Name",
                "values": [
                  "hellowaws_db-sg"
                ]
              }
            ],
            "id": "sg-0a49a4f62421c060c",
            "name": "terraform-2024061000253231310000000e",
            "tags": {
              "Name": "hellowaws_db-sg"
            },
            "timeouts": null,
            "vpc_id": "vpc-03cd39e1658cd90ab"
          },
          "sensitive_attributes": []
        }
      ]
    },
    {
      "module": "module.rds",
      "mode": "data",
      "type": "aws_subnet",
      "name": "db_subnet1",
      "provider": "provider[\"registry.terraform.io/hashicorp/aws\"]",
      "instances": [
        {
          "schema_version": 0,
          "attributes": {
            "arn": "arn:aws:ec2:ca-central-1:891377163278:subnet/subnet-02526ee283c0dec6c",
            "assign_ipv6_address_on_creation": false,
            "availability_zone": "ca-central-1a",
            "availability_zone_id": "cac1-az1",
            "available_ip_address_count": 251,
            "cidr_block": "10.60.20.0/24",
            "customer_owned_ipv4_pool": "",
            "default_for_az": false,
            "enable_dns64": false,
            "enable_lni_at_device_index": 0,
            "enable_resource_name_dns_a_record_on_launch": false,
            "enable_resource_name_dns_aaaa_record_on_launch": false,
            "filter": [
              {
                "name": "tag:Name",
                "values": [
                  "hellowaws_db_subnet1"
                ]
              }
            ],
            "id": "subnet-02526ee283c0dec6c",
            "ipv6_cidr_block": "",
            "ipv6_cidr_block_association_id": "",
            "ipv6_native": false,
            "map_customer_owned_ip_on_launch": false,
            "map_public_ip_on_launch": false,
            "outpost_arn": "",
            "owner_id": "891377163278",
            "private_dns_hostname_type_on_launch": "ip-name",
            "state": "available",
            "tags": {
              "Name": "hellowaws_db_subnet1"
            },
            "timeouts": null,
            "vpc_id": "vpc-03cd39e1658cd90ab"
          },
          "sensitive_attributes": []
        }
      ]
    },
    {
      "module": "module.rds",
      "mode": "data",
      "type": "aws_subnet",
      "name": "db_subnet2",
      "provider": "provider[\"registry.terraform.io/hashicorp/aws\"]",
      "instances": [
        {
          "schema_version": 0,
          "attributes": {
            "arn": "arn:aws:ec2:ca-central-1:891377163278:subnet/subnet-051796fa3842852f5",
            "assign_ipv6_address_on_creation": false,
            "availability_zone": "ca-central-1b",
            "availability_zone_id": "cac1-az2",
            "available_ip_address_count": 251,
            "cidr_block": "10.60.21.0/24",
            "customer_owned_ipv4_pool": "",
            "default_for_az": false,
            "enable_dns64": false,
            "enable_lni_at_device_index": 0,
            "enable_resource_name_dns_a_record_on_launch": false,
            "enable_resource_name_dns_aaaa_record_on_launch": false,
            "filter": [
              {
                "name": "tag:Name",
                "values": [
                  "hellowaws_db_subnet2"
                ]
              }
            ],
            "id": "subnet-051796fa3842852f5",
            "ipv6_cidr_block": "",
            "ipv6_cidr_block_association_id": "",
            "ipv6_native": false,
            "map_customer_owned_ip_on_launch": false,
            "map_public_ip_on_launch": false,
            "outpost_arn": "",
            "owner_id": "891377163278",
            "private_dns_hostname_type_on_launch": "ip-name",
            "state": "available",
            "tags": {
              "Name": "hellowaws_db_subnet2"
            },
            "timeouts": null,
            "vpc_id": "vpc-03cd39e1658cd90ab"
          },
          "sensitive_attributes": []
        }
      ]
    },
    {
      "module": "module.rds",
      "mode": "managed",
      "type": "aws_db_subnet_group",
      "name": "db_subnet_group",
      "provider": "provider[\"registry.terraform.io/hashicorp/aws\"]",
      "instances": [
        {
          "schema_version": 0,
          "attributes": {
            "arn": "arn:aws:rds:ca-central-1:891377163278:subgrp:hellowaws-rds-sg",
            "description": "Managed by Terraform",
            "id": "hellowaws-rds-sg",
            "name": "hellowaws-rds-sg",
            "name_prefix": "",
            "subnet_ids": [
              "subnet-02526ee283c0dec6c",
              "subnet-051796fa3842852f5"
            ],
            "supported_network_types": [
              "IPV4"
            ],
            "tags": null,
            "tags_all": {},
            "vpc_id": "vpc-03cd39e1658cd90ab"
          },
          "sensitive_attributes": [],
          "private": "bnVsbA==",
          "dependencies": [
            "module.rds.data.aws_subnet.db_subnet1",
            "module.rds.data.aws_subnet.db_subnet2",
            "module.security-group.aws_security_group.app-alb-sg",
            "module.security-group.aws_security_group.app-tier-sg",
            "module.security-group.aws_security_group.bastion-sg",
            "module.security-group.aws_security_group.database-sg",
            "module.security-group.aws_security_group.redis-sg",
            "module.security-group.aws_security_group.web-alb-sg",
            "module.security-group.aws_security_group.web-tier-sg",
            "module.security-group.data.aws_vpc.vpc",
            "module.vpc.aws_eip.eip1",
            "module.vpc.aws_eip.eip2",
            "module.vpc.aws_internet_gateway.igw",
            "module.vpc.aws_nat_gateway.ngw1",
            "module.vpc.aws_nat_gateway.ngw2",
            "module.vpc.aws_route_table.db-rt1",
            "module.vpc.aws_route_table.db-rt2",
            "module.vpc.aws_route_table.private-rt1",
            "module.vpc.aws_route_table.private-rt2",
            "module.vpc.aws_route_table.public-rt",
            "module.vpc.aws_route_table_association.db-rt-association1",
            "module.vpc.aws_route_table_association.db-rt-association2",
            "module.vpc.aws_route_table_association.private-rt-association1",
            "module.vpc.aws_route_table_association.private-rt-association2",
            "module.vpc.aws_route_table_association.public-rt-association1",
            "module.vpc.aws_route_table_association.public-rt-association2",
            "module.vpc.aws_subnet.db_subnet1",
            "module.vpc.aws_subnet.db_subnet2",
            "module.vpc.aws_subnet.private_subnet1",
            "module.vpc.aws_subnet.private_subnet2",
            "module.vpc.aws_subnet.public_subnet1",
            "module.vpc.aws_subnet.public_subnet2",
            "module.vpc.aws_vpc.vpc",
            "module.vpc.aws_vpc_endpoint.s3_gateway",
            "module.vpc.data.aws_availability_zones.azs"
          ]
        }
      ]
    },
    {
      "module": "module.rds",
      "mode": "managed",
      "type": "aws_rds_cluster",
      "name": "aurora-cluster",
      "provider": "provider[\"registry.terraform.io/hashicorp/aws\"]",
      "instances": [
        {
          "schema_version": 1,
          "attributes": {
            "allocated_storage": 1,
            "allow_major_version_upgrade": false,
            "apply_immediately": null,
            "arn": "arn:aws:rds:ca-central-1:891377163278:cluster:aurora-cluster",
            "availability_zones": [
              "ca-central-1a",
              "ca-central-1b",
              "ca-central-1d"
            ],
            "backtrack_window": 0,
            "backup_retention_period": 3,
            "cluster_identifier": "aurora-cluster",
            "cluster_identifier_prefix": "",
            "cluster_members": [],
            "cluster_resource_id": "cluster-U3TOXIU33YSMOWHRN3DRMD5KIQ",
            "copy_tags_to_snapshot": false,
            "database_name": "sampletable",
            "db_cluster_instance_class": "",
            "db_cluster_parameter_group_name": "default.aurora-mysql8.0",
            "db_instance_parameter_group_name": null,
            "db_subnet_group_name": "hellowaws-rds-sg",
            "db_system_id": "",
            "delete_automated_backups": true,
            "deletion_protection": false,
            "domain": "",
            "domain_iam_role_name": "",
            "enable_global_write_forwarding": false,
            "enable_http_endpoint": false,
            "enable_local_write_forwarding": false,
            "enabled_cloudwatch_logs_exports": null,
            "endpoint": "aurora-cluster.cluster-cfqueiwmgrjr.ca-central-1.rds.amazonaws.com",
            "engine": "aurora-mysql",
            "engine_mode": "provisioned",
            "engine_version": "8.0.mysql_aurora.3.04.2",
            "engine_version_actual": "8.0.mysql_aurora.3.04.2",
            "final_snapshot_identifier": "aurora-cluster-final-20240610-1225",
            "global_cluster_identifier": "",
            "hosted_zone_id": "Z1JG78A3UK1DU3",
            "iam_database_authentication_enabled": false,
            "iam_roles": [],
            "id": "aurora-cluster",
            "iops": 0,
            "kms_key_id": "arn:aws:kms:ca-central-1:891377163278:key/381b6eca-897d-4a22-80c1-4b91a872c7e6",
            "manage_master_user_password": null,
            "master_password": "1q2w3e4r",
            "master_user_secret": [],
            "master_user_secret_kms_key_id": null,
            "master_username": "admin",
            "network_type": "IPV4",
            "port": 3306,
            "preferred_backup_window": "19:00-21:00",
            "preferred_maintenance_window": "thu:10:13-thu:10:43",
            "reader_endpoint": "aurora-cluster.cluster-ro-cfqueiwmgrjr.ca-central-1.rds.amazonaws.com",
            "replication_source_identifier": "",
            "restore_to_point_in_time": [],
            "s3_import": [],
            "scaling_configuration": [],
            "serverlessv2_scaling_configuration": [
              {
                "max_capacity": 2,
                "min_capacity": 1
              }
            ],
            "skip_final_snapshot": true,
            "snapshot_identifier": null,
            "source_region": null,
            "storage_encrypted": true,
            "storage_type": "",
            "tags": {
              "Name": "hellowaws_RDS"
            },
            "tags_all": {
              "Name": "hellowaws_RDS"
            },
            "timeouts": null,
            "vpc_security_group_ids": [
              "sg-0a49a4f62421c060c"
            ]
          },
          "sensitive_attributes": [
            [
              {
                "type": "get_attr",
                "value": "master_username"
              }
            ],
            [
              {
                "type": "get_attr",
                "value": "master_password"
              }
            ]
          ],
          "private": "eyJlMmJmYjczMC1lY2FhLTExZTYtOGY4OC0zNDM2M2JjN2M0YzAiOnsiY3JlYXRlIjo3MjAwMDAwMDAwMDAwLCJkZWxldGUiOjcyMDAwMDAwMDAwMDAsInVwZGF0ZSI6NzIwMDAwMDAwMDAwMH0sInNjaGVtYV92ZXJzaW9uIjoiMSJ9",
          "dependencies": [
            "module.rds.aws_db_subnet_group.db_subnet_group",
            "module.rds.aws_ssm_parameter.db_id",
            "module.rds.aws_ssm_parameter.db_pwd",
            "module.rds.data.aws_security_group.db-sg",
            "module.rds.data.aws_subnet.db_subnet1",
            "module.rds.data.aws_subnet.db_subnet2",
            "module.security-group.aws_security_group.app-alb-sg",
            "module.security-group.aws_security_group.app-tier-sg",
            "module.security-group.aws_security_group.bastion-sg",
            "module.security-group.aws_security_group.database-sg",
            "module.security-group.aws_security_group.redis-sg",
            "module.security-group.aws_security_group.web-alb-sg",
            "module.security-group.aws_security_group.web-tier-sg",
            "module.security-group.data.aws_vpc.vpc",
            "module.vpc.aws_eip.eip1",
            "module.vpc.aws_eip.eip2",
            "module.vpc.aws_internet_gateway.igw",
            "module.vpc.aws_nat_gateway.ngw1",
            "module.vpc.aws_nat_gateway.ngw2",
            "module.vpc.aws_route_table.db-rt1",
            "module.vpc.aws_route_table.db-rt2",
            "module.vpc.aws_route_table.private-rt1",
            "module.vpc.aws_route_table.private-rt2",
            "module.vpc.aws_route_table.public-rt",
            "module.vpc.aws_route_table_association.db-rt-association1",
            "module.vpc.aws_route_table_association.db-rt-association2",
            "module.vpc.aws_route_table_association.private-rt-association1",
            "module.vpc.aws_route_table_association.private-rt-association2",
            "module.vpc.aws_route_table_association.public-rt-association1",
            "module.vpc.aws_route_table_association.public-rt-association2",
            "module.vpc.aws_subnet.db_subnet1",
            "module.vpc.aws_subnet.db_subnet2",
            "module.vpc.aws_subnet.private_subnet1",
            "module.vpc.aws_subnet.private_subnet2",
            "module.vpc.aws_subnet.public_subnet1",
            "module.vpc.aws_subnet.public_subnet2",
            "module.vpc.aws_vpc.vpc",
            "module.vpc.aws_vpc_endpoint.s3_gateway",
            "module.vpc.data.aws_availability_zones.azs"
          ]
        }
      ]
    },
    {
      "module": "module.rds",
      "mode": "managed",
      "type": "aws_rds_cluster_instance",
      "name": "primary-instance",
      "provider": "provider[\"registry.terraform.io/hashicorp/aws\"]",
      "instances": [
        {
          "schema_version": 0,
          "attributes": {
            "apply_immediately": null,
            "arn": "arn:aws:rds:ca-central-1:891377163278:db:primary-instance",
            "auto_minor_version_upgrade": true,
            "availability_zone": "ca-central-1b",
            "ca_cert_identifier": "rds-ca-rsa2048-g1",
            "cluster_identifier": "aurora-cluster",
            "copy_tags_to_snapshot": false,
            "custom_iam_instance_profile": "",
            "db_parameter_group_name": "default.aurora-mysql8.0",
            "db_subnet_group_name": "hellowaws-rds-sg",
            "dbi_resource_id": "db-YSF5FULVGQS4HMWKIPZQCHUHAE",
            "endpoint": "primary-instance.cfqueiwmgrjr.ca-central-1.rds.amazonaws.com",
            "engine": "aurora-mysql",
            "engine_version": "8.0.mysql_aurora.3.04.2",
            "engine_version_actual": "8.0.mysql_aurora.3.04.2",
            "id": "primary-instance",
            "identifier": "primary-instance",
            "identifier_prefix": "",
            "instance_class": "db.serverless",
            "kms_key_id": "arn:aws:kms:ca-central-1:891377163278:key/381b6eca-897d-4a22-80c1-4b91a872c7e6",
            "monitoring_interval": 0,
            "monitoring_role_arn": "",
            "network_type": "IPV4",
            "performance_insights_enabled": false,
            "performance_insights_kms_key_id": "",
            "performance_insights_retention_period": 0,
            "port": 3306,
            "preferred_backup_window": "19:00-21:00",
            "preferred_maintenance_window": "sat:09:39-sat:10:09",
            "promotion_tier": 0,
            "publicly_accessible": false,
            "storage_encrypted": true,
            "tags": null,
            "tags_all": {},
            "timeouts": null,
            "writer": true
          },
          "sensitive_attributes": [],
          "private": "eyJlMmJmYjczMC1lY2FhLTExZTYtOGY4OC0zNDM2M2JjN2M0YzAiOnsiY3JlYXRlIjo1NDAwMDAwMDAwMDAwLCJkZWxldGUiOjU0MDAwMDAwMDAwMDAsInVwZGF0ZSI6NTQwMDAwMDAwMDAwMH19",
          "dependencies": [
            "module.rds.aws_db_subnet_group.db_subnet_group",
            "module.rds.aws_rds_cluster.aurora-cluster",
            "module.rds.aws_ssm_parameter.db_id",
            "module.rds.aws_ssm_parameter.db_pwd",
            "module.rds.data.aws_security_group.db-sg",
            "module.rds.data.aws_subnet.db_subnet1",
            "module.rds.data.aws_subnet.db_subnet2",
            "module.security-group.aws_security_group.app-alb-sg",
            "module.security-group.aws_security_group.app-tier-sg",
            "module.security-group.aws_security_group.bastion-sg",
            "module.security-group.aws_security_group.database-sg",
            "module.security-group.aws_security_group.redis-sg",
            "module.security-group.aws_security_group.web-alb-sg",
            "module.security-group.aws_security_group.web-tier-sg",
            "module.security-group.data.aws_vpc.vpc",
            "module.vpc.aws_eip.eip1",
            "module.vpc.aws_eip.eip2",
            "module.vpc.aws_internet_gateway.igw",
            "module.vpc.aws_nat_gateway.ngw1",
            "module.vpc.aws_nat_gateway.ngw2",
            "module.vpc.aws_route_table.db-rt1",
            "module.vpc.aws_route_table.db-rt2",
            "module.vpc.aws_route_table.private-rt1",
            "module.vpc.aws_route_table.private-rt2",
            "module.vpc.aws_route_table.public-rt",
            "module.vpc.aws_route_table_association.db-rt-association1",
            "module.vpc.aws_route_table_association.db-rt-association2",
            "module.vpc.aws_route_table_association.private-rt-association1",
            "module.vpc.aws_route_table_association.private-rt-association2",
            "module.vpc.aws_route_table_association.public-rt-association1",
            "module.vpc.aws_route_table_association.public-rt-association2",
            "module.vpc.aws_subnet.db_subnet1",
            "module.vpc.aws_subnet.db_subnet2",
            "module.vpc.aws_subnet.private_subnet1",
            "module.vpc.aws_subnet.private_subnet2",
            "module.vpc.aws_subnet.public_subnet1",
            "module.vpc.aws_subnet.public_subnet2",
            "module.vpc.aws_vpc.vpc",
            "module.vpc.aws_vpc_endpoint.s3_gateway",
            "module.vpc.data.aws_availability_zones.azs"
          ]
        }
      ]
    },
    {
      "module": "module.rds",
      "mode": "managed",
      "type": "aws_ssm_parameter",
      "name": "db-cluster-endpoint",
      "provider": "provider[\"registry.terraform.io/hashicorp/aws\"]",
      "instances": [
        {
          "schema_version": 0,
          "attributes": {
            "allowed_pattern": "",
            "arn": "arn:aws:ssm:ca-central-1:891377163278:parameter/config/system/db-cluster-endpoint",
            "data_type": "text",
            "description": "db-cluster-endpoint",
            "id": "/config/system/db-cluster-endpoint",
            "insecure_value": null,
            "key_id": "alias/aws/ssm",
            "name": "/config/system/db-cluster-endpoint",
            "overwrite": true,
            "tags": null,
            "tags_all": {},
            "tier": "Standard",
            "type": "SecureString",
            "value": "aurora-cluster.cluster-cfqueiwmgrjr.ca-central-1.rds.amazonaws.com",
            "version": 1
          },
          "sensitive_attributes": [
            [
              {
                "type": "get_attr",
                "value": "value"
              }
            ]
          ],
          "private": "bnVsbA==",
          "dependencies": [
            "module.rds.aws_db_subnet_group.db_subnet_group",
            "module.rds.aws_rds_cluster.aurora-cluster",
            "module.rds.aws_ssm_parameter.db_id",
            "module.rds.aws_ssm_parameter.db_pwd",
            "module.rds.data.aws_security_group.db-sg",
            "module.rds.data.aws_subnet.db_subnet1",
            "module.rds.data.aws_subnet.db_subnet2",
            "module.security-group.aws_security_group.app-alb-sg",
            "module.security-group.aws_security_group.app-tier-sg",
            "module.security-group.aws_security_group.bastion-sg",
            "module.security-group.aws_security_group.database-sg",
            "module.security-group.aws_security_group.redis-sg",
            "module.security-group.aws_security_group.web-alb-sg",
            "module.security-group.aws_security_group.web-tier-sg",
            "module.security-group.data.aws_vpc.vpc",
            "module.vpc.aws_eip.eip1",
            "module.vpc.aws_eip.eip2",
            "module.vpc.aws_internet_gateway.igw",
            "module.vpc.aws_nat_gateway.ngw1",
            "module.vpc.aws_nat_gateway.ngw2",
            "module.vpc.aws_route_table.db-rt1",
            "module.vpc.aws_route_table.db-rt2",
            "module.vpc.aws_route_table.private-rt1",
            "module.vpc.aws_route_table.private-rt2",
            "module.vpc.aws_route_table.public-rt",
            "module.vpc.aws_route_table_association.db-rt-association1",
            "module.vpc.aws_route_table_association.db-rt-association2",
            "module.vpc.aws_route_table_association.private-rt-association1",
            "module.vpc.aws_route_table_association.private-rt-association2",
            "module.vpc.aws_route_table_association.public-rt-association1",
            "module.vpc.aws_route_table_association.public-rt-association2",
            "module.vpc.aws_subnet.db_subnet1",
            "module.vpc.aws_subnet.db_subnet2",
            "module.vpc.aws_subnet.private_subnet1",
            "module.vpc.aws_subnet.private_subnet2",
            "module.vpc.aws_subnet.public_subnet1",
            "module.vpc.aws_subnet.public_subnet2",
            "module.vpc.aws_vpc.vpc",
            "module.vpc.aws_vpc_endpoint.s3_gateway",
            "module.vpc.data.aws_availability_zones.azs"
          ]
        }
      ]
    },
    {
      "module": "module.rds",
      "mode": "managed",
      "type": "aws_ssm_parameter",
      "name": "db_id",
      "provider": "provider[\"registry.terraform.io/hashicorp/aws\"]",
      "instances": [
        {
          "schema_version": 0,
          "attributes": {
            "allowed_pattern": "",
            "arn": "arn:aws:ssm:ca-central-1:891377163278:parameter/config/account/admin/ID",
            "data_type": "text",
            "description": "input db admin ID",
            "id": "/config/account/admin/ID",
            "insecure_value": null,
            "key_id": "alias/aws/ssm",
            "name": "/config/account/admin/ID",
            "overwrite": true,
            "tags": null,
            "tags_all": {},
            "tier": "Standard",
            "type": "SecureString",
            "value": "admin",
            "version": 1
          },
          "sensitive_attributes": [
            [
              {
                "type": "get_attr",
                "value": "value"
              }
            ]
          ],
          "private": "bnVsbA==",
          "dependencies": [
            "module.security-group.aws_security_group.app-alb-sg",
            "module.security-group.aws_security_group.app-tier-sg",
            "module.security-group.aws_security_group.bastion-sg",
            "module.security-group.aws_security_group.database-sg",
            "module.security-group.aws_security_group.redis-sg",
            "module.security-group.aws_security_group.web-alb-sg",
            "module.security-group.aws_security_group.web-tier-sg",
            "module.security-group.data.aws_vpc.vpc",
            "module.vpc.aws_eip.eip1",
            "module.vpc.aws_eip.eip2",
            "module.vpc.aws_internet_gateway.igw",
            "module.vpc.aws_nat_gateway.ngw1",
            "module.vpc.aws_nat_gateway.ngw2",
            "module.vpc.aws_route_table.db-rt1",
            "module.vpc.aws_route_table.db-rt2",
            "module.vpc.aws_route_table.private-rt1",
            "module.vpc.aws_route_table.private-rt2",
            "module.vpc.aws_route_table.public-rt",
            "module.vpc.aws_route_table_association.db-rt-association1",
            "module.vpc.aws_route_table_association.db-rt-association2",
            "module.vpc.aws_route_table_association.private-rt-association1",
            "module.vpc.aws_route_table_association.private-rt-association2",
            "module.vpc.aws_route_table_association.public-rt-association1",
            "module.vpc.aws_route_table_association.public-rt-association2",
            "module.vpc.aws_subnet.db_subnet1",
            "module.vpc.aws_subnet.db_subnet2",
            "module.vpc.aws_subnet.private_subnet1",
            "module.vpc.aws_subnet.private_subnet2",
            "module.vpc.aws_subnet.public_subnet1",
            "module.vpc.aws_subnet.public_subnet2",
            "module.vpc.aws_vpc.vpc",
            "module.vpc.aws_vpc_endpoint.s3_gateway",
            "module.vpc.data.aws_availability_zones.azs"
          ]
        }
      ]
    },
    {
      "module": "module.rds",
      "mode": "managed",
      "type": "aws_ssm_parameter",
      "name": "db_pwd",
      "provider": "provider[\"registry.terraform.io/hashicorp/aws\"]",
      "instances": [
        {
          "schema_version": 0,
          "attributes": {
            "allowed_pattern": "",
            "arn": "arn:aws:ssm:ca-central-1:891377163278:parameter/config/account/admin/PWD",
            "data_type": "text",
            "description": "input db admin PWD",
            "id": "/config/account/admin/PWD",
            "insecure_value": null,
            "key_id": "alias/aws/ssm",
            "name": "/config/account/admin/PWD",
            "overwrite": true,
            "tags": null,
            "tags_all": {},
            "tier": "Standard",
            "type": "SecureString",
            "value": "1q2w3e4r",
            "version": 1
          },
          "sensitive_attributes": [
            [
              {
                "type": "get_attr",
                "value": "value"
              }
            ]
          ],
          "private": "bnVsbA==",
          "dependencies": [
            "module.security-group.aws_security_group.app-alb-sg",
            "module.security-group.aws_security_group.app-tier-sg",
            "module.security-group.aws_security_group.bastion-sg",
            "module.security-group.aws_security_group.database-sg",
            "module.security-group.aws_security_group.redis-sg",
            "module.security-group.aws_security_group.web-alb-sg",
            "module.security-group.aws_security_group.web-tier-sg",
            "module.security-group.data.aws_vpc.vpc",
            "module.vpc.aws_eip.eip1",
            "module.vpc.aws_eip.eip2",
            "module.vpc.aws_internet_gateway.igw",
            "module.vpc.aws_nat_gateway.ngw1",
            "module.vpc.aws_nat_gateway.ngw2",
            "module.vpc.aws_route_table.db-rt1",
            "module.vpc.aws_route_table.db-rt2",
            "module.vpc.aws_route_table.private-rt1",
            "module.vpc.aws_route_table.private-rt2",
            "module.vpc.aws_route_table.public-rt",
            "module.vpc.aws_route_table_association.db-rt-association1",
            "module.vpc.aws_route_table_association.db-rt-association2",
            "module.vpc.aws_route_table_association.private-rt-association1",
            "module.vpc.aws_route_table_association.private-rt-association2",
            "module.vpc.aws_route_table_association.public-rt-association1",
            "module.vpc.aws_route_table_association.public-rt-association2",
            "module.vpc.aws_subnet.db_subnet1",
            "module.vpc.aws_subnet.db_subnet2",
            "module.vpc.aws_subnet.private_subnet1",
            "module.vpc.aws_subnet.private_subnet2",
            "module.vpc.aws_subnet.public_subnet1",
            "module.vpc.aws_subnet.public_subnet2",
            "module.vpc.aws_vpc.vpc",
            "module.vpc.aws_vpc_endpoint.s3_gateway",
            "module.vpc.data.aws_availability_zones.azs"
          ]
        }
      ]
    },
    {
      "module": "module.repository",
      "mode": "managed",
      "type": "aws_codecommit_repository",
      "name": "sourcecode-repository",
      "provider": "provider[\"registry.terraform.io/hashicorp/aws\"]",
      "instances": [
        {
          "schema_version": 0,
          "attributes": {
            "arn": "arn:aws:codecommit:ca-central-1:891377163278:hellowaws-application-sourcecode",
            "clone_url_http": "https://git-codecommit.ca-central-1.amazonaws.com/v1/repos/hellowaws-application-sourcecode",
            "clone_url_ssh": "ssh://git-codecommit.ca-central-1.amazonaws.com/v1/repos/hellowaws-application-sourcecode",
            "default_branch": null,
            "description": "My example CodeCommit repository",
            "id": "hellowaws-application-sourcecode",
            "kms_key_id": "arn:aws:kms:ca-central-1:891377163278:key/907b90db-42db-4c79-ad43-939f3952867f",
            "repository_id": "3c4e3aab-bfea-4658-8815-a65e687b57a8",
            "repository_name": "hellowaws-application-sourcecode",
            "tags": {
              "Environment": "Dev",
              "Name": "My CodeCommit Repository"
            },
            "tags_all": {
              "Environment": "Dev",
              "Name": "My CodeCommit Repository"
            }
          },
          "sensitive_attributes": [],
          "private": "bnVsbA==",
          "create_before_destroy": true
        }
      ]
    },
    {
      "module": "module.s3",
      "mode": "managed",
      "type": "aws_s3_bucket",
      "name": "artifact-bucket",
      "provider": "provider[\"registry.terraform.io/hashicorp/aws\"]",
      "instances": [
        {
          "schema_version": 0,
          "attributes": {
            "acceleration_status": "",
            "acl": null,
            "arn": "arn:aws:s3:::hellowaws-artifact-bucket",
            "bucket": "hellowaws-artifact-bucket",
            "bucket_domain_name": "hellowaws-artifact-bucket.s3.amazonaws.com",
            "bucket_prefix": "",
            "bucket_regional_domain_name": "hellowaws-artifact-bucket.s3.ca-central-1.amazonaws.com",
            "cors_rule": [],
            "force_destroy": true,
            "grant": [
              {
                "id": "a1f323ea0ed06ee7825cb04890a7fe5469b3bc887e1998ed2fdbae72ec0102cb",
                "permissions": [
                  "FULL_CONTROL"
                ],
                "type": "CanonicalUser",
                "uri": ""
              }
            ],
            "hosted_zone_id": "Z1QDHH18159H29",
            "id": "hellowaws-artifact-bucket",
            "lifecycle_rule": [],
            "logging": [],
            "object_lock_configuration": [],
            "object_lock_enabled": false,
            "policy": "",
            "region": "ca-central-1",
            "replication_configuration": [],
            "request_payer": "BucketOwner",
            "server_side_encryption_configuration": [
              {
                "rule": [
                  {
                    "apply_server_side_encryption_by_default": [
                      {
                        "kms_master_key_id": "",
                        "sse_algorithm": "AES256"
                      }
                    ],
                    "bucket_key_enabled": false
                  }
                ]
              }
            ],
            "tags": {
              "Environment": "Dev",
              "Name": "My bucket2"
            },
            "tags_all": {
              "Environment": "Dev",
              "Name": "My bucket2"
            },
            "timeouts": null,
            "versioning": [
              {
                "enabled": false,
                "mfa_delete": false
              }
            ],
            "website": [],
            "website_domain": null,
            "website_endpoint": null
          },
          "sensitive_attributes": [],
          "private": "eyJlMmJmYjczMC1lY2FhLTExZTYtOGY4OC0zNDM2M2JjN2M0YzAiOnsiY3JlYXRlIjoxMjAwMDAwMDAwMDAwLCJkZWxldGUiOjM2MDAwMDAwMDAwMDAsInJlYWQiOjEyMDAwMDAwMDAwMDAsInVwZGF0ZSI6MTIwMDAwMDAwMDAwMH19"
        }
      ]
    },
    {
      "module": "module.s3",
      "mode": "managed",
      "type": "aws_s3_bucket",
      "name": "image-bucket",
      "provider": "provider[\"registry.terraform.io/hashicorp/aws\"]",
      "instances": [
        {
          "schema_version": 0,
          "attributes": {
            "acceleration_status": "",
            "acl": null,
            "arn": "arn:aws:s3:::hellowaws-image-bucket",
            "bucket": "hellowaws-image-bucket",
            "bucket_domain_name": "hellowaws-image-bucket.s3.amazonaws.com",
            "bucket_prefix": "",
            "bucket_regional_domain_name": "hellowaws-image-bucket.s3.ca-central-1.amazonaws.com",
            "cors_rule": [],
            "force_destroy": false,
            "grant": [
              {
                "id": "a1f323ea0ed06ee7825cb04890a7fe5469b3bc887e1998ed2fdbae72ec0102cb",
                "permissions": [
                  "FULL_CONTROL"
                ],
                "type": "CanonicalUser",
                "uri": ""
              }
            ],
            "hosted_zone_id": "Z1QDHH18159H29",
            "id": "hellowaws-image-bucket",
            "lifecycle_rule": [],
            "logging": [],
            "object_lock_configuration": [],
            "object_lock_enabled": false,
            "policy": "",
            "region": "ca-central-1",
            "replication_configuration": [],
            "request_payer": "BucketOwner",
            "server_side_encryption_configuration": [
              {
                "rule": [
                  {
                    "apply_server_side_encryption_by_default": [
                      {
                        "kms_master_key_id": "",
                        "sse_algorithm": "AES256"
                      }
                    ],
                    "bucket_key_enabled": false
                  }
                ]
              }
            ],
            "tags": {
              "Environment": "Dev",
              "Name": "My bucket1"
            },
            "tags_all": {
              "Environment": "Dev",
              "Name": "My bucket1"
            },
            "timeouts": null,
            "versioning": [
              {
                "enabled": false,
                "mfa_delete": false
              }
            ],
            "website": [],
            "website_domain": null,
            "website_endpoint": null
          },
          "sensitive_attributes": [],
          "private": "eyJlMmJmYjczMC1lY2FhLTExZTYtOGY4OC0zNDM2M2JjN2M0YzAiOnsiY3JlYXRlIjoxMjAwMDAwMDAwMDAwLCJkZWxldGUiOjM2MDAwMDAwMDAwMDAsInJlYWQiOjEyMDAwMDAwMDAwMDAsInVwZGF0ZSI6MTIwMDAwMDAwMDAwMH19"
        }
      ]
    },
    {
      "module": "module.s3",
      "mode": "managed",
      "type": "aws_s3_bucket",
      "name": "logs-bucket",
      "provider": "provider[\"registry.terraform.io/hashicorp/aws\"]",
      "instances": [
        {
          "schema_version": 0,
          "attributes": {
            "acceleration_status": "",
            "acl": null,
            "arn": "arn:aws:s3:::hellowaws-logs-bucket",
            "bucket": "hellowaws-logs-bucket",
            "bucket_domain_name": "hellowaws-logs-bucket.s3.amazonaws.com",
            "bucket_prefix": "",
            "bucket_regional_domain_name": "hellowaws-logs-bucket.s3.ca-central-1.amazonaws.com",
            "cors_rule": [],
            "force_destroy": false,
            "grant": [
              {
                "id": "a1f323ea0ed06ee7825cb04890a7fe5469b3bc887e1998ed2fdbae72ec0102cb",
                "permissions": [
                  "FULL_CONTROL"
                ],
                "type": "CanonicalUser",
                "uri": ""
              }
            ],
            "hosted_zone_id": "Z1QDHH18159H29",
            "id": "hellowaws-logs-bucket",
            "lifecycle_rule": [],
            "logging": [],
            "object_lock_configuration": [],
            "object_lock_enabled": false,
            "policy": "",
            "region": "ca-central-1",
            "replication_configuration": [],
            "request_payer": "BucketOwner",
            "server_side_encryption_configuration": [
              {
                "rule": [
                  {
                    "apply_server_side_encryption_by_default": [
                      {
                        "kms_master_key_id": "",
                        "sse_algorithm": "AES256"
                      }
                    ],
                    "bucket_key_enabled": false
                  }
                ]
              }
            ],
            "tags": {
              "Environment": "Dev",
              "Name": "My bucket3"
            },
            "tags_all": {
              "Environment": "Dev",
              "Name": "My bucket3"
            },
            "timeouts": null,
            "versioning": [
              {
                "enabled": false,
                "mfa_delete": false
              }
            ],
            "website": [],
            "website_domain": null,
            "website_endpoint": null
          },
          "sensitive_attributes": [],
          "private": "eyJlMmJmYjczMC1lY2FhLTExZTYtOGY4OC0zNDM2M2JjN2M0YzAiOnsiY3JlYXRlIjoxMjAwMDAwMDAwMDAwLCJkZWxldGUiOjM2MDAwMDAwMDAwMDAsInJlYWQiOjEyMDAwMDAwMDAwMDAsInVwZGF0ZSI6MTIwMDAwMDAwMDAwMH19"
        }
      ]
    },
    {
      "module": "module.s3",
      "mode": "managed",
      "type": "aws_s3_bucket_public_access_block",
      "name": "codepipeline_bucket_pab",
      "provider": "provider[\"registry.terraform.io/hashicorp/aws\"]",
      "instances": [
        {
          "schema_version": 0,
          "attributes": {
            "block_public_acls": true,
            "block_public_policy": true,
            "bucket": "hellowaws-artifact-bucket",
            "id": "hellowaws-artifact-bucket",
            "ignore_public_acls": true,
            "restrict_public_buckets": true
          },
          "sensitive_attributes": [],
          "private": "bnVsbA==",
          "dependencies": [
            "module.s3.aws_s3_bucket.artifact-bucket"
          ]
        }
      ]
    },
    {
      "module": "module.security-group",
      "mode": "data",
      "type": "aws_vpc",
      "name": "vpc",
      "provider": "provider[\"registry.terraform.io/hashicorp/aws\"]",
      "instances": [
        {
          "schema_version": 0,
          "attributes": {
            "arn": "arn:aws:ec2:ca-central-1:891377163278:vpc/vpc-03cd39e1658cd90ab",
            "cidr_block": "10.60.0.0/16",
            "cidr_block_associations": [
              {
                "association_id": "vpc-cidr-assoc-03a1a3915e3df99ba",
                "cidr_block": "10.60.0.0/16",
                "state": "associated"
              }
            ],
            "default": false,
            "dhcp_options_id": "dopt-07144a5022c83121e",
            "enable_dns_hostnames": true,
            "enable_dns_support": true,
            "enable_network_address_usage_metrics": false,
            "filter": [
              {
                "name": "tag:Name",
                "values": [
                  "hellowaws_VPC"
                ]
              }
            ],
            "id": "vpc-03cd39e1658cd90ab",
            "instance_tenancy": "default",
            "ipv6_association_id": "",
            "ipv6_cidr_block": "",
            "main_route_table_id": "rtb-0689d4bf6fe50c0c7",
            "owner_id": "891377163278",
            "state": null,
            "tags": {
              "Name": "hellowaws_VPC"
            },
            "timeouts": null
          },
          "sensitive_attributes": []
        }
      ]
    },
    {
      "module": "module.security-group",
      "mode": "managed",
      "type": "aws_security_group",
      "name": "app-alb-sg",
      "provider": "provider[\"registry.terraform.io/hashicorp/aws\"]",
      "instances": [
        {
          "schema_version": 1,
          "attributes": {
            "arn": "arn:aws:ec2:ca-central-1:891377163278:security-group/sg-0734e10e3e65f349a",
            "description": "Allow HTTP and HTTPS for World",
            "egress": [
              {
                "cidr_blocks": [
                  "0.0.0.0/0"
                ],
                "description": "",
                "from_port": 0,
                "ipv6_cidr_blocks": [],
                "prefix_list_ids": [],
                "protocol": "-1",
                "security_groups": [],
                "self": false,
                "to_port": 0
              }
            ],
            "id": "sg-0734e10e3e65f349a",
            "ingress": [
              {
                "cidr_blocks": [],
                "description": "",
                "from_port": 443,
                "ipv6_cidr_blocks": [],
                "prefix_list_ids": [],
                "protocol": "tcp",
                "security_groups": [
                  "sg-04df063b1f296b01b"
                ],
                "self": false,
                "to_port": 443
              },
              {
                "cidr_blocks": [],
                "description": "",
                "from_port": 8080,
                "ipv6_cidr_blocks": [],
                "prefix_list_ids": [],
                "protocol": "tcp",
                "security_groups": [
                  "sg-04df063b1f296b01b"
                ],
                "self": false,
                "to_port": 8080
              }
            ],
            "name": "app-alb-sg20240610-1225",
            "name_prefix": "",
            "owner_id": "891377163278",
            "revoke_rules_on_delete": false,
            "tags": {
              "Name": "hellowaws_app-alb-sg"
            },
            "tags_all": {
              "Name": "hellowaws_app-alb-sg"
            },
            "timeouts": null,
            "vpc_id": "vpc-03cd39e1658cd90ab"
          },
          "sensitive_attributes": [],
          "private": "eyJlMmJmYjczMC1lY2FhLTExZTYtOGY4OC0zNDM2M2JjN2M0YzAiOnsiY3JlYXRlIjo2MDAwMDAwMDAwMDAsImRlbGV0ZSI6OTAwMDAwMDAwMDAwfSwic2NoZW1hX3ZlcnNpb24iOiIxIn0=",
          "dependencies": [
            "module.security-group.aws_security_group.web-alb-sg",
            "module.security-group.aws_security_group.web-tier-sg",
            "module.security-group.data.aws_vpc.vpc",
            "module.vpc.aws_eip.eip1",
            "module.vpc.aws_eip.eip2",
            "module.vpc.aws_internet_gateway.igw",
            "module.vpc.aws_nat_gateway.ngw1",
            "module.vpc.aws_nat_gateway.ngw2",
            "module.vpc.aws_route_table.db-rt1",
            "module.vpc.aws_route_table.db-rt2",
            "module.vpc.aws_route_table.private-rt1",
            "module.vpc.aws_route_table.private-rt2",
            "module.vpc.aws_route_table.public-rt",
            "module.vpc.aws_route_table_association.db-rt-association1",
            "module.vpc.aws_route_table_association.db-rt-association2",
            "module.vpc.aws_route_table_association.private-rt-association1",
            "module.vpc.aws_route_table_association.private-rt-association2",
            "module.vpc.aws_route_table_association.public-rt-association1",
            "module.vpc.aws_route_table_association.public-rt-association2",
            "module.vpc.aws_subnet.db_subnet1",
            "module.vpc.aws_subnet.db_subnet2",
            "module.vpc.aws_subnet.private_subnet1",
            "module.vpc.aws_subnet.private_subnet2",
            "module.vpc.aws_subnet.public_subnet1",
            "module.vpc.aws_subnet.public_subnet2",
            "module.vpc.aws_vpc.vpc",
            "module.vpc.aws_vpc_endpoint.s3_gateway",
            "module.vpc.data.aws_availability_zones.azs"
          ],
          "create_before_destroy": true
        }
      ]
    },
    {
      "module": "module.security-group",
      "mode": "managed",
      "type": "aws_security_group",
      "name": "app-tier-sg",
      "provider": "provider[\"registry.terraform.io/hashicorp/aws\"]",
      "instances": [
        {
          "schema_version": 1,
          "attributes": {
            "arn": "arn:aws:ec2:ca-central-1:891377163278:security-group/sg-0e2ec9bf0ae646712",
            "description": "Allow HTTP and HTTPS from APP ALB Only",
            "egress": [
              {
                "cidr_blocks": [
                  "0.0.0.0/0"
                ],
                "description": "",
                "from_port": 0,
                "ipv6_cidr_blocks": [
                  "::/0"
                ],
                "prefix_list_ids": [],
                "protocol": "-1",
                "security_groups": [],
                "self": false,
                "to_port": 0
              }
            ],
            "id": "sg-0e2ec9bf0ae646712",
            "ingress": [
              {
                "cidr_blocks": [],
                "description": "",
                "from_port": 443,
                "ipv6_cidr_blocks": [],
                "prefix_list_ids": [],
                "protocol": "tcp",
                "security_groups": [
                  "sg-0734e10e3e65f349a"
                ],
                "self": false,
                "to_port": 443
              },
              {
                "cidr_blocks": [],
                "description": "",
                "from_port": 8080,
                "ipv6_cidr_blocks": [],
                "prefix_list_ids": [],
                "protocol": "tcp",
                "security_groups": [
                  "sg-0734e10e3e65f349a"
                ],
                "self": false,
                "to_port": 8080
              }
            ],
            "name": "app-tier-sg20240610-1225",
            "name_prefix": "",
            "owner_id": "891377163278",
            "revoke_rules_on_delete": false,
            "tags": {
              "Name": "hellowaws_app-sg20240610-1225"
            },
            "tags_all": {
              "Name": "hellowaws_app-sg20240610-1225"
            },
            "timeouts": null,
            "vpc_id": "vpc-03cd39e1658cd90ab"
          },
          "sensitive_attributes": [],
          "private": "eyJlMmJmYjczMC1lY2FhLTExZTYtOGY4OC0zNDM2M2JjN2M0YzAiOnsiY3JlYXRlIjo2MDAwMDAwMDAwMDAsImRlbGV0ZSI6OTAwMDAwMDAwMDAwfSwic2NoZW1hX3ZlcnNpb24iOiIxIn0=",
          "dependencies": [
            "module.security-group.aws_security_group.app-alb-sg",
            "module.security-group.aws_security_group.web-alb-sg",
            "module.security-group.aws_security_group.web-tier-sg",
            "module.security-group.data.aws_vpc.vpc",
            "module.vpc.aws_eip.eip1",
            "module.vpc.aws_eip.eip2",
            "module.vpc.aws_internet_gateway.igw",
            "module.vpc.aws_nat_gateway.ngw1",
            "module.vpc.aws_nat_gateway.ngw2",
            "module.vpc.aws_route_table.db-rt1",
            "module.vpc.aws_route_table.db-rt2",
            "module.vpc.aws_route_table.private-rt1",
            "module.vpc.aws_route_table.private-rt2",
            "module.vpc.aws_route_table.public-rt",
            "module.vpc.aws_route_table_association.db-rt-association1",
            "module.vpc.aws_route_table_association.db-rt-association2",
            "module.vpc.aws_route_table_association.private-rt-association1",
            "module.vpc.aws_route_table_association.private-rt-association2",
            "module.vpc.aws_route_table_association.public-rt-association1",
            "module.vpc.aws_route_table_association.public-rt-association2",
            "module.vpc.aws_subnet.db_subnet1",
            "module.vpc.aws_subnet.db_subnet2",
            "module.vpc.aws_subnet.private_subnet1",
            "module.vpc.aws_subnet.private_subnet2",
            "module.vpc.aws_subnet.public_subnet1",
            "module.vpc.aws_subnet.public_subnet2",
            "module.vpc.aws_vpc.vpc",
            "module.vpc.aws_vpc_endpoint.s3_gateway",
            "module.vpc.data.aws_availability_zones.azs"
          ],
          "create_before_destroy": true
        }
      ]
    },
    {
      "module": "module.security-group",
      "mode": "managed",
      "type": "aws_security_group",
      "name": "bastion-sg",
      "provider": "provider[\"registry.terraform.io/hashicorp/aws\"]",
      "instances": [
        {
          "schema_version": 1,
          "attributes": {
            "arn": "arn:aws:ec2:ca-central-1:891377163278:security-group/sg-0bc718eec51ba5a7d",
            "description": "Allow SSH, HTTP and HTTPS",
            "egress": [
              {
                "cidr_blocks": [
                  "0.0.0.0/0"
                ],
                "description": "",
                "from_port": 0,
                "ipv6_cidr_blocks": [],
                "prefix_list_ids": [],
                "protocol": "-1",
                "security_groups": [],
                "self": false,
                "to_port": 0
              }
            ],
            "id": "sg-0bc718eec51ba5a7d",
            "ingress": [
              {
                "cidr_blocks": [
                  "0.0.0.0/0"
                ],
                "description": "",
                "from_port": 443,
                "ipv6_cidr_blocks": [],
                "prefix_list_ids": [],
                "protocol": "tcp",
                "security_groups": [],
                "self": false,
                "to_port": 443
              }
            ],
            "name": "bastion-sg20240610-1225",
            "name_prefix": "",
            "owner_id": "891377163278",
            "revoke_rules_on_delete": false,
            "tags": {
              "Name": "hellowaws_bastion-sg"
            },
            "tags_all": {
              "Name": "hellowaws_bastion-sg"
            },
            "timeouts": null,
            "vpc_id": "vpc-03cd39e1658cd90ab"
          },
          "sensitive_attributes": [],
          "private": "eyJlMmJmYjczMC1lY2FhLTExZTYtOGY4OC0zNDM2M2JjN2M0YzAiOnsiY3JlYXRlIjo2MDAwMDAwMDAwMDAsImRlbGV0ZSI6OTAwMDAwMDAwMDAwfSwic2NoZW1hX3ZlcnNpb24iOiIxIn0=",
          "dependencies": [
            "module.security-group.data.aws_vpc.vpc",
            "module.vpc.aws_eip.eip1",
            "module.vpc.aws_eip.eip2",
            "module.vpc.aws_internet_gateway.igw",
            "module.vpc.aws_nat_gateway.ngw1",
            "module.vpc.aws_nat_gateway.ngw2",
            "module.vpc.aws_route_table.db-rt1",
            "module.vpc.aws_route_table.db-rt2",
            "module.vpc.aws_route_table.private-rt1",
            "module.vpc.aws_route_table.private-rt2",
            "module.vpc.aws_route_table.public-rt",
            "module.vpc.aws_route_table_association.db-rt-association1",
            "module.vpc.aws_route_table_association.db-rt-association2",
            "module.vpc.aws_route_table_association.private-rt-association1",
            "module.vpc.aws_route_table_association.private-rt-association2",
            "module.vpc.aws_route_table_association.public-rt-association1",
            "module.vpc.aws_route_table_association.public-rt-association2",
            "module.vpc.aws_subnet.db_subnet1",
            "module.vpc.aws_subnet.db_subnet2",
            "module.vpc.aws_subnet.private_subnet1",
            "module.vpc.aws_subnet.private_subnet2",
            "module.vpc.aws_subnet.public_subnet1",
            "module.vpc.aws_subnet.public_subnet2",
            "module.vpc.aws_vpc.vpc",
            "module.vpc.aws_vpc_endpoint.s3_gateway",
            "module.vpc.data.aws_availability_zones.azs"
          ],
          "create_before_destroy": true
        }
      ]
    },
    {
      "module": "module.security-group",
      "mode": "managed",
      "type": "aws_security_group",
      "name": "database-sg",
      "provider": "provider[\"registry.terraform.io/hashicorp/aws\"]",
      "instances": [
        {
          "schema_version": 1,
          "attributes": {
            "arn": "arn:aws:ec2:ca-central-1:891377163278:security-group/sg-0a49a4f62421c060c",
            "description": "Protocol Type MySQL/Aurora",
            "egress": [
              {
                "cidr_blocks": [
                  "0.0.0.0/0"
                ],
                "description": "",
                "from_port": 0,
                "ipv6_cidr_blocks": [],
                "prefix_list_ids": [],
                "protocol": "-1",
                "security_groups": [],
                "self": false,
                "to_port": 0
              }
            ],
            "id": "sg-0a49a4f62421c060c",
            "ingress": [
              {
                "cidr_blocks": [],
                "description": "",
                "from_port": 3306,
                "ipv6_cidr_blocks": [],
                "prefix_list_ids": [],
                "protocol": "tcp",
                "security_groups": [
                  "sg-0bc718eec51ba5a7d"
                ],
                "self": false,
                "to_port": 3306
              },
              {
                "cidr_blocks": [],
                "description": "",
                "from_port": 3306,
                "ipv6_cidr_blocks": [],
                "prefix_list_ids": [],
                "protocol": "tcp",
                "security_groups": [
                  "sg-0e2ec9bf0ae646712"
                ],
                "self": false,
                "to_port": 3306
              }
            ],
            "name": "terraform-2024061000253231310000000e",
            "name_prefix": "terraform-",
            "owner_id": "891377163278",
            "revoke_rules_on_delete": false,
            "tags": {
              "Name": "hellowaws_db-sg"
            },
            "tags_all": {
              "Name": "hellowaws_db-sg"
            },
            "timeouts": null,
            "vpc_id": "vpc-03cd39e1658cd90ab"
          },
          "sensitive_attributes": [],
          "private": "eyJlMmJmYjczMC1lY2FhLTExZTYtOGY4OC0zNDM2M2JjN2M0YzAiOnsiY3JlYXRlIjo2MDAwMDAwMDAwMDAsImRlbGV0ZSI6OTAwMDAwMDAwMDAwfSwic2NoZW1hX3ZlcnNpb24iOiIxIn0=",
          "dependencies": [
            "module.security-group.aws_security_group.app-alb-sg",
            "module.security-group.aws_security_group.app-tier-sg",
            "module.security-group.aws_security_group.bastion-sg",
            "module.security-group.aws_security_group.web-alb-sg",
            "module.security-group.aws_security_group.web-tier-sg",
            "module.security-group.data.aws_vpc.vpc",
            "module.vpc.aws_eip.eip1",
            "module.vpc.aws_eip.eip2",
            "module.vpc.aws_internet_gateway.igw",
            "module.vpc.aws_nat_gateway.ngw1",
            "module.vpc.aws_nat_gateway.ngw2",
            "module.vpc.aws_route_table.db-rt1",
            "module.vpc.aws_route_table.db-rt2",
            "module.vpc.aws_route_table.private-rt1",
            "module.vpc.aws_route_table.private-rt2",
            "module.vpc.aws_route_table.public-rt",
            "module.vpc.aws_route_table_association.db-rt-association1",
            "module.vpc.aws_route_table_association.db-rt-association2",
            "module.vpc.aws_route_table_association.private-rt-association1",
            "module.vpc.aws_route_table_association.private-rt-association2",
            "module.vpc.aws_route_table_association.public-rt-association1",
            "module.vpc.aws_route_table_association.public-rt-association2",
            "module.vpc.aws_subnet.db_subnet1",
            "module.vpc.aws_subnet.db_subnet2",
            "module.vpc.aws_subnet.private_subnet1",
            "module.vpc.aws_subnet.private_subnet2",
            "module.vpc.aws_subnet.public_subnet1",
            "module.vpc.aws_subnet.public_subnet2",
            "module.vpc.aws_vpc.vpc",
            "module.vpc.aws_vpc_endpoint.s3_gateway",
            "module.vpc.data.aws_availability_zones.azs"
          ],
          "create_before_destroy": true
        }
      ]
    },
    {
      "module": "module.security-group",
      "mode": "managed",
      "type": "aws_security_group",
      "name": "redis-sg",
      "provider": "provider[\"registry.terraform.io/hashicorp/aws\"]",
      "instances": [
        {
          "schema_version": 1,
          "attributes": {
            "arn": "arn:aws:ec2:ca-central-1:891377163278:security-group/sg-0624b52bf4c34eb4c",
            "description": "Security group for Redis Serverless",
            "egress": [
              {
                "cidr_blocks": [
                  "0.0.0.0/0"
                ],
                "description": "",
                "from_port": 0,
                "ipv6_cidr_blocks": [],
                "prefix_list_ids": [],
                "protocol": "-1",
                "security_groups": [],
                "self": false,
                "to_port": 0
              }
            ],
            "id": "sg-0624b52bf4c34eb4c",
            "ingress": [
              {
                "cidr_blocks": [],
                "description": "",
                "from_port": 6379,
                "ipv6_cidr_blocks": [],
                "prefix_list_ids": [],
                "protocol": "tcp",
                "security_groups": [
                  "sg-0e2ec9bf0ae646712"
                ],
                "self": false,
                "to_port": 6379
              }
            ],
            "name": "redis-sg20240610-1225",
            "name_prefix": "",
            "owner_id": "891377163278",
            "revoke_rules_on_delete": false,
            "tags": {
              "Name": "hellowaws_redis-sg"
            },
            "tags_all": {
              "Name": "hellowaws_redis-sg"
            },
            "timeouts": null,
            "vpc_id": "vpc-03cd39e1658cd90ab"
          },
          "sensitive_attributes": [],
          "private": "eyJlMmJmYjczMC1lY2FhLTExZTYtOGY4OC0zNDM2M2JjN2M0YzAiOnsiY3JlYXRlIjo2MDAwMDAwMDAwMDAsImRlbGV0ZSI6OTAwMDAwMDAwMDAwfSwic2NoZW1hX3ZlcnNpb24iOiIxIn0=",
          "dependencies": [
            "module.security-group.aws_security_group.app-alb-sg",
            "module.security-group.aws_security_group.app-tier-sg",
            "module.security-group.aws_security_group.web-alb-sg",
            "module.security-group.aws_security_group.web-tier-sg",
            "module.security-group.data.aws_vpc.vpc",
            "module.vpc.aws_eip.eip1",
            "module.vpc.aws_eip.eip2",
            "module.vpc.aws_internet_gateway.igw",
            "module.vpc.aws_nat_gateway.ngw1",
            "module.vpc.aws_nat_gateway.ngw2",
            "module.vpc.aws_route_table.db-rt1",
            "module.vpc.aws_route_table.db-rt2",
            "module.vpc.aws_route_table.private-rt1",
            "module.vpc.aws_route_table.private-rt2",
            "module.vpc.aws_route_table.public-rt",
            "module.vpc.aws_route_table_association.db-rt-association1",
            "module.vpc.aws_route_table_association.db-rt-association2",
            "module.vpc.aws_route_table_association.private-rt-association1",
            "module.vpc.aws_route_table_association.private-rt-association2",
            "module.vpc.aws_route_table_association.public-rt-association1",
            "module.vpc.aws_route_table_association.public-rt-association2",
            "module.vpc.aws_subnet.db_subnet1",
            "module.vpc.aws_subnet.db_subnet2",
            "module.vpc.aws_subnet.private_subnet1",
            "module.vpc.aws_subnet.private_subnet2",
            "module.vpc.aws_subnet.public_subnet1",
            "module.vpc.aws_subnet.public_subnet2",
            "module.vpc.aws_vpc.vpc",
            "module.vpc.aws_vpc_endpoint.s3_gateway",
            "module.vpc.data.aws_availability_zones.azs"
          ],
          "create_before_destroy": true
        }
      ]
    },
    {
      "module": "module.security-group",
      "mode": "managed",
      "type": "aws_security_group",
      "name": "web-alb-sg",
      "provider": "provider[\"registry.terraform.io/hashicorp/aws\"]",
      "instances": [
        {
          "schema_version": 1,
          "attributes": {
            "arn": "arn:aws:ec2:ca-central-1:891377163278:security-group/sg-0178268aec8981b50",
            "description": "Allow HTTP and HTTPS for World",
            "egress": [
              {
                "cidr_blocks": [
                  "0.0.0.0/0"
                ],
                "description": "",
                "from_port": 0,
                "ipv6_cidr_blocks": [],
                "prefix_list_ids": [],
                "protocol": "-1",
                "security_groups": [],
                "self": false,
                "to_port": 0
              }
            ],
            "id": "sg-0178268aec8981b50",
            "ingress": [
              {
                "cidr_blocks": [
                  "0.0.0.0/0"
                ],
                "description": "",
                "from_port": 443,
                "ipv6_cidr_blocks": [],
                "prefix_list_ids": [],
                "protocol": "tcp",
                "security_groups": [],
                "self": false,
                "to_port": 443
              },
              {
                "cidr_blocks": [
                  "0.0.0.0/0"
                ],
                "description": "",
                "from_port": 80,
                "ipv6_cidr_blocks": [],
                "prefix_list_ids": [],
                "protocol": "tcp",
                "security_groups": [],
                "self": false,
                "to_port": 80
              }
            ],
            "name": "web-alb-sg20240610-1225",
            "name_prefix": "",
            "owner_id": "891377163278",
            "revoke_rules_on_delete": false,
            "tags": {
              "Name": "hellowaws_web-alb-sg"
            },
            "tags_all": {
              "Name": "hellowaws_web-alb-sg"
            },
            "timeouts": null,
            "vpc_id": "vpc-03cd39e1658cd90ab"
          },
          "sensitive_attributes": [],
          "private": "eyJlMmJmYjczMC1lY2FhLTExZTYtOGY4OC0zNDM2M2JjN2M0YzAiOnsiY3JlYXRlIjo2MDAwMDAwMDAwMDAsImRlbGV0ZSI6OTAwMDAwMDAwMDAwfSwic2NoZW1hX3ZlcnNpb24iOiIxIn0=",
          "dependencies": [
            "module.security-group.data.aws_vpc.vpc",
            "module.vpc.aws_eip.eip1",
            "module.vpc.aws_eip.eip2",
            "module.vpc.aws_internet_gateway.igw",
            "module.vpc.aws_nat_gateway.ngw1",
            "module.vpc.aws_nat_gateway.ngw2",
            "module.vpc.aws_route_table.db-rt1",
            "module.vpc.aws_route_table.db-rt2",
            "module.vpc.aws_route_table.private-rt1",
            "module.vpc.aws_route_table.private-rt2",
            "module.vpc.aws_route_table.public-rt",
            "module.vpc.aws_route_table_association.db-rt-association1",
            "module.vpc.aws_route_table_association.db-rt-association2",
            "module.vpc.aws_route_table_association.private-rt-association1",
            "module.vpc.aws_route_table_association.private-rt-association2",
            "module.vpc.aws_route_table_association.public-rt-association1",
            "module.vpc.aws_route_table_association.public-rt-association2",
            "module.vpc.aws_subnet.db_subnet1",
            "module.vpc.aws_subnet.db_subnet2",
            "module.vpc.aws_subnet.private_subnet1",
            "module.vpc.aws_subnet.private_subnet2",
            "module.vpc.aws_subnet.public_subnet1",
            "module.vpc.aws_subnet.public_subnet2",
            "module.vpc.aws_vpc.vpc",
            "module.vpc.aws_vpc_endpoint.s3_gateway",
            "module.vpc.data.aws_availability_zones.azs"
          ],
          "create_before_destroy": true
        }
      ]
    },
    {
      "module": "module.security-group",
      "mode": "managed",
      "type": "aws_security_group",
      "name": "web-tier-sg",
      "provider": "provider[\"registry.terraform.io/hashicorp/aws\"]",
      "instances": [
        {
          "schema_version": 1,
          "attributes": {
            "arn": "arn:aws:ec2:ca-central-1:891377163278:security-group/sg-04df063b1f296b01b",
            "description": "Allow HTTP and HTTPS for WEP ALB Only",
            "egress": [
              {
                "cidr_blocks": [
                  "0.0.0.0/0"
                ],
                "description": "",
                "from_port": 0,
                "ipv6_cidr_blocks": [],
                "prefix_list_ids": [],
                "protocol": "-1",
                "security_groups": [],
                "self": false,
                "to_port": 0
              }
            ],
            "id": "sg-04df063b1f296b01b",
            "ingress": [
              {
                "cidr_blocks": [],
                "description": "",
                "from_port": 443,
                "ipv6_cidr_blocks": [],
                "prefix_list_ids": [],
                "protocol": "tcp",
                "security_groups": [
                  "sg-0178268aec8981b50"
                ],
                "self": false,
                "to_port": 443
              },
              {
                "cidr_blocks": [],
                "description": "",
                "from_port": 80,
                "ipv6_cidr_blocks": [],
                "prefix_list_ids": [],
                "protocol": "tcp",
                "security_groups": [
                  "sg-0178268aec8981b50"
                ],
                "self": false,
                "to_port": 80
              }
            ],
            "name": "web-tier-sg20240610-1225",
            "name_prefix": "",
            "owner_id": "891377163278",
            "revoke_rules_on_delete": false,
            "tags": {
              "Name": "hellowaws_web-sg20240610-1225"
            },
            "tags_all": {
              "Name": "hellowaws_web-sg20240610-1225"
            },
            "timeouts": null,
            "vpc_id": "vpc-03cd39e1658cd90ab"
          },
          "sensitive_attributes": [],
          "private": "eyJlMmJmYjczMC1lY2FhLTExZTYtOGY4OC0zNDM2M2JjN2M0YzAiOnsiY3JlYXRlIjo2MDAwMDAwMDAwMDAsImRlbGV0ZSI6OTAwMDAwMDAwMDAwfSwic2NoZW1hX3ZlcnNpb24iOiIxIn0=",
          "dependencies": [
            "module.security-group.aws_security_group.web-alb-sg",
            "module.security-group.data.aws_vpc.vpc",
            "module.vpc.aws_eip.eip1",
            "module.vpc.aws_eip.eip2",
            "module.vpc.aws_internet_gateway.igw",
            "module.vpc.aws_nat_gateway.ngw1",
            "module.vpc.aws_nat_gateway.ngw2",
            "module.vpc.aws_route_table.db-rt1",
            "module.vpc.aws_route_table.db-rt2",
            "module.vpc.aws_route_table.private-rt1",
            "module.vpc.aws_route_table.private-rt2",
            "module.vpc.aws_route_table.public-rt",
            "module.vpc.aws_route_table_association.db-rt-association1",
            "module.vpc.aws_route_table_association.db-rt-association2",
            "module.vpc.aws_route_table_association.private-rt-association1",
            "module.vpc.aws_route_table_association.private-rt-association2",
            "module.vpc.aws_route_table_association.public-rt-association1",
            "module.vpc.aws_route_table_association.public-rt-association2",
            "module.vpc.aws_subnet.db_subnet1",
            "module.vpc.aws_subnet.db_subnet2",
            "module.vpc.aws_subnet.private_subnet1",
            "module.vpc.aws_subnet.private_subnet2",
            "module.vpc.aws_subnet.public_subnet1",
            "module.vpc.aws_subnet.public_subnet2",
            "module.vpc.aws_vpc.vpc",
            "module.vpc.aws_vpc_endpoint.s3_gateway",
            "module.vpc.data.aws_availability_zones.azs"
          ],
          "create_before_destroy": true
        }
      ]
    },
    {
      "module": "module.vpc",
      "mode": "data",
      "type": "aws_availability_zones",
      "name": "azs",
      "provider": "provider[\"registry.terraform.io/hashicorp/aws\"]",
      "instances": [
        {
          "schema_version": 0,
          "attributes": {
            "all_availability_zones": null,
            "exclude_names": null,
            "exclude_zone_ids": null,
            "filter": [
              {
                "name": "opt-in-status",
                "values": [
                  "opt-in-not-required"
                ]
              }
            ],
            "group_names": [
              "ca-central-1"
            ],
            "id": "ca-central-1",
            "names": [
              "ca-central-1a",
              "ca-central-1b",
              "ca-central-1d"
            ],
            "state": null,
            "timeouts": null,
            "zone_ids": [
              "cac1-az1",
              "cac1-az2",
              "cac1-az4"
            ]
          },
          "sensitive_attributes": []
        }
      ]
    },
    {
      "module": "module.vpc",
      "mode": "managed",
      "type": "aws_eip",
      "name": "eip1",
      "provider": "provider[\"registry.terraform.io/hashicorp/aws\"]",
      "instances": [
        {
          "schema_version": 0,
          "attributes": {
            "address": null,
            "allocation_id": "eipalloc-0744b1507f8dd0870",
            "associate_with_private_ip": null,
            "association_id": "",
            "carrier_ip": "",
            "customer_owned_ip": "",
            "customer_owned_ipv4_pool": "",
            "domain": "vpc",
            "id": "eipalloc-0744b1507f8dd0870",
            "instance": "",
            "network_border_group": "ca-central-1",
            "network_interface": "",
            "private_dns": null,
            "private_ip": "",
            "ptr_record": "",
            "public_dns": "ec2-3-98-99-125.ca-central-1.compute.amazonaws.com",
            "public_ip": "3.98.99.125",
            "public_ipv4_pool": "amazon",
            "tags": {
              "Name": "hellowaws_Elastic-IP1"
            },
            "tags_all": {
              "Name": "hellowaws_Elastic-IP1"
            },
            "timeouts": null,
            "vpc": true
          },
          "sensitive_attributes": [],
          "private": "eyJlMmJmYjczMC1lY2FhLTExZTYtOGY4OC0zNDM2M2JjN2M0YzAiOnsiZGVsZXRlIjoxODAwMDAwMDAwMDAsInJlYWQiOjkwMDAwMDAwMDAwMCwidXBkYXRlIjozMDAwMDAwMDAwMDB9fQ==",
          "dependencies": [
            "module.vpc.aws_internet_gateway.igw",
            "module.vpc.aws_subnet.db_subnet1",
            "module.vpc.aws_subnet.db_subnet2",
            "module.vpc.aws_subnet.private_subnet1",
            "module.vpc.aws_subnet.private_subnet2",
            "module.vpc.aws_subnet.public_subnet1",
            "module.vpc.aws_subnet.public_subnet2",
            "module.vpc.aws_vpc.vpc",
            "module.vpc.data.aws_availability_zones.azs"
          ],
          "create_before_destroy": true
        }
      ]
    },
    {
      "module": "module.vpc",
      "mode": "managed",
      "type": "aws_eip",
      "name": "eip2",
      "provider": "provider[\"registry.terraform.io/hashicorp/aws\"]",
      "instances": [
        {
          "schema_version": 0,
          "attributes": {
            "address": null,
            "allocation_id": "eipalloc-08950a2d22b0054cd",
            "associate_with_private_ip": null,
            "association_id": "",
            "carrier_ip": "",
            "customer_owned_ip": "",
            "customer_owned_ipv4_pool": "",
            "domain": "vpc",
            "id": "eipalloc-08950a2d22b0054cd",
            "instance": "",
            "network_border_group": "ca-central-1",
            "network_interface": "",
            "private_dns": null,
            "private_ip": "",
            "ptr_record": "",
            "public_dns": "ec2-99-79-119-144.ca-central-1.compute.amazonaws.com",
            "public_ip": "99.79.119.144",
            "public_ipv4_pool": "amazon",
            "tags": {
              "Name": "hellowaws_Elastic-IP2"
            },
            "tags_all": {
              "Name": "hellowaws_Elastic-IP2"
            },
            "timeouts": null,
            "vpc": true
          },
          "sensitive_attributes": [],
          "private": "eyJlMmJmYjczMC1lY2FhLTExZTYtOGY4OC0zNDM2M2JjN2M0YzAiOnsiZGVsZXRlIjoxODAwMDAwMDAwMDAsInJlYWQiOjkwMDAwMDAwMDAwMCwidXBkYXRlIjozMDAwMDAwMDAwMDB9fQ==",
          "dependencies": [
            "module.vpc.aws_eip.eip1",
            "module.vpc.aws_internet_gateway.igw",
            "module.vpc.aws_subnet.db_subnet1",
            "module.vpc.aws_subnet.db_subnet2",
            "module.vpc.aws_subnet.private_subnet1",
            "module.vpc.aws_subnet.private_subnet2",
            "module.vpc.aws_subnet.public_subnet1",
            "module.vpc.aws_subnet.public_subnet2",
            "module.vpc.aws_vpc.vpc",
            "module.vpc.data.aws_availability_zones.azs"
          ],
          "create_before_destroy": true
        }
      ]
    },
    {
      "module": "module.vpc",
      "mode": "managed",
      "type": "aws_internet_gateway",
      "name": "igw",
      "provider": "provider[\"registry.terraform.io/hashicorp/aws\"]",
      "instances": [
        {
          "schema_version": 0,
          "attributes": {
            "arn": "arn:aws:ec2:ca-central-1:891377163278:internet-gateway/igw-03ac226d0a44a0de2",
            "id": "igw-03ac226d0a44a0de2",
            "owner_id": "891377163278",
            "tags": {
              "Name": "hellowaws_Interet-Gateway"
            },
            "tags_all": {
              "Name": "hellowaws_Interet-Gateway"
            },
            "timeouts": null,
            "vpc_id": "vpc-03cd39e1658cd90ab"
          },
          "sensitive_attributes": [],
          "private": "eyJlMmJmYjczMC1lY2FhLTExZTYtOGY4OC0zNDM2M2JjN2M0YzAiOnsiY3JlYXRlIjoxMjAwMDAwMDAwMDAwLCJkZWxldGUiOjEyMDAwMDAwMDAwMDAsInVwZGF0ZSI6MTIwMDAwMDAwMDAwMH19",
          "dependencies": [
            "module.vpc.aws_vpc.vpc"
          ],
          "create_before_destroy": true
        }
      ]
    },
    {
      "module": "module.vpc",
      "mode": "managed",
      "type": "aws_nat_gateway",
      "name": "ngw1",
      "provider": "provider[\"registry.terraform.io/hashicorp/aws\"]",
      "instances": [
        {
          "schema_version": 0,
          "attributes": {
            "allocation_id": "eipalloc-0744b1507f8dd0870",
            "association_id": "eipassoc-05d87f49da0aae98a",
            "connectivity_type": "public",
            "id": "nat-06582f9bd8a5a2848",
            "network_interface_id": "eni-01ef0002c8ef6fd68",
            "private_ip": "10.60.0.82",
            "public_ip": "3.98.99.125",
            "secondary_allocation_ids": null,
            "secondary_private_ip_address_count": 0,
            "secondary_private_ip_addresses": [],
            "subnet_id": "subnet-03d8a04cafe9497ce",
            "tags": {
              "Name": "hellowaws_NAT1"
            },
            "tags_all": {
              "Name": "hellowaws_NAT1"
            },
            "timeouts": null
          },
          "sensitive_attributes": [],
          "private": "eyJlMmJmYjczMC1lY2FhLTExZTYtOGY4OC0zNDM2M2JjN2M0YzAiOnsiY3JlYXRlIjo2MDAwMDAwMDAwMDAsImRlbGV0ZSI6MTgwMDAwMDAwMDAwMCwidXBkYXRlIjo2MDAwMDAwMDAwMDB9fQ==",
          "dependencies": [
            "module.vpc.aws_eip.eip1",
            "module.vpc.aws_eip.eip2",
            "module.vpc.aws_internet_gateway.igw",
            "module.vpc.aws_subnet.db_subnet1",
            "module.vpc.aws_subnet.db_subnet2",
            "module.vpc.aws_subnet.private_subnet1",
            "module.vpc.aws_subnet.private_subnet2",
            "module.vpc.aws_subnet.public_subnet1",
            "module.vpc.aws_subnet.public_subnet2",
            "module.vpc.aws_vpc.vpc",
            "module.vpc.data.aws_availability_zones.azs"
          ],
          "create_before_destroy": true
        }
      ]
    },
    {
      "module": "module.vpc",
      "mode": "managed",
      "type": "aws_nat_gateway",
      "name": "ngw2",
      "provider": "provider[\"registry.terraform.io/hashicorp/aws\"]",
      "instances": [
        {
          "schema_version": 0,
          "attributes": {
            "allocation_id": "eipalloc-08950a2d22b0054cd",
            "association_id": "eipassoc-0fc27f4fb8724b700",
            "connectivity_type": "public",
            "id": "nat-06ebe08b56b364e86",
            "network_interface_id": "eni-057f92f3e8cc39eb3",
            "private_ip": "10.60.1.117",
            "public_ip": "99.79.119.144",
            "secondary_allocation_ids": null,
            "secondary_private_ip_address_count": 0,
            "secondary_private_ip_addresses": [],
            "subnet_id": "subnet-0bae8b88e422d0176",
            "tags": {
              "Name": "hellowaws_NAT2"
            },
            "tags_all": {
              "Name": "hellowaws_NAT2"
            },
            "timeouts": null
          },
          "sensitive_attributes": [],
          "private": "eyJlMmJmYjczMC1lY2FhLTExZTYtOGY4OC0zNDM2M2JjN2M0YzAiOnsiY3JlYXRlIjo2MDAwMDAwMDAwMDAsImRlbGV0ZSI6MTgwMDAwMDAwMDAwMCwidXBkYXRlIjo2MDAwMDAwMDAwMDB9fQ==",
          "dependencies": [
            "module.vpc.aws_eip.eip1",
            "module.vpc.aws_eip.eip2",
            "module.vpc.aws_internet_gateway.igw",
            "module.vpc.aws_nat_gateway.ngw1",
            "module.vpc.aws_subnet.db_subnet1",
            "module.vpc.aws_subnet.db_subnet2",
            "module.vpc.aws_subnet.private_subnet1",
            "module.vpc.aws_subnet.private_subnet2",
            "module.vpc.aws_subnet.public_subnet1",
            "module.vpc.aws_subnet.public_subnet2",
            "module.vpc.aws_vpc.vpc",
            "module.vpc.data.aws_availability_zones.azs"
          ],
          "create_before_destroy": true
        }
      ]
    },
    {
      "module": "module.vpc",
      "mode": "managed",
      "type": "aws_route_table",
      "name": "db-rt1",
      "provider": "provider[\"registry.terraform.io/hashicorp/aws\"]",
      "instances": [
        {
          "schema_version": 0,
          "attributes": {
            "arn": "arn:aws:ec2:ca-central-1:891377163278:route-table/rtb-06588f6e60136d1c2",
            "id": "rtb-06588f6e60136d1c2",
            "owner_id": "891377163278",
            "propagating_vgws": [],
            "route": [
              {
                "carrier_gateway_id": "",
                "cidr_block": "0.0.0.0/0",
                "core_network_arn": "",
                "destination_prefix_list_id": "",
                "egress_only_gateway_id": "",
                "gateway_id": "nat-06ebe08b56b364e86",
                "ipv6_cidr_block": "",
                "local_gateway_id": "",
                "nat_gateway_id": "",
                "network_interface_id": "",
                "transit_gateway_id": "",
                "vpc_endpoint_id": "",
                "vpc_peering_connection_id": ""
              }
            ],
            "tags": {
              "Name": "hellowaws_DB-Route-table1"
            },
            "tags_all": {
              "Name": "hellowaws_DB-Route-table1"
            },
            "timeouts": null,
            "vpc_id": "vpc-03cd39e1658cd90ab"
          },
          "sensitive_attributes": [],
          "private": "eyJlMmJmYjczMC1lY2FhLTExZTYtOGY4OC0zNDM2M2JjN2M0YzAiOnsiY3JlYXRlIjozMDAwMDAwMDAwMDAsImRlbGV0ZSI6MzAwMDAwMDAwMDAwLCJ1cGRhdGUiOjEyMDAwMDAwMDAwMH19",
          "dependencies": [
            "module.vpc.aws_eip.eip1",
            "module.vpc.aws_eip.eip2",
            "module.vpc.aws_internet_gateway.igw",
            "module.vpc.aws_nat_gateway.ngw1",
            "module.vpc.aws_nat_gateway.ngw2",
            "module.vpc.aws_route_table.private-rt1",
            "module.vpc.aws_route_table.private-rt2",
            "module.vpc.aws_route_table.public-rt",
            "module.vpc.aws_route_table_association.private-rt-association1",
            "module.vpc.aws_route_table_association.private-rt-association2",
            "module.vpc.aws_route_table_association.public-rt-association2",
            "module.vpc.aws_subnet.db_subnet1",
            "module.vpc.aws_subnet.db_subnet2",
            "module.vpc.aws_subnet.private_subnet1",
            "module.vpc.aws_subnet.private_subnet2",
            "module.vpc.aws_subnet.public_subnet1",
            "module.vpc.aws_subnet.public_subnet2",
            "module.vpc.aws_vpc.vpc",
            "module.vpc.data.aws_availability_zones.azs"
          ],
          "create_before_destroy": true
        }
      ]
    },
    {
      "module": "module.vpc",
      "mode": "managed",
      "type": "aws_route_table",
      "name": "db-rt2",
      "provider": "provider[\"registry.terraform.io/hashicorp/aws\"]",
      "instances": [
        {
          "schema_version": 0,
          "attributes": {
            "arn": "arn:aws:ec2:ca-central-1:891377163278:route-table/rtb-0c569f6857fcbb38e",
            "id": "rtb-0c569f6857fcbb38e",
            "owner_id": "891377163278",
            "propagating_vgws": [],
            "route": [
              {
                "carrier_gateway_id": "",
                "cidr_block": "0.0.0.0/0",
                "core_network_arn": "",
                "destination_prefix_list_id": "",
                "egress_only_gateway_id": "",
                "gateway_id": "nat-06ebe08b56b364e86",
                "ipv6_cidr_block": "",
                "local_gateway_id": "",
                "nat_gateway_id": "",
                "network_interface_id": "",
                "transit_gateway_id": "",
                "vpc_endpoint_id": "",
                "vpc_peering_connection_id": ""
              }
            ],
            "tags": {
              "Name": "hellowaws_DB-Route-table2"
            },
            "tags_all": {
              "Name": "hellowaws_DB-Route-table2"
            },
            "timeouts": null,
            "vpc_id": "vpc-03cd39e1658cd90ab"
          },
          "sensitive_attributes": [],
          "private": "eyJlMmJmYjczMC1lY2FhLTExZTYtOGY4OC0zNDM2M2JjN2M0YzAiOnsiY3JlYXRlIjozMDAwMDAwMDAwMDAsImRlbGV0ZSI6MzAwMDAwMDAwMDAwLCJ1cGRhdGUiOjEyMDAwMDAwMDAwMH19",
          "dependencies": [
            "module.vpc.aws_eip.eip1",
            "module.vpc.aws_eip.eip2",
            "module.vpc.aws_internet_gateway.igw",
            "module.vpc.aws_nat_gateway.ngw1",
            "module.vpc.aws_nat_gateway.ngw2",
            "module.vpc.aws_route_table.private-rt1",
            "module.vpc.aws_route_table.public-rt",
            "module.vpc.aws_route_table_association.private-rt-association1",
            "module.vpc.aws_route_table_association.public-rt-association2",
            "module.vpc.aws_subnet.db_subnet1",
            "module.vpc.aws_subnet.db_subnet2",
            "module.vpc.aws_subnet.private_subnet1",
            "module.vpc.aws_subnet.private_subnet2",
            "module.vpc.aws_subnet.public_subnet1",
            "module.vpc.aws_subnet.public_subnet2",
            "module.vpc.aws_vpc.vpc",
            "module.vpc.data.aws_availability_zones.azs"
          ],
          "create_before_destroy": true
        }
      ]
    },
    {
      "module": "module.vpc",
      "mode": "managed",
      "type": "aws_route_table",
      "name": "private-rt1",
      "provider": "provider[\"registry.terraform.io/hashicorp/aws\"]",
      "instances": [
        {
          "schema_version": 0,
          "attributes": {
            "arn": "arn:aws:ec2:ca-central-1:891377163278:route-table/rtb-02e95f8d8e5c15f42",
            "id": "rtb-02e95f8d8e5c15f42",
            "owner_id": "891377163278",
            "propagating_vgws": [],
            "route": [
              {
                "carrier_gateway_id": "",
                "cidr_block": "0.0.0.0/0",
                "core_network_arn": "",
                "destination_prefix_list_id": "",
                "egress_only_gateway_id": "",
                "gateway_id": "nat-06582f9bd8a5a2848",
                "ipv6_cidr_block": "",
                "local_gateway_id": "",
                "nat_gateway_id": "",
                "network_interface_id": "",
                "transit_gateway_id": "",
                "vpc_endpoint_id": "",
                "vpc_peering_connection_id": ""
              }
            ],
            "tags": {
              "Name": "hellowaws_Private-Route-table1"
            },
            "tags_all": {
              "Name": "hellowaws_Private-Route-table1"
            },
            "timeouts": null,
            "vpc_id": "vpc-03cd39e1658cd90ab"
          },
          "sensitive_attributes": [],
          "private": "eyJlMmJmYjczMC1lY2FhLTExZTYtOGY4OC0zNDM2M2JjN2M0YzAiOnsiY3JlYXRlIjozMDAwMDAwMDAwMDAsImRlbGV0ZSI6MzAwMDAwMDAwMDAwLCJ1cGRhdGUiOjEyMDAwMDAwMDAwMH19",
          "dependencies": [
            "module.vpc.aws_eip.eip1",
            "module.vpc.aws_eip.eip2",
            "module.vpc.aws_internet_gateway.igw",
            "module.vpc.aws_nat_gateway.ngw1",
            "module.vpc.aws_nat_gateway.ngw2",
            "module.vpc.aws_route_table.public-rt",
            "module.vpc.aws_route_table_association.public-rt-association2",
            "module.vpc.aws_subnet.db_subnet1",
            "module.vpc.aws_subnet.db_subnet2",
            "module.vpc.aws_subnet.private_subnet1",
            "module.vpc.aws_subnet.private_subnet2",
            "module.vpc.aws_subnet.public_subnet1",
            "module.vpc.aws_subnet.public_subnet2",
            "module.vpc.aws_vpc.vpc",
            "module.vpc.data.aws_availability_zones.azs"
          ],
          "create_before_destroy": true
        }
      ]
    },
    {
      "module": "module.vpc",
      "mode": "managed",
      "type": "aws_route_table",
      "name": "private-rt2",
      "provider": "provider[\"registry.terraform.io/hashicorp/aws\"]",
      "instances": [
        {
          "schema_version": 0,
          "attributes": {
            "arn": "arn:aws:ec2:ca-central-1:891377163278:route-table/rtb-0d8b6c302ca3490e7",
            "id": "rtb-0d8b6c302ca3490e7",
            "owner_id": "891377163278",
            "propagating_vgws": [],
            "route": [
              {
                "carrier_gateway_id": "",
                "cidr_block": "0.0.0.0/0",
                "core_network_arn": "",
                "destination_prefix_list_id": "",
                "egress_only_gateway_id": "",
                "gateway_id": "nat-06ebe08b56b364e86",
                "ipv6_cidr_block": "",
                "local_gateway_id": "",
                "nat_gateway_id": "",
                "network_interface_id": "",
                "transit_gateway_id": "",
                "vpc_endpoint_id": "",
                "vpc_peering_connection_id": ""
              }
            ],
            "tags": {
              "Name": "hellowaws_Private-Route-table2"
            },
            "tags_all": {
              "Name": "hellowaws_Private-Route-table2"
            },
            "timeouts": null,
            "vpc_id": "vpc-03cd39e1658cd90ab"
          },
          "sensitive_attributes": [],
          "private": "eyJlMmJmYjczMC1lY2FhLTExZTYtOGY4OC0zNDM2M2JjN2M0YzAiOnsiY3JlYXRlIjozMDAwMDAwMDAwMDAsImRlbGV0ZSI6MzAwMDAwMDAwMDAwLCJ1cGRhdGUiOjEyMDAwMDAwMDAwMH19",
          "dependencies": [
            "module.vpc.aws_eip.eip1",
            "module.vpc.aws_eip.eip2",
            "module.vpc.aws_internet_gateway.igw",
            "module.vpc.aws_nat_gateway.ngw1",
            "module.vpc.aws_nat_gateway.ngw2",
            "module.vpc.aws_route_table.private-rt1",
            "module.vpc.aws_route_table.public-rt",
            "module.vpc.aws_route_table_association.private-rt-association1",
            "module.vpc.aws_route_table_association.public-rt-association2",
            "module.vpc.aws_subnet.db_subnet1",
            "module.vpc.aws_subnet.db_subnet2",
            "module.vpc.aws_subnet.private_subnet1",
            "module.vpc.aws_subnet.private_subnet2",
            "module.vpc.aws_subnet.public_subnet1",
            "module.vpc.aws_subnet.public_subnet2",
            "module.vpc.aws_vpc.vpc",
            "module.vpc.data.aws_availability_zones.azs"
          ],
          "create_before_destroy": true
        }
      ]
    },
    {
      "module": "module.vpc",
      "mode": "managed",
      "type": "aws_route_table",
      "name": "public-rt",
      "provider": "provider[\"registry.terraform.io/hashicorp/aws\"]",
      "instances": [
        {
          "schema_version": 0,
          "attributes": {
            "arn": "arn:aws:ec2:ca-central-1:891377163278:route-table/rtb-0586d899990d5af3d",
            "id": "rtb-0586d899990d5af3d",
            "owner_id": "891377163278",
            "propagating_vgws": [],
            "route": [
              {
                "carrier_gateway_id": "",
                "cidr_block": "0.0.0.0/0",
                "core_network_arn": "",
                "destination_prefix_list_id": "",
                "egress_only_gateway_id": "",
                "gateway_id": "igw-03ac226d0a44a0de2",
                "ipv6_cidr_block": "",
                "local_gateway_id": "",
                "nat_gateway_id": "",
                "network_interface_id": "",
                "transit_gateway_id": "",
                "vpc_endpoint_id": "",
                "vpc_peering_connection_id": ""
              }
            ],
            "tags": {
              "Name": "hellowaws_Public-Route-table"
            },
            "tags_all": {
              "Name": "hellowaws_Public-Route-table"
            },
            "timeouts": null,
            "vpc_id": "vpc-03cd39e1658cd90ab"
          },
          "sensitive_attributes": [],
          "private": "eyJlMmJmYjczMC1lY2FhLTExZTYtOGY4OC0zNDM2M2JjN2M0YzAiOnsiY3JlYXRlIjozMDAwMDAwMDAwMDAsImRlbGV0ZSI6MzAwMDAwMDAwMDAwLCJ1cGRhdGUiOjEyMDAwMDAwMDAwMH19",
          "dependencies": [
            "module.vpc.aws_eip.eip1",
            "module.vpc.aws_eip.eip2",
            "module.vpc.aws_internet_gateway.igw",
            "module.vpc.aws_nat_gateway.ngw1",
            "module.vpc.aws_nat_gateway.ngw2",
            "module.vpc.aws_subnet.db_subnet1",
            "module.vpc.aws_subnet.db_subnet2",
            "module.vpc.aws_subnet.private_subnet1",
            "module.vpc.aws_subnet.private_subnet2",
            "module.vpc.aws_subnet.public_subnet1",
            "module.vpc.aws_subnet.public_subnet2",
            "module.vpc.aws_vpc.vpc",
            "module.vpc.data.aws_availability_zones.azs"
          ],
          "create_before_destroy": true
        }
      ]
    },
    {
      "module": "module.vpc",
      "mode": "managed",
      "type": "aws_route_table_association",
      "name": "db-rt-association1",
      "provider": "provider[\"registry.terraform.io/hashicorp/aws\"]",
      "instances": [
        {
          "schema_version": 0,
          "attributes": {
            "gateway_id": "",
            "id": "rtbassoc-0488f72b1f7f4d540",
            "route_table_id": "rtb-06588f6e60136d1c2",
            "subnet_id": "subnet-02526ee283c0dec6c",
            "timeouts": null
          },
          "sensitive_attributes": [],
          "private": "eyJlMmJmYjczMC1lY2FhLTExZTYtOGY4OC0zNDM2M2JjN2M0YzAiOnsiY3JlYXRlIjozMDAwMDAwMDAwMDAsImRlbGV0ZSI6MzAwMDAwMDAwMDAwLCJ1cGRhdGUiOjEyMDAwMDAwMDAwMH19",
          "dependencies": [
            "module.vpc.aws_eip.eip1",
            "module.vpc.aws_eip.eip2",
            "module.vpc.aws_internet_gateway.igw",
            "module.vpc.aws_nat_gateway.ngw1",
            "module.vpc.aws_nat_gateway.ngw2",
            "module.vpc.aws_route_table.db-rt1",
            "module.vpc.aws_route_table.private-rt1",
            "module.vpc.aws_route_table.private-rt2",
            "module.vpc.aws_route_table.public-rt",
            "module.vpc.aws_route_table_association.private-rt-association1",
            "module.vpc.aws_route_table_association.private-rt-association2",
            "module.vpc.aws_route_table_association.public-rt-association2",
            "module.vpc.aws_subnet.db_subnet1",
            "module.vpc.aws_subnet.db_subnet2",
            "module.vpc.aws_subnet.private_subnet1",
            "module.vpc.aws_subnet.private_subnet2",
            "module.vpc.aws_subnet.public_subnet1",
            "module.vpc.aws_subnet.public_subnet2",
            "module.vpc.aws_vpc.vpc",
            "module.vpc.data.aws_availability_zones.azs"
          ],
          "create_before_destroy": true
        }
      ]
    },
    {
      "module": "module.vpc",
      "mode": "managed",
      "type": "aws_route_table_association",
      "name": "db-rt-association2",
      "provider": "provider[\"registry.terraform.io/hashicorp/aws\"]",
      "instances": [
        {
          "schema_version": 0,
          "attributes": {
            "gateway_id": "",
            "id": "rtbassoc-0d6c45a97c90bf331",
            "route_table_id": "rtb-0c569f6857fcbb38e",
            "subnet_id": "subnet-051796fa3842852f5",
            "timeouts": null
          },
          "sensitive_attributes": [],
          "private": "eyJlMmJmYjczMC1lY2FhLTExZTYtOGY4OC0zNDM2M2JjN2M0YzAiOnsiY3JlYXRlIjozMDAwMDAwMDAwMDAsImRlbGV0ZSI6MzAwMDAwMDAwMDAwLCJ1cGRhdGUiOjEyMDAwMDAwMDAwMH19",
          "dependencies": [
            "module.vpc.aws_eip.eip1",
            "module.vpc.aws_eip.eip2",
            "module.vpc.aws_internet_gateway.igw",
            "module.vpc.aws_nat_gateway.ngw1",
            "module.vpc.aws_nat_gateway.ngw2",
            "module.vpc.aws_route_table.db-rt2",
            "module.vpc.aws_route_table.private-rt1",
            "module.vpc.aws_route_table.public-rt",
            "module.vpc.aws_route_table_association.private-rt-association1",
            "module.vpc.aws_route_table_association.public-rt-association2",
            "module.vpc.aws_subnet.db_subnet1",
            "module.vpc.aws_subnet.db_subnet2",
            "module.vpc.aws_subnet.private_subnet1",
            "module.vpc.aws_subnet.private_subnet2",
            "module.vpc.aws_subnet.public_subnet1",
            "module.vpc.aws_subnet.public_subnet2",
            "module.vpc.aws_vpc.vpc",
            "module.vpc.data.aws_availability_zones.azs"
          ],
          "create_before_destroy": true
        }
      ]
    },
    {
      "module": "module.vpc",
      "mode": "managed",
      "type": "aws_route_table_association",
      "name": "private-rt-association1",
      "provider": "provider[\"registry.terraform.io/hashicorp/aws\"]",
      "instances": [
        {
          "schema_version": 0,
          "attributes": {
            "gateway_id": "",
            "id": "rtbassoc-0e2606532ecebadb5",
            "route_table_id": "rtb-02e95f8d8e5c15f42",
            "subnet_id": "subnet-086fa0b5a9c41eb3c",
            "timeouts": null
          },
          "sensitive_attributes": [],
          "private": "eyJlMmJmYjczMC1lY2FhLTExZTYtOGY4OC0zNDM2M2JjN2M0YzAiOnsiY3JlYXRlIjozMDAwMDAwMDAwMDAsImRlbGV0ZSI6MzAwMDAwMDAwMDAwLCJ1cGRhdGUiOjEyMDAwMDAwMDAwMH19",
          "dependencies": [
            "module.vpc.aws_eip.eip1",
            "module.vpc.aws_eip.eip2",
            "module.vpc.aws_internet_gateway.igw",
            "module.vpc.aws_nat_gateway.ngw1",
            "module.vpc.aws_nat_gateway.ngw2",
            "module.vpc.aws_route_table.private-rt1",
            "module.vpc.aws_route_table.public-rt",
            "module.vpc.aws_route_table_association.public-rt-association2",
            "module.vpc.aws_subnet.db_subnet1",
            "module.vpc.aws_subnet.db_subnet2",
            "module.vpc.aws_subnet.private_subnet1",
            "module.vpc.aws_subnet.private_subnet2",
            "module.vpc.aws_subnet.public_subnet1",
            "module.vpc.aws_subnet.public_subnet2",
            "module.vpc.aws_vpc.vpc",
            "module.vpc.data.aws_availability_zones.azs"
          ],
          "create_before_destroy": true
        }
      ]
    },
    {
      "module": "module.vpc",
      "mode": "managed",
      "type": "aws_route_table_association",
      "name": "private-rt-association2",
      "provider": "provider[\"registry.terraform.io/hashicorp/aws\"]",
      "instances": [
        {
          "schema_version": 0,
          "attributes": {
            "gateway_id": "",
            "id": "rtbassoc-008d1d5dcaa69e327",
            "route_table_id": "rtb-0d8b6c302ca3490e7",
            "subnet_id": "subnet-09a00937755c67418",
            "timeouts": null
          },
          "sensitive_attributes": [],
          "private": "eyJlMmJmYjczMC1lY2FhLTExZTYtOGY4OC0zNDM2M2JjN2M0YzAiOnsiY3JlYXRlIjozMDAwMDAwMDAwMDAsImRlbGV0ZSI6MzAwMDAwMDAwMDAwLCJ1cGRhdGUiOjEyMDAwMDAwMDAwMH19",
          "dependencies": [
            "module.vpc.aws_eip.eip1",
            "module.vpc.aws_eip.eip2",
            "module.vpc.aws_internet_gateway.igw",
            "module.vpc.aws_nat_gateway.ngw1",
            "module.vpc.aws_nat_gateway.ngw2",
            "module.vpc.aws_route_table.private-rt1",
            "module.vpc.aws_route_table.private-rt2",
            "module.vpc.aws_route_table.public-rt",
            "module.vpc.aws_route_table_association.private-rt-association1",
            "module.vpc.aws_route_table_association.public-rt-association2",
            "module.vpc.aws_subnet.db_subnet1",
            "module.vpc.aws_subnet.db_subnet2",
            "module.vpc.aws_subnet.private_subnet1",
            "module.vpc.aws_subnet.private_subnet2",
            "module.vpc.aws_subnet.public_subnet1",
            "module.vpc.aws_subnet.public_subnet2",
            "module.vpc.aws_vpc.vpc",
            "module.vpc.data.aws_availability_zones.azs"
          ],
          "create_before_destroy": true
        }
      ]
    },
    {
      "module": "module.vpc",
      "mode": "managed",
      "type": "aws_route_table_association",
      "name": "public-rt-association1",
      "provider": "provider[\"registry.terraform.io/hashicorp/aws\"]",
      "instances": [
        {
          "schema_version": 0,
          "attributes": {
            "gateway_id": "",
            "id": "rtbassoc-02c856229b78a9e9e",
            "route_table_id": "rtb-0586d899990d5af3d",
            "subnet_id": "subnet-03d8a04cafe9497ce",
            "timeouts": null
          },
          "sensitive_attributes": [],
          "private": "eyJlMmJmYjczMC1lY2FhLTExZTYtOGY4OC0zNDM2M2JjN2M0YzAiOnsiY3JlYXRlIjozMDAwMDAwMDAwMDAsImRlbGV0ZSI6MzAwMDAwMDAwMDAwLCJ1cGRhdGUiOjEyMDAwMDAwMDAwMH19",
          "dependencies": [
            "module.vpc.aws_eip.eip1",
            "module.vpc.aws_eip.eip2",
            "module.vpc.aws_internet_gateway.igw",
            "module.vpc.aws_nat_gateway.ngw1",
            "module.vpc.aws_nat_gateway.ngw2",
            "module.vpc.aws_route_table.public-rt",
            "module.vpc.aws_subnet.db_subnet1",
            "module.vpc.aws_subnet.db_subnet2",
            "module.vpc.aws_subnet.private_subnet1",
            "module.vpc.aws_subnet.private_subnet2",
            "module.vpc.aws_subnet.public_subnet1",
            "module.vpc.aws_subnet.public_subnet2",
            "module.vpc.aws_vpc.vpc",
            "module.vpc.data.aws_availability_zones.azs"
          ],
          "create_before_destroy": true
        }
      ]
    },
    {
      "module": "module.vpc",
      "mode": "managed",
      "type": "aws_route_table_association",
      "name": "public-rt-association2",
      "provider": "provider[\"registry.terraform.io/hashicorp/aws\"]",
      "instances": [
        {
          "schema_version": 0,
          "attributes": {
            "gateway_id": "",
            "id": "rtbassoc-05eaee63bf931ebc4",
            "route_table_id": "rtb-0586d899990d5af3d",
            "subnet_id": "subnet-0bae8b88e422d0176",
            "timeouts": null
          },
          "sensitive_attributes": [],
          "private": "eyJlMmJmYjczMC1lY2FhLTExZTYtOGY4OC0zNDM2M2JjN2M0YzAiOnsiY3JlYXRlIjozMDAwMDAwMDAwMDAsImRlbGV0ZSI6MzAwMDAwMDAwMDAwLCJ1cGRhdGUiOjEyMDAwMDAwMDAwMH19",
          "dependencies": [
            "module.vpc.aws_eip.eip1",
            "module.vpc.aws_eip.eip2",
            "module.vpc.aws_internet_gateway.igw",
            "module.vpc.aws_nat_gateway.ngw1",
            "module.vpc.aws_nat_gateway.ngw2",
            "module.vpc.aws_route_table.public-rt",
            "module.vpc.aws_subnet.db_subnet1",
            "module.vpc.aws_subnet.db_subnet2",
            "module.vpc.aws_subnet.private_subnet1",
            "module.vpc.aws_subnet.private_subnet2",
            "module.vpc.aws_subnet.public_subnet1",
            "module.vpc.aws_subnet.public_subnet2",
            "module.vpc.aws_vpc.vpc",
            "module.vpc.data.aws_availability_zones.azs"
          ],
          "create_before_destroy": true
        }
      ]
    },
    {
      "module": "module.vpc",
      "mode": "managed",
      "type": "aws_subnet",
      "name": "db_subnet1",
      "provider": "provider[\"registry.terraform.io/hashicorp/aws\"]",
      "instances": [
        {
          "schema_version": 1,
          "attributes": {
            "arn": "arn:aws:ec2:ca-central-1:891377163278:subnet/subnet-02526ee283c0dec6c",
            "assign_ipv6_address_on_creation": false,
            "availability_zone": "ca-central-1a",
            "availability_zone_id": "cac1-az1",
            "cidr_block": "10.60.20.0/24",
            "customer_owned_ipv4_pool": "",
            "enable_dns64": false,
            "enable_lni_at_device_index": 0,
            "enable_resource_name_dns_a_record_on_launch": false,
            "enable_resource_name_dns_aaaa_record_on_launch": false,
            "id": "subnet-02526ee283c0dec6c",
            "ipv6_cidr_block": "",
            "ipv6_cidr_block_association_id": "",
            "ipv6_native": false,
            "map_customer_owned_ip_on_launch": false,
            "map_public_ip_on_launch": false,
            "outpost_arn": "",
            "owner_id": "891377163278",
            "private_dns_hostname_type_on_launch": "ip-name",
            "tags": {
              "Name": "hellowaws_db_subnet1"
            },
            "tags_all": {
              "Name": "hellowaws_db_subnet1"
            },
            "timeouts": null,
            "vpc_id": "vpc-03cd39e1658cd90ab"
          },
          "sensitive_attributes": [],
          "private": "eyJlMmJmYjczMC1lY2FhLTExZTYtOGY4OC0zNDM2M2JjN2M0YzAiOnsiY3JlYXRlIjo2MDAwMDAwMDAwMDAsImRlbGV0ZSI6MTIwMDAwMDAwMDAwMH0sInNjaGVtYV92ZXJzaW9uIjoiMSJ9",
          "dependencies": [
            "module.vpc.aws_internet_gateway.igw",
            "module.vpc.aws_subnet.private_subnet1",
            "module.vpc.aws_subnet.private_subnet2",
            "module.vpc.aws_subnet.public_subnet1",
            "module.vpc.aws_subnet.public_subnet2",
            "module.vpc.aws_vpc.vpc",
            "module.vpc.data.aws_availability_zones.azs"
          ],
          "create_before_destroy": true
        }
      ]
    },
    {
      "module": "module.vpc",
      "mode": "managed",
      "type": "aws_subnet",
      "name": "db_subnet2",
      "provider": "provider[\"registry.terraform.io/hashicorp/aws\"]",
      "instances": [
        {
          "schema_version": 1,
          "attributes": {
            "arn": "arn:aws:ec2:ca-central-1:891377163278:subnet/subnet-051796fa3842852f5",
            "assign_ipv6_address_on_creation": false,
            "availability_zone": "ca-central-1b",
            "availability_zone_id": "cac1-az2",
            "cidr_block": "10.60.21.0/24",
            "customer_owned_ipv4_pool": "",
            "enable_dns64": false,
            "enable_lni_at_device_index": 0,
            "enable_resource_name_dns_a_record_on_launch": false,
            "enable_resource_name_dns_aaaa_record_on_launch": false,
            "id": "subnet-051796fa3842852f5",
            "ipv6_cidr_block": "",
            "ipv6_cidr_block_association_id": "",
            "ipv6_native": false,
            "map_customer_owned_ip_on_launch": false,
            "map_public_ip_on_launch": false,
            "outpost_arn": "",
            "owner_id": "891377163278",
            "private_dns_hostname_type_on_launch": "ip-name",
            "tags": {
              "Name": "hellowaws_db_subnet2"
            },
            "tags_all": {
              "Name": "hellowaws_db_subnet2"
            },
            "timeouts": null,
            "vpc_id": "vpc-03cd39e1658cd90ab"
          },
          "sensitive_attributes": [],
          "private": "eyJlMmJmYjczMC1lY2FhLTExZTYtOGY4OC0zNDM2M2JjN2M0YzAiOnsiY3JlYXRlIjo2MDAwMDAwMDAwMDAsImRlbGV0ZSI6MTIwMDAwMDAwMDAwMH0sInNjaGVtYV92ZXJzaW9uIjoiMSJ9",
          "dependencies": [
            "module.vpc.aws_internet_gateway.igw",
            "module.vpc.aws_subnet.db_subnet1",
            "module.vpc.aws_subnet.private_subnet1",
            "module.vpc.aws_subnet.private_subnet2",
            "module.vpc.aws_subnet.public_subnet1",
            "module.vpc.aws_subnet.public_subnet2",
            "module.vpc.aws_vpc.vpc",
            "module.vpc.data.aws_availability_zones.azs"
          ],
          "create_before_destroy": true
        }
      ]
    },
    {
      "module": "module.vpc",
      "mode": "managed",
      "type": "aws_subnet",
      "name": "private_subnet1",
      "provider": "provider[\"registry.terraform.io/hashicorp/aws\"]",
      "instances": [
        {
          "schema_version": 1,
          "attributes": {
            "arn": "arn:aws:ec2:ca-central-1:891377163278:subnet/subnet-086fa0b5a9c41eb3c",
            "assign_ipv6_address_on_creation": false,
            "availability_zone": "ca-central-1a",
            "availability_zone_id": "cac1-az1",
            "cidr_block": "10.60.4.0/22",
            "customer_owned_ipv4_pool": "",
            "enable_dns64": false,
            "enable_lni_at_device_index": 0,
            "enable_resource_name_dns_a_record_on_launch": false,
            "enable_resource_name_dns_aaaa_record_on_launch": false,
            "id": "subnet-086fa0b5a9c41eb3c",
            "ipv6_cidr_block": "",
            "ipv6_cidr_block_association_id": "",
            "ipv6_native": false,
            "map_customer_owned_ip_on_launch": false,
            "map_public_ip_on_launch": false,
            "outpost_arn": "",
            "owner_id": "891377163278",
            "private_dns_hostname_type_on_launch": "ip-name",
            "tags": {
              "Name": "hellowaws_private_subnet1"
            },
            "tags_all": {
              "Name": "hellowaws_private_subnet1"
            },
            "timeouts": null,
            "vpc_id": "vpc-03cd39e1658cd90ab"
          },
          "sensitive_attributes": [],
          "private": "eyJlMmJmYjczMC1lY2FhLTExZTYtOGY4OC0zNDM2M2JjN2M0YzAiOnsiY3JlYXRlIjo2MDAwMDAwMDAwMDAsImRlbGV0ZSI6MTIwMDAwMDAwMDAwMH0sInNjaGVtYV92ZXJzaW9uIjoiMSJ9",
          "dependencies": [
            "module.vpc.aws_internet_gateway.igw",
            "module.vpc.aws_subnet.public_subnet1",
            "module.vpc.aws_subnet.public_subnet2",
            "module.vpc.aws_vpc.vpc",
            "module.vpc.data.aws_availability_zones.azs"
          ],
          "create_before_destroy": true
        }
      ]
    },
    {
      "module": "module.vpc",
      "mode": "managed",
      "type": "aws_subnet",
      "name": "private_subnet2",
      "provider": "provider[\"registry.terraform.io/hashicorp/aws\"]",
      "instances": [
        {
          "schema_version": 1,
          "attributes": {
            "arn": "arn:aws:ec2:ca-central-1:891377163278:subnet/subnet-09a00937755c67418",
            "assign_ipv6_address_on_creation": false,
            "availability_zone": "ca-central-1b",
            "availability_zone_id": "cac1-az2",
            "cidr_block": "10.60.8.0/22",
            "customer_owned_ipv4_pool": "",
            "enable_dns64": false,
            "enable_lni_at_device_index": 0,
            "enable_resource_name_dns_a_record_on_launch": false,
            "enable_resource_name_dns_aaaa_record_on_launch": false,
            "id": "subnet-09a00937755c67418",
            "ipv6_cidr_block": "",
            "ipv6_cidr_block_association_id": "",
            "ipv6_native": false,
            "map_customer_owned_ip_on_launch": false,
            "map_public_ip_on_launch": false,
            "outpost_arn": "",
            "owner_id": "891377163278",
            "private_dns_hostname_type_on_launch": "ip-name",
            "tags": {
              "Name": "hellowaws_private_subnet2"
            },
            "tags_all": {
              "Name": "hellowaws_private_subnet2"
            },
            "timeouts": null,
            "vpc_id": "vpc-03cd39e1658cd90ab"
          },
          "sensitive_attributes": [],
          "private": "eyJlMmJmYjczMC1lY2FhLTExZTYtOGY4OC0zNDM2M2JjN2M0YzAiOnsiY3JlYXRlIjo2MDAwMDAwMDAwMDAsImRlbGV0ZSI6MTIwMDAwMDAwMDAwMH0sInNjaGVtYV92ZXJzaW9uIjoiMSJ9",
          "dependencies": [
            "module.vpc.aws_internet_gateway.igw",
            "module.vpc.aws_subnet.private_subnet1",
            "module.vpc.aws_subnet.public_subnet1",
            "module.vpc.aws_subnet.public_subnet2",
            "module.vpc.aws_vpc.vpc",
            "module.vpc.data.aws_availability_zones.azs"
          ],
          "create_before_destroy": true
        }
      ]
    },
    {
      "module": "module.vpc",
      "mode": "managed",
      "type": "aws_subnet",
      "name": "public_subnet1",
      "provider": "provider[\"registry.terraform.io/hashicorp/aws\"]",
      "instances": [
        {
          "schema_version": 1,
          "attributes": {
            "arn": "arn:aws:ec2:ca-central-1:891377163278:subnet/subnet-03d8a04cafe9497ce",
            "assign_ipv6_address_on_creation": false,
            "availability_zone": "ca-central-1a",
            "availability_zone_id": "cac1-az1",
            "cidr_block": "10.60.0.0/24",
            "customer_owned_ipv4_pool": "",
            "enable_dns64": false,
            "enable_lni_at_device_index": 0,
            "enable_resource_name_dns_a_record_on_launch": false,
            "enable_resource_name_dns_aaaa_record_on_launch": false,
            "id": "subnet-03d8a04cafe9497ce",
            "ipv6_cidr_block": "",
            "ipv6_cidr_block_association_id": "",
            "ipv6_native": false,
            "map_customer_owned_ip_on_launch": false,
            "map_public_ip_on_launch": true,
            "outpost_arn": "",
            "owner_id": "891377163278",
            "private_dns_hostname_type_on_launch": "ip-name",
            "tags": {
              "Name": "hellowaws_public_subnet1"
            },
            "tags_all": {
              "Name": "hellowaws_public_subnet1"
            },
            "timeouts": null,
            "vpc_id": "vpc-03cd39e1658cd90ab"
          },
          "sensitive_attributes": [],
          "private": "eyJlMmJmYjczMC1lY2FhLTExZTYtOGY4OC0zNDM2M2JjN2M0YzAiOnsiY3JlYXRlIjo2MDAwMDAwMDAwMDAsImRlbGV0ZSI6MTIwMDAwMDAwMDAwMH0sInNjaGVtYV92ZXJzaW9uIjoiMSJ9",
          "dependencies": [
            "module.vpc.aws_internet_gateway.igw",
            "module.vpc.aws_vpc.vpc",
            "module.vpc.data.aws_availability_zones.azs"
          ],
          "create_before_destroy": true
        }
      ]
    },
    {
      "module": "module.vpc",
      "mode": "managed",
      "type": "aws_subnet",
      "name": "public_subnet2",
      "provider": "provider[\"registry.terraform.io/hashicorp/aws\"]",
      "instances": [
        {
          "schema_version": 1,
          "attributes": {
            "arn": "arn:aws:ec2:ca-central-1:891377163278:subnet/subnet-0bae8b88e422d0176",
            "assign_ipv6_address_on_creation": false,
            "availability_zone": "ca-central-1b",
            "availability_zone_id": "cac1-az2",
            "cidr_block": "10.60.1.0/24",
            "customer_owned_ipv4_pool": "",
            "enable_dns64": false,
            "enable_lni_at_device_index": 0,
            "enable_resource_name_dns_a_record_on_launch": false,
            "enable_resource_name_dns_aaaa_record_on_launch": false,
            "id": "subnet-0bae8b88e422d0176",
            "ipv6_cidr_block": "",
            "ipv6_cidr_block_association_id": "",
            "ipv6_native": false,
            "map_customer_owned_ip_on_launch": false,
            "map_public_ip_on_launch": true,
            "outpost_arn": "",
            "owner_id": "891377163278",
            "private_dns_hostname_type_on_launch": "ip-name",
            "tags": {
              "Name": "hellowaws_public_subnet2"
            },
            "tags_all": {
              "Name": "hellowaws_public_subnet2"
            },
            "timeouts": null,
            "vpc_id": "vpc-03cd39e1658cd90ab"
          },
          "sensitive_attributes": [],
          "private": "eyJlMmJmYjczMC1lY2FhLTExZTYtOGY4OC0zNDM2M2JjN2M0YzAiOnsiY3JlYXRlIjo2MDAwMDAwMDAwMDAsImRlbGV0ZSI6MTIwMDAwMDAwMDAwMH0sInNjaGVtYV92ZXJzaW9uIjoiMSJ9",
          "dependencies": [
            "module.vpc.aws_internet_gateway.igw",
            "module.vpc.aws_subnet.public_subnet1",
            "module.vpc.aws_vpc.vpc",
            "module.vpc.data.aws_availability_zones.azs"
          ],
          "create_before_destroy": true
        }
      ]
    },
    {
      "module": "module.vpc",
      "mode": "managed",
      "type": "aws_vpc",
      "name": "vpc",
      "provider": "provider[\"registry.terraform.io/hashicorp/aws\"]",
      "instances": [
        {
          "schema_version": 1,
          "attributes": {
            "arn": "arn:aws:ec2:ca-central-1:891377163278:vpc/vpc-03cd39e1658cd90ab",
            "assign_generated_ipv6_cidr_block": false,
            "cidr_block": "10.60.0.0/16",
            "default_network_acl_id": "acl-05914d50f89b11702",
            "default_route_table_id": "rtb-0689d4bf6fe50c0c7",
            "default_security_group_id": "sg-034d62fad42387cfa",
            "dhcp_options_id": "dopt-07144a5022c83121e",
            "enable_dns_hostnames": true,
            "enable_dns_support": true,
            "enable_network_address_usage_metrics": false,
            "id": "vpc-03cd39e1658cd90ab",
            "instance_tenancy": "default",
            "ipv4_ipam_pool_id": null,
            "ipv4_netmask_length": null,
            "ipv6_association_id": "",
            "ipv6_cidr_block": "",
            "ipv6_cidr_block_network_border_group": "",
            "ipv6_ipam_pool_id": "",
            "ipv6_netmask_length": 0,
            "main_route_table_id": "rtb-0689d4bf6fe50c0c7",
            "owner_id": "891377163278",
            "tags": {
              "Name": "hellowaws_VPC"
            },
            "tags_all": {
              "Name": "hellowaws_VPC"
            }
          },
          "sensitive_attributes": [],
          "private": "eyJzY2hlbWFfdmVyc2lvbiI6IjEifQ==",
          "create_before_destroy": true
        }
      ]
    },
    {
      "module": "module.vpc",
      "mode": "managed",
      "type": "aws_vpc_endpoint",
      "name": "s3_gateway",
      "provider": "provider[\"registry.terraform.io/hashicorp/aws\"]",
      "instances": [
        {
          "schema_version": 0,
          "attributes": {
            "arn": "arn:aws:ec2:ca-central-1:891377163278:vpc-endpoint/vpce-039ab11092f32da08",
            "auto_accept": null,
            "cidr_blocks": [
              "16.12.4.0/23",
              "3.5.252.0/22",
              "52.95.190.0/24",
              "52.95.146.0/23",
              "52.95.145.0/24"
            ],
            "dns_entry": [],
            "dns_options": [],
            "id": "vpce-039ab11092f32da08",
            "ip_address_type": "",
            "network_interface_ids": [],
            "owner_id": "891377163278",
            "policy": "{\"Statement\":[{\"Action\":\"*\",\"Effect\":\"Allow\",\"Principal\":\"*\",\"Resource\":\"*\"}],\"Version\":\"2008-10-17\"}",
            "prefix_list_id": "pl-7da54014",
            "private_dns_enabled": false,
            "requester_managed": false,
            "route_table_ids": [
              "rtb-02e95f8d8e5c15f42",
              "rtb-06588f6e60136d1c2",
              "rtb-0c569f6857fcbb38e",
              "rtb-0d8b6c302ca3490e7"
            ],
            "security_group_ids": [],
            "service_name": "com.amazonaws.ca-central-1.s3",
            "state": "available",
            "subnet_ids": [],
            "tags": null,
            "tags_all": {},
            "timeouts": null,
            "vpc_endpoint_type": "Gateway",
            "vpc_id": "vpc-03cd39e1658cd90ab"
          },
          "sensitive_attributes": [],
          "private": "eyJlMmJmYjczMC1lY2FhLTExZTYtOGY4OC0zNDM2M2JjN2M0YzAiOnsiY3JlYXRlIjo2MDAwMDAwMDAwMDAsImRlbGV0ZSI6NjAwMDAwMDAwMDAwLCJ1cGRhdGUiOjYwMDAwMDAwMDAwMH19",
          "dependencies": [
            "module.vpc.aws_eip.eip1",
            "module.vpc.aws_eip.eip2",
            "module.vpc.aws_internet_gateway.igw",
            "module.vpc.aws_nat_gateway.ngw1",
            "module.vpc.aws_nat_gateway.ngw2",
            "module.vpc.aws_route_table.db-rt1",
            "module.vpc.aws_route_table.db-rt2",
            "module.vpc.aws_route_table.private-rt1",
            "module.vpc.aws_route_table.private-rt2",
            "module.vpc.aws_route_table.public-rt",
            "module.vpc.aws_route_table_association.private-rt-association1",
            "module.vpc.aws_route_table_association.private-rt-association2",
            "module.vpc.aws_route_table_association.public-rt-association2",
            "module.vpc.aws_subnet.db_subnet1",
            "module.vpc.aws_subnet.db_subnet2",
            "module.vpc.aws_subnet.private_subnet1",
            "module.vpc.aws_subnet.private_subnet2",
            "module.vpc.aws_subnet.public_subnet1",
            "module.vpc.aws_subnet.public_subnet2",
            "module.vpc.aws_vpc.vpc",
            "module.vpc.data.aws_availability_zones.azs"
          ],
          "create_before_destroy": true
        }
      ]
    }
  ],
  "check_results": null
}
